{
  "version": 4,
  "terraform_version": "1.14.3",
  "serial": 715,
  "lineage": "468371a9-5482-d8de-7117-76cb44633e5e",
  "outputs": {
    "alb_dns_name": {
      "value": "shinjuku-final-alb01-1645860953.ap-northeast-1.elb.amazonaws.com",
      "type": "string"
    },
    "alb_sg_id": {
      "value": "sg-0acbb6a01bd13be28",
      "type": "string"
    },
    "cloudfront_distribution_id": {
      "value": "E1MQONXZ6LPX94",
      "type": "string"
    },
    "shinjuku_alb_logs_bucket_name": {
      "value": "shinjuku-final-alb-logs-975598471165",
      "type": "string"
    },
    "shinjuku_apex_url_https": {
      "value": "https://firstpointand.click",
      "type": "string"
    },
    "shinjuku_app_url_https": {
      "value": "https://app.firstpointand.click",
      "type": "string"
    },
    "shinjuku_ec2_instance_id": {
      "value": "i-0471e6059c97cf2e5",
      "type": "string"
    },
    "shinjuku_log_group_name": {
      "value": "/aws/ec2/shinjuku-final-rds-app",
      "type": "string"
    },
    "shinjuku_origin_header_value": {
      "value": "D7gS1tEWjjS61jx1fXOySrAvJj7i28qP",
      "type": "string",
      "sensitive": true
    },
    "shinjuku_private_subnet_ids": {
      "value": [
        "subnet-0fc27a548c818ca93",
        "subnet-07b96d34b624cb5df"
      ],
      "type": [
        "tuple",
        [
          "string",
          "string"
        ]
      ]
    },
    "shinjuku_public_subnet_ids": {
      "value": [
        "subnet-0a3ec2949828b4162",
        "subnet-01896031a79b39a85"
      ],
      "type": [
        "tuple",
        [
          "string",
          "string"
        ]
      ]
    },
    "shinjuku_rds_endpoint": {
      "value": "shinjuku-final-rds01.cf2s8kkgau9w.ap-northeast-1.rds.amazonaws.com",
      "type": "string"
    },
    "shinjuku_rds_port": {
      "value": 3306,
      "type": "number"
    },
    "shinjuku_route53_zone_id": {
      "value": "Z0577510JJCMGIYZ7086",
      "type": "string"
    },
    "shinjuku_sns_topic_arn": {
      "value": "arn:aws:sns:ap-northeast-1:975598471165:shinjuku-final-db-incidents",
      "type": "string"
    },
    "shinjuku_vpc_id": {
      "value": "vpc-0b9de40ee844fa645",
      "type": "string"
    },
    "shinjuku_waf_log_destination": {
      "value": "cloudwatch",
      "type": "string"
    },
    "target_group_arn": {
      "value": "arn:aws:elasticloadbalancing:ap-northeast-1:975598471165:targetgroup/shinjuku-final-tg01/813df654607557dc",
      "type": "string"
    },
    "tokyo_tgw_id": {
      "value": "tgw-0372e6a6b4b4da24b",
      "type": "string"
    },
    "tokyo_tgw_peering_attachment_id": {
      "value": "tgw-attach-001ca2046d97cf069",
      "type": "string"
    },
    "tokyo_vpc_cidr": {
      "value": "10.100.0.0/16",
      "type": "string"
    }
  },
  "resources": [
    {
      "mode": "data",
      "type": "aws_caller_identity",
      "name": "shinjuku_self01",
      "provider": "provider[\"registry.terraform.io/hashicorp/aws\"]",
      "instances": [
        {
          "schema_version": 0,
          "attributes": {
            "account_id": "975598471165",
            "arn": "arn:aws:iam::975598471165:user/AWSCLI4",
            "id": "975598471165",
            "user_id": "AIDA6GJRTI765UEFNJMUZ"
          },
          "sensitive_attributes": [],
          "identity_schema_version": 0
        }
      ]
    },
    {
      "mode": "data",
      "type": "aws_ec2_managed_prefix_list",
      "name": "shinjuku_cf_origin_facing01",
      "provider": "provider[\"registry.terraform.io/hashicorp/aws\"]",
      "instances": [
        {
          "schema_version": 0,
          "attributes": {
            "address_family": "IPv4",
            "arn": "arn:aws:ec2:ap-northeast-1:aws:prefix-list/pl-58a04531",
            "entries": [
              {
                "cidr": "13.124.199.0/24",
                "description": ""
              },
              {
                "cidr": "130.176.0.0/18",
                "description": ""
              },
              {
                "cidr": "130.176.128.0/21",
                "description": ""
              },
              {
                "cidr": "130.176.136.0/23",
                "description": ""
              },
              {
                "cidr": "130.176.140.0/22",
                "description": ""
              },
              {
                "cidr": "130.176.144.0/20",
                "description": ""
              },
              {
                "cidr": "130.176.160.0/19",
                "description": ""
              },
              {
                "cidr": "130.176.192.0/19",
                "description": ""
              },
              {
                "cidr": "130.176.64.0/21",
                "description": ""
              },
              {
                "cidr": "130.176.72.0/22",
                "description": ""
              },
              {
                "cidr": "130.176.76.0/24",
                "description": ""
              },
              {
                "cidr": "130.176.78.0/23",
                "description": ""
              },
              {
                "cidr": "130.176.80.0/22",
                "description": ""
              },
              {
                "cidr": "130.176.86.0/23",
                "description": ""
              },
              {
                "cidr": "130.176.88.0/21",
                "description": ""
              },
              {
                "cidr": "130.176.96.0/19",
                "description": ""
              },
              {
                "cidr": "15.158.0.0/16",
                "description": ""
              },
              {
                "cidr": "18.68.0.0/16",
                "description": ""
              },
              {
                "cidr": "204.246.166.0/24",
                "description": ""
              },
              {
                "cidr": "205.251.218.0/24",
                "description": ""
              },
              {
                "cidr": "3.172.0.0/18",
                "description": ""
              },
              {
                "cidr": "3.172.64.0/18",
                "description": ""
              },
              {
                "cidr": "3.29.57.0/26",
                "description": ""
              },
              {
                "cidr": "52.46.0.0/18",
                "description": ""
              },
              {
                "cidr": "52.82.128.0/23",
                "description": ""
              },
              {
                "cidr": "52.82.134.0/23",
                "description": ""
              },
              {
                "cidr": "54.182.128.0/20",
                "description": ""
              },
              {
                "cidr": "54.182.144.0/21",
                "description": ""
              },
              {
                "cidr": "54.182.154.0/23",
                "description": ""
              },
              {
                "cidr": "54.182.156.0/22",
                "description": ""
              },
              {
                "cidr": "54.182.160.0/21",
                "description": ""
              },
              {
                "cidr": "54.182.172.0/22",
                "description": ""
              },
              {
                "cidr": "54.182.176.0/21",
                "description": ""
              },
              {
                "cidr": "54.182.184.0/22",
                "description": ""
              },
              {
                "cidr": "54.182.188.0/23",
                "description": ""
              },
              {
                "cidr": "54.182.224.0/21",
                "description": ""
              },
              {
                "cidr": "54.182.240.0/21",
                "description": ""
              },
              {
                "cidr": "54.182.248.0/22",
                "description": ""
              },
              {
                "cidr": "54.239.134.0/23",
                "description": ""
              },
              {
                "cidr": "54.239.170.0/23",
                "description": ""
              },
              {
                "cidr": "54.239.204.0/22",
                "description": ""
              },
              {
                "cidr": "54.239.208.0/21",
                "description": ""
              },
              {
                "cidr": "64.252.128.0/18",
                "description": ""
              },
              {
                "cidr": "64.252.64.0/18",
                "description": ""
              },
              {
                "cidr": "70.132.0.0/18",
                "description": ""
              }
            ],
            "filter": null,
            "id": "pl-58a04531",
            "max_entries": 0,
            "name": "com.amazonaws.global.cloudfront.origin-facing",
            "owner_id": "AWS",
            "region": "ap-northeast-1",
            "tags": {},
            "timeouts": null,
            "version": 0
          },
          "sensitive_attributes": [],
          "identity_schema_version": 0
        }
      ]
    },
    {
      "mode": "data",
      "type": "aws_elb_service_account",
      "name": "main",
      "provider": "provider[\"registry.terraform.io/hashicorp/aws\"]",
      "instances": [
        {
          "schema_version": 0,
          "attributes": {
            "arn": "arn:aws:iam::582318560864:root",
            "id": "582318560864",
            "region": "ap-northeast-1"
          },
          "sensitive_attributes": [],
          "identity_schema_version": 0
        }
      ]
    },
    {
      "mode": "data",
      "type": "aws_region",
      "name": "shinjuku_region01",
      "provider": "provider[\"registry.terraform.io/hashicorp/aws\"]",
      "instances": [
        {
          "schema_version": 0,
          "attributes": {
            "description": "Asia Pacific (Tokyo)",
            "endpoint": "ec2.ap-northeast-1.amazonaws.com",
            "id": "ap-northeast-1",
            "name": "ap-northeast-1",
            "region": "ap-northeast-1"
          },
          "sensitive_attributes": [],
          "identity_schema_version": 0
        }
      ]
    },
    {
      "mode": "data",
      "type": "aws_route53_zone",
      "name": "shinjuku_existing_zone01",
      "provider": "provider[\"registry.terraform.io/hashicorp/aws\"]",
      "instances": [
        {
          "schema_version": 0,
          "attributes": {
            "arn": "arn:aws:route53:::hostedzone/Z0577510JJCMGIYZ7086",
            "caller_reference": "RISWorkflow-RD:1dab09cb-1032-4181-82e8-b14672092207",
            "comment": "HostedZone created by Route53 Registrar",
            "enable_accelerated_recovery": false,
            "id": "Z0577510JJCMGIYZ7086",
            "linked_service_description": null,
            "linked_service_principal": null,
            "name": "firstpointand.click",
            "name_servers": [
              "ns-521.awsdns-01.net",
              "ns-125.awsdns-15.com",
              "ns-1573.awsdns-04.co.uk",
              "ns-1482.awsdns-57.org"
            ],
            "primary_name_server": "ns-521.awsdns-01.net",
            "private_zone": false,
            "resource_record_set_count": 6,
            "tags": {},
            "vpc_id": null,
            "zone_id": "Z0577510JJCMGIYZ7086"
          },
          "sensitive_attributes": [],
          "identity_schema_version": 0
        }
      ]
    },
    {
      "mode": "managed",
      "type": "aws_acm_certificate",
      "name": "shinjuku_acm_cert01",
      "provider": "provider[\"registry.terraform.io/hashicorp/aws\"]",
      "instances": [
        {
          "schema_version": 0,
          "attributes": {
            "arn": "arn:aws:acm:ap-northeast-1:975598471165:certificate/914ddeec-0b91-4cb6-9e9d-0bed79f819d2",
            "certificate_authority_arn": "",
            "certificate_body": null,
            "certificate_chain": null,
            "domain_name": "app.firstpointand.click",
            "domain_validation_options": [
              {
                "domain_name": "app.firstpointand.click",
                "resource_record_name": "_2887c024ef221b96b378e669c909a316.app.firstpointand.click.",
                "resource_record_type": "CNAME",
                "resource_record_value": "_23ca46f13d74766d91eaccf83d750666.jkddzztszm.acm-validations.aws."
              }
            ],
            "early_renewal_duration": "",
            "id": "arn:aws:acm:ap-northeast-1:975598471165:certificate/914ddeec-0b91-4cb6-9e9d-0bed79f819d2",
            "key_algorithm": "RSA_2048",
            "not_after": "2026-10-09T23:59:59Z",
            "not_before": "2026-03-26T00:00:00Z",
            "options": [
              {
                "certificate_transparency_logging_preference": "ENABLED",
                "export": "DISABLED"
              }
            ],
            "pending_renewal": false,
            "private_key": null,
            "region": "ap-northeast-1",
            "renewal_eligibility": "ELIGIBLE",
            "renewal_summary": [],
            "status": "ISSUED",
            "subject_alternative_names": [
              "app.firstpointand.click"
            ],
            "tags": {
              "Name": "shinjuku-final-acm-cert01"
            },
            "tags_all": {
              "Name": "shinjuku-final-acm-cert01"
            },
            "type": "AMAZON_ISSUED",
            "validation_emails": [],
            "validation_method": "DNS",
            "validation_option": []
          },
          "sensitive_attributes": [
            [
              {
                "type": "get_attr",
                "value": "private_key"
              }
            ]
          ],
          "identity_schema_version": 0,
          "identity": {
            "arn": "arn:aws:acm:ap-northeast-1:975598471165:certificate/914ddeec-0b91-4cb6-9e9d-0bed79f819d2"
          },
          "private": "bnVsbA=="
        }
      ]
    },
    {
      "mode": "managed",
      "type": "aws_acm_certificate",
      "name": "shinjuku_cf_cert01",
      "provider": "provider[\"registry.terraform.io/hashicorp/aws\"].east",
      "instances": [
        {
          "schema_version": 0,
          "attributes": {
            "arn": "arn:aws:acm:us-east-1:975598471165:certificate/798d1779-da77-4b2c-b262-2e072069f00c",
            "certificate_authority_arn": "",
            "certificate_body": null,
            "certificate_chain": null,
            "domain_name": "app.firstpointand.click",
            "domain_validation_options": [
              {
                "domain_name": "app.firstpointand.click",
                "resource_record_name": "_2887c024ef221b96b378e669c909a316.app.firstpointand.click.",
                "resource_record_type": "CNAME",
                "resource_record_value": "_23ca46f13d74766d91eaccf83d750666.jkddzztszm.acm-validations.aws."
              },
              {
                "domain_name": "firstpointand.click",
                "resource_record_name": "_7f4672efd368aa32db37ec2fc438f094.firstpointand.click.",
                "resource_record_type": "CNAME",
                "resource_record_value": "_d0f4114bd1d320cf604de04bb81b8875.jkddzztszm.acm-validations.aws."
              }
            ],
            "early_renewal_duration": "",
            "id": "arn:aws:acm:us-east-1:975598471165:certificate/798d1779-da77-4b2c-b262-2e072069f00c",
            "key_algorithm": "RSA_2048",
            "not_after": "2026-10-09T23:59:59Z",
            "not_before": "2026-03-26T00:00:00Z",
            "options": [
              {
                "certificate_transparency_logging_preference": "ENABLED",
                "export": "DISABLED"
              }
            ],
            "pending_renewal": false,
            "private_key": null,
            "region": "us-east-1",
            "renewal_eligibility": "ELIGIBLE",
            "renewal_summary": [],
            "status": "ISSUED",
            "subject_alternative_names": [
              "app.firstpointand.click",
              "firstpointand.click"
            ],
            "tags": {},
            "tags_all": {},
            "type": "AMAZON_ISSUED",
            "validation_emails": [],
            "validation_method": "DNS",
            "validation_option": []
          },
          "sensitive_attributes": [
            [
              {
                "type": "get_attr",
                "value": "private_key"
              }
            ]
          ],
          "identity_schema_version": 0,
          "identity": {
            "arn": "arn:aws:acm:us-east-1:975598471165:certificate/798d1779-da77-4b2c-b262-2e072069f00c"
          },
          "private": "bnVsbA==",
          "create_before_destroy": true
        }
      ]
    },
    {
      "mode": "managed",
      "type": "aws_acm_certificate_validation",
      "name": "shinjuku_acm_validation01",
      "provider": "provider[\"registry.terraform.io/hashicorp/aws\"]",
      "instances": [
        {
          "schema_version": 0,
          "attributes": {
            "certificate_arn": "arn:aws:acm:ap-northeast-1:975598471165:certificate/914ddeec-0b91-4cb6-9e9d-0bed79f819d2",
            "id": "2026-03-26 00:27:24.61 +0000 UTC",
            "region": "ap-northeast-1",
            "timeouts": null,
            "validation_record_fqdns": [
              "_2887c024ef221b96b378e669c909a316.app.firstpointand.click"
            ]
          },
          "sensitive_attributes": [],
          "identity_schema_version": 0,
          "private": "eyJlMmJmYjczMC1lY2FhLTExZTYtOGY4OC0zNDM2M2JjN2M0YzAiOnsiY3JlYXRlIjo0NTAwMDAwMDAwMDAwfX0=",
          "dependencies": [
            "aws_acm_certificate.shinjuku_acm_cert01",
            "aws_route53_record.shinjuku_acm_validation"
          ]
        }
      ]
    },
    {
      "mode": "managed",
      "type": "aws_acm_certificate_validation",
      "name": "shinjuku_acm_validation01_dns_bonus",
      "provider": "provider[\"registry.terraform.io/hashicorp/aws\"]",
      "instances": [
        {
          "index_key": 0,
          "schema_version": 0,
          "attributes": {
            "certificate_arn": "arn:aws:acm:ap-northeast-1:975598471165:certificate/914ddeec-0b91-4cb6-9e9d-0bed79f819d2",
            "id": "2026-03-26 00:27:24.61 +0000 UTC",
            "region": "ap-northeast-1",
            "timeouts": null,
            "validation_record_fqdns": [
              "_2887c024ef221b96b378e669c909a316.app.firstpointand.click"
            ]
          },
          "sensitive_attributes": [],
          "identity_schema_version": 0,
          "private": "eyJlMmJmYjczMC1lY2FhLTExZTYtOGY4OC0zNDM2M2JjN2M0YzAiOnsiY3JlYXRlIjo0NTAwMDAwMDAwMDAwfX0=",
          "dependencies": [
            "aws_acm_certificate.shinjuku_acm_cert01",
            "aws_route53_record.shinjuku_acm_validation_records01"
          ]
        }
      ]
    },
    {
      "mode": "managed",
      "type": "aws_acm_certificate_validation",
      "name": "shinjuku_cf_validation01",
      "provider": "provider[\"registry.terraform.io/hashicorp/aws\"].east",
      "instances": [
        {
          "schema_version": 0,
          "attributes": {
            "certificate_arn": "arn:aws:acm:us-east-1:975598471165:certificate/798d1779-da77-4b2c-b262-2e072069f00c",
            "id": "2026-03-26 00:27:22.742 +0000 UTC",
            "region": "us-east-1",
            "timeouts": null,
            "validation_record_fqdns": [
              "_2887c024ef221b96b378e669c909a316.app.firstpointand.click",
              "_7f4672efd368aa32db37ec2fc438f094.firstpointand.click"
            ]
          },
          "sensitive_attributes": [],
          "identity_schema_version": 0,
          "private": "eyJlMmJmYjczMC1lY2FhLTExZTYtOGY4OC0zNDM2M2JjN2M0YzAiOnsiY3JlYXRlIjo0NTAwMDAwMDAwMDAwfX0=",
          "dependencies": [
            "aws_acm_certificate.shinjuku_cf_cert01",
            "aws_route53_record.shinjuku_cf_validation",
            "data.aws_route53_zone.shinjuku_existing_zone01"
          ]
        }
      ]
    },
    {
      "mode": "managed",
      "type": "aws_cloudfront_cache_policy",
      "name": "shinjuku_cache_api_disabled01",
      "provider": "provider[\"registry.terraform.io/hashicorp/aws\"]",
      "instances": [
        {
          "schema_version": 0,
          "attributes": {
            "arn": "arn:aws:cloudfront::975598471165:cache-policy/1c4a9eb2-684e-46e6-a9d1-d10c5ba41700",
            "comment": "Disable caching for /api/* by default",
            "default_ttl": 0,
            "etag": "E23ZP02F085DFQ",
            "id": "1c4a9eb2-684e-46e6-a9d1-d10c5ba41700",
            "max_ttl": 0,
            "min_ttl": 0,
            "name": "shinjuku-final-cache-api-disabled01",
            "parameters_in_cache_key_and_forwarded_to_origin": [
              {
                "cookies_config": [
                  {
                    "cookie_behavior": "none",
                    "cookies": []
                  }
                ],
                "enable_accept_encoding_brotli": false,
                "enable_accept_encoding_gzip": false,
                "headers_config": [
                  {
                    "header_behavior": "none",
                    "headers": []
                  }
                ],
                "query_strings_config": [
                  {
                    "query_string_behavior": "none",
                    "query_strings": []
                  }
                ]
              }
            ]
          },
          "sensitive_attributes": [],
          "identity_schema_version": 0,
          "private": "bnVsbA=="
        }
      ]
    },
    {
      "mode": "managed",
      "type": "aws_cloudfront_cache_policy",
      "name": "shinjuku_cache_static01",
      "provider": "provider[\"registry.terraform.io/hashicorp/aws\"]",
      "instances": [
        {
          "schema_version": 0,
          "attributes": {
            "arn": "arn:aws:cloudfront::975598471165:cache-policy/96f884fc-c5ef-434a-98d7-1a969cefc458",
            "comment": "Aggressive caching for /static/*",
            "default_ttl": 86400,
            "etag": "E23ZP02F085DFQ",
            "id": "96f884fc-c5ef-434a-98d7-1a969cefc458",
            "max_ttl": 31536000,
            "min_ttl": 0,
            "name": "shinjuku-final-cache-static01",
            "parameters_in_cache_key_and_forwarded_to_origin": [
              {
                "cookies_config": [
                  {
                    "cookie_behavior": "none",
                    "cookies": []
                  }
                ],
                "enable_accept_encoding_brotli": true,
                "enable_accept_encoding_gzip": true,
                "headers_config": [
                  {
                    "header_behavior": "none",
                    "headers": []
                  }
                ],
                "query_strings_config": [
                  {
                    "query_string_behavior": "none",
                    "query_strings": []
                  }
                ]
              }
            ]
          },
          "sensitive_attributes": [],
          "identity_schema_version": 0,
          "private": "bnVsbA=="
        }
      ]
    },
    {
      "mode": "managed",
      "type": "aws_cloudfront_distribution",
      "name": "shinjuku_cf01",
      "provider": "provider[\"registry.terraform.io/hashicorp/aws\"]",
      "instances": [
        {
          "schema_version": 1,
          "attributes": {
            "aliases": [
              "app.firstpointand.click",
              "firstpointand.click"
            ],
            "anycast_ip_list_id": "",
            "arn": "arn:aws:cloudfront::975598471165:distribution/E1MQONXZ6LPX94",
            "caller_reference": "terraform-2026032600302503730000000f",
            "comment": "shinjuku-final-cf01",
            "connection_function_association": [],
            "continuous_deployment_policy_id": "",
            "custom_error_response": [],
            "default_cache_behavior": [
              {
                "allowed_methods": [
                  "DELETE",
                  "GET",
                  "HEAD",
                  "OPTIONS",
                  "PATCH",
                  "POST",
                  "PUT"
                ],
                "cache_policy_id": "1c4a9eb2-684e-46e6-a9d1-d10c5ba41700",
                "cached_methods": [
                  "GET",
                  "HEAD"
                ],
                "compress": false,
                "default_ttl": 0,
                "field_level_encryption_id": "",
                "forwarded_values": [],
                "function_association": [],
                "grpc_config": [
                  {
                    "enabled": false
                  }
                ],
                "lambda_function_association": [],
                "max_ttl": 0,
                "min_ttl": 0,
                "origin_request_policy_id": "1eb39008-4529-46ee-b3aa-a7e6fe18129d",
                "realtime_log_config_arn": "",
                "response_headers_policy_id": "",
                "smooth_streaming": false,
                "target_origin_id": "shinjuku-final-alb-origin01",
                "trusted_key_groups": [],
                "trusted_signers": [],
                "viewer_protocol_policy": "redirect-to-https"
              }
            ],
            "default_root_object": "",
            "domain_name": "d3soab3h6migp9.cloudfront.net",
            "enabled": true,
            "etag": "E23ZP02F085DFQ",
            "hosted_zone_id": "Z2FDTNDATAQYW2",
            "http_version": "http2",
            "id": "E1MQONXZ6LPX94",
            "in_progress_validation_batches": 0,
            "is_ipv6_enabled": true,
            "last_modified_time": "2026-03-26 00:30:26.933 +0000 UTC",
            "logging_config": [],
            "logging_v1_enabled": false,
            "ordered_cache_behavior": [
              {
                "allowed_methods": [
                  "GET",
                  "HEAD",
                  "OPTIONS"
                ],
                "cache_policy_id": "96f884fc-c5ef-434a-98d7-1a969cefc458",
                "cached_methods": [
                  "GET",
                  "HEAD"
                ],
                "compress": false,
                "default_ttl": 0,
                "field_level_encryption_id": "",
                "forwarded_values": [],
                "function_association": [],
                "grpc_config": [
                  {
                    "enabled": false
                  }
                ],
                "lambda_function_association": [],
                "max_ttl": 0,
                "min_ttl": 0,
                "origin_request_policy_id": "9b5e1a85-7518-4c4c-b40c-2dc07e516269",
                "path_pattern": "/static/*",
                "realtime_log_config_arn": "",
                "response_headers_policy_id": "70b24d46-925d-48be-b61b-a87092d0d164",
                "smooth_streaming": false,
                "target_origin_id": "shinjuku-final-alb-origin01",
                "trusted_key_groups": [],
                "trusted_signers": [],
                "viewer_protocol_policy": "redirect-to-https"
              }
            ],
            "origin": [
              {
                "connection_attempts": 3,
                "connection_timeout": 10,
                "custom_header": [
                  {
                    "name": "X-shinjuku-Growl",
                    "value": "D7gS1tEWjjS61jx1fXOySrAvJj7i28qP"
                  }
                ],
                "custom_origin_config": [
                  {
                    "http_port": 80,
                    "https_port": 443,
                    "ip_address_type": "",
                    "origin_keepalive_timeout": 5,
                    "origin_protocol_policy": "http-only",
                    "origin_read_timeout": 30,
                    "origin_ssl_protocols": [
                      "TLSv1.2"
                    ]
                  }
                ],
                "domain_name": "shinjuku-final-alb01-1645860953.ap-northeast-1.elb.amazonaws.com",
                "origin_access_control_id": "",
                "origin_id": "shinjuku-final-alb-origin01",
                "origin_path": "",
                "origin_shield": [],
                "response_completion_timeout": 0,
                "s3_origin_config": [],
                "vpc_origin_config": []
              }
            ],
            "origin_group": [],
            "price_class": "PriceClass_All",
            "restrictions": [
              {
                "geo_restriction": [
                  {
                    "locations": [],
                    "restriction_type": "none"
                  }
                ]
              }
            ],
            "retain_on_delete": false,
            "staging": false,
            "status": "Deployed",
            "tags": {},
            "tags_all": {},
            "trusted_key_groups": [
              {
                "enabled": false,
                "items": []
              }
            ],
            "trusted_signers": [
              {
                "enabled": false,
                "items": []
              }
            ],
            "viewer_certificate": [
              {
                "acm_certificate_arn": "arn:aws:acm:us-east-1:975598471165:certificate/798d1779-da77-4b2c-b262-2e072069f00c",
                "cloudfront_default_certificate": false,
                "iam_certificate_id": "",
                "minimum_protocol_version": "TLSv1.2_2021",
                "ssl_support_method": "sni-only"
              }
            ],
            "viewer_mtls_config": [],
            "wait_for_deployment": true,
            "web_acl_id": "arn:aws:wafv2:us-east-1:975598471165:global/webacl/shinjuku-final-cf-waf01/55933ab9-a596-4d21-bec0-b3692446a9e1"
          },
          "sensitive_attributes": [
            [
              {
                "type": "get_attr",
                "value": "origin"
              }
            ]
          ],
          "identity_schema_version": 0,
          "private": "eyJzY2hlbWFfdmVyc2lvbiI6IjEifQ==",
          "dependencies": [
            "aws_acm_certificate.shinjuku_cf_cert01",
            "aws_cloudfront_cache_policy.shinjuku_cache_api_disabled01",
            "aws_cloudfront_cache_policy.shinjuku_cache_static01",
            "aws_cloudfront_origin_request_policy.shinjuku_orp_api01",
            "aws_cloudfront_origin_request_policy.shinjuku_orp_static01",
            "aws_cloudfront_response_headers_policy.shinjuku_rsp_static01",
            "aws_lb.shinjuku_alb01",
            "aws_s3_bucket.shinjuku_alb_logs_bucket01",
            "aws_security_group.shinjuku_alb_sg01",
            "aws_subnet.shinjuku_public_subnets",
            "aws_vpc.shinjuku_vpc01",
            "aws_wafv2_web_acl.shinjuku_cf_waf01",
            "data.aws_caller_identity.shinjuku_self01",
            "random_password.shinjuku_origin_header_value01"
          ]
        }
      ]
    },
    {
      "mode": "managed",
      "type": "aws_cloudfront_origin_request_policy",
      "name": "shinjuku_orp_api01",
      "provider": "provider[\"registry.terraform.io/hashicorp/aws\"]",
      "instances": [
        {
          "schema_version": 0,
          "attributes": {
            "arn": "arn:aws:cloudfront::975598471165:origin-request-policy/1eb39008-4529-46ee-b3aa-a7e6fe18129d",
            "comment": "Forward necessary values for API calls",
            "cookies_config": [
              {
                "cookie_behavior": "all",
                "cookies": []
              }
            ],
            "etag": "E23ZP02F085DFQ",
            "headers_config": [
              {
                "header_behavior": "whitelist",
                "headers": [
                  {
                    "items": [
                      "Content-Type",
                      "Host",
                      "Origin"
                    ]
                  }
                ]
              }
            ],
            "id": "1eb39008-4529-46ee-b3aa-a7e6fe18129d",
            "name": "shinjuku-final-orp-api01",
            "query_strings_config": [
              {
                "query_string_behavior": "all",
                "query_strings": []
              }
            ]
          },
          "sensitive_attributes": [],
          "identity_schema_version": 0,
          "private": "bnVsbA=="
        }
      ]
    },
    {
      "mode": "managed",
      "type": "aws_cloudfront_origin_request_policy",
      "name": "shinjuku_orp_static01",
      "provider": "provider[\"registry.terraform.io/hashicorp/aws\"]",
      "instances": [
        {
          "schema_version": 0,
          "attributes": {
            "arn": "arn:aws:cloudfront::975598471165:origin-request-policy/9b5e1a85-7518-4c4c-b40c-2dc07e516269",
            "comment": "Minimal forwarding for static assets",
            "cookies_config": [
              {
                "cookie_behavior": "none",
                "cookies": []
              }
            ],
            "etag": "E23ZP02F085DFQ",
            "headers_config": [
              {
                "header_behavior": "none",
                "headers": []
              }
            ],
            "id": "9b5e1a85-7518-4c4c-b40c-2dc07e516269",
            "name": "shinjuku-final-orp-static01",
            "query_strings_config": [
              {
                "query_string_behavior": "none",
                "query_strings": []
              }
            ]
          },
          "sensitive_attributes": [],
          "identity_schema_version": 0,
          "private": "bnVsbA=="
        }
      ]
    },
    {
      "mode": "managed",
      "type": "aws_cloudfront_response_headers_policy",
      "name": "shinjuku_rsp_static01",
      "provider": "provider[\"registry.terraform.io/hashicorp/aws\"]",
      "instances": [
        {
          "schema_version": 0,
          "attributes": {
            "arn": "arn:aws:cloudfront::975598471165:response-headers-policy/70b24d46-925d-48be-b61b-a87092d0d164",
            "comment": "Add explicit Cache-Control for static content",
            "cors_config": [],
            "custom_headers_config": [
              {
                "items": [
                  {
                    "header": "Cache-Control",
                    "override": true,
                    "value": "public, max-age=86400, immutable"
                  }
                ]
              }
            ],
            "etag": "E23ZP02F085DFQ",
            "id": "70b24d46-925d-48be-b61b-a87092d0d164",
            "name": "shinjuku-final-rsp-static01",
            "remove_headers_config": [],
            "security_headers_config": [],
            "server_timing_headers_config": []
          },
          "sensitive_attributes": [],
          "identity_schema_version": 0,
          "private": "bnVsbA=="
        }
      ]
    },
    {
      "mode": "managed",
      "type": "aws_cloudwatch_dashboard",
      "name": "shinjuku_dashboard01",
      "provider": "provider[\"registry.terraform.io/hashicorp/aws\"]",
      "instances": [
        {
          "schema_version": 0,
          "attributes": {
            "dashboard_arn": "arn:aws:cloudwatch::975598471165:dashboard/shinjuku-final-dashboard01",
            "dashboard_body": "{\"widgets\":[{\"height\":6,\"properties\":{\"metrics\":[[\"AWS/ApplicationELB\",\"RequestCount\",\"LoadBalancer\",\"app/shinjuku-final-alb01/69bd91fc20d9a734\"],[\".\",\"HTTPCode_ELB_5XX_Count\",\".\",\"app/shinjuku-final-alb01/69bd91fc20d9a734\"]],\"period\":300,\"region\":\"ap-northeast-1\",\"stat\":\"Sum\",\"title\":\"shinjuku ALB: Requests + 5XX\"},\"type\":\"metric\",\"width\":12,\"x\":0,\"y\":0},{\"height\":6,\"properties\":{\"metrics\":[[\"AWS/ApplicationELB\",\"TargetResponseTime\",\"LoadBalancer\",\"app/shinjuku-final-alb01/69bd91fc20d9a734\"]],\"period\":300,\"region\":\"ap-northeast-1\",\"stat\":\"Average\",\"title\":\"shinjuku ALB: Target Response Time\",\"view\":\"table\"},\"type\":\"metric\",\"width\":12,\"x\":12,\"y\":0}]}",
            "dashboard_name": "shinjuku-final-dashboard01",
            "id": "shinjuku-final-dashboard01",
            "region": "ap-northeast-1"
          },
          "sensitive_attributes": [],
          "identity_schema_version": 0,
          "private": "bnVsbA==",
          "dependencies": [
            "aws_lb.shinjuku_alb01",
            "aws_s3_bucket.shinjuku_alb_logs_bucket01",
            "aws_security_group.shinjuku_alb_sg01",
            "aws_subnet.shinjuku_public_subnets",
            "aws_vpc.shinjuku_vpc01",
            "data.aws_caller_identity.shinjuku_self01"
          ]
        }
      ]
    },
    {
      "mode": "managed",
      "type": "aws_cloudwatch_log_group",
      "name": "shinjuku_log_group01",
      "provider": "provider[\"registry.terraform.io/hashicorp/aws\"]",
      "instances": [
        {
          "schema_version": 0,
          "attributes": {
            "arn": "arn:aws:logs:ap-northeast-1:975598471165:log-group:/aws/ec2/shinjuku-final-rds-app",
            "deletion_protection_enabled": false,
            "id": "/aws/ec2/shinjuku-final-rds-app",
            "kms_key_id": "",
            "log_group_class": "STANDARD",
            "name": "/aws/ec2/shinjuku-final-rds-app",
            "name_prefix": "",
            "region": "ap-northeast-1",
            "retention_in_days": 7,
            "skip_destroy": false,
            "tags": {
              "Name": "shinjuku-final-log-group01"
            },
            "tags_all": {
              "Name": "shinjuku-final-log-group01"
            }
          },
          "sensitive_attributes": [],
          "identity_schema_version": 0,
          "identity": {
            "account_id": "975598471165",
            "name": "/aws/ec2/shinjuku-final-rds-app",
            "region": "ap-northeast-1"
          },
          "private": "bnVsbA=="
        }
      ]
    },
    {
      "mode": "managed",
      "type": "aws_cloudwatch_log_group",
      "name": "shinjuku_waf_log_group01",
      "provider": "provider[\"registry.terraform.io/hashicorp/aws\"].east",
      "instances": [
        {
          "index_key": 0,
          "schema_version": 0,
          "attributes": {
            "arn": "arn:aws:logs:us-east-1:975598471165:log-group:aws-waf-logs-shinjuku-final-webacl01",
            "deletion_protection_enabled": false,
            "id": "aws-waf-logs-shinjuku-final-webacl01",
            "kms_key_id": "",
            "log_group_class": "STANDARD",
            "name": "aws-waf-logs-shinjuku-final-webacl01",
            "name_prefix": "",
            "region": "us-east-1",
            "retention_in_days": 14,
            "skip_destroy": false,
            "tags": {
              "Name": "shinjuku-final-waf-log-group01"
            },
            "tags_all": {
              "Name": "shinjuku-final-waf-log-group01"
            }
          },
          "sensitive_attributes": [],
          "identity_schema_version": 0,
          "identity": {
            "account_id": "975598471165",
            "name": "aws-waf-logs-shinjuku-final-webacl01",
            "region": "us-east-1"
          },
          "private": "bnVsbA=="
        }
      ]
    },
    {
      "mode": "managed",
      "type": "aws_cloudwatch_metric_alarm",
      "name": "shinjuku_alb_5xx_alarm01",
      "provider": "provider[\"registry.terraform.io/hashicorp/aws\"]",
      "instances": [
        {
          "schema_version": 1,
          "attributes": {
            "actions_enabled": true,
            "alarm_actions": [
              "arn:aws:sns:ap-northeast-1:975598471165:shinjuku-final-db-incidents"
            ],
            "alarm_description": "",
            "alarm_name": "shinjuku-final-alb-5xx-alarm01",
            "arn": "arn:aws:cloudwatch:ap-northeast-1:975598471165:alarm:shinjuku-final-alb-5xx-alarm01",
            "comparison_operator": "GreaterThanOrEqualToThreshold",
            "datapoints_to_alarm": 0,
            "dimensions": {
              "LoadBalancer": "app/shinjuku-final-alb01/69bd91fc20d9a734"
            },
            "evaluate_low_sample_count_percentiles": "",
            "evaluation_periods": 1,
            "extended_statistic": "",
            "id": "shinjuku-final-alb-5xx-alarm01",
            "insufficient_data_actions": [],
            "metric_name": "HTTPCode_ELB_5XX_Count",
            "metric_query": [],
            "namespace": "AWS/ApplicationELB",
            "ok_actions": [],
            "period": 300,
            "region": "ap-northeast-1",
            "statistic": "Sum",
            "tags": {
              "Name": "shinjuku-final-alb-5xx-alarm01"
            },
            "tags_all": {
              "Name": "shinjuku-final-alb-5xx-alarm01"
            },
            "threshold": 10,
            "threshold_metric_id": "",
            "treat_missing_data": "missing",
            "unit": ""
          },
          "sensitive_attributes": [],
          "identity_schema_version": 0,
          "identity": {
            "account_id": "975598471165",
            "alarm_name": "shinjuku-final-alb-5xx-alarm01",
            "region": "ap-northeast-1"
          },
          "private": "eyJzY2hlbWFfdmVyc2lvbiI6IjEifQ==",
          "dependencies": [
            "aws_lb.shinjuku_alb01",
            "aws_s3_bucket.shinjuku_alb_logs_bucket01",
            "aws_security_group.shinjuku_alb_sg01",
            "aws_sns_topic.shinjuku_sns_topic01",
            "aws_subnet.shinjuku_public_subnets",
            "aws_vpc.shinjuku_vpc01",
            "data.aws_caller_identity.shinjuku_self01"
          ]
        }
      ]
    },
    {
      "mode": "managed",
      "type": "aws_cloudwatch_metric_alarm",
      "name": "shinjuku_db_alarm01",
      "provider": "provider[\"registry.terraform.io/hashicorp/aws\"]",
      "instances": [
        {
          "schema_version": 1,
          "attributes": {
            "actions_enabled": true,
            "alarm_actions": [
              "arn:aws:sns:ap-northeast-1:975598471165:shinjuku-final-db-incidents"
            ],
            "alarm_description": "",
            "alarm_name": "shinjuku-final-db-connection-failure",
            "arn": "arn:aws:cloudwatch:ap-northeast-1:975598471165:alarm:shinjuku-final-db-connection-failure",
            "comparison_operator": "GreaterThanOrEqualToThreshold",
            "datapoints_to_alarm": 0,
            "dimensions": {},
            "evaluate_low_sample_count_percentiles": "",
            "evaluation_periods": 1,
            "extended_statistic": "",
            "id": "shinjuku-final-db-connection-failure",
            "insufficient_data_actions": [],
            "metric_name": "DBConnectionErrors",
            "metric_query": [],
            "namespace": "Lab/RDSApp",
            "ok_actions": [],
            "period": 300,
            "region": "ap-northeast-1",
            "statistic": "Sum",
            "tags": {
              "Name": "shinjuku-final-alarm-db-fail"
            },
            "tags_all": {
              "Name": "shinjuku-final-alarm-db-fail"
            },
            "threshold": 3,
            "threshold_metric_id": "",
            "treat_missing_data": "missing",
            "unit": ""
          },
          "sensitive_attributes": [],
          "identity_schema_version": 0,
          "identity": {
            "account_id": "975598471165",
            "alarm_name": "shinjuku-final-db-connection-failure",
            "region": "ap-northeast-1"
          },
          "private": "eyJzY2hlbWFfdmVyc2lvbiI6IjEifQ==",
          "dependencies": [
            "aws_sns_topic.shinjuku_sns_topic01"
          ]
        }
      ]
    },
    {
      "mode": "managed",
      "type": "aws_db_instance",
      "name": "shinjuku_rds01",
      "provider": "provider[\"registry.terraform.io/hashicorp/aws\"]",
      "instances": [
        {
          "schema_version": 2,
          "attributes": {
            "address": "shinjuku-final-rds01.cf2s8kkgau9w.ap-northeast-1.rds.amazonaws.com",
            "allocated_storage": 20,
            "allow_major_version_upgrade": null,
            "apply_immediately": false,
            "arn": "arn:aws:rds:ap-northeast-1:975598471165:db:shinjuku-final-rds01",
            "auto_minor_version_upgrade": true,
            "availability_zone": "ap-northeast-1c",
            "backup_retention_period": 0,
            "backup_target": "region",
            "backup_window": "16:41-17:11",
            "blue_green_update": [],
            "ca_cert_identifier": "rds-ca-rsa2048-g1",
            "character_set_name": "",
            "copy_tags_to_snapshot": false,
            "custom_iam_instance_profile": "",
            "customer_owned_ip_enabled": false,
            "database_insights_mode": "standard",
            "db_name": "labdb",
            "db_subnet_group_name": "shinjuku-final-rds-subnet-group01",
            "dedicated_log_volume": false,
            "delete_automated_backups": true,
            "deletion_protection": false,
            "domain": "",
            "domain_auth_secret_arn": "",
            "domain_dns_ips": [],
            "domain_fqdn": "",
            "domain_iam_role_name": "",
            "domain_ou": "",
            "enabled_cloudwatch_logs_exports": [],
            "endpoint": "shinjuku-final-rds01.cf2s8kkgau9w.ap-northeast-1.rds.amazonaws.com:3306",
            "engine": "mysql",
            "engine_lifecycle_support": "open-source-rds-extended-support",
            "engine_version": "8.4.7",
            "engine_version_actual": "8.4.7",
            "final_snapshot_identifier": null,
            "hosted_zone_id": "Z24O6O9L7SGTNB",
            "iam_database_authentication_enabled": false,
            "id": "db-GHRRMW3TSZMQL2QX2PORABJ3CM",
            "identifier": "shinjuku-final-rds01",
            "identifier_prefix": "",
            "instance_class": "db.t3.micro",
            "iops": 0,
            "kms_key_id": "",
            "latest_restorable_time": "",
            "license_model": "general-public-license",
            "listener_endpoint": [],
            "maintenance_window": "mon:14:57-mon:15:27",
            "manage_master_user_password": null,
            "master_user_secret": [],
            "master_user_secret_kms_key_id": null,
            "max_allocated_storage": 0,
            "monitoring_interval": 0,
            "monitoring_role_arn": "",
            "multi_az": false,
            "nchar_character_set_name": "",
            "network_type": "IPV4",
            "option_group_name": "default:mysql-8-4",
            "parameter_group_name": "default.mysql8.4",
            "password": "shinjuku-lab3!",
            "password_wo": null,
            "password_wo_version": null,
            "performance_insights_enabled": false,
            "performance_insights_kms_key_id": "",
            "performance_insights_retention_period": 0,
            "port": 3306,
            "publicly_accessible": false,
            "region": "ap-northeast-1",
            "replica_mode": "",
            "replicas": [],
            "replicate_source_db": "",
            "resource_id": "db-GHRRMW3TSZMQL2QX2PORABJ3CM",
            "restore_to_point_in_time": [],
            "s3_import": [],
            "skip_final_snapshot": true,
            "snapshot_identifier": null,
            "status": "available",
            "storage_encrypted": false,
            "storage_throughput": 0,
            "storage_type": "gp2",
            "tags": {
              "Name": "shinjuku-final-rds01"
            },
            "tags_all": {
              "Name": "shinjuku-final-rds01"
            },
            "timeouts": null,
            "timezone": "",
            "upgrade_rollout_order": "second",
            "upgrade_storage_config": null,
            "username": "admin",
            "vpc_security_group_ids": [
              "sg-0f77e84c33db1c83f"
            ]
          },
          "sensitive_attributes": [
            [
              {
                "type": "get_attr",
                "value": "password"
              }
            ],
            [
              {
                "type": "get_attr",
                "value": "password_wo"
              }
            ]
          ],
          "identity_schema_version": 0,
          "private": "eyJlMmJmYjczMC1lY2FhLTExZTYtOGY4OC0zNDM2M2JjN2M0YzAiOnsiY3JlYXRlIjozMDAwMDAwMDAwMDAwLCJkZWxldGUiOjM2MDAwMDAwMDAwMDAsInVwZGF0ZSI6NDgwMDAwMDAwMDAwMH0sInNjaGVtYV92ZXJzaW9uIjoiMiJ9",
          "dependencies": [
            "aws_db_subnet_group.shinjuku_rds_subnet_group01",
            "aws_security_group.shinjuku_ec2_sg01",
            "aws_security_group.shinjuku_rds_sg01",
            "aws_subnet.shinjuku_private_subnets",
            "aws_vpc.shinjuku_vpc01"
          ]
        }
      ]
    },
    {
      "mode": "managed",
      "type": "aws_db_subnet_group",
      "name": "shinjuku_rds_subnet_group01",
      "provider": "provider[\"registry.terraform.io/hashicorp/aws\"]",
      "instances": [
        {
          "schema_version": 0,
          "attributes": {
            "arn": "arn:aws:rds:ap-northeast-1:975598471165:subgrp:shinjuku-final-rds-subnet-group01",
            "description": "Managed by Terraform",
            "id": "shinjuku-final-rds-subnet-group01",
            "name": "shinjuku-final-rds-subnet-group01",
            "name_prefix": "",
            "region": "ap-northeast-1",
            "subnet_ids": [
              "subnet-07b96d34b624cb5df",
              "subnet-0fc27a548c818ca93"
            ],
            "supported_network_types": [
              "IPV4"
            ],
            "tags": {
              "Name": "shinjuku-final-rds-subnet-group01"
            },
            "tags_all": {
              "Name": "shinjuku-final-rds-subnet-group01"
            },
            "vpc_id": "vpc-0b9de40ee844fa645"
          },
          "sensitive_attributes": [],
          "identity_schema_version": 0,
          "private": "bnVsbA==",
          "dependencies": [
            "aws_subnet.shinjuku_private_subnets",
            "aws_vpc.shinjuku_vpc01"
          ]
        }
      ]
    },
    {
      "mode": "managed",
      "type": "aws_ec2_transit_gateway",
      "name": "shinjuku_tgw01",
      "provider": "provider[\"registry.terraform.io/hashicorp/aws\"]",
      "instances": [
        {
          "schema_version": 0,
          "attributes": {
            "amazon_side_asn": 64512,
            "arn": "arn:aws:ec2:ap-northeast-1:975598471165:transit-gateway/tgw-0372e6a6b4b4da24b",
            "association_default_route_table_id": "tgw-rtb-0a5bf5f4167f1a75f",
            "auto_accept_shared_attachments": "disable",
            "default_route_table_association": "enable",
            "default_route_table_propagation": "enable",
            "description": "shinjuku-tgw01: Tokyo hub for cross-region PHI corridor",
            "dns_support": "enable",
            "encryption_support": "disable",
            "id": "tgw-0372e6a6b4b4da24b",
            "multicast_support": "disable",
            "owner_id": "975598471165",
            "propagation_default_route_table_id": "tgw-rtb-0a5bf5f4167f1a75f",
            "region": "ap-northeast-1",
            "security_group_referencing_support": "disable",
            "tags": {
              "Name": "shinjuku-tgw01",
              "Region": "ap-northeast-1",
              "Role": "hub"
            },
            "tags_all": {
              "Name": "shinjuku-tgw01",
              "Region": "ap-northeast-1",
              "Role": "hub"
            },
            "timeouts": null,
            "transit_gateway_cidr_blocks": [],
            "vpn_ecmp_support": "enable"
          },
          "sensitive_attributes": [],
          "identity_schema_version": 0,
          "private": "eyJlMmJmYjczMC1lY2FhLTExZTYtOGY4OC0zNDM2M2JjN2M0YzAiOnsiY3JlYXRlIjo2MDAwMDAwMDAwMDAsImRlbGV0ZSI6NjAwMDAwMDAwMDAwLCJ1cGRhdGUiOjYwMDAwMDAwMDAwMH19"
        }
      ]
    },
    {
      "mode": "managed",
      "type": "aws_ec2_transit_gateway_peering_attachment",
      "name": "shinjuku_tgw_peering01",
      "provider": "provider[\"registry.terraform.io/hashicorp/aws\"]",
      "instances": [
        {
          "schema_version": 0,
          "attributes": {
            "arn": "arn:aws:ec2:ap-northeast-1:975598471165:transit-gateway-attachment/tgw-attach-001ca2046d97cf069",
            "id": "tgw-attach-001ca2046d97cf069",
            "options": [],
            "peer_account_id": "975598471165",
            "peer_region": "sa-east-1",
            "peer_transit_gateway_id": "tgw-055c4115682138ae5",
            "region": "ap-northeast-1",
            "state": "available",
            "tags": {
              "Name": "shinjuku-tgw-peering-to-saopaulo01",
              "Side": "requester"
            },
            "tags_all": {
              "Name": "shinjuku-tgw-peering-to-saopaulo01",
              "Side": "requester"
            },
            "transit_gateway_id": "tgw-0372e6a6b4b4da24b"
          },
          "sensitive_attributes": [],
          "identity_schema_version": 0,
          "private": "bnVsbA==",
          "dependencies": [
            "aws_ec2_transit_gateway.shinjuku_tgw01",
            "data.aws_caller_identity.shinjuku_self01"
          ]
        }
      ]
    },
    {
      "mode": "managed",
      "type": "aws_ec2_transit_gateway_route",
      "name": "shinjuku_tgw_route_to_saopaulo01",
      "provider": "provider[\"registry.terraform.io/hashicorp/aws\"]",
      "instances": [
        {
          "index_key": 0,
          "schema_version": 0,
          "attributes": {
            "blackhole": false,
            "destination_cidr_block": "10.200.0.0/16",
            "id": "tgw-rtb-0a5bf5f4167f1a75f_10.200.0.0/16",
            "region": "ap-northeast-1",
            "transit_gateway_attachment_id": "tgw-attach-001ca2046d97cf069",
            "transit_gateway_route_table_id": "tgw-rtb-0a5bf5f4167f1a75f"
          },
          "sensitive_attributes": [],
          "identity_schema_version": 0,
          "private": "bnVsbA==",
          "dependencies": [
            "aws_ec2_transit_gateway.shinjuku_tgw01",
            "aws_ec2_transit_gateway_peering_attachment.shinjuku_tgw_peering01",
            "data.aws_caller_identity.shinjuku_self01"
          ]
        }
      ]
    },
    {
      "mode": "managed",
      "type": "aws_ec2_transit_gateway_vpc_attachment",
      "name": "shinjuku_tgw_vpc_attach01",
      "provider": "provider[\"registry.terraform.io/hashicorp/aws\"]",
      "instances": [
        {
          "schema_version": 0,
          "attributes": {
            "appliance_mode_support": "disable",
            "arn": "arn:aws:ec2:ap-northeast-1:975598471165:transit-gateway-attachment/tgw-attach-031dad7a86e912836",
            "dns_support": "enable",
            "id": "tgw-attach-031dad7a86e912836",
            "ipv6_support": "disable",
            "region": "ap-northeast-1",
            "security_group_referencing_support": "enable",
            "subnet_ids": [
              "subnet-07b96d34b624cb5df",
              "subnet-0fc27a548c818ca93"
            ],
            "tags": {
              "Name": "shinjuku-tgw-vpc-attach01"
            },
            "tags_all": {
              "Name": "shinjuku-tgw-vpc-attach01"
            },
            "transit_gateway_default_route_table_association": true,
            "transit_gateway_default_route_table_propagation": true,
            "transit_gateway_id": "tgw-0372e6a6b4b4da24b",
            "vpc_id": "vpc-0b9de40ee844fa645",
            "vpc_owner_id": "975598471165"
          },
          "sensitive_attributes": [],
          "identity_schema_version": 0,
          "private": "bnVsbA==",
          "dependencies": [
            "aws_ec2_transit_gateway.shinjuku_tgw01",
            "aws_subnet.shinjuku_private_subnets",
            "aws_vpc.shinjuku_vpc01"
          ]
        }
      ]
    },
    {
      "mode": "managed",
      "type": "aws_eip",
      "name": "shinjuku_nat_eip01",
      "provider": "provider[\"registry.terraform.io/hashicorp/aws\"]",
      "instances": [
        {
          "schema_version": 0,
          "attributes": {
            "address": null,
            "allocation_id": "eipalloc-01aebba8661d707e8",
            "arn": "arn:aws:ec2:ap-northeast-1:975598471165:elastic-ip/eipalloc-01aebba8661d707e8",
            "associate_with_private_ip": null,
            "association_id": "eipassoc-028f86f8f123baebd",
            "carrier_ip": "",
            "customer_owned_ip": "",
            "customer_owned_ipv4_pool": "",
            "domain": "vpc",
            "id": "eipalloc-01aebba8661d707e8",
            "instance": "",
            "ipam_pool_id": null,
            "network_border_group": "ap-northeast-1",
            "network_interface": "eni-0fd79a7dbdecdf496",
            "private_dns": "ip-10-100-1-62.ap-northeast-1.compute.internal",
            "private_ip": "10.100.1.62",
            "ptr_record": "",
            "public_dns": "ec2-13-192-191-200.ap-northeast-1.compute.amazonaws.com",
            "public_ip": "13.192.191.200",
            "public_ipv4_pool": "amazon",
            "region": "ap-northeast-1",
            "tags": {
              "Name": "shinjuku-final-nat-eip01"
            },
            "tags_all": {
              "Name": "shinjuku-final-nat-eip01"
            },
            "timeouts": null
          },
          "sensitive_attributes": [],
          "identity_schema_version": 0,
          "private": "eyJlMmJmYjczMC1lY2FhLTExZTYtOGY4OC0zNDM2M2JjN2M0YzAiOnsiZGVsZXRlIjoxODAwMDAwMDAwMDAsInJlYWQiOjkwMDAwMDAwMDAwMCwidXBkYXRlIjozMDAwMDAwMDAwMDB9fQ=="
        }
      ]
    },
    {
      "mode": "managed",
      "type": "aws_iam_instance_profile",
      "name": "shinjuku_instance_profile01",
      "provider": "provider[\"registry.terraform.io/hashicorp/aws\"]",
      "instances": [
        {
          "schema_version": 0,
          "attributes": {
            "arn": "arn:aws:iam::975598471165:instance-profile/shinjuku-final-instance-profile01",
            "create_date": "2026-03-26T00:27:08Z",
            "id": "shinjuku-final-instance-profile01",
            "name": "shinjuku-final-instance-profile01",
            "name_prefix": "",
            "path": "/",
            "role": "shinjuku-final-ec2-role01",
            "tags": {},
            "tags_all": {},
            "unique_id": "AIPA6GJRTI76V25LR364D"
          },
          "sensitive_attributes": [],
          "identity_schema_version": 0,
          "private": "bnVsbA==",
          "dependencies": [
            "aws_iam_role.shinjuku_ec2_role01"
          ]
        }
      ]
    },
    {
      "mode": "managed",
      "type": "aws_iam_policy",
      "name": "shinjuku_leastpriv_cwlogs01",
      "provider": "provider[\"registry.terraform.io/hashicorp/aws\"]",
      "instances": [
        {
          "schema_version": 0,
          "attributes": {
            "arn": "arn:aws:iam::975598471165:policy/shinjuku-final-lp-cwlogs01",
            "attachment_count": 1,
            "delay_after_policy_creation_in_ms": null,
            "description": "Least-privilege CloudWatch Logs write for the app log group",
            "id": "arn:aws:iam::975598471165:policy/shinjuku-final-lp-cwlogs01",
            "name": "shinjuku-final-lp-cwlogs01",
            "name_prefix": "",
            "path": "/",
            "policy": "{\"Statement\":[{\"Action\":[\"logs:CreateLogStream\",\"logs:PutLogEvents\",\"logs:DescribeLogStreams\"],\"Effect\":\"Allow\",\"Resource\":[\"arn:aws:logs:ap-northeast-1:975598471165:log-group:/aws/ec2/shinjuku-final-rds-app:*\"],\"Sid\":\"WriteLogs\"}],\"Version\":\"2012-10-17\"}",
            "policy_id": "ANPA6GJRTI76Q4YC5UIHS",
            "tags": {},
            "tags_all": {}
          },
          "sensitive_attributes": [],
          "identity_schema_version": 0,
          "identity": {
            "arn": "arn:aws:iam::975598471165:policy/shinjuku-final-lp-cwlogs01"
          },
          "private": "bnVsbA==",
          "dependencies": [
            "aws_cloudwatch_log_group.shinjuku_log_group01"
          ]
        }
      ]
    },
    {
      "mode": "managed",
      "type": "aws_iam_policy",
      "name": "shinjuku_leastpriv_read_params01",
      "provider": "provider[\"registry.terraform.io/hashicorp/aws\"]",
      "instances": [
        {
          "schema_version": 0,
          "attributes": {
            "arn": "arn:aws:iam::975598471165:policy/shinjuku-final-lp-ssm-read01",
            "attachment_count": 1,
            "delay_after_policy_creation_in_ms": null,
            "description": "Least-privilege read for SSM Parameter Store under /lab/db/*",
            "id": "arn:aws:iam::975598471165:policy/shinjuku-final-lp-ssm-read01",
            "name": "shinjuku-final-lp-ssm-read01",
            "name_prefix": "",
            "path": "/",
            "policy": "{\"Statement\":[{\"Action\":[\"ssm:GetParameter\",\"ssm:GetParameters\",\"ssm:GetParametersByPath\"],\"Effect\":\"Allow\",\"Resource\":[\"arn:aws:ssm:ap-northeast-1:975598471165:parameter/lab/db/*\"],\"Sid\":\"ReadLabDbParams\"}],\"Version\":\"2012-10-17\"}",
            "policy_id": "ANPA6GJRTI76SLEYROM5P",
            "tags": {},
            "tags_all": {}
          },
          "sensitive_attributes": [],
          "identity_schema_version": 0,
          "identity": {
            "arn": "arn:aws:iam::975598471165:policy/shinjuku-final-lp-ssm-read01"
          },
          "private": "bnVsbA==",
          "dependencies": [
            "data.aws_caller_identity.shinjuku_self01",
            "data.aws_region.shinjuku_region01"
          ]
        }
      ]
    },
    {
      "mode": "managed",
      "type": "aws_iam_policy",
      "name": "shinjuku_leastpriv_read_secret01",
      "provider": "provider[\"registry.terraform.io/hashicorp/aws\"]",
      "instances": [
        {
          "schema_version": 0,
          "attributes": {
            "arn": "arn:aws:iam::975598471165:policy/shinjuku-final-lp-secrets-read01",
            "attachment_count": 1,
            "delay_after_policy_creation_in_ms": null,
            "description": "Least-privilege read for the lab DB secret",
            "id": "arn:aws:iam::975598471165:policy/shinjuku-final-lp-secrets-read01",
            "name": "shinjuku-final-lp-secrets-read01",
            "name_prefix": "",
            "path": "/",
            "policy": "{\"Statement\":[{\"Action\":[\"secretsmanager:GetSecretValue\",\"secretsmanager:DescribeSecret\"],\"Effect\":\"Allow\",\"Resource\":\"arn:aws:secretsmanager:ap-northeast-1:975598471165:secret:shinjuku-final/rds/mysql*\",\"Sid\":\"ReadOnlyLabSecret\"}],\"Version\":\"2012-10-17\"}",
            "policy_id": "ANPA6GJRTI76XRMA3VVUK",
            "tags": {},
            "tags_all": {}
          },
          "sensitive_attributes": [],
          "identity_schema_version": 0,
          "identity": {
            "arn": "arn:aws:iam::975598471165:policy/shinjuku-final-lp-secrets-read01"
          },
          "private": "bnVsbA==",
          "dependencies": [
            "data.aws_caller_identity.shinjuku_self01",
            "data.aws_region.shinjuku_region01"
          ]
        }
      ]
    },
    {
      "mode": "managed",
      "type": "aws_iam_role",
      "name": "shinjuku_ec2_role01",
      "provider": "provider[\"registry.terraform.io/hashicorp/aws\"]",
      "instances": [
        {
          "schema_version": 0,
          "attributes": {
            "arn": "arn:aws:iam::975598471165:role/shinjuku-final-ec2-role01",
            "assume_role_policy": "{\"Statement\":[{\"Action\":\"sts:AssumeRole\",\"Effect\":\"Allow\",\"Principal\":{\"Service\":\"ec2.amazonaws.com\"}}],\"Version\":\"2012-10-17\"}",
            "create_date": "2026-03-26T00:27:06Z",
            "description": "",
            "force_detach_policies": false,
            "id": "shinjuku-final-ec2-role01",
            "inline_policy": [],
            "managed_policy_arns": [
              "arn:aws:iam::975598471165:policy/shinjuku-final-lp-cwlogs01",
              "arn:aws:iam::975598471165:policy/shinjuku-final-lp-secrets-read01",
              "arn:aws:iam::975598471165:policy/shinjuku-final-lp-ssm-read01",
              "arn:aws:iam::aws:policy/AmazonSSMManagedInstanceCore",
              "arn:aws:iam::aws:policy/CloudWatchAgentServerPolicy",
              "arn:aws:iam::aws:policy/SecretsManagerReadWrite"
            ],
            "max_session_duration": 3600,
            "name": "shinjuku-final-ec2-role01",
            "name_prefix": "",
            "path": "/",
            "permissions_boundary": "",
            "tags": {},
            "tags_all": {},
            "unique_id": "AROA6GJRTI76Y64OCPMBA"
          },
          "sensitive_attributes": [],
          "identity_schema_version": 0,
          "identity": {
            "account_id": "975598471165",
            "name": "shinjuku-final-ec2-role01"
          },
          "private": "bnVsbA=="
        }
      ]
    },
    {
      "mode": "managed",
      "type": "aws_iam_role_policy_attachment",
      "name": "shinjuku_attach_lp_cwlogs01",
      "provider": "provider[\"registry.terraform.io/hashicorp/aws\"]",
      "instances": [
        {
          "schema_version": 0,
          "attributes": {
            "id": "shinjuku-final-ec2-role01/arn:aws:iam::975598471165:policy/shinjuku-final-lp-cwlogs01",
            "policy_arn": "arn:aws:iam::975598471165:policy/shinjuku-final-lp-cwlogs01",
            "role": "shinjuku-final-ec2-role01"
          },
          "sensitive_attributes": [],
          "identity_schema_version": 0,
          "identity": {
            "account_id": "975598471165",
            "policy_arn": "arn:aws:iam::975598471165:policy/shinjuku-final-lp-cwlogs01",
            "role": "shinjuku-final-ec2-role01"
          },
          "private": "bnVsbA==",
          "dependencies": [
            "aws_cloudwatch_log_group.shinjuku_log_group01",
            "aws_iam_policy.shinjuku_leastpriv_cwlogs01",
            "aws_iam_role.shinjuku_ec2_role01"
          ]
        }
      ]
    },
    {
      "mode": "managed",
      "type": "aws_iam_role_policy_attachment",
      "name": "shinjuku_attach_lp_params01",
      "provider": "provider[\"registry.terraform.io/hashicorp/aws\"]",
      "instances": [
        {
          "schema_version": 0,
          "attributes": {
            "id": "shinjuku-final-ec2-role01/arn:aws:iam::975598471165:policy/shinjuku-final-lp-ssm-read01",
            "policy_arn": "arn:aws:iam::975598471165:policy/shinjuku-final-lp-ssm-read01",
            "role": "shinjuku-final-ec2-role01"
          },
          "sensitive_attributes": [],
          "identity_schema_version": 0,
          "identity": {
            "account_id": "975598471165",
            "policy_arn": "arn:aws:iam::975598471165:policy/shinjuku-final-lp-ssm-read01",
            "role": "shinjuku-final-ec2-role01"
          },
          "private": "bnVsbA==",
          "dependencies": [
            "aws_iam_policy.shinjuku_leastpriv_read_params01",
            "aws_iam_role.shinjuku_ec2_role01",
            "data.aws_caller_identity.shinjuku_self01",
            "data.aws_region.shinjuku_region01"
          ]
        }
      ]
    },
    {
      "mode": "managed",
      "type": "aws_iam_role_policy_attachment",
      "name": "shinjuku_attach_lp_secret01",
      "provider": "provider[\"registry.terraform.io/hashicorp/aws\"]",
      "instances": [
        {
          "schema_version": 0,
          "attributes": {
            "id": "shinjuku-final-ec2-role01/arn:aws:iam::975598471165:policy/shinjuku-final-lp-secrets-read01",
            "policy_arn": "arn:aws:iam::975598471165:policy/shinjuku-final-lp-secrets-read01",
            "role": "shinjuku-final-ec2-role01"
          },
          "sensitive_attributes": [],
          "identity_schema_version": 0,
          "identity": {
            "account_id": "975598471165",
            "policy_arn": "arn:aws:iam::975598471165:policy/shinjuku-final-lp-secrets-read01",
            "role": "shinjuku-final-ec2-role01"
          },
          "private": "bnVsbA==",
          "dependencies": [
            "aws_iam_policy.shinjuku_leastpriv_read_secret01",
            "aws_iam_role.shinjuku_ec2_role01",
            "data.aws_caller_identity.shinjuku_self01",
            "data.aws_region.shinjuku_region01"
          ]
        }
      ]
    },
    {
      "mode": "managed",
      "type": "aws_iam_role_policy_attachment",
      "name": "shinjuku_ec2_cw_attach",
      "provider": "provider[\"registry.terraform.io/hashicorp/aws\"]",
      "instances": [
        {
          "schema_version": 0,
          "attributes": {
            "id": "shinjuku-final-ec2-role01/arn:aws:iam::aws:policy/CloudWatchAgentServerPolicy",
            "policy_arn": "arn:aws:iam::aws:policy/CloudWatchAgentServerPolicy",
            "role": "shinjuku-final-ec2-role01"
          },
          "sensitive_attributes": [],
          "identity_schema_version": 0,
          "identity": {
            "account_id": "975598471165",
            "policy_arn": "arn:aws:iam::aws:policy/CloudWatchAgentServerPolicy",
            "role": "shinjuku-final-ec2-role01"
          },
          "private": "bnVsbA==",
          "dependencies": [
            "aws_iam_role.shinjuku_ec2_role01"
          ]
        }
      ]
    },
    {
      "mode": "managed",
      "type": "aws_iam_role_policy_attachment",
      "name": "shinjuku_ec2_secrets_attach",
      "provider": "provider[\"registry.terraform.io/hashicorp/aws\"]",
      "instances": [
        {
          "schema_version": 0,
          "attributes": {
            "id": "shinjuku-final-ec2-role01/arn:aws:iam::aws:policy/SecretsManagerReadWrite",
            "policy_arn": "arn:aws:iam::aws:policy/SecretsManagerReadWrite",
            "role": "shinjuku-final-ec2-role01"
          },
          "sensitive_attributes": [],
          "identity_schema_version": 0,
          "identity": {
            "account_id": "975598471165",
            "policy_arn": "arn:aws:iam::aws:policy/SecretsManagerReadWrite",
            "role": "shinjuku-final-ec2-role01"
          },
          "private": "bnVsbA==",
          "dependencies": [
            "aws_iam_role.shinjuku_ec2_role01"
          ]
        }
      ]
    },
    {
      "mode": "managed",
      "type": "aws_iam_role_policy_attachment",
      "name": "shinjuku_ec2_ssm_attach",
      "provider": "provider[\"registry.terraform.io/hashicorp/aws\"]",
      "instances": [
        {
          "schema_version": 0,
          "attributes": {
            "id": "shinjuku-final-ec2-role01/arn:aws:iam::aws:policy/AmazonSSMManagedInstanceCore",
            "policy_arn": "arn:aws:iam::aws:policy/AmazonSSMManagedInstanceCore",
            "role": "shinjuku-final-ec2-role01"
          },
          "sensitive_attributes": [],
          "identity_schema_version": 0,
          "identity": {
            "account_id": "975598471165",
            "policy_arn": "arn:aws:iam::aws:policy/AmazonSSMManagedInstanceCore",
            "role": "shinjuku-final-ec2-role01"
          },
          "private": "bnVsbA==",
          "dependencies": [
            "aws_iam_role.shinjuku_ec2_role01"
          ]
        }
      ]
    },
    {
      "mode": "managed",
      "type": "aws_instance",
      "name": "shinjuku_ec201",
      "provider": "provider[\"registry.terraform.io/hashicorp/aws\"]",
      "instances": [
        {
          "schema_version": 2,
          "attributes": {
            "ami": "ami-088b486f20fab3f0e",
            "arn": "arn:aws:ec2:ap-northeast-1:975598471165:instance/i-0471e6059c97cf2e5",
            "associate_public_ip_address": false,
            "availability_zone": "ap-northeast-1a",
            "capacity_reservation_specification": [
              {
                "capacity_reservation_preference": "open",
                "capacity_reservation_target": []
              }
            ],
            "cpu_options": [
              {
                "amd_sev_snp": "",
                "core_count": 1,
                "nested_virtualization": "",
                "threads_per_core": 2
              }
            ],
            "credit_specification": [
              {
                "cpu_credits": "unlimited"
              }
            ],
            "disable_api_stop": false,
            "disable_api_termination": false,
            "ebs_block_device": [],
            "ebs_optimized": false,
            "enable_primary_ipv6": null,
            "enclave_options": [
              {
                "enabled": false
              }
            ],
            "ephemeral_block_device": [],
            "force_destroy": false,
            "get_password_data": false,
            "hibernation": false,
            "host_id": "",
            "host_resource_group_arn": null,
            "iam_instance_profile": "shinjuku-final-instance-profile01",
            "id": "i-0471e6059c97cf2e5",
            "instance_initiated_shutdown_behavior": "stop",
            "instance_lifecycle": "",
            "instance_market_options": [],
            "instance_state": "running",
            "instance_type": "t3.micro",
            "ipv6_address_count": 0,
            "ipv6_addresses": [],
            "key_name": "",
            "launch_template": [],
            "maintenance_options": [
              {
                "auto_recovery": "default"
              }
            ],
            "metadata_options": [
              {
                "http_endpoint": "enabled",
                "http_protocol_ipv6": "disabled",
                "http_put_response_hop_limit": 2,
                "http_tokens": "required",
                "instance_metadata_tags": "disabled"
              }
            ],
            "monitoring": false,
            "network_interface": [],
            "outpost_arn": "",
            "password_data": "",
            "placement_group": "",
            "placement_group_id": "",
            "placement_partition_number": 0,
            "primary_network_interface": [
              {
                "delete_on_termination": true,
                "network_interface_id": "eni-0ee1ff13347da52ce"
              }
            ],
            "primary_network_interface_id": "eni-0ee1ff13347da52ce",
            "private_dns": "ip-10-100-101-218.ap-northeast-1.compute.internal",
            "private_dns_name_options": [
              {
                "enable_resource_name_dns_a_record": false,
                "enable_resource_name_dns_aaaa_record": false,
                "hostname_type": "ip-name"
              }
            ],
            "private_ip": "10.100.101.218",
            "public_dns": "",
            "public_ip": "",
            "region": "ap-northeast-1",
            "root_block_device": [
              {
                "delete_on_termination": true,
                "device_name": "/dev/xvda",
                "encrypted": false,
                "iops": 3000,
                "kms_key_id": "",
                "tags": {},
                "tags_all": {},
                "throughput": 125,
                "volume_id": "vol-083d8773b6c644ffd",
                "volume_size": 8,
                "volume_type": "gp3"
              }
            ],
            "secondary_network_interface": [],
            "secondary_private_ips": [],
            "security_groups": [],
            "source_dest_check": true,
            "spot_instance_request_id": "",
            "subnet_id": "subnet-0fc27a548c818ca93",
            "tags": {
              "Name": "shinjuku-final-ec201"
            },
            "tags_all": {
              "Name": "shinjuku-final-ec201"
            },
            "tenancy": "default",
            "timeouts": null,
            "user_data": "#!/bin/bash\n# ============================================================\n# Tokyo (shinjuku) user_data.sh\n# Region: ap-northeast-1\n# Lab 3A: App connects to LOCAL RDS (same region).\n#         Tokyo is the data authority — RDS lives here.\n# ============================================================\n\nset -euo pipefail\n\n# 1. System Dependencies\ndnf update -y\ndnf install -y python3-pip mariadb105\npip3 install flask pymysql boto3 watchtower\n\n# 2. Directory Structure\nmkdir -p /opt/rdsapp/static\n\n# 2.1 Static Files\necho \"\u003ch1\u003eshinjuku — Tokyo App v3.0\u003c/h1\u003e\" \u003e /opt/rdsapp/static/index.html\necho \"Tokyo is the data authority. PHI lives here.\" \u003e /opt/rdsapp/static/example.txt\n\n# 3. Flask Application\n# FIX: STATIC_FOLDER was referenced but never defined — now defined as a constant.\n# FIX: SecretId changed from 'lab/rds/mysql' to match TF resource name pattern.\n# FIX: Added /health route required by ALB health check (path = /health).\n# FIX: AWS_REGION reads from environment (set by systemd, not hardcoded to us-east-1).\ncat \u003e/opt/rdsapp/app.py \u003c\u003c'PY'\nimport json\nimport os\nimport boto3\nimport pymysql\nimport logging\nimport time\nfrom flask import Flask, request, jsonify, make_response, send_from_directory\nfrom watchtower import CloudWatchLogHandler\n\n# FIX: Read region from environment — set correctly per-region in systemd unit\nREGION       = os.environ.get(\"AWS_REGION\", \"ap-northeast-1\")\nLOG_GROUP    = os.environ.get(\"LOG_GROUP\", \"/aws/ec2/lab-rds-app\")\nSTATIC_FOLDER = \"/opt/rdsapp/static\"   # FIX: was undefined, caused NameError on /static/* requests\nSECRET_ID    = os.environ.get(\"SECRET_ID\", \"shinjuku-final/rds/mysql1\")  # FIX: must match TF secret name\n\nssm = boto3.client(\"ssm\",           region_name=REGION)\nsm  = boto3.client(\"secretsmanager\", region_name=REGION)\ncw  = boto3.client(\"cloudwatch\",    region_name=REGION)\n\nlogger = logging.getLogger(__name__)\nlogger.setLevel(logging.INFO)\ntry:\n    cw_handler = CloudWatchLogHandler(\n        log_group=LOG_GROUP,\n        stream_name=\"app-stream\",\n        boto3_client=boto3.client(\"logs\", region_name=REGION)\n    )\n    logger.addHandler(cw_handler)\nexcept Exception as e:\n    print(f\"CloudWatch Logs setup pending: {e}\")\n\napp = Flask(__name__)\n\ndef record_failure(error_msg):\n    logger.error(f\"DB_CONNECTION_FAILURE: {error_msg}\")\n    try:\n        cw.put_metric_data(\n            Namespace=\"Lab/RDSApp\",\n            MetricData=[{\"MetricName\": \"DBConnectionErrors\", \"Value\": 1.0, \"Unit\": \"Count\"}]\n        )\n    except Exception as e:\n        logger.warning(f\"Failed to push metric: {e}\")\n\ndef get_config():\n    p_resp = ssm.get_parameters(\n        Names=[\"/lab/db/endpoint\", \"/lab/db/port\", \"/lab/db/name\"],\n        WithDecryption=False\n    )\n    p_map = {p[\"Name\"]: p[\"Value\"] for p in p_resp[\"Parameters\"]}\n    s_resp = sm.get_secret_value(SecretId=SECRET_ID)\n    secret = json.loads(s_resp[\"SecretString\"])\n    return {\n        \"host\":     p_map.get(\"/lab/db/endpoint\"),\n        \"port\":     int(p_map.get(\"/lab/db/port\", 3306)),\n        \"dbname\":   p_map.get(\"/lab/db/name\", \"labdb\"),\n        \"user\":     secret.get(\"username\"),\n        \"password\": secret.get(\"password\")\n    }\n\ndef get_conn():\n    c = get_config()\n    return pymysql.connect(\n        host=c[\"host\"], user=c[\"user\"], password=c[\"password\"],\n        port=c[\"port\"], database=c[\"dbname\"], autocommit=True,\n        connect_timeout=10  # Prevents hanging on TGW path issues\n    )\n\n# FIX: /health route added — ALB health check uses path=/health; without this\n#      all targets stay unhealthy and the ALB returns 502 for every request.\n@app.route(\"/health\")\ndef health():\n    return jsonify({\"status\": \"ok\", \"region\": REGION}), 200\n\n@app.route(\"/\")\ndef home():\n    return f\"\"\"\n    \u003ch1\u003eshinjuku RDS App — {REGION}\u003c/h1\u003e\n    \u003cul\u003e\n      \u003cli\u003e\u003ca href='/init'\u003e1. Init DB\u003c/a\u003e\u003c/li\u003e\n      \u003cli\u003e\u003ca href='/add?text=TokyoEntry'\u003e2. Add Note\u003c/a\u003e\u003c/li\u003e\n      \u003cli\u003e\u003ca href='/list'\u003e3. List Notes\u003c/a\u003e\u003c/li\u003e\n    \u003c/ul\u003e\n    \"\"\"\n\n@app.route(\"/add\")\ndef add_note():\n    note_text = request.args.get(\"text\", \"Manual Entry\")\n    try:\n        conn = get_conn()\n        cur  = conn.cursor()\n        cur.execute(\"INSERT INTO notes (note) VALUES (%s)\", (note_text,))\n        cur.close(); conn.close()\n        return f\"Added: {note_text} | \u003ca href='/list'\u003eView\u003c/a\u003e\"\n    except Exception as e:\n        record_failure(str(e))\n        return f\"Add Failed: {e}\", 500\n\n@app.route(\"/static/\u003cpath:filename\u003e\")\ndef serve_static(filename):\n    # FIX: STATIC_FOLDER is now defined above — this route was broken before\n    return send_from_directory(STATIC_FOLDER, filename)\n\n@app.route(\"/api/public-feed\")\ndef public_feed():\n    data = {\"message\": \"Tokyo feed — data authority\", \"server_time_utc\": time.time(), \"region\": REGION}\n    response = make_response(jsonify(data))\n    response.headers[\"Cache-Control\"] = \"public, s-maxage=30, max-age=0\"\n    return response\n\n@app.route(\"/api/list\")\ndef private_list():\n    try:\n        conn = get_conn()\n        cur  = conn.cursor()\n        cur.execute(\"SELECT note FROM notes ORDER BY id DESC LIMIT 5;\")\n        rows = cur.fetchall()\n        cur.close(); conn.close()\n        data = {\"notes\": [r[0] for r in rows], \"status\": \"private\", \"region\": REGION}\n    except Exception as e:\n        record_failure(str(e))\n        data = {\"error\": \"db_connection_failed\", \"detail\": str(e)}\n    response = make_response(jsonify(data))\n    response.headers[\"Cache-Control\"] = \"private, no-store\"\n    return response\n\n@app.route(\"/list\")\ndef list_notes():\n    try:\n        conn = get_conn()\n        cur  = conn.cursor()\n        cur.execute(\"SELECT id, note FROM notes ORDER BY id DESC;\")\n        rows = cur.fetchall()\n        cur.close(); conn.close()\n        return \"\u003ch3\u003eNotes (Tokyo RDS):\u003c/h3\u003e\" + \"\".join([f\"\u003cli\u003e{r[1]}\u003c/li\u003e\" for r in rows]) + \"\u003cbr\u003e\u003ca href='/'\u003eBack\u003c/a\u003e\"\n    except Exception as e:\n        record_failure(str(e))\n        return f\"List Failed: {e}\", 500\n\n@app.route(\"/api/records\", methods=[\"POST\"])\ndef add_record():\n    data       = request.get_json(silent=True) or {}\n    patient_id = data.get(\"patient_id\", \"UNKNOWN\")\n    note       = data.get(\"note\", \"\")\n    try:\n        conn = get_conn()\n        cur  = conn.cursor()\n        cur.execute(\"INSERT INTO notes (note) VALUES (%s)\", (f\"[{patient_id}] {note}\",))\n        cur.close(); conn.close()\n        return jsonify({\"status\": \"ok\", \"patient_id\": patient_id, \"written_by\": REGION, \"db\": \"tokyo-local\"}), 201\n    except Exception as e:\n        record_failure(str(e))\n        return jsonify({\"error\": \"db_write_failed\", \"detail\": str(e)}), 500\n\n@app.route(\"/api/records\", methods=[\"GET\"])\ndef get_records():\n    patient_id = request.args.get(\"patient_id\")\n    try:\n        conn = get_conn()\n        cur  = conn.cursor()\n        if patient_id:\n            cur.execute(\"SELECT note FROM notes WHERE note LIKE %s ORDER BY id DESC\", (f\"%{patient_id}%\",))\n        else:\n            cur.execute(\"SELECT note FROM notes ORDER BY id DESC LIMIT 10\")\n        rows = cur.fetchall()\n        cur.close(); conn.close()\n        return jsonify({\"records\": [r[0] for r in rows], \"served_by\": REGION, \"db\": \"tokyo\"}), 200\n    except Exception as e:\n        record_failure(str(e))\n        return jsonify({\"error\": \"db_read_failed\", \"detail\": str(e)}), 500\n\n@app.route(\"/init\")\ndef init_db():\n    try:\n        c = get_config()\n        conn = pymysql.connect(host=c[\"host\"], user=c[\"user\"], password=c[\"password\"], port=c[\"port\"])\n        cur  = conn.cursor()\n        cur.execute(f\"CREATE DATABASE IF NOT EXISTS {c['dbname']};\")\n        cur.execute(f\"USE {c['dbname']};\")\n        cur.execute(\"CREATE TABLE IF NOT EXISTS notes (id INT AUTO_INCREMENT PRIMARY KEY, note VARCHAR(255));\")\n        cur.close(); conn.close()\n        return \"Init OK! \u003ca href='/'\u003eBack\u003c/a\u003e\"\n    except Exception as e:\n        record_failure(str(e))\n        return f\"Init Failed: {e}\", 500\n\nif __name__ == \"__main__\":\n    app.run(host=\"0.0.0.0\", port=80)\nPY\n\n# 4. Systemd Service\n# FIX: AWS_REGION is now ap-northeast-1 (Tokyo) — was incorrectly us-east-1.\n# FIX: SECRET_ID and LOG_GROUP injected as env vars so app.py doesn't need\n#      hardcoded values that differ between Tokyo and São Paulo deployments.\ncat \u003e/etc/systemd/system/rdsapp.service \u003c\u003c'SERVICE'\n[Unit]\nDescription=shinjuku RDS App (Tokyo)\nAfter=network-online.target\nWants=network-online.target\n\n[Service]\nWorkingDirectory=/opt/rdsapp\nExecStartPre=/usr/bin/sleep 20\nExecStart=/usr/bin/python3 /opt/rdsapp/app.py\nRestart=always\nRestartSec=10s\nEnvironment=AWS_REGION=ap-northeast-1\nEnvironment=SECRET_ID=shinjuku-final/rds/mysql1\nEnvironment=LOG_GROUP=/aws/ec2/shinjuku-final-rds-app\n\n[Install]\nWantedBy=multi-user.target\nSERVICE\n\nsystemctl daemon-reload\nsystemctl enable rdsapp\nsystemctl start rdsapp\n",
            "user_data_base64": null,
            "user_data_replace_on_change": false,
            "volume_tags": null,
            "vpc_security_group_ids": [
              "sg-05b82ae1d94f2d579"
            ]
          },
          "sensitive_attributes": [],
          "identity_schema_version": 0,
          "identity": {
            "account_id": "975598471165",
            "id": "i-0471e6059c97cf2e5",
            "region": "ap-northeast-1"
          },
          "private": "eyJlMmJmYjczMC1lY2FhLTExZTYtOGY4OC0zNDM2M2JjN2M0YzAiOnsiY3JlYXRlIjo2MDAwMDAwMDAwMDAsImRlbGV0ZSI6MTIwMDAwMDAwMDAwMCwicmVhZCI6OTAwMDAwMDAwMDAwLCJ1cGRhdGUiOjYwMDAwMDAwMDAwMH0sInNjaGVtYV92ZXJzaW9uIjoiMiJ9",
          "dependencies": [
            "aws_iam_instance_profile.shinjuku_instance_profile01",
            "aws_iam_role.shinjuku_ec2_role01",
            "aws_security_group.shinjuku_ec2_sg01",
            "aws_subnet.shinjuku_private_subnets",
            "aws_vpc.shinjuku_vpc01"
          ]
        }
      ]
    },
    {
      "mode": "managed",
      "type": "aws_instance",
      "name": "shinjuku_ec201_private_bonus",
      "provider": "provider[\"registry.terraform.io/hashicorp/aws\"]",
      "instances": [
        {
          "schema_version": 2,
          "attributes": {
            "ami": "ami-088b486f20fab3f0e",
            "arn": "arn:aws:ec2:ap-northeast-1:975598471165:instance/i-082f91f709ae43e7d",
            "associate_public_ip_address": false,
            "availability_zone": "ap-northeast-1a",
            "capacity_reservation_specification": [
              {
                "capacity_reservation_preference": "open",
                "capacity_reservation_target": []
              }
            ],
            "cpu_options": [
              {
                "amd_sev_snp": "",
                "core_count": 1,
                "nested_virtualization": "",
                "threads_per_core": 2
              }
            ],
            "credit_specification": [
              {
                "cpu_credits": "unlimited"
              }
            ],
            "disable_api_stop": false,
            "disable_api_termination": false,
            "ebs_block_device": [],
            "ebs_optimized": false,
            "enable_primary_ipv6": null,
            "enclave_options": [
              {
                "enabled": false
              }
            ],
            "ephemeral_block_device": [],
            "force_destroy": false,
            "get_password_data": false,
            "hibernation": false,
            "host_id": "",
            "host_resource_group_arn": null,
            "iam_instance_profile": "shinjuku-final-instance-profile01",
            "id": "i-082f91f709ae43e7d",
            "instance_initiated_shutdown_behavior": "stop",
            "instance_lifecycle": "",
            "instance_market_options": [],
            "instance_state": "running",
            "instance_type": "t3.micro",
            "ipv6_address_count": 0,
            "ipv6_addresses": [],
            "key_name": "",
            "launch_template": [],
            "maintenance_options": [
              {
                "auto_recovery": "default"
              }
            ],
            "metadata_options": [
              {
                "http_endpoint": "enabled",
                "http_protocol_ipv6": "disabled",
                "http_put_response_hop_limit": 2,
                "http_tokens": "required",
                "instance_metadata_tags": "disabled"
              }
            ],
            "monitoring": false,
            "network_interface": [],
            "outpost_arn": "",
            "password_data": "",
            "placement_group": "",
            "placement_group_id": "",
            "placement_partition_number": 0,
            "primary_network_interface": [
              {
                "delete_on_termination": true,
                "network_interface_id": "eni-0b1665aa6ce8c529b"
              }
            ],
            "primary_network_interface_id": "eni-0b1665aa6ce8c529b",
            "private_dns": "ip-10-100-101-14.ap-northeast-1.compute.internal",
            "private_dns_name_options": [
              {
                "enable_resource_name_dns_a_record": false,
                "enable_resource_name_dns_aaaa_record": false,
                "hostname_type": "ip-name"
              }
            ],
            "private_ip": "10.100.101.14",
            "public_dns": "",
            "public_ip": "",
            "region": "ap-northeast-1",
            "root_block_device": [
              {
                "delete_on_termination": true,
                "device_name": "/dev/xvda",
                "encrypted": false,
                "iops": 3000,
                "kms_key_id": "",
                "tags": {},
                "tags_all": {},
                "throughput": 125,
                "volume_id": "vol-03865cc7338e97574",
                "volume_size": 8,
                "volume_type": "gp3"
              }
            ],
            "secondary_network_interface": [],
            "secondary_private_ips": [],
            "security_groups": [],
            "source_dest_check": true,
            "spot_instance_request_id": "",
            "subnet_id": "subnet-0fc27a548c818ca93",
            "tags": {
              "Name": "shinjuku-final-ec201-private"
            },
            "tags_all": {
              "Name": "shinjuku-final-ec201-private"
            },
            "tenancy": "default",
            "timeouts": null,
            "user_data": "#!/bin/bash\n# ============================================================\n# Tokyo (shinjuku) user_data.sh\n# Region: ap-northeast-1\n# Lab 3A: App connects to LOCAL RDS (same region).\n#         Tokyo is the data authority — RDS lives here.\n# ============================================================\n\nset -euo pipefail\n\n# 1. System Dependencies\ndnf update -y\ndnf install -y python3-pip mariadb105\npip3 install flask pymysql boto3 watchtower\n\n# 2. Directory Structure\nmkdir -p /opt/rdsapp/static\n\n# 2.1 Static Files\necho \"\u003ch1\u003eshinjuku — Tokyo App v3.0\u003c/h1\u003e\" \u003e /opt/rdsapp/static/index.html\necho \"Tokyo is the data authority. PHI lives here.\" \u003e /opt/rdsapp/static/example.txt\n\n# 3. Flask Application\n# FIX: STATIC_FOLDER was referenced but never defined — now defined as a constant.\n# FIX: SecretId changed from 'lab/rds/mysql' to match TF resource name pattern.\n# FIX: Added /health route required by ALB health check (path = /health).\n# FIX: AWS_REGION reads from environment (set by systemd, not hardcoded to us-east-1).\ncat \u003e/opt/rdsapp/app.py \u003c\u003c'PY'\nimport json\nimport os\nimport boto3\nimport pymysql\nimport logging\nimport time\nfrom flask import Flask, request, jsonify, make_response, send_from_directory\nfrom watchtower import CloudWatchLogHandler\n\n# FIX: Read region from environment — set correctly per-region in systemd unit\nREGION       = os.environ.get(\"AWS_REGION\", \"ap-northeast-1\")\nLOG_GROUP    = os.environ.get(\"LOG_GROUP\", \"/aws/ec2/lab-rds-app\")\nSTATIC_FOLDER = \"/opt/rdsapp/static\"   # FIX: was undefined, caused NameError on /static/* requests\nSECRET_ID    = os.environ.get(\"SECRET_ID\", \"shinjuku-final/rds/mysql1\")  # FIX: must match TF secret name\n\nssm = boto3.client(\"ssm\",           region_name=REGION)\nsm  = boto3.client(\"secretsmanager\", region_name=REGION)\ncw  = boto3.client(\"cloudwatch\",    region_name=REGION)\n\nlogger = logging.getLogger(__name__)\nlogger.setLevel(logging.INFO)\ntry:\n    cw_handler = CloudWatchLogHandler(\n        log_group=LOG_GROUP,\n        stream_name=\"app-stream\",\n        boto3_client=boto3.client(\"logs\", region_name=REGION)\n    )\n    logger.addHandler(cw_handler)\nexcept Exception as e:\n    print(f\"CloudWatch Logs setup pending: {e}\")\n\napp = Flask(__name__)\n\ndef record_failure(error_msg):\n    logger.error(f\"DB_CONNECTION_FAILURE: {error_msg}\")\n    try:\n        cw.put_metric_data(\n            Namespace=\"Lab/RDSApp\",\n            MetricData=[{\"MetricName\": \"DBConnectionErrors\", \"Value\": 1.0, \"Unit\": \"Count\"}]\n        )\n    except Exception as e:\n        logger.warning(f\"Failed to push metric: {e}\")\n\ndef get_config():\n    p_resp = ssm.get_parameters(\n        Names=[\"/lab/db/endpoint\", \"/lab/db/port\", \"/lab/db/name\"],\n        WithDecryption=False\n    )\n    p_map = {p[\"Name\"]: p[\"Value\"] for p in p_resp[\"Parameters\"]}\n    s_resp = sm.get_secret_value(SecretId=SECRET_ID)\n    secret = json.loads(s_resp[\"SecretString\"])\n    return {\n        \"host\":     p_map.get(\"/lab/db/endpoint\"),\n        \"port\":     int(p_map.get(\"/lab/db/port\", 3306)),\n        \"dbname\":   p_map.get(\"/lab/db/name\", \"labdb\"),\n        \"user\":     secret.get(\"username\"),\n        \"password\": secret.get(\"password\")\n    }\n\ndef get_conn():\n    c = get_config()\n    return pymysql.connect(\n        host=c[\"host\"], user=c[\"user\"], password=c[\"password\"],\n        port=c[\"port\"], database=c[\"dbname\"], autocommit=True,\n        connect_timeout=10  # Prevents hanging on TGW path issues\n    )\n\n# FIX: /health route added — ALB health check uses path=/health; without this\n#      all targets stay unhealthy and the ALB returns 502 for every request.\n@app.route(\"/health\")\ndef health():\n    return jsonify({\"status\": \"ok\", \"region\": REGION}), 200\n\n@app.route(\"/\")\ndef home():\n    return f\"\"\"\n    \u003ch1\u003eshinjuku RDS App — {REGION}\u003c/h1\u003e\n    \u003cul\u003e\n      \u003cli\u003e\u003ca href='/init'\u003e1. Init DB\u003c/a\u003e\u003c/li\u003e\n      \u003cli\u003e\u003ca href='/add?text=TokyoEntry'\u003e2. Add Note\u003c/a\u003e\u003c/li\u003e\n      \u003cli\u003e\u003ca href='/list'\u003e3. List Notes\u003c/a\u003e\u003c/li\u003e\n    \u003c/ul\u003e\n    \"\"\"\n\n@app.route(\"/add\")\ndef add_note():\n    note_text = request.args.get(\"text\", \"Manual Entry\")\n    try:\n        conn = get_conn()\n        cur  = conn.cursor()\n        cur.execute(\"INSERT INTO notes (note) VALUES (%s)\", (note_text,))\n        cur.close(); conn.close()\n        return f\"Added: {note_text} | \u003ca href='/list'\u003eView\u003c/a\u003e\"\n    except Exception as e:\n        record_failure(str(e))\n        return f\"Add Failed: {e}\", 500\n\n@app.route(\"/static/\u003cpath:filename\u003e\")\ndef serve_static(filename):\n    # FIX: STATIC_FOLDER is now defined above — this route was broken before\n    return send_from_directory(STATIC_FOLDER, filename)\n\n@app.route(\"/api/public-feed\")\ndef public_feed():\n    data = {\"message\": \"Tokyo feed — data authority\", \"server_time_utc\": time.time(), \"region\": REGION}\n    response = make_response(jsonify(data))\n    response.headers[\"Cache-Control\"] = \"public, s-maxage=30, max-age=0\"\n    return response\n\n@app.route(\"/api/list\")\ndef private_list():\n    try:\n        conn = get_conn()\n        cur  = conn.cursor()\n        cur.execute(\"SELECT note FROM notes ORDER BY id DESC LIMIT 5;\")\n        rows = cur.fetchall()\n        cur.close(); conn.close()\n        data = {\"notes\": [r[0] for r in rows], \"status\": \"private\", \"region\": REGION}\n    except Exception as e:\n        record_failure(str(e))\n        data = {\"error\": \"db_connection_failed\", \"detail\": str(e)}\n    response = make_response(jsonify(data))\n    response.headers[\"Cache-Control\"] = \"private, no-store\"\n    return response\n\n@app.route(\"/list\")\ndef list_notes():\n    try:\n        conn = get_conn()\n        cur  = conn.cursor()\n        cur.execute(\"SELECT id, note FROM notes ORDER BY id DESC;\")\n        rows = cur.fetchall()\n        cur.close(); conn.close()\n        return \"\u003ch3\u003eNotes (Tokyo RDS):\u003c/h3\u003e\" + \"\".join([f\"\u003cli\u003e{r[1]}\u003c/li\u003e\" for r in rows]) + \"\u003cbr\u003e\u003ca href='/'\u003eBack\u003c/a\u003e\"\n    except Exception as e:\n        record_failure(str(e))\n        return f\"List Failed: {e}\", 500\n\n@app.route(\"/api/records\", methods=[\"POST\"])\ndef add_record():\n    data       = request.get_json(silent=True) or {}\n    patient_id = data.get(\"patient_id\", \"UNKNOWN\")\n    note       = data.get(\"note\", \"\")\n    try:\n        conn = get_conn()\n        cur  = conn.cursor()\n        cur.execute(\"INSERT INTO notes (note) VALUES (%s)\", (f\"[{patient_id}] {note}\",))\n        cur.close(); conn.close()\n        return jsonify({\"status\": \"ok\", \"patient_id\": patient_id, \"written_by\": REGION, \"db\": \"tokyo-local\"}), 201\n    except Exception as e:\n        record_failure(str(e))\n        return jsonify({\"error\": \"db_write_failed\", \"detail\": str(e)}), 500\n\n@app.route(\"/api/records\", methods=[\"GET\"])\ndef get_records():\n    patient_id = request.args.get(\"patient_id\")\n    try:\n        conn = get_conn()\n        cur  = conn.cursor()\n        if patient_id:\n            cur.execute(\"SELECT note FROM notes WHERE note LIKE %s ORDER BY id DESC\", (f\"%{patient_id}%\",))\n        else:\n            cur.execute(\"SELECT note FROM notes ORDER BY id DESC LIMIT 10\")\n        rows = cur.fetchall()\n        cur.close(); conn.close()\n        return jsonify({\"records\": [r[0] for r in rows], \"served_by\": REGION, \"db\": \"tokyo\"}), 200\n    except Exception as e:\n        record_failure(str(e))\n        return jsonify({\"error\": \"db_read_failed\", \"detail\": str(e)}), 500\n\n@app.route(\"/init\")\ndef init_db():\n    try:\n        c = get_config()\n        conn = pymysql.connect(host=c[\"host\"], user=c[\"user\"], password=c[\"password\"], port=c[\"port\"])\n        cur  = conn.cursor()\n        cur.execute(f\"CREATE DATABASE IF NOT EXISTS {c['dbname']};\")\n        cur.execute(f\"USE {c['dbname']};\")\n        cur.execute(\"CREATE TABLE IF NOT EXISTS notes (id INT AUTO_INCREMENT PRIMARY KEY, note VARCHAR(255));\")\n        cur.close(); conn.close()\n        return \"Init OK! \u003ca href='/'\u003eBack\u003c/a\u003e\"\n    except Exception as e:\n        record_failure(str(e))\n        return f\"Init Failed: {e}\", 500\n\nif __name__ == \"__main__\":\n    app.run(host=\"0.0.0.0\", port=80)\nPY\n\n# 4. Systemd Service\n# FIX: AWS_REGION is now ap-northeast-1 (Tokyo) — was incorrectly us-east-1.\n# FIX: SECRET_ID and LOG_GROUP injected as env vars so app.py doesn't need\n#      hardcoded values that differ between Tokyo and São Paulo deployments.\ncat \u003e/etc/systemd/system/rdsapp.service \u003c\u003c'SERVICE'\n[Unit]\nDescription=shinjuku RDS App (Tokyo)\nAfter=network-online.target\nWants=network-online.target\n\n[Service]\nWorkingDirectory=/opt/rdsapp\nExecStartPre=/usr/bin/sleep 20\nExecStart=/usr/bin/python3 /opt/rdsapp/app.py\nRestart=always\nRestartSec=10s\nEnvironment=AWS_REGION=ap-northeast-1\nEnvironment=SECRET_ID=shinjuku-final/rds/mysql1\nEnvironment=LOG_GROUP=/aws/ec2/shinjuku-final-rds-app\n\n[Install]\nWantedBy=multi-user.target\nSERVICE\n\nsystemctl daemon-reload\nsystemctl enable rdsapp\nsystemctl start rdsapp\n",
            "user_data_base64": null,
            "user_data_replace_on_change": false,
            "volume_tags": null,
            "vpc_security_group_ids": [
              "sg-05b82ae1d94f2d579"
            ]
          },
          "sensitive_attributes": [],
          "identity_schema_version": 0,
          "identity": {
            "account_id": "975598471165",
            "id": "i-082f91f709ae43e7d",
            "region": "ap-northeast-1"
          },
          "private": "eyJlMmJmYjczMC1lY2FhLTExZTYtOGY4OC0zNDM2M2JjN2M0YzAiOnsiY3JlYXRlIjo2MDAwMDAwMDAwMDAsImRlbGV0ZSI6MTIwMDAwMDAwMDAwMCwicmVhZCI6OTAwMDAwMDAwMDAwLCJ1cGRhdGUiOjYwMDAwMDAwMDAwMH0sInNjaGVtYV92ZXJzaW9uIjoiMiJ9",
          "dependencies": [
            "aws_iam_instance_profile.shinjuku_instance_profile01",
            "aws_iam_role.shinjuku_ec2_role01",
            "aws_security_group.shinjuku_ec2_sg01",
            "aws_subnet.shinjuku_private_subnets",
            "aws_vpc.shinjuku_vpc01"
          ]
        }
      ]
    },
    {
      "mode": "managed",
      "type": "aws_internet_gateway",
      "name": "shinjuku_igw01",
      "provider": "provider[\"registry.terraform.io/hashicorp/aws\"]",
      "instances": [
        {
          "schema_version": 0,
          "attributes": {
            "arn": "arn:aws:ec2:ap-northeast-1:975598471165:internet-gateway/igw-002918abe479efb78",
            "id": "igw-002918abe479efb78",
            "owner_id": "975598471165",
            "region": "ap-northeast-1",
            "tags": {
              "Name": "shinjuku-final-igw01"
            },
            "tags_all": {
              "Name": "shinjuku-final-igw01"
            },
            "timeouts": null,
            "vpc_id": "vpc-0b9de40ee844fa645"
          },
          "sensitive_attributes": [],
          "identity_schema_version": 0,
          "private": "eyJlMmJmYjczMC1lY2FhLTExZTYtOGY4OC0zNDM2M2JjN2M0YzAiOnsiY3JlYXRlIjoxMjAwMDAwMDAwMDAwLCJkZWxldGUiOjEyMDAwMDAwMDAwMDAsInVwZGF0ZSI6MTIwMDAwMDAwMDAwMH19",
          "dependencies": [
            "aws_vpc.shinjuku_vpc01"
          ]
        }
      ]
    },
    {
      "mode": "managed",
      "type": "aws_lb",
      "name": "shinjuku_alb01",
      "provider": "provider[\"registry.terraform.io/hashicorp/aws\"]",
      "instances": [
        {
          "schema_version": 0,
          "attributes": {
            "access_logs": [
              {
                "bucket": "shinjuku-final-alb-logs-975598471165",
                "enabled": true,
                "prefix": "alb-access-logs"
              }
            ],
            "arn": "arn:aws:elasticloadbalancing:ap-northeast-1:975598471165:loadbalancer/app/shinjuku-final-alb01/69bd91fc20d9a734",
            "arn_suffix": "app/shinjuku-final-alb01/69bd91fc20d9a734",
            "client_keep_alive": 3600,
            "connection_logs": [
              {
                "bucket": "",
                "enabled": false,
                "prefix": ""
              }
            ],
            "customer_owned_ipv4_pool": "",
            "desync_mitigation_mode": "defensive",
            "dns_name": "shinjuku-final-alb01-1645860953.ap-northeast-1.elb.amazonaws.com",
            "dns_record_client_routing_policy": null,
            "drop_invalid_header_fields": false,
            "enable_cross_zone_load_balancing": true,
            "enable_deletion_protection": false,
            "enable_http2": true,
            "enable_tls_version_and_cipher_suite_headers": false,
            "enable_waf_fail_open": false,
            "enable_xff_client_port": false,
            "enable_zonal_shift": false,
            "enforce_security_group_inbound_rules_on_private_link_traffic": "",
            "health_check_logs": [
              {
                "bucket": "",
                "enabled": false,
                "prefix": ""
              }
            ],
            "id": "arn:aws:elasticloadbalancing:ap-northeast-1:975598471165:loadbalancer/app/shinjuku-final-alb01/69bd91fc20d9a734",
            "idle_timeout": 60,
            "internal": false,
            "ip_address_type": "ipv4",
            "ipam_pools": [],
            "load_balancer_type": "application",
            "minimum_load_balancer_capacity": [],
            "name": "shinjuku-final-alb01",
            "name_prefix": "",
            "preserve_host_header": false,
            "region": "ap-northeast-1",
            "secondary_ips_auto_assigned_per_subnet": null,
            "security_groups": [
              "sg-0acbb6a01bd13be28"
            ],
            "subnet_mapping": [
              {
                "allocation_id": "",
                "ipv6_address": "",
                "outpost_id": "",
                "private_ipv4_address": "",
                "subnet_id": "subnet-01896031a79b39a85"
              },
              {
                "allocation_id": "",
                "ipv6_address": "",
                "outpost_id": "",
                "private_ipv4_address": "",
                "subnet_id": "subnet-0a3ec2949828b4162"
              }
            ],
            "subnets": [
              "subnet-01896031a79b39a85",
              "subnet-0a3ec2949828b4162"
            ],
            "tags": {
              "Name": "shinjuku-final-alb01"
            },
            "tags_all": {
              "Name": "shinjuku-final-alb01"
            },
            "timeouts": null,
            "vpc_id": "vpc-0b9de40ee844fa645",
            "xff_header_processing_mode": "append",
            "zone_id": "Z14GRHDCWA56QT"
          },
          "sensitive_attributes": [],
          "identity_schema_version": 0,
          "identity": {
            "arn": "arn:aws:elasticloadbalancing:ap-northeast-1:975598471165:loadbalancer/app/shinjuku-final-alb01/69bd91fc20d9a734"
          },
          "private": "eyJlMmJmYjczMC1lY2FhLTExZTYtOGY4OC0zNDM2M2JjN2M0YzAiOnsiY3JlYXRlIjo2MDAwMDAwMDAwMDAsImRlbGV0ZSI6NjAwMDAwMDAwMDAwLCJ1cGRhdGUiOjYwMDAwMDAwMDAwMH19",
          "dependencies": [
            "aws_s3_bucket.shinjuku_alb_logs_bucket01",
            "aws_security_group.shinjuku_alb_sg01",
            "aws_subnet.shinjuku_public_subnets",
            "aws_vpc.shinjuku_vpc01",
            "data.aws_caller_identity.shinjuku_self01"
          ]
        }
      ]
    },
    {
      "mode": "managed",
      "type": "aws_lb_listener",
      "name": "shinjuku_http_listener01",
      "provider": "provider[\"registry.terraform.io/hashicorp/aws\"]",
      "instances": [
        {
          "schema_version": 0,
          "attributes": {
            "alpn_policy": null,
            "arn": "arn:aws:elasticloadbalancing:ap-northeast-1:975598471165:listener/app/shinjuku-final-alb01/69bd91fc20d9a734/15398fcc299ab1a2",
            "certificate_arn": null,
            "default_action": [
              {
                "authenticate_cognito": [],
                "authenticate_oidc": [],
                "fixed_response": [],
                "forward": [],
                "jwt_validation": [],
                "order": 1,
                "redirect": [],
                "target_group_arn": "arn:aws:elasticloadbalancing:ap-northeast-1:975598471165:targetgroup/shinjuku-final-tg01/813df654607557dc",
                "type": "forward"
              }
            ],
            "id": "arn:aws:elasticloadbalancing:ap-northeast-1:975598471165:listener/app/shinjuku-final-alb01/69bd91fc20d9a734/15398fcc299ab1a2",
            "load_balancer_arn": "arn:aws:elasticloadbalancing:ap-northeast-1:975598471165:loadbalancer/app/shinjuku-final-alb01/69bd91fc20d9a734",
            "mutual_authentication": [],
            "port": 80,
            "protocol": "HTTP",
            "region": "ap-northeast-1",
            "routing_http_request_x_amzn_mtls_clientcert_header_name": null,
            "routing_http_request_x_amzn_mtls_clientcert_issuer_header_name": null,
            "routing_http_request_x_amzn_mtls_clientcert_leaf_header_name": null,
            "routing_http_request_x_amzn_mtls_clientcert_serial_number_header_name": null,
            "routing_http_request_x_amzn_mtls_clientcert_subject_header_name": null,
            "routing_http_request_x_amzn_mtls_clientcert_validity_header_name": null,
            "routing_http_request_x_amzn_tls_cipher_suite_header_name": null,
            "routing_http_request_x_amzn_tls_version_header_name": null,
            "routing_http_response_access_control_allow_credentials_header_value": "",
            "routing_http_response_access_control_allow_headers_header_value": "",
            "routing_http_response_access_control_allow_methods_header_value": "",
            "routing_http_response_access_control_allow_origin_header_value": "",
            "routing_http_response_access_control_expose_headers_header_value": "",
            "routing_http_response_access_control_max_age_header_value": "",
            "routing_http_response_content_security_policy_header_value": "",
            "routing_http_response_server_enabled": true,
            "routing_http_response_strict_transport_security_header_value": "",
            "routing_http_response_x_content_type_options_header_value": "",
            "routing_http_response_x_frame_options_header_value": "",
            "ssl_policy": "",
            "tags": {},
            "tags_all": {},
            "tcp_idle_timeout_seconds": null,
            "timeouts": null
          },
          "sensitive_attributes": [],
          "identity_schema_version": 0,
          "identity": {
            "arn": "arn:aws:elasticloadbalancing:ap-northeast-1:975598471165:listener/app/shinjuku-final-alb01/69bd91fc20d9a734/15398fcc299ab1a2"
          },
          "private": "eyJlMmJmYjczMC1lY2FhLTExZTYtOGY4OC0zNDM2M2JjN2M0YzAiOnsiY3JlYXRlIjozMDAwMDAwMDAwMDAsInVwZGF0ZSI6MzAwMDAwMDAwMDAwfX0=",
          "dependencies": [
            "aws_lb.shinjuku_alb01",
            "aws_lb_target_group.shinjuku_tg01",
            "aws_s3_bucket.shinjuku_alb_logs_bucket01",
            "aws_security_group.shinjuku_alb_sg01",
            "aws_subnet.shinjuku_public_subnets",
            "aws_vpc.shinjuku_vpc01",
            "data.aws_caller_identity.shinjuku_self01"
          ]
        }
      ]
    },
    {
      "mode": "managed",
      "type": "aws_lb_listener",
      "name": "shinjuku_https_listener01",
      "provider": "provider[\"registry.terraform.io/hashicorp/aws\"]",
      "instances": [
        {
          "schema_version": 0,
          "attributes": {
            "alpn_policy": null,
            "arn": "arn:aws:elasticloadbalancing:ap-northeast-1:975598471165:listener/app/shinjuku-final-alb01/69bd91fc20d9a734/2bf07c0a435e87bc",
            "certificate_arn": "arn:aws:acm:ap-northeast-1:975598471165:certificate/914ddeec-0b91-4cb6-9e9d-0bed79f819d2",
            "default_action": [
              {
                "authenticate_cognito": [],
                "authenticate_oidc": [],
                "fixed_response": [
                  {
                    "content_type": "text/plain",
                    "message_body": "Access Denied - Origin Header Required",
                    "status_code": "403"
                  }
                ],
                "forward": [],
                "jwt_validation": [],
                "order": 1,
                "redirect": [],
                "target_group_arn": "",
                "type": "fixed-response"
              }
            ],
            "id": "arn:aws:elasticloadbalancing:ap-northeast-1:975598471165:listener/app/shinjuku-final-alb01/69bd91fc20d9a734/2bf07c0a435e87bc",
            "load_balancer_arn": "arn:aws:elasticloadbalancing:ap-northeast-1:975598471165:loadbalancer/app/shinjuku-final-alb01/69bd91fc20d9a734",
            "mutual_authentication": [
              {
                "advertise_trust_store_ca_names": "",
                "ignore_client_certificate_expiry": false,
                "mode": "off",
                "trust_store_arn": ""
              }
            ],
            "port": 443,
            "protocol": "HTTPS",
            "region": "ap-northeast-1",
            "routing_http_request_x_amzn_mtls_clientcert_header_name": "",
            "routing_http_request_x_amzn_mtls_clientcert_issuer_header_name": "",
            "routing_http_request_x_amzn_mtls_clientcert_leaf_header_name": "",
            "routing_http_request_x_amzn_mtls_clientcert_serial_number_header_name": "",
            "routing_http_request_x_amzn_mtls_clientcert_subject_header_name": "",
            "routing_http_request_x_amzn_mtls_clientcert_validity_header_name": "",
            "routing_http_request_x_amzn_tls_cipher_suite_header_name": "",
            "routing_http_request_x_amzn_tls_version_header_name": "",
            "routing_http_response_access_control_allow_credentials_header_value": "",
            "routing_http_response_access_control_allow_headers_header_value": "",
            "routing_http_response_access_control_allow_methods_header_value": "",
            "routing_http_response_access_control_allow_origin_header_value": "",
            "routing_http_response_access_control_expose_headers_header_value": "",
            "routing_http_response_access_control_max_age_header_value": "",
            "routing_http_response_content_security_policy_header_value": "",
            "routing_http_response_server_enabled": true,
            "routing_http_response_strict_transport_security_header_value": "",
            "routing_http_response_x_content_type_options_header_value": "",
            "routing_http_response_x_frame_options_header_value": "",
            "ssl_policy": "ELBSecurityPolicy-TLS13-1-2-2021-06",
            "tags": {},
            "tags_all": {},
            "tcp_idle_timeout_seconds": null,
            "timeouts": null
          },
          "sensitive_attributes": [],
          "identity_schema_version": 0,
          "identity": {
            "arn": "arn:aws:elasticloadbalancing:ap-northeast-1:975598471165:listener/app/shinjuku-final-alb01/69bd91fc20d9a734/2bf07c0a435e87bc"
          },
          "private": "eyJlMmJmYjczMC1lY2FhLTExZTYtOGY4OC0zNDM2M2JjN2M0YzAiOnsiY3JlYXRlIjozMDAwMDAwMDAwMDAsInVwZGF0ZSI6MzAwMDAwMDAwMDAwfX0=",
          "dependencies": [
            "aws_acm_certificate.shinjuku_acm_cert01",
            "aws_acm_certificate_validation.shinjuku_acm_validation01_dns_bonus",
            "aws_lb.shinjuku_alb01",
            "aws_route53_record.shinjuku_acm_validation_records01",
            "aws_s3_bucket.shinjuku_alb_logs_bucket01",
            "aws_security_group.shinjuku_alb_sg01",
            "aws_subnet.shinjuku_public_subnets",
            "aws_vpc.shinjuku_vpc01",
            "data.aws_caller_identity.shinjuku_self01"
          ]
        }
      ]
    },
    {
      "mode": "managed",
      "type": "aws_lb_listener_rule",
      "name": "shinjuku_default_block01",
      "provider": "provider[\"registry.terraform.io/hashicorp/aws\"]",
      "instances": [
        {
          "schema_version": 0,
          "attributes": {
            "action": [
              {
                "authenticate_cognito": [],
                "authenticate_oidc": [],
                "fixed_response": [
                  {
                    "content_type": "text/plain",
                    "message_body": "Forbidden",
                    "status_code": "403"
                  }
                ],
                "forward": [],
                "jwt_validation": [],
                "order": 1,
                "redirect": [],
                "target_group_arn": "",
                "type": "fixed-response"
              }
            ],
            "arn": "arn:aws:elasticloadbalancing:ap-northeast-1:975598471165:listener-rule/app/shinjuku-final-alb01/69bd91fc20d9a734/2bf07c0a435e87bc/fd353b9ddddd1eab",
            "condition": [
              {
                "host_header": [],
                "http_header": [],
                "http_request_method": [],
                "path_pattern": [
                  {
                    "regex_values": [],
                    "values": [
                      "*"
                    ]
                  }
                ],
                "query_string": [],
                "source_ip": []
              }
            ],
            "id": "arn:aws:elasticloadbalancing:ap-northeast-1:975598471165:listener-rule/app/shinjuku-final-alb01/69bd91fc20d9a734/2bf07c0a435e87bc/fd353b9ddddd1eab",
            "listener_arn": "arn:aws:elasticloadbalancing:ap-northeast-1:975598471165:listener/app/shinjuku-final-alb01/69bd91fc20d9a734/2bf07c0a435e87bc",
            "priority": 99,
            "region": "ap-northeast-1",
            "tags": {},
            "tags_all": {},
            "transform": []
          },
          "sensitive_attributes": [],
          "identity_schema_version": 0,
          "identity": {
            "arn": "arn:aws:elasticloadbalancing:ap-northeast-1:975598471165:listener-rule/app/shinjuku-final-alb01/69bd91fc20d9a734/2bf07c0a435e87bc/fd353b9ddddd1eab"
          },
          "private": "bnVsbA==",
          "dependencies": [
            "aws_acm_certificate.shinjuku_acm_cert01",
            "aws_acm_certificate_validation.shinjuku_acm_validation01_dns_bonus",
            "aws_lb.shinjuku_alb01",
            "aws_lb_listener.shinjuku_https_listener01",
            "aws_route53_record.shinjuku_acm_validation_records01",
            "aws_s3_bucket.shinjuku_alb_logs_bucket01",
            "aws_security_group.shinjuku_alb_sg01",
            "aws_subnet.shinjuku_public_subnets",
            "aws_vpc.shinjuku_vpc01",
            "data.aws_caller_identity.shinjuku_self01"
          ]
        }
      ]
    },
    {
      "mode": "managed",
      "type": "aws_lb_listener_rule",
      "name": "shinjuku_require_origin_header01",
      "provider": "provider[\"registry.terraform.io/hashicorp/aws\"]",
      "instances": [
        {
          "schema_version": 0,
          "attributes": {
            "action": [
              {
                "authenticate_cognito": [],
                "authenticate_oidc": [],
                "fixed_response": [],
                "forward": [],
                "jwt_validation": [],
                "order": 1,
                "redirect": [],
                "target_group_arn": "arn:aws:elasticloadbalancing:ap-northeast-1:975598471165:targetgroup/shinjuku-final-tg01/813df654607557dc",
                "type": "forward"
              }
            ],
            "arn": "arn:aws:elasticloadbalancing:ap-northeast-1:975598471165:listener-rule/app/shinjuku-final-alb01/69bd91fc20d9a734/2bf07c0a435e87bc/80e4ac454cbc4b76",
            "condition": [
              {
                "host_header": [],
                "http_header": [
                  {
                    "http_header_name": "X-shinjuku-Growl",
                    "regex_values": [],
                    "values": [
                      "D7gS1tEWjjS61jx1fXOySrAvJj7i28qP"
                    ]
                  }
                ],
                "http_request_method": [],
                "path_pattern": [],
                "query_string": [],
                "source_ip": []
              }
            ],
            "id": "arn:aws:elasticloadbalancing:ap-northeast-1:975598471165:listener-rule/app/shinjuku-final-alb01/69bd91fc20d9a734/2bf07c0a435e87bc/80e4ac454cbc4b76",
            "listener_arn": "arn:aws:elasticloadbalancing:ap-northeast-1:975598471165:listener/app/shinjuku-final-alb01/69bd91fc20d9a734/2bf07c0a435e87bc",
            "priority": 1,
            "region": "ap-northeast-1",
            "tags": {},
            "tags_all": {},
            "transform": []
          },
          "sensitive_attributes": [
            [
              {
                "type": "get_attr",
                "value": "condition"
              }
            ]
          ],
          "identity_schema_version": 0,
          "identity": {
            "arn": "arn:aws:elasticloadbalancing:ap-northeast-1:975598471165:listener-rule/app/shinjuku-final-alb01/69bd91fc20d9a734/2bf07c0a435e87bc/80e4ac454cbc4b76"
          },
          "private": "bnVsbA==",
          "dependencies": [
            "aws_acm_certificate.shinjuku_acm_cert01",
            "aws_acm_certificate_validation.shinjuku_acm_validation01_dns_bonus",
            "aws_lb.shinjuku_alb01",
            "aws_lb_listener.shinjuku_https_listener01",
            "aws_lb_target_group.shinjuku_tg01",
            "aws_route53_record.shinjuku_acm_validation_records01",
            "aws_s3_bucket.shinjuku_alb_logs_bucket01",
            "aws_security_group.shinjuku_alb_sg01",
            "aws_subnet.shinjuku_public_subnets",
            "aws_vpc.shinjuku_vpc01",
            "data.aws_caller_identity.shinjuku_self01",
            "random_password.shinjuku_origin_header_value01"
          ]
        }
      ]
    },
    {
      "mode": "managed",
      "type": "aws_lb_target_group",
      "name": "shinjuku_tg01",
      "provider": "provider[\"registry.terraform.io/hashicorp/aws\"]",
      "instances": [
        {
          "schema_version": 0,
          "attributes": {
            "arn": "arn:aws:elasticloadbalancing:ap-northeast-1:975598471165:targetgroup/shinjuku-final-tg01/813df654607557dc",
            "arn_suffix": "targetgroup/shinjuku-final-tg01/813df654607557dc",
            "connection_termination": null,
            "deregistration_delay": "300",
            "health_check": [
              {
                "enabled": true,
                "healthy_threshold": 2,
                "interval": 30,
                "matcher": "200-399",
                "path": "/health",
                "port": "traffic-port",
                "protocol": "HTTP",
                "timeout": 5,
                "unhealthy_threshold": 2
              }
            ],
            "id": "arn:aws:elasticloadbalancing:ap-northeast-1:975598471165:targetgroup/shinjuku-final-tg01/813df654607557dc",
            "ip_address_type": "ipv4",
            "lambda_multi_value_headers_enabled": false,
            "load_balancer_arns": [
              "arn:aws:elasticloadbalancing:ap-northeast-1:975598471165:loadbalancer/app/shinjuku-final-alb01/69bd91fc20d9a734"
            ],
            "load_balancing_algorithm_type": "round_robin",
            "load_balancing_anomaly_mitigation": "off",
            "load_balancing_cross_zone_enabled": "use_load_balancer_configuration",
            "name": "shinjuku-final-tg01",
            "name_prefix": "",
            "port": 80,
            "preserve_client_ip": null,
            "protocol": "HTTP",
            "protocol_version": "HTTP1",
            "proxy_protocol_v2": false,
            "region": "ap-northeast-1",
            "slow_start": 0,
            "stickiness": [
              {
                "cookie_duration": 86400,
                "cookie_name": "",
                "enabled": false,
                "type": "lb_cookie"
              }
            ],
            "tags": {
              "Name": "shinjuku-final-tg01"
            },
            "tags_all": {
              "Name": "shinjuku-final-tg01"
            },
            "target_control_port": 0,
            "target_failover": [
              {
                "on_deregistration": null,
                "on_unhealthy": null
              }
            ],
            "target_group_health": [
              {
                "dns_failover": [
                  {
                    "minimum_healthy_targets_count": "1",
                    "minimum_healthy_targets_percentage": "off"
                  }
                ],
                "unhealthy_state_routing": [
                  {
                    "minimum_healthy_targets_count": 1,
                    "minimum_healthy_targets_percentage": "off"
                  }
                ]
              }
            ],
            "target_health_state": [
              {
                "enable_unhealthy_connection_termination": null,
                "unhealthy_draining_interval": null
              }
            ],
            "target_type": "instance",
            "vpc_id": "vpc-0b9de40ee844fa645"
          },
          "sensitive_attributes": [],
          "identity_schema_version": 0,
          "identity": {
            "arn": "arn:aws:elasticloadbalancing:ap-northeast-1:975598471165:targetgroup/shinjuku-final-tg01/813df654607557dc"
          },
          "private": "bnVsbA==",
          "dependencies": [
            "aws_vpc.shinjuku_vpc01"
          ]
        }
      ]
    },
    {
      "mode": "managed",
      "type": "aws_lb_target_group_attachment",
      "name": "shinjuku_tg_attach01",
      "provider": "provider[\"registry.terraform.io/hashicorp/aws\"]",
      "instances": [
        {
          "schema_version": 0,
          "attributes": {
            "availability_zone": null,
            "id": "arn:aws:elasticloadbalancing:ap-northeast-1:975598471165:targetgroup/shinjuku-final-tg01/813df654607557dc,i-082f91f709ae43e7d,80",
            "port": 80,
            "quic_server_id": null,
            "region": "ap-northeast-1",
            "target_group_arn": "arn:aws:elasticloadbalancing:ap-northeast-1:975598471165:targetgroup/shinjuku-final-tg01/813df654607557dc",
            "target_id": "i-082f91f709ae43e7d"
          },
          "sensitive_attributes": [],
          "identity_schema_version": 0,
          "identity": {
            "account_id": "975598471165",
            "availability_zone": null,
            "port": 80,
            "quic_server_id": null,
            "region": "ap-northeast-1",
            "target_group_arn": "arn:aws:elasticloadbalancing:ap-northeast-1:975598471165:targetgroup/shinjuku-final-tg01/813df654607557dc",
            "target_id": "i-082f91f709ae43e7d"
          },
          "private": "bnVsbA==",
          "dependencies": [
            "aws_iam_instance_profile.shinjuku_instance_profile01",
            "aws_iam_role.shinjuku_ec2_role01",
            "aws_instance.shinjuku_ec201_private_bonus",
            "aws_lb_target_group.shinjuku_tg01",
            "aws_security_group.shinjuku_ec2_sg01",
            "aws_subnet.shinjuku_private_subnets",
            "aws_vpc.shinjuku_vpc01"
          ]
        }
      ]
    },
    {
      "mode": "managed",
      "type": "aws_nat_gateway",
      "name": "shinjuku_nat01",
      "provider": "provider[\"registry.terraform.io/hashicorp/aws\"]",
      "instances": [
        {
          "schema_version": 0,
          "attributes": {
            "allocation_id": "eipalloc-01aebba8661d707e8",
            "association_id": "eipassoc-028f86f8f123baebd",
            "auto_provision_zones": null,
            "auto_scaling_ips": null,
            "availability_mode": "zonal",
            "availability_zone_address": [],
            "connectivity_type": "public",
            "id": "nat-07644fcd7e6b05aea",
            "network_interface_id": "eni-0fd79a7dbdecdf496",
            "private_ip": "10.100.1.62",
            "public_ip": "13.192.191.200",
            "region": "ap-northeast-1",
            "regional_nat_gateway_address": [],
            "regional_nat_gateway_auto_mode": null,
            "route_table_id": null,
            "secondary_allocation_ids": [],
            "secondary_private_ip_address_count": 0,
            "secondary_private_ip_addresses": [],
            "subnet_id": "subnet-0a3ec2949828b4162",
            "tags": {
              "Name": "shinjuku-final-nat01"
            },
            "tags_all": {
              "Name": "shinjuku-final-nat01"
            },
            "timeouts": null,
            "vpc_id": "vpc-0b9de40ee844fa645"
          },
          "sensitive_attributes": [],
          "identity_schema_version": 0,
          "private": "eyJlMmJmYjczMC1lY2FhLTExZTYtOGY4OC0zNDM2M2JjN2M0YzAiOnsiY3JlYXRlIjo2MDAwMDAwMDAwMDAsImRlbGV0ZSI6MTgwMDAwMDAwMDAwMCwidXBkYXRlIjo2MDAwMDAwMDAwMDB9fQ==",
          "dependencies": [
            "aws_eip.shinjuku_nat_eip01",
            "aws_internet_gateway.shinjuku_igw01",
            "aws_subnet.shinjuku_public_subnets",
            "aws_vpc.shinjuku_vpc01"
          ]
        }
      ]
    },
    {
      "mode": "managed",
      "type": "aws_route",
      "name": "shinjuku_private_default_route",
      "provider": "provider[\"registry.terraform.io/hashicorp/aws\"]",
      "instances": [
        {
          "schema_version": 0,
          "attributes": {
            "carrier_gateway_id": "",
            "core_network_arn": "",
            "destination_cidr_block": "0.0.0.0/0",
            "destination_ipv6_cidr_block": "",
            "destination_prefix_list_id": "",
            "egress_only_gateway_id": "",
            "gateway_id": "",
            "id": "r-rtb-0d70451d36e7a32b91080289494",
            "instance_id": "",
            "instance_owner_id": "",
            "local_gateway_id": "",
            "nat_gateway_id": "nat-07644fcd7e6b05aea",
            "network_interface_id": "",
            "origin": "CreateRoute",
            "region": "ap-northeast-1",
            "route_table_id": "rtb-0d70451d36e7a32b9",
            "state": "active",
            "timeouts": null,
            "transit_gateway_id": "",
            "vpc_endpoint_id": "",
            "vpc_peering_connection_id": ""
          },
          "sensitive_attributes": [],
          "identity_schema_version": 0,
          "identity": {
            "account_id": "975598471165",
            "destination_cidr_block": "0.0.0.0/0",
            "destination_ipv6_cidr_block": null,
            "destination_prefix_list_id": null,
            "region": "ap-northeast-1",
            "route_table_id": "rtb-0d70451d36e7a32b9"
          },
          "private": "eyJlMmJmYjczMC1lY2FhLTExZTYtOGY4OC0zNDM2M2JjN2M0YzAiOnsiY3JlYXRlIjozMDAwMDAwMDAwMDAsImRlbGV0ZSI6MzAwMDAwMDAwMDAwLCJ1cGRhdGUiOjEyMDAwMDAwMDAwMH19",
          "dependencies": [
            "aws_eip.shinjuku_nat_eip01",
            "aws_internet_gateway.shinjuku_igw01",
            "aws_nat_gateway.shinjuku_nat01",
            "aws_route_table.shinjuku_private_rt01",
            "aws_subnet.shinjuku_public_subnets",
            "aws_vpc.shinjuku_vpc01"
          ]
        }
      ]
    },
    {
      "mode": "managed",
      "type": "aws_route",
      "name": "shinjuku_private_to_saopaulo",
      "provider": "provider[\"registry.terraform.io/hashicorp/aws\"]",
      "instances": [
        {
          "schema_version": 0,
          "attributes": {
            "carrier_gateway_id": "",
            "core_network_arn": "",
            "destination_cidr_block": "10.200.0.0/16",
            "destination_ipv6_cidr_block": "",
            "destination_prefix_list_id": "",
            "egress_only_gateway_id": "",
            "gateway_id": "",
            "id": "r-rtb-0d70451d36e7a32b94252409353",
            "instance_id": "",
            "instance_owner_id": "",
            "local_gateway_id": "",
            "nat_gateway_id": "",
            "network_interface_id": "",
            "origin": "CreateRoute",
            "region": "ap-northeast-1",
            "route_table_id": "rtb-0d70451d36e7a32b9",
            "state": "active",
            "timeouts": null,
            "transit_gateway_id": "tgw-0372e6a6b4b4da24b",
            "vpc_endpoint_id": "",
            "vpc_peering_connection_id": ""
          },
          "sensitive_attributes": [],
          "identity_schema_version": 0,
          "identity": {
            "account_id": "975598471165",
            "destination_cidr_block": "10.200.0.0/16",
            "destination_ipv6_cidr_block": null,
            "destination_prefix_list_id": null,
            "region": "ap-northeast-1",
            "route_table_id": "rtb-0d70451d36e7a32b9"
          },
          "private": "eyJlMmJmYjczMC1lY2FhLTExZTYtOGY4OC0zNDM2M2JjN2M0YzAiOnsiY3JlYXRlIjozMDAwMDAwMDAwMDAsImRlbGV0ZSI6MzAwMDAwMDAwMDAwLCJ1cGRhdGUiOjEyMDAwMDAwMDAwMH19",
          "dependencies": [
            "aws_ec2_transit_gateway.shinjuku_tgw01",
            "aws_ec2_transit_gateway_vpc_attachment.shinjuku_tgw_vpc_attach01",
            "aws_route_table.shinjuku_private_rt01",
            "aws_subnet.shinjuku_private_subnets",
            "aws_vpc.shinjuku_vpc01"
          ]
        }
      ]
    },
    {
      "mode": "managed",
      "type": "aws_route",
      "name": "shinjuku_public_default_route",
      "provider": "provider[\"registry.terraform.io/hashicorp/aws\"]",
      "instances": [
        {
          "schema_version": 0,
          "attributes": {
            "carrier_gateway_id": "",
            "core_network_arn": "",
            "destination_cidr_block": "0.0.0.0/0",
            "destination_ipv6_cidr_block": "",
            "destination_prefix_list_id": "",
            "egress_only_gateway_id": "",
            "gateway_id": "igw-002918abe479efb78",
            "id": "r-rtb-0ebbe09e8741a1d671080289494",
            "instance_id": "",
            "instance_owner_id": "",
            "local_gateway_id": "",
            "nat_gateway_id": "",
            "network_interface_id": "",
            "origin": "CreateRoute",
            "region": "ap-northeast-1",
            "route_table_id": "rtb-0ebbe09e8741a1d67",
            "state": "active",
            "timeouts": null,
            "transit_gateway_id": "",
            "vpc_endpoint_id": "",
            "vpc_peering_connection_id": ""
          },
          "sensitive_attributes": [],
          "identity_schema_version": 0,
          "identity": {
            "account_id": "975598471165",
            "destination_cidr_block": "0.0.0.0/0",
            "destination_ipv6_cidr_block": null,
            "destination_prefix_list_id": null,
            "region": "ap-northeast-1",
            "route_table_id": "rtb-0ebbe09e8741a1d67"
          },
          "private": "eyJlMmJmYjczMC1lY2FhLTExZTYtOGY4OC0zNDM2M2JjN2M0YzAiOnsiY3JlYXRlIjozMDAwMDAwMDAwMDAsImRlbGV0ZSI6MzAwMDAwMDAwMDAwLCJ1cGRhdGUiOjEyMDAwMDAwMDAwMH19",
          "dependencies": [
            "aws_internet_gateway.shinjuku_igw01",
            "aws_route_table.shinjuku_public_rt01",
            "aws_vpc.shinjuku_vpc01"
          ]
        }
      ]
    },
    {
      "mode": "managed",
      "type": "aws_route53_record",
      "name": "shinjuku_acm_validation",
      "provider": "provider[\"registry.terraform.io/hashicorp/aws\"]",
      "instances": [
        {
          "index_key": "app.firstpointand.click",
          "schema_version": 2,
          "attributes": {
            "alias": [],
            "allow_overwrite": true,
            "cidr_routing_policy": [],
            "failover_routing_policy": [],
            "fqdn": "_2887c024ef221b96b378e669c909a316.app.firstpointand.click",
            "geolocation_routing_policy": [],
            "geoproximity_routing_policy": [],
            "health_check_id": "",
            "id": "Z0577510JJCMGIYZ7086__2887c024ef221b96b378e669c909a316.app.firstpointand.click_CNAME",
            "latency_routing_policy": [],
            "multivalue_answer_routing_policy": false,
            "name": "_2887c024ef221b96b378e669c909a316.app.firstpointand.click",
            "records": [
              "_23ca46f13d74766d91eaccf83d750666.jkddzztszm.acm-validations.aws."
            ],
            "set_identifier": "",
            "timeouts": null,
            "ttl": 60,
            "type": "CNAME",
            "weighted_routing_policy": [],
            "zone_id": "Z0577510JJCMGIYZ7086"
          },
          "sensitive_attributes": [],
          "identity_schema_version": 0,
          "identity": {
            "account_id": "975598471165",
            "name": "_2887c024ef221b96b378e669c909a316.app.firstpointand.click",
            "set_identifier": null,
            "type": "CNAME",
            "zone_id": "Z0577510JJCMGIYZ7086"
          },
          "private": "eyJlMmJmYjczMC1lY2FhLTExZTYtOGY4OC0zNDM2M2JjN2M0YzAiOnsiY3JlYXRlIjoxODAwMDAwMDAwMDAwLCJkZWxldGUiOjE4MDAwMDAwMDAwMDAsInVwZGF0ZSI6MTgwMDAwMDAwMDAwMH0sInNjaGVtYV92ZXJzaW9uIjoiMiJ9",
          "dependencies": [
            "aws_acm_certificate.shinjuku_acm_cert01"
          ]
        }
      ]
    },
    {
      "mode": "managed",
      "type": "aws_route53_record",
      "name": "shinjuku_acm_validation_records01",
      "provider": "provider[\"registry.terraform.io/hashicorp/aws\"]",
      "instances": [
        {
          "index_key": "app.firstpointand.click",
          "schema_version": 2,
          "attributes": {
            "alias": [],
            "allow_overwrite": true,
            "cidr_routing_policy": [],
            "failover_routing_policy": [],
            "fqdn": "_2887c024ef221b96b378e669c909a316.app.firstpointand.click",
            "geolocation_routing_policy": [],
            "geoproximity_routing_policy": [],
            "health_check_id": "",
            "id": "Z0577510JJCMGIYZ7086__2887c024ef221b96b378e669c909a316.app.firstpointand.click_CNAME",
            "latency_routing_policy": [],
            "multivalue_answer_routing_policy": false,
            "name": "_2887c024ef221b96b378e669c909a316.app.firstpointand.click",
            "records": [
              "_23ca46f13d74766d91eaccf83d750666.jkddzztszm.acm-validations.aws."
            ],
            "set_identifier": "",
            "timeouts": null,
            "ttl": 6,
            "type": "CNAME",
            "weighted_routing_policy": [],
            "zone_id": "Z0577510JJCMGIYZ7086"
          },
          "sensitive_attributes": [],
          "identity_schema_version": 0,
          "identity": {
            "account_id": "975598471165",
            "name": "_2887c024ef221b96b378e669c909a316.app.firstpointand.click",
            "set_identifier": null,
            "type": "CNAME",
            "zone_id": "Z0577510JJCMGIYZ7086"
          },
          "private": "eyJlMmJmYjczMC1lY2FhLTExZTYtOGY4OC0zNDM2M2JjN2M0YzAiOnsiY3JlYXRlIjoxODAwMDAwMDAwMDAwLCJkZWxldGUiOjE4MDAwMDAwMDAwMDAsInVwZGF0ZSI6MTgwMDAwMDAwMDAwMH0sInNjaGVtYV92ZXJzaW9uIjoiMiJ9",
          "dependencies": [
            "aws_acm_certificate.shinjuku_acm_cert01"
          ]
        }
      ]
    },
    {
      "mode": "managed",
      "type": "aws_route53_record",
      "name": "shinjuku_apex_to_cf02",
      "provider": "provider[\"registry.terraform.io/hashicorp/aws\"]",
      "instances": [
        {
          "schema_version": 2,
          "attributes": {
            "alias": [
              {
                "evaluate_target_health": false,
                "name": "d3soab3h6migp9.cloudfront.net",
                "zone_id": "Z2FDTNDATAQYW2"
              }
            ],
            "allow_overwrite": null,
            "cidr_routing_policy": [],
            "failover_routing_policy": [],
            "fqdn": "firstpointand.click",
            "geolocation_routing_policy": [],
            "geoproximity_routing_policy": [],
            "health_check_id": "",
            "id": "Z0577510JJCMGIYZ7086_firstpointand.click_A",
            "latency_routing_policy": [],
            "multivalue_answer_routing_policy": false,
            "name": "firstpointand.click",
            "records": [],
            "set_identifier": "",
            "timeouts": null,
            "ttl": 0,
            "type": "A",
            "weighted_routing_policy": [],
            "zone_id": "Z0577510JJCMGIYZ7086"
          },
          "sensitive_attributes": [],
          "identity_schema_version": 0,
          "identity": {
            "account_id": "975598471165",
            "name": "firstpointand.click",
            "set_identifier": null,
            "type": "A",
            "zone_id": "Z0577510JJCMGIYZ7086"
          },
          "private": "eyJlMmJmYjczMC1lY2FhLTExZTYtOGY4OC0zNDM2M2JjN2M0YzAiOnsiY3JlYXRlIjoxODAwMDAwMDAwMDAwLCJkZWxldGUiOjE4MDAwMDAwMDAwMDAsInVwZGF0ZSI6MTgwMDAwMDAwMDAwMH0sInNjaGVtYV92ZXJzaW9uIjoiMiJ9",
          "dependencies": [
            "aws_acm_certificate.shinjuku_cf_cert01",
            "aws_cloudfront_cache_policy.shinjuku_cache_api_disabled01",
            "aws_cloudfront_cache_policy.shinjuku_cache_static01",
            "aws_cloudfront_distribution.shinjuku_cf01",
            "aws_cloudfront_origin_request_policy.shinjuku_orp_api01",
            "aws_cloudfront_origin_request_policy.shinjuku_orp_static01",
            "aws_cloudfront_response_headers_policy.shinjuku_rsp_static01",
            "aws_lb.shinjuku_alb01",
            "aws_s3_bucket.shinjuku_alb_logs_bucket01",
            "aws_security_group.shinjuku_alb_sg01",
            "aws_subnet.shinjuku_public_subnets",
            "aws_vpc.shinjuku_vpc01",
            "aws_wafv2_web_acl.shinjuku_cf_waf01",
            "data.aws_caller_identity.shinjuku_self01",
            "data.aws_route53_zone.shinjuku_existing_zone01",
            "random_password.shinjuku_origin_header_value01"
          ]
        }
      ]
    },
    {
      "mode": "managed",
      "type": "aws_route53_record",
      "name": "shinjuku_app_to_cf02",
      "provider": "provider[\"registry.terraform.io/hashicorp/aws\"]",
      "instances": [
        {
          "schema_version": 2,
          "attributes": {
            "alias": [
              {
                "evaluate_target_health": false,
                "name": "d3soab3h6migp9.cloudfront.net",
                "zone_id": "Z2FDTNDATAQYW2"
              }
            ],
            "allow_overwrite": null,
            "cidr_routing_policy": [],
            "failover_routing_policy": [],
            "fqdn": "app.firstpointand.click",
            "geolocation_routing_policy": [],
            "geoproximity_routing_policy": [],
            "health_check_id": "",
            "id": "Z0577510JJCMGIYZ7086_app.firstpointand.click_A",
            "latency_routing_policy": [],
            "multivalue_answer_routing_policy": false,
            "name": "app.firstpointand.click",
            "records": [],
            "set_identifier": "",
            "timeouts": null,
            "ttl": 0,
            "type": "A",
            "weighted_routing_policy": [],
            "zone_id": "Z0577510JJCMGIYZ7086"
          },
          "sensitive_attributes": [],
          "identity_schema_version": 0,
          "identity": {
            "account_id": "975598471165",
            "name": "app.firstpointand.click",
            "set_identifier": null,
            "type": "A",
            "zone_id": "Z0577510JJCMGIYZ7086"
          },
          "private": "eyJlMmJmYjczMC1lY2FhLTExZTYtOGY4OC0zNDM2M2JjN2M0YzAiOnsiY3JlYXRlIjoxODAwMDAwMDAwMDAwLCJkZWxldGUiOjE4MDAwMDAwMDAwMDAsInVwZGF0ZSI6MTgwMDAwMDAwMDAwMH0sInNjaGVtYV92ZXJzaW9uIjoiMiJ9",
          "dependencies": [
            "aws_acm_certificate.shinjuku_cf_cert01",
            "aws_cloudfront_cache_policy.shinjuku_cache_api_disabled01",
            "aws_cloudfront_cache_policy.shinjuku_cache_static01",
            "aws_cloudfront_distribution.shinjuku_cf01",
            "aws_cloudfront_origin_request_policy.shinjuku_orp_api01",
            "aws_cloudfront_origin_request_policy.shinjuku_orp_static01",
            "aws_cloudfront_response_headers_policy.shinjuku_rsp_static01",
            "aws_lb.shinjuku_alb01",
            "aws_s3_bucket.shinjuku_alb_logs_bucket01",
            "aws_security_group.shinjuku_alb_sg01",
            "aws_subnet.shinjuku_public_subnets",
            "aws_vpc.shinjuku_vpc01",
            "aws_wafv2_web_acl.shinjuku_cf_waf01",
            "data.aws_caller_identity.shinjuku_self01",
            "data.aws_route53_zone.shinjuku_existing_zone01",
            "random_password.shinjuku_origin_header_value01"
          ]
        }
      ]
    },
    {
      "mode": "managed",
      "type": "aws_route53_record",
      "name": "shinjuku_cf_validation",
      "provider": "provider[\"registry.terraform.io/hashicorp/aws\"]",
      "instances": [
        {
          "index_key": "app.firstpointand.click",
          "schema_version": 2,
          "attributes": {
            "alias": [],
            "allow_overwrite": true,
            "cidr_routing_policy": [],
            "failover_routing_policy": [],
            "fqdn": "_2887c024ef221b96b378e669c909a316.app.firstpointand.click",
            "geolocation_routing_policy": [],
            "geoproximity_routing_policy": [],
            "health_check_id": "",
            "id": "Z0577510JJCMGIYZ7086__2887c024ef221b96b378e669c909a316.app.firstpointand.click_CNAME",
            "latency_routing_policy": [],
            "multivalue_answer_routing_policy": false,
            "name": "_2887c024ef221b96b378e669c909a316.app.firstpointand.click",
            "records": [
              "_23ca46f13d74766d91eaccf83d750666.jkddzztszm.acm-validations.aws."
            ],
            "set_identifier": "",
            "timeouts": null,
            "ttl": 60,
            "type": "CNAME",
            "weighted_routing_policy": [],
            "zone_id": "Z0577510JJCMGIYZ7086"
          },
          "sensitive_attributes": [],
          "identity_schema_version": 0,
          "identity": {
            "account_id": "975598471165",
            "name": "_2887c024ef221b96b378e669c909a316.app.firstpointand.click",
            "set_identifier": null,
            "type": "CNAME",
            "zone_id": "Z0577510JJCMGIYZ7086"
          },
          "private": "eyJlMmJmYjczMC1lY2FhLTExZTYtOGY4OC0zNDM2M2JjN2M0YzAiOnsiY3JlYXRlIjoxODAwMDAwMDAwMDAwLCJkZWxldGUiOjE4MDAwMDAwMDAwMDAsInVwZGF0ZSI6MTgwMDAwMDAwMDAwMH0sInNjaGVtYV92ZXJzaW9uIjoiMiJ9",
          "dependencies": [
            "aws_acm_certificate.shinjuku_cf_cert01",
            "data.aws_route53_zone.shinjuku_existing_zone01"
          ]
        },
        {
          "index_key": "firstpointand.click",
          "schema_version": 2,
          "attributes": {
            "alias": [],
            "allow_overwrite": true,
            "cidr_routing_policy": [],
            "failover_routing_policy": [],
            "fqdn": "_7f4672efd368aa32db37ec2fc438f094.firstpointand.click",
            "geolocation_routing_policy": [],
            "geoproximity_routing_policy": [],
            "health_check_id": "",
            "id": "Z0577510JJCMGIYZ7086__7f4672efd368aa32db37ec2fc438f094.firstpointand.click._CNAME",
            "latency_routing_policy": [],
            "multivalue_answer_routing_policy": false,
            "name": "_7f4672efd368aa32db37ec2fc438f094.firstpointand.click",
            "records": [
              "_d0f4114bd1d320cf604de04bb81b8875.jkddzztszm.acm-validations.aws."
            ],
            "set_identifier": "",
            "timeouts": null,
            "ttl": 60,
            "type": "CNAME",
            "weighted_routing_policy": [],
            "zone_id": "Z0577510JJCMGIYZ7086"
          },
          "sensitive_attributes": [],
          "identity_schema_version": 0,
          "identity": {
            "account_id": "975598471165",
            "name": "_7f4672efd368aa32db37ec2fc438f094.firstpointand.click",
            "set_identifier": null,
            "type": "CNAME",
            "zone_id": "Z0577510JJCMGIYZ7086"
          },
          "private": "eyJlMmJmYjczMC1lY2FhLTExZTYtOGY4OC0zNDM2M2JjN2M0YzAiOnsiY3JlYXRlIjoxODAwMDAwMDAwMDAwLCJkZWxldGUiOjE4MDAwMDAwMDAwMDAsInVwZGF0ZSI6MTgwMDAwMDAwMDAwMH0sInNjaGVtYV92ZXJzaW9uIjoiMiJ9",
          "dependencies": [
            "aws_acm_certificate.shinjuku_cf_cert01",
            "data.aws_route53_zone.shinjuku_existing_zone01"
          ]
        }
      ]
    },
    {
      "mode": "managed",
      "type": "aws_route_table",
      "name": "shinjuku_private_rt01",
      "provider": "provider[\"registry.terraform.io/hashicorp/aws\"]",
      "instances": [
        {
          "schema_version": 0,
          "attributes": {
            "arn": "arn:aws:ec2:ap-northeast-1:975598471165:route-table/rtb-0d70451d36e7a32b9",
            "id": "rtb-0d70451d36e7a32b9",
            "owner_id": "975598471165",
            "propagating_vgws": [],
            "region": "ap-northeast-1",
            "route": [
              {
                "carrier_gateway_id": "",
                "cidr_block": "0.0.0.0/0",
                "core_network_arn": "",
                "destination_prefix_list_id": "",
                "egress_only_gateway_id": "",
                "gateway_id": "",
                "ipv6_cidr_block": "",
                "local_gateway_id": "",
                "nat_gateway_id": "nat-07644fcd7e6b05aea",
                "network_interface_id": "",
                "transit_gateway_id": "",
                "vpc_endpoint_id": "",
                "vpc_peering_connection_id": ""
              },
              {
                "carrier_gateway_id": "",
                "cidr_block": "10.200.0.0/16",
                "core_network_arn": "",
                "destination_prefix_list_id": "",
                "egress_only_gateway_id": "",
                "gateway_id": "",
                "ipv6_cidr_block": "",
                "local_gateway_id": "",
                "nat_gateway_id": "",
                "network_interface_id": "",
                "transit_gateway_id": "tgw-0372e6a6b4b4da24b",
                "vpc_endpoint_id": "",
                "vpc_peering_connection_id": ""
              }
            ],
            "tags": {
              "Name": "shinjuku-final-private-rt01"
            },
            "tags_all": {
              "Name": "shinjuku-final-private-rt01"
            },
            "timeouts": null,
            "vpc_id": "vpc-0b9de40ee844fa645"
          },
          "sensitive_attributes": [],
          "identity_schema_version": 0,
          "identity": {
            "account_id": "975598471165",
            "id": "rtb-0d70451d36e7a32b9",
            "region": "ap-northeast-1"
          },
          "private": "eyJlMmJmYjczMC1lY2FhLTExZTYtOGY4OC0zNDM2M2JjN2M0YzAiOnsiY3JlYXRlIjozMDAwMDAwMDAwMDAsImRlbGV0ZSI6MzAwMDAwMDAwMDAwLCJ1cGRhdGUiOjEyMDAwMDAwMDAwMH19",
          "dependencies": [
            "aws_vpc.shinjuku_vpc01"
          ]
        }
      ]
    },
    {
      "mode": "managed",
      "type": "aws_route_table",
      "name": "shinjuku_public_rt01",
      "provider": "provider[\"registry.terraform.io/hashicorp/aws\"]",
      "instances": [
        {
          "schema_version": 0,
          "attributes": {
            "arn": "arn:aws:ec2:ap-northeast-1:975598471165:route-table/rtb-0ebbe09e8741a1d67",
            "id": "rtb-0ebbe09e8741a1d67",
            "owner_id": "975598471165",
            "propagating_vgws": [],
            "region": "ap-northeast-1",
            "route": [
              {
                "carrier_gateway_id": "",
                "cidr_block": "0.0.0.0/0",
                "core_network_arn": "",
                "destination_prefix_list_id": "",
                "egress_only_gateway_id": "",
                "gateway_id": "igw-002918abe479efb78",
                "ipv6_cidr_block": "",
                "local_gateway_id": "",
                "nat_gateway_id": "",
                "network_interface_id": "",
                "transit_gateway_id": "",
                "vpc_endpoint_id": "",
                "vpc_peering_connection_id": ""
              }
            ],
            "tags": {
              "Name": "shinjuku-final-public-rt01"
            },
            "tags_all": {
              "Name": "shinjuku-final-public-rt01"
            },
            "timeouts": null,
            "vpc_id": "vpc-0b9de40ee844fa645"
          },
          "sensitive_attributes": [],
          "identity_schema_version": 0,
          "identity": {
            "account_id": "975598471165",
            "id": "rtb-0ebbe09e8741a1d67",
            "region": "ap-northeast-1"
          },
          "private": "eyJlMmJmYjczMC1lY2FhLTExZTYtOGY4OC0zNDM2M2JjN2M0YzAiOnsiY3JlYXRlIjozMDAwMDAwMDAwMDAsImRlbGV0ZSI6MzAwMDAwMDAwMDAwLCJ1cGRhdGUiOjEyMDAwMDAwMDAwMH19",
          "dependencies": [
            "aws_vpc.shinjuku_vpc01"
          ]
        }
      ]
    },
    {
      "mode": "managed",
      "type": "aws_route_table_association",
      "name": "shinjuku_private_rta",
      "provider": "provider[\"registry.terraform.io/hashicorp/aws\"]",
      "instances": [
        {
          "index_key": 0,
          "schema_version": 0,
          "attributes": {
            "gateway_id": "",
            "id": "rtbassoc-0fc1a360d3f83d978",
            "region": "ap-northeast-1",
            "route_table_id": "rtb-0d70451d36e7a32b9",
            "subnet_id": "subnet-0fc27a548c818ca93",
            "timeouts": null
          },
          "sensitive_attributes": [],
          "identity_schema_version": 0,
          "private": "eyJlMmJmYjczMC1lY2FhLTExZTYtOGY4OC0zNDM2M2JjN2M0YzAiOnsiY3JlYXRlIjozMDAwMDAwMDAwMDAsImRlbGV0ZSI6MzAwMDAwMDAwMDAwLCJ1cGRhdGUiOjEyMDAwMDAwMDAwMH19",
          "dependencies": [
            "aws_route_table.shinjuku_private_rt01",
            "aws_subnet.shinjuku_private_subnets",
            "aws_vpc.shinjuku_vpc01"
          ]
        },
        {
          "index_key": 1,
          "schema_version": 0,
          "attributes": {
            "gateway_id": "",
            "id": "rtbassoc-0fc2c894bc3f69dad",
            "region": "ap-northeast-1",
            "route_table_id": "rtb-0d70451d36e7a32b9",
            "subnet_id": "subnet-07b96d34b624cb5df",
            "timeouts": null
          },
          "sensitive_attributes": [],
          "identity_schema_version": 0,
          "private": "eyJlMmJmYjczMC1lY2FhLTExZTYtOGY4OC0zNDM2M2JjN2M0YzAiOnsiY3JlYXRlIjozMDAwMDAwMDAwMDAsImRlbGV0ZSI6MzAwMDAwMDAwMDAwLCJ1cGRhdGUiOjEyMDAwMDAwMDAwMH19",
          "dependencies": [
            "aws_route_table.shinjuku_private_rt01",
            "aws_subnet.shinjuku_private_subnets",
            "aws_vpc.shinjuku_vpc01"
          ]
        }
      ]
    },
    {
      "mode": "managed",
      "type": "aws_route_table_association",
      "name": "shinjuku_public_rta",
      "provider": "provider[\"registry.terraform.io/hashicorp/aws\"]",
      "instances": [
        {
          "index_key": 0,
          "schema_version": 0,
          "attributes": {
            "gateway_id": "",
            "id": "rtbassoc-07a1464ee0490d05c",
            "region": "ap-northeast-1",
            "route_table_id": "rtb-0ebbe09e8741a1d67",
            "subnet_id": "subnet-0a3ec2949828b4162",
            "timeouts": null
          },
          "sensitive_attributes": [],
          "identity_schema_version": 0,
          "private": "eyJlMmJmYjczMC1lY2FhLTExZTYtOGY4OC0zNDM2M2JjN2M0YzAiOnsiY3JlYXRlIjozMDAwMDAwMDAwMDAsImRlbGV0ZSI6MzAwMDAwMDAwMDAwLCJ1cGRhdGUiOjEyMDAwMDAwMDAwMH19",
          "dependencies": [
            "aws_route_table.shinjuku_public_rt01",
            "aws_subnet.shinjuku_public_subnets",
            "aws_vpc.shinjuku_vpc01"
          ]
        },
        {
          "index_key": 1,
          "schema_version": 0,
          "attributes": {
            "gateway_id": "",
            "id": "rtbassoc-011dc761cd6b9ea8e",
            "region": "ap-northeast-1",
            "route_table_id": "rtb-0ebbe09e8741a1d67",
            "subnet_id": "subnet-01896031a79b39a85",
            "timeouts": null
          },
          "sensitive_attributes": [],
          "identity_schema_version": 0,
          "private": "eyJlMmJmYjczMC1lY2FhLTExZTYtOGY4OC0zNDM2M2JjN2M0YzAiOnsiY3JlYXRlIjozMDAwMDAwMDAwMDAsImRlbGV0ZSI6MzAwMDAwMDAwMDAwLCJ1cGRhdGUiOjEyMDAwMDAwMDAwMH19",
          "dependencies": [
            "aws_route_table.shinjuku_public_rt01",
            "aws_subnet.shinjuku_public_subnets",
            "aws_vpc.shinjuku_vpc01"
          ]
        }
      ]
    },
    {
      "mode": "managed",
      "type": "aws_s3_bucket",
      "name": "shinjuku_alb_logs_bucket01",
      "provider": "provider[\"registry.terraform.io/hashicorp/aws\"]",
      "instances": [
        {
          "index_key": 0,
          "schema_version": 0,
          "attributes": {
            "acceleration_status": "",
            "acl": null,
            "arn": "arn:aws:s3:::shinjuku-final-alb-logs-975598471165",
            "bucket": "shinjuku-final-alb-logs-975598471165",
            "bucket_domain_name": "shinjuku-final-alb-logs-975598471165.s3.amazonaws.com",
            "bucket_prefix": "",
            "bucket_region": "ap-northeast-1",
            "bucket_regional_domain_name": "shinjuku-final-alb-logs-975598471165.s3.ap-northeast-1.amazonaws.com",
            "cors_rule": [],
            "force_destroy": true,
            "grant": [
              {
                "id": "10ffb56bd53e89d5dd774e7e20af73e728079cb134c80ebeb23ebcf928c9b643",
                "permissions": [
                  "FULL_CONTROL"
                ],
                "type": "CanonicalUser",
                "uri": ""
              }
            ],
            "hosted_zone_id": "Z2M4EHUR26P7ZW",
            "id": "shinjuku-final-alb-logs-975598471165",
            "lifecycle_rule": [],
            "logging": [],
            "object_lock_configuration": [],
            "object_lock_enabled": false,
            "policy": "{\"Statement\":[{\"Action\":\"s3:*\",\"Condition\":{\"Bool\":{\"aws:SecureTransport\":\"false\"}},\"Effect\":\"Deny\",\"Principal\":\"*\",\"Resource\":[\"arn:aws:s3:::shinjuku-final-alb-logs-975598471165\",\"arn:aws:s3:::shinjuku-final-alb-logs-975598471165/*\"],\"Sid\":\"DenyInsecureTransport\"},{\"Action\":\"s3:PutObject\",\"Effect\":\"Allow\",\"Principal\":{\"AWS\":\"arn:aws:iam::582318560864:root\"},\"Resource\":\"arn:aws:s3:::shinjuku-final-alb-logs-975598471165/alb-access-logs/AWSLogs/975598471165/*\",\"Sid\":\"AllowELBWriteLogs\"}],\"Version\":\"2012-10-17\"}",
            "region": "ap-northeast-1",
            "replication_configuration": [],
            "request_payer": "BucketOwner",
            "server_side_encryption_configuration": [
              {
                "rule": [
                  {
                    "apply_server_side_encryption_by_default": [
                      {
                        "kms_master_key_id": "",
                        "sse_algorithm": "AES256"
                      }
                    ],
                    "bucket_key_enabled": false
                  }
                ]
              }
            ],
            "tags": {
              "Name": "shinjuku-final-alb-logs-bucket01"
            },
            "tags_all": {
              "Name": "shinjuku-final-alb-logs-bucket01"
            },
            "timeouts": null,
            "versioning": [
              {
                "enabled": false,
                "mfa_delete": false
              }
            ],
            "website": [],
            "website_domain": null,
            "website_endpoint": null
          },
          "sensitive_attributes": [],
          "identity_schema_version": 0,
          "identity": {
            "account_id": "975598471165",
            "bucket": "shinjuku-final-alb-logs-975598471165",
            "region": "ap-northeast-1"
          },
          "private": "eyJlMmJmYjczMC1lY2FhLTExZTYtOGY4OC0zNDM2M2JjN2M0YzAiOnsiY3JlYXRlIjoxMjAwMDAwMDAwMDAwLCJkZWxldGUiOjM2MDAwMDAwMDAwMDAsInJlYWQiOjEyMDAwMDAwMDAwMDAsInVwZGF0ZSI6MTIwMDAwMDAwMDAwMH19",
          "dependencies": [
            "data.aws_caller_identity.shinjuku_self01"
          ]
        }
      ]
    },
    {
      "mode": "managed",
      "type": "aws_s3_bucket_ownership_controls",
      "name": "shinjuku_alb_logs_owner01",
      "provider": "provider[\"registry.terraform.io/hashicorp/aws\"]",
      "instances": [
        {
          "index_key": 0,
          "schema_version": 0,
          "attributes": {
            "bucket": "shinjuku-final-alb-logs-975598471165",
            "id": "shinjuku-final-alb-logs-975598471165",
            "region": "ap-northeast-1",
            "rule": [
              {
                "object_ownership": "BucketOwnerPreferred"
              }
            ]
          },
          "sensitive_attributes": [],
          "identity_schema_version": 0,
          "identity": {
            "account_id": "975598471165",
            "bucket": "shinjuku-final-alb-logs-975598471165",
            "region": "ap-northeast-1"
          },
          "private": "bnVsbA==",
          "dependencies": [
            "aws_s3_bucket.shinjuku_alb_logs_bucket01",
            "data.aws_caller_identity.shinjuku_self01"
          ]
        }
      ]
    },
    {
      "mode": "managed",
      "type": "aws_s3_bucket_policy",
      "name": "shinjuku_alb_logs_policy01",
      "provider": "provider[\"registry.terraform.io/hashicorp/aws\"]",
      "instances": [
        {
          "index_key": 0,
          "schema_version": 0,
          "attributes": {
            "bucket": "shinjuku-final-alb-logs-975598471165",
            "id": "shinjuku-final-alb-logs-975598471165",
            "policy": "{\"Statement\":[{\"Action\":\"s3:*\",\"Condition\":{\"Bool\":{\"aws:SecureTransport\":\"false\"}},\"Effect\":\"Deny\",\"Principal\":\"*\",\"Resource\":[\"arn:aws:s3:::shinjuku-final-alb-logs-975598471165\",\"arn:aws:s3:::shinjuku-final-alb-logs-975598471165/*\"],\"Sid\":\"DenyInsecureTransport\"},{\"Action\":\"s3:PutObject\",\"Effect\":\"Allow\",\"Principal\":{\"AWS\":\"arn:aws:iam::582318560864:root\"},\"Resource\":\"arn:aws:s3:::shinjuku-final-alb-logs-975598471165/alb-access-logs/AWSLogs/975598471165/*\",\"Sid\":\"AllowELBWriteLogs\"}],\"Version\":\"2012-10-17\"}",
            "region": "ap-northeast-1"
          },
          "sensitive_attributes": [],
          "identity_schema_version": 0,
          "identity": {
            "account_id": "975598471165",
            "bucket": "shinjuku-final-alb-logs-975598471165",
            "region": "ap-northeast-1"
          },
          "private": "bnVsbA==",
          "dependencies": [
            "aws_s3_bucket.shinjuku_alb_logs_bucket01",
            "data.aws_caller_identity.shinjuku_self01",
            "data.aws_elb_service_account.main"
          ]
        }
      ]
    },
    {
      "mode": "managed",
      "type": "aws_s3_bucket_public_access_block",
      "name": "shinjuku_alb_logs_pab01",
      "provider": "provider[\"registry.terraform.io/hashicorp/aws\"]",
      "instances": [
        {
          "index_key": 0,
          "schema_version": 0,
          "attributes": {
            "block_public_acls": true,
            "block_public_policy": true,
            "bucket": "shinjuku-final-alb-logs-975598471165",
            "id": "shinjuku-final-alb-logs-975598471165",
            "ignore_public_acls": true,
            "region": "ap-northeast-1",
            "restrict_public_buckets": true,
            "skip_destroy": null
          },
          "sensitive_attributes": [],
          "identity_schema_version": 0,
          "identity": {
            "account_id": "975598471165",
            "bucket": "shinjuku-final-alb-logs-975598471165",
            "region": "ap-northeast-1"
          },
          "private": "bnVsbA==",
          "dependencies": [
            "aws_s3_bucket.shinjuku_alb_logs_bucket01",
            "data.aws_caller_identity.shinjuku_self01"
          ]
        }
      ]
    },
    {
      "mode": "managed",
      "type": "aws_secretsmanager_secret",
      "name": "shinjuku_db_secret01",
      "provider": "provider[\"registry.terraform.io/hashicorp/aws\"]",
      "instances": [
        {
          "schema_version": 0,
          "attributes": {
            "arn": "arn:aws:secretsmanager:ap-northeast-1:975598471165:secret:shinjuku-final/rds/mysql1-Ud6iv9",
            "description": "",
            "force_overwrite_replica_secret": false,
            "id": "arn:aws:secretsmanager:ap-northeast-1:975598471165:secret:shinjuku-final/rds/mysql1-Ud6iv9",
            "kms_key_id": "",
            "name": "shinjuku-final/rds/mysql1",
            "name_prefix": "",
            "policy": "",
            "recovery_window_in_days": 0,
            "region": "ap-northeast-1",
            "replica": [],
            "tags": {},
            "tags_all": {}
          },
          "sensitive_attributes": [],
          "identity_schema_version": 0,
          "identity": {
            "arn": "arn:aws:secretsmanager:ap-northeast-1:975598471165:secret:shinjuku-final/rds/mysql1-Ud6iv9"
          },
          "private": "bnVsbA=="
        }
      ]
    },
    {
      "mode": "managed",
      "type": "aws_secretsmanager_secret_version",
      "name": "shinjuku_db_secret_version01",
      "provider": "provider[\"registry.terraform.io/hashicorp/aws\"]",
      "instances": [
        {
          "schema_version": 0,
          "attributes": {
            "arn": "arn:aws:secretsmanager:ap-northeast-1:975598471165:secret:shinjuku-final/rds/mysql1-Ud6iv9",
            "has_secret_string_wo": null,
            "id": "arn:aws:secretsmanager:ap-northeast-1:975598471165:secret:shinjuku-final/rds/mysql1-Ud6iv9|terraform-20260326003324632100000010",
            "region": "ap-northeast-1",
            "secret_binary": "",
            "secret_id": "arn:aws:secretsmanager:ap-northeast-1:975598471165:secret:shinjuku-final/rds/mysql1-Ud6iv9",
            "secret_string": "{\"dbname\":\"labdb\",\"host\":\"shinjuku-final-rds01.cf2s8kkgau9w.ap-northeast-1.rds.amazonaws.com\",\"password\":\"shinjuku-lab3!\",\"port\":3306,\"username\":\"admin\"}",
            "secret_string_wo": null,
            "secret_string_wo_version": null,
            "version_id": "terraform-20260326003324632100000010",
            "version_stages": [
              "AWSCURRENT"
            ]
          },
          "sensitive_attributes": [
            [
              {
                "type": "get_attr",
                "value": "secret_binary"
              }
            ],
            [
              {
                "type": "get_attr",
                "value": "secret_string"
              }
            ],
            [
              {
                "type": "get_attr",
                "value": "secret_string_wo"
              }
            ]
          ],
          "identity_schema_version": 0,
          "identity": {
            "account_id": "975598471165",
            "region": "ap-northeast-1",
            "secret_id": "arn:aws:secretsmanager:ap-northeast-1:975598471165:secret:shinjuku-final/rds/mysql1-Ud6iv9",
            "version_id": "terraform-20260326003324632100000010"
          },
          "private": "bnVsbA==",
          "dependencies": [
            "aws_db_instance.shinjuku_rds01",
            "aws_db_subnet_group.shinjuku_rds_subnet_group01",
            "aws_secretsmanager_secret.shinjuku_db_secret01",
            "aws_security_group.shinjuku_ec2_sg01",
            "aws_security_group.shinjuku_rds_sg01",
            "aws_subnet.shinjuku_private_subnets",
            "aws_vpc.shinjuku_vpc01"
          ]
        }
      ]
    },
    {
      "mode": "managed",
      "type": "aws_security_group",
      "name": "shinjuku_alb_sg01",
      "provider": "provider[\"registry.terraform.io/hashicorp/aws\"]",
      "instances": [
        {
          "schema_version": 1,
          "attributes": {
            "arn": "arn:aws:ec2:ap-northeast-1:975598471165:security-group/sg-0acbb6a01bd13be28",
            "description": "ALB security group",
            "egress": [
              {
                "cidr_blocks": [
                  "0.0.0.0/0"
                ],
                "description": "Allow outbound to target group (usually 80) to private network",
                "from_port": 0,
                "ipv6_cidr_blocks": [],
                "prefix_list_ids": [],
                "protocol": "-1",
                "security_groups": [],
                "self": false,
                "to_port": 0
              }
            ],
            "id": "sg-0acbb6a01bd13be28",
            "ingress": [
              {
                "cidr_blocks": [],
                "description": "",
                "from_port": 80,
                "ipv6_cidr_blocks": [],
                "prefix_list_ids": [
                  "pl-58a04531"
                ],
                "protocol": "tcp",
                "security_groups": [],
                "self": false,
                "to_port": 80
              }
            ],
            "name": "shinjuku-final-alb-sg01",
            "name_prefix": "",
            "owner_id": "975598471165",
            "region": "ap-northeast-1",
            "revoke_rules_on_delete": false,
            "tags": {
              "Name": "shinjuku-final-alb-sg01"
            },
            "tags_all": {
              "Name": "shinjuku-final-alb-sg01"
            },
            "timeouts": null,
            "vpc_id": "vpc-0b9de40ee844fa645"
          },
          "sensitive_attributes": [],
          "identity_schema_version": 0,
          "identity": {
            "account_id": "975598471165",
            "id": "sg-0acbb6a01bd13be28",
            "region": "ap-northeast-1"
          },
          "private": "eyJlMmJmYjczMC1lY2FhLTExZTYtOGY4OC0zNDM2M2JjN2M0YzAiOnsiY3JlYXRlIjo2MDAwMDAwMDAwMDAsImRlbGV0ZSI6OTAwMDAwMDAwMDAwfSwic2NoZW1hX3ZlcnNpb24iOiIxIn0=",
          "dependencies": [
            "aws_vpc.shinjuku_vpc01"
          ]
        }
      ]
    },
    {
      "mode": "managed",
      "type": "aws_security_group",
      "name": "shinjuku_ec2_sg01",
      "provider": "provider[\"registry.terraform.io/hashicorp/aws\"]",
      "instances": [
        {
          "schema_version": 1,
          "attributes": {
            "arn": "arn:aws:ec2:ap-northeast-1:975598471165:security-group/sg-05b82ae1d94f2d579",
            "description": "EC2 app security group - inbound rules managed via separate rule resources",
            "egress": [
              {
                "cidr_blocks": [
                  "0.0.0.0/0"
                ],
                "description": "Allow all outbound",
                "from_port": 0,
                "ipv6_cidr_blocks": [],
                "prefix_list_ids": [],
                "protocol": "-1",
                "security_groups": [],
                "self": false,
                "to_port": 0
              }
            ],
            "id": "sg-05b82ae1d94f2d579",
            "ingress": [
              {
                "cidr_blocks": [
                  "99.184.18.128/32"
                ],
                "description": "SSH from admin IP only",
                "from_port": 22,
                "ipv6_cidr_blocks": [],
                "prefix_list_ids": [],
                "protocol": "tcp",
                "security_groups": [],
                "self": false,
                "to_port": 22
              },
              {
                "cidr_blocks": [],
                "description": "",
                "from_port": 80,
                "ipv6_cidr_blocks": [],
                "prefix_list_ids": [],
                "protocol": "tcp",
                "security_groups": [
                  "sg-0acbb6a01bd13be28"
                ],
                "self": false,
                "to_port": 80
              }
            ],
            "name": "shinjuku-final-ec2-sg01",
            "name_prefix": "",
            "owner_id": "975598471165",
            "region": "ap-northeast-1",
            "revoke_rules_on_delete": false,
            "tags": {
              "Name": "shinjuku-final-ec2-sg01"
            },
            "tags_all": {
              "Name": "shinjuku-final-ec2-sg01"
            },
            "timeouts": null,
            "vpc_id": "vpc-0b9de40ee844fa645"
          },
          "sensitive_attributes": [],
          "identity_schema_version": 0,
          "identity": {
            "account_id": "975598471165",
            "id": "sg-05b82ae1d94f2d579",
            "region": "ap-northeast-1"
          },
          "private": "eyJlMmJmYjczMC1lY2FhLTExZTYtOGY4OC0zNDM2M2JjN2M0YzAiOnsiY3JlYXRlIjo2MDAwMDAwMDAwMDAsImRlbGV0ZSI6OTAwMDAwMDAwMDAwfSwic2NoZW1hX3ZlcnNpb24iOiIxIn0=",
          "dependencies": [
            "aws_vpc.shinjuku_vpc01"
          ]
        }
      ]
    },
    {
      "mode": "managed",
      "type": "aws_security_group",
      "name": "shinjuku_rds_sg01",
      "provider": "provider[\"registry.terraform.io/hashicorp/aws\"]",
      "instances": [
        {
          "schema_version": 1,
          "attributes": {
            "arn": "arn:aws:ec2:ap-northeast-1:975598471165:security-group/sg-0f77e84c33db1c83f",
            "description": "RDS security group - MySQL inbound from Tokyo EC2 and Sao Paulo VPC CIDR",
            "egress": [
              {
                "cidr_blocks": [
                  "0.0.0.0/0"
                ],
                "description": "Allow all outbound",
                "from_port": 0,
                "ipv6_cidr_blocks": [],
                "prefix_list_ids": [],
                "protocol": "-1",
                "security_groups": [],
                "self": false,
                "to_port": 0
              }
            ],
            "id": "sg-0f77e84c33db1c83f",
            "ingress": [
              {
                "cidr_blocks": [],
                "description": "MySQL from Tokyo EC2",
                "from_port": 3306,
                "ipv6_cidr_blocks": [],
                "prefix_list_ids": [],
                "protocol": "tcp",
                "security_groups": [
                  "sg-05b82ae1d94f2d579"
                ],
                "self": false,
                "to_port": 3306
              }
            ],
            "name": "shinjuku-final-rds-sg01",
            "name_prefix": "",
            "owner_id": "975598471165",
            "region": "ap-northeast-1",
            "revoke_rules_on_delete": false,
            "tags": {
              "Name": "shinjuku-final-rds-sg01"
            },
            "tags_all": {
              "Name": "shinjuku-final-rds-sg01"
            },
            "timeouts": null,
            "vpc_id": "vpc-0b9de40ee844fa645"
          },
          "sensitive_attributes": [],
          "identity_schema_version": 0,
          "identity": {
            "account_id": "975598471165",
            "id": "sg-0f77e84c33db1c83f",
            "region": "ap-northeast-1"
          },
          "private": "eyJlMmJmYjczMC1lY2FhLTExZTYtOGY4OC0zNDM2M2JjN2M0YzAiOnsiY3JlYXRlIjo2MDAwMDAwMDAwMDAsImRlbGV0ZSI6OTAwMDAwMDAwMDAwfSwic2NoZW1hX3ZlcnNpb24iOiIxIn0=",
          "dependencies": [
            "aws_security_group.shinjuku_ec2_sg01",
            "aws_vpc.shinjuku_vpc01"
          ]
        }
      ]
    },
    {
      "mode": "managed",
      "type": "aws_security_group",
      "name": "shinjuku_vpce_sg01",
      "provider": "provider[\"registry.terraform.io/hashicorp/aws\"]",
      "instances": [
        {
          "schema_version": 1,
          "attributes": {
            "arn": "arn:aws:ec2:ap-northeast-1:975598471165:security-group/sg-011279c06fd1d623b",
            "description": "SG for VPC Interface Endpoints",
            "egress": [],
            "id": "sg-011279c06fd1d623b",
            "ingress": [
              {
                "cidr_blocks": [],
                "description": "Allow HTTPS from EC2 SG",
                "from_port": 443,
                "ipv6_cidr_blocks": [],
                "prefix_list_ids": [],
                "protocol": "tcp",
                "security_groups": [
                  "sg-05b82ae1d94f2d579"
                ],
                "self": false,
                "to_port": 443
              }
            ],
            "name": "shinjuku-final-vpce-sg01",
            "name_prefix": "",
            "owner_id": "975598471165",
            "region": "ap-northeast-1",
            "revoke_rules_on_delete": false,
            "tags": {
              "Name": "shinjuku-final-vpce-sg01"
            },
            "tags_all": {
              "Name": "shinjuku-final-vpce-sg01"
            },
            "timeouts": null,
            "vpc_id": "vpc-0b9de40ee844fa645"
          },
          "sensitive_attributes": [],
          "identity_schema_version": 0,
          "identity": {
            "account_id": "975598471165",
            "id": "sg-011279c06fd1d623b",
            "region": "ap-northeast-1"
          },
          "private": "eyJlMmJmYjczMC1lY2FhLTExZTYtOGY4OC0zNDM2M2JjN2M0YzAiOnsiY3JlYXRlIjo2MDAwMDAwMDAwMDAsImRlbGV0ZSI6OTAwMDAwMDAwMDAwfSwic2NoZW1hX3ZlcnNpb24iOiIxIn0=",
          "dependencies": [
            "aws_vpc.shinjuku_vpc01"
          ]
        }
      ]
    },
    {
      "mode": "managed",
      "type": "aws_security_group_rule",
      "name": "shinjuku_alb_ingress_cf44301",
      "provider": "provider[\"registry.terraform.io/hashicorp/aws\"]",
      "instances": [
        {
          "schema_version": 2,
          "attributes": {
            "cidr_blocks": null,
            "description": null,
            "from_port": 80,
            "id": "sgrule-2609328376",
            "ipv6_cidr_blocks": null,
            "prefix_list_ids": [
              "pl-58a04531"
            ],
            "protocol": "tcp",
            "region": "ap-northeast-1",
            "security_group_id": "sg-0acbb6a01bd13be28",
            "security_group_rule_id": "sgr-037e6adf5462d79d9",
            "self": false,
            "source_security_group_id": null,
            "timeouts": null,
            "to_port": 80,
            "type": "ingress"
          },
          "sensitive_attributes": [],
          "identity_schema_version": 0,
          "private": "eyJlMmJmYjczMC1lY2FhLTExZTYtOGY4OC0zNDM2M2JjN2M0YzAiOnsiY3JlYXRlIjozMDAwMDAwMDAwMDB9LCJzY2hlbWFfdmVyc2lvbiI6IjIifQ==",
          "dependencies": [
            "aws_security_group.shinjuku_alb_sg01",
            "aws_vpc.shinjuku_vpc01",
            "data.aws_ec2_managed_prefix_list.shinjuku_cf_origin_facing01"
          ]
        }
      ]
    },
    {
      "mode": "managed",
      "type": "aws_security_group_rule",
      "name": "shinjuku_ec2_ingress_from_alb01",
      "provider": "provider[\"registry.terraform.io/hashicorp/aws\"]",
      "instances": [
        {
          "schema_version": 2,
          "attributes": {
            "cidr_blocks": null,
            "description": null,
            "from_port": 80,
            "id": "sgrule-1443953089",
            "ipv6_cidr_blocks": null,
            "prefix_list_ids": null,
            "protocol": "tcp",
            "region": "ap-northeast-1",
            "security_group_id": "sg-05b82ae1d94f2d579",
            "security_group_rule_id": "sgr-0718c78a5cedc7f43",
            "self": false,
            "source_security_group_id": "sg-0acbb6a01bd13be28",
            "timeouts": null,
            "to_port": 80,
            "type": "ingress"
          },
          "sensitive_attributes": [],
          "identity_schema_version": 0,
          "private": "eyJlMmJmYjczMC1lY2FhLTExZTYtOGY4OC0zNDM2M2JjN2M0YzAiOnsiY3JlYXRlIjozMDAwMDAwMDAwMDB9LCJzY2hlbWFfdmVyc2lvbiI6IjIifQ==",
          "dependencies": [
            "aws_security_group.shinjuku_alb_sg01",
            "aws_security_group.shinjuku_ec2_sg01",
            "aws_vpc.shinjuku_vpc01"
          ]
        }
      ]
    },
    {
      "mode": "managed",
      "type": "aws_security_group_rule",
      "name": "shinjuku_rds_ingress_from_saopaulo",
      "provider": "provider[\"registry.terraform.io/hashicorp/aws\"]",
      "instances": [
        {
          "schema_version": 2,
          "attributes": {
            "cidr_blocks": [
              "10.200.0.0/16"
            ],
            "description": "Allow MySQL from Sao Paulo VPC via TGW Lab 3A cross-region",
            "from_port": 3306,
            "id": "sgrule-176767296",
            "ipv6_cidr_blocks": null,
            "prefix_list_ids": null,
            "protocol": "tcp",
            "region": "ap-northeast-1",
            "security_group_id": "sg-0f77e84c33db1c83f",
            "security_group_rule_id": "sgr-0ee4c252954b66b39",
            "self": false,
            "source_security_group_id": null,
            "timeouts": null,
            "to_port": 3306,
            "type": "ingress"
          },
          "sensitive_attributes": [],
          "identity_schema_version": 0,
          "private": "eyJlMmJmYjczMC1lY2FhLTExZTYtOGY4OC0zNDM2M2JjN2M0YzAiOnsiY3JlYXRlIjozMDAwMDAwMDAwMDB9LCJzY2hlbWFfdmVyc2lvbiI6IjIifQ==",
          "dependencies": [
            "aws_security_group.shinjuku_ec2_sg01",
            "aws_security_group.shinjuku_rds_sg01",
            "aws_vpc.shinjuku_vpc01"
          ]
        }
      ]
    },
    {
      "mode": "managed",
      "type": "aws_security_group_rule",
      "name": "shinjuku_vpce_sg01_ingress_https_from_ec2",
      "provider": "provider[\"registry.terraform.io/hashicorp/aws\"]",
      "instances": [
        {
          "schema_version": 2,
          "attributes": {
            "cidr_blocks": null,
            "description": "Allow HTTPS from EC2 SG",
            "from_port": 443,
            "id": "sgrule-3100816824",
            "ipv6_cidr_blocks": null,
            "prefix_list_ids": null,
            "protocol": "tcp",
            "region": "ap-northeast-1",
            "security_group_id": "sg-011279c06fd1d623b",
            "security_group_rule_id": "sgr-056618bbb9b169df2",
            "self": false,
            "source_security_group_id": "sg-05b82ae1d94f2d579",
            "timeouts": null,
            "to_port": 443,
            "type": "ingress"
          },
          "sensitive_attributes": [],
          "identity_schema_version": 0,
          "private": "eyJlMmJmYjczMC1lY2FhLTExZTYtOGY4OC0zNDM2M2JjN2M0YzAiOnsiY3JlYXRlIjozMDAwMDAwMDAwMDB9LCJzY2hlbWFfdmVyc2lvbiI6IjIifQ==",
          "dependencies": [
            "aws_security_group.shinjuku_ec2_sg01",
            "aws_security_group.shinjuku_vpce_sg01",
            "aws_vpc.shinjuku_vpc01"
          ]
        }
      ]
    },
    {
      "mode": "managed",
      "type": "aws_sns_topic",
      "name": "shinjuku_sns_topic01",
      "provider": "provider[\"registry.terraform.io/hashicorp/aws\"]",
      "instances": [
        {
          "schema_version": 0,
          "attributes": {
            "application_failure_feedback_role_arn": "",
            "application_success_feedback_role_arn": "",
            "application_success_feedback_sample_rate": 0,
            "archive_policy": "",
            "arn": "arn:aws:sns:ap-northeast-1:975598471165:shinjuku-final-db-incidents",
            "beginning_archive_time": "",
            "content_based_deduplication": false,
            "delivery_policy": "",
            "display_name": "",
            "fifo_throughput_scope": "",
            "fifo_topic": false,
            "firehose_failure_feedback_role_arn": "",
            "firehose_success_feedback_role_arn": "",
            "firehose_success_feedback_sample_rate": 0,
            "http_failure_feedback_role_arn": "",
            "http_success_feedback_role_arn": "",
            "http_success_feedback_sample_rate": 0,
            "id": "arn:aws:sns:ap-northeast-1:975598471165:shinjuku-final-db-incidents",
            "kms_master_key_id": "",
            "lambda_failure_feedback_role_arn": "",
            "lambda_success_feedback_role_arn": "",
            "lambda_success_feedback_sample_rate": 0,
            "name": "shinjuku-final-db-incidents",
            "name_prefix": "",
            "owner": "975598471165",
            "policy": "{\"Id\":\"__default_policy_ID\",\"Statement\":[{\"Action\":[\"SNS:GetTopicAttributes\",\"SNS:SetTopicAttributes\",\"SNS:AddPermission\",\"SNS:RemovePermission\",\"SNS:DeleteTopic\",\"SNS:Subscribe\",\"SNS:ListSubscriptionsByTopic\",\"SNS:Publish\"],\"Condition\":{\"StringEquals\":{\"AWS:SourceOwner\":\"975598471165\"}},\"Effect\":\"Allow\",\"Principal\":{\"AWS\":\"*\"},\"Resource\":\"arn:aws:sns:ap-northeast-1:975598471165:shinjuku-final-db-incidents\",\"Sid\":\"__default_statement_ID\"}],\"Version\":\"2008-10-17\"}",
            "region": "ap-northeast-1",
            "signature_version": 0,
            "sqs_failure_feedback_role_arn": "",
            "sqs_success_feedback_role_arn": "",
            "sqs_success_feedback_sample_rate": 0,
            "tags": {},
            "tags_all": {},
            "tracing_config": ""
          },
          "sensitive_attributes": [],
          "identity_schema_version": 0,
          "identity": {
            "arn": "arn:aws:sns:ap-northeast-1:975598471165:shinjuku-final-db-incidents"
          },
          "private": "bnVsbA=="
        }
      ]
    },
    {
      "mode": "managed",
      "type": "aws_sns_topic_subscription",
      "name": "shinjuku_sns_sub01",
      "provider": "provider[\"registry.terraform.io/hashicorp/aws\"]",
      "instances": [
        {
          "schema_version": 0,
          "attributes": {
            "arn": "arn:aws:sns:ap-northeast-1:975598471165:shinjuku-final-db-incidents:dd42762c-2654-47bc-a2a4-3431e1ae282c",
            "confirmation_timeout_in_minutes": 1,
            "confirmation_was_authenticated": false,
            "delivery_policy": "",
            "endpoint": "jorune.simpkins@gmail.com",
            "endpoint_auto_confirms": false,
            "filter_policy": "",
            "filter_policy_scope": "",
            "id": "arn:aws:sns:ap-northeast-1:975598471165:shinjuku-final-db-incidents:dd42762c-2654-47bc-a2a4-3431e1ae282c",
            "owner_id": "975598471165",
            "pending_confirmation": true,
            "protocol": "email",
            "raw_message_delivery": false,
            "redrive_policy": "",
            "region": "ap-northeast-1",
            "replay_policy": "",
            "subscription_role_arn": "",
            "topic_arn": "arn:aws:sns:ap-northeast-1:975598471165:shinjuku-final-db-incidents"
          },
          "sensitive_attributes": [],
          "identity_schema_version": 0,
          "identity": {
            "arn": "arn:aws:sns:ap-northeast-1:975598471165:shinjuku-final-db-incidents:dd42762c-2654-47bc-a2a4-3431e1ae282c"
          },
          "private": "bnVsbA==",
          "dependencies": [
            "aws_sns_topic.shinjuku_sns_topic01"
          ]
        }
      ]
    },
    {
      "mode": "managed",
      "type": "aws_ssm_parameter",
      "name": "shinjuku_db_endpoint_param",
      "provider": "provider[\"registry.terraform.io/hashicorp/aws\"]",
      "instances": [
        {
          "schema_version": 0,
          "attributes": {
            "allowed_pattern": "",
            "arn": "arn:aws:ssm:ap-northeast-1:975598471165:parameter/lab/db/endpoint",
            "data_type": "text",
            "description": "",
            "has_value_wo": false,
            "id": "/lab/db/endpoint",
            "insecure_value": null,
            "key_id": "",
            "name": "/lab/db/endpoint",
            "overwrite": null,
            "region": "ap-northeast-1",
            "tags": {
              "Name": "shinjuku-final-param-db-endpoint"
            },
            "tags_all": {
              "Name": "shinjuku-final-param-db-endpoint"
            },
            "tier": "Standard",
            "type": "String",
            "value": "shinjuku-final-rds01.cf2s8kkgau9w.ap-northeast-1.rds.amazonaws.com",
            "value_wo": null,
            "value_wo_version": null,
            "version": 1
          },
          "sensitive_attributes": [
            [
              {
                "type": "get_attr",
                "value": "value"
              }
            ],
            [
              {
                "type": "get_attr",
                "value": "value_wo"
              }
            ]
          ],
          "identity_schema_version": 0,
          "identity": {
            "account_id": "975598471165",
            "name": "/lab/db/endpoint",
            "region": "ap-northeast-1"
          },
          "private": "bnVsbA==",
          "dependencies": [
            "aws_db_instance.shinjuku_rds01",
            "aws_db_subnet_group.shinjuku_rds_subnet_group01",
            "aws_security_group.shinjuku_ec2_sg01",
            "aws_security_group.shinjuku_rds_sg01",
            "aws_subnet.shinjuku_private_subnets",
            "aws_vpc.shinjuku_vpc01"
          ]
        }
      ]
    },
    {
      "mode": "managed",
      "type": "aws_ssm_parameter",
      "name": "shinjuku_db_name_param",
      "provider": "provider[\"registry.terraform.io/hashicorp/aws\"]",
      "instances": [
        {
          "schema_version": 0,
          "attributes": {
            "allowed_pattern": "",
            "arn": "arn:aws:ssm:ap-northeast-1:975598471165:parameter/lab/db/name",
            "data_type": "text",
            "description": "",
            "has_value_wo": false,
            "id": "/lab/db/name",
            "insecure_value": null,
            "key_id": "",
            "name": "/lab/db/name",
            "overwrite": null,
            "region": "ap-northeast-1",
            "tags": {
              "Name": "shinjuku-final-param-db-name"
            },
            "tags_all": {
              "Name": "shinjuku-final-param-db-name"
            },
            "tier": "Standard",
            "type": "String",
            "value": "labdb",
            "value_wo": null,
            "value_wo_version": null,
            "version": 1
          },
          "sensitive_attributes": [
            [
              {
                "type": "get_attr",
                "value": "value"
              }
            ],
            [
              {
                "type": "get_attr",
                "value": "value_wo"
              }
            ]
          ],
          "identity_schema_version": 0,
          "identity": {
            "account_id": "975598471165",
            "name": "/lab/db/name",
            "region": "ap-northeast-1"
          },
          "private": "bnVsbA=="
        }
      ]
    },
    {
      "mode": "managed",
      "type": "aws_ssm_parameter",
      "name": "shinjuku_db_port_param",
      "provider": "provider[\"registry.terraform.io/hashicorp/aws\"]",
      "instances": [
        {
          "schema_version": 0,
          "attributes": {
            "allowed_pattern": "",
            "arn": "arn:aws:ssm:ap-northeast-1:975598471165:parameter/lab/db/port",
            "data_type": "text",
            "description": "",
            "has_value_wo": false,
            "id": "/lab/db/port",
            "insecure_value": null,
            "key_id": "",
            "name": "/lab/db/port",
            "overwrite": null,
            "region": "ap-northeast-1",
            "tags": {
              "Name": "shinjuku-final-param-db-port"
            },
            "tags_all": {
              "Name": "shinjuku-final-param-db-port"
            },
            "tier": "Standard",
            "type": "String",
            "value": "3306",
            "value_wo": null,
            "value_wo_version": null,
            "version": 1
          },
          "sensitive_attributes": [
            [
              {
                "type": "get_attr",
                "value": "value"
              }
            ],
            [
              {
                "type": "get_attr",
                "value": "value_wo"
              }
            ]
          ],
          "identity_schema_version": 0,
          "identity": {
            "account_id": "975598471165",
            "name": "/lab/db/port",
            "region": "ap-northeast-1"
          },
          "private": "bnVsbA==",
          "dependencies": [
            "aws_db_instance.shinjuku_rds01",
            "aws_db_subnet_group.shinjuku_rds_subnet_group01",
            "aws_security_group.shinjuku_ec2_sg01",
            "aws_security_group.shinjuku_rds_sg01",
            "aws_subnet.shinjuku_private_subnets",
            "aws_vpc.shinjuku_vpc01"
          ]
        }
      ]
    },
    {
      "mode": "managed",
      "type": "aws_subnet",
      "name": "shinjuku_private_subnets",
      "provider": "provider[\"registry.terraform.io/hashicorp/aws\"]",
      "instances": [
        {
          "index_key": 0,
          "schema_version": 1,
          "attributes": {
            "arn": "arn:aws:ec2:ap-northeast-1:975598471165:subnet/subnet-0fc27a548c818ca93",
            "assign_ipv6_address_on_creation": false,
            "availability_zone": "ap-northeast-1a",
            "availability_zone_id": "apne1-az4",
            "cidr_block": "10.100.101.0/24",
            "customer_owned_ipv4_pool": "",
            "enable_dns64": false,
            "enable_lni_at_device_index": 0,
            "enable_resource_name_dns_a_record_on_launch": false,
            "enable_resource_name_dns_aaaa_record_on_launch": false,
            "id": "subnet-0fc27a548c818ca93",
            "ipv4_ipam_pool_id": null,
            "ipv4_netmask_length": null,
            "ipv6_cidr_block": "",
            "ipv6_cidr_block_association_id": "",
            "ipv6_ipam_pool_id": null,
            "ipv6_native": false,
            "ipv6_netmask_length": null,
            "map_customer_owned_ip_on_launch": false,
            "map_public_ip_on_launch": false,
            "outpost_arn": "",
            "owner_id": "975598471165",
            "private_dns_hostname_type_on_launch": "ip-name",
            "region": "ap-northeast-1",
            "tags": {
              "Name": "shinjuku-final-private-subnet01"
            },
            "tags_all": {
              "Name": "shinjuku-final-private-subnet01"
            },
            "timeouts": null,
            "vpc_id": "vpc-0b9de40ee844fa645"
          },
          "sensitive_attributes": [],
          "identity_schema_version": 0,
          "identity": {
            "account_id": "975598471165",
            "id": "subnet-0fc27a548c818ca93",
            "region": "ap-northeast-1"
          },
          "private": "eyJlMmJmYjczMC1lY2FhLTExZTYtOGY4OC0zNDM2M2JjN2M0YzAiOnsiY3JlYXRlIjo2MDAwMDAwMDAwMDAsImRlbGV0ZSI6MTIwMDAwMDAwMDAwMH0sInNjaGVtYV92ZXJzaW9uIjoiMSJ9",
          "dependencies": [
            "aws_vpc.shinjuku_vpc01"
          ]
        },
        {
          "index_key": 1,
          "schema_version": 1,
          "attributes": {
            "arn": "arn:aws:ec2:ap-northeast-1:975598471165:subnet/subnet-07b96d34b624cb5df",
            "assign_ipv6_address_on_creation": false,
            "availability_zone": "ap-northeast-1c",
            "availability_zone_id": "apne1-az1",
            "cidr_block": "10.100.102.0/24",
            "customer_owned_ipv4_pool": "",
            "enable_dns64": false,
            "enable_lni_at_device_index": 0,
            "enable_resource_name_dns_a_record_on_launch": false,
            "enable_resource_name_dns_aaaa_record_on_launch": false,
            "id": "subnet-07b96d34b624cb5df",
            "ipv4_ipam_pool_id": null,
            "ipv4_netmask_length": null,
            "ipv6_cidr_block": "",
            "ipv6_cidr_block_association_id": "",
            "ipv6_ipam_pool_id": null,
            "ipv6_native": false,
            "ipv6_netmask_length": null,
            "map_customer_owned_ip_on_launch": false,
            "map_public_ip_on_launch": false,
            "outpost_arn": "",
            "owner_id": "975598471165",
            "private_dns_hostname_type_on_launch": "ip-name",
            "region": "ap-northeast-1",
            "tags": {
              "Name": "shinjuku-final-private-subnet02"
            },
            "tags_all": {
              "Name": "shinjuku-final-private-subnet02"
            },
            "timeouts": null,
            "vpc_id": "vpc-0b9de40ee844fa645"
          },
          "sensitive_attributes": [],
          "identity_schema_version": 0,
          "identity": {
            "account_id": "975598471165",
            "id": "subnet-07b96d34b624cb5df",
            "region": "ap-northeast-1"
          },
          "private": "eyJlMmJmYjczMC1lY2FhLTExZTYtOGY4OC0zNDM2M2JjN2M0YzAiOnsiY3JlYXRlIjo2MDAwMDAwMDAwMDAsImRlbGV0ZSI6MTIwMDAwMDAwMDAwMH0sInNjaGVtYV92ZXJzaW9uIjoiMSJ9",
          "dependencies": [
            "aws_vpc.shinjuku_vpc01"
          ]
        }
      ]
    },
    {
      "mode": "managed",
      "type": "aws_subnet",
      "name": "shinjuku_public_subnets",
      "provider": "provider[\"registry.terraform.io/hashicorp/aws\"]",
      "instances": [
        {
          "index_key": 0,
          "schema_version": 1,
          "attributes": {
            "arn": "arn:aws:ec2:ap-northeast-1:975598471165:subnet/subnet-0a3ec2949828b4162",
            "assign_ipv6_address_on_creation": false,
            "availability_zone": "ap-northeast-1a",
            "availability_zone_id": "apne1-az4",
            "cidr_block": "10.100.1.0/24",
            "customer_owned_ipv4_pool": "",
            "enable_dns64": false,
            "enable_lni_at_device_index": 0,
            "enable_resource_name_dns_a_record_on_launch": false,
            "enable_resource_name_dns_aaaa_record_on_launch": false,
            "id": "subnet-0a3ec2949828b4162",
            "ipv4_ipam_pool_id": null,
            "ipv4_netmask_length": null,
            "ipv6_cidr_block": "",
            "ipv6_cidr_block_association_id": "",
            "ipv6_ipam_pool_id": null,
            "ipv6_native": false,
            "ipv6_netmask_length": null,
            "map_customer_owned_ip_on_launch": false,
            "map_public_ip_on_launch": true,
            "outpost_arn": "",
            "owner_id": "975598471165",
            "private_dns_hostname_type_on_launch": "ip-name",
            "region": "ap-northeast-1",
            "tags": {
              "Name": "shinjuku-final-public-subnet01"
            },
            "tags_all": {
              "Name": "shinjuku-final-public-subnet01"
            },
            "timeouts": null,
            "vpc_id": "vpc-0b9de40ee844fa645"
          },
          "sensitive_attributes": [],
          "identity_schema_version": 0,
          "identity": {
            "account_id": "975598471165",
            "id": "subnet-0a3ec2949828b4162",
            "region": "ap-northeast-1"
          },
          "private": "eyJlMmJmYjczMC1lY2FhLTExZTYtOGY4OC0zNDM2M2JjN2M0YzAiOnsiY3JlYXRlIjo2MDAwMDAwMDAwMDAsImRlbGV0ZSI6MTIwMDAwMDAwMDAwMH0sInNjaGVtYV92ZXJzaW9uIjoiMSJ9",
          "dependencies": [
            "aws_vpc.shinjuku_vpc01"
          ]
        },
        {
          "index_key": 1,
          "schema_version": 1,
          "attributes": {
            "arn": "arn:aws:ec2:ap-northeast-1:975598471165:subnet/subnet-01896031a79b39a85",
            "assign_ipv6_address_on_creation": false,
            "availability_zone": "ap-northeast-1c",
            "availability_zone_id": "apne1-az1",
            "cidr_block": "10.100.2.0/24",
            "customer_owned_ipv4_pool": "",
            "enable_dns64": false,
            "enable_lni_at_device_index": 0,
            "enable_resource_name_dns_a_record_on_launch": false,
            "enable_resource_name_dns_aaaa_record_on_launch": false,
            "id": "subnet-01896031a79b39a85",
            "ipv4_ipam_pool_id": null,
            "ipv4_netmask_length": null,
            "ipv6_cidr_block": "",
            "ipv6_cidr_block_association_id": "",
            "ipv6_ipam_pool_id": null,
            "ipv6_native": false,
            "ipv6_netmask_length": null,
            "map_customer_owned_ip_on_launch": false,
            "map_public_ip_on_launch": true,
            "outpost_arn": "",
            "owner_id": "975598471165",
            "private_dns_hostname_type_on_launch": "ip-name",
            "region": "ap-northeast-1",
            "tags": {
              "Name": "shinjuku-final-public-subnet02"
            },
            "tags_all": {
              "Name": "shinjuku-final-public-subnet02"
            },
            "timeouts": null,
            "vpc_id": "vpc-0b9de40ee844fa645"
          },
          "sensitive_attributes": [],
          "identity_schema_version": 0,
          "identity": {
            "account_id": "975598471165",
            "id": "subnet-01896031a79b39a85",
            "region": "ap-northeast-1"
          },
          "private": "eyJlMmJmYjczMC1lY2FhLTExZTYtOGY4OC0zNDM2M2JjN2M0YzAiOnsiY3JlYXRlIjo2MDAwMDAwMDAwMDAsImRlbGV0ZSI6MTIwMDAwMDAwMDAwMH0sInNjaGVtYV92ZXJzaW9uIjoiMSJ9",
          "dependencies": [
            "aws_vpc.shinjuku_vpc01"
          ]
        }
      ]
    },
    {
      "mode": "managed",
      "type": "aws_vpc",
      "name": "shinjuku_vpc01",
      "provider": "provider[\"registry.terraform.io/hashicorp/aws\"]",
      "instances": [
        {
          "schema_version": 1,
          "attributes": {
            "arn": "arn:aws:ec2:ap-northeast-1:975598471165:vpc/vpc-0b9de40ee844fa645",
            "assign_generated_ipv6_cidr_block": false,
            "cidr_block": "10.100.0.0/16",
            "default_network_acl_id": "acl-0addc58a19d0c5257",
            "default_route_table_id": "rtb-0782d36adc46edf28",
            "default_security_group_id": "sg-00e7957f804266a27",
            "dhcp_options_id": "dopt-0c1c19f00d5e80f33",
            "enable_dns_hostnames": true,
            "enable_dns_support": true,
            "enable_network_address_usage_metrics": false,
            "id": "vpc-0b9de40ee844fa645",
            "instance_tenancy": "default",
            "ipv4_ipam_pool_id": null,
            "ipv4_netmask_length": null,
            "ipv6_association_id": "",
            "ipv6_cidr_block": "",
            "ipv6_cidr_block_network_border_group": "",
            "ipv6_ipam_pool_id": "",
            "ipv6_netmask_length": 0,
            "main_route_table_id": "rtb-0782d36adc46edf28",
            "owner_id": "975598471165",
            "region": "ap-northeast-1",
            "tags": {
              "Name": "shinjuku-final-vpc01"
            },
            "tags_all": {
              "Name": "shinjuku-final-vpc01"
            }
          },
          "sensitive_attributes": [],
          "identity_schema_version": 0,
          "identity": {
            "account_id": "975598471165",
            "id": "vpc-0b9de40ee844fa645",
            "region": "ap-northeast-1"
          },
          "private": "eyJzY2hlbWFfdmVyc2lvbiI6IjEifQ=="
        }
      ]
    },
    {
      "mode": "managed",
      "type": "aws_vpc_endpoint",
      "name": "shinjuku_vpce_ec2messages01",
      "provider": "provider[\"registry.terraform.io/hashicorp/aws\"]",
      "instances": [
        {
          "schema_version": 0,
          "attributes": {
            "arn": "arn:aws:ec2:ap-northeast-1:975598471165:vpc-endpoint/vpce-0d869e0f57958b991",
            "auto_accept": null,
            "cidr_blocks": [],
            "dns_entry": [
              {
                "dns_name": "vpce-0d869e0f57958b991-k1zc8tdv.ec2messages.ap-northeast-1.vpce.amazonaws.com",
                "hosted_zone_id": "Z2E726K9Y6RL4W"
              },
              {
                "dns_name": "vpce-0d869e0f57958b991-k1zc8tdv-ap-northeast-1a.ec2messages.ap-northeast-1.vpce.amazonaws.com",
                "hosted_zone_id": "Z2E726K9Y6RL4W"
              },
              {
                "dns_name": "vpce-0d869e0f57958b991-k1zc8tdv-ap-northeast-1c.ec2messages.ap-northeast-1.vpce.amazonaws.com",
                "hosted_zone_id": "Z2E726K9Y6RL4W"
              },
              {
                "dns_name": "ec2messages.ap-northeast-1.amazonaws.com",
                "hosted_zone_id": "Z0074531204RVXUDYC5G1"
              }
            ],
            "dns_options": [
              {
                "dns_record_ip_type": "ipv4",
                "private_dns_only_for_inbound_resolver_endpoint": false,
                "private_dns_preference": "",
                "private_dns_specified_domains": []
              }
            ],
            "id": "vpce-0d869e0f57958b991",
            "ip_address_type": "ipv4",
            "network_interface_ids": [
              "eni-0a9913cf8f0212c24",
              "eni-0e23447af6dd6c699"
            ],
            "owner_id": "975598471165",
            "policy": "{\"Statement\":[{\"Action\":\"*\",\"Effect\":\"Allow\",\"Principal\":\"*\",\"Resource\":\"*\"}]}",
            "prefix_list_id": null,
            "private_dns_enabled": true,
            "region": "ap-northeast-1",
            "requester_managed": false,
            "resource_configuration_arn": "",
            "route_table_ids": [],
            "security_group_ids": [
              "sg-011279c06fd1d623b"
            ],
            "service_name": "com.amazonaws.ap-northeast-1.ec2messages",
            "service_network_arn": "",
            "service_region": "ap-northeast-1",
            "state": "available",
            "subnet_configuration": [
              {
                "ipv4": "10.100.101.91",
                "ipv6": "",
                "subnet_id": "subnet-0fc27a548c818ca93"
              },
              {
                "ipv4": "10.100.102.201",
                "ipv6": "",
                "subnet_id": "subnet-07b96d34b624cb5df"
              }
            ],
            "subnet_ids": [
              "subnet-07b96d34b624cb5df",
              "subnet-0fc27a548c818ca93"
            ],
            "tags": {
              "Name": "shinjuku-final-vpce-ec2messages01"
            },
            "tags_all": {
              "Name": "shinjuku-final-vpce-ec2messages01"
            },
            "timeouts": null,
            "vpc_endpoint_type": "Interface",
            "vpc_id": "vpc-0b9de40ee844fa645"
          },
          "sensitive_attributes": [],
          "identity_schema_version": 0,
          "identity": {
            "account_id": "975598471165",
            "id": "vpce-0d869e0f57958b991",
            "region": "ap-northeast-1"
          },
          "private": "eyJlMmJmYjczMC1lY2FhLTExZTYtOGY4OC0zNDM2M2JjN2M0YzAiOnsiY3JlYXRlIjo2MDAwMDAwMDAwMDAsImRlbGV0ZSI6NjAwMDAwMDAwMDAwLCJ1cGRhdGUiOjYwMDAwMDAwMDAwMH19",
          "dependencies": [
            "aws_security_group.shinjuku_vpce_sg01",
            "aws_subnet.shinjuku_private_subnets",
            "aws_vpc.shinjuku_vpc01",
            "data.aws_region.shinjuku_region01"
          ]
        }
      ]
    },
    {
      "mode": "managed",
      "type": "aws_vpc_endpoint",
      "name": "shinjuku_vpce_kms01",
      "provider": "provider[\"registry.terraform.io/hashicorp/aws\"]",
      "instances": [
        {
          "schema_version": 0,
          "attributes": {
            "arn": "arn:aws:ec2:ap-northeast-1:975598471165:vpc-endpoint/vpce-0785ca5f4bcda0a66",
            "auto_accept": null,
            "cidr_blocks": [],
            "dns_entry": [
              {
                "dns_name": "vpce-0785ca5f4bcda0a66-nvdvfn9j.kms.ap-northeast-1.vpce.amazonaws.com",
                "hosted_zone_id": "Z2E726K9Y6RL4W"
              },
              {
                "dns_name": "vpce-0785ca5f4bcda0a66-nvdvfn9j-ap-northeast-1c.kms.ap-northeast-1.vpce.amazonaws.com",
                "hosted_zone_id": "Z2E726K9Y6RL4W"
              },
              {
                "dns_name": "vpce-0785ca5f4bcda0a66-nvdvfn9j-ap-northeast-1a.kms.ap-northeast-1.vpce.amazonaws.com",
                "hosted_zone_id": "Z2E726K9Y6RL4W"
              },
              {
                "dns_name": "kms.ap-northeast-1.amazonaws.com",
                "hosted_zone_id": "Z00042852SKRQX1WEWNVW"
              },
              {
                "dns_name": "kms.ap-northeast-1.api.aws",
                "hosted_zone_id": "Z000428733LRKA1D734MG"
              }
            ],
            "dns_options": [
              {
                "dns_record_ip_type": "ipv4",
                "private_dns_only_for_inbound_resolver_endpoint": false,
                "private_dns_preference": "",
                "private_dns_specified_domains": []
              }
            ],
            "id": "vpce-0785ca5f4bcda0a66",
            "ip_address_type": "ipv4",
            "network_interface_ids": [
              "eni-035002c328d347ab2",
              "eni-0d162335d6fd25b80"
            ],
            "owner_id": "975598471165",
            "policy": "{\"Statement\":[{\"Action\":\"*\",\"Effect\":\"Allow\",\"Principal\":\"*\",\"Resource\":\"*\"}]}",
            "prefix_list_id": null,
            "private_dns_enabled": true,
            "region": "ap-northeast-1",
            "requester_managed": false,
            "resource_configuration_arn": "",
            "route_table_ids": [],
            "security_group_ids": [
              "sg-011279c06fd1d623b"
            ],
            "service_name": "com.amazonaws.ap-northeast-1.kms",
            "service_network_arn": "",
            "service_region": "ap-northeast-1",
            "state": "available",
            "subnet_configuration": [
              {
                "ipv4": "10.100.101.212",
                "ipv6": "",
                "subnet_id": "subnet-0fc27a548c818ca93"
              },
              {
                "ipv4": "10.100.102.56",
                "ipv6": "",
                "subnet_id": "subnet-07b96d34b624cb5df"
              }
            ],
            "subnet_ids": [
              "subnet-07b96d34b624cb5df",
              "subnet-0fc27a548c818ca93"
            ],
            "tags": {
              "Name": "shinjuku-final-vpce-kms01"
            },
            "tags_all": {
              "Name": "shinjuku-final-vpce-kms01"
            },
            "timeouts": null,
            "vpc_endpoint_type": "Interface",
            "vpc_id": "vpc-0b9de40ee844fa645"
          },
          "sensitive_attributes": [],
          "identity_schema_version": 0,
          "identity": {
            "account_id": "975598471165",
            "id": "vpce-0785ca5f4bcda0a66",
            "region": "ap-northeast-1"
          },
          "private": "eyJlMmJmYjczMC1lY2FhLTExZTYtOGY4OC0zNDM2M2JjN2M0YzAiOnsiY3JlYXRlIjo2MDAwMDAwMDAwMDAsImRlbGV0ZSI6NjAwMDAwMDAwMDAwLCJ1cGRhdGUiOjYwMDAwMDAwMDAwMH19",
          "dependencies": [
            "aws_security_group.shinjuku_vpce_sg01",
            "aws_subnet.shinjuku_private_subnets",
            "aws_vpc.shinjuku_vpc01",
            "data.aws_region.shinjuku_region01"
          ]
        }
      ]
    },
    {
      "mode": "managed",
      "type": "aws_vpc_endpoint",
      "name": "shinjuku_vpce_logs01",
      "provider": "provider[\"registry.terraform.io/hashicorp/aws\"]",
      "instances": [
        {
          "schema_version": 0,
          "attributes": {
            "arn": "arn:aws:ec2:ap-northeast-1:975598471165:vpc-endpoint/vpce-095cde5e97d87ced4",
            "auto_accept": null,
            "cidr_blocks": [],
            "dns_entry": [
              {
                "dns_name": "vpce-095cde5e97d87ced4-zk54lbzn.logs.ap-northeast-1.vpce.amazonaws.com",
                "hosted_zone_id": "Z2E726K9Y6RL4W"
              },
              {
                "dns_name": "vpce-095cde5e97d87ced4-zk54lbzn-ap-northeast-1a.logs.ap-northeast-1.vpce.amazonaws.com",
                "hosted_zone_id": "Z2E726K9Y6RL4W"
              },
              {
                "dns_name": "vpce-095cde5e97d87ced4-zk54lbzn-ap-northeast-1c.logs.ap-northeast-1.vpce.amazonaws.com",
                "hosted_zone_id": "Z2E726K9Y6RL4W"
              },
              {
                "dns_name": "logs.ap-northeast-1.amazonaws.com",
                "hosted_zone_id": "Z05591893LFXMINW9A9CD"
              },
              {
                "dns_name": "logs.ap-northeast-1.api.aws",
                "hosted_zone_id": "Z000429923XCUKULDOOR1"
              },
              {
                "dns_name": "streaming-logs.ap-northeast-1.amazonaws.com",
                "hosted_zone_id": "Z0075032SKMJ4REPNFEA"
              },
              {
                "dns_name": "streaming-logs.ap-northeast-1.api.aws",
                "hosted_zone_id": "Z00043183EJZLAQ0SFU2W"
              }
            ],
            "dns_options": [
              {
                "dns_record_ip_type": "ipv4",
                "private_dns_only_for_inbound_resolver_endpoint": false,
                "private_dns_preference": "",
                "private_dns_specified_domains": []
              }
            ],
            "id": "vpce-095cde5e97d87ced4",
            "ip_address_type": "ipv4",
            "network_interface_ids": [
              "eni-028d8f33ebb044bf0",
              "eni-09b6c712b1fc5fcbc"
            ],
            "owner_id": "975598471165",
            "policy": "{\"Statement\":[{\"Action\":\"*\",\"Effect\":\"Allow\",\"Principal\":\"*\",\"Resource\":\"*\"}]}",
            "prefix_list_id": null,
            "private_dns_enabled": true,
            "region": "ap-northeast-1",
            "requester_managed": false,
            "resource_configuration_arn": "",
            "route_table_ids": [],
            "security_group_ids": [
              "sg-011279c06fd1d623b"
            ],
            "service_name": "com.amazonaws.ap-northeast-1.logs",
            "service_network_arn": "",
            "service_region": "ap-northeast-1",
            "state": "available",
            "subnet_configuration": [
              {
                "ipv4": "10.100.101.137",
                "ipv6": "",
                "subnet_id": "subnet-0fc27a548c818ca93"
              },
              {
                "ipv4": "10.100.102.97",
                "ipv6": "",
                "subnet_id": "subnet-07b96d34b624cb5df"
              }
            ],
            "subnet_ids": [
              "subnet-07b96d34b624cb5df",
              "subnet-0fc27a548c818ca93"
            ],
            "tags": {
              "Name": "shinjuku-final-vpce-logs01"
            },
            "tags_all": {
              "Name": "shinjuku-final-vpce-logs01"
            },
            "timeouts": null,
            "vpc_endpoint_type": "Interface",
            "vpc_id": "vpc-0b9de40ee844fa645"
          },
          "sensitive_attributes": [],
          "identity_schema_version": 0,
          "identity": {
            "account_id": "975598471165",
            "id": "vpce-095cde5e97d87ced4",
            "region": "ap-northeast-1"
          },
          "private": "eyJlMmJmYjczMC1lY2FhLTExZTYtOGY4OC0zNDM2M2JjN2M0YzAiOnsiY3JlYXRlIjo2MDAwMDAwMDAwMDAsImRlbGV0ZSI6NjAwMDAwMDAwMDAwLCJ1cGRhdGUiOjYwMDAwMDAwMDAwMH19",
          "dependencies": [
            "aws_security_group.shinjuku_vpce_sg01",
            "aws_subnet.shinjuku_private_subnets",
            "aws_vpc.shinjuku_vpc01",
            "data.aws_region.shinjuku_region01"
          ]
        }
      ]
    },
    {
      "mode": "managed",
      "type": "aws_vpc_endpoint",
      "name": "shinjuku_vpce_s3_gw01",
      "provider": "provider[\"registry.terraform.io/hashicorp/aws\"]",
      "instances": [
        {
          "schema_version": 0,
          "attributes": {
            "arn": "arn:aws:ec2:ap-northeast-1:975598471165:vpc-endpoint/vpce-08a2d486df47c0d7a",
            "auto_accept": null,
            "cidr_blocks": [
              "3.5.152.0/21",
              "52.219.162.0/23",
              "52.219.0.0/20",
              "52.219.16.0/22",
              "52.219.196.0/22",
              "52.219.172.0/22",
              "52.219.20.0/23",
              "52.219.195.0/24",
              "52.219.200.0/23",
              "52.219.150.0/23",
              "52.219.152.0/22",
              "52.219.136.0/22",
              "52.219.68.0/22"
            ],
            "dns_entry": [],
            "dns_options": [
              {
                "dns_record_ip_type": "service-defined",
                "private_dns_only_for_inbound_resolver_endpoint": false,
                "private_dns_preference": "",
                "private_dns_specified_domains": []
              }
            ],
            "id": "vpce-08a2d486df47c0d7a",
            "ip_address_type": "ipv4",
            "network_interface_ids": [],
            "owner_id": "975598471165",
            "policy": "{\"Statement\":[{\"Action\":\"*\",\"Effect\":\"Allow\",\"Principal\":\"*\",\"Resource\":\"*\"}],\"Version\":\"2008-10-17\"}",
            "prefix_list_id": "pl-61a54008",
            "private_dns_enabled": false,
            "region": "ap-northeast-1",
            "requester_managed": false,
            "resource_configuration_arn": "",
            "route_table_ids": [
              "rtb-0d70451d36e7a32b9"
            ],
            "security_group_ids": [],
            "service_name": "com.amazonaws.ap-northeast-1.s3",
            "service_network_arn": "",
            "service_region": "ap-northeast-1",
            "state": "available",
            "subnet_configuration": [],
            "subnet_ids": [],
            "tags": {
              "Name": "shinjuku-final-vpce-s3-gw01"
            },
            "tags_all": {
              "Name": "shinjuku-final-vpce-s3-gw01"
            },
            "timeouts": null,
            "vpc_endpoint_type": "Gateway",
            "vpc_id": "vpc-0b9de40ee844fa645"
          },
          "sensitive_attributes": [],
          "identity_schema_version": 0,
          "identity": {
            "account_id": "975598471165",
            "id": "vpce-08a2d486df47c0d7a",
            "region": "ap-northeast-1"
          },
          "private": "eyJlMmJmYjczMC1lY2FhLTExZTYtOGY4OC0zNDM2M2JjN2M0YzAiOnsiY3JlYXRlIjo2MDAwMDAwMDAwMDAsImRlbGV0ZSI6NjAwMDAwMDAwMDAwLCJ1cGRhdGUiOjYwMDAwMDAwMDAwMH19",
          "dependencies": [
            "aws_route_table.shinjuku_private_rt01",
            "aws_vpc.shinjuku_vpc01",
            "data.aws_region.shinjuku_region01"
          ]
        }
      ]
    },
    {
      "mode": "managed",
      "type": "aws_vpc_endpoint",
      "name": "shinjuku_vpce_secrets01",
      "provider": "provider[\"registry.terraform.io/hashicorp/aws\"]",
      "instances": [
        {
          "schema_version": 0,
          "attributes": {
            "arn": "arn:aws:ec2:ap-northeast-1:975598471165:vpc-endpoint/vpce-0d3a897d4cdf51f34",
            "auto_accept": null,
            "cidr_blocks": [],
            "dns_entry": [
              {
                "dns_name": "vpce-0d3a897d4cdf51f34-9mbjcyhe.secretsmanager.ap-northeast-1.vpce.amazonaws.com",
                "hosted_zone_id": "Z2E726K9Y6RL4W"
              },
              {
                "dns_name": "vpce-0d3a897d4cdf51f34-9mbjcyhe-ap-northeast-1a.secretsmanager.ap-northeast-1.vpce.amazonaws.com",
                "hosted_zone_id": "Z2E726K9Y6RL4W"
              },
              {
                "dns_name": "vpce-0d3a897d4cdf51f34-9mbjcyhe-ap-northeast-1c.secretsmanager.ap-northeast-1.vpce.amazonaws.com",
                "hosted_zone_id": "Z2E726K9Y6RL4W"
              },
              {
                "dns_name": "secretsmanager.ap-northeast-1.amazonaws.com",
                "hosted_zone_id": "Z027095831SLR1I9KKO83"
              }
            ],
            "dns_options": [
              {
                "dns_record_ip_type": "ipv4",
                "private_dns_only_for_inbound_resolver_endpoint": false,
                "private_dns_preference": "",
                "private_dns_specified_domains": []
              }
            ],
            "id": "vpce-0d3a897d4cdf51f34",
            "ip_address_type": "ipv4",
            "network_interface_ids": [
              "eni-07dc5ee959bb5c0ab",
              "eni-0ddd0dc55c4d1e35a"
            ],
            "owner_id": "975598471165",
            "policy": "{\"Statement\":[{\"Action\":\"*\",\"Effect\":\"Allow\",\"Principal\":\"*\",\"Resource\":\"*\"}]}",
            "prefix_list_id": null,
            "private_dns_enabled": true,
            "region": "ap-northeast-1",
            "requester_managed": false,
            "resource_configuration_arn": "",
            "route_table_ids": [],
            "security_group_ids": [
              "sg-011279c06fd1d623b"
            ],
            "service_name": "com.amazonaws.ap-northeast-1.secretsmanager",
            "service_network_arn": "",
            "service_region": "ap-northeast-1",
            "state": "available",
            "subnet_configuration": [
              {
                "ipv4": "10.100.101.34",
                "ipv6": "",
                "subnet_id": "subnet-0fc27a548c818ca93"
              },
              {
                "ipv4": "10.100.102.200",
                "ipv6": "",
                "subnet_id": "subnet-07b96d34b624cb5df"
              }
            ],
            "subnet_ids": [
              "subnet-07b96d34b624cb5df",
              "subnet-0fc27a548c818ca93"
            ],
            "tags": {
              "Name": "shinjuku-final-vpce-secrets01"
            },
            "tags_all": {
              "Name": "shinjuku-final-vpce-secrets01"
            },
            "timeouts": null,
            "vpc_endpoint_type": "Interface",
            "vpc_id": "vpc-0b9de40ee844fa645"
          },
          "sensitive_attributes": [],
          "identity_schema_version": 0,
          "identity": {
            "account_id": "975598471165",
            "id": "vpce-0d3a897d4cdf51f34",
            "region": "ap-northeast-1"
          },
          "private": "eyJlMmJmYjczMC1lY2FhLTExZTYtOGY4OC0zNDM2M2JjN2M0YzAiOnsiY3JlYXRlIjo2MDAwMDAwMDAwMDAsImRlbGV0ZSI6NjAwMDAwMDAwMDAwLCJ1cGRhdGUiOjYwMDAwMDAwMDAwMH19",
          "dependencies": [
            "aws_security_group.shinjuku_vpce_sg01",
            "aws_subnet.shinjuku_private_subnets",
            "aws_vpc.shinjuku_vpc01",
            "data.aws_region.shinjuku_region01"
          ]
        }
      ]
    },
    {
      "mode": "managed",
      "type": "aws_vpc_endpoint",
      "name": "shinjuku_vpce_ssm01",
      "provider": "provider[\"registry.terraform.io/hashicorp/aws\"]",
      "instances": [
        {
          "schema_version": 0,
          "attributes": {
            "arn": "arn:aws:ec2:ap-northeast-1:975598471165:vpc-endpoint/vpce-0444ff9409ec375ee",
            "auto_accept": null,
            "cidr_blocks": [],
            "dns_entry": [
              {
                "dns_name": "vpce-0444ff9409ec375ee-ig1pzgjc.ssm.ap-northeast-1.vpce.amazonaws.com",
                "hosted_zone_id": "Z2E726K9Y6RL4W"
              },
              {
                "dns_name": "vpce-0444ff9409ec375ee-ig1pzgjc-ap-northeast-1c.ssm.ap-northeast-1.vpce.amazonaws.com",
                "hosted_zone_id": "Z2E726K9Y6RL4W"
              },
              {
                "dns_name": "vpce-0444ff9409ec375ee-ig1pzgjc-ap-northeast-1a.ssm.ap-northeast-1.vpce.amazonaws.com",
                "hosted_zone_id": "Z2E726K9Y6RL4W"
              },
              {
                "dns_name": "ssm.ap-northeast-1.amazonaws.com",
                "hosted_zone_id": "Z02779151SCDZWPAQ60TR"
              },
              {
                "dns_name": "ssm.ap-northeast-1.api.aws",
                "hosted_zone_id": "Z005496422K9HEKVS4SN5"
              }
            ],
            "dns_options": [
              {
                "dns_record_ip_type": "ipv4",
                "private_dns_only_for_inbound_resolver_endpoint": false,
                "private_dns_preference": "",
                "private_dns_specified_domains": []
              }
            ],
            "id": "vpce-0444ff9409ec375ee",
            "ip_address_type": "ipv4",
            "network_interface_ids": [
              "eni-046bf046c1eef3b5b",
              "eni-09348f9373dc42491"
            ],
            "owner_id": "975598471165",
            "policy": "{\"Statement\":[{\"Action\":\"*\",\"Effect\":\"Allow\",\"Principal\":\"*\",\"Resource\":\"*\"}]}",
            "prefix_list_id": null,
            "private_dns_enabled": true,
            "region": "ap-northeast-1",
            "requester_managed": false,
            "resource_configuration_arn": "",
            "route_table_ids": [],
            "security_group_ids": [
              "sg-011279c06fd1d623b"
            ],
            "service_name": "com.amazonaws.ap-northeast-1.ssm",
            "service_network_arn": "",
            "service_region": "ap-northeast-1",
            "state": "available",
            "subnet_configuration": [
              {
                "ipv4": "10.100.101.84",
                "ipv6": "",
                "subnet_id": "subnet-0fc27a548c818ca93"
              },
              {
                "ipv4": "10.100.102.85",
                "ipv6": "",
                "subnet_id": "subnet-07b96d34b624cb5df"
              }
            ],
            "subnet_ids": [
              "subnet-07b96d34b624cb5df",
              "subnet-0fc27a548c818ca93"
            ],
            "tags": {
              "Name": "shinjuku-final-vpce-ssm01"
            },
            "tags_all": {
              "Name": "shinjuku-final-vpce-ssm01"
            },
            "timeouts": null,
            "vpc_endpoint_type": "Interface",
            "vpc_id": "vpc-0b9de40ee844fa645"
          },
          "sensitive_attributes": [],
          "identity_schema_version": 0,
          "identity": {
            "account_id": "975598471165",
            "id": "vpce-0444ff9409ec375ee",
            "region": "ap-northeast-1"
          },
          "private": "eyJlMmJmYjczMC1lY2FhLTExZTYtOGY4OC0zNDM2M2JjN2M0YzAiOnsiY3JlYXRlIjo2MDAwMDAwMDAwMDAsImRlbGV0ZSI6NjAwMDAwMDAwMDAwLCJ1cGRhdGUiOjYwMDAwMDAwMDAwMH19",
          "dependencies": [
            "aws_security_group.shinjuku_vpce_sg01",
            "aws_subnet.shinjuku_private_subnets",
            "aws_vpc.shinjuku_vpc01",
            "data.aws_region.shinjuku_region01"
          ]
        }
      ]
    },
    {
      "mode": "managed",
      "type": "aws_vpc_endpoint",
      "name": "shinjuku_vpce_ssmmessages01",
      "provider": "provider[\"registry.terraform.io/hashicorp/aws\"]",
      "instances": [
        {
          "schema_version": 0,
          "attributes": {
            "arn": "arn:aws:ec2:ap-northeast-1:975598471165:vpc-endpoint/vpce-0c78e091ce5ce96c5",
            "auto_accept": null,
            "cidr_blocks": [],
            "dns_entry": [
              {
                "dns_name": "vpce-0c78e091ce5ce96c5-z6xzimck.ssmmessages.ap-northeast-1.vpce.amazonaws.com",
                "hosted_zone_id": "Z2E726K9Y6RL4W"
              },
              {
                "dns_name": "vpce-0c78e091ce5ce96c5-z6xzimck-ap-northeast-1c.ssmmessages.ap-northeast-1.vpce.amazonaws.com",
                "hosted_zone_id": "Z2E726K9Y6RL4W"
              },
              {
                "dns_name": "vpce-0c78e091ce5ce96c5-z6xzimck-ap-northeast-1a.ssmmessages.ap-northeast-1.vpce.amazonaws.com",
                "hosted_zone_id": "Z2E726K9Y6RL4W"
              },
              {
                "dns_name": "ssmmessages.ap-northeast-1.amazonaws.com",
                "hosted_zone_id": "Z05599231LQCF7ISA1XZL"
              },
              {
                "dns_name": "ssmmessages.ap-northeast-1.api.aws",
                "hosted_zone_id": "Z02710282UT3DX4JAKKX6"
              }
            ],
            "dns_options": [
              {
                "dns_record_ip_type": "ipv4",
                "private_dns_only_for_inbound_resolver_endpoint": false,
                "private_dns_preference": "",
                "private_dns_specified_domains": []
              }
            ],
            "id": "vpce-0c78e091ce5ce96c5",
            "ip_address_type": "ipv4",
            "network_interface_ids": [
              "eni-0630321bd07d4d0c5",
              "eni-0c949cdd693650a13"
            ],
            "owner_id": "975598471165",
            "policy": "{\"Statement\":[{\"Action\":\"*\",\"Effect\":\"Allow\",\"Principal\":\"*\",\"Resource\":\"*\"}]}",
            "prefix_list_id": null,
            "private_dns_enabled": true,
            "region": "ap-northeast-1",
            "requester_managed": false,
            "resource_configuration_arn": "",
            "route_table_ids": [],
            "security_group_ids": [
              "sg-011279c06fd1d623b"
            ],
            "service_name": "com.amazonaws.ap-northeast-1.ssmmessages",
            "service_network_arn": "",
            "service_region": "ap-northeast-1",
            "state": "available",
            "subnet_configuration": [
              {
                "ipv4": "10.100.101.235",
                "ipv6": "",
                "subnet_id": "subnet-0fc27a548c818ca93"
              },
              {
                "ipv4": "10.100.102.228",
                "ipv6": "",
                "subnet_id": "subnet-07b96d34b624cb5df"
              }
            ],
            "subnet_ids": [
              "subnet-07b96d34b624cb5df",
              "subnet-0fc27a548c818ca93"
            ],
            "tags": {
              "Name": "shinjuku-final-vpce-ssmmessages01"
            },
            "tags_all": {
              "Name": "shinjuku-final-vpce-ssmmessages01"
            },
            "timeouts": null,
            "vpc_endpoint_type": "Interface",
            "vpc_id": "vpc-0b9de40ee844fa645"
          },
          "sensitive_attributes": [],
          "identity_schema_version": 0,
          "identity": {
            "account_id": "975598471165",
            "id": "vpce-0c78e091ce5ce96c5",
            "region": "ap-northeast-1"
          },
          "private": "eyJlMmJmYjczMC1lY2FhLTExZTYtOGY4OC0zNDM2M2JjN2M0YzAiOnsiY3JlYXRlIjo2MDAwMDAwMDAwMDAsImRlbGV0ZSI6NjAwMDAwMDAwMDAwLCJ1cGRhdGUiOjYwMDAwMDAwMDAwMH19",
          "dependencies": [
            "aws_security_group.shinjuku_vpce_sg01",
            "aws_subnet.shinjuku_private_subnets",
            "aws_vpc.shinjuku_vpc01",
            "data.aws_region.shinjuku_region01"
          ]
        }
      ]
    },
    {
      "mode": "managed",
      "type": "aws_vpc_security_group_ingress_rule",
      "name": "ingress_22",
      "provider": "provider[\"registry.terraform.io/hashicorp/aws\"]",
      "instances": [
        {
          "schema_version": 0,
          "attributes": {
            "arn": "arn:aws:ec2:ap-northeast-1:975598471165:security-group-rule/sgr-0796c311e4cdae2bd",
            "cidr_ipv4": "99.184.18.128/32",
            "cidr_ipv6": null,
            "description": "SSH from admin IP only",
            "from_port": 22,
            "id": "sgr-0796c311e4cdae2bd",
            "ip_protocol": "tcp",
            "prefix_list_id": null,
            "referenced_security_group_id": null,
            "region": "ap-northeast-1",
            "security_group_id": "sg-05b82ae1d94f2d579",
            "security_group_rule_id": "sgr-0796c311e4cdae2bd",
            "tags": null,
            "tags_all": {},
            "to_port": 22
          },
          "sensitive_attributes": [],
          "identity_schema_version": 0,
          "identity": {
            "account_id": "975598471165",
            "id": "sgr-0796c311e4cdae2bd",
            "region": "ap-northeast-1"
          },
          "dependencies": [
            "aws_security_group.shinjuku_ec2_sg01",
            "aws_vpc.shinjuku_vpc01"
          ]
        }
      ]
    },
    {
      "mode": "managed",
      "type": "aws_wafv2_web_acl",
      "name": "shinjuku_cf_waf01",
      "provider": "provider[\"registry.terraform.io/hashicorp/aws\"].east",
      "instances": [
        {
          "schema_version": 0,
          "attributes": {
            "application_integration_url": "",
            "arn": "arn:aws:wafv2:us-east-1:975598471165:global/webacl/shinjuku-final-cf-waf01/55933ab9-a596-4d21-bec0-b3692446a9e1",
            "association_config": [],
            "capacity": 700,
            "captcha_config": [],
            "challenge_config": [],
            "custom_response_body": [],
            "data_protection_config": [],
            "default_action": [
              {
                "allow": [
                  {
                    "custom_request_handling": []
                  }
                ],
                "block": []
              }
            ],
            "description": "",
            "id": "55933ab9-a596-4d21-bec0-b3692446a9e1",
            "lock_token": "d4fd2caa-604e-4e9b-b695-f41ee6b90a57",
            "name": "shinjuku-final-cf-waf01",
            "name_prefix": "",
            "region": "us-east-1",
            "rule": [
              {
                "action": [],
                "captcha_config": [],
                "challenge_config": [],
                "name": "AWSManagedRulesCommonRuleSet",
                "override_action": [
                  {
                    "count": [],
                    "none": [
                      {}
                    ]
                  }
                ],
                "priority": 1,
                "rule_label": [],
                "statement": [
                  {
                    "and_statement": [],
                    "asn_match_statement": [],
                    "byte_match_statement": [],
                    "geo_match_statement": [],
                    "ip_set_reference_statement": [],
                    "label_match_statement": [],
                    "managed_rule_group_statement": [
                      {
                        "managed_rule_group_configs": [],
                        "name": "AWSManagedRulesCommonRuleSet",
                        "rule_action_override": [],
                        "scope_down_statement": [],
                        "vendor_name": "AWS",
                        "version": ""
                      }
                    ],
                    "not_statement": [],
                    "or_statement": [],
                    "rate_based_statement": [],
                    "regex_match_statement": [],
                    "regex_pattern_set_reference_statement": [],
                    "rule_group_reference_statement": [],
                    "size_constraint_statement": [],
                    "sqli_match_statement": [],
                    "xss_match_statement": []
                  }
                ],
                "visibility_config": [
                  {
                    "cloudwatch_metrics_enabled": true,
                    "metric_name": "shinjuku-final-cf-waf-common",
                    "sampled_requests_enabled": true
                  }
                ]
              }
            ],
            "rule_json": null,
            "scope": "CLOUDFRONT",
            "tags": {
              "Name": "shinjuku-final-cf-waf01"
            },
            "tags_all": {
              "Name": "shinjuku-final-cf-waf01"
            },
            "token_domains": [],
            "visibility_config": [
              {
                "cloudwatch_metrics_enabled": true,
                "metric_name": "shinjuku-final-cf-waf01",
                "sampled_requests_enabled": true
              }
            ]
          },
          "sensitive_attributes": [],
          "identity_schema_version": 0,
          "private": "bnVsbA=="
        }
      ]
    },
    {
      "mode": "managed",
      "type": "aws_wafv2_web_acl",
      "name": "shinjuku_waf01",
      "provider": "provider[\"registry.terraform.io/hashicorp/aws\"].east",
      "instances": [
        {
          "index_key": 0,
          "schema_version": 0,
          "attributes": {
            "application_integration_url": "",
            "arn": "arn:aws:wafv2:us-east-1:975598471165:global/webacl/shinjuku-final-waf01/944deb41-92c4-49ac-8f0d-775c490d775e",
            "association_config": [],
            "capacity": 700,
            "captcha_config": [],
            "challenge_config": [],
            "custom_response_body": [],
            "data_protection_config": [],
            "default_action": [
              {
                "allow": [
                  {
                    "custom_request_handling": []
                  }
                ],
                "block": []
              }
            ],
            "description": "",
            "id": "944deb41-92c4-49ac-8f0d-775c490d775e",
            "lock_token": "14c96a95-534b-4db5-b06a-b564e9ed85d3",
            "name": "shinjuku-final-waf01",
            "name_prefix": "",
            "region": "us-east-1",
            "rule": [
              {
                "action": [],
                "captcha_config": [],
                "challenge_config": [],
                "name": "AWSManagedRulesCommonRuleSet",
                "override_action": [
                  {
                    "count": [],
                    "none": [
                      {}
                    ]
                  }
                ],
                "priority": 1,
                "rule_label": [],
                "statement": [
                  {
                    "and_statement": [],
                    "asn_match_statement": [],
                    "byte_match_statement": [],
                    "geo_match_statement": [],
                    "ip_set_reference_statement": [],
                    "label_match_statement": [],
                    "managed_rule_group_statement": [
                      {
                        "managed_rule_group_configs": [],
                        "name": "AWSManagedRulesCommonRuleSet",
                        "rule_action_override": [],
                        "scope_down_statement": [],
                        "vendor_name": "AWS",
                        "version": ""
                      }
                    ],
                    "not_statement": [],
                    "or_statement": [],
                    "rate_based_statement": [],
                    "regex_match_statement": [],
                    "regex_pattern_set_reference_statement": [],
                    "rule_group_reference_statement": [],
                    "size_constraint_statement": [],
                    "sqli_match_statement": [],
                    "xss_match_statement": []
                  }
                ],
                "visibility_config": [
                  {
                    "cloudwatch_metrics_enabled": true,
                    "metric_name": "shinjuku-final-waf-common",
                    "sampled_requests_enabled": true
                  }
                ]
              }
            ],
            "rule_json": null,
            "scope": "CLOUDFRONT",
            "tags": {
              "Name": "shinjuku-final-waf01"
            },
            "tags_all": {
              "Name": "shinjuku-final-waf01"
            },
            "token_domains": [],
            "visibility_config": [
              {
                "cloudwatch_metrics_enabled": true,
                "metric_name": "shinjuku-final-waf01",
                "sampled_requests_enabled": true
              }
            ]
          },
          "sensitive_attributes": [],
          "identity_schema_version": 0,
          "private": "bnVsbA=="
        }
      ]
    },
    {
      "mode": "managed",
      "type": "aws_wafv2_web_acl_logging_configuration",
      "name": "shinjuku_waf_logging01",
      "provider": "provider[\"registry.terraform.io/hashicorp/aws\"].east",
      "instances": [
        {
          "index_key": 0,
          "schema_version": 0,
          "attributes": {
            "id": "arn:aws:wafv2:us-east-1:975598471165:global/webacl/shinjuku-final-waf01/944deb41-92c4-49ac-8f0d-775c490d775e",
            "log_destination_configs": [
              "arn:aws:logs:us-east-1:975598471165:log-group:aws-waf-logs-shinjuku-final-webacl01"
            ],
            "logging_filter": [],
            "redacted_fields": [],
            "region": "us-east-1",
            "resource_arn": "arn:aws:wafv2:us-east-1:975598471165:global/webacl/shinjuku-final-waf01/944deb41-92c4-49ac-8f0d-775c490d775e"
          },
          "sensitive_attributes": [],
          "identity_schema_version": 0,
          "private": "bnVsbA==",
          "dependencies": [
            "aws_cloudwatch_log_group.shinjuku_waf_log_group01",
            "aws_wafv2_web_acl.shinjuku_waf01"
          ]
        }
      ]
    },
    {
      "mode": "managed",
      "type": "random_password",
      "name": "shinjuku_origin_header_value01",
      "provider": "provider[\"registry.terraform.io/hashicorp/random\"]",
      "instances": [
        {
          "schema_version": 3,
          "attributes": {
            "bcrypt_hash": "$2a$10$UIhMocxm/o4kOhj05KF01esB9v0BeIOE4PAVH4tEEpI6vxbCXL4HK",
            "id": "none",
            "keepers": null,
            "length": 32,
            "lower": true,
            "min_lower": 0,
            "min_numeric": 0,
            "min_special": 0,
            "min_upper": 0,
            "number": true,
            "numeric": true,
            "override_special": null,
            "result": "D7gS1tEWjjS61jx1fXOySrAvJj7i28qP",
            "special": false,
            "upper": true
          },
          "sensitive_attributes": [
            [
              {
                "type": "get_attr",
                "value": "bcrypt_hash"
              }
            ],
            [
              {
                "type": "get_attr",
                "value": "result"
              }
            ]
          ],
          "identity_schema_version": 0
        }
      ]
    }
  ],
  "check_results": null
}
