{
  "version": 4,
  "terraform_version": "1.14.3",
  "serial": 1806,
  "lineage": "1b3f40ee-6a67-f733-0e35-1625d049c4b2",
  "outputs": {
    "armageddon_app_url_https": {
      "value": "https://app.firstpointand.click",
      "type": "string"
    },
    "armageddon_ec2_instance_id": {
      "value": "i-04d27cbdbc3a04476",
      "type": "string"
    },
    "armageddon_log_group_name": {
      "value": "/aws/ec2/armageddon-final-rds-app",
      "type": "string"
    },
    "armageddon_private_ec2_instance_id_bonus": {
      "value": "i-0099850cfdeecdac5",
      "type": "string"
    },
    "armageddon_private_subnet_ids": {
      "value": [
        "subnet-0b9fd340a51975d78",
        "subnet-0554fee9d28171188"
      ],
      "type": [
        "tuple",
        [
          "string",
          "string"
        ]
      ]
    },
    "armageddon_public_subnet_ids": {
      "value": [
        "subnet-02726993b055d6f34",
        "subnet-08425c9c0b22b03f8"
      ],
      "type": [
        "tuple",
        [
          "string",
          "string"
        ]
      ]
    },
    "armageddon_rds_endpoint": {
      "value": "armageddon-final-rds01.con8om0ygium.us-east-1.rds.amazonaws.com",
      "type": "string"
    },
    "armageddon_route53_zone_id": {
      "value": "Z0577510JJCMGIYZ7086",
      "type": "string"
    },
    "armageddon_sns_topic_arn": {
      "value": "arn:aws:sns:us-east-1:975598471165:armageddon-final-db-incidents",
      "type": "string"
    },
    "armageddon_vpc_id": {
      "value": "vpc-0b5b0d9ee674f1aee",
      "type": "string"
    },
    "armageddon_vpce_logs_id": {
      "value": "vpce-05fe83d6e965da6f9",
      "type": "string"
    },
    "armageddon_vpce_s3_id": {
      "value": "vpce-06f0688cc43a5ea49",
      "type": "string"
    },
    "armageddon_vpce_secrets_id": {
      "value": "vpce-0f70118a25adc012d",
      "type": "string"
    },
    "armageddon_vpce_ssm_id": {
      "value": "vpce-0991b94bec5f3dfc0",
      "type": "string"
    }
  },
  "resources": [
    {
      "mode": "data",
      "type": "aws_caller_identity",
      "name": "armageddon_self01",
      "provider": "provider[\"registry.terraform.io/hashicorp/aws\"]",
      "instances": [
        {
          "schema_version": 0,
          "attributes": {
            "account_id": "975598471165",
            "arn": "arn:aws:iam::975598471165:user/AWSCLI4",
            "id": "975598471165",
            "user_id": "AIDA6GJRTI765UEFNJMUZ"
          },
          "sensitive_attributes": [],
          "identity_schema_version": 0
        }
      ]
    },
    {
      "mode": "data",
      "type": "aws_region",
      "name": "armageddon_region01",
      "provider": "provider[\"registry.terraform.io/hashicorp/aws\"]",
      "instances": [
        {
          "schema_version": 0,
          "attributes": {
            "description": "US East (N. Virginia)",
            "endpoint": "ec2.us-east-1.amazonaws.com",
            "id": "us-east-1",
            "name": "us-east-1",
            "region": "us-east-1"
          },
          "sensitive_attributes": [],
          "identity_schema_version": 0
        }
      ]
    },
    {
      "mode": "managed",
      "type": "aws_acm_certificate",
      "name": "armageddon_acm_cert01",
      "provider": "provider[\"registry.terraform.io/hashicorp/aws\"]",
      "instances": [
        {
          "schema_version": 0,
          "attributes": {
            "arn": "arn:aws:acm:us-east-1:975598471165:certificate/1bfd3a45-c223-47ae-9717-2c8692a9d615",
            "certificate_authority_arn": "",
            "certificate_body": null,
            "certificate_chain": null,
            "domain_name": "app.firstpointand.click",
            "domain_validation_options": [
              {
                "domain_name": "app.firstpointand.click",
                "resource_record_name": "_2887c024ef221b96b378e669c909a316.app.firstpointand.click.",
                "resource_record_type": "CNAME",
                "resource_record_value": "_23ca46f13d74766d91eaccf83d750666.jkddzztszm.acm-validations.aws."
              }
            ],
            "early_renewal_duration": "",
            "id": "arn:aws:acm:us-east-1:975598471165:certificate/1bfd3a45-c223-47ae-9717-2c8692a9d615",
            "key_algorithm": "RSA_2048",
            "not_after": "",
            "not_before": "",
            "options": [
              {
                "certificate_transparency_logging_preference": "ENABLED",
                "export": "DISABLED"
              }
            ],
            "pending_renewal": false,
            "private_key": null,
            "region": "us-east-1",
            "renewal_eligibility": "INELIGIBLE",
            "renewal_summary": [],
            "status": "PENDING_VALIDATION",
            "subject_alternative_names": [
              "app.firstpointand.click"
            ],
            "tags": {
              "Name": "armageddon-final-acm-cert01"
            },
            "tags_all": {
              "Name": "armageddon-final-acm-cert01"
            },
            "type": "AMAZON_ISSUED",
            "validation_emails": [],
            "validation_method": "DNS",
            "validation_option": []
          },
          "sensitive_attributes": [
            [
              {
                "type": "get_attr",
                "value": "private_key"
              }
            ]
          ],
          "identity_schema_version": 0,
          "identity": {
            "arn": "arn:aws:acm:us-east-1:975598471165:certificate/1bfd3a45-c223-47ae-9717-2c8692a9d615"
          },
          "private": "bnVsbA=="
        }
      ]
    },
    {
      "mode": "managed",
      "type": "aws_acm_certificate_validation",
      "name": "armageddon_acm_validation01",
      "provider": "provider[\"registry.terraform.io/hashicorp/aws\"]",
      "instances": [
        {
          "schema_version": 0,
          "attributes": {
            "certificate_arn": "arn:aws:acm:us-east-1:975598471165:certificate/1bfd3a45-c223-47ae-9717-2c8692a9d615",
            "id": "2026-01-31 01:22:18.949 +0000 UTC",
            "region": "us-east-1",
            "timeouts": null,
            "validation_record_fqdns": [
              "_2887c024ef221b96b378e669c909a316.app.firstpointand.click"
            ]
          },
          "sensitive_attributes": [],
          "identity_schema_version": 0,
          "private": "eyJlMmJmYjczMC1lY2FhLTExZTYtOGY4OC0zNDM2M2JjN2M0YzAiOnsiY3JlYXRlIjo0NTAwMDAwMDAwMDAwfX0=",
          "dependencies": [
            "aws_acm_certificate.armageddon_acm_cert01",
            "aws_route53_record.armageddon_acm_validation"
          ]
        }
      ]
    },
    {
      "mode": "managed",
      "type": "aws_acm_certificate_validation",
      "name": "armageddon_acm_validation01_dns_bonus",
      "provider": "provider[\"registry.terraform.io/hashicorp/aws\"]",
      "instances": [
        {
          "index_key": 0,
          "schema_version": 0,
          "attributes": {
            "certificate_arn": "arn:aws:acm:us-east-1:975598471165:certificate/1bfd3a45-c223-47ae-9717-2c8692a9d615",
            "id": "2026-01-31 01:22:18.949 +0000 UTC",
            "region": "us-east-1",
            "timeouts": null,
            "validation_record_fqdns": [
              "_2887c024ef221b96b378e669c909a316.app.firstpointand.click"
            ]
          },
          "sensitive_attributes": [],
          "identity_schema_version": 0,
          "private": "eyJlMmJmYjczMC1lY2FhLTExZTYtOGY4OC0zNDM2M2JjN2M0YzAiOnsiY3JlYXRlIjo0NTAwMDAwMDAwMDAwfX0=",
          "dependencies": [
            "aws_acm_certificate.armageddon_acm_cert01",
            "aws_route53_record.armageddon_acm_validation_records01"
          ]
        }
      ]
    },
    {
      "mode": "managed",
      "type": "aws_cloudwatch_dashboard",
      "name": "armageddon_dashboard01",
      "provider": "provider[\"registry.terraform.io/hashicorp/aws\"]",
      "instances": [
        {
          "schema_version": 0,
          "attributes": {
            "dashboard_arn": "arn:aws:cloudwatch::975598471165:dashboard/armageddon-final-dashboard01",
            "dashboard_body": "{\"widgets\":[{\"height\":6,\"properties\":{\"metrics\":[[\"AWS/ApplicationELB\",\"RequestCount\",\"LoadBalancer\",\"app/armageddon-final-alb01/770c316d18f1ea5f\"],[\".\",\"HTTPCode_ELB_5XX_Count\",\".\",\"app/armageddon-final-alb01/770c316d18f1ea5f\"]],\"period\":300,\"region\":\"us-east-1\",\"stat\":\"Sum\",\"title\":\"armageddon ALB: Requests + 5XX\"},\"type\":\"metric\",\"width\":12,\"x\":0,\"y\":0},{\"height\":6,\"properties\":{\"metrics\":[[\"AWS/ApplicationELB\",\"TargetResponseTime\",\"LoadBalancer\",\"app/armageddon-final-alb01/770c316d18f1ea5f\"]],\"period\":300,\"region\":\"us-east-1\",\"stat\":\"Average\",\"title\":\"armageddon ALB: Target Response Time\",\"view\":\"table\"},\"type\":\"metric\",\"width\":12,\"x\":12,\"y\":0}]}",
            "dashboard_name": "armageddon-final-dashboard01",
            "id": "armageddon-final-dashboard01",
            "region": "us-east-1"
          },
          "sensitive_attributes": [],
          "identity_schema_version": 0,
          "private": "bnVsbA==",
          "dependencies": [
            "aws_lb.armageddon_alb01",
            "aws_security_group.armageddon_alb_sg01",
            "aws_subnet.armageddon_public_subnets",
            "aws_vpc.armageddon_vpc01"
          ]
        }
      ]
    },
    {
      "mode": "managed",
      "type": "aws_cloudwatch_log_group",
      "name": "armageddon_log_group01",
      "provider": "provider[\"registry.terraform.io/hashicorp/aws\"]",
      "instances": [
        {
          "schema_version": 0,
          "attributes": {
            "arn": "arn:aws:logs:us-east-1:975598471165:log-group:/aws/ec2/armageddon-final-rds-app",
            "deletion_protection_enabled": false,
            "id": "/aws/ec2/armageddon-final-rds-app",
            "kms_key_id": "",
            "log_group_class": "STANDARD",
            "name": "/aws/ec2/armageddon-final-rds-app",
            "name_prefix": "",
            "region": "us-east-1",
            "retention_in_days": 7,
            "skip_destroy": false,
            "tags": {
              "Name": "armageddon-final-log-group01"
            },
            "tags_all": {
              "Name": "armageddon-final-log-group01"
            }
          },
          "sensitive_attributes": [],
          "identity_schema_version": 0,
          "identity": {
            "account_id": "975598471165",
            "name": "/aws/ec2/armageddon-final-rds-app",
            "region": "us-east-1"
          },
          "private": "bnVsbA=="
        }
      ]
    },
    {
      "mode": "managed",
      "type": "aws_cloudwatch_metric_alarm",
      "name": "armageddon_alb_5xx_alarm01",
      "provider": "provider[\"registry.terraform.io/hashicorp/aws\"]",
      "instances": [
        {
          "schema_version": 1,
          "attributes": {
            "actions_enabled": true,
            "alarm_actions": [
              "arn:aws:sns:us-east-1:975598471165:armageddon-final-db-incidents"
            ],
            "alarm_description": "",
            "alarm_name": "armageddon-final-alb-5xx-alarm01",
            "arn": "arn:aws:cloudwatch:us-east-1:975598471165:alarm:armageddon-final-alb-5xx-alarm01",
            "comparison_operator": "GreaterThanOrEqualToThreshold",
            "datapoints_to_alarm": 0,
            "dimensions": {
              "LoadBalancer": "app/armageddon-final-alb01/770c316d18f1ea5f"
            },
            "evaluate_low_sample_count_percentiles": "",
            "evaluation_periods": 1,
            "extended_statistic": "",
            "id": "armageddon-final-alb-5xx-alarm01",
            "insufficient_data_actions": null,
            "metric_name": "HTTPCode_ELB_5XX_Count",
            "metric_query": [],
            "namespace": "AWS/ApplicationELB",
            "ok_actions": null,
            "period": 300,
            "region": "us-east-1",
            "statistic": "Sum",
            "tags": {
              "Name": "armageddon-final-alb-5xx-alarm01"
            },
            "tags_all": {
              "Name": "armageddon-final-alb-5xx-alarm01"
            },
            "threshold": 10,
            "threshold_metric_id": "",
            "treat_missing_data": "missing",
            "unit": ""
          },
          "sensitive_attributes": [],
          "identity_schema_version": 0,
          "identity": {
            "account_id": "975598471165",
            "alarm_name": "armageddon-final-alb-5xx-alarm01",
            "region": "us-east-1"
          },
          "private": "eyJzY2hlbWFfdmVyc2lvbiI6IjEifQ==",
          "dependencies": [
            "aws_lb.armageddon_alb01",
            "aws_security_group.armageddon_alb_sg01",
            "aws_sns_topic.armageddon_sns_topic01",
            "aws_subnet.armageddon_public_subnets",
            "aws_vpc.armageddon_vpc01"
          ]
        }
      ]
    },
    {
      "mode": "managed",
      "type": "aws_cloudwatch_metric_alarm",
      "name": "armageddon_db_alarm01",
      "provider": "provider[\"registry.terraform.io/hashicorp/aws\"]",
      "instances": [
        {
          "schema_version": 1,
          "attributes": {
            "actions_enabled": true,
            "alarm_actions": [
              "arn:aws:sns:us-east-1:975598471165:armageddon-final-db-incidents"
            ],
            "alarm_description": "",
            "alarm_name": "armageddon-final-db-connection-failure",
            "arn": "arn:aws:cloudwatch:us-east-1:975598471165:alarm:armageddon-final-db-connection-failure",
            "comparison_operator": "GreaterThanOrEqualToThreshold",
            "datapoints_to_alarm": 0,
            "dimensions": null,
            "evaluate_low_sample_count_percentiles": "",
            "evaluation_periods": 1,
            "extended_statistic": "",
            "id": "armageddon-final-db-connection-failure",
            "insufficient_data_actions": null,
            "metric_name": "DBConnectionErrors",
            "metric_query": [],
            "namespace": "Lab/RDSApp",
            "ok_actions": null,
            "period": 300,
            "region": "us-east-1",
            "statistic": "Sum",
            "tags": {
              "Name": "armageddon-final-alarm-db-fail"
            },
            "tags_all": {
              "Name": "armageddon-final-alarm-db-fail"
            },
            "threshold": 3,
            "threshold_metric_id": "",
            "treat_missing_data": "missing",
            "unit": ""
          },
          "sensitive_attributes": [],
          "identity_schema_version": 0,
          "identity": {
            "account_id": "975598471165",
            "alarm_name": "armageddon-final-db-connection-failure",
            "region": "us-east-1"
          },
          "private": "eyJzY2hlbWFfdmVyc2lvbiI6IjEifQ==",
          "dependencies": [
            "aws_sns_topic.armageddon_sns_topic01"
          ]
        }
      ]
    },
    {
      "mode": "managed",
      "type": "aws_db_instance",
      "name": "armageddon_rds01",
      "provider": "provider[\"registry.terraform.io/hashicorp/aws\"]",
      "instances": [
        {
          "schema_version": 2,
          "attributes": {
            "address": "armageddon-final-rds01.con8om0ygium.us-east-1.rds.amazonaws.com",
            "allocated_storage": 20,
            "allow_major_version_upgrade": null,
            "apply_immediately": false,
            "arn": "arn:aws:rds:us-east-1:975598471165:db:armageddon-final-rds01",
            "auto_minor_version_upgrade": true,
            "availability_zone": "us-east-1b",
            "backup_retention_period": 0,
            "backup_target": "region",
            "backup_window": "09:35-10:05",
            "blue_green_update": [],
            "ca_cert_identifier": "rds-ca-rsa2048-g1",
            "character_set_name": "",
            "copy_tags_to_snapshot": false,
            "custom_iam_instance_profile": "",
            "customer_owned_ip_enabled": false,
            "database_insights_mode": "standard",
            "db_name": "labdb",
            "db_subnet_group_name": "armageddon-final-rds-subnet-group01",
            "dedicated_log_volume": false,
            "delete_automated_backups": true,
            "deletion_protection": false,
            "domain": "",
            "domain_auth_secret_arn": "",
            "domain_dns_ips": null,
            "domain_fqdn": "",
            "domain_iam_role_name": "",
            "domain_ou": "",
            "enabled_cloudwatch_logs_exports": null,
            "endpoint": "armageddon-final-rds01.con8om0ygium.us-east-1.rds.amazonaws.com:3306",
            "engine": "mysql",
            "engine_lifecycle_support": "open-source-rds-extended-support",
            "engine_version": "8.4.7",
            "engine_version_actual": "8.4.7",
            "final_snapshot_identifier": null,
            "hosted_zone_id": "Z2R2ITUGPM61AM",
            "iam_database_authentication_enabled": false,
            "id": "db-KZVN7KTM36SOZNPIPB4KH6S6ZQ",
            "identifier": "armageddon-final-rds01",
            "identifier_prefix": "",
            "instance_class": "db.t3.micro",
            "iops": 0,
            "kms_key_id": "",
            "latest_restorable_time": "",
            "license_model": "general-public-license",
            "listener_endpoint": [],
            "maintenance_window": "thu:08:59-thu:09:29",
            "manage_master_user_password": null,
            "master_user_secret": [],
            "master_user_secret_kms_key_id": null,
            "max_allocated_storage": 0,
            "monitoring_interval": 0,
            "monitoring_role_arn": "",
            "multi_az": false,
            "nchar_character_set_name": "",
            "network_type": "IPV4",
            "option_group_name": "default:mysql-8-4",
            "parameter_group_name": "default.mysql8.4",
            "password": "armageddon!",
            "password_wo": null,
            "password_wo_version": null,
            "performance_insights_enabled": false,
            "performance_insights_kms_key_id": "",
            "performance_insights_retention_period": 0,
            "port": 3306,
            "publicly_accessible": false,
            "region": "us-east-1",
            "replica_mode": "",
            "replicas": [],
            "replicate_source_db": "",
            "resource_id": "db-KZVN7KTM36SOZNPIPB4KH6S6ZQ",
            "restore_to_point_in_time": [],
            "s3_import": [],
            "skip_final_snapshot": true,
            "snapshot_identifier": null,
            "status": "available",
            "storage_encrypted": false,
            "storage_throughput": 0,
            "storage_type": "gp2",
            "tags": {
              "Name": "armageddon-final-rds01"
            },
            "tags_all": {
              "Name": "armageddon-final-rds01"
            },
            "timeouts": null,
            "timezone": "",
            "upgrade_rollout_order": "second",
            "upgrade_storage_config": null,
            "username": "admin",
            "vpc_security_group_ids": [
              "sg-0aef06b10cc0d3468"
            ]
          },
          "sensitive_attributes": [
            [
              {
                "type": "get_attr",
                "value": "password"
              }
            ],
            [
              {
                "type": "get_attr",
                "value": "password_wo"
              }
            ]
          ],
          "identity_schema_version": 0,
          "private": "eyJlMmJmYjczMC1lY2FhLTExZTYtOGY4OC0zNDM2M2JjN2M0YzAiOnsiY3JlYXRlIjozMDAwMDAwMDAwMDAwLCJkZWxldGUiOjM2MDAwMDAwMDAwMDAsInVwZGF0ZSI6NDgwMDAwMDAwMDAwMH0sInNjaGVtYV92ZXJzaW9uIjoiMiJ9",
          "dependencies": [
            "aws_db_subnet_group.armageddon_rds_subnet_group01",
            "aws_security_group.armageddon_ec2_sg01",
            "aws_security_group.armageddon_rds_sg01",
            "aws_subnet.armageddon_private_subnets",
            "aws_vpc.armageddon_vpc01"
          ]
        }
      ]
    },
    {
      "mode": "managed",
      "type": "aws_db_subnet_group",
      "name": "armageddon_rds_subnet_group01",
      "provider": "provider[\"registry.terraform.io/hashicorp/aws\"]",
      "instances": [
        {
          "schema_version": 0,
          "attributes": {
            "arn": "arn:aws:rds:us-east-1:975598471165:subgrp:armageddon-final-rds-subnet-group01",
            "description": "Managed by Terraform",
            "id": "armageddon-final-rds-subnet-group01",
            "name": "armageddon-final-rds-subnet-group01",
            "name_prefix": "",
            "region": "us-east-1",
            "subnet_ids": [
              "subnet-0554fee9d28171188",
              "subnet-0b9fd340a51975d78"
            ],
            "supported_network_types": [
              "IPV4"
            ],
            "tags": {
              "Name": "armageddon-final-rds-subnet-group01"
            },
            "tags_all": {
              "Name": "armageddon-final-rds-subnet-group01"
            },
            "vpc_id": "vpc-0b5b0d9ee674f1aee"
          },
          "sensitive_attributes": [],
          "identity_schema_version": 0,
          "private": "bnVsbA==",
          "dependencies": [
            "aws_subnet.armageddon_private_subnets",
            "aws_vpc.armageddon_vpc01"
          ]
        }
      ]
    },
    {
      "mode": "managed",
      "type": "aws_eip",
      "name": "armageddon_nat_eip01",
      "provider": "provider[\"registry.terraform.io/hashicorp/aws\"]",
      "instances": [
        {
          "schema_version": 0,
          "attributes": {
            "address": null,
            "allocation_id": "eipalloc-07f5ef87e2267a3c7",
            "arn": "arn:aws:ec2:us-east-1:975598471165:elastic-ip/eipalloc-07f5ef87e2267a3c7",
            "associate_with_private_ip": null,
            "association_id": "",
            "carrier_ip": "",
            "customer_owned_ip": "",
            "customer_owned_ipv4_pool": "",
            "domain": "vpc",
            "id": "eipalloc-07f5ef87e2267a3c7",
            "instance": "",
            "ipam_pool_id": null,
            "network_border_group": "us-east-1",
            "network_interface": "",
            "private_dns": null,
            "private_ip": "",
            "ptr_record": "",
            "public_dns": "ec2-3-222-21-190.compute-1.amazonaws.com",
            "public_ip": "3.222.21.190",
            "public_ipv4_pool": "amazon",
            "region": "us-east-1",
            "tags": {
              "Name": "armageddon-final-nat-eip01"
            },
            "tags_all": {
              "Name": "armageddon-final-nat-eip01"
            },
            "timeouts": null
          },
          "sensitive_attributes": [],
          "identity_schema_version": 0,
          "private": "eyJlMmJmYjczMC1lY2FhLTExZTYtOGY4OC0zNDM2M2JjN2M0YzAiOnsiZGVsZXRlIjoxODAwMDAwMDAwMDAsInJlYWQiOjkwMDAwMDAwMDAwMCwidXBkYXRlIjozMDAwMDAwMDAwMDB9fQ=="
        }
      ]
    },
    {
      "mode": "managed",
      "type": "aws_iam_instance_profile",
      "name": "armageddon_instance_profile01",
      "provider": "provider[\"registry.terraform.io/hashicorp/aws\"]",
      "instances": [
        {
          "schema_version": 0,
          "attributes": {
            "arn": "arn:aws:iam::975598471165:instance-profile/armageddon-final-instance-profile01",
            "create_date": "2026-01-31T01:22:03Z",
            "id": "armageddon-final-instance-profile01",
            "name": "armageddon-final-instance-profile01",
            "name_prefix": "",
            "path": "/",
            "role": "armageddon-final-ec2-role01",
            "tags": null,
            "tags_all": {},
            "unique_id": "AIPA6GJRTI766SZ2OKOUN"
          },
          "sensitive_attributes": [],
          "identity_schema_version": 0,
          "private": "bnVsbA==",
          "dependencies": [
            "aws_iam_role.armageddon_ec2_role01"
          ]
        }
      ]
    },
    {
      "mode": "managed",
      "type": "aws_iam_policy",
      "name": "armageddon_leastpriv_cwlogs01",
      "provider": "provider[\"registry.terraform.io/hashicorp/aws\"]",
      "instances": [
        {
          "schema_version": 0,
          "attributes": {
            "arn": "arn:aws:iam::975598471165:policy/armageddon-final-lp-cwlogs01",
            "attachment_count": 0,
            "delay_after_policy_creation_in_ms": null,
            "description": "Least-privilege CloudWatch Logs write for the app log group",
            "id": "arn:aws:iam::975598471165:policy/armageddon-final-lp-cwlogs01",
            "name": "armageddon-final-lp-cwlogs01",
            "name_prefix": "",
            "path": "/",
            "policy": "{\"Statement\":[{\"Action\":[\"logs:CreateLogStream\",\"logs:PutLogEvents\",\"logs:DescribeLogStreams\"],\"Effect\":\"Allow\",\"Resource\":[\"arn:aws:logs:us-east-1:975598471165:log-group:/aws/ec2/armageddon-final-rds-app:*\"],\"Sid\":\"WriteLogs\"}],\"Version\":\"2012-10-17\"}",
            "policy_id": "ANPA6GJRTI76WAZJ5O66A",
            "tags": null,
            "tags_all": {}
          },
          "sensitive_attributes": [],
          "identity_schema_version": 0,
          "identity": {
            "arn": "arn:aws:iam::975598471165:policy/armageddon-final-lp-cwlogs01"
          },
          "private": "bnVsbA==",
          "dependencies": [
            "aws_cloudwatch_log_group.armageddon_log_group01"
          ]
        }
      ]
    },
    {
      "mode": "managed",
      "type": "aws_iam_policy",
      "name": "armageddon_leastpriv_read_params01",
      "provider": "provider[\"registry.terraform.io/hashicorp/aws\"]",
      "instances": [
        {
          "schema_version": 0,
          "attributes": {
            "arn": "arn:aws:iam::975598471165:policy/armageddon-final-lp-ssm-read01",
            "attachment_count": 0,
            "delay_after_policy_creation_in_ms": null,
            "description": "Least-privilege read for SSM Parameter Store under /lab/db/*",
            "id": "arn:aws:iam::975598471165:policy/armageddon-final-lp-ssm-read01",
            "name": "armageddon-final-lp-ssm-read01",
            "name_prefix": "",
            "path": "/",
            "policy": "{\"Statement\":[{\"Action\":[\"ssm:GetParameter\",\"ssm:GetParameters\",\"ssm:GetParametersByPath\"],\"Effect\":\"Allow\",\"Resource\":[\"arn:aws:ssm:us-east-1:975598471165:parameter/lab/db/*\"],\"Sid\":\"ReadLabDbParams\"}],\"Version\":\"2012-10-17\"}",
            "policy_id": "ANPA6GJRTI76S3WA5Q3NB",
            "tags": null,
            "tags_all": {}
          },
          "sensitive_attributes": [],
          "identity_schema_version": 0,
          "identity": {
            "arn": "arn:aws:iam::975598471165:policy/armageddon-final-lp-ssm-read01"
          },
          "private": "bnVsbA==",
          "dependencies": [
            "data.aws_caller_identity.armageddon_self01",
            "data.aws_region.armageddon_region01"
          ]
        }
      ]
    },
    {
      "mode": "managed",
      "type": "aws_iam_policy",
      "name": "armageddon_leastpriv_read_secret01",
      "provider": "provider[\"registry.terraform.io/hashicorp/aws\"]",
      "instances": [
        {
          "schema_version": 0,
          "attributes": {
            "arn": "arn:aws:iam::975598471165:policy/armageddon-final-lp-secrets-read01",
            "attachment_count": 0,
            "delay_after_policy_creation_in_ms": null,
            "description": "Least-privilege read for the lab DB secret",
            "id": "arn:aws:iam::975598471165:policy/armageddon-final-lp-secrets-read01",
            "name": "armageddon-final-lp-secrets-read01",
            "name_prefix": "",
            "path": "/",
            "policy": "{\"Statement\":[{\"Action\":[\"secretsmanager:GetSecretValue\",\"secretsmanager:DescribeSecret\"],\"Effect\":\"Allow\",\"Resource\":\"arn:aws:secretsmanager:us-east-1:975598471165:secret:armageddon-final/rds/mysql*\",\"Sid\":\"ReadOnlyLabSecret\"}],\"Version\":\"2012-10-17\"}",
            "policy_id": "ANPA6GJRTI76QDNCGRTGL",
            "tags": null,
            "tags_all": {}
          },
          "sensitive_attributes": [],
          "identity_schema_version": 0,
          "identity": {
            "arn": "arn:aws:iam::975598471165:policy/armageddon-final-lp-secrets-read01"
          },
          "private": "bnVsbA==",
          "dependencies": [
            "data.aws_caller_identity.armageddon_self01",
            "data.aws_region.armageddon_region01"
          ]
        }
      ]
    },
    {
      "mode": "managed",
      "type": "aws_iam_role",
      "name": "armageddon_ec2_role01",
      "provider": "provider[\"registry.terraform.io/hashicorp/aws\"]",
      "instances": [
        {
          "schema_version": 0,
          "attributes": {
            "arn": "arn:aws:iam::975598471165:role/armageddon-final-ec2-role01",
            "assume_role_policy": "{\"Statement\":[{\"Action\":\"sts:AssumeRole\",\"Effect\":\"Allow\",\"Principal\":{\"Service\":\"ec2.amazonaws.com\"}}],\"Version\":\"2012-10-17\"}",
            "create_date": "2026-01-31T01:22:00Z",
            "description": "",
            "force_detach_policies": false,
            "id": "armageddon-final-ec2-role01",
            "inline_policy": [],
            "managed_policy_arns": [],
            "max_session_duration": 3600,
            "name": "armageddon-final-ec2-role01",
            "name_prefix": "",
            "path": "/",
            "permissions_boundary": "",
            "tags": null,
            "tags_all": {},
            "unique_id": "AROA6GJRTI76YUFZBRPL2"
          },
          "sensitive_attributes": [],
          "identity_schema_version": 0,
          "identity": {
            "account_id": "975598471165",
            "name": "armageddon-final-ec2-role01"
          },
          "private": "bnVsbA=="
        }
      ]
    },
    {
      "mode": "managed",
      "type": "aws_iam_role_policy_attachment",
      "name": "armageddon_attach_lp_cwlogs01",
      "provider": "provider[\"registry.terraform.io/hashicorp/aws\"]",
      "instances": [
        {
          "schema_version": 0,
          "attributes": {
            "id": "armageddon-final-ec2-role01/arn:aws:iam::975598471165:policy/armageddon-final-lp-cwlogs01",
            "policy_arn": "arn:aws:iam::975598471165:policy/armageddon-final-lp-cwlogs01",
            "role": "armageddon-final-ec2-role01"
          },
          "sensitive_attributes": [],
          "identity_schema_version": 0,
          "identity": {
            "account_id": "975598471165",
            "policy_arn": "arn:aws:iam::975598471165:policy/armageddon-final-lp-cwlogs01",
            "role": "armageddon-final-ec2-role01"
          },
          "private": "bnVsbA==",
          "dependencies": [
            "aws_cloudwatch_log_group.armageddon_log_group01",
            "aws_iam_policy.armageddon_leastpriv_cwlogs01",
            "aws_iam_role.armageddon_ec2_role01"
          ]
        }
      ]
    },
    {
      "mode": "managed",
      "type": "aws_iam_role_policy_attachment",
      "name": "armageddon_attach_lp_params01",
      "provider": "provider[\"registry.terraform.io/hashicorp/aws\"]",
      "instances": [
        {
          "schema_version": 0,
          "attributes": {
            "id": "armageddon-final-ec2-role01/arn:aws:iam::975598471165:policy/armageddon-final-lp-ssm-read01",
            "policy_arn": "arn:aws:iam::975598471165:policy/armageddon-final-lp-ssm-read01",
            "role": "armageddon-final-ec2-role01"
          },
          "sensitive_attributes": [],
          "identity_schema_version": 0,
          "identity": {
            "account_id": "975598471165",
            "policy_arn": "arn:aws:iam::975598471165:policy/armageddon-final-lp-ssm-read01",
            "role": "armageddon-final-ec2-role01"
          },
          "private": "bnVsbA==",
          "dependencies": [
            "aws_iam_policy.armageddon_leastpriv_read_params01",
            "aws_iam_role.armageddon_ec2_role01",
            "data.aws_caller_identity.armageddon_self01",
            "data.aws_region.armageddon_region01"
          ]
        }
      ]
    },
    {
      "mode": "managed",
      "type": "aws_iam_role_policy_attachment",
      "name": "armageddon_attach_lp_secret01",
      "provider": "provider[\"registry.terraform.io/hashicorp/aws\"]",
      "instances": [
        {
          "schema_version": 0,
          "attributes": {
            "id": "armageddon-final-ec2-role01/arn:aws:iam::975598471165:policy/armageddon-final-lp-secrets-read01",
            "policy_arn": "arn:aws:iam::975598471165:policy/armageddon-final-lp-secrets-read01",
            "role": "armageddon-final-ec2-role01"
          },
          "sensitive_attributes": [],
          "identity_schema_version": 0,
          "identity": {
            "account_id": "975598471165",
            "policy_arn": "arn:aws:iam::975598471165:policy/armageddon-final-lp-secrets-read01",
            "role": "armageddon-final-ec2-role01"
          },
          "private": "bnVsbA==",
          "dependencies": [
            "aws_iam_policy.armageddon_leastpriv_read_secret01",
            "aws_iam_role.armageddon_ec2_role01",
            "data.aws_caller_identity.armageddon_self01",
            "data.aws_region.armageddon_region01"
          ]
        }
      ]
    },
    {
      "mode": "managed",
      "type": "aws_iam_role_policy_attachment",
      "name": "armageddon_ec2_cw_attach",
      "provider": "provider[\"registry.terraform.io/hashicorp/aws\"]",
      "instances": [
        {
          "schema_version": 0,
          "attributes": {
            "id": "armageddon-final-ec2-role01/arn:aws:iam::aws:policy/CloudWatchAgentServerPolicy",
            "policy_arn": "arn:aws:iam::aws:policy/CloudWatchAgentServerPolicy",
            "role": "armageddon-final-ec2-role01"
          },
          "sensitive_attributes": [],
          "identity_schema_version": 0,
          "identity": {
            "account_id": "975598471165",
            "policy_arn": "arn:aws:iam::aws:policy/CloudWatchAgentServerPolicy",
            "role": "armageddon-final-ec2-role01"
          },
          "private": "bnVsbA==",
          "dependencies": [
            "aws_iam_role.armageddon_ec2_role01"
          ]
        }
      ]
    },
    {
      "mode": "managed",
      "type": "aws_iam_role_policy_attachment",
      "name": "armageddon_ec2_secrets_attach",
      "provider": "provider[\"registry.terraform.io/hashicorp/aws\"]",
      "instances": [
        {
          "schema_version": 0,
          "attributes": {
            "id": "armageddon-final-ec2-role01/arn:aws:iam::aws:policy/SecretsManagerReadWrite",
            "policy_arn": "arn:aws:iam::aws:policy/SecretsManagerReadWrite",
            "role": "armageddon-final-ec2-role01"
          },
          "sensitive_attributes": [],
          "identity_schema_version": 0,
          "identity": {
            "account_id": "975598471165",
            "policy_arn": "arn:aws:iam::aws:policy/SecretsManagerReadWrite",
            "role": "armageddon-final-ec2-role01"
          },
          "private": "bnVsbA==",
          "dependencies": [
            "aws_iam_role.armageddon_ec2_role01"
          ]
        }
      ]
    },
    {
      "mode": "managed",
      "type": "aws_iam_role_policy_attachment",
      "name": "armageddon_ec2_ssm_attach",
      "provider": "provider[\"registry.terraform.io/hashicorp/aws\"]",
      "instances": [
        {
          "schema_version": 0,
          "attributes": {
            "id": "armageddon-final-ec2-role01/arn:aws:iam::aws:policy/AmazonSSMManagedInstanceCore",
            "policy_arn": "arn:aws:iam::aws:policy/AmazonSSMManagedInstanceCore",
            "role": "armageddon-final-ec2-role01"
          },
          "sensitive_attributes": [],
          "identity_schema_version": 0,
          "identity": {
            "account_id": "975598471165",
            "policy_arn": "arn:aws:iam::aws:policy/AmazonSSMManagedInstanceCore",
            "role": "armageddon-final-ec2-role01"
          },
          "private": "bnVsbA==",
          "dependencies": [
            "aws_iam_role.armageddon_ec2_role01"
          ]
        }
      ]
    },
    {
      "mode": "managed",
      "type": "aws_instance",
      "name": "armageddon_ec201",
      "provider": "provider[\"registry.terraform.io/hashicorp/aws\"]",
      "instances": [
        {
          "schema_version": 2,
          "attributes": {
            "ami": "ami-07ff62358b87c7116",
            "arn": "arn:aws:ec2:us-east-1:975598471165:instance/i-04d27cbdbc3a04476",
            "associate_public_ip_address": false,
            "availability_zone": "us-east-1a",
            "capacity_reservation_specification": [
              {
                "capacity_reservation_preference": "open",
                "capacity_reservation_target": []
              }
            ],
            "cpu_options": [
              {
                "amd_sev_snp": "",
                "core_count": 1,
                "threads_per_core": 2
              }
            ],
            "credit_specification": [
              {
                "cpu_credits": "unlimited"
              }
            ],
            "disable_api_stop": false,
            "disable_api_termination": false,
            "ebs_block_device": [],
            "ebs_optimized": false,
            "enable_primary_ipv6": null,
            "enclave_options": [
              {
                "enabled": false
              }
            ],
            "ephemeral_block_device": [],
            "force_destroy": false,
            "get_password_data": false,
            "hibernation": false,
            "host_id": "",
            "host_resource_group_arn": null,
            "iam_instance_profile": "armageddon-final-instance-profile01",
            "id": "i-04d27cbdbc3a04476",
            "instance_initiated_shutdown_behavior": "stop",
            "instance_lifecycle": "",
            "instance_market_options": [],
            "instance_state": "running",
            "instance_type": "t3.micro",
            "ipv6_address_count": 0,
            "ipv6_addresses": [],
            "key_name": "",
            "launch_template": [],
            "maintenance_options": [
              {
                "auto_recovery": "default"
              }
            ],
            "metadata_options": [
              {
                "http_endpoint": "enabled",
                "http_protocol_ipv6": "disabled",
                "http_put_response_hop_limit": 2,
                "http_tokens": "required",
                "instance_metadata_tags": "disabled"
              }
            ],
            "monitoring": false,
            "network_interface": [],
            "outpost_arn": "",
            "password_data": "",
            "placement_group": "",
            "placement_group_id": "",
            "placement_partition_number": 0,
            "primary_network_interface": [
              {
                "delete_on_termination": true,
                "network_interface_id": "eni-0f5d49033061e5ad9"
              }
            ],
            "primary_network_interface_id": "eni-0f5d49033061e5ad9",
            "private_dns": "ip-10-108-101-200.ec2.internal",
            "private_dns_name_options": [
              {
                "enable_resource_name_dns_a_record": false,
                "enable_resource_name_dns_aaaa_record": false,
                "hostname_type": "ip-name"
              }
            ],
            "private_ip": "10.108.101.200",
            "public_dns": "",
            "public_ip": "",
            "region": "us-east-1",
            "root_block_device": [
              {
                "delete_on_termination": true,
                "device_name": "/dev/xvda",
                "encrypted": false,
                "iops": 3000,
                "kms_key_id": "",
                "tags": {},
                "tags_all": {},
                "throughput": 125,
                "volume_id": "vol-0c33c708f4ee8d7c2",
                "volume_size": 8,
                "volume_type": "gp3"
              }
            ],
            "secondary_private_ips": [],
            "security_groups": [],
            "source_dest_check": true,
            "spot_instance_request_id": "",
            "subnet_id": "subnet-0b9fd340a51975d78",
            "tags": {
              "Name": "armageddon-final-ec201"
            },
            "tags_all": {
              "Name": "armageddon-final-ec201"
            },
            "tenancy": "default",
            "timeouts": null,
            "user_data": "#!/bin/bash\n# 1. Install System Dependencies\ndnf update -y\ndnf install -y python3-pip mariadb105\npip3 install flask pymysql boto3 watchtower\n\n# 2. Create Directory\nmkdir -p /opt/rdsapp\n\n# 3. Create the Python Script (The Simple Version)\ncat \u003e/opt/rdsapp/app.py \u003c\u003c'PY'\nimport json\nimport os\nimport boto3\nimport pymysql\nimport logging\nfrom flask import Flask, request\nfrom watchtower import CloudWatchLogHandler\n\nREGION = os.environ.get(\"AWS_REGION\", \"us-east-1\")\nLOG_GROUP = \"/aws/ec2/lab-rds-app\"\nMETRIC_NAMESPACE = \"Lab/RDSApp\"\n\nssm = boto3.client(\"ssm\", region_name=REGION)\nsm = boto3.client(\"secretsmanager\", region_name=REGION)\ncw = boto3.client(\"cloudwatch\", region_name=REGION)\n\nlogger = logging.getLogger(__name__)\nlogger.setLevel(logging.INFO)\ntry:\n    cw_handler = CloudWatchLogHandler(\n        log_group=LOG_GROUP, \n        stream_name=\"app-stream\", \n        boto3_client=boto3.client(\"logs\", region_name=REGION)\n    )\n    logger.addHandler(cw_handler)\nexcept Exception as e:\n    print(f\"CloudWatch Logs Setup Pending: {e}\")\n\napp = Flask(__name__)\n\ndef record_failure(error_msg):\n    logger.error(f\"DB_CONNECTION_FAILURE: {error_msg}\")\n    try:\n        cw.put_metric_data(\n            Namespace=METRIC_NAMESPACE,\n            MetricData=[{'MetricName': 'DBConnectionErrors', 'Value': 1.0, 'Unit': 'Count'}]\n        )\n    except Exception as e:\n        logger.warning(f\"Failed to push metric: {e}\")\n\ndef get_config():\n    try:\n        p_resp = ssm.get_parameters(\n            Names=['/lab/db/endpoint', '/lab/db/port', '/lab/db/name'],\n            WithDecryption=False\n        )\n        p_map = {p['Name']: p['Value'] for p in p_resp['Parameters']}\n        s_resp = sm.get_secret_value(SecretId='lab/rds/mysql')\n        secret = json.loads(s_resp['SecretString'])\n        return {\n            'host': p_map.get('/lab/db/endpoint'),\n            'port': int(p_map.get('/lab/db/port', 3306)),\n            'dbname': p_map.get('/lab/db/name', 'labdb'),\n            'user': secret.get('username'),\n            'password': secret.get('password')\n        }\n    except Exception as e:\n        record_failure(str(e))\n        raise e\n\ndef get_conn():\n    c = get_config()\n    return pymysql.connect(\n        host=c['host'], user=c['user'], password=c['password'], \n        port=c['port'], database=c['dbname'], autocommit=True\n    )\n\n@app.route(\"/\")\ndef home():\n    return \"\"\"\n    \u003ch1\u003eLab 1b: Simple RDS App\u003c/h1\u003e\n    \u003cul\u003e\n        \u003cli\u003e\u003ca href='/init'\u003e1. Init DB\u003c/a\u003e\u003c/li\u003e\n        \u003cli\u003e\u003ca href='/add?text=LabEntry'\u003e2. Add Note (?text=...)\u003c/a\u003e\u003c/li\u003e\n        \u003cli\u003e\u003ca href='/list'\u003e3. List Notes\u003c/a\u003e\u003c/li\u003e\n    \u003c/ul\u003e\n    \"\"\"\n\n@app.route(\"/add\")\ndef add_note():\n    note_text = request.args.get('text', 'Manual Entry')\n    try:\n        conn = get_conn()\n        cur = conn.cursor()\n        cur.execute(\"INSERT INTO notes (note) VALUES (%s)\", (note_text,))\n        cur.close()\n        conn.close()\n        return f\"Added: {note_text} | \u003ca href='/list'\u003eView List\u003c/a\u003e\"\n    except Exception as e:\n        record_failure(str(e))\n        return f\"Add Failed: {e}\", 500\n\n@app.route(\"/list\")\ndef list_notes():\n    try:\n        conn = get_conn()\n        cur = conn.cursor()\n        cur.execute(\"SELECT id, note FROM notes ORDER BY id DESC;\")\n        rows = cur.fetchall()\n        cur.close()\n        conn.close()\n        return \"\u003ch3\u003eNotes:\u003c/h3\u003e\" + \"\".join([f\"\u003cli\u003e{r[1]}\u003c/li\u003e\" for r in rows]) + \"\u003cbr\u003e\u003ca href='/'\u003eBack\u003c/a\u003e\"\n    except Exception as e:\n        record_failure(str(e))\n        return f\"List Failed: {e}\", 500\n\n@app.route(\"/init\")\ndef init_db():\n    try:\n        c = get_config()\n        conn = pymysql.connect(host=c['host'], user=c['user'], password=c['password'], port=c['port'])\n        cur = conn.cursor()\n        cur.execute(f\"CREATE DATABASE IF NOT EXISTS {c['dbname']};\")\n        cur.execute(f\"USE {c['dbname']};\")\n        cur.execute(\"CREATE TABLE IF NOT EXISTS notes (id INT AUTO_INCREMENT PRIMARY KEY, note VARCHAR(255));\")\n        cur.close()\n        conn.close()\n        return \"Init Success! \u003ca href='/'\u003eBack\u003c/a\u003e\"\n    except Exception as e:\n        record_failure(str(e))\n        return f\"Init Failed: {e}\", 500\n\nif __name__ == \"__main__\":\n    app.run(host=\"0.0.0.0\", port=80)\nPY\n\n# 4. Create the Service File\ncat \u003e/etc/systemd/system/rdsapp.service \u003c\u003c'SERVICE'\n[Unit]\nDescription=Lab 1b RDS App\nAfter=network-online.target\nWants=network-online.target\n\n[Service]\nWorkingDirectory=/opt/rdsapp\nExecStartPre=/usr/bin/sleep 20\nExecStart=/usr/bin/python3 /opt/rdsapp/app.py\nRestart=always\nRestartSec=10s\nEnvironment=AWS_REGION=us-east-1\n\n[Install]\nWantedBy=multi-user.target\nSERVICE\n\n# 5. Start the Engine\nsystemctl daemon-reload\nsystemctl enable rdsapp\nsystemctl start rdsapp",
            "user_data_base64": null,
            "user_data_replace_on_change": false,
            "volume_tags": null,
            "vpc_security_group_ids": [
              "sg-0f4312288a1a3d140"
            ]
          },
          "sensitive_attributes": [],
          "identity_schema_version": 0,
          "identity": {
            "account_id": "975598471165",
            "id": "i-04d27cbdbc3a04476",
            "region": "us-east-1"
          },
          "private": "eyJlMmJmYjczMC1lY2FhLTExZTYtOGY4OC0zNDM2M2JjN2M0YzAiOnsiY3JlYXRlIjo2MDAwMDAwMDAwMDAsImRlbGV0ZSI6MTIwMDAwMDAwMDAwMCwicmVhZCI6OTAwMDAwMDAwMDAwLCJ1cGRhdGUiOjYwMDAwMDAwMDAwMH0sInNjaGVtYV92ZXJzaW9uIjoiMiJ9",
          "dependencies": [
            "aws_iam_instance_profile.armageddon_instance_profile01",
            "aws_iam_role.armageddon_ec2_role01",
            "aws_security_group.armageddon_ec2_sg01",
            "aws_subnet.armageddon_private_subnets",
            "aws_vpc.armageddon_vpc01"
          ]
        }
      ]
    },
    {
      "mode": "managed",
      "type": "aws_instance",
      "name": "armageddon_ec201_private_bonus",
      "provider": "provider[\"registry.terraform.io/hashicorp/aws\"]",
      "instances": [
        {
          "schema_version": 2,
          "attributes": {
            "ami": "ami-07ff62358b87c7116",
            "arn": "arn:aws:ec2:us-east-1:975598471165:instance/i-0099850cfdeecdac5",
            "associate_public_ip_address": false,
            "availability_zone": "us-east-1a",
            "capacity_reservation_specification": [
              {
                "capacity_reservation_preference": "open",
                "capacity_reservation_target": []
              }
            ],
            "cpu_options": [
              {
                "amd_sev_snp": "",
                "core_count": 1,
                "threads_per_core": 2
              }
            ],
            "credit_specification": [
              {
                "cpu_credits": "unlimited"
              }
            ],
            "disable_api_stop": false,
            "disable_api_termination": false,
            "ebs_block_device": [],
            "ebs_optimized": false,
            "enable_primary_ipv6": null,
            "enclave_options": [
              {
                "enabled": false
              }
            ],
            "ephemeral_block_device": [],
            "force_destroy": false,
            "get_password_data": false,
            "hibernation": false,
            "host_id": "",
            "host_resource_group_arn": null,
            "iam_instance_profile": "armageddon-final-instance-profile01",
            "id": "i-0099850cfdeecdac5",
            "instance_initiated_shutdown_behavior": "stop",
            "instance_lifecycle": "",
            "instance_market_options": [],
            "instance_state": "running",
            "instance_type": "t3.micro",
            "ipv6_address_count": 0,
            "ipv6_addresses": [],
            "key_name": "",
            "launch_template": [],
            "maintenance_options": [
              {
                "auto_recovery": "default"
              }
            ],
            "metadata_options": [
              {
                "http_endpoint": "enabled",
                "http_protocol_ipv6": "disabled",
                "http_put_response_hop_limit": 2,
                "http_tokens": "required",
                "instance_metadata_tags": "disabled"
              }
            ],
            "monitoring": false,
            "network_interface": [],
            "outpost_arn": "",
            "password_data": "",
            "placement_group": "",
            "placement_group_id": "",
            "placement_partition_number": 0,
            "primary_network_interface": [
              {
                "delete_on_termination": true,
                "network_interface_id": "eni-034103269796f7b31"
              }
            ],
            "primary_network_interface_id": "eni-034103269796f7b31",
            "private_dns": "ip-10-108-101-37.ec2.internal",
            "private_dns_name_options": [
              {
                "enable_resource_name_dns_a_record": false,
                "enable_resource_name_dns_aaaa_record": false,
                "hostname_type": "ip-name"
              }
            ],
            "private_ip": "10.108.101.37",
            "public_dns": "",
            "public_ip": "",
            "region": "us-east-1",
            "root_block_device": [
              {
                "delete_on_termination": true,
                "device_name": "/dev/xvda",
                "encrypted": false,
                "iops": 3000,
                "kms_key_id": "",
                "tags": {},
                "tags_all": {},
                "throughput": 125,
                "volume_id": "vol-04aeb3f00fcbcf673",
                "volume_size": 8,
                "volume_type": "gp3"
              }
            ],
            "secondary_private_ips": [],
            "security_groups": [],
            "source_dest_check": true,
            "spot_instance_request_id": "",
            "subnet_id": "subnet-0b9fd340a51975d78",
            "tags": {
              "Name": "armageddon-final-ec201-private"
            },
            "tags_all": {
              "Name": "armageddon-final-ec201-private"
            },
            "tenancy": "default",
            "timeouts": null,
            "user_data": "#!/bin/bash\n# 1. Install System Dependencies\ndnf update -y\ndnf install -y python3-pip mariadb105\npip3 install flask pymysql boto3 watchtower\n\n# 2. Create Directory\nmkdir -p /opt/rdsapp\n\n# 3. Create the Python Script (The Simple Version)\ncat \u003e/opt/rdsapp/app.py \u003c\u003c'PY'\nimport json\nimport os\nimport boto3\nimport pymysql\nimport logging\nfrom flask import Flask, request\nfrom watchtower import CloudWatchLogHandler\n\nREGION = os.environ.get(\"AWS_REGION\", \"us-east-1\")\nLOG_GROUP = \"/aws/ec2/lab-rds-app\"\nMETRIC_NAMESPACE = \"Lab/RDSApp\"\n\nssm = boto3.client(\"ssm\", region_name=REGION)\nsm = boto3.client(\"secretsmanager\", region_name=REGION)\ncw = boto3.client(\"cloudwatch\", region_name=REGION)\n\nlogger = logging.getLogger(__name__)\nlogger.setLevel(logging.INFO)\ntry:\n    cw_handler = CloudWatchLogHandler(\n        log_group=LOG_GROUP, \n        stream_name=\"app-stream\", \n        boto3_client=boto3.client(\"logs\", region_name=REGION)\n    )\n    logger.addHandler(cw_handler)\nexcept Exception as e:\n    print(f\"CloudWatch Logs Setup Pending: {e}\")\n\napp = Flask(__name__)\n\ndef record_failure(error_msg):\n    logger.error(f\"DB_CONNECTION_FAILURE: {error_msg}\")\n    try:\n        cw.put_metric_data(\n            Namespace=METRIC_NAMESPACE,\n            MetricData=[{'MetricName': 'DBConnectionErrors', 'Value': 1.0, 'Unit': 'Count'}]\n        )\n    except Exception as e:\n        logger.warning(f\"Failed to push metric: {e}\")\n\ndef get_config():\n    try:\n        p_resp = ssm.get_parameters(\n            Names=['/lab/db/endpoint', '/lab/db/port', '/lab/db/name'],\n            WithDecryption=False\n        )\n        p_map = {p['Name']: p['Value'] for p in p_resp['Parameters']}\n        s_resp = sm.get_secret_value(SecretId='lab/rds/mysql')\n        secret = json.loads(s_resp['SecretString'])\n        return {\n            'host': p_map.get('/lab/db/endpoint'),\n            'port': int(p_map.get('/lab/db/port', 3306)),\n            'dbname': p_map.get('/lab/db/name', 'labdb'),\n            'user': secret.get('username'),\n            'password': secret.get('password')\n        }\n    except Exception as e:\n        record_failure(str(e))\n        raise e\n\ndef get_conn():\n    c = get_config()\n    return pymysql.connect(\n        host=c['host'], user=c['user'], password=c['password'], \n        port=c['port'], database=c['dbname'], autocommit=True\n    )\n\n@app.route(\"/\")\ndef home():\n    return \"\"\"\n    \u003ch1\u003eLab 1b: Simple RDS App\u003c/h1\u003e\n    \u003cul\u003e\n        \u003cli\u003e\u003ca href='/init'\u003e1. Init DB\u003c/a\u003e\u003c/li\u003e\n        \u003cli\u003e\u003ca href='/add?text=LabEntry'\u003e2. Add Note (?text=...)\u003c/a\u003e\u003c/li\u003e\n        \u003cli\u003e\u003ca href='/list'\u003e3. List Notes\u003c/a\u003e\u003c/li\u003e\n    \u003c/ul\u003e\n    \"\"\"\n\n@app.route(\"/add\")\ndef add_note():\n    note_text = request.args.get('text', 'Manual Entry')\n    try:\n        conn = get_conn()\n        cur = conn.cursor()\n        cur.execute(\"INSERT INTO notes (note) VALUES (%s)\", (note_text,))\n        cur.close()\n        conn.close()\n        return f\"Added: {note_text} | \u003ca href='/list'\u003eView List\u003c/a\u003e\"\n    except Exception as e:\n        record_failure(str(e))\n        return f\"Add Failed: {e}\", 500\n\n@app.route(\"/list\")\ndef list_notes():\n    try:\n        conn = get_conn()\n        cur = conn.cursor()\n        cur.execute(\"SELECT id, note FROM notes ORDER BY id DESC;\")\n        rows = cur.fetchall()\n        cur.close()\n        conn.close()\n        return \"\u003ch3\u003eNotes:\u003c/h3\u003e\" + \"\".join([f\"\u003cli\u003e{r[1]}\u003c/li\u003e\" for r in rows]) + \"\u003cbr\u003e\u003ca href='/'\u003eBack\u003c/a\u003e\"\n    except Exception as e:\n        record_failure(str(e))\n        return f\"List Failed: {e}\", 500\n\n@app.route(\"/init\")\ndef init_db():\n    try:\n        c = get_config()\n        conn = pymysql.connect(host=c['host'], user=c['user'], password=c['password'], port=c['port'])\n        cur = conn.cursor()\n        cur.execute(f\"CREATE DATABASE IF NOT EXISTS {c['dbname']};\")\n        cur.execute(f\"USE {c['dbname']};\")\n        cur.execute(\"CREATE TABLE IF NOT EXISTS notes (id INT AUTO_INCREMENT PRIMARY KEY, note VARCHAR(255));\")\n        cur.close()\n        conn.close()\n        return \"Init Success! \u003ca href='/'\u003eBack\u003c/a\u003e\"\n    except Exception as e:\n        record_failure(str(e))\n        return f\"Init Failed: {e}\", 500\n\nif __name__ == \"__main__\":\n    app.run(host=\"0.0.0.0\", port=80)\nPY\n\n# 4. Create the Service File\ncat \u003e/etc/systemd/system/rdsapp.service \u003c\u003c'SERVICE'\n[Unit]\nDescription=Lab 1b RDS App\nAfter=network-online.target\nWants=network-online.target\n\n[Service]\nWorkingDirectory=/opt/rdsapp\nExecStartPre=/usr/bin/sleep 20\nExecStart=/usr/bin/python3 /opt/rdsapp/app.py\nRestart=always\nRestartSec=10s\nEnvironment=AWS_REGION=us-east-1\n\n[Install]\nWantedBy=multi-user.target\nSERVICE\n\n# 5. Start the Engine\nsystemctl daemon-reload\nsystemctl enable rdsapp\nsystemctl start rdsapp",
            "user_data_base64": null,
            "user_data_replace_on_change": false,
            "volume_tags": null,
            "vpc_security_group_ids": [
              "sg-0f4312288a1a3d140"
            ]
          },
          "sensitive_attributes": [],
          "identity_schema_version": 0,
          "identity": {
            "account_id": "975598471165",
            "id": "i-0099850cfdeecdac5",
            "region": "us-east-1"
          },
          "private": "eyJlMmJmYjczMC1lY2FhLTExZTYtOGY4OC0zNDM2M2JjN2M0YzAiOnsiY3JlYXRlIjo2MDAwMDAwMDAwMDAsImRlbGV0ZSI6MTIwMDAwMDAwMDAwMCwicmVhZCI6OTAwMDAwMDAwMDAwLCJ1cGRhdGUiOjYwMDAwMDAwMDAwMH0sInNjaGVtYV92ZXJzaW9uIjoiMiJ9",
          "dependencies": [
            "aws_iam_instance_profile.armageddon_instance_profile01",
            "aws_iam_role.armageddon_ec2_role01",
            "aws_security_group.armageddon_ec2_sg01",
            "aws_subnet.armageddon_private_subnets",
            "aws_vpc.armageddon_vpc01"
          ]
        }
      ]
    },
    {
      "mode": "managed",
      "type": "aws_internet_gateway",
      "name": "armageddon_igw01",
      "provider": "provider[\"registry.terraform.io/hashicorp/aws\"]",
      "instances": [
        {
          "schema_version": 0,
          "attributes": {
            "arn": "arn:aws:ec2:us-east-1:975598471165:internet-gateway/igw-01a61d6ce84438471",
            "id": "igw-01a61d6ce84438471",
            "owner_id": "975598471165",
            "region": "us-east-1",
            "tags": {
              "Name": "armageddon-final-igw01"
            },
            "tags_all": {
              "Name": "armageddon-final-igw01"
            },
            "timeouts": null,
            "vpc_id": "vpc-0b5b0d9ee674f1aee"
          },
          "sensitive_attributes": [],
          "identity_schema_version": 0,
          "private": "eyJlMmJmYjczMC1lY2FhLTExZTYtOGY4OC0zNDM2M2JjN2M0YzAiOnsiY3JlYXRlIjoxMjAwMDAwMDAwMDAwLCJkZWxldGUiOjEyMDAwMDAwMDAwMDAsInVwZGF0ZSI6MTIwMDAwMDAwMDAwMH19",
          "dependencies": [
            "aws_vpc.armageddon_vpc01"
          ]
        }
      ]
    },
    {
      "mode": "managed",
      "type": "aws_lb",
      "name": "armageddon_alb01",
      "provider": "provider[\"registry.terraform.io/hashicorp/aws\"]",
      "instances": [
        {
          "schema_version": 0,
          "attributes": {
            "access_logs": [
              {
                "bucket": "",
                "enabled": false,
                "prefix": ""
              }
            ],
            "arn": "arn:aws:elasticloadbalancing:us-east-1:975598471165:loadbalancer/app/armageddon-final-alb01/770c316d18f1ea5f",
            "arn_suffix": "app/armageddon-final-alb01/770c316d18f1ea5f",
            "client_keep_alive": 3600,
            "connection_logs": [
              {
                "bucket": "",
                "enabled": false,
                "prefix": ""
              }
            ],
            "customer_owned_ipv4_pool": "",
            "desync_mitigation_mode": "defensive",
            "dns_name": "armageddon-final-alb01-243733139.us-east-1.elb.amazonaws.com",
            "dns_record_client_routing_policy": null,
            "drop_invalid_header_fields": false,
            "enable_cross_zone_load_balancing": true,
            "enable_deletion_protection": false,
            "enable_http2": true,
            "enable_tls_version_and_cipher_suite_headers": false,
            "enable_waf_fail_open": false,
            "enable_xff_client_port": false,
            "enable_zonal_shift": false,
            "enforce_security_group_inbound_rules_on_private_link_traffic": "",
            "health_check_logs": [
              {
                "bucket": "",
                "enabled": false,
                "prefix": ""
              }
            ],
            "id": "arn:aws:elasticloadbalancing:us-east-1:975598471165:loadbalancer/app/armageddon-final-alb01/770c316d18f1ea5f",
            "idle_timeout": 60,
            "internal": false,
            "ip_address_type": "ipv4",
            "ipam_pools": [],
            "load_balancer_type": "application",
            "minimum_load_balancer_capacity": [],
            "name": "armageddon-final-alb01",
            "name_prefix": "",
            "preserve_host_header": false,
            "region": "us-east-1",
            "secondary_ips_auto_assigned_per_subnet": null,
            "security_groups": [
              "sg-0b210e13e091c47d0"
            ],
            "subnet_mapping": [
              {
                "allocation_id": "",
                "ipv6_address": "",
                "outpost_id": "",
                "private_ipv4_address": "",
                "subnet_id": "subnet-02726993b055d6f34"
              },
              {
                "allocation_id": "",
                "ipv6_address": "",
                "outpost_id": "",
                "private_ipv4_address": "",
                "subnet_id": "subnet-08425c9c0b22b03f8"
              }
            ],
            "subnets": [
              "subnet-02726993b055d6f34",
              "subnet-08425c9c0b22b03f8"
            ],
            "tags": {
              "Name": "armageddon-final-alb01"
            },
            "tags_all": {
              "Name": "armageddon-final-alb01"
            },
            "timeouts": null,
            "vpc_id": "vpc-0b5b0d9ee674f1aee",
            "xff_header_processing_mode": "append",
            "zone_id": "Z35SXDOTRQ7X7K"
          },
          "sensitive_attributes": [],
          "identity_schema_version": 0,
          "identity": {
            "arn": "arn:aws:elasticloadbalancing:us-east-1:975598471165:loadbalancer/app/armageddon-final-alb01/770c316d18f1ea5f"
          },
          "private": "eyJlMmJmYjczMC1lY2FhLTExZTYtOGY4OC0zNDM2M2JjN2M0YzAiOnsiY3JlYXRlIjo2MDAwMDAwMDAwMDAsImRlbGV0ZSI6NjAwMDAwMDAwMDAwLCJ1cGRhdGUiOjYwMDAwMDAwMDAwMH19",
          "dependencies": [
            "aws_security_group.armageddon_alb_sg01",
            "aws_subnet.armageddon_public_subnets",
            "aws_vpc.armageddon_vpc01"
          ],
          "create_before_destroy": true
        }
      ]
    },
    {
      "mode": "managed",
      "type": "aws_lb_listener",
      "name": "armageddon_http_listener01",
      "provider": "provider[\"registry.terraform.io/hashicorp/aws\"]",
      "instances": [
        {
          "schema_version": 0,
          "attributes": {
            "alpn_policy": null,
            "arn": "arn:aws:elasticloadbalancing:us-east-1:975598471165:listener/app/armageddon-final-alb01/770c316d18f1ea5f/8a653d91df507ff9",
            "certificate_arn": null,
            "default_action": [
              {
                "authenticate_cognito": [],
                "authenticate_oidc": [],
                "fixed_response": [],
                "forward": [],
                "jwt_validation": [],
                "order": 1,
                "redirect": [
                  {
                    "host": "#{host}",
                    "path": "/#{path}",
                    "port": "443",
                    "protocol": "HTTPS",
                    "query": "#{query}",
                    "status_code": "HTTP_301"
                  }
                ],
                "target_group_arn": "",
                "type": "redirect"
              }
            ],
            "id": "arn:aws:elasticloadbalancing:us-east-1:975598471165:listener/app/armageddon-final-alb01/770c316d18f1ea5f/8a653d91df507ff9",
            "load_balancer_arn": "arn:aws:elasticloadbalancing:us-east-1:975598471165:loadbalancer/app/armageddon-final-alb01/770c316d18f1ea5f",
            "mutual_authentication": [],
            "port": 80,
            "protocol": "HTTP",
            "region": "us-east-1",
            "routing_http_request_x_amzn_mtls_clientcert_header_name": null,
            "routing_http_request_x_amzn_mtls_clientcert_issuer_header_name": null,
            "routing_http_request_x_amzn_mtls_clientcert_leaf_header_name": null,
            "routing_http_request_x_amzn_mtls_clientcert_serial_number_header_name": null,
            "routing_http_request_x_amzn_mtls_clientcert_subject_header_name": null,
            "routing_http_request_x_amzn_mtls_clientcert_validity_header_name": null,
            "routing_http_request_x_amzn_tls_cipher_suite_header_name": null,
            "routing_http_request_x_amzn_tls_version_header_name": null,
            "routing_http_response_access_control_allow_credentials_header_value": "",
            "routing_http_response_access_control_allow_headers_header_value": "",
            "routing_http_response_access_control_allow_methods_header_value": "",
            "routing_http_response_access_control_allow_origin_header_value": "",
            "routing_http_response_access_control_expose_headers_header_value": "",
            "routing_http_response_access_control_max_age_header_value": "",
            "routing_http_response_content_security_policy_header_value": "",
            "routing_http_response_server_enabled": true,
            "routing_http_response_strict_transport_security_header_value": "",
            "routing_http_response_x_content_type_options_header_value": "",
            "routing_http_response_x_frame_options_header_value": "",
            "ssl_policy": "",
            "tags": null,
            "tags_all": {},
            "tcp_idle_timeout_seconds": null,
            "timeouts": null
          },
          "sensitive_attributes": [],
          "identity_schema_version": 0,
          "identity": {
            "arn": "arn:aws:elasticloadbalancing:us-east-1:975598471165:listener/app/armageddon-final-alb01/770c316d18f1ea5f/8a653d91df507ff9"
          },
          "private": "eyJlMmJmYjczMC1lY2FhLTExZTYtOGY4OC0zNDM2M2JjN2M0YzAiOnsiY3JlYXRlIjozMDAwMDAwMDAwMDAsInVwZGF0ZSI6MzAwMDAwMDAwMDAwfX0=",
          "dependencies": [
            "aws_lb.armageddon_alb01",
            "aws_security_group.armageddon_alb_sg01",
            "aws_subnet.armageddon_public_subnets",
            "aws_vpc.armageddon_vpc01"
          ]
        }
      ]
    },
    {
      "mode": "managed",
      "type": "aws_lb_listener",
      "name": "armageddon_https_listener01",
      "provider": "provider[\"registry.terraform.io/hashicorp/aws\"]",
      "instances": [
        {
          "schema_version": 0,
          "attributes": {
            "alpn_policy": null,
            "arn": "arn:aws:elasticloadbalancing:us-east-1:975598471165:listener/app/armageddon-final-alb01/770c316d18f1ea5f/a625b497e7b66703",
            "certificate_arn": "arn:aws:acm:us-east-1:975598471165:certificate/1bfd3a45-c223-47ae-9717-2c8692a9d615",
            "default_action": [
              {
                "authenticate_cognito": [],
                "authenticate_oidc": [],
                "fixed_response": [],
                "forward": [],
                "jwt_validation": [],
                "order": 1,
                "redirect": [],
                "target_group_arn": "arn:aws:elasticloadbalancing:us-east-1:975598471165:targetgroup/armageddon-final-tg01/e50d89dfd36dd7d2",
                "type": "forward"
              }
            ],
            "id": "arn:aws:elasticloadbalancing:us-east-1:975598471165:listener/app/armageddon-final-alb01/770c316d18f1ea5f/a625b497e7b66703",
            "load_balancer_arn": "arn:aws:elasticloadbalancing:us-east-1:975598471165:loadbalancer/app/armageddon-final-alb01/770c316d18f1ea5f",
            "mutual_authentication": [
              {
                "advertise_trust_store_ca_names": "",
                "ignore_client_certificate_expiry": false,
                "mode": "off",
                "trust_store_arn": ""
              }
            ],
            "port": 443,
            "protocol": "HTTPS",
            "region": "us-east-1",
            "routing_http_request_x_amzn_mtls_clientcert_header_name": "",
            "routing_http_request_x_amzn_mtls_clientcert_issuer_header_name": "",
            "routing_http_request_x_amzn_mtls_clientcert_leaf_header_name": "",
            "routing_http_request_x_amzn_mtls_clientcert_serial_number_header_name": "",
            "routing_http_request_x_amzn_mtls_clientcert_subject_header_name": "",
            "routing_http_request_x_amzn_mtls_clientcert_validity_header_name": "",
            "routing_http_request_x_amzn_tls_cipher_suite_header_name": "",
            "routing_http_request_x_amzn_tls_version_header_name": "",
            "routing_http_response_access_control_allow_credentials_header_value": "",
            "routing_http_response_access_control_allow_headers_header_value": "",
            "routing_http_response_access_control_allow_methods_header_value": "",
            "routing_http_response_access_control_allow_origin_header_value": "",
            "routing_http_response_access_control_expose_headers_header_value": "",
            "routing_http_response_access_control_max_age_header_value": "",
            "routing_http_response_content_security_policy_header_value": "",
            "routing_http_response_server_enabled": true,
            "routing_http_response_strict_transport_security_header_value": "",
            "routing_http_response_x_content_type_options_header_value": "",
            "routing_http_response_x_frame_options_header_value": "",
            "ssl_policy": "ELBSecurityPolicy-TLS13-1-2-2021-06",
            "tags": null,
            "tags_all": {},
            "tcp_idle_timeout_seconds": null,
            "timeouts": null
          },
          "sensitive_attributes": [],
          "identity_schema_version": 0,
          "identity": {
            "arn": "arn:aws:elasticloadbalancing:us-east-1:975598471165:listener/app/armageddon-final-alb01/770c316d18f1ea5f/a625b497e7b66703"
          },
          "private": "eyJlMmJmYjczMC1lY2FhLTExZTYtOGY4OC0zNDM2M2JjN2M0YzAiOnsiY3JlYXRlIjozMDAwMDAwMDAwMDAsInVwZGF0ZSI6MzAwMDAwMDAwMDAwfX0=",
          "dependencies": [
            "aws_acm_certificate.armageddon_acm_cert01",
            "aws_acm_certificate_validation.armageddon_acm_validation01_dns_bonus",
            "aws_lb.armageddon_alb01",
            "aws_lb_target_group.armageddon_tg01",
            "aws_route53_record.armageddon_acm_validation_records01",
            "aws_security_group.armageddon_alb_sg01",
            "aws_subnet.armageddon_public_subnets",
            "aws_vpc.armageddon_vpc01"
          ]
        }
      ]
    },
    {
      "mode": "managed",
      "type": "aws_lb_target_group",
      "name": "armageddon_tg01",
      "provider": "provider[\"registry.terraform.io/hashicorp/aws\"]",
      "instances": [
        {
          "schema_version": 0,
          "attributes": {
            "arn": "arn:aws:elasticloadbalancing:us-east-1:975598471165:targetgroup/armageddon-final-tg01/e50d89dfd36dd7d2",
            "arn_suffix": "targetgroup/armageddon-final-tg01/e50d89dfd36dd7d2",
            "connection_termination": null,
            "deregistration_delay": "300",
            "health_check": [
              {
                "enabled": true,
                "healthy_threshold": 2,
                "interval": 30,
                "matcher": "200-399",
                "path": "/health",
                "port": "traffic-port",
                "protocol": "HTTP",
                "timeout": 5,
                "unhealthy_threshold": 2
              }
            ],
            "id": "arn:aws:elasticloadbalancing:us-east-1:975598471165:targetgroup/armageddon-final-tg01/e50d89dfd36dd7d2",
            "ip_address_type": "ipv4",
            "lambda_multi_value_headers_enabled": false,
            "load_balancer_arns": [],
            "load_balancing_algorithm_type": "round_robin",
            "load_balancing_anomaly_mitigation": "off",
            "load_balancing_cross_zone_enabled": "use_load_balancer_configuration",
            "name": "armageddon-final-tg01",
            "name_prefix": "",
            "port": 80,
            "preserve_client_ip": null,
            "protocol": "HTTP",
            "protocol_version": "HTTP1",
            "proxy_protocol_v2": false,
            "region": "us-east-1",
            "slow_start": 0,
            "stickiness": [
              {
                "cookie_duration": 86400,
                "cookie_name": "",
                "enabled": false,
                "type": "lb_cookie"
              }
            ],
            "tags": {
              "Name": "armageddon-final-tg01"
            },
            "tags_all": {
              "Name": "armageddon-final-tg01"
            },
            "target_control_port": 0,
            "target_failover": [
              {
                "on_deregistration": null,
                "on_unhealthy": null
              }
            ],
            "target_group_health": [
              {
                "dns_failover": [
                  {
                    "minimum_healthy_targets_count": "1",
                    "minimum_healthy_targets_percentage": "off"
                  }
                ],
                "unhealthy_state_routing": [
                  {
                    "minimum_healthy_targets_count": 1,
                    "minimum_healthy_targets_percentage": "off"
                  }
                ]
              }
            ],
            "target_health_state": [
              {
                "enable_unhealthy_connection_termination": null,
                "unhealthy_draining_interval": null
              }
            ],
            "target_type": "instance",
            "vpc_id": "vpc-0b5b0d9ee674f1aee"
          },
          "sensitive_attributes": [],
          "identity_schema_version": 0,
          "identity": {
            "arn": "arn:aws:elasticloadbalancing:us-east-1:975598471165:targetgroup/armageddon-final-tg01/e50d89dfd36dd7d2"
          },
          "private": "bnVsbA==",
          "dependencies": [
            "aws_vpc.armageddon_vpc01"
          ]
        }
      ]
    },
    {
      "mode": "managed",
      "type": "aws_lb_target_group_attachment",
      "name": "armageddon_tg_attach01",
      "provider": "provider[\"registry.terraform.io/hashicorp/aws\"]",
      "instances": [
        {
          "schema_version": 0,
          "attributes": {
            "availability_zone": null,
            "id": "arn:aws:elasticloadbalancing:us-east-1:975598471165:targetgroup/armageddon-final-tg01/e50d89dfd36dd7d2-2026013101225682440000000f",
            "port": 80,
            "quic_server_id": null,
            "region": "us-east-1",
            "target_group_arn": "arn:aws:elasticloadbalancing:us-east-1:975598471165:targetgroup/armageddon-final-tg01/e50d89dfd36dd7d2",
            "target_id": "i-0099850cfdeecdac5"
          },
          "sensitive_attributes": [],
          "identity_schema_version": 0,
          "private": "bnVsbA==",
          "dependencies": [
            "aws_iam_instance_profile.armageddon_instance_profile01",
            "aws_iam_role.armageddon_ec2_role01",
            "aws_instance.armageddon_ec201_private_bonus",
            "aws_lb_target_group.armageddon_tg01",
            "aws_security_group.armageddon_ec2_sg01",
            "aws_subnet.armageddon_private_subnets",
            "aws_vpc.armageddon_vpc01"
          ]
        }
      ]
    },
    {
      "mode": "managed",
      "type": "aws_nat_gateway",
      "name": "armageddon_nat01",
      "provider": "provider[\"registry.terraform.io/hashicorp/aws\"]",
      "instances": [
        {
          "schema_version": 0,
          "attributes": {
            "allocation_id": "eipalloc-07f5ef87e2267a3c7",
            "association_id": "eipassoc-0aad46686dbef26c9",
            "auto_provision_zones": null,
            "auto_scaling_ips": null,
            "availability_mode": "zonal",
            "availability_zone_address": [],
            "connectivity_type": "public",
            "id": "nat-0cdf11898bbab4153",
            "network_interface_id": "eni-013d32041833bccb1",
            "private_ip": "10.108.1.97",
            "public_ip": "3.222.21.190",
            "region": "us-east-1",
            "regional_nat_gateway_address": [],
            "regional_nat_gateway_auto_mode": null,
            "route_table_id": null,
            "secondary_allocation_ids": [],
            "secondary_private_ip_address_count": 0,
            "secondary_private_ip_addresses": [],
            "subnet_id": "subnet-02726993b055d6f34",
            "tags": {
              "Name": "armageddon-final-nat01"
            },
            "tags_all": {
              "Name": "armageddon-final-nat01"
            },
            "timeouts": null,
            "vpc_id": "vpc-0b5b0d9ee674f1aee"
          },
          "sensitive_attributes": [],
          "identity_schema_version": 0,
          "private": "eyJlMmJmYjczMC1lY2FhLTExZTYtOGY4OC0zNDM2M2JjN2M0YzAiOnsiY3JlYXRlIjo2MDAwMDAwMDAwMDAsImRlbGV0ZSI6MTgwMDAwMDAwMDAwMCwidXBkYXRlIjo2MDAwMDAwMDAwMDB9fQ==",
          "dependencies": [
            "aws_eip.armageddon_nat_eip01",
            "aws_internet_gateway.armageddon_igw01",
            "aws_subnet.armageddon_public_subnets",
            "aws_vpc.armageddon_vpc01"
          ]
        }
      ]
    },
    {
      "mode": "managed",
      "type": "aws_route",
      "name": "armageddon_private_default_route",
      "provider": "provider[\"registry.terraform.io/hashicorp/aws\"]",
      "instances": [
        {
          "schema_version": 0,
          "attributes": {
            "carrier_gateway_id": "",
            "core_network_arn": "",
            "destination_cidr_block": "0.0.0.0/0",
            "destination_ipv6_cidr_block": "",
            "destination_prefix_list_id": "",
            "egress_only_gateway_id": "",
            "gateway_id": "",
            "id": "r-rtb-0741169e3b12df9f31080289494",
            "instance_id": "",
            "instance_owner_id": "",
            "local_gateway_id": "",
            "nat_gateway_id": "nat-0cdf11898bbab4153",
            "network_interface_id": "",
            "origin": "CreateRoute",
            "region": "us-east-1",
            "route_table_id": "rtb-0741169e3b12df9f3",
            "state": "active",
            "timeouts": null,
            "transit_gateway_id": "",
            "vpc_endpoint_id": "",
            "vpc_peering_connection_id": ""
          },
          "sensitive_attributes": [],
          "identity_schema_version": 0,
          "identity": {
            "account_id": "975598471165",
            "destination_cidr_block": "0.0.0.0/0",
            "destination_ipv6_cidr_block": null,
            "destination_prefix_list_id": null,
            "region": "us-east-1",
            "route_table_id": "rtb-0741169e3b12df9f3"
          },
          "private": "eyJlMmJmYjczMC1lY2FhLTExZTYtOGY4OC0zNDM2M2JjN2M0YzAiOnsiY3JlYXRlIjozMDAwMDAwMDAwMDAsImRlbGV0ZSI6MzAwMDAwMDAwMDAwLCJ1cGRhdGUiOjEyMDAwMDAwMDAwMH19",
          "dependencies": [
            "aws_eip.armageddon_nat_eip01",
            "aws_internet_gateway.armageddon_igw01",
            "aws_nat_gateway.armageddon_nat01",
            "aws_route_table.armageddon_private_rt01",
            "aws_subnet.armageddon_public_subnets",
            "aws_vpc.armageddon_vpc01"
          ]
        }
      ]
    },
    {
      "mode": "managed",
      "type": "aws_route",
      "name": "armageddon_public_default_route",
      "provider": "provider[\"registry.terraform.io/hashicorp/aws\"]",
      "instances": [
        {
          "schema_version": 0,
          "attributes": {
            "carrier_gateway_id": "",
            "core_network_arn": "",
            "destination_cidr_block": "0.0.0.0/0",
            "destination_ipv6_cidr_block": "",
            "destination_prefix_list_id": "",
            "egress_only_gateway_id": "",
            "gateway_id": "igw-01a61d6ce84438471",
            "id": "r-rtb-09986012412af75ad1080289494",
            "instance_id": "",
            "instance_owner_id": "",
            "local_gateway_id": "",
            "nat_gateway_id": "",
            "network_interface_id": "",
            "origin": "CreateRoute",
            "region": "us-east-1",
            "route_table_id": "rtb-09986012412af75ad",
            "state": "active",
            "timeouts": null,
            "transit_gateway_id": "",
            "vpc_endpoint_id": "",
            "vpc_peering_connection_id": ""
          },
          "sensitive_attributes": [],
          "identity_schema_version": 0,
          "identity": {
            "account_id": "975598471165",
            "destination_cidr_block": "0.0.0.0/0",
            "destination_ipv6_cidr_block": null,
            "destination_prefix_list_id": null,
            "region": "us-east-1",
            "route_table_id": "rtb-09986012412af75ad"
          },
          "private": "eyJlMmJmYjczMC1lY2FhLTExZTYtOGY4OC0zNDM2M2JjN2M0YzAiOnsiY3JlYXRlIjozMDAwMDAwMDAwMDAsImRlbGV0ZSI6MzAwMDAwMDAwMDAwLCJ1cGRhdGUiOjEyMDAwMDAwMDAwMH19",
          "dependencies": [
            "aws_internet_gateway.armageddon_igw01",
            "aws_route_table.armageddon_public_rt01",
            "aws_vpc.armageddon_vpc01"
          ]
        }
      ]
    },
    {
      "mode": "managed",
      "type": "aws_route53_record",
      "name": "armageddon_acm_validation",
      "provider": "provider[\"registry.terraform.io/hashicorp/aws\"]",
      "instances": [
        {
          "index_key": "app.firstpointand.click",
          "schema_version": 2,
          "attributes": {
            "alias": [],
            "allow_overwrite": true,
            "cidr_routing_policy": [],
            "failover_routing_policy": [],
            "fqdn": "_2887c024ef221b96b378e669c909a316.app.firstpointand.click",
            "geolocation_routing_policy": [],
            "geoproximity_routing_policy": [],
            "health_check_id": "",
            "id": "Z0577510JJCMGIYZ7086__2887c024ef221b96b378e669c909a316.app.firstpointand.click._CNAME",
            "latency_routing_policy": [],
            "multivalue_answer_routing_policy": false,
            "name": "_2887c024ef221b96b378e669c909a316.app.firstpointand.click",
            "records": [
              "_23ca46f13d74766d91eaccf83d750666.jkddzztszm.acm-validations.aws."
            ],
            "set_identifier": "",
            "timeouts": null,
            "ttl": 60,
            "type": "CNAME",
            "weighted_routing_policy": [],
            "zone_id": "Z0577510JJCMGIYZ7086"
          },
          "sensitive_attributes": [],
          "identity_schema_version": 0,
          "identity": {
            "account_id": "975598471165",
            "name": "_2887c024ef221b96b378e669c909a316.app.firstpointand.click.",
            "set_identifier": null,
            "type": "CNAME",
            "zone_id": "Z0577510JJCMGIYZ7086"
          },
          "private": "eyJlMmJmYjczMC1lY2FhLTExZTYtOGY4OC0zNDM2M2JjN2M0YzAiOnsiY3JlYXRlIjoxODAwMDAwMDAwMDAwLCJkZWxldGUiOjE4MDAwMDAwMDAwMDAsInVwZGF0ZSI6MTgwMDAwMDAwMDAwMH0sInNjaGVtYV92ZXJzaW9uIjoiMiJ9",
          "dependencies": [
            "aws_acm_certificate.armageddon_acm_cert01"
          ]
        }
      ]
    },
    {
      "mode": "managed",
      "type": "aws_route53_record",
      "name": "armageddon_acm_validation_records01",
      "provider": "provider[\"registry.terraform.io/hashicorp/aws\"]",
      "instances": [
        {
          "index_key": "app.firstpointand.click",
          "schema_version": 2,
          "attributes": {
            "alias": [],
            "allow_overwrite": true,
            "cidr_routing_policy": [],
            "failover_routing_policy": [],
            "fqdn": "_2887c024ef221b96b378e669c909a316.app.firstpointand.click",
            "geolocation_routing_policy": [],
            "geoproximity_routing_policy": [],
            "health_check_id": "",
            "id": "Z0577510JJCMGIYZ7086__2887c024ef221b96b378e669c909a316.app.firstpointand.click._CNAME",
            "latency_routing_policy": [],
            "multivalue_answer_routing_policy": false,
            "name": "_2887c024ef221b96b378e669c909a316.app.firstpointand.click",
            "records": [
              "_23ca46f13d74766d91eaccf83d750666.jkddzztszm.acm-validations.aws."
            ],
            "set_identifier": "",
            "timeouts": null,
            "ttl": 60,
            "type": "CNAME",
            "weighted_routing_policy": [],
            "zone_id": "Z0577510JJCMGIYZ7086"
          },
          "sensitive_attributes": [],
          "identity_schema_version": 0,
          "identity": {
            "account_id": "975598471165",
            "name": "_2887c024ef221b96b378e669c909a316.app.firstpointand.click.",
            "set_identifier": null,
            "type": "CNAME",
            "zone_id": "Z0577510JJCMGIYZ7086"
          },
          "private": "eyJlMmJmYjczMC1lY2FhLTExZTYtOGY4OC0zNDM2M2JjN2M0YzAiOnsiY3JlYXRlIjoxODAwMDAwMDAwMDAwLCJkZWxldGUiOjE4MDAwMDAwMDAwMDAsInVwZGF0ZSI6MTgwMDAwMDAwMDAwMH0sInNjaGVtYV92ZXJzaW9uIjoiMiJ9",
          "dependencies": [
            "aws_acm_certificate.armageddon_acm_cert01"
          ]
        }
      ]
    },
    {
      "mode": "managed",
      "type": "aws_route53_record",
      "name": "armageddon_apex_alias01",
      "provider": "provider[\"registry.terraform.io/hashicorp/aws\"]",
      "instances": [
        {
          "schema_version": 2,
          "attributes": {
            "alias": [
              {
                "evaluate_target_health": true,
                "name": "armageddon-final-alb01-243733139.us-east-1.elb.amazonaws.com",
                "zone_id": "Z35SXDOTRQ7X7K"
              }
            ],
            "allow_overwrite": null,
            "cidr_routing_policy": [],
            "failover_routing_policy": [],
            "fqdn": "app.firstpointand.click",
            "geolocation_routing_policy": [],
            "geoproximity_routing_policy": [],
            "health_check_id": "",
            "id": "Z0577510JJCMGIYZ7086_app.firstpointand.click_A",
            "latency_routing_policy": [],
            "multivalue_answer_routing_policy": false,
            "name": "app.firstpointand.click",
            "records": null,
            "set_identifier": "",
            "timeouts": null,
            "ttl": 0,
            "type": "A",
            "weighted_routing_policy": [],
            "zone_id": "Z0577510JJCMGIYZ7086"
          },
          "sensitive_attributes": [],
          "identity_schema_version": 0,
          "identity": {
            "account_id": "975598471165",
            "name": "app.firstpointand.click",
            "set_identifier": null,
            "type": "A",
            "zone_id": "Z0577510JJCMGIYZ7086"
          },
          "private": "eyJlMmJmYjczMC1lY2FhLTExZTYtOGY4OC0zNDM2M2JjN2M0YzAiOnsiY3JlYXRlIjoxODAwMDAwMDAwMDAwLCJkZWxldGUiOjE4MDAwMDAwMDAwMDAsInVwZGF0ZSI6MTgwMDAwMDAwMDAwMH0sInNjaGVtYV92ZXJzaW9uIjoiMiJ9",
          "dependencies": [
            "aws_lb.armageddon_alb01",
            "aws_security_group.armageddon_alb_sg01",
            "aws_subnet.armageddon_public_subnets",
            "aws_vpc.armageddon_vpc01"
          ],
          "create_before_destroy": true
        }
      ]
    },
    {
      "mode": "managed",
      "type": "aws_route_table",
      "name": "armageddon_private_rt01",
      "provider": "provider[\"registry.terraform.io/hashicorp/aws\"]",
      "instances": [
        {
          "schema_version": 0,
          "attributes": {
            "arn": "arn:aws:ec2:us-east-1:975598471165:route-table/rtb-0741169e3b12df9f3",
            "id": "rtb-0741169e3b12df9f3",
            "owner_id": "975598471165",
            "propagating_vgws": [],
            "region": "us-east-1",
            "route": [],
            "tags": {
              "Name": "armageddon-final-private-rt01"
            },
            "tags_all": {
              "Name": "armageddon-final-private-rt01"
            },
            "timeouts": null,
            "vpc_id": "vpc-0b5b0d9ee674f1aee"
          },
          "sensitive_attributes": [],
          "identity_schema_version": 0,
          "identity": {
            "account_id": "975598471165",
            "id": "rtb-0741169e3b12df9f3",
            "region": "us-east-1"
          },
          "private": "eyJlMmJmYjczMC1lY2FhLTExZTYtOGY4OC0zNDM2M2JjN2M0YzAiOnsiY3JlYXRlIjozMDAwMDAwMDAwMDAsImRlbGV0ZSI6MzAwMDAwMDAwMDAwLCJ1cGRhdGUiOjEyMDAwMDAwMDAwMH19",
          "dependencies": [
            "aws_vpc.armageddon_vpc01"
          ]
        }
      ]
    },
    {
      "mode": "managed",
      "type": "aws_route_table",
      "name": "armageddon_public_rt01",
      "provider": "provider[\"registry.terraform.io/hashicorp/aws\"]",
      "instances": [
        {
          "schema_version": 0,
          "attributes": {
            "arn": "arn:aws:ec2:us-east-1:975598471165:route-table/rtb-09986012412af75ad",
            "id": "rtb-09986012412af75ad",
            "owner_id": "975598471165",
            "propagating_vgws": [],
            "region": "us-east-1",
            "route": [],
            "tags": {
              "Name": "armageddon-final-public-rt01"
            },
            "tags_all": {
              "Name": "armageddon-final-public-rt01"
            },
            "timeouts": null,
            "vpc_id": "vpc-0b5b0d9ee674f1aee"
          },
          "sensitive_attributes": [],
          "identity_schema_version": 0,
          "identity": {
            "account_id": "975598471165",
            "id": "rtb-09986012412af75ad",
            "region": "us-east-1"
          },
          "private": "eyJlMmJmYjczMC1lY2FhLTExZTYtOGY4OC0zNDM2M2JjN2M0YzAiOnsiY3JlYXRlIjozMDAwMDAwMDAwMDAsImRlbGV0ZSI6MzAwMDAwMDAwMDAwLCJ1cGRhdGUiOjEyMDAwMDAwMDAwMH19",
          "dependencies": [
            "aws_vpc.armageddon_vpc01"
          ]
        }
      ]
    },
    {
      "mode": "managed",
      "type": "aws_route_table_association",
      "name": "armageddon_private_rta",
      "provider": "provider[\"registry.terraform.io/hashicorp/aws\"]",
      "instances": [
        {
          "index_key": 0,
          "schema_version": 0,
          "attributes": {
            "gateway_id": "",
            "id": "rtbassoc-09d37bedbedcd45a8",
            "region": "us-east-1",
            "route_table_id": "rtb-0741169e3b12df9f3",
            "subnet_id": "subnet-0b9fd340a51975d78",
            "timeouts": null
          },
          "sensitive_attributes": [],
          "identity_schema_version": 0,
          "private": "eyJlMmJmYjczMC1lY2FhLTExZTYtOGY4OC0zNDM2M2JjN2M0YzAiOnsiY3JlYXRlIjozMDAwMDAwMDAwMDAsImRlbGV0ZSI6MzAwMDAwMDAwMDAwLCJ1cGRhdGUiOjEyMDAwMDAwMDAwMH19",
          "dependencies": [
            "aws_route_table.armageddon_private_rt01",
            "aws_subnet.armageddon_private_subnets",
            "aws_vpc.armageddon_vpc01"
          ]
        },
        {
          "index_key": 1,
          "schema_version": 0,
          "attributes": {
            "gateway_id": "",
            "id": "rtbassoc-029a6a3478bd54380",
            "region": "us-east-1",
            "route_table_id": "rtb-0741169e3b12df9f3",
            "subnet_id": "subnet-0554fee9d28171188",
            "timeouts": null
          },
          "sensitive_attributes": [],
          "identity_schema_version": 0,
          "private": "eyJlMmJmYjczMC1lY2FhLTExZTYtOGY4OC0zNDM2M2JjN2M0YzAiOnsiY3JlYXRlIjozMDAwMDAwMDAwMDAsImRlbGV0ZSI6MzAwMDAwMDAwMDAwLCJ1cGRhdGUiOjEyMDAwMDAwMDAwMH19",
          "dependencies": [
            "aws_route_table.armageddon_private_rt01",
            "aws_subnet.armageddon_private_subnets",
            "aws_vpc.armageddon_vpc01"
          ]
        }
      ]
    },
    {
      "mode": "managed",
      "type": "aws_route_table_association",
      "name": "armageddon_public_rta",
      "provider": "provider[\"registry.terraform.io/hashicorp/aws\"]",
      "instances": [
        {
          "index_key": 0,
          "schema_version": 0,
          "attributes": {
            "gateway_id": "",
            "id": "rtbassoc-0964de717875b9e96",
            "region": "us-east-1",
            "route_table_id": "rtb-09986012412af75ad",
            "subnet_id": "subnet-02726993b055d6f34",
            "timeouts": null
          },
          "sensitive_attributes": [],
          "identity_schema_version": 0,
          "private": "eyJlMmJmYjczMC1lY2FhLTExZTYtOGY4OC0zNDM2M2JjN2M0YzAiOnsiY3JlYXRlIjozMDAwMDAwMDAwMDAsImRlbGV0ZSI6MzAwMDAwMDAwMDAwLCJ1cGRhdGUiOjEyMDAwMDAwMDAwMH19",
          "dependencies": [
            "aws_route_table.armageddon_public_rt01",
            "aws_subnet.armageddon_public_subnets",
            "aws_vpc.armageddon_vpc01"
          ]
        },
        {
          "index_key": 1,
          "schema_version": 0,
          "attributes": {
            "gateway_id": "",
            "id": "rtbassoc-0f1fad7f15aee94a7",
            "region": "us-east-1",
            "route_table_id": "rtb-09986012412af75ad",
            "subnet_id": "subnet-08425c9c0b22b03f8",
            "timeouts": null
          },
          "sensitive_attributes": [],
          "identity_schema_version": 0,
          "private": "eyJlMmJmYjczMC1lY2FhLTExZTYtOGY4OC0zNDM2M2JjN2M0YzAiOnsiY3JlYXRlIjozMDAwMDAwMDAwMDAsImRlbGV0ZSI6MzAwMDAwMDAwMDAwLCJ1cGRhdGUiOjEyMDAwMDAwMDAwMH19",
          "dependencies": [
            "aws_route_table.armageddon_public_rt01",
            "aws_subnet.armageddon_public_subnets",
            "aws_vpc.armageddon_vpc01"
          ]
        }
      ]
    },
    {
      "mode": "managed",
      "type": "aws_secretsmanager_secret",
      "name": "armageddon_db_secret01",
      "provider": "provider[\"registry.terraform.io/hashicorp/aws\"]",
      "instances": [
        {
          "schema_version": 0,
          "attributes": {
            "arn": "arn:aws:secretsmanager:us-east-1:975598471165:secret:armageddon-final/rds/mysql1-Vboihk",
            "description": "",
            "force_overwrite_replica_secret": false,
            "id": "arn:aws:secretsmanager:us-east-1:975598471165:secret:armageddon-final/rds/mysql1-Vboihk",
            "kms_key_id": "",
            "name": "armageddon-final/rds/mysql1",
            "name_prefix": "",
            "policy": "",
            "recovery_window_in_days": 0,
            "region": "us-east-1",
            "replica": [],
            "tags": null,
            "tags_all": {}
          },
          "sensitive_attributes": [],
          "identity_schema_version": 0,
          "identity": {
            "arn": "arn:aws:secretsmanager:us-east-1:975598471165:secret:armageddon-final/rds/mysql1-Vboihk"
          },
          "private": "bnVsbA=="
        }
      ]
    },
    {
      "mode": "managed",
      "type": "aws_secretsmanager_secret_version",
      "name": "armageddon_db_secret_version01",
      "provider": "provider[\"registry.terraform.io/hashicorp/aws\"]",
      "instances": [
        {
          "schema_version": 0,
          "attributes": {
            "arn": "arn:aws:secretsmanager:us-east-1:975598471165:secret:armageddon-final/rds/mysql1-Vboihk",
            "has_secret_string_wo": null,
            "id": "arn:aws:secretsmanager:us-east-1:975598471165:secret:armageddon-final/rds/mysql1-Vboihk|terraform-20260131012817800500000010",
            "region": "us-east-1",
            "secret_binary": "",
            "secret_id": "arn:aws:secretsmanager:us-east-1:975598471165:secret:armageddon-final/rds/mysql1-Vboihk",
            "secret_string": "{\"dbname\":\"labdb\",\"host\":\"armageddon-final-rds01.con8om0ygium.us-east-1.rds.amazonaws.com\",\"password\":\"armageddon!\",\"port\":3306,\"username\":\"admin\"}",
            "secret_string_wo": null,
            "secret_string_wo_version": null,
            "version_id": "terraform-20260131012817800500000010",
            "version_stages": [
              "AWSCURRENT"
            ]
          },
          "sensitive_attributes": [
            [
              {
                "type": "get_attr",
                "value": "secret_binary"
              }
            ],
            [
              {
                "type": "get_attr",
                "value": "secret_string"
              }
            ],
            [
              {
                "type": "get_attr",
                "value": "secret_string_wo"
              }
            ]
          ],
          "identity_schema_version": 0,
          "identity": {
            "account_id": "975598471165",
            "region": "us-east-1",
            "secret_id": "arn:aws:secretsmanager:us-east-1:975598471165:secret:armageddon-final/rds/mysql1-Vboihk",
            "version_id": "terraform-20260131012817800500000010"
          },
          "private": "bnVsbA==",
          "dependencies": [
            "aws_db_instance.armageddon_rds01",
            "aws_db_subnet_group.armageddon_rds_subnet_group01",
            "aws_secretsmanager_secret.armageddon_db_secret01",
            "aws_security_group.armageddon_ec2_sg01",
            "aws_security_group.armageddon_rds_sg01",
            "aws_subnet.armageddon_private_subnets",
            "aws_vpc.armageddon_vpc01"
          ]
        }
      ]
    },
    {
      "mode": "managed",
      "type": "aws_security_group",
      "name": "armageddon_alb_sg01",
      "provider": "provider[\"registry.terraform.io/hashicorp/aws\"]",
      "instances": [
        {
          "schema_version": 1,
          "attributes": {
            "arn": "arn:aws:ec2:us-east-1:975598471165:security-group/sg-0b210e13e091c47d0",
            "description": "ALB security group",
            "egress": [
              {
                "cidr_blocks": [
                  "0.0.0.0/0"
                ],
                "description": "Allow outbound to target group (usually 80) to private network",
                "from_port": 0,
                "ipv6_cidr_blocks": [],
                "prefix_list_ids": [],
                "protocol": "-1",
                "security_groups": [],
                "self": false,
                "to_port": 0
              }
            ],
            "id": "sg-0b210e13e091c47d0",
            "ingress": [
              {
                "cidr_blocks": [
                  "0.0.0.0/0"
                ],
                "description": "HTTPS",
                "from_port": 443,
                "ipv6_cidr_blocks": [],
                "prefix_list_ids": [],
                "protocol": "tcp",
                "security_groups": [],
                "self": false,
                "to_port": 443
              },
              {
                "cidr_blocks": [
                  "0.0.0.0/0"
                ],
                "description": "My homepage",
                "from_port": 80,
                "ipv6_cidr_blocks": [],
                "prefix_list_ids": [],
                "protocol": "tcp",
                "security_groups": [],
                "self": false,
                "to_port": 80
              }
            ],
            "name": "armageddon-final-alb-sg01",
            "name_prefix": "",
            "owner_id": "975598471165",
            "region": "us-east-1",
            "revoke_rules_on_delete": false,
            "tags": {
              "Name": "armageddon-final-alb-sg01"
            },
            "tags_all": {
              "Name": "armageddon-final-alb-sg01"
            },
            "timeouts": null,
            "vpc_id": "vpc-0b5b0d9ee674f1aee"
          },
          "sensitive_attributes": [],
          "identity_schema_version": 0,
          "identity": {
            "account_id": "975598471165",
            "id": "sg-0b210e13e091c47d0",
            "region": "us-east-1"
          },
          "private": "eyJlMmJmYjczMC1lY2FhLTExZTYtOGY4OC0zNDM2M2JjN2M0YzAiOnsiY3JlYXRlIjo2MDAwMDAwMDAwMDAsImRlbGV0ZSI6OTAwMDAwMDAwMDAwfSwic2NoZW1hX3ZlcnNpb24iOiIxIn0=",
          "dependencies": [
            "aws_vpc.armageddon_vpc01"
          ],
          "create_before_destroy": true
        }
      ]
    },
    {
      "mode": "managed",
      "type": "aws_security_group",
      "name": "armageddon_ec2_sg01",
      "provider": "provider[\"registry.terraform.io/hashicorp/aws\"]",
      "instances": [
        {
          "schema_version": 1,
          "attributes": {
            "arn": "arn:aws:ec2:us-east-1:975598471165:security-group/sg-0f4312288a1a3d140",
            "description": "EC2 app security group",
            "egress": [
              {
                "cidr_blocks": [
                  "0.0.0.0/0"
                ],
                "description": "",
                "from_port": 0,
                "ipv6_cidr_blocks": [],
                "prefix_list_ids": [],
                "protocol": "-1",
                "security_groups": [],
                "self": false,
                "to_port": 0
              }
            ],
            "id": "sg-0f4312288a1a3d140",
            "ingress": [
              {
                "cidr_blocks": [
                  "0.0.0.0/0"
                ],
                "description": "",
                "from_port": 0,
                "ipv6_cidr_blocks": [],
                "prefix_list_ids": [],
                "protocol": "-1",
                "security_groups": [],
                "self": false,
                "to_port": 0
              }
            ],
            "name": "armageddon-final-ec2-sg01",
            "name_prefix": "",
            "owner_id": "975598471165",
            "region": "us-east-1",
            "revoke_rules_on_delete": false,
            "tags": {
              "Name": "armageddon-final-ec2-sg01"
            },
            "tags_all": {
              "Name": "armageddon-final-ec2-sg01"
            },
            "timeouts": null,
            "vpc_id": "vpc-0b5b0d9ee674f1aee"
          },
          "sensitive_attributes": [],
          "identity_schema_version": 0,
          "identity": {
            "account_id": "975598471165",
            "id": "sg-0f4312288a1a3d140",
            "region": "us-east-1"
          },
          "private": "eyJlMmJmYjczMC1lY2FhLTExZTYtOGY4OC0zNDM2M2JjN2M0YzAiOnsiY3JlYXRlIjo2MDAwMDAwMDAwMDAsImRlbGV0ZSI6OTAwMDAwMDAwMDAwfSwic2NoZW1hX3ZlcnNpb24iOiIxIn0=",
          "dependencies": [
            "aws_vpc.armageddon_vpc01"
          ]
        }
      ]
    },
    {
      "mode": "managed",
      "type": "aws_security_group",
      "name": "armageddon_rds_sg01",
      "provider": "provider[\"registry.terraform.io/hashicorp/aws\"]",
      "instances": [
        {
          "schema_version": 1,
          "attributes": {
            "arn": "arn:aws:ec2:us-east-1:975598471165:security-group/sg-0aef06b10cc0d3468",
            "description": "RDS security group",
            "egress": [
              {
                "cidr_blocks": [
                  "0.0.0.0/0"
                ],
                "description": "",
                "from_port": 0,
                "ipv6_cidr_blocks": [],
                "prefix_list_ids": [],
                "protocol": "-1",
                "security_groups": [],
                "self": false,
                "to_port": 0
              }
            ],
            "id": "sg-0aef06b10cc0d3468",
            "ingress": [
              {
                "cidr_blocks": [],
                "description": "MYSQL",
                "from_port": 3306,
                "ipv6_cidr_blocks": [],
                "prefix_list_ids": [],
                "protocol": "tcp",
                "security_groups": [
                  "sg-0f4312288a1a3d140"
                ],
                "self": false,
                "to_port": 3306
              }
            ],
            "name": "armageddon-final-rds-sg01",
            "name_prefix": "",
            "owner_id": "975598471165",
            "region": "us-east-1",
            "revoke_rules_on_delete": false,
            "tags": {
              "Name": "armageddon-final-rds-sg01"
            },
            "tags_all": {
              "Name": "armageddon-final-rds-sg01"
            },
            "timeouts": null,
            "vpc_id": "vpc-0b5b0d9ee674f1aee"
          },
          "sensitive_attributes": [],
          "identity_schema_version": 0,
          "identity": {
            "account_id": "975598471165",
            "id": "sg-0aef06b10cc0d3468",
            "region": "us-east-1"
          },
          "private": "eyJlMmJmYjczMC1lY2FhLTExZTYtOGY4OC0zNDM2M2JjN2M0YzAiOnsiY3JlYXRlIjo2MDAwMDAwMDAwMDAsImRlbGV0ZSI6OTAwMDAwMDAwMDAwfSwic2NoZW1hX3ZlcnNpb24iOiIxIn0=",
          "dependencies": [
            "aws_security_group.armageddon_ec2_sg01",
            "aws_vpc.armageddon_vpc01"
          ]
        }
      ]
    },
    {
      "mode": "managed",
      "type": "aws_security_group",
      "name": "armageddon_vpce_sg01",
      "provider": "provider[\"registry.terraform.io/hashicorp/aws\"]",
      "instances": [
        {
          "schema_version": 1,
          "attributes": {
            "arn": "arn:aws:ec2:us-east-1:975598471165:security-group/sg-07be8bcdc94afc518",
            "description": "SG for VPC Interface Endpoints",
            "egress": [],
            "id": "sg-07be8bcdc94afc518",
            "ingress": [],
            "name": "armageddon-final-vpce-sg01",
            "name_prefix": "",
            "owner_id": "975598471165",
            "region": "us-east-1",
            "revoke_rules_on_delete": false,
            "tags": {
              "Name": "armageddon-final-vpce-sg01"
            },
            "tags_all": {
              "Name": "armageddon-final-vpce-sg01"
            },
            "timeouts": null,
            "vpc_id": "vpc-0b5b0d9ee674f1aee"
          },
          "sensitive_attributes": [],
          "identity_schema_version": 0,
          "identity": {
            "account_id": "975598471165",
            "id": "sg-07be8bcdc94afc518",
            "region": "us-east-1"
          },
          "private": "eyJlMmJmYjczMC1lY2FhLTExZTYtOGY4OC0zNDM2M2JjN2M0YzAiOnsiY3JlYXRlIjo2MDAwMDAwMDAwMDAsImRlbGV0ZSI6OTAwMDAwMDAwMDAwfSwic2NoZW1hX3ZlcnNpb24iOiIxIn0=",
          "dependencies": [
            "aws_vpc.armageddon_vpc01"
          ]
        }
      ]
    },
    {
      "mode": "managed",
      "type": "aws_security_group_rule",
      "name": "armageddon_ec2_ingress_from_alb01",
      "provider": "provider[\"registry.terraform.io/hashicorp/aws\"]",
      "instances": [
        {
          "schema_version": 2,
          "attributes": {
            "cidr_blocks": null,
            "description": null,
            "from_port": 80,
            "id": "sgrule-2854551769",
            "ipv6_cidr_blocks": null,
            "prefix_list_ids": null,
            "protocol": "tcp",
            "region": "us-east-1",
            "security_group_id": "sg-0f4312288a1a3d140",
            "security_group_rule_id": "sgr-026efe88fd95336f6",
            "self": false,
            "source_security_group_id": "sg-0b210e13e091c47d0",
            "timeouts": null,
            "to_port": 80,
            "type": "ingress"
          },
          "sensitive_attributes": [],
          "identity_schema_version": 0,
          "private": "eyJlMmJmYjczMC1lY2FhLTExZTYtOGY4OC0zNDM2M2JjN2M0YzAiOnsiY3JlYXRlIjozMDAwMDAwMDAwMDB9LCJzY2hlbWFfdmVyc2lvbiI6IjIifQ==",
          "dependencies": [
            "aws_security_group.armageddon_alb_sg01",
            "aws_security_group.armageddon_ec2_sg01",
            "aws_vpc.armageddon_vpc01"
          ]
        }
      ]
    },
    {
      "mode": "managed",
      "type": "aws_security_group_rule",
      "name": "armageddon_vpce_sg01_ingress_https_from_ec2",
      "provider": "provider[\"registry.terraform.io/hashicorp/aws\"]",
      "instances": [
        {
          "schema_version": 2,
          "attributes": {
            "cidr_blocks": null,
            "description": "Allow HTTPS from EC2 SG",
            "from_port": 443,
            "id": "sgrule-3187934938",
            "ipv6_cidr_blocks": null,
            "prefix_list_ids": null,
            "protocol": "tcp",
            "region": "us-east-1",
            "security_group_id": "sg-07be8bcdc94afc518",
            "security_group_rule_id": "sgr-0584dfa14a8146553",
            "self": false,
            "source_security_group_id": "sg-0f4312288a1a3d140",
            "timeouts": null,
            "to_port": 443,
            "type": "ingress"
          },
          "sensitive_attributes": [],
          "identity_schema_version": 0,
          "private": "eyJlMmJmYjczMC1lY2FhLTExZTYtOGY4OC0zNDM2M2JjN2M0YzAiOnsiY3JlYXRlIjozMDAwMDAwMDAwMDB9LCJzY2hlbWFfdmVyc2lvbiI6IjIifQ==",
          "dependencies": [
            "aws_security_group.armageddon_ec2_sg01",
            "aws_security_group.armageddon_vpce_sg01",
            "aws_vpc.armageddon_vpc01"
          ]
        }
      ]
    },
    {
      "mode": "managed",
      "type": "aws_sns_topic",
      "name": "armageddon_sns_topic01",
      "provider": "provider[\"registry.terraform.io/hashicorp/aws\"]",
      "instances": [
        {
          "schema_version": 0,
          "attributes": {
            "application_failure_feedback_role_arn": "",
            "application_success_feedback_role_arn": "",
            "application_success_feedback_sample_rate": 0,
            "archive_policy": "",
            "arn": "arn:aws:sns:us-east-1:975598471165:armageddon-final-db-incidents",
            "beginning_archive_time": "",
            "content_based_deduplication": false,
            "delivery_policy": "",
            "display_name": "",
            "fifo_throughput_scope": "",
            "fifo_topic": false,
            "firehose_failure_feedback_role_arn": "",
            "firehose_success_feedback_role_arn": "",
            "firehose_success_feedback_sample_rate": 0,
            "http_failure_feedback_role_arn": "",
            "http_success_feedback_role_arn": "",
            "http_success_feedback_sample_rate": 0,
            "id": "arn:aws:sns:us-east-1:975598471165:armageddon-final-db-incidents",
            "kms_master_key_id": "",
            "lambda_failure_feedback_role_arn": "",
            "lambda_success_feedback_role_arn": "",
            "lambda_success_feedback_sample_rate": 0,
            "name": "armageddon-final-db-incidents",
            "name_prefix": "",
            "owner": "975598471165",
            "policy": "{\"Id\":\"__default_policy_ID\",\"Statement\":[{\"Action\":[\"SNS:GetTopicAttributes\",\"SNS:SetTopicAttributes\",\"SNS:AddPermission\",\"SNS:RemovePermission\",\"SNS:DeleteTopic\",\"SNS:Subscribe\",\"SNS:ListSubscriptionsByTopic\",\"SNS:Publish\"],\"Condition\":{\"StringEquals\":{\"AWS:SourceOwner\":\"975598471165\"}},\"Effect\":\"Allow\",\"Principal\":{\"AWS\":\"*\"},\"Resource\":\"arn:aws:sns:us-east-1:975598471165:armageddon-final-db-incidents\",\"Sid\":\"__default_statement_ID\"}],\"Version\":\"2008-10-17\"}",
            "region": "us-east-1",
            "signature_version": 0,
            "sqs_failure_feedback_role_arn": "",
            "sqs_success_feedback_role_arn": "",
            "sqs_success_feedback_sample_rate": 0,
            "tags": null,
            "tags_all": {},
            "tracing_config": ""
          },
          "sensitive_attributes": [],
          "identity_schema_version": 0,
          "identity": {
            "arn": "arn:aws:sns:us-east-1:975598471165:armageddon-final-db-incidents"
          },
          "private": "bnVsbA=="
        }
      ]
    },
    {
      "mode": "managed",
      "type": "aws_sns_topic_subscription",
      "name": "armageddon_sns_sub01",
      "provider": "provider[\"registry.terraform.io/hashicorp/aws\"]",
      "instances": [
        {
          "schema_version": 0,
          "attributes": {
            "arn": "arn:aws:sns:us-east-1:975598471165:armageddon-final-db-incidents:9a0938f9-c308-476d-8f69-004becc07359",
            "confirmation_timeout_in_minutes": 1,
            "confirmation_was_authenticated": false,
            "delivery_policy": "",
            "endpoint": "jorune.simpkins@gmail.com",
            "endpoint_auto_confirms": false,
            "filter_policy": "",
            "filter_policy_scope": "",
            "id": "arn:aws:sns:us-east-1:975598471165:armageddon-final-db-incidents:9a0938f9-c308-476d-8f69-004becc07359",
            "owner_id": "975598471165",
            "pending_confirmation": true,
            "protocol": "email",
            "raw_message_delivery": false,
            "redrive_policy": "",
            "region": "us-east-1",
            "replay_policy": "",
            "subscription_role_arn": "",
            "topic_arn": "arn:aws:sns:us-east-1:975598471165:armageddon-final-db-incidents"
          },
          "sensitive_attributes": [],
          "identity_schema_version": 0,
          "identity": {
            "arn": "arn:aws:sns:us-east-1:975598471165:armageddon-final-db-incidents:9a0938f9-c308-476d-8f69-004becc07359"
          },
          "private": "bnVsbA==",
          "dependencies": [
            "aws_sns_topic.armageddon_sns_topic01"
          ]
        }
      ]
    },
    {
      "mode": "managed",
      "type": "aws_ssm_parameter",
      "name": "armageddon_db_endpoint_param",
      "provider": "provider[\"registry.terraform.io/hashicorp/aws\"]",
      "instances": [
        {
          "schema_version": 0,
          "attributes": {
            "allowed_pattern": "",
            "arn": "arn:aws:ssm:us-east-1:975598471165:parameter/lab/db/endpoint",
            "data_type": "text",
            "description": "",
            "has_value_wo": false,
            "id": "/lab/db/endpoint",
            "insecure_value": null,
            "key_id": "",
            "name": "/lab/db/endpoint",
            "overwrite": null,
            "region": "us-east-1",
            "tags": {
              "Name": "armageddon-final-param-db-endpoint"
            },
            "tags_all": {
              "Name": "armageddon-final-param-db-endpoint"
            },
            "tier": "Standard",
            "type": "String",
            "value": "armageddon-final-rds01.con8om0ygium.us-east-1.rds.amazonaws.com",
            "value_wo": null,
            "value_wo_version": null,
            "version": 1
          },
          "sensitive_attributes": [
            [
              {
                "type": "get_attr",
                "value": "value"
              }
            ],
            [
              {
                "type": "get_attr",
                "value": "value_wo"
              }
            ]
          ],
          "identity_schema_version": 0,
          "identity": {
            "account_id": "975598471165",
            "name": "/lab/db/endpoint",
            "region": "us-east-1"
          },
          "private": "bnVsbA==",
          "dependencies": [
            "aws_db_instance.armageddon_rds01",
            "aws_db_subnet_group.armageddon_rds_subnet_group01",
            "aws_security_group.armageddon_ec2_sg01",
            "aws_security_group.armageddon_rds_sg01",
            "aws_subnet.armageddon_private_subnets",
            "aws_vpc.armageddon_vpc01"
          ]
        }
      ]
    },
    {
      "mode": "managed",
      "type": "aws_ssm_parameter",
      "name": "armageddon_db_name_param",
      "provider": "provider[\"registry.terraform.io/hashicorp/aws\"]",
      "instances": [
        {
          "schema_version": 0,
          "attributes": {
            "allowed_pattern": "",
            "arn": "arn:aws:ssm:us-east-1:975598471165:parameter/lab/db/name",
            "data_type": "text",
            "description": "",
            "has_value_wo": false,
            "id": "/lab/db/name",
            "insecure_value": null,
            "key_id": "",
            "name": "/lab/db/name",
            "overwrite": null,
            "region": "us-east-1",
            "tags": {
              "Name": "armageddon-final-param-db-name"
            },
            "tags_all": {
              "Name": "armageddon-final-param-db-name"
            },
            "tier": "Standard",
            "type": "String",
            "value": "labdb",
            "value_wo": null,
            "value_wo_version": null,
            "version": 1
          },
          "sensitive_attributes": [
            [
              {
                "type": "get_attr",
                "value": "value"
              }
            ],
            [
              {
                "type": "get_attr",
                "value": "value_wo"
              }
            ]
          ],
          "identity_schema_version": 0,
          "identity": {
            "account_id": "975598471165",
            "name": "/lab/db/name",
            "region": "us-east-1"
          },
          "private": "bnVsbA=="
        }
      ]
    },
    {
      "mode": "managed",
      "type": "aws_ssm_parameter",
      "name": "armageddon_db_port_param",
      "provider": "provider[\"registry.terraform.io/hashicorp/aws\"]",
      "instances": [
        {
          "schema_version": 0,
          "attributes": {
            "allowed_pattern": "",
            "arn": "arn:aws:ssm:us-east-1:975598471165:parameter/lab/db/port",
            "data_type": "text",
            "description": "",
            "has_value_wo": false,
            "id": "/lab/db/port",
            "insecure_value": null,
            "key_id": "",
            "name": "/lab/db/port",
            "overwrite": null,
            "region": "us-east-1",
            "tags": {
              "Name": "armageddon-final-param-db-port"
            },
            "tags_all": {
              "Name": "armageddon-final-param-db-port"
            },
            "tier": "Standard",
            "type": "String",
            "value": "3306",
            "value_wo": null,
            "value_wo_version": null,
            "version": 1
          },
          "sensitive_attributes": [
            [
              {
                "type": "get_attr",
                "value": "value"
              }
            ],
            [
              {
                "type": "get_attr",
                "value": "value_wo"
              }
            ]
          ],
          "identity_schema_version": 0,
          "identity": {
            "account_id": "975598471165",
            "name": "/lab/db/port",
            "region": "us-east-1"
          },
          "private": "bnVsbA==",
          "dependencies": [
            "aws_db_instance.armageddon_rds01",
            "aws_db_subnet_group.armageddon_rds_subnet_group01",
            "aws_security_group.armageddon_ec2_sg01",
            "aws_security_group.armageddon_rds_sg01",
            "aws_subnet.armageddon_private_subnets",
            "aws_vpc.armageddon_vpc01"
          ]
        }
      ]
    },
    {
      "mode": "managed",
      "type": "aws_subnet",
      "name": "armageddon_private_subnets",
      "provider": "provider[\"registry.terraform.io/hashicorp/aws\"]",
      "instances": [
        {
          "index_key": 0,
          "schema_version": 1,
          "attributes": {
            "arn": "arn:aws:ec2:us-east-1:975598471165:subnet/subnet-0b9fd340a51975d78",
            "assign_ipv6_address_on_creation": false,
            "availability_zone": "us-east-1a",
            "availability_zone_id": "use1-az1",
            "cidr_block": "10.108.101.0/24",
            "customer_owned_ipv4_pool": "",
            "enable_dns64": false,
            "enable_lni_at_device_index": 0,
            "enable_resource_name_dns_a_record_on_launch": false,
            "enable_resource_name_dns_aaaa_record_on_launch": false,
            "id": "subnet-0b9fd340a51975d78",
            "ipv6_cidr_block": "",
            "ipv6_cidr_block_association_id": "",
            "ipv6_native": false,
            "map_customer_owned_ip_on_launch": false,
            "map_public_ip_on_launch": false,
            "outpost_arn": "",
            "owner_id": "975598471165",
            "private_dns_hostname_type_on_launch": "ip-name",
            "region": "us-east-1",
            "tags": {
              "Name": "armageddon-final-private-subnet01"
            },
            "tags_all": {
              "Name": "armageddon-final-private-subnet01"
            },
            "timeouts": null,
            "vpc_id": "vpc-0b5b0d9ee674f1aee"
          },
          "sensitive_attributes": [],
          "identity_schema_version": 0,
          "identity": {
            "account_id": "975598471165",
            "id": "subnet-0b9fd340a51975d78",
            "region": "us-east-1"
          },
          "private": "eyJlMmJmYjczMC1lY2FhLTExZTYtOGY4OC0zNDM2M2JjN2M0YzAiOnsiY3JlYXRlIjo2MDAwMDAwMDAwMDAsImRlbGV0ZSI6MTIwMDAwMDAwMDAwMH0sInNjaGVtYV92ZXJzaW9uIjoiMSJ9",
          "dependencies": [
            "aws_vpc.armageddon_vpc01"
          ]
        },
        {
          "index_key": 1,
          "schema_version": 1,
          "attributes": {
            "arn": "arn:aws:ec2:us-east-1:975598471165:subnet/subnet-0554fee9d28171188",
            "assign_ipv6_address_on_creation": false,
            "availability_zone": "us-east-1b",
            "availability_zone_id": "use1-az2",
            "cidr_block": "10.108.102.0/24",
            "customer_owned_ipv4_pool": "",
            "enable_dns64": false,
            "enable_lni_at_device_index": 0,
            "enable_resource_name_dns_a_record_on_launch": false,
            "enable_resource_name_dns_aaaa_record_on_launch": false,
            "id": "subnet-0554fee9d28171188",
            "ipv6_cidr_block": "",
            "ipv6_cidr_block_association_id": "",
            "ipv6_native": false,
            "map_customer_owned_ip_on_launch": false,
            "map_public_ip_on_launch": false,
            "outpost_arn": "",
            "owner_id": "975598471165",
            "private_dns_hostname_type_on_launch": "ip-name",
            "region": "us-east-1",
            "tags": {
              "Name": "armageddon-final-private-subnet02"
            },
            "tags_all": {
              "Name": "armageddon-final-private-subnet02"
            },
            "timeouts": null,
            "vpc_id": "vpc-0b5b0d9ee674f1aee"
          },
          "sensitive_attributes": [],
          "identity_schema_version": 0,
          "identity": {
            "account_id": "975598471165",
            "id": "subnet-0554fee9d28171188",
            "region": "us-east-1"
          },
          "private": "eyJlMmJmYjczMC1lY2FhLTExZTYtOGY4OC0zNDM2M2JjN2M0YzAiOnsiY3JlYXRlIjo2MDAwMDAwMDAwMDAsImRlbGV0ZSI6MTIwMDAwMDAwMDAwMH0sInNjaGVtYV92ZXJzaW9uIjoiMSJ9",
          "dependencies": [
            "aws_vpc.armageddon_vpc01"
          ]
        }
      ]
    },
    {
      "mode": "managed",
      "type": "aws_subnet",
      "name": "armageddon_public_subnets",
      "provider": "provider[\"registry.terraform.io/hashicorp/aws\"]",
      "instances": [
        {
          "index_key": 0,
          "schema_version": 1,
          "attributes": {
            "arn": "arn:aws:ec2:us-east-1:975598471165:subnet/subnet-02726993b055d6f34",
            "assign_ipv6_address_on_creation": false,
            "availability_zone": "us-east-1a",
            "availability_zone_id": "use1-az1",
            "cidr_block": "10.108.1.0/24",
            "customer_owned_ipv4_pool": "",
            "enable_dns64": false,
            "enable_lni_at_device_index": 0,
            "enable_resource_name_dns_a_record_on_launch": false,
            "enable_resource_name_dns_aaaa_record_on_launch": false,
            "id": "subnet-02726993b055d6f34",
            "ipv6_cidr_block": "",
            "ipv6_cidr_block_association_id": "",
            "ipv6_native": false,
            "map_customer_owned_ip_on_launch": false,
            "map_public_ip_on_launch": true,
            "outpost_arn": "",
            "owner_id": "975598471165",
            "private_dns_hostname_type_on_launch": "ip-name",
            "region": "us-east-1",
            "tags": {
              "Name": "armageddon-final-public-subnet01"
            },
            "tags_all": {
              "Name": "armageddon-final-public-subnet01"
            },
            "timeouts": null,
            "vpc_id": "vpc-0b5b0d9ee674f1aee"
          },
          "sensitive_attributes": [],
          "identity_schema_version": 0,
          "identity": {
            "account_id": "975598471165",
            "id": "subnet-02726993b055d6f34",
            "region": "us-east-1"
          },
          "private": "eyJlMmJmYjczMC1lY2FhLTExZTYtOGY4OC0zNDM2M2JjN2M0YzAiOnsiY3JlYXRlIjo2MDAwMDAwMDAwMDAsImRlbGV0ZSI6MTIwMDAwMDAwMDAwMH0sInNjaGVtYV92ZXJzaW9uIjoiMSJ9",
          "dependencies": [
            "aws_vpc.armageddon_vpc01"
          ],
          "create_before_destroy": true
        },
        {
          "index_key": 1,
          "schema_version": 1,
          "attributes": {
            "arn": "arn:aws:ec2:us-east-1:975598471165:subnet/subnet-08425c9c0b22b03f8",
            "assign_ipv6_address_on_creation": false,
            "availability_zone": "us-east-1b",
            "availability_zone_id": "use1-az2",
            "cidr_block": "10.108.2.0/24",
            "customer_owned_ipv4_pool": "",
            "enable_dns64": false,
            "enable_lni_at_device_index": 0,
            "enable_resource_name_dns_a_record_on_launch": false,
            "enable_resource_name_dns_aaaa_record_on_launch": false,
            "id": "subnet-08425c9c0b22b03f8",
            "ipv6_cidr_block": "",
            "ipv6_cidr_block_association_id": "",
            "ipv6_native": false,
            "map_customer_owned_ip_on_launch": false,
            "map_public_ip_on_launch": true,
            "outpost_arn": "",
            "owner_id": "975598471165",
            "private_dns_hostname_type_on_launch": "ip-name",
            "region": "us-east-1",
            "tags": {
              "Name": "armageddon-final-public-subnet02"
            },
            "tags_all": {
              "Name": "armageddon-final-public-subnet02"
            },
            "timeouts": null,
            "vpc_id": "vpc-0b5b0d9ee674f1aee"
          },
          "sensitive_attributes": [],
          "identity_schema_version": 0,
          "identity": {
            "account_id": "975598471165",
            "id": "subnet-08425c9c0b22b03f8",
            "region": "us-east-1"
          },
          "private": "eyJlMmJmYjczMC1lY2FhLTExZTYtOGY4OC0zNDM2M2JjN2M0YzAiOnsiY3JlYXRlIjo2MDAwMDAwMDAwMDAsImRlbGV0ZSI6MTIwMDAwMDAwMDAwMH0sInNjaGVtYV92ZXJzaW9uIjoiMSJ9",
          "dependencies": [
            "aws_vpc.armageddon_vpc01"
          ],
          "create_before_destroy": true
        }
      ]
    },
    {
      "mode": "managed",
      "type": "aws_vpc",
      "name": "armageddon_vpc01",
      "provider": "provider[\"registry.terraform.io/hashicorp/aws\"]",
      "instances": [
        {
          "schema_version": 1,
          "attributes": {
            "arn": "arn:aws:ec2:us-east-1:975598471165:vpc/vpc-0b5b0d9ee674f1aee",
            "assign_generated_ipv6_cidr_block": false,
            "cidr_block": "10.108.0.0/16",
            "default_network_acl_id": "acl-0da88098aefa72adb",
            "default_route_table_id": "rtb-0a1aedd2151217766",
            "default_security_group_id": "sg-0e9520a01bde2f371",
            "dhcp_options_id": "dopt-03e61696f1f7e3e27",
            "enable_dns_hostnames": true,
            "enable_dns_support": true,
            "enable_network_address_usage_metrics": false,
            "id": "vpc-0b5b0d9ee674f1aee",
            "instance_tenancy": "default",
            "ipv4_ipam_pool_id": null,
            "ipv4_netmask_length": null,
            "ipv6_association_id": "",
            "ipv6_cidr_block": "",
            "ipv6_cidr_block_network_border_group": "",
            "ipv6_ipam_pool_id": "",
            "ipv6_netmask_length": 0,
            "main_route_table_id": "rtb-0a1aedd2151217766",
            "owner_id": "975598471165",
            "region": "us-east-1",
            "tags": {
              "Name": "armageddon-final-vpc01"
            },
            "tags_all": {
              "Name": "armageddon-final-vpc01"
            }
          },
          "sensitive_attributes": [],
          "identity_schema_version": 0,
          "identity": {
            "account_id": "975598471165",
            "id": "vpc-0b5b0d9ee674f1aee",
            "region": "us-east-1"
          },
          "private": "eyJzY2hlbWFfdmVyc2lvbiI6IjEifQ==",
          "create_before_destroy": true
        }
      ]
    },
    {
      "mode": "managed",
      "type": "aws_vpc_endpoint",
      "name": "armageddon_vpce_ec2messages01",
      "provider": "provider[\"registry.terraform.io/hashicorp/aws\"]",
      "instances": [
        {
          "schema_version": 0,
          "attributes": {
            "arn": "arn:aws:ec2:us-east-1:975598471165:vpc-endpoint/vpce-0d2484be44ea29b3c",
            "auto_accept": null,
            "cidr_blocks": [],
            "dns_entry": [
              {
                "dns_name": "vpce-0d2484be44ea29b3c-1xpy88iw.ec2messages.us-east-1.vpce.amazonaws.com",
                "hosted_zone_id": "Z7HUB22UULQXV"
              },
              {
                "dns_name": "vpce-0d2484be44ea29b3c-1xpy88iw-us-east-1a.ec2messages.us-east-1.vpce.amazonaws.com",
                "hosted_zone_id": "Z7HUB22UULQXV"
              },
              {
                "dns_name": "vpce-0d2484be44ea29b3c-1xpy88iw-us-east-1b.ec2messages.us-east-1.vpce.amazonaws.com",
                "hosted_zone_id": "Z7HUB22UULQXV"
              },
              {
                "dns_name": "ec2messages.us-east-1.amazonaws.com",
                "hosted_zone_id": "Z08439897C3FYBPSDI39"
              }
            ],
            "dns_options": [
              {
                "dns_record_ip_type": "ipv4",
                "private_dns_only_for_inbound_resolver_endpoint": false,
                "private_dns_preference": "",
                "private_dns_specified_domains": []
              }
            ],
            "id": "vpce-0d2484be44ea29b3c",
            "ip_address_type": "ipv4",
            "network_interface_ids": [
              "eni-0d6999e8b6c033b48",
              "eni-0f0b2386f6036a05f"
            ],
            "owner_id": "975598471165",
            "policy": "{\"Statement\":[{\"Action\":\"*\",\"Effect\":\"Allow\",\"Principal\":\"*\",\"Resource\":\"*\"}]}",
            "prefix_list_id": null,
            "private_dns_enabled": true,
            "region": "us-east-1",
            "requester_managed": false,
            "resource_configuration_arn": "",
            "route_table_ids": [],
            "security_group_ids": [
              "sg-07be8bcdc94afc518"
            ],
            "service_name": "com.amazonaws.us-east-1.ec2messages",
            "service_network_arn": "",
            "service_region": "us-east-1",
            "state": "available",
            "subnet_configuration": [
              {
                "ipv4": "10.108.101.178",
                "ipv6": "",
                "subnet_id": "subnet-0b9fd340a51975d78"
              },
              {
                "ipv4": "10.108.102.32",
                "ipv6": "",
                "subnet_id": "subnet-0554fee9d28171188"
              }
            ],
            "subnet_ids": [
              "subnet-0554fee9d28171188",
              "subnet-0b9fd340a51975d78"
            ],
            "tags": {
              "Name": "armageddon-final-vpce-ec2messages01"
            },
            "tags_all": {
              "Name": "armageddon-final-vpce-ec2messages01"
            },
            "timeouts": null,
            "vpc_endpoint_type": "Interface",
            "vpc_id": "vpc-0b5b0d9ee674f1aee"
          },
          "sensitive_attributes": [],
          "identity_schema_version": 0,
          "identity": {
            "account_id": "975598471165",
            "id": "vpce-0d2484be44ea29b3c",
            "region": "us-east-1"
          },
          "private": "eyJlMmJmYjczMC1lY2FhLTExZTYtOGY4OC0zNDM2M2JjN2M0YzAiOnsiY3JlYXRlIjo2MDAwMDAwMDAwMDAsImRlbGV0ZSI6NjAwMDAwMDAwMDAwLCJ1cGRhdGUiOjYwMDAwMDAwMDAwMH19",
          "dependencies": [
            "aws_security_group.armageddon_vpce_sg01",
            "aws_subnet.armageddon_private_subnets",
            "aws_vpc.armageddon_vpc01",
            "data.aws_region.armageddon_region01"
          ]
        }
      ]
    },
    {
      "mode": "managed",
      "type": "aws_vpc_endpoint",
      "name": "armageddon_vpce_kms01",
      "provider": "provider[\"registry.terraform.io/hashicorp/aws\"]",
      "instances": [
        {
          "schema_version": 0,
          "attributes": {
            "arn": "arn:aws:ec2:us-east-1:975598471165:vpc-endpoint/vpce-0e032f14bd84d1488",
            "auto_accept": null,
            "cidr_blocks": [],
            "dns_entry": [
              {
                "dns_name": "vpce-0e032f14bd84d1488-747woibp.kms.us-east-1.vpce.amazonaws.com",
                "hosted_zone_id": "Z7HUB22UULQXV"
              },
              {
                "dns_name": "vpce-0e032f14bd84d1488-747woibp-us-east-1b.kms.us-east-1.vpce.amazonaws.com",
                "hosted_zone_id": "Z7HUB22UULQXV"
              },
              {
                "dns_name": "vpce-0e032f14bd84d1488-747woibp-us-east-1a.kms.us-east-1.vpce.amazonaws.com",
                "hosted_zone_id": "Z7HUB22UULQXV"
              },
              {
                "dns_name": "kms.us-east-1.amazonaws.com",
                "hosted_zone_id": "Z08459042NPL8R0DPGKGY"
              },
              {
                "dns_name": "kms.us-east-1.api.aws",
                "hosted_zone_id": "Z08474601PAYOAX0J4RPQ"
              }
            ],
            "dns_options": [
              {
                "dns_record_ip_type": "ipv4",
                "private_dns_only_for_inbound_resolver_endpoint": false,
                "private_dns_preference": "",
                "private_dns_specified_domains": []
              }
            ],
            "id": "vpce-0e032f14bd84d1488",
            "ip_address_type": "ipv4",
            "network_interface_ids": [
              "eni-0af7f874354c663a2",
              "eni-0eed0c146b3d4f616"
            ],
            "owner_id": "975598471165",
            "policy": "{\"Statement\":[{\"Action\":\"*\",\"Effect\":\"Allow\",\"Principal\":\"*\",\"Resource\":\"*\"}]}",
            "prefix_list_id": null,
            "private_dns_enabled": true,
            "region": "us-east-1",
            "requester_managed": false,
            "resource_configuration_arn": "",
            "route_table_ids": [],
            "security_group_ids": [
              "sg-07be8bcdc94afc518"
            ],
            "service_name": "com.amazonaws.us-east-1.kms",
            "service_network_arn": "",
            "service_region": "us-east-1",
            "state": "available",
            "subnet_configuration": [
              {
                "ipv4": "10.108.101.76",
                "ipv6": "",
                "subnet_id": "subnet-0b9fd340a51975d78"
              },
              {
                "ipv4": "10.108.102.20",
                "ipv6": "",
                "subnet_id": "subnet-0554fee9d28171188"
              }
            ],
            "subnet_ids": [
              "subnet-0554fee9d28171188",
              "subnet-0b9fd340a51975d78"
            ],
            "tags": {
              "Name": "armageddon-final-vpce-kms01"
            },
            "tags_all": {
              "Name": "armageddon-final-vpce-kms01"
            },
            "timeouts": null,
            "vpc_endpoint_type": "Interface",
            "vpc_id": "vpc-0b5b0d9ee674f1aee"
          },
          "sensitive_attributes": [],
          "identity_schema_version": 0,
          "identity": {
            "account_id": "975598471165",
            "id": "vpce-0e032f14bd84d1488",
            "region": "us-east-1"
          },
          "private": "eyJlMmJmYjczMC1lY2FhLTExZTYtOGY4OC0zNDM2M2JjN2M0YzAiOnsiY3JlYXRlIjo2MDAwMDAwMDAwMDAsImRlbGV0ZSI6NjAwMDAwMDAwMDAwLCJ1cGRhdGUiOjYwMDAwMDAwMDAwMH19",
          "dependencies": [
            "aws_security_group.armageddon_vpce_sg01",
            "aws_subnet.armageddon_private_subnets",
            "aws_vpc.armageddon_vpc01",
            "data.aws_region.armageddon_region01"
          ]
        }
      ]
    },
    {
      "mode": "managed",
      "type": "aws_vpc_endpoint",
      "name": "armageddon_vpce_logs01",
      "provider": "provider[\"registry.terraform.io/hashicorp/aws\"]",
      "instances": [
        {
          "schema_version": 0,
          "attributes": {
            "arn": "arn:aws:ec2:us-east-1:975598471165:vpc-endpoint/vpce-05fe83d6e965da6f9",
            "auto_accept": null,
            "cidr_blocks": [],
            "dns_entry": [
              {
                "dns_name": "vpce-05fe83d6e965da6f9-ybk1zctl.logs.us-east-1.vpce.amazonaws.com",
                "hosted_zone_id": "Z7HUB22UULQXV"
              },
              {
                "dns_name": "vpce-05fe83d6e965da6f9-ybk1zctl-us-east-1b.logs.us-east-1.vpce.amazonaws.com",
                "hosted_zone_id": "Z7HUB22UULQXV"
              },
              {
                "dns_name": "vpce-05fe83d6e965da6f9-ybk1zctl-us-east-1a.logs.us-east-1.vpce.amazonaws.com",
                "hosted_zone_id": "Z7HUB22UULQXV"
              },
              {
                "dns_name": "logs.us-east-1.amazonaws.com",
                "hosted_zone_id": "Z0846159X8BXZUML0HMK"
              },
              {
                "dns_name": "streaming-logs.us-east-1.amazonaws.com",
                "hosted_zone_id": "Z05386082YX2ENE649VJ5"
              },
              {
                "dns_name": "streaming-logs.us-east-1.api.aws",
                "hosted_zone_id": "Z08474861NEC1R677MMNG"
              },
              {
                "dns_name": "logs.us-east-1.api.aws",
                "hosted_zone_id": "Z08468402TO1OH4ZP77SH"
              }
            ],
            "dns_options": [
              {
                "dns_record_ip_type": "ipv4",
                "private_dns_only_for_inbound_resolver_endpoint": false,
                "private_dns_preference": "",
                "private_dns_specified_domains": []
              }
            ],
            "id": "vpce-05fe83d6e965da6f9",
            "ip_address_type": "ipv4",
            "network_interface_ids": [
              "eni-018894d8b23ff1ee9",
              "eni-07da29c647f473759"
            ],
            "owner_id": "975598471165",
            "policy": "{\"Statement\":[{\"Action\":\"*\",\"Effect\":\"Allow\",\"Principal\":\"*\",\"Resource\":\"*\"}]}",
            "prefix_list_id": null,
            "private_dns_enabled": true,
            "region": "us-east-1",
            "requester_managed": false,
            "resource_configuration_arn": "",
            "route_table_ids": [],
            "security_group_ids": [
              "sg-07be8bcdc94afc518"
            ],
            "service_name": "com.amazonaws.us-east-1.logs",
            "service_network_arn": "",
            "service_region": "us-east-1",
            "state": "available",
            "subnet_configuration": [
              {
                "ipv4": "10.108.101.99",
                "ipv6": "",
                "subnet_id": "subnet-0b9fd340a51975d78"
              },
              {
                "ipv4": "10.108.102.186",
                "ipv6": "",
                "subnet_id": "subnet-0554fee9d28171188"
              }
            ],
            "subnet_ids": [
              "subnet-0554fee9d28171188",
              "subnet-0b9fd340a51975d78"
            ],
            "tags": {
              "Name": "armageddon-final-vpce-logs01"
            },
            "tags_all": {
              "Name": "armageddon-final-vpce-logs01"
            },
            "timeouts": null,
            "vpc_endpoint_type": "Interface",
            "vpc_id": "vpc-0b5b0d9ee674f1aee"
          },
          "sensitive_attributes": [],
          "identity_schema_version": 0,
          "identity": {
            "account_id": "975598471165",
            "id": "vpce-05fe83d6e965da6f9",
            "region": "us-east-1"
          },
          "private": "eyJlMmJmYjczMC1lY2FhLTExZTYtOGY4OC0zNDM2M2JjN2M0YzAiOnsiY3JlYXRlIjo2MDAwMDAwMDAwMDAsImRlbGV0ZSI6NjAwMDAwMDAwMDAwLCJ1cGRhdGUiOjYwMDAwMDAwMDAwMH19",
          "dependencies": [
            "aws_security_group.armageddon_vpce_sg01",
            "aws_subnet.armageddon_private_subnets",
            "aws_vpc.armageddon_vpc01",
            "data.aws_region.armageddon_region01"
          ]
        }
      ]
    },
    {
      "mode": "managed",
      "type": "aws_vpc_endpoint",
      "name": "armageddon_vpce_s3_gw01",
      "provider": "provider[\"registry.terraform.io/hashicorp/aws\"]",
      "instances": [
        {
          "schema_version": 0,
          "attributes": {
            "arn": "arn:aws:ec2:us-east-1:975598471165:vpc-endpoint/vpce-06f0688cc43a5ea49",
            "auto_accept": null,
            "cidr_blocks": [
              "16.15.176.0/20",
              "16.182.0.0/16",
              "18.34.0.0/19",
              "52.216.0.0/15",
              "54.231.0.0/16",
              "3.5.0.0/19",
              "18.34.232.0/21",
              "16.15.192.0/18"
            ],
            "dns_entry": [],
            "dns_options": [
              {
                "dns_record_ip_type": "service-defined",
                "private_dns_only_for_inbound_resolver_endpoint": false,
                "private_dns_preference": "",
                "private_dns_specified_domains": []
              }
            ],
            "id": "vpce-06f0688cc43a5ea49",
            "ip_address_type": "ipv4",
            "network_interface_ids": [],
            "owner_id": "975598471165",
            "policy": "{\"Statement\":[{\"Action\":\"*\",\"Effect\":\"Allow\",\"Principal\":\"*\",\"Resource\":\"*\"}],\"Version\":\"2008-10-17\"}",
            "prefix_list_id": "pl-63a5400a",
            "private_dns_enabled": false,
            "region": "us-east-1",
            "requester_managed": false,
            "resource_configuration_arn": "",
            "route_table_ids": [
              "rtb-0741169e3b12df9f3"
            ],
            "security_group_ids": [],
            "service_name": "com.amazonaws.us-east-1.s3",
            "service_network_arn": "",
            "service_region": "us-east-1",
            "state": "available",
            "subnet_configuration": [],
            "subnet_ids": [],
            "tags": {
              "Name": "armageddon-final-vpce-s3-gw01"
            },
            "tags_all": {
              "Name": "armageddon-final-vpce-s3-gw01"
            },
            "timeouts": null,
            "vpc_endpoint_type": "Gateway",
            "vpc_id": "vpc-0b5b0d9ee674f1aee"
          },
          "sensitive_attributes": [],
          "identity_schema_version": 0,
          "identity": {
            "account_id": "975598471165",
            "id": "vpce-06f0688cc43a5ea49",
            "region": "us-east-1"
          },
          "private": "eyJlMmJmYjczMC1lY2FhLTExZTYtOGY4OC0zNDM2M2JjN2M0YzAiOnsiY3JlYXRlIjo2MDAwMDAwMDAwMDAsImRlbGV0ZSI6NjAwMDAwMDAwMDAwLCJ1cGRhdGUiOjYwMDAwMDAwMDAwMH19",
          "dependencies": [
            "aws_route_table.armageddon_private_rt01",
            "aws_vpc.armageddon_vpc01",
            "data.aws_region.armageddon_region01"
          ]
        }
      ]
    },
    {
      "mode": "managed",
      "type": "aws_vpc_endpoint",
      "name": "armageddon_vpce_secrets01",
      "provider": "provider[\"registry.terraform.io/hashicorp/aws\"]",
      "instances": [
        {
          "schema_version": 0,
          "attributes": {
            "arn": "arn:aws:ec2:us-east-1:975598471165:vpc-endpoint/vpce-0f70118a25adc012d",
            "auto_accept": null,
            "cidr_blocks": [],
            "dns_entry": [
              {
                "dns_name": "vpce-0f70118a25adc012d-gc4w93ow.secretsmanager.us-east-1.vpce.amazonaws.com",
                "hosted_zone_id": "Z7HUB22UULQXV"
              },
              {
                "dns_name": "vpce-0f70118a25adc012d-gc4w93ow-us-east-1b.secretsmanager.us-east-1.vpce.amazonaws.com",
                "hosted_zone_id": "Z7HUB22UULQXV"
              },
              {
                "dns_name": "vpce-0f70118a25adc012d-gc4w93ow-us-east-1a.secretsmanager.us-east-1.vpce.amazonaws.com",
                "hosted_zone_id": "Z7HUB22UULQXV"
              },
              {
                "dns_name": "secretsmanager.us-east-1.amazonaws.com",
                "hosted_zone_id": "Z08507751IWM0JUT8JFHE"
              }
            ],
            "dns_options": [
              {
                "dns_record_ip_type": "ipv4",
                "private_dns_only_for_inbound_resolver_endpoint": false,
                "private_dns_preference": "",
                "private_dns_specified_domains": []
              }
            ],
            "id": "vpce-0f70118a25adc012d",
            "ip_address_type": "ipv4",
            "network_interface_ids": [
              "eni-0212df3647722596d",
              "eni-0c0e6d57161f9fc64"
            ],
            "owner_id": "975598471165",
            "policy": "{\"Statement\":[{\"Action\":\"*\",\"Effect\":\"Allow\",\"Principal\":\"*\",\"Resource\":\"*\"}]}",
            "prefix_list_id": null,
            "private_dns_enabled": true,
            "region": "us-east-1",
            "requester_managed": false,
            "resource_configuration_arn": "",
            "route_table_ids": [],
            "security_group_ids": [
              "sg-07be8bcdc94afc518"
            ],
            "service_name": "com.amazonaws.us-east-1.secretsmanager",
            "service_network_arn": "",
            "service_region": "us-east-1",
            "state": "available",
            "subnet_configuration": [
              {
                "ipv4": "10.108.101.115",
                "ipv6": "",
                "subnet_id": "subnet-0b9fd340a51975d78"
              },
              {
                "ipv4": "10.108.102.182",
                "ipv6": "",
                "subnet_id": "subnet-0554fee9d28171188"
              }
            ],
            "subnet_ids": [
              "subnet-0554fee9d28171188",
              "subnet-0b9fd340a51975d78"
            ],
            "tags": {
              "Name": "armageddon-final-vpce-secrets01"
            },
            "tags_all": {
              "Name": "armageddon-final-vpce-secrets01"
            },
            "timeouts": null,
            "vpc_endpoint_type": "Interface",
            "vpc_id": "vpc-0b5b0d9ee674f1aee"
          },
          "sensitive_attributes": [],
          "identity_schema_version": 0,
          "identity": {
            "account_id": "975598471165",
            "id": "vpce-0f70118a25adc012d",
            "region": "us-east-1"
          },
          "private": "eyJlMmJmYjczMC1lY2FhLTExZTYtOGY4OC0zNDM2M2JjN2M0YzAiOnsiY3JlYXRlIjo2MDAwMDAwMDAwMDAsImRlbGV0ZSI6NjAwMDAwMDAwMDAwLCJ1cGRhdGUiOjYwMDAwMDAwMDAwMH19",
          "dependencies": [
            "aws_security_group.armageddon_vpce_sg01",
            "aws_subnet.armageddon_private_subnets",
            "aws_vpc.armageddon_vpc01",
            "data.aws_region.armageddon_region01"
          ]
        }
      ]
    },
    {
      "mode": "managed",
      "type": "aws_vpc_endpoint",
      "name": "armageddon_vpce_ssm01",
      "provider": "provider[\"registry.terraform.io/hashicorp/aws\"]",
      "instances": [
        {
          "schema_version": 0,
          "attributes": {
            "arn": "arn:aws:ec2:us-east-1:975598471165:vpc-endpoint/vpce-0991b94bec5f3dfc0",
            "auto_accept": null,
            "cidr_blocks": [],
            "dns_entry": [
              {
                "dns_name": "vpce-0991b94bec5f3dfc0-nmexohh7.ssm.us-east-1.vpce.amazonaws.com",
                "hosted_zone_id": "Z7HUB22UULQXV"
              },
              {
                "dns_name": "vpce-0991b94bec5f3dfc0-nmexohh7-us-east-1a.ssm.us-east-1.vpce.amazonaws.com",
                "hosted_zone_id": "Z7HUB22UULQXV"
              },
              {
                "dns_name": "vpce-0991b94bec5f3dfc0-nmexohh7-us-east-1b.ssm.us-east-1.vpce.amazonaws.com",
                "hosted_zone_id": "Z7HUB22UULQXV"
              },
              {
                "dns_name": "ssm.us-east-1.amazonaws.com",
                "hosted_zone_id": "Z01183001M9KPJDS52DGA"
              },
              {
                "dns_name": "ssm.us-east-1.api.aws",
                "hosted_zone_id": "Z05368221785AP6HCF899"
              }
            ],
            "dns_options": [
              {
                "dns_record_ip_type": "ipv4",
                "private_dns_only_for_inbound_resolver_endpoint": false,
                "private_dns_preference": "",
                "private_dns_specified_domains": []
              }
            ],
            "id": "vpce-0991b94bec5f3dfc0",
            "ip_address_type": "ipv4",
            "network_interface_ids": [
              "eni-0278d5d8e7bcb06e8",
              "eni-052dbb18a16f2d840"
            ],
            "owner_id": "975598471165",
            "policy": "{\"Statement\":[{\"Action\":\"*\",\"Effect\":\"Allow\",\"Principal\":\"*\",\"Resource\":\"*\"}]}",
            "prefix_list_id": null,
            "private_dns_enabled": true,
            "region": "us-east-1",
            "requester_managed": false,
            "resource_configuration_arn": "",
            "route_table_ids": [],
            "security_group_ids": [
              "sg-07be8bcdc94afc518"
            ],
            "service_name": "com.amazonaws.us-east-1.ssm",
            "service_network_arn": "",
            "service_region": "us-east-1",
            "state": "available",
            "subnet_configuration": [
              {
                "ipv4": "10.108.101.90",
                "ipv6": "",
                "subnet_id": "subnet-0b9fd340a51975d78"
              },
              {
                "ipv4": "10.108.102.39",
                "ipv6": "",
                "subnet_id": "subnet-0554fee9d28171188"
              }
            ],
            "subnet_ids": [
              "subnet-0554fee9d28171188",
              "subnet-0b9fd340a51975d78"
            ],
            "tags": {
              "Name": "armageddon-final-vpce-ssm01"
            },
            "tags_all": {
              "Name": "armageddon-final-vpce-ssm01"
            },
            "timeouts": null,
            "vpc_endpoint_type": "Interface",
            "vpc_id": "vpc-0b5b0d9ee674f1aee"
          },
          "sensitive_attributes": [],
          "identity_schema_version": 0,
          "identity": {
            "account_id": "975598471165",
            "id": "vpce-0991b94bec5f3dfc0",
            "region": "us-east-1"
          },
          "private": "eyJlMmJmYjczMC1lY2FhLTExZTYtOGY4OC0zNDM2M2JjN2M0YzAiOnsiY3JlYXRlIjo2MDAwMDAwMDAwMDAsImRlbGV0ZSI6NjAwMDAwMDAwMDAwLCJ1cGRhdGUiOjYwMDAwMDAwMDAwMH19",
          "dependencies": [
            "aws_security_group.armageddon_vpce_sg01",
            "aws_subnet.armageddon_private_subnets",
            "aws_vpc.armageddon_vpc01",
            "data.aws_region.armageddon_region01"
          ]
        }
      ]
    },
    {
      "mode": "managed",
      "type": "aws_vpc_endpoint",
      "name": "armageddon_vpce_ssmmessages01",
      "provider": "provider[\"registry.terraform.io/hashicorp/aws\"]",
      "instances": [
        {
          "schema_version": 0,
          "attributes": {
            "arn": "arn:aws:ec2:us-east-1:975598471165:vpc-endpoint/vpce-0208255940d1daa29",
            "auto_accept": null,
            "cidr_blocks": [],
            "dns_entry": [
              {
                "dns_name": "vpce-0208255940d1daa29-8d4zevoo.ssmmessages.us-east-1.vpce.amazonaws.com",
                "hosted_zone_id": "Z7HUB22UULQXV"
              },
              {
                "dns_name": "vpce-0208255940d1daa29-8d4zevoo-us-east-1b.ssmmessages.us-east-1.vpce.amazonaws.com",
                "hosted_zone_id": "Z7HUB22UULQXV"
              },
              {
                "dns_name": "vpce-0208255940d1daa29-8d4zevoo-us-east-1a.ssmmessages.us-east-1.vpce.amazonaws.com",
                "hosted_zone_id": "Z7HUB22UULQXV"
              },
              {
                "dns_name": "ssmmessages.us-east-1.amazonaws.com",
                "hosted_zone_id": "Z0527397SEZP2SLDCCP5"
              },
              {
                "dns_name": "ssmmessages.us-east-1.api.aws",
                "hosted_zone_id": "Z084516726LG250P2MH7L"
              }
            ],
            "dns_options": [
              {
                "dns_record_ip_type": "ipv4",
                "private_dns_only_for_inbound_resolver_endpoint": false,
                "private_dns_preference": "",
                "private_dns_specified_domains": []
              }
            ],
            "id": "vpce-0208255940d1daa29",
            "ip_address_type": "ipv4",
            "network_interface_ids": [
              "eni-09e93162abd72a428",
              "eni-0c1220dbc6e9fd0d3"
            ],
            "owner_id": "975598471165",
            "policy": "{\"Statement\":[{\"Action\":\"*\",\"Effect\":\"Allow\",\"Principal\":\"*\",\"Resource\":\"*\"}]}",
            "prefix_list_id": null,
            "private_dns_enabled": true,
            "region": "us-east-1",
            "requester_managed": false,
            "resource_configuration_arn": "",
            "route_table_ids": [],
            "security_group_ids": [
              "sg-07be8bcdc94afc518"
            ],
            "service_name": "com.amazonaws.us-east-1.ssmmessages",
            "service_network_arn": "",
            "service_region": "us-east-1",
            "state": "available",
            "subnet_configuration": [
              {
                "ipv4": "10.108.101.185",
                "ipv6": "",
                "subnet_id": "subnet-0b9fd340a51975d78"
              },
              {
                "ipv4": "10.108.102.202",
                "ipv6": "",
                "subnet_id": "subnet-0554fee9d28171188"
              }
            ],
            "subnet_ids": [
              "subnet-0554fee9d28171188",
              "subnet-0b9fd340a51975d78"
            ],
            "tags": {
              "Name": "armageddon-final-vpce-ssmmessages01"
            },
            "tags_all": {
              "Name": "armageddon-final-vpce-ssmmessages01"
            },
            "timeouts": null,
            "vpc_endpoint_type": "Interface",
            "vpc_id": "vpc-0b5b0d9ee674f1aee"
          },
          "sensitive_attributes": [],
          "identity_schema_version": 0,
          "identity": {
            "account_id": "975598471165",
            "id": "vpce-0208255940d1daa29",
            "region": "us-east-1"
          },
          "private": "eyJlMmJmYjczMC1lY2FhLTExZTYtOGY4OC0zNDM2M2JjN2M0YzAiOnsiY3JlYXRlIjo2MDAwMDAwMDAwMDAsImRlbGV0ZSI6NjAwMDAwMDAwMDAwLCJ1cGRhdGUiOjYwMDAwMDAwMDAwMH19",
          "dependencies": [
            "aws_security_group.armageddon_vpce_sg01",
            "aws_subnet.armageddon_private_subnets",
            "aws_vpc.armageddon_vpc01",
            "data.aws_region.armageddon_region01"
          ]
        }
      ]
    },
    {
      "mode": "managed",
      "type": "aws_wafv2_web_acl",
      "name": "armageddon_waf01",
      "provider": "provider[\"registry.terraform.io/hashicorp/aws\"]",
      "instances": [
        {
          "index_key": 0,
          "schema_version": 0,
          "attributes": {
            "application_integration_url": "",
            "arn": "arn:aws:wafv2:us-east-1:975598471165:regional/webacl/armageddon-final-waf01/ac725b44-6267-452b-8796-2421efae5109",
            "association_config": [],
            "capacity": 700,
            "captcha_config": [],
            "challenge_config": [],
            "custom_response_body": [],
            "data_protection_config": [],
            "default_action": [
              {
                "allow": [
                  {
                    "custom_request_handling": []
                  }
                ],
                "block": []
              }
            ],
            "description": "",
            "id": "ac725b44-6267-452b-8796-2421efae5109",
            "lock_token": "24bc2eeb-cf6a-493d-bcdc-95934515f122",
            "name": "armageddon-final-waf01",
            "name_prefix": "",
            "region": "us-east-1",
            "rule": [
              {
                "action": [],
                "captcha_config": [],
                "challenge_config": [],
                "name": "AWSManagedRulesCommonRuleSet",
                "override_action": [
                  {
                    "count": [],
                    "none": [
                      {}
                    ]
                  }
                ],
                "priority": 1,
                "rule_label": [],
                "statement": [
                  {
                    "and_statement": [],
                    "asn_match_statement": [],
                    "byte_match_statement": [],
                    "geo_match_statement": [],
                    "ip_set_reference_statement": [],
                    "label_match_statement": [],
                    "managed_rule_group_statement": [
                      {
                        "managed_rule_group_configs": [],
                        "name": "AWSManagedRulesCommonRuleSet",
                        "rule_action_override": [],
                        "scope_down_statement": [],
                        "vendor_name": "AWS",
                        "version": ""
                      }
                    ],
                    "not_statement": [],
                    "or_statement": [],
                    "rate_based_statement": [],
                    "regex_match_statement": [],
                    "regex_pattern_set_reference_statement": [],
                    "rule_group_reference_statement": [],
                    "size_constraint_statement": [],
                    "sqli_match_statement": [],
                    "xss_match_statement": []
                  }
                ],
                "visibility_config": [
                  {
                    "cloudwatch_metrics_enabled": true,
                    "metric_name": "armageddon-final-waf-common",
                    "sampled_requests_enabled": true
                  }
                ]
              }
            ],
            "rule_json": null,
            "scope": "REGIONAL",
            "tags": {
              "Name": "armageddon-final-waf01"
            },
            "tags_all": {
              "Name": "armageddon-final-waf01"
            },
            "token_domains": null,
            "visibility_config": [
              {
                "cloudwatch_metrics_enabled": true,
                "metric_name": "armageddon-final-waf01",
                "sampled_requests_enabled": true
              }
            ]
          },
          "sensitive_attributes": [],
          "identity_schema_version": 0,
          "private": "bnVsbA=="
        }
      ]
    },
    {
      "mode": "managed",
      "type": "aws_wafv2_web_acl_association",
      "name": "armageddon_waf_assoc01",
      "provider": "provider[\"registry.terraform.io/hashicorp/aws\"]",
      "instances": [
        {
          "index_key": 0,
          "schema_version": 0,
          "attributes": {
            "id": "arn:aws:wafv2:us-east-1:975598471165:regional/webacl/armageddon-final-waf01/ac725b44-6267-452b-8796-2421efae5109,arn:aws:elasticloadbalancing:us-east-1:975598471165:loadbalancer/app/armageddon-final-alb01/770c316d18f1ea5f",
            "region": "us-east-1",
            "resource_arn": "arn:aws:elasticloadbalancing:us-east-1:975598471165:loadbalancer/app/armageddon-final-alb01/770c316d18f1ea5f",
            "timeouts": null,
            "web_acl_arn": "arn:aws:wafv2:us-east-1:975598471165:regional/webacl/armageddon-final-waf01/ac725b44-6267-452b-8796-2421efae5109"
          },
          "sensitive_attributes": [],
          "identity_schema_version": 0,
          "private": "eyJlMmJmYjczMC1lY2FhLTExZTYtOGY4OC0zNDM2M2JjN2M0YzAiOnsiY3JlYXRlIjo2MDAwMDAwMDAwMDB9fQ==",
          "dependencies": [
            "aws_lb.armageddon_alb01",
            "aws_security_group.armageddon_alb_sg01",
            "aws_subnet.armageddon_public_subnets",
            "aws_vpc.armageddon_vpc01",
            "aws_wafv2_web_acl.armageddon_waf01"
          ]
        }
      ]
    }
  ],
  "check_results": null
}
