{
  "version": 4,
  "terraform_version": "1.14.3",
  "serial": 1511,
  "lineage": "d44e4c0d-64b5-856c-70cf-2e887c030559",
  "outputs": {
    "alb_dns_name": {
      "value": "armageddon-final-alb01-704203184.us-east-1.elb.amazonaws.com",
      "type": "string"
    },
    "alb_sg_id": {
      "value": "sg-094d4cdb55b5a4e53",
      "type": "string"
    },
    "armageddon_alb_logs_bucket_name": {
      "value": "armageddon-final-alb-logs-975598471165",
      "type": "string"
    },
    "armageddon_apex_url_https": {
      "value": "https://firstpointand.click",
      "type": "string"
    },
    "armageddon_app_url_https": {
      "value": "https://app.firstpointand.click",
      "type": "string"
    },
    "armageddon_ec2_instance_id": {
      "value": "i-062da8ea17ec4a7a7",
      "type": "string"
    },
    "armageddon_log_group_name": {
      "value": "/aws/ec2/armageddon-final-rds-app",
      "type": "string"
    },
    "armageddon_private_ec2_instance_id_bonus": {
      "value": "i-0a49b86afa51cdd6d",
      "type": "string"
    },
    "armageddon_private_subnet_ids": {
      "value": [
        "subnet-0c29066d0459eb902",
        "subnet-0ba406a5a94419fc4"
      ],
      "type": [
        "tuple",
        [
          "string",
          "string"
        ]
      ]
    },
    "armageddon_public_subnet_ids": {
      "value": [
        "subnet-0d84698c40b3b457a",
        "subnet-09944daeeae542918"
      ],
      "type": [
        "tuple",
        [
          "string",
          "string"
        ]
      ]
    },
    "armageddon_rds_endpoint": {
      "value": "armageddon-final-rds01.con8om0ygium.us-east-1.rds.amazonaws.com",
      "type": "string"
    },
    "armageddon_route53_zone_id": {
      "value": "Z0577510JJCMGIYZ7086",
      "type": "string"
    },
    "armageddon_sns_topic_arn": {
      "value": "arn:aws:sns:us-east-1:975598471165:armageddon-final-db-incidents",
      "type": "string"
    },
    "armageddon_vpc_id": {
      "value": "vpc-07ff25f8d3dc734e7",
      "type": "string"
    },
    "armageddon_vpce_logs_id": {
      "value": "vpce-078a759d1fe42c0b7",
      "type": "string"
    },
    "armageddon_vpce_s3_id": {
      "value": "vpce-08966676a9df5d575",
      "type": "string"
    },
    "armageddon_vpce_secrets_id": {
      "value": "vpce-0efc770fd1843c1d7",
      "type": "string"
    },
    "armageddon_vpce_ssm_id": {
      "value": "vpce-0570dbf530077c8e3",
      "type": "string"
    },
    "armageddon_waf_log_destination": {
      "value": "cloudwatch",
      "type": "string"
    },
    "cloudfront_distribution_id": {
      "value": "E39IGGUGVLNP43",
      "type": "string"
    }
  },
  "resources": [
    {
      "mode": "data",
      "type": "aws_caller_identity",
      "name": "armageddon_self01",
      "provider": "provider[\"registry.terraform.io/hashicorp/aws\"]",
      "instances": [
        {
          "schema_version": 0,
          "attributes": {
            "account_id": "975598471165",
            "arn": "arn:aws:iam::975598471165:user/AWSCLI4",
            "id": "975598471165",
            "user_id": "AIDA6GJRTI765UEFNJMUZ"
          },
          "sensitive_attributes": [],
          "identity_schema_version": 0
        }
      ]
    },
    {
      "mode": "data",
      "type": "aws_ec2_managed_prefix_list",
      "name": "armageddon_cf_origin_facing01",
      "provider": "provider[\"registry.terraform.io/hashicorp/aws\"]",
      "instances": [
        {
          "schema_version": 0,
          "attributes": {
            "address_family": "IPv4",
            "arn": "arn:aws:ec2:us-east-1:aws:prefix-list/pl-3b927c52",
            "entries": [
              {
                "cidr": "13.124.199.0/24",
                "description": ""
              },
              {
                "cidr": "130.176.0.0/18",
                "description": ""
              },
              {
                "cidr": "130.176.128.0/21",
                "description": ""
              },
              {
                "cidr": "130.176.136.0/23",
                "description": ""
              },
              {
                "cidr": "130.176.140.0/22",
                "description": ""
              },
              {
                "cidr": "130.176.144.0/20",
                "description": ""
              },
              {
                "cidr": "130.176.160.0/19",
                "description": ""
              },
              {
                "cidr": "130.176.192.0/19",
                "description": ""
              },
              {
                "cidr": "130.176.64.0/21",
                "description": ""
              },
              {
                "cidr": "130.176.72.0/22",
                "description": ""
              },
              {
                "cidr": "130.176.76.0/24",
                "description": ""
              },
              {
                "cidr": "130.176.78.0/23",
                "description": ""
              },
              {
                "cidr": "130.176.80.0/22",
                "description": ""
              },
              {
                "cidr": "130.176.86.0/23",
                "description": ""
              },
              {
                "cidr": "130.176.88.0/21",
                "description": ""
              },
              {
                "cidr": "130.176.96.0/19",
                "description": ""
              },
              {
                "cidr": "15.158.0.0/16",
                "description": ""
              },
              {
                "cidr": "18.68.0.0/16",
                "description": ""
              },
              {
                "cidr": "204.246.166.0/24",
                "description": ""
              },
              {
                "cidr": "205.251.218.0/24",
                "description": ""
              },
              {
                "cidr": "3.172.0.0/18",
                "description": ""
              },
              {
                "cidr": "3.172.64.0/18",
                "description": ""
              },
              {
                "cidr": "3.29.57.0/26",
                "description": ""
              },
              {
                "cidr": "52.46.0.0/18",
                "description": ""
              },
              {
                "cidr": "52.82.128.0/23",
                "description": ""
              },
              {
                "cidr": "52.82.134.0/23",
                "description": ""
              },
              {
                "cidr": "54.182.128.0/20",
                "description": ""
              },
              {
                "cidr": "54.182.144.0/21",
                "description": ""
              },
              {
                "cidr": "54.182.154.0/23",
                "description": ""
              },
              {
                "cidr": "54.182.156.0/22",
                "description": ""
              },
              {
                "cidr": "54.182.160.0/21",
                "description": ""
              },
              {
                "cidr": "54.182.172.0/22",
                "description": ""
              },
              {
                "cidr": "54.182.176.0/21",
                "description": ""
              },
              {
                "cidr": "54.182.184.0/22",
                "description": ""
              },
              {
                "cidr": "54.182.188.0/23",
                "description": ""
              },
              {
                "cidr": "54.182.224.0/21",
                "description": ""
              },
              {
                "cidr": "54.182.240.0/21",
                "description": ""
              },
              {
                "cidr": "54.182.248.0/22",
                "description": ""
              },
              {
                "cidr": "54.239.134.0/23",
                "description": ""
              },
              {
                "cidr": "54.239.170.0/23",
                "description": ""
              },
              {
                "cidr": "54.239.204.0/22",
                "description": ""
              },
              {
                "cidr": "54.239.208.0/21",
                "description": ""
              },
              {
                "cidr": "64.252.128.0/18",
                "description": ""
              },
              {
                "cidr": "64.252.64.0/18",
                "description": ""
              },
              {
                "cidr": "70.132.0.0/18",
                "description": ""
              }
            ],
            "filter": null,
            "id": "pl-3b927c52",
            "max_entries": 0,
            "name": "com.amazonaws.global.cloudfront.origin-facing",
            "owner_id": "AWS",
            "region": "us-east-1",
            "tags": {},
            "timeouts": null,
            "version": 0
          },
          "sensitive_attributes": [],
          "identity_schema_version": 0
        }
      ]
    },
    {
      "mode": "data",
      "type": "aws_elb_service_account",
      "name": "main",
      "provider": "provider[\"registry.terraform.io/hashicorp/aws\"]",
      "instances": [
        {
          "schema_version": 0,
          "attributes": {
            "arn": "arn:aws:iam::127311923021:root",
            "id": "127311923021",
            "region": "us-east-1"
          },
          "sensitive_attributes": [],
          "identity_schema_version": 0
        }
      ]
    },
    {
      "mode": "data",
      "type": "aws_region",
      "name": "armageddon_region01",
      "provider": "provider[\"registry.terraform.io/hashicorp/aws\"]",
      "instances": [
        {
          "schema_version": 0,
          "attributes": {
            "description": "US East (N. Virginia)",
            "endpoint": "ec2.us-east-1.amazonaws.com",
            "id": "us-east-1",
            "name": "us-east-1",
            "region": "us-east-1"
          },
          "sensitive_attributes": [],
          "identity_schema_version": 0
        }
      ]
    },
    {
      "mode": "data",
      "type": "aws_route53_zone",
      "name": "armageddon_existing_zone01",
      "provider": "provider[\"registry.terraform.io/hashicorp/aws\"]",
      "instances": [
        {
          "schema_version": 0,
          "attributes": {
            "arn": "arn:aws:route53:::hostedzone/Z0577510JJCMGIYZ7086",
            "caller_reference": "RISWorkflow-RD:1dab09cb-1032-4181-82e8-b14672092207",
            "comment": "HostedZone created by Route53 Registrar",
            "enable_accelerated_recovery": false,
            "id": "Z0577510JJCMGIYZ7086",
            "linked_service_description": null,
            "linked_service_principal": null,
            "name": "firstpointand.click",
            "name_servers": [
              "ns-521.awsdns-01.net",
              "ns-125.awsdns-15.com",
              "ns-1573.awsdns-04.co.uk",
              "ns-1482.awsdns-57.org"
            ],
            "primary_name_server": "ns-521.awsdns-01.net",
            "private_zone": false,
            "resource_record_set_count": 6,
            "tags": {},
            "vpc_id": null,
            "zone_id": "Z0577510JJCMGIYZ7086"
          },
          "sensitive_attributes": [],
          "identity_schema_version": 0
        }
      ]
    },
    {
      "mode": "managed",
      "type": "aws_acm_certificate",
      "name": "armageddon-final_acm_cert01",
      "provider": "provider[\"registry.terraform.io/hashicorp/aws\"]",
      "instances": [
        {
          "schema_version": 0,
          "attributes": {
            "arn": "arn:aws:acm:us-east-1:975598471165:certificate/53e4455e-c3d6-4658-886e-c2fe7e0b8c21",
            "certificate_authority_arn": "",
            "certificate_body": null,
            "certificate_chain": null,
            "domain_name": "firstpointand.click",
            "domain_validation_options": [
              {
                "domain_name": "firstpointand.click",
                "resource_record_name": "_7f4672efd368aa32db37ec2fc438f094.firstpointand.click.",
                "resource_record_type": "CNAME",
                "resource_record_value": "_d0f4114bd1d320cf604de04bb81b8875.jkddzztszm.acm-validations.aws."
              }
            ],
            "early_renewal_duration": "",
            "id": "arn:aws:acm:us-east-1:975598471165:certificate/53e4455e-c3d6-4658-886e-c2fe7e0b8c21",
            "key_algorithm": "RSA_2048",
            "not_after": "2027-03-09T23:59:59Z",
            "not_before": "2026-02-08T00:00:00Z",
            "options": [
              {
                "certificate_transparency_logging_preference": "ENABLED",
                "export": "DISABLED"
              }
            ],
            "pending_renewal": false,
            "private_key": null,
            "region": "us-east-1",
            "renewal_eligibility": "INELIGIBLE",
            "renewal_summary": [],
            "status": "ISSUED",
            "subject_alternative_names": [
              "firstpointand.click"
            ],
            "tags": {},
            "tags_all": {},
            "type": "AMAZON_ISSUED",
            "validation_emails": [],
            "validation_method": "DNS",
            "validation_option": []
          },
          "sensitive_attributes": [
            [
              {
                "type": "get_attr",
                "value": "private_key"
              }
            ]
          ],
          "identity_schema_version": 0,
          "identity": {
            "arn": "arn:aws:acm:us-east-1:975598471165:certificate/53e4455e-c3d6-4658-886e-c2fe7e0b8c21"
          },
          "private": "bnVsbA=="
        }
      ]
    },
    {
      "mode": "managed",
      "type": "aws_acm_certificate",
      "name": "armageddon_acm_cert01",
      "provider": "provider[\"registry.terraform.io/hashicorp/aws\"]",
      "instances": [
        {
          "schema_version": 0,
          "attributes": {
            "arn": "arn:aws:acm:us-east-1:975598471165:certificate/def2a558-9b95-4ba6-86ab-daeaaabb7735",
            "certificate_authority_arn": "",
            "certificate_body": null,
            "certificate_chain": null,
            "domain_name": "app.firstpointand.click",
            "domain_validation_options": [
              {
                "domain_name": "app.firstpointand.click",
                "resource_record_name": "_2887c024ef221b96b378e669c909a316.app.firstpointand.click.",
                "resource_record_type": "CNAME",
                "resource_record_value": "_23ca46f13d74766d91eaccf83d750666.jkddzztszm.acm-validations.aws."
              }
            ],
            "early_renewal_duration": "",
            "id": "arn:aws:acm:us-east-1:975598471165:certificate/def2a558-9b95-4ba6-86ab-daeaaabb7735",
            "key_algorithm": "RSA_2048",
            "not_after": "2027-03-09T23:59:59Z",
            "not_before": "2026-02-08T00:00:00Z",
            "options": [
              {
                "certificate_transparency_logging_preference": "ENABLED",
                "export": "DISABLED"
              }
            ],
            "pending_renewal": false,
            "private_key": null,
            "region": "us-east-1",
            "renewal_eligibility": "ELIGIBLE",
            "renewal_summary": [],
            "status": "ISSUED",
            "subject_alternative_names": [
              "app.firstpointand.click"
            ],
            "tags": {
              "Name": "armageddon-final-acm-cert01"
            },
            "tags_all": {
              "Name": "armageddon-final-acm-cert01"
            },
            "type": "AMAZON_ISSUED",
            "validation_emails": [],
            "validation_method": "DNS",
            "validation_option": []
          },
          "sensitive_attributes": [
            [
              {
                "type": "get_attr",
                "value": "private_key"
              }
            ]
          ],
          "identity_schema_version": 0,
          "identity": {
            "arn": "arn:aws:acm:us-east-1:975598471165:certificate/def2a558-9b95-4ba6-86ab-daeaaabb7735"
          },
          "private": "bnVsbA=="
        }
      ]
    },
    {
      "mode": "managed",
      "type": "aws_acm_certificate",
      "name": "armageddon_cf_cert01",
      "provider": "provider[\"registry.terraform.io/hashicorp/aws\"].east",
      "instances": [
        {
          "schema_version": 0,
          "attributes": {
            "arn": "arn:aws:acm:us-east-1:975598471165:certificate/7da121b6-b101-4e60-847e-fd1648caa9cf",
            "certificate_authority_arn": "",
            "certificate_body": null,
            "certificate_chain": null,
            "domain_name": "app.firstpointand.click",
            "domain_validation_options": [
              {
                "domain_name": "app.firstpointand.click",
                "resource_record_name": "_2887c024ef221b96b378e669c909a316.app.firstpointand.click.",
                "resource_record_type": "CNAME",
                "resource_record_value": "_23ca46f13d74766d91eaccf83d750666.jkddzztszm.acm-validations.aws."
              },
              {
                "domain_name": "firstpointand.click",
                "resource_record_name": "_7f4672efd368aa32db37ec2fc438f094.firstpointand.click.",
                "resource_record_type": "CNAME",
                "resource_record_value": "_d0f4114bd1d320cf604de04bb81b8875.jkddzztszm.acm-validations.aws."
              }
            ],
            "early_renewal_duration": "",
            "id": "arn:aws:acm:us-east-1:975598471165:certificate/7da121b6-b101-4e60-847e-fd1648caa9cf",
            "key_algorithm": "RSA_2048",
            "not_after": "2027-03-09T23:59:59Z",
            "not_before": "2026-02-08T00:00:00Z",
            "options": [
              {
                "certificate_transparency_logging_preference": "ENABLED",
                "export": "DISABLED"
              }
            ],
            "pending_renewal": false,
            "private_key": null,
            "region": "us-east-1",
            "renewal_eligibility": "ELIGIBLE",
            "renewal_summary": [],
            "status": "ISSUED",
            "subject_alternative_names": [
              "app.firstpointand.click",
              "firstpointand.click"
            ],
            "tags": {},
            "tags_all": {},
            "type": "AMAZON_ISSUED",
            "validation_emails": [],
            "validation_method": "DNS",
            "validation_option": []
          },
          "sensitive_attributes": [
            [
              {
                "type": "get_attr",
                "value": "private_key"
              }
            ]
          ],
          "identity_schema_version": 0,
          "identity": {
            "arn": "arn:aws:acm:us-east-1:975598471165:certificate/7da121b6-b101-4e60-847e-fd1648caa9cf"
          },
          "private": "bnVsbA==",
          "create_before_destroy": true
        }
      ]
    },
    {
      "mode": "managed",
      "type": "aws_acm_certificate_validation",
      "name": "armageddon_acm_validation01",
      "provider": "provider[\"registry.terraform.io/hashicorp/aws\"]",
      "instances": [
        {
          "schema_version": 0,
          "attributes": {
            "certificate_arn": "arn:aws:acm:us-east-1:975598471165:certificate/def2a558-9b95-4ba6-86ab-daeaaabb7735",
            "id": "2026-02-08 19:34:56.215 +0000 UTC",
            "region": "us-east-1",
            "timeouts": null,
            "validation_record_fqdns": [
              "_2887c024ef221b96b378e669c909a316.app.firstpointand.click"
            ]
          },
          "sensitive_attributes": [],
          "identity_schema_version": 0,
          "private": "eyJlMmJmYjczMC1lY2FhLTExZTYtOGY4OC0zNDM2M2JjN2M0YzAiOnsiY3JlYXRlIjo0NTAwMDAwMDAwMDAwfX0=",
          "dependencies": [
            "aws_acm_certificate.armageddon_acm_cert01",
            "aws_route53_record.armageddon_acm_validation"
          ]
        }
      ]
    },
    {
      "mode": "managed",
      "type": "aws_acm_certificate_validation",
      "name": "armageddon_acm_validation01_dns_bonus",
      "provider": "provider[\"registry.terraform.io/hashicorp/aws\"]",
      "instances": [
        {
          "index_key": 0,
          "schema_version": 0,
          "attributes": {
            "certificate_arn": "arn:aws:acm:us-east-1:975598471165:certificate/def2a558-9b95-4ba6-86ab-daeaaabb7735",
            "id": "2026-02-08 19:34:56.215 +0000 UTC",
            "region": "us-east-1",
            "timeouts": null,
            "validation_record_fqdns": [
              "_2887c024ef221b96b378e669c909a316.app.firstpointand.click"
            ]
          },
          "sensitive_attributes": [],
          "identity_schema_version": 0,
          "private": "eyJlMmJmYjczMC1lY2FhLTExZTYtOGY4OC0zNDM2M2JjN2M0YzAiOnsiY3JlYXRlIjo0NTAwMDAwMDAwMDAwfX0=",
          "dependencies": [
            "aws_acm_certificate.armageddon_acm_cert01",
            "aws_route53_record.armageddon_acm_validation_records01"
          ]
        }
      ]
    },
    {
      "mode": "managed",
      "type": "aws_acm_certificate_validation",
      "name": "armageddon_cf_validation01",
      "provider": "provider[\"registry.terraform.io/hashicorp/aws\"].east",
      "instances": [
        {
          "schema_version": 0,
          "attributes": {
            "certificate_arn": "arn:aws:acm:us-east-1:975598471165:certificate/7da121b6-b101-4e60-847e-fd1648caa9cf",
            "id": "2026-02-08 19:34:53.299 +0000 UTC",
            "region": "us-east-1",
            "timeouts": null,
            "validation_record_fqdns": [
              "_2887c024ef221b96b378e669c909a316.app.firstpointand.click",
              "_7f4672efd368aa32db37ec2fc438f094.firstpointand.click"
            ]
          },
          "sensitive_attributes": [],
          "identity_schema_version": 0,
          "private": "eyJlMmJmYjczMC1lY2FhLTExZTYtOGY4OC0zNDM2M2JjN2M0YzAiOnsiY3JlYXRlIjo0NTAwMDAwMDAwMDAwfX0=",
          "dependencies": [
            "aws_acm_certificate.armageddon_cf_cert01",
            "aws_route53_record.armageddon_cf_validation",
            "data.aws_route53_zone.armageddon_existing_zone01"
          ]
        }
      ]
    },
    {
      "mode": "managed",
      "type": "aws_cloudfront_cache_policy",
      "name": "armageddon_cache_api_disabled01",
      "provider": "provider[\"registry.terraform.io/hashicorp/aws\"]",
      "instances": [
        {
          "schema_version": 0,
          "attributes": {
            "arn": "arn:aws:cloudfront::975598471165:cache-policy/1ac777d4-8497-4ef8-ba86-fcd6b5ee50c7",
            "comment": "Disable caching for /api/* by default",
            "default_ttl": 0,
            "etag": "E23ZP02F085DFQ",
            "id": "1ac777d4-8497-4ef8-ba86-fcd6b5ee50c7",
            "max_ttl": 0,
            "min_ttl": 0,
            "name": "armageddon-final-cache-api-disabled01",
            "parameters_in_cache_key_and_forwarded_to_origin": [
              {
                "cookies_config": [
                  {
                    "cookie_behavior": "none",
                    "cookies": []
                  }
                ],
                "enable_accept_encoding_brotli": false,
                "enable_accept_encoding_gzip": false,
                "headers_config": [
                  {
                    "header_behavior": "none",
                    "headers": []
                  }
                ],
                "query_strings_config": [
                  {
                    "query_string_behavior": "none",
                    "query_strings": []
                  }
                ]
              }
            ]
          },
          "sensitive_attributes": [],
          "identity_schema_version": 0,
          "private": "bnVsbA=="
        }
      ]
    },
    {
      "mode": "managed",
      "type": "aws_cloudfront_cache_policy",
      "name": "armageddon_cache_static01",
      "provider": "provider[\"registry.terraform.io/hashicorp/aws\"]",
      "instances": [
        {
          "schema_version": 0,
          "attributes": {
            "arn": "arn:aws:cloudfront::975598471165:cache-policy/9723e051-9501-4b0e-a7a8-a2e4b6680290",
            "comment": "Aggressive caching for /static/*",
            "default_ttl": 86400,
            "etag": "E23ZP02F085DFQ",
            "id": "9723e051-9501-4b0e-a7a8-a2e4b6680290",
            "max_ttl": 31536000,
            "min_ttl": 0,
            "name": "armageddon-final-cache-static01",
            "parameters_in_cache_key_and_forwarded_to_origin": [
              {
                "cookies_config": [
                  {
                    "cookie_behavior": "none",
                    "cookies": []
                  }
                ],
                "enable_accept_encoding_brotli": true,
                "enable_accept_encoding_gzip": true,
                "headers_config": [
                  {
                    "header_behavior": "none",
                    "headers": []
                  }
                ],
                "query_strings_config": [
                  {
                    "query_string_behavior": "none",
                    "query_strings": []
                  }
                ]
              }
            ]
          },
          "sensitive_attributes": [],
          "identity_schema_version": 0,
          "private": "bnVsbA=="
        }
      ]
    },
    {
      "mode": "managed",
      "type": "aws_cloudfront_distribution",
      "name": "armageddon_cf01",
      "provider": "provider[\"registry.terraform.io/hashicorp/aws\"]",
      "instances": [
        {
          "schema_version": 1,
          "attributes": {
            "aliases": [
              "app.firstpointand.click",
              "firstpointand.click"
            ],
            "anycast_ip_list_id": "",
            "arn": "arn:aws:cloudfront::975598471165:distribution/E39IGGUGVLNP43",
            "caller_reference": "terraform-20260208193805173100000011",
            "comment": "armageddon-final-cf01",
            "connection_function_association": [],
            "continuous_deployment_policy_id": "",
            "custom_error_response": [],
            "default_cache_behavior": [
              {
                "allowed_methods": [
                  "DELETE",
                  "GET",
                  "HEAD",
                  "OPTIONS",
                  "PATCH",
                  "POST",
                  "PUT"
                ],
                "cache_policy_id": "1ac777d4-8497-4ef8-ba86-fcd6b5ee50c7",
                "cached_methods": [
                  "GET",
                  "HEAD"
                ],
                "compress": false,
                "default_ttl": 0,
                "field_level_encryption_id": "",
                "forwarded_values": [],
                "function_association": [],
                "grpc_config": [
                  {
                    "enabled": false
                  }
                ],
                "lambda_function_association": [],
                "max_ttl": 0,
                "min_ttl": 0,
                "origin_request_policy_id": "c764d8ab-8981-4d6d-967a-20be88d97af9",
                "realtime_log_config_arn": "",
                "response_headers_policy_id": "",
                "smooth_streaming": false,
                "target_origin_id": "armageddon-final-alb-origin01",
                "trusted_key_groups": [],
                "trusted_signers": [],
                "viewer_protocol_policy": "redirect-to-https"
              }
            ],
            "default_root_object": "",
            "domain_name": "d2esc02k53yl8r.cloudfront.net",
            "enabled": true,
            "etag": "ETVPDKIKX0DER",
            "hosted_zone_id": "Z2FDTNDATAQYW2",
            "http_version": "http2",
            "id": "E39IGGUGVLNP43",
            "in_progress_validation_batches": 0,
            "is_ipv6_enabled": true,
            "last_modified_time": "2026-02-08 23:03:34.979 +0000 UTC",
            "logging_config": [],
            "logging_v1_enabled": false,
            "ordered_cache_behavior": [
              {
                "allowed_methods": [
                  "GET",
                  "HEAD",
                  "OPTIONS"
                ],
                "cache_policy_id": "9723e051-9501-4b0e-a7a8-a2e4b6680290",
                "cached_methods": [
                  "GET",
                  "HEAD"
                ],
                "compress": false,
                "default_ttl": 0,
                "field_level_encryption_id": "",
                "forwarded_values": [],
                "function_association": [],
                "grpc_config": [
                  {
                    "enabled": false
                  }
                ],
                "lambda_function_association": [],
                "max_ttl": 0,
                "min_ttl": 0,
                "origin_request_policy_id": "5e178856-05f8-442e-8942-fd7d4cecd98f",
                "path_pattern": "/static/*",
                "realtime_log_config_arn": "",
                "response_headers_policy_id": "b48874cb-fb51-4028-aa7c-7b0d870bef79",
                "smooth_streaming": false,
                "target_origin_id": "armageddon-final-alb-origin01",
                "trusted_key_groups": null,
                "trusted_signers": null,
                "viewer_protocol_policy": "redirect-to-https"
              }
            ],
            "origin": [
              {
                "connection_attempts": 3,
                "connection_timeout": 10,
                "custom_header": [
                  {
                    "name": "X-armageddon-Growl",
                    "value": "BIbuNrYnloqduhJINmZhhXhQQwqmCyjN"
                  }
                ],
                "custom_origin_config": [
                  {
                    "http_port": 80,
                    "https_port": 443,
                    "ip_address_type": "",
                    "origin_keepalive_timeout": 5,
                    "origin_protocol_policy": "https-only",
                    "origin_read_timeout": 30,
                    "origin_ssl_protocols": [
                      "TLSv1.2"
                    ]
                  }
                ],
                "domain_name": "armageddon-final-alb01-704203184.us-east-1.elb.amazonaws.com",
                "origin_access_control_id": "",
                "origin_id": "armageddon-final-alb-origin01",
                "origin_path": "",
                "origin_shield": [],
                "response_completion_timeout": 0,
                "s3_origin_config": [],
                "vpc_origin_config": []
              }
            ],
            "origin_group": [],
            "price_class": "PriceClass_All",
            "restrictions": [
              {
                "geo_restriction": [
                  {
                    "locations": [],
                    "restriction_type": "none"
                  }
                ]
              }
            ],
            "retain_on_delete": false,
            "staging": false,
            "status": "Deployed",
            "tags": {},
            "tags_all": {},
            "trusted_key_groups": [
              {
                "enabled": false,
                "items": []
              }
            ],
            "trusted_signers": [
              {
                "enabled": false,
                "items": []
              }
            ],
            "viewer_certificate": [
              {
                "acm_certificate_arn": "arn:aws:acm:us-east-1:975598471165:certificate/7da121b6-b101-4e60-847e-fd1648caa9cf",
                "cloudfront_default_certificate": false,
                "iam_certificate_id": "",
                "minimum_protocol_version": "TLSv1.2_2021",
                "ssl_support_method": "sni-only"
              }
            ],
            "viewer_mtls_config": [],
            "wait_for_deployment": true,
            "web_acl_id": "arn:aws:wafv2:us-east-1:975598471165:global/webacl/armageddon-final-cf-waf01/efc48775-86fc-4dae-9db0-dcc6b916b188"
          },
          "sensitive_attributes": [
            [
              {
                "type": "get_attr",
                "value": "origin"
              }
            ]
          ],
          "identity_schema_version": 0,
          "private": "eyJzY2hlbWFfdmVyc2lvbiI6IjEifQ==",
          "dependencies": [
            "aws_acm_certificate.armageddon_cf_cert01",
            "aws_cloudfront_cache_policy.armageddon_cache_api_disabled01",
            "aws_cloudfront_cache_policy.armageddon_cache_static01",
            "aws_cloudfront_origin_request_policy.armageddon_orp_api01",
            "aws_cloudfront_origin_request_policy.armageddon_orp_static01",
            "aws_cloudfront_response_headers_policy.armageddon_rsp_static01",
            "aws_lb.armageddon_alb01",
            "aws_s3_bucket.armageddon_alb_logs_bucket01",
            "aws_security_group.armageddon_alb_sg01",
            "aws_subnet.armageddon_public_subnets",
            "aws_vpc.armageddon_vpc01",
            "aws_wafv2_web_acl.armageddon_cf_waf01",
            "data.aws_caller_identity.armageddon_self01",
            "random_password.armageddon_origin_header_value01"
          ]
        }
      ]
    },
    {
      "mode": "managed",
      "type": "aws_cloudfront_origin_request_policy",
      "name": "armageddon_orp_api01",
      "provider": "provider[\"registry.terraform.io/hashicorp/aws\"]",
      "instances": [
        {
          "schema_version": 0,
          "attributes": {
            "arn": "arn:aws:cloudfront::975598471165:origin-request-policy/c764d8ab-8981-4d6d-967a-20be88d97af9",
            "comment": "Forward necessary values for API calls",
            "cookies_config": [
              {
                "cookie_behavior": "all",
                "cookies": []
              }
            ],
            "etag": "E23ZP02F085DFQ",
            "headers_config": [
              {
                "header_behavior": "whitelist",
                "headers": [
                  {
                    "items": [
                      "Content-Type",
                      "Host",
                      "Origin"
                    ]
                  }
                ]
              }
            ],
            "id": "c764d8ab-8981-4d6d-967a-20be88d97af9",
            "name": "armageddon-final-orp-api01",
            "query_strings_config": [
              {
                "query_string_behavior": "all",
                "query_strings": []
              }
            ]
          },
          "sensitive_attributes": [],
          "identity_schema_version": 0,
          "private": "bnVsbA=="
        }
      ]
    },
    {
      "mode": "managed",
      "type": "aws_cloudfront_origin_request_policy",
      "name": "armageddon_orp_static01",
      "provider": "provider[\"registry.terraform.io/hashicorp/aws\"]",
      "instances": [
        {
          "schema_version": 0,
          "attributes": {
            "arn": "arn:aws:cloudfront::975598471165:origin-request-policy/5e178856-05f8-442e-8942-fd7d4cecd98f",
            "comment": "Minimal forwarding for static assets",
            "cookies_config": [
              {
                "cookie_behavior": "none",
                "cookies": []
              }
            ],
            "etag": "E23ZP02F085DFQ",
            "headers_config": [
              {
                "header_behavior": "none",
                "headers": []
              }
            ],
            "id": "5e178856-05f8-442e-8942-fd7d4cecd98f",
            "name": "armageddon-final-orp-static01",
            "query_strings_config": [
              {
                "query_string_behavior": "none",
                "query_strings": []
              }
            ]
          },
          "sensitive_attributes": [],
          "identity_schema_version": 0,
          "private": "bnVsbA=="
        }
      ]
    },
    {
      "mode": "managed",
      "type": "aws_cloudfront_response_headers_policy",
      "name": "armageddon_rsp_static01",
      "provider": "provider[\"registry.terraform.io/hashicorp/aws\"]",
      "instances": [
        {
          "schema_version": 0,
          "attributes": {
            "arn": "arn:aws:cloudfront::975598471165:response-headers-policy/b48874cb-fb51-4028-aa7c-7b0d870bef79",
            "comment": "Add explicit Cache-Control for static content",
            "cors_config": [],
            "custom_headers_config": [
              {
                "items": [
                  {
                    "header": "Cache-Control",
                    "override": true,
                    "value": "public, max-age=86400, immutable"
                  }
                ]
              }
            ],
            "etag": "E23ZP02F085DFQ",
            "id": "b48874cb-fb51-4028-aa7c-7b0d870bef79",
            "name": "armageddon-final-rsp-static01",
            "remove_headers_config": [],
            "security_headers_config": [],
            "server_timing_headers_config": []
          },
          "sensitive_attributes": [],
          "identity_schema_version": 0,
          "private": "bnVsbA=="
        }
      ]
    },
    {
      "mode": "managed",
      "type": "aws_cloudwatch_dashboard",
      "name": "armageddon_dashboard01",
      "provider": "provider[\"registry.terraform.io/hashicorp/aws\"]",
      "instances": [
        {
          "schema_version": 0,
          "attributes": {
            "dashboard_arn": "arn:aws:cloudwatch::975598471165:dashboard/armageddon-final-dashboard01",
            "dashboard_body": "{\"widgets\":[{\"height\":6,\"properties\":{\"metrics\":[[\"AWS/ApplicationELB\",\"RequestCount\",\"LoadBalancer\",\"app/armageddon-final-alb01/95662c4a1861bb8e\"],[\".\",\"HTTPCode_ELB_5XX_Count\",\".\",\"app/armageddon-final-alb01/95662c4a1861bb8e\"]],\"period\":300,\"region\":\"us-east-1\",\"stat\":\"Sum\",\"title\":\"armageddon ALB: Requests + 5XX\"},\"type\":\"metric\",\"width\":12,\"x\":0,\"y\":0},{\"height\":6,\"properties\":{\"metrics\":[[\"AWS/ApplicationELB\",\"TargetResponseTime\",\"LoadBalancer\",\"app/armageddon-final-alb01/95662c4a1861bb8e\"]],\"period\":300,\"region\":\"us-east-1\",\"stat\":\"Average\",\"title\":\"armageddon ALB: Target Response Time\",\"view\":\"table\"},\"type\":\"metric\",\"width\":12,\"x\":12,\"y\":0}]}",
            "dashboard_name": "armageddon-final-dashboard01",
            "id": "armageddon-final-dashboard01",
            "region": "us-east-1"
          },
          "sensitive_attributes": [],
          "identity_schema_version": 0,
          "private": "bnVsbA==",
          "dependencies": [
            "aws_lb.armageddon_alb01",
            "aws_s3_bucket.armageddon_alb_logs_bucket01",
            "aws_security_group.armageddon_alb_sg01",
            "aws_subnet.armageddon_public_subnets",
            "aws_vpc.armageddon_vpc01",
            "data.aws_caller_identity.armageddon_self01"
          ]
        }
      ]
    },
    {
      "mode": "managed",
      "type": "aws_cloudwatch_log_group",
      "name": "armageddon_log_group01",
      "provider": "provider[\"registry.terraform.io/hashicorp/aws\"]",
      "instances": [
        {
          "schema_version": 0,
          "attributes": {
            "arn": "arn:aws:logs:us-east-1:975598471165:log-group:/aws/ec2/armageddon-final-rds-app",
            "deletion_protection_enabled": false,
            "id": "/aws/ec2/armageddon-final-rds-app",
            "kms_key_id": "",
            "log_group_class": "STANDARD",
            "name": "/aws/ec2/armageddon-final-rds-app",
            "name_prefix": "",
            "region": "us-east-1",
            "retention_in_days": 7,
            "skip_destroy": false,
            "tags": {
              "Name": "armageddon-final-log-group01"
            },
            "tags_all": {
              "Name": "armageddon-final-log-group01"
            }
          },
          "sensitive_attributes": [],
          "identity_schema_version": 0,
          "identity": {
            "account_id": "975598471165",
            "name": "/aws/ec2/armageddon-final-rds-app",
            "region": "us-east-1"
          },
          "private": "bnVsbA=="
        }
      ]
    },
    {
      "mode": "managed",
      "type": "aws_cloudwatch_log_group",
      "name": "armageddon_waf_log_group01",
      "provider": "provider[\"registry.terraform.io/hashicorp/aws\"].east",
      "instances": [
        {
          "index_key": 0,
          "schema_version": 0,
          "attributes": {
            "arn": "arn:aws:logs:us-east-1:975598471165:log-group:aws-waf-logs-armageddon-final-webacl01",
            "deletion_protection_enabled": false,
            "id": "aws-waf-logs-armageddon-final-webacl01",
            "kms_key_id": "",
            "log_group_class": "STANDARD",
            "name": "aws-waf-logs-armageddon-final-webacl01",
            "name_prefix": "",
            "region": "us-east-1",
            "retention_in_days": 14,
            "skip_destroy": false,
            "tags": {
              "Name": "armageddon-final-waf-log-group01"
            },
            "tags_all": {
              "Name": "armageddon-final-waf-log-group01"
            }
          },
          "sensitive_attributes": [],
          "identity_schema_version": 0,
          "identity": {
            "account_id": "975598471165",
            "name": "aws-waf-logs-armageddon-final-webacl01",
            "region": "us-east-1"
          },
          "private": "bnVsbA=="
        }
      ]
    },
    {
      "mode": "managed",
      "type": "aws_cloudwatch_metric_alarm",
      "name": "armageddon_alb_5xx_alarm01",
      "provider": "provider[\"registry.terraform.io/hashicorp/aws\"]",
      "instances": [
        {
          "schema_version": 1,
          "attributes": {
            "actions_enabled": true,
            "alarm_actions": [
              "arn:aws:sns:us-east-1:975598471165:armageddon-final-db-incidents"
            ],
            "alarm_description": "",
            "alarm_name": "armageddon-final-alb-5xx-alarm01",
            "arn": "arn:aws:cloudwatch:us-east-1:975598471165:alarm:armageddon-final-alb-5xx-alarm01",
            "comparison_operator": "GreaterThanOrEqualToThreshold",
            "datapoints_to_alarm": 0,
            "dimensions": {
              "LoadBalancer": "app/armageddon-final-alb01/95662c4a1861bb8e"
            },
            "evaluate_low_sample_count_percentiles": "",
            "evaluation_periods": 1,
            "extended_statistic": "",
            "id": "armageddon-final-alb-5xx-alarm01",
            "insufficient_data_actions": [],
            "metric_name": "HTTPCode_ELB_5XX_Count",
            "metric_query": [],
            "namespace": "AWS/ApplicationELB",
            "ok_actions": [],
            "period": 300,
            "region": "us-east-1",
            "statistic": "Sum",
            "tags": {
              "Name": "armageddon-final-alb-5xx-alarm01"
            },
            "tags_all": {
              "Name": "armageddon-final-alb-5xx-alarm01"
            },
            "threshold": 10,
            "threshold_metric_id": "",
            "treat_missing_data": "missing",
            "unit": ""
          },
          "sensitive_attributes": [],
          "identity_schema_version": 0,
          "identity": {
            "account_id": "975598471165",
            "alarm_name": "armageddon-final-alb-5xx-alarm01",
            "region": "us-east-1"
          },
          "private": "eyJzY2hlbWFfdmVyc2lvbiI6IjEifQ==",
          "dependencies": [
            "aws_lb.armageddon_alb01",
            "aws_s3_bucket.armageddon_alb_logs_bucket01",
            "aws_security_group.armageddon_alb_sg01",
            "aws_sns_topic.armageddon_sns_topic01",
            "aws_subnet.armageddon_public_subnets",
            "aws_vpc.armageddon_vpc01",
            "data.aws_caller_identity.armageddon_self01"
          ]
        }
      ]
    },
    {
      "mode": "managed",
      "type": "aws_cloudwatch_metric_alarm",
      "name": "armageddon_db_alarm01",
      "provider": "provider[\"registry.terraform.io/hashicorp/aws\"]",
      "instances": [
        {
          "schema_version": 1,
          "attributes": {
            "actions_enabled": true,
            "alarm_actions": [
              "arn:aws:sns:us-east-1:975598471165:armageddon-final-db-incidents"
            ],
            "alarm_description": "",
            "alarm_name": "armageddon-final-db-connection-failure",
            "arn": "arn:aws:cloudwatch:us-east-1:975598471165:alarm:armageddon-final-db-connection-failure",
            "comparison_operator": "GreaterThanOrEqualToThreshold",
            "datapoints_to_alarm": 0,
            "dimensions": {},
            "evaluate_low_sample_count_percentiles": "",
            "evaluation_periods": 1,
            "extended_statistic": "",
            "id": "armageddon-final-db-connection-failure",
            "insufficient_data_actions": [],
            "metric_name": "DBConnectionErrors",
            "metric_query": [],
            "namespace": "Lab/RDSApp",
            "ok_actions": [],
            "period": 300,
            "region": "us-east-1",
            "statistic": "Sum",
            "tags": {
              "Name": "armageddon-final-alarm-db-fail"
            },
            "tags_all": {
              "Name": "armageddon-final-alarm-db-fail"
            },
            "threshold": 3,
            "threshold_metric_id": "",
            "treat_missing_data": "missing",
            "unit": ""
          },
          "sensitive_attributes": [],
          "identity_schema_version": 0,
          "identity": {
            "account_id": "975598471165",
            "alarm_name": "armageddon-final-db-connection-failure",
            "region": "us-east-1"
          },
          "private": "eyJzY2hlbWFfdmVyc2lvbiI6IjEifQ==",
          "dependencies": [
            "aws_sns_topic.armageddon_sns_topic01"
          ]
        }
      ]
    },
    {
      "mode": "managed",
      "type": "aws_db_instance",
      "name": "armageddon_rds01",
      "provider": "provider[\"registry.terraform.io/hashicorp/aws\"]",
      "instances": [
        {
          "schema_version": 2,
          "attributes": {
            "address": "armageddon-final-rds01.con8om0ygium.us-east-1.rds.amazonaws.com",
            "allocated_storage": 20,
            "allow_major_version_upgrade": null,
            "apply_immediately": false,
            "arn": "arn:aws:rds:us-east-1:975598471165:db:armageddon-final-rds01",
            "auto_minor_version_upgrade": true,
            "availability_zone": "us-east-1b",
            "backup_retention_period": 0,
            "backup_target": "region",
            "backup_window": "04:19-04:49",
            "blue_green_update": [],
            "ca_cert_identifier": "rds-ca-rsa2048-g1",
            "character_set_name": "",
            "copy_tags_to_snapshot": false,
            "custom_iam_instance_profile": "",
            "customer_owned_ip_enabled": false,
            "database_insights_mode": "standard",
            "db_name": "labdb",
            "db_subnet_group_name": "armageddon-final-rds-subnet-group01",
            "dedicated_log_volume": false,
            "delete_automated_backups": true,
            "deletion_protection": false,
            "domain": "",
            "domain_auth_secret_arn": "",
            "domain_dns_ips": [],
            "domain_fqdn": "",
            "domain_iam_role_name": "",
            "domain_ou": "",
            "enabled_cloudwatch_logs_exports": [],
            "endpoint": "armageddon-final-rds01.con8om0ygium.us-east-1.rds.amazonaws.com:3306",
            "engine": "mysql",
            "engine_lifecycle_support": "open-source-rds-extended-support",
            "engine_version": "8.4.7",
            "engine_version_actual": "8.4.7",
            "final_snapshot_identifier": null,
            "hosted_zone_id": "Z2R2ITUGPM61AM",
            "iam_database_authentication_enabled": false,
            "id": "db-3R3CAAIGIYB4G7HMTSR5YJ6VJ4",
            "identifier": "armageddon-final-rds01",
            "identifier_prefix": "",
            "instance_class": "db.t3.micro",
            "iops": 0,
            "kms_key_id": "",
            "latest_restorable_time": "",
            "license_model": "general-public-license",
            "listener_endpoint": [],
            "maintenance_window": "fri:05:30-fri:06:00",
            "manage_master_user_password": null,
            "master_user_secret": [],
            "master_user_secret_kms_key_id": null,
            "max_allocated_storage": 0,
            "monitoring_interval": 0,
            "monitoring_role_arn": "",
            "multi_az": false,
            "nchar_character_set_name": "",
            "network_type": "IPV4",
            "option_group_name": "default:mysql-8-4",
            "parameter_group_name": "default.mysql8.4",
            "password": "armageddon!",
            "password_wo": null,
            "password_wo_version": null,
            "performance_insights_enabled": false,
            "performance_insights_kms_key_id": "",
            "performance_insights_retention_period": 0,
            "port": 3306,
            "publicly_accessible": false,
            "region": "us-east-1",
            "replica_mode": "",
            "replicas": [],
            "replicate_source_db": "",
            "resource_id": "db-3R3CAAIGIYB4G7HMTSR5YJ6VJ4",
            "restore_to_point_in_time": [],
            "s3_import": [],
            "skip_final_snapshot": true,
            "snapshot_identifier": null,
            "status": "available",
            "storage_encrypted": false,
            "storage_throughput": 0,
            "storage_type": "gp2",
            "tags": {
              "Name": "armageddon-final-rds01"
            },
            "tags_all": {
              "Name": "armageddon-final-rds01"
            },
            "timeouts": null,
            "timezone": "",
            "upgrade_rollout_order": "second",
            "upgrade_storage_config": null,
            "username": "admin",
            "vpc_security_group_ids": [
              "sg-09abd6e6fab61c11b"
            ]
          },
          "sensitive_attributes": [
            [
              {
                "type": "get_attr",
                "value": "password"
              }
            ],
            [
              {
                "type": "get_attr",
                "value": "password_wo"
              }
            ]
          ],
          "identity_schema_version": 0,
          "private": "eyJlMmJmYjczMC1lY2FhLTExZTYtOGY4OC0zNDM2M2JjN2M0YzAiOnsiY3JlYXRlIjozMDAwMDAwMDAwMDAwLCJkZWxldGUiOjM2MDAwMDAwMDAwMDAsInVwZGF0ZSI6NDgwMDAwMDAwMDAwMH0sInNjaGVtYV92ZXJzaW9uIjoiMiJ9",
          "dependencies": [
            "aws_db_subnet_group.armageddon_rds_subnet_group01",
            "aws_security_group.armageddon_ec2_sg01",
            "aws_security_group.armageddon_rds_sg01",
            "aws_subnet.armageddon_private_subnets",
            "aws_vpc.armageddon_vpc01"
          ]
        }
      ]
    },
    {
      "mode": "managed",
      "type": "aws_db_subnet_group",
      "name": "armageddon_rds_subnet_group01",
      "provider": "provider[\"registry.terraform.io/hashicorp/aws\"]",
      "instances": [
        {
          "schema_version": 0,
          "attributes": {
            "arn": "arn:aws:rds:us-east-1:975598471165:subgrp:armageddon-final-rds-subnet-group01",
            "description": "Managed by Terraform",
            "id": "armageddon-final-rds-subnet-group01",
            "name": "armageddon-final-rds-subnet-group01",
            "name_prefix": "",
            "region": "us-east-1",
            "subnet_ids": [
              "subnet-0ba406a5a94419fc4",
              "subnet-0c29066d0459eb902"
            ],
            "supported_network_types": [
              "IPV4"
            ],
            "tags": {
              "Name": "armageddon-final-rds-subnet-group01"
            },
            "tags_all": {
              "Name": "armageddon-final-rds-subnet-group01"
            },
            "vpc_id": "vpc-07ff25f8d3dc734e7"
          },
          "sensitive_attributes": [],
          "identity_schema_version": 0,
          "private": "bnVsbA==",
          "dependencies": [
            "aws_subnet.armageddon_private_subnets",
            "aws_vpc.armageddon_vpc01"
          ]
        }
      ]
    },
    {
      "mode": "managed",
      "type": "aws_eip",
      "name": "armageddon_nat_eip01",
      "provider": "provider[\"registry.terraform.io/hashicorp/aws\"]",
      "instances": [
        {
          "schema_version": 0,
          "attributes": {
            "address": null,
            "allocation_id": "eipalloc-0ebc7a2a66fc9e7c1",
            "arn": "arn:aws:ec2:us-east-1:975598471165:elastic-ip/eipalloc-0ebc7a2a66fc9e7c1",
            "associate_with_private_ip": null,
            "association_id": "eipassoc-078a1b8289e088e81",
            "carrier_ip": "",
            "customer_owned_ip": "",
            "customer_owned_ipv4_pool": "",
            "domain": "vpc",
            "id": "eipalloc-0ebc7a2a66fc9e7c1",
            "instance": "",
            "ipam_pool_id": null,
            "network_border_group": "us-east-1",
            "network_interface": "eni-09492e1065840880b",
            "private_dns": "ip-10-108-1-11.ec2.internal",
            "private_ip": "10.108.1.11",
            "ptr_record": "",
            "public_dns": "ec2-3-209-225-214.compute-1.amazonaws.com",
            "public_ip": "3.209.225.214",
            "public_ipv4_pool": "amazon",
            "region": "us-east-1",
            "tags": {
              "Name": "armageddon-final-nat-eip01"
            },
            "tags_all": {
              "Name": "armageddon-final-nat-eip01"
            },
            "timeouts": null
          },
          "sensitive_attributes": [],
          "identity_schema_version": 0,
          "private": "eyJlMmJmYjczMC1lY2FhLTExZTYtOGY4OC0zNDM2M2JjN2M0YzAiOnsiZGVsZXRlIjoxODAwMDAwMDAwMDAsInJlYWQiOjkwMDAwMDAwMDAwMCwidXBkYXRlIjozMDAwMDAwMDAwMDB9fQ=="
        }
      ]
    },
    {
      "mode": "managed",
      "type": "aws_iam_instance_profile",
      "name": "armageddon_instance_profile01",
      "provider": "provider[\"registry.terraform.io/hashicorp/aws\"]",
      "instances": [
        {
          "schema_version": 0,
          "attributes": {
            "arn": "arn:aws:iam::975598471165:instance-profile/armageddon-final-instance-profile01",
            "create_date": "2026-02-08T19:34:37Z",
            "id": "armageddon-final-instance-profile01",
            "name": "armageddon-final-instance-profile01",
            "name_prefix": "",
            "path": "/",
            "role": "armageddon-final-ec2-role01",
            "tags": {},
            "tags_all": {},
            "unique_id": "AIPA6GJRTI762ISQJ64FR"
          },
          "sensitive_attributes": [],
          "identity_schema_version": 0,
          "private": "bnVsbA==",
          "dependencies": [
            "aws_iam_role.armageddon_ec2_role01"
          ]
        }
      ]
    },
    {
      "mode": "managed",
      "type": "aws_iam_policy",
      "name": "armageddon_leastpriv_cwlogs01",
      "provider": "provider[\"registry.terraform.io/hashicorp/aws\"]",
      "instances": [
        {
          "schema_version": 0,
          "attributes": {
            "arn": "arn:aws:iam::975598471165:policy/armageddon-final-lp-cwlogs01",
            "attachment_count": 1,
            "delay_after_policy_creation_in_ms": null,
            "description": "Least-privilege CloudWatch Logs write for the app log group",
            "id": "arn:aws:iam::975598471165:policy/armageddon-final-lp-cwlogs01",
            "name": "armageddon-final-lp-cwlogs01",
            "name_prefix": "",
            "path": "/",
            "policy": "{\"Statement\":[{\"Action\":[\"logs:CreateLogStream\",\"logs:PutLogEvents\",\"logs:DescribeLogStreams\"],\"Effect\":\"Allow\",\"Resource\":[\"arn:aws:logs:us-east-1:975598471165:log-group:/aws/ec2/armageddon-final-rds-app:*\"],\"Sid\":\"WriteLogs\"}],\"Version\":\"2012-10-17\"}",
            "policy_id": "ANPA6GJRTI764JY5TIS5L",
            "tags": {},
            "tags_all": {}
          },
          "sensitive_attributes": [],
          "identity_schema_version": 0,
          "identity": {
            "arn": "arn:aws:iam::975598471165:policy/armageddon-final-lp-cwlogs01"
          },
          "private": "bnVsbA==",
          "dependencies": [
            "aws_cloudwatch_log_group.armageddon_log_group01"
          ]
        }
      ]
    },
    {
      "mode": "managed",
      "type": "aws_iam_policy",
      "name": "armageddon_leastpriv_read_params01",
      "provider": "provider[\"registry.terraform.io/hashicorp/aws\"]",
      "instances": [
        {
          "schema_version": 0,
          "attributes": {
            "arn": "arn:aws:iam::975598471165:policy/armageddon-final-lp-ssm-read01",
            "attachment_count": 1,
            "delay_after_policy_creation_in_ms": null,
            "description": "Least-privilege read for SSM Parameter Store under /lab/db/*",
            "id": "arn:aws:iam::975598471165:policy/armageddon-final-lp-ssm-read01",
            "name": "armageddon-final-lp-ssm-read01",
            "name_prefix": "",
            "path": "/",
            "policy": "{\"Statement\":[{\"Action\":[\"ssm:GetParameter\",\"ssm:GetParameters\",\"ssm:GetParametersByPath\"],\"Effect\":\"Allow\",\"Resource\":[\"arn:aws:ssm:us-east-1:975598471165:parameter/lab/db/*\"],\"Sid\":\"ReadLabDbParams\"}],\"Version\":\"2012-10-17\"}",
            "policy_id": "ANPA6GJRTI76WKRO5VDTR",
            "tags": {},
            "tags_all": {}
          },
          "sensitive_attributes": [],
          "identity_schema_version": 0,
          "identity": {
            "arn": "arn:aws:iam::975598471165:policy/armageddon-final-lp-ssm-read01"
          },
          "private": "bnVsbA==",
          "dependencies": [
            "data.aws_caller_identity.armageddon_self01",
            "data.aws_region.armageddon_region01"
          ]
        }
      ]
    },
    {
      "mode": "managed",
      "type": "aws_iam_policy",
      "name": "armageddon_leastpriv_read_secret01",
      "provider": "provider[\"registry.terraform.io/hashicorp/aws\"]",
      "instances": [
        {
          "schema_version": 0,
          "attributes": {
            "arn": "arn:aws:iam::975598471165:policy/armageddon-final-lp-secrets-read01",
            "attachment_count": 1,
            "delay_after_policy_creation_in_ms": null,
            "description": "Least-privilege read for the lab DB secret",
            "id": "arn:aws:iam::975598471165:policy/armageddon-final-lp-secrets-read01",
            "name": "armageddon-final-lp-secrets-read01",
            "name_prefix": "",
            "path": "/",
            "policy": "{\"Statement\":[{\"Action\":[\"secretsmanager:GetSecretValue\",\"secretsmanager:DescribeSecret\"],\"Effect\":\"Allow\",\"Resource\":\"arn:aws:secretsmanager:us-east-1:975598471165:secret:armageddon-final/rds/mysql*\",\"Sid\":\"ReadOnlyLabSecret\"}],\"Version\":\"2012-10-17\"}",
            "policy_id": "ANPA6GJRTI7627WJOXE6P",
            "tags": {},
            "tags_all": {}
          },
          "sensitive_attributes": [],
          "identity_schema_version": 0,
          "identity": {
            "arn": "arn:aws:iam::975598471165:policy/armageddon-final-lp-secrets-read01"
          },
          "private": "bnVsbA==",
          "dependencies": [
            "data.aws_caller_identity.armageddon_self01",
            "data.aws_region.armageddon_region01"
          ]
        }
      ]
    },
    {
      "mode": "managed",
      "type": "aws_iam_role",
      "name": "armageddon_ec2_role01",
      "provider": "provider[\"registry.terraform.io/hashicorp/aws\"]",
      "instances": [
        {
          "schema_version": 0,
          "attributes": {
            "arn": "arn:aws:iam::975598471165:role/armageddon-final-ec2-role01",
            "assume_role_policy": "{\"Statement\":[{\"Action\":\"sts:AssumeRole\",\"Effect\":\"Allow\",\"Principal\":{\"Service\":\"ec2.amazonaws.com\"}}],\"Version\":\"2012-10-17\"}",
            "create_date": "2026-02-08T19:34:35Z",
            "description": "",
            "force_detach_policies": false,
            "id": "armageddon-final-ec2-role01",
            "inline_policy": [],
            "managed_policy_arns": [
              "arn:aws:iam::975598471165:policy/armageddon-final-lp-cwlogs01",
              "arn:aws:iam::975598471165:policy/armageddon-final-lp-secrets-read01",
              "arn:aws:iam::975598471165:policy/armageddon-final-lp-ssm-read01",
              "arn:aws:iam::aws:policy/AmazonSSMManagedInstanceCore",
              "arn:aws:iam::aws:policy/CloudWatchAgentServerPolicy",
              "arn:aws:iam::aws:policy/SecretsManagerReadWrite"
            ],
            "max_session_duration": 3600,
            "name": "armageddon-final-ec2-role01",
            "name_prefix": "",
            "path": "/",
            "permissions_boundary": "",
            "tags": {},
            "tags_all": {},
            "unique_id": "AROA6GJRTI76XTDSQSQDS"
          },
          "sensitive_attributes": [],
          "identity_schema_version": 0,
          "identity": {
            "account_id": "975598471165",
            "name": "armageddon-final-ec2-role01"
          },
          "private": "bnVsbA=="
        }
      ]
    },
    {
      "mode": "managed",
      "type": "aws_iam_role_policy_attachment",
      "name": "armageddon_attach_lp_cwlogs01",
      "provider": "provider[\"registry.terraform.io/hashicorp/aws\"]",
      "instances": [
        {
          "schema_version": 0,
          "attributes": {
            "id": "armageddon-final-ec2-role01/arn:aws:iam::975598471165:policy/armageddon-final-lp-cwlogs01",
            "policy_arn": "arn:aws:iam::975598471165:policy/armageddon-final-lp-cwlogs01",
            "role": "armageddon-final-ec2-role01"
          },
          "sensitive_attributes": [],
          "identity_schema_version": 0,
          "identity": {
            "account_id": "975598471165",
            "policy_arn": "arn:aws:iam::975598471165:policy/armageddon-final-lp-cwlogs01",
            "role": "armageddon-final-ec2-role01"
          },
          "private": "bnVsbA==",
          "dependencies": [
            "aws_cloudwatch_log_group.armageddon_log_group01",
            "aws_iam_policy.armageddon_leastpriv_cwlogs01",
            "aws_iam_role.armageddon_ec2_role01"
          ]
        }
      ]
    },
    {
      "mode": "managed",
      "type": "aws_iam_role_policy_attachment",
      "name": "armageddon_attach_lp_params01",
      "provider": "provider[\"registry.terraform.io/hashicorp/aws\"]",
      "instances": [
        {
          "schema_version": 0,
          "attributes": {
            "id": "armageddon-final-ec2-role01/arn:aws:iam::975598471165:policy/armageddon-final-lp-ssm-read01",
            "policy_arn": "arn:aws:iam::975598471165:policy/armageddon-final-lp-ssm-read01",
            "role": "armageddon-final-ec2-role01"
          },
          "sensitive_attributes": [],
          "identity_schema_version": 0,
          "identity": {
            "account_id": "975598471165",
            "policy_arn": "arn:aws:iam::975598471165:policy/armageddon-final-lp-ssm-read01",
            "role": "armageddon-final-ec2-role01"
          },
          "private": "bnVsbA==",
          "dependencies": [
            "aws_iam_policy.armageddon_leastpriv_read_params01",
            "aws_iam_role.armageddon_ec2_role01",
            "data.aws_caller_identity.armageddon_self01",
            "data.aws_region.armageddon_region01"
          ]
        }
      ]
    },
    {
      "mode": "managed",
      "type": "aws_iam_role_policy_attachment",
      "name": "armageddon_attach_lp_secret01",
      "provider": "provider[\"registry.terraform.io/hashicorp/aws\"]",
      "instances": [
        {
          "schema_version": 0,
          "attributes": {
            "id": "armageddon-final-ec2-role01/arn:aws:iam::975598471165:policy/armageddon-final-lp-secrets-read01",
            "policy_arn": "arn:aws:iam::975598471165:policy/armageddon-final-lp-secrets-read01",
            "role": "armageddon-final-ec2-role01"
          },
          "sensitive_attributes": [],
          "identity_schema_version": 0,
          "identity": {
            "account_id": "975598471165",
            "policy_arn": "arn:aws:iam::975598471165:policy/armageddon-final-lp-secrets-read01",
            "role": "armageddon-final-ec2-role01"
          },
          "private": "bnVsbA==",
          "dependencies": [
            "aws_iam_policy.armageddon_leastpriv_read_secret01",
            "aws_iam_role.armageddon_ec2_role01",
            "data.aws_caller_identity.armageddon_self01",
            "data.aws_region.armageddon_region01"
          ]
        }
      ]
    },
    {
      "mode": "managed",
      "type": "aws_iam_role_policy_attachment",
      "name": "armageddon_ec2_cw_attach",
      "provider": "provider[\"registry.terraform.io/hashicorp/aws\"]",
      "instances": [
        {
          "schema_version": 0,
          "attributes": {
            "id": "armageddon-final-ec2-role01/arn:aws:iam::aws:policy/CloudWatchAgentServerPolicy",
            "policy_arn": "arn:aws:iam::aws:policy/CloudWatchAgentServerPolicy",
            "role": "armageddon-final-ec2-role01"
          },
          "sensitive_attributes": [],
          "identity_schema_version": 0,
          "identity": {
            "account_id": "975598471165",
            "policy_arn": "arn:aws:iam::aws:policy/CloudWatchAgentServerPolicy",
            "role": "armageddon-final-ec2-role01"
          },
          "private": "bnVsbA==",
          "dependencies": [
            "aws_iam_role.armageddon_ec2_role01"
          ]
        }
      ]
    },
    {
      "mode": "managed",
      "type": "aws_iam_role_policy_attachment",
      "name": "armageddon_ec2_secrets_attach",
      "provider": "provider[\"registry.terraform.io/hashicorp/aws\"]",
      "instances": [
        {
          "schema_version": 0,
          "attributes": {
            "id": "armageddon-final-ec2-role01/arn:aws:iam::aws:policy/SecretsManagerReadWrite",
            "policy_arn": "arn:aws:iam::aws:policy/SecretsManagerReadWrite",
            "role": "armageddon-final-ec2-role01"
          },
          "sensitive_attributes": [],
          "identity_schema_version": 0,
          "identity": {
            "account_id": "975598471165",
            "policy_arn": "arn:aws:iam::aws:policy/SecretsManagerReadWrite",
            "role": "armageddon-final-ec2-role01"
          },
          "private": "bnVsbA==",
          "dependencies": [
            "aws_iam_role.armageddon_ec2_role01"
          ]
        }
      ]
    },
    {
      "mode": "managed",
      "type": "aws_iam_role_policy_attachment",
      "name": "armageddon_ec2_ssm_attach",
      "provider": "provider[\"registry.terraform.io/hashicorp/aws\"]",
      "instances": [
        {
          "schema_version": 0,
          "attributes": {
            "id": "armageddon-final-ec2-role01/arn:aws:iam::aws:policy/AmazonSSMManagedInstanceCore",
            "policy_arn": "arn:aws:iam::aws:policy/AmazonSSMManagedInstanceCore",
            "role": "armageddon-final-ec2-role01"
          },
          "sensitive_attributes": [],
          "identity_schema_version": 0,
          "identity": {
            "account_id": "975598471165",
            "policy_arn": "arn:aws:iam::aws:policy/AmazonSSMManagedInstanceCore",
            "role": "armageddon-final-ec2-role01"
          },
          "private": "bnVsbA==",
          "dependencies": [
            "aws_iam_role.armageddon_ec2_role01"
          ]
        }
      ]
    },
    {
      "mode": "managed",
      "type": "aws_instance",
      "name": "armageddon_ec201",
      "provider": "provider[\"registry.terraform.io/hashicorp/aws\"]",
      "instances": [
        {
          "schema_version": 2,
          "attributes": {
            "ami": "ami-07ff62358b87c7116",
            "arn": "arn:aws:ec2:us-east-1:975598471165:instance/i-062da8ea17ec4a7a7",
            "associate_public_ip_address": false,
            "availability_zone": "us-east-1a",
            "capacity_reservation_specification": [
              {
                "capacity_reservation_preference": "open",
                "capacity_reservation_target": []
              }
            ],
            "cpu_options": [
              {
                "amd_sev_snp": "",
                "core_count": 1,
                "threads_per_core": 2
              }
            ],
            "credit_specification": [
              {
                "cpu_credits": "unlimited"
              }
            ],
            "disable_api_stop": false,
            "disable_api_termination": false,
            "ebs_block_device": [],
            "ebs_optimized": false,
            "enable_primary_ipv6": null,
            "enclave_options": [
              {
                "enabled": false
              }
            ],
            "ephemeral_block_device": [],
            "force_destroy": false,
            "get_password_data": false,
            "hibernation": false,
            "host_id": "",
            "host_resource_group_arn": null,
            "iam_instance_profile": "armageddon-final-instance-profile01",
            "id": "i-062da8ea17ec4a7a7",
            "instance_initiated_shutdown_behavior": "stop",
            "instance_lifecycle": "",
            "instance_market_options": [],
            "instance_state": "running",
            "instance_type": "t3.micro",
            "ipv6_address_count": 0,
            "ipv6_addresses": [],
            "key_name": "",
            "launch_template": [],
            "maintenance_options": [
              {
                "auto_recovery": "default"
              }
            ],
            "metadata_options": [
              {
                "http_endpoint": "enabled",
                "http_protocol_ipv6": "disabled",
                "http_put_response_hop_limit": 2,
                "http_tokens": "required",
                "instance_metadata_tags": "disabled"
              }
            ],
            "monitoring": false,
            "network_interface": [],
            "outpost_arn": "",
            "password_data": "",
            "placement_group": "",
            "placement_group_id": "",
            "placement_partition_number": 0,
            "primary_network_interface": [
              {
                "delete_on_termination": true,
                "network_interface_id": "eni-01d9ea5962ab1ca6c"
              }
            ],
            "primary_network_interface_id": "eni-01d9ea5962ab1ca6c",
            "private_dns": "ip-10-108-101-76.ec2.internal",
            "private_dns_name_options": [
              {
                "enable_resource_name_dns_a_record": false,
                "enable_resource_name_dns_aaaa_record": false,
                "hostname_type": "ip-name"
              }
            ],
            "private_ip": "10.108.101.76",
            "public_dns": "",
            "public_ip": "",
            "region": "us-east-1",
            "root_block_device": [
              {
                "delete_on_termination": true,
                "device_name": "/dev/xvda",
                "encrypted": false,
                "iops": 3000,
                "kms_key_id": "",
                "tags": {},
                "tags_all": {},
                "throughput": 125,
                "volume_id": "vol-0c734761bca1c7232",
                "volume_size": 8,
                "volume_type": "gp3"
              }
            ],
            "secondary_private_ips": [],
            "security_groups": [],
            "source_dest_check": true,
            "spot_instance_request_id": "",
            "subnet_id": "subnet-0c29066d0459eb902",
            "tags": {
              "Name": "armageddon-final-ec201"
            },
            "tags_all": {
              "Name": "armageddon-final-ec201"
            },
            "tenancy": "default",
            "timeouts": null,
            "user_data": "#!/bin/bash\n# 1. Install System Dependencies\ndnf update -y\ndnf install -y python3-pip mariadb105\npip3 install flask pymysql boto3 watchtower\n\n# 2. Create Directory\nmkdir -p /opt/rdsapp\n\n# 3. Create the Python Script (The Simple Version)\ncat \u003e/opt/rdsapp/app.py \u003c\u003c'PY'\nimport json\nimport os\nimport boto3\nimport pymysql\nimport logging\nfrom flask import Flask, request\nfrom watchtower import CloudWatchLogHandler\n\nREGION = os.environ.get(\"AWS_REGION\", \"us-east-1\")\nLOG_GROUP = \"/aws/ec2/lab-rds-app\"\nMETRIC_NAMESPACE = \"Lab/RDSApp\"\n\nssm = boto3.client(\"ssm\", region_name=REGION)\nsm = boto3.client(\"secretsmanager\", region_name=REGION)\ncw = boto3.client(\"cloudwatch\", region_name=REGION)\n\nlogger = logging.getLogger(__name__)\nlogger.setLevel(logging.INFO)\ntry:\n    cw_handler = CloudWatchLogHandler(\n        log_group=LOG_GROUP, \n        stream_name=\"app-stream\", \n        boto3_client=boto3.client(\"logs\", region_name=REGION)\n    )\n    logger.addHandler(cw_handler)\nexcept Exception as e:\n    print(f\"CloudWatch Logs Setup Pending: {e}\")\n\napp = Flask(__name__)\n\ndef record_failure(error_msg):\n    logger.error(f\"DB_CONNECTION_FAILURE: {error_msg}\")\n    try:\n        cw.put_metric_data(\n            Namespace=METRIC_NAMESPACE,\n            MetricData=[{'MetricName': 'DBConnectionErrors', 'Value': 1.0, 'Unit': 'Count'}]\n        )\n    except Exception as e:\n        logger.warning(f\"Failed to push metric: {e}\")\n\ndef get_config():\n    try:\n        p_resp = ssm.get_parameters(\n            Names=['/lab/db/endpoint', '/lab/db/port', '/lab/db/name'],\n            WithDecryption=False\n        )\n        p_map = {p['Name']: p['Value'] for p in p_resp['Parameters']}\n        s_resp = sm.get_secret_value(SecretId='lab/rds/mysql')\n        secret = json.loads(s_resp['SecretString'])\n        return {\n            'host': p_map.get('/lab/db/endpoint'),\n            'port': int(p_map.get('/lab/db/port', 3306)),\n            'dbname': p_map.get('/lab/db/name', 'labdb'),\n            'user': secret.get('username'),\n            'password': secret.get('password')\n        }\n    except Exception as e:\n        record_failure(str(e))\n        raise e\n\ndef get_conn():\n    c = get_config()\n    return pymysql.connect(\n        host=c['host'], user=c['user'], password=c['password'], \n        port=c['port'], database=c['dbname'], autocommit=True\n    )\n\n@app.route(\"/\")\ndef home():\n    return \"\"\"\n    \u003ch1\u003eLab 1b: Simple RDS App\u003c/h1\u003e\n    \u003cul\u003e\n        \u003cli\u003e\u003ca href='/init'\u003e1. Init DB\u003c/a\u003e\u003c/li\u003e\n        \u003cli\u003e\u003ca href='/add?text=LabEntry'\u003e2. Add Note (?text=...)\u003c/a\u003e\u003c/li\u003e\n        \u003cli\u003e\u003ca href='/list'\u003e3. List Notes\u003c/a\u003e\u003c/li\u003e\n    \u003c/ul\u003e\n    \"\"\"\n\n@app.route(\"/add\")\ndef add_note():\n    note_text = request.args.get('text', 'Manual Entry')\n    try:\n        conn = get_conn()\n        cur = conn.cursor()\n        cur.execute(\"INSERT INTO notes (note) VALUES (%s)\", (note_text,))\n        cur.close()\n        conn.close()\n        return f\"Added: {note_text} | \u003ca href='/list'\u003eView List\u003c/a\u003e\"\n    except Exception as e:\n        record_failure(str(e))\n        return f\"Add Failed: {e}\", 500\n\n@app.route(\"/list\")\ndef list_notes():\n    try:\n        conn = get_conn()\n        cur = conn.cursor()\n        cur.execute(\"SELECT id, note FROM notes ORDER BY id DESC;\")\n        rows = cur.fetchall()\n        cur.close()\n        conn.close()\n        return \"\u003ch3\u003eNotes:\u003c/h3\u003e\" + \"\".join([f\"\u003cli\u003e{r[1]}\u003c/li\u003e\" for r in rows]) + \"\u003cbr\u003e\u003ca href='/'\u003eBack\u003c/a\u003e\"\n    except Exception as e:\n        record_failure(str(e))\n        return f\"List Failed: {e}\", 500\n\n@app.route(\"/init\")\ndef init_db():\n    try:\n        c = get_config()\n        conn = pymysql.connect(host=c['host'], user=c['user'], password=c['password'], port=c['port'])\n        cur = conn.cursor()\n        cur.execute(f\"CREATE DATABASE IF NOT EXISTS {c['dbname']};\")\n        cur.execute(f\"USE {c['dbname']};\")\n        cur.execute(\"CREATE TABLE IF NOT EXISTS notes (id INT AUTO_INCREMENT PRIMARY KEY, note VARCHAR(255));\")\n        cur.close()\n        conn.close()\n        return \"Init Success! \u003ca href='/'\u003eBack\u003c/a\u003e\"\n    except Exception as e:\n        record_failure(str(e))\n        return f\"Init Failed: {e}\", 500\n\nif __name__ == \"__main__\":\n    app.run(host=\"0.0.0.0\", port=80)\nPY\n\n# 4. Create the Service File\ncat \u003e/etc/systemd/system/rdsapp.service \u003c\u003c'SERVICE'\n[Unit]\nDescription=Lab 1b RDS App\nAfter=network-online.target\nWants=network-online.target\n\n[Service]\nWorkingDirectory=/opt/rdsapp\nExecStartPre=/usr/bin/sleep 20\nExecStart=/usr/bin/python3 /opt/rdsapp/app.py\nRestart=always\nRestartSec=10s\nEnvironment=AWS_REGION=us-east-1\n\n[Install]\nWantedBy=multi-user.target\nSERVICE\n\n# 5. Start the Engine\nsystemctl daemon-reload\nsystemctl enable rdsapp\nsystemctl start rdsapp",
            "user_data_base64": null,
            "user_data_replace_on_change": false,
            "volume_tags": null,
            "vpc_security_group_ids": [
              "sg-031f0f736f7446c45"
            ]
          },
          "sensitive_attributes": [],
          "identity_schema_version": 0,
          "identity": {
            "account_id": "975598471165",
            "id": "i-062da8ea17ec4a7a7",
            "region": "us-east-1"
          },
          "private": "eyJlMmJmYjczMC1lY2FhLTExZTYtOGY4OC0zNDM2M2JjN2M0YzAiOnsiY3JlYXRlIjo2MDAwMDAwMDAwMDAsImRlbGV0ZSI6MTIwMDAwMDAwMDAwMCwicmVhZCI6OTAwMDAwMDAwMDAwLCJ1cGRhdGUiOjYwMDAwMDAwMDAwMH0sInNjaGVtYV92ZXJzaW9uIjoiMiJ9",
          "dependencies": [
            "aws_iam_instance_profile.armageddon_instance_profile01",
            "aws_iam_role.armageddon_ec2_role01",
            "aws_security_group.armageddon_ec2_sg01",
            "aws_subnet.armageddon_private_subnets",
            "aws_vpc.armageddon_vpc01"
          ]
        }
      ]
    },
    {
      "mode": "managed",
      "type": "aws_instance",
      "name": "armageddon_ec201_private_bonus",
      "provider": "provider[\"registry.terraform.io/hashicorp/aws\"]",
      "instances": [
        {
          "schema_version": 2,
          "attributes": {
            "ami": "ami-07ff62358b87c7116",
            "arn": "arn:aws:ec2:us-east-1:975598471165:instance/i-0a49b86afa51cdd6d",
            "associate_public_ip_address": false,
            "availability_zone": "us-east-1a",
            "capacity_reservation_specification": [
              {
                "capacity_reservation_preference": "open",
                "capacity_reservation_target": []
              }
            ],
            "cpu_options": [
              {
                "amd_sev_snp": "",
                "core_count": 1,
                "threads_per_core": 2
              }
            ],
            "credit_specification": [
              {
                "cpu_credits": "unlimited"
              }
            ],
            "disable_api_stop": false,
            "disable_api_termination": false,
            "ebs_block_device": [],
            "ebs_optimized": false,
            "enable_primary_ipv6": null,
            "enclave_options": [
              {
                "enabled": false
              }
            ],
            "ephemeral_block_device": [],
            "force_destroy": false,
            "get_password_data": false,
            "hibernation": false,
            "host_id": "",
            "host_resource_group_arn": null,
            "iam_instance_profile": "armageddon-final-instance-profile01",
            "id": "i-0a49b86afa51cdd6d",
            "instance_initiated_shutdown_behavior": "stop",
            "instance_lifecycle": "",
            "instance_market_options": [],
            "instance_state": "running",
            "instance_type": "t3.micro",
            "ipv6_address_count": 0,
            "ipv6_addresses": [],
            "key_name": "",
            "launch_template": [],
            "maintenance_options": [
              {
                "auto_recovery": "default"
              }
            ],
            "metadata_options": [
              {
                "http_endpoint": "enabled",
                "http_protocol_ipv6": "disabled",
                "http_put_response_hop_limit": 2,
                "http_tokens": "required",
                "instance_metadata_tags": "disabled"
              }
            ],
            "monitoring": false,
            "network_interface": [],
            "outpost_arn": "",
            "password_data": "",
            "placement_group": "",
            "placement_group_id": "",
            "placement_partition_number": 0,
            "primary_network_interface": [
              {
                "delete_on_termination": true,
                "network_interface_id": "eni-0d76e860f0220d709"
              }
            ],
            "primary_network_interface_id": "eni-0d76e860f0220d709",
            "private_dns": "ip-10-108-101-32.ec2.internal",
            "private_dns_name_options": [
              {
                "enable_resource_name_dns_a_record": false,
                "enable_resource_name_dns_aaaa_record": false,
                "hostname_type": "ip-name"
              }
            ],
            "private_ip": "10.108.101.32",
            "public_dns": "",
            "public_ip": "",
            "region": "us-east-1",
            "root_block_device": [
              {
                "delete_on_termination": true,
                "device_name": "/dev/xvda",
                "encrypted": false,
                "iops": 3000,
                "kms_key_id": "",
                "tags": {},
                "tags_all": {},
                "throughput": 125,
                "volume_id": "vol-0f0d5ea7c40e60ff2",
                "volume_size": 8,
                "volume_type": "gp3"
              }
            ],
            "secondary_private_ips": [],
            "security_groups": [],
            "source_dest_check": true,
            "spot_instance_request_id": "",
            "subnet_id": "subnet-0c29066d0459eb902",
            "tags": {
              "Name": "armageddon-final-ec201-private"
            },
            "tags_all": {
              "Name": "armageddon-final-ec201-private"
            },
            "tenancy": "default",
            "timeouts": null,
            "user_data": "#!/bin/bash\n# 1. Install System Dependencies\ndnf update -y\ndnf install -y python3-pip mariadb105\npip3 install flask pymysql boto3 watchtower\n\n# 2. Create Directory\nmkdir -p /opt/rdsapp\n\n# 3. Create the Python Script (The Simple Version)\ncat \u003e/opt/rdsapp/app.py \u003c\u003c'PY'\nimport json\nimport os\nimport boto3\nimport pymysql\nimport logging\nfrom flask import Flask, request\nfrom watchtower import CloudWatchLogHandler\n\nREGION = os.environ.get(\"AWS_REGION\", \"us-east-1\")\nLOG_GROUP = \"/aws/ec2/lab-rds-app\"\nMETRIC_NAMESPACE = \"Lab/RDSApp\"\n\nssm = boto3.client(\"ssm\", region_name=REGION)\nsm = boto3.client(\"secretsmanager\", region_name=REGION)\ncw = boto3.client(\"cloudwatch\", region_name=REGION)\n\nlogger = logging.getLogger(__name__)\nlogger.setLevel(logging.INFO)\ntry:\n    cw_handler = CloudWatchLogHandler(\n        log_group=LOG_GROUP, \n        stream_name=\"app-stream\", \n        boto3_client=boto3.client(\"logs\", region_name=REGION)\n    )\n    logger.addHandler(cw_handler)\nexcept Exception as e:\n    print(f\"CloudWatch Logs Setup Pending: {e}\")\n\napp = Flask(__name__)\n\ndef record_failure(error_msg):\n    logger.error(f\"DB_CONNECTION_FAILURE: {error_msg}\")\n    try:\n        cw.put_metric_data(\n            Namespace=METRIC_NAMESPACE,\n            MetricData=[{'MetricName': 'DBConnectionErrors', 'Value': 1.0, 'Unit': 'Count'}]\n        )\n    except Exception as e:\n        logger.warning(f\"Failed to push metric: {e}\")\n\ndef get_config():\n    try:\n        p_resp = ssm.get_parameters(\n            Names=['/lab/db/endpoint', '/lab/db/port', '/lab/db/name'],\n            WithDecryption=False\n        )\n        p_map = {p['Name']: p['Value'] for p in p_resp['Parameters']}\n        s_resp = sm.get_secret_value(SecretId='lab/rds/mysql')\n        secret = json.loads(s_resp['SecretString'])\n        return {\n            'host': p_map.get('/lab/db/endpoint'),\n            'port': int(p_map.get('/lab/db/port', 3306)),\n            'dbname': p_map.get('/lab/db/name', 'labdb'),\n            'user': secret.get('username'),\n            'password': secret.get('password')\n        }\n    except Exception as e:\n        record_failure(str(e))\n        raise e\n\ndef get_conn():\n    c = get_config()\n    return pymysql.connect(\n        host=c['host'], user=c['user'], password=c['password'], \n        port=c['port'], database=c['dbname'], autocommit=True\n    )\n\n@app.route(\"/\")\ndef home():\n    return \"\"\"\n    \u003ch1\u003eLab 1b: Simple RDS App\u003c/h1\u003e\n    \u003cul\u003e\n        \u003cli\u003e\u003ca href='/init'\u003e1. Init DB\u003c/a\u003e\u003c/li\u003e\n        \u003cli\u003e\u003ca href='/add?text=LabEntry'\u003e2. Add Note (?text=...)\u003c/a\u003e\u003c/li\u003e\n        \u003cli\u003e\u003ca href='/list'\u003e3. List Notes\u003c/a\u003e\u003c/li\u003e\n    \u003c/ul\u003e\n    \"\"\"\n\n@app.route(\"/add\")\ndef add_note():\n    note_text = request.args.get('text', 'Manual Entry')\n    try:\n        conn = get_conn()\n        cur = conn.cursor()\n        cur.execute(\"INSERT INTO notes (note) VALUES (%s)\", (note_text,))\n        cur.close()\n        conn.close()\n        return f\"Added: {note_text} | \u003ca href='/list'\u003eView List\u003c/a\u003e\"\n    except Exception as e:\n        record_failure(str(e))\n        return f\"Add Failed: {e}\", 500\n\n@app.route(\"/list\")\ndef list_notes():\n    try:\n        conn = get_conn()\n        cur = conn.cursor()\n        cur.execute(\"SELECT id, note FROM notes ORDER BY id DESC;\")\n        rows = cur.fetchall()\n        cur.close()\n        conn.close()\n        return \"\u003ch3\u003eNotes:\u003c/h3\u003e\" + \"\".join([f\"\u003cli\u003e{r[1]}\u003c/li\u003e\" for r in rows]) + \"\u003cbr\u003e\u003ca href='/'\u003eBack\u003c/a\u003e\"\n    except Exception as e:\n        record_failure(str(e))\n        return f\"List Failed: {e}\", 500\n\n@app.route(\"/init\")\ndef init_db():\n    try:\n        c = get_config()\n        conn = pymysql.connect(host=c['host'], user=c['user'], password=c['password'], port=c['port'])\n        cur = conn.cursor()\n        cur.execute(f\"CREATE DATABASE IF NOT EXISTS {c['dbname']};\")\n        cur.execute(f\"USE {c['dbname']};\")\n        cur.execute(\"CREATE TABLE IF NOT EXISTS notes (id INT AUTO_INCREMENT PRIMARY KEY, note VARCHAR(255));\")\n        cur.close()\n        conn.close()\n        return \"Init Success! \u003ca href='/'\u003eBack\u003c/a\u003e\"\n    except Exception as e:\n        record_failure(str(e))\n        return f\"Init Failed: {e}\", 500\n\nif __name__ == \"__main__\":\n    app.run(host=\"0.0.0.0\", port=80)\nPY\n\n# 4. Create the Service File\ncat \u003e/etc/systemd/system/rdsapp.service \u003c\u003c'SERVICE'\n[Unit]\nDescription=Lab 1b RDS App\nAfter=network-online.target\nWants=network-online.target\n\n[Service]\nWorkingDirectory=/opt/rdsapp\nExecStartPre=/usr/bin/sleep 20\nExecStart=/usr/bin/python3 /opt/rdsapp/app.py\nRestart=always\nRestartSec=10s\nEnvironment=AWS_REGION=us-east-1\n\n[Install]\nWantedBy=multi-user.target\nSERVICE\n\n# 5. Start the Engine\nsystemctl daemon-reload\nsystemctl enable rdsapp\nsystemctl start rdsapp",
            "user_data_base64": null,
            "user_data_replace_on_change": false,
            "volume_tags": null,
            "vpc_security_group_ids": [
              "sg-031f0f736f7446c45"
            ]
          },
          "sensitive_attributes": [],
          "identity_schema_version": 0,
          "identity": {
            "account_id": "975598471165",
            "id": "i-0a49b86afa51cdd6d",
            "region": "us-east-1"
          },
          "private": "eyJlMmJmYjczMC1lY2FhLTExZTYtOGY4OC0zNDM2M2JjN2M0YzAiOnsiY3JlYXRlIjo2MDAwMDAwMDAwMDAsImRlbGV0ZSI6MTIwMDAwMDAwMDAwMCwicmVhZCI6OTAwMDAwMDAwMDAwLCJ1cGRhdGUiOjYwMDAwMDAwMDAwMH0sInNjaGVtYV92ZXJzaW9uIjoiMiJ9",
          "dependencies": [
            "aws_iam_instance_profile.armageddon_instance_profile01",
            "aws_iam_role.armageddon_ec2_role01",
            "aws_security_group.armageddon_ec2_sg01",
            "aws_subnet.armageddon_private_subnets",
            "aws_vpc.armageddon_vpc01"
          ]
        }
      ]
    },
    {
      "mode": "managed",
      "type": "aws_internet_gateway",
      "name": "armageddon_igw01",
      "provider": "provider[\"registry.terraform.io/hashicorp/aws\"]",
      "instances": [
        {
          "schema_version": 0,
          "attributes": {
            "arn": "arn:aws:ec2:us-east-1:975598471165:internet-gateway/igw-0e6508a5899ddc98b",
            "id": "igw-0e6508a5899ddc98b",
            "owner_id": "975598471165",
            "region": "us-east-1",
            "tags": {
              "Name": "armageddon-final-igw01"
            },
            "tags_all": {
              "Name": "armageddon-final-igw01"
            },
            "timeouts": null,
            "vpc_id": "vpc-07ff25f8d3dc734e7"
          },
          "sensitive_attributes": [],
          "identity_schema_version": 0,
          "private": "eyJlMmJmYjczMC1lY2FhLTExZTYtOGY4OC0zNDM2M2JjN2M0YzAiOnsiY3JlYXRlIjoxMjAwMDAwMDAwMDAwLCJkZWxldGUiOjEyMDAwMDAwMDAwMDAsInVwZGF0ZSI6MTIwMDAwMDAwMDAwMH19",
          "dependencies": [
            "aws_vpc.armageddon_vpc01"
          ]
        }
      ]
    },
    {
      "mode": "managed",
      "type": "aws_lb",
      "name": "armageddon_alb01",
      "provider": "provider[\"registry.terraform.io/hashicorp/aws\"]",
      "instances": [
        {
          "schema_version": 0,
          "attributes": {
            "access_logs": [
              {
                "bucket": "armageddon-final-alb-logs-975598471165",
                "enabled": true,
                "prefix": "alb-access-logs"
              }
            ],
            "arn": "arn:aws:elasticloadbalancing:us-east-1:975598471165:loadbalancer/app/armageddon-final-alb01/95662c4a1861bb8e",
            "arn_suffix": "app/armageddon-final-alb01/95662c4a1861bb8e",
            "client_keep_alive": 3600,
            "connection_logs": [
              {
                "bucket": "",
                "enabled": false,
                "prefix": ""
              }
            ],
            "customer_owned_ipv4_pool": "",
            "desync_mitigation_mode": "defensive",
            "dns_name": "armageddon-final-alb01-704203184.us-east-1.elb.amazonaws.com",
            "dns_record_client_routing_policy": null,
            "drop_invalid_header_fields": false,
            "enable_cross_zone_load_balancing": true,
            "enable_deletion_protection": false,
            "enable_http2": true,
            "enable_tls_version_and_cipher_suite_headers": false,
            "enable_waf_fail_open": false,
            "enable_xff_client_port": false,
            "enable_zonal_shift": false,
            "enforce_security_group_inbound_rules_on_private_link_traffic": "",
            "health_check_logs": [
              {
                "bucket": "",
                "enabled": false,
                "prefix": ""
              }
            ],
            "id": "arn:aws:elasticloadbalancing:us-east-1:975598471165:loadbalancer/app/armageddon-final-alb01/95662c4a1861bb8e",
            "idle_timeout": 60,
            "internal": false,
            "ip_address_type": "ipv4",
            "ipam_pools": [],
            "load_balancer_type": "application",
            "minimum_load_balancer_capacity": [],
            "name": "armageddon-final-alb01",
            "name_prefix": "",
            "preserve_host_header": false,
            "region": "us-east-1",
            "secondary_ips_auto_assigned_per_subnet": null,
            "security_groups": [
              "sg-094d4cdb55b5a4e53"
            ],
            "subnet_mapping": [
              {
                "allocation_id": "",
                "ipv6_address": "",
                "outpost_id": "",
                "private_ipv4_address": "",
                "subnet_id": "subnet-09944daeeae542918"
              },
              {
                "allocation_id": "",
                "ipv6_address": "",
                "outpost_id": "",
                "private_ipv4_address": "",
                "subnet_id": "subnet-0d84698c40b3b457a"
              }
            ],
            "subnets": [
              "subnet-09944daeeae542918",
              "subnet-0d84698c40b3b457a"
            ],
            "tags": {
              "Name": "armageddon-final-alb01"
            },
            "tags_all": {
              "Name": "armageddon-final-alb01"
            },
            "timeouts": null,
            "vpc_id": "vpc-07ff25f8d3dc734e7",
            "xff_header_processing_mode": "append",
            "zone_id": "Z35SXDOTRQ7X7K"
          },
          "sensitive_attributes": [],
          "identity_schema_version": 0,
          "identity": {
            "arn": "arn:aws:elasticloadbalancing:us-east-1:975598471165:loadbalancer/app/armageddon-final-alb01/95662c4a1861bb8e"
          },
          "private": "eyJlMmJmYjczMC1lY2FhLTExZTYtOGY4OC0zNDM2M2JjN2M0YzAiOnsiY3JlYXRlIjo2MDAwMDAwMDAwMDAsImRlbGV0ZSI6NjAwMDAwMDAwMDAwLCJ1cGRhdGUiOjYwMDAwMDAwMDAwMH19",
          "dependencies": [
            "aws_s3_bucket.armageddon_alb_logs_bucket01",
            "aws_security_group.armageddon_alb_sg01",
            "aws_subnet.armageddon_public_subnets",
            "aws_vpc.armageddon_vpc01",
            "data.aws_caller_identity.armageddon_self01"
          ]
        }
      ]
    },
    {
      "mode": "managed",
      "type": "aws_lb_listener",
      "name": "armageddon_http_listener01",
      "provider": "provider[\"registry.terraform.io/hashicorp/aws\"]",
      "instances": [
        {
          "schema_version": 0,
          "attributes": {
            "alpn_policy": null,
            "arn": "arn:aws:elasticloadbalancing:us-east-1:975598471165:listener/app/armageddon-final-alb01/95662c4a1861bb8e/23bd1d7e6c8f6f65",
            "certificate_arn": null,
            "default_action": [
              {
                "authenticate_cognito": [],
                "authenticate_oidc": [],
                "fixed_response": [],
                "forward": [],
                "jwt_validation": [],
                "order": 1,
                "redirect": [
                  {
                    "host": "#{host}",
                    "path": "/#{path}",
                    "port": "443",
                    "protocol": "HTTPS",
                    "query": "#{query}",
                    "status_code": "HTTP_301"
                  }
                ],
                "target_group_arn": "",
                "type": "redirect"
              }
            ],
            "id": "arn:aws:elasticloadbalancing:us-east-1:975598471165:listener/app/armageddon-final-alb01/95662c4a1861bb8e/23bd1d7e6c8f6f65",
            "load_balancer_arn": "arn:aws:elasticloadbalancing:us-east-1:975598471165:loadbalancer/app/armageddon-final-alb01/95662c4a1861bb8e",
            "mutual_authentication": [],
            "port": 80,
            "protocol": "HTTP",
            "region": "us-east-1",
            "routing_http_request_x_amzn_mtls_clientcert_header_name": null,
            "routing_http_request_x_amzn_mtls_clientcert_issuer_header_name": null,
            "routing_http_request_x_amzn_mtls_clientcert_leaf_header_name": null,
            "routing_http_request_x_amzn_mtls_clientcert_serial_number_header_name": null,
            "routing_http_request_x_amzn_mtls_clientcert_subject_header_name": null,
            "routing_http_request_x_amzn_mtls_clientcert_validity_header_name": null,
            "routing_http_request_x_amzn_tls_cipher_suite_header_name": null,
            "routing_http_request_x_amzn_tls_version_header_name": null,
            "routing_http_response_access_control_allow_credentials_header_value": "",
            "routing_http_response_access_control_allow_headers_header_value": "",
            "routing_http_response_access_control_allow_methods_header_value": "",
            "routing_http_response_access_control_allow_origin_header_value": "",
            "routing_http_response_access_control_expose_headers_header_value": "",
            "routing_http_response_access_control_max_age_header_value": "",
            "routing_http_response_content_security_policy_header_value": "",
            "routing_http_response_server_enabled": true,
            "routing_http_response_strict_transport_security_header_value": "",
            "routing_http_response_x_content_type_options_header_value": "",
            "routing_http_response_x_frame_options_header_value": "",
            "ssl_policy": "",
            "tags": {},
            "tags_all": {},
            "tcp_idle_timeout_seconds": null,
            "timeouts": null
          },
          "sensitive_attributes": [],
          "identity_schema_version": 0,
          "identity": {
            "arn": "arn:aws:elasticloadbalancing:us-east-1:975598471165:listener/app/armageddon-final-alb01/95662c4a1861bb8e/23bd1d7e6c8f6f65"
          },
          "private": "eyJlMmJmYjczMC1lY2FhLTExZTYtOGY4OC0zNDM2M2JjN2M0YzAiOnsiY3JlYXRlIjozMDAwMDAwMDAwMDAsInVwZGF0ZSI6MzAwMDAwMDAwMDAwfX0=",
          "dependencies": [
            "aws_lb.armageddon_alb01",
            "aws_s3_bucket.armageddon_alb_logs_bucket01",
            "aws_security_group.armageddon_alb_sg01",
            "aws_subnet.armageddon_public_subnets",
            "aws_vpc.armageddon_vpc01",
            "data.aws_caller_identity.armageddon_self01"
          ]
        }
      ]
    },
    {
      "mode": "managed",
      "type": "aws_lb_listener",
      "name": "armageddon_https_listener01",
      "provider": "provider[\"registry.terraform.io/hashicorp/aws\"]",
      "instances": [
        {
          "schema_version": 0,
          "attributes": {
            "alpn_policy": null,
            "arn": "arn:aws:elasticloadbalancing:us-east-1:975598471165:listener/app/armageddon-final-alb01/95662c4a1861bb8e/3a6762e261449d22",
            "certificate_arn": "arn:aws:acm:us-east-1:975598471165:certificate/def2a558-9b95-4ba6-86ab-daeaaabb7735",
            "default_action": [
              {
                "authenticate_cognito": [],
                "authenticate_oidc": [],
                "fixed_response": [],
                "forward": [],
                "jwt_validation": [],
                "order": 1,
                "redirect": [],
                "target_group_arn": "arn:aws:elasticloadbalancing:us-east-1:975598471165:targetgroup/armageddon-final-tg01/4b665e8fedc99a3e",
                "type": "forward"
              }
            ],
            "id": "arn:aws:elasticloadbalancing:us-east-1:975598471165:listener/app/armageddon-final-alb01/95662c4a1861bb8e/3a6762e261449d22",
            "load_balancer_arn": "arn:aws:elasticloadbalancing:us-east-1:975598471165:loadbalancer/app/armageddon-final-alb01/95662c4a1861bb8e",
            "mutual_authentication": [
              {
                "advertise_trust_store_ca_names": "",
                "ignore_client_certificate_expiry": false,
                "mode": "off",
                "trust_store_arn": ""
              }
            ],
            "port": 443,
            "protocol": "HTTPS",
            "region": "us-east-1",
            "routing_http_request_x_amzn_mtls_clientcert_header_name": "",
            "routing_http_request_x_amzn_mtls_clientcert_issuer_header_name": "",
            "routing_http_request_x_amzn_mtls_clientcert_leaf_header_name": "",
            "routing_http_request_x_amzn_mtls_clientcert_serial_number_header_name": "",
            "routing_http_request_x_amzn_mtls_clientcert_subject_header_name": "",
            "routing_http_request_x_amzn_mtls_clientcert_validity_header_name": "",
            "routing_http_request_x_amzn_tls_cipher_suite_header_name": "",
            "routing_http_request_x_amzn_tls_version_header_name": "",
            "routing_http_response_access_control_allow_credentials_header_value": "",
            "routing_http_response_access_control_allow_headers_header_value": "",
            "routing_http_response_access_control_allow_methods_header_value": "",
            "routing_http_response_access_control_allow_origin_header_value": "",
            "routing_http_response_access_control_expose_headers_header_value": "",
            "routing_http_response_access_control_max_age_header_value": "",
            "routing_http_response_content_security_policy_header_value": "",
            "routing_http_response_server_enabled": true,
            "routing_http_response_strict_transport_security_header_value": "",
            "routing_http_response_x_content_type_options_header_value": "",
            "routing_http_response_x_frame_options_header_value": "",
            "ssl_policy": "ELBSecurityPolicy-TLS13-1-2-2021-06",
            "tags": {},
            "tags_all": {},
            "tcp_idle_timeout_seconds": null,
            "timeouts": null
          },
          "sensitive_attributes": [],
          "identity_schema_version": 0,
          "identity": {
            "arn": "arn:aws:elasticloadbalancing:us-east-1:975598471165:listener/app/armageddon-final-alb01/95662c4a1861bb8e/3a6762e261449d22"
          },
          "private": "eyJlMmJmYjczMC1lY2FhLTExZTYtOGY4OC0zNDM2M2JjN2M0YzAiOnsiY3JlYXRlIjozMDAwMDAwMDAwMDAsInVwZGF0ZSI6MzAwMDAwMDAwMDAwfX0=",
          "dependencies": [
            "aws_acm_certificate.armageddon_acm_cert01",
            "aws_acm_certificate_validation.armageddon_acm_validation01_dns_bonus",
            "aws_lb.armageddon_alb01",
            "aws_lb_target_group.armageddon_tg01",
            "aws_route53_record.armageddon_acm_validation_records01",
            "aws_s3_bucket.armageddon_alb_logs_bucket01",
            "aws_security_group.armageddon_alb_sg01",
            "aws_subnet.armageddon_public_subnets",
            "aws_vpc.armageddon_vpc01",
            "data.aws_caller_identity.armageddon_self01"
          ]
        }
      ]
    },
    {
      "mode": "managed",
      "type": "aws_lb_listener_rule",
      "name": "armageddon_default_block01",
      "provider": "provider[\"registry.terraform.io/hashicorp/aws\"]",
      "instances": [
        {
          "schema_version": 0,
          "attributes": {
            "action": [
              {
                "authenticate_cognito": [],
                "authenticate_oidc": [],
                "fixed_response": [
                  {
                    "content_type": "text/plain",
                    "message_body": "Forbidden",
                    "status_code": "403"
                  }
                ],
                "forward": [],
                "jwt_validation": [],
                "order": 1,
                "redirect": [],
                "target_group_arn": "",
                "type": "fixed-response"
              }
            ],
            "arn": "arn:aws:elasticloadbalancing:us-east-1:975598471165:listener-rule/app/armageddon-final-alb01/95662c4a1861bb8e/3a6762e261449d22/b60fa1ff8023b08a",
            "condition": [
              {
                "host_header": [],
                "http_header": [],
                "http_request_method": [],
                "path_pattern": [
                  {
                    "regex_values": [],
                    "values": [
                      "*"
                    ]
                  }
                ],
                "query_string": [],
                "source_ip": []
              }
            ],
            "id": "arn:aws:elasticloadbalancing:us-east-1:975598471165:listener-rule/app/armageddon-final-alb01/95662c4a1861bb8e/3a6762e261449d22/b60fa1ff8023b08a",
            "listener_arn": "arn:aws:elasticloadbalancing:us-east-1:975598471165:listener/app/armageddon-final-alb01/95662c4a1861bb8e/3a6762e261449d22",
            "priority": 99,
            "region": "us-east-1",
            "tags": {},
            "tags_all": {},
            "transform": []
          },
          "sensitive_attributes": [],
          "identity_schema_version": 0,
          "identity": {
            "arn": "arn:aws:elasticloadbalancing:us-east-1:975598471165:listener-rule/app/armageddon-final-alb01/95662c4a1861bb8e/3a6762e261449d22/b60fa1ff8023b08a"
          },
          "private": "bnVsbA==",
          "dependencies": [
            "aws_acm_certificate.armageddon_acm_cert01",
            "aws_acm_certificate_validation.armageddon_acm_validation01_dns_bonus",
            "aws_lb.armageddon_alb01",
            "aws_lb_listener.armageddon_https_listener01",
            "aws_lb_target_group.armageddon_tg01",
            "aws_route53_record.armageddon_acm_validation_records01",
            "aws_s3_bucket.armageddon_alb_logs_bucket01",
            "aws_security_group.armageddon_alb_sg01",
            "aws_subnet.armageddon_public_subnets",
            "aws_vpc.armageddon_vpc01",
            "data.aws_caller_identity.armageddon_self01"
          ]
        }
      ]
    },
    {
      "mode": "managed",
      "type": "aws_lb_listener_rule",
      "name": "armageddon_require_origin_header01",
      "provider": "provider[\"registry.terraform.io/hashicorp/aws\"]",
      "instances": [
        {
          "schema_version": 0,
          "attributes": {
            "action": [
              {
                "authenticate_cognito": [],
                "authenticate_oidc": [],
                "fixed_response": [],
                "forward": [],
                "jwt_validation": [],
                "order": 1,
                "redirect": [],
                "target_group_arn": "arn:aws:elasticloadbalancing:us-east-1:975598471165:targetgroup/armageddon-final-tg01/4b665e8fedc99a3e",
                "type": "forward"
              }
            ],
            "arn": "arn:aws:elasticloadbalancing:us-east-1:975598471165:listener-rule/app/armageddon-final-alb01/95662c4a1861bb8e/3a6762e261449d22/ddfde23fa20ffb91",
            "condition": [
              {
                "host_header": [],
                "http_header": [
                  {
                    "http_header_name": "X-armageddon-Growl",
                    "regex_values": [],
                    "values": [
                      "BIbuNrYnloqduhJINmZhhXhQQwqmCyjN"
                    ]
                  }
                ],
                "http_request_method": [],
                "path_pattern": [],
                "query_string": [],
                "source_ip": []
              }
            ],
            "id": "arn:aws:elasticloadbalancing:us-east-1:975598471165:listener-rule/app/armageddon-final-alb01/95662c4a1861bb8e/3a6762e261449d22/ddfde23fa20ffb91",
            "listener_arn": "arn:aws:elasticloadbalancing:us-east-1:975598471165:listener/app/armageddon-final-alb01/95662c4a1861bb8e/3a6762e261449d22",
            "priority": 10,
            "region": "us-east-1",
            "tags": {},
            "tags_all": {},
            "transform": []
          },
          "sensitive_attributes": [
            [
              {
                "type": "get_attr",
                "value": "condition"
              }
            ]
          ],
          "identity_schema_version": 0,
          "identity": {
            "arn": "arn:aws:elasticloadbalancing:us-east-1:975598471165:listener-rule/app/armageddon-final-alb01/95662c4a1861bb8e/3a6762e261449d22/ddfde23fa20ffb91"
          },
          "private": "bnVsbA==",
          "dependencies": [
            "aws_acm_certificate.armageddon_acm_cert01",
            "aws_acm_certificate_validation.armageddon_acm_validation01_dns_bonus",
            "aws_lb.armageddon_alb01",
            "aws_lb_listener.armageddon_https_listener01",
            "aws_lb_target_group.armageddon_tg01",
            "aws_route53_record.armageddon_acm_validation_records01",
            "aws_s3_bucket.armageddon_alb_logs_bucket01",
            "aws_security_group.armageddon_alb_sg01",
            "aws_subnet.armageddon_public_subnets",
            "aws_vpc.armageddon_vpc01",
            "data.aws_caller_identity.armageddon_self01",
            "random_password.armageddon_origin_header_value01"
          ]
        }
      ]
    },
    {
      "mode": "managed",
      "type": "aws_lb_target_group",
      "name": "armageddon_tg01",
      "provider": "provider[\"registry.terraform.io/hashicorp/aws\"]",
      "instances": [
        {
          "schema_version": 0,
          "attributes": {
            "arn": "arn:aws:elasticloadbalancing:us-east-1:975598471165:targetgroup/armageddon-final-tg01/4b665e8fedc99a3e",
            "arn_suffix": "targetgroup/armageddon-final-tg01/4b665e8fedc99a3e",
            "connection_termination": null,
            "deregistration_delay": "300",
            "health_check": [
              {
                "enabled": true,
                "healthy_threshold": 2,
                "interval": 30,
                "matcher": "200-399",
                "path": "/health",
                "port": "traffic-port",
                "protocol": "HTTP",
                "timeout": 5,
                "unhealthy_threshold": 2
              }
            ],
            "id": "arn:aws:elasticloadbalancing:us-east-1:975598471165:targetgroup/armageddon-final-tg01/4b665e8fedc99a3e",
            "ip_address_type": "ipv4",
            "lambda_multi_value_headers_enabled": false,
            "load_balancer_arns": [
              "arn:aws:elasticloadbalancing:us-east-1:975598471165:loadbalancer/app/armageddon-final-alb01/95662c4a1861bb8e"
            ],
            "load_balancing_algorithm_type": "round_robin",
            "load_balancing_anomaly_mitigation": "off",
            "load_balancing_cross_zone_enabled": "use_load_balancer_configuration",
            "name": "armageddon-final-tg01",
            "name_prefix": "",
            "port": 80,
            "preserve_client_ip": null,
            "protocol": "HTTP",
            "protocol_version": "HTTP1",
            "proxy_protocol_v2": false,
            "region": "us-east-1",
            "slow_start": 0,
            "stickiness": [
              {
                "cookie_duration": 86400,
                "cookie_name": "",
                "enabled": false,
                "type": "lb_cookie"
              }
            ],
            "tags": {
              "Name": "armageddon-final-tg01"
            },
            "tags_all": {
              "Name": "armageddon-final-tg01"
            },
            "target_control_port": 0,
            "target_failover": [
              {
                "on_deregistration": null,
                "on_unhealthy": null
              }
            ],
            "target_group_health": [
              {
                "dns_failover": [
                  {
                    "minimum_healthy_targets_count": "1",
                    "minimum_healthy_targets_percentage": "off"
                  }
                ],
                "unhealthy_state_routing": [
                  {
                    "minimum_healthy_targets_count": 1,
                    "minimum_healthy_targets_percentage": "off"
                  }
                ]
              }
            ],
            "target_health_state": [
              {
                "enable_unhealthy_connection_termination": null,
                "unhealthy_draining_interval": null
              }
            ],
            "target_type": "instance",
            "vpc_id": "vpc-07ff25f8d3dc734e7"
          },
          "sensitive_attributes": [],
          "identity_schema_version": 0,
          "identity": {
            "arn": "arn:aws:elasticloadbalancing:us-east-1:975598471165:targetgroup/armageddon-final-tg01/4b665e8fedc99a3e"
          },
          "private": "bnVsbA==",
          "dependencies": [
            "aws_vpc.armageddon_vpc01"
          ]
        }
      ]
    },
    {
      "mode": "managed",
      "type": "aws_lb_target_group_attachment",
      "name": "armageddon_tg_attach01",
      "provider": "provider[\"registry.terraform.io/hashicorp/aws\"]",
      "instances": [
        {
          "schema_version": 0,
          "attributes": {
            "availability_zone": null,
            "id": "arn:aws:elasticloadbalancing:us-east-1:975598471165:targetgroup/armageddon-final-tg01/4b665e8fedc99a3e-20260208193532980600000010",
            "port": 80,
            "quic_server_id": null,
            "region": "us-east-1",
            "target_group_arn": "arn:aws:elasticloadbalancing:us-east-1:975598471165:targetgroup/armageddon-final-tg01/4b665e8fedc99a3e",
            "target_id": "i-0a49b86afa51cdd6d"
          },
          "sensitive_attributes": [],
          "identity_schema_version": 0,
          "private": "bnVsbA==",
          "dependencies": [
            "aws_iam_instance_profile.armageddon_instance_profile01",
            "aws_iam_role.armageddon_ec2_role01",
            "aws_instance.armageddon_ec201_private_bonus",
            "aws_lb_target_group.armageddon_tg01",
            "aws_security_group.armageddon_ec2_sg01",
            "aws_subnet.armageddon_private_subnets",
            "aws_vpc.armageddon_vpc01"
          ]
        }
      ]
    },
    {
      "mode": "managed",
      "type": "aws_nat_gateway",
      "name": "armageddon_nat01",
      "provider": "provider[\"registry.terraform.io/hashicorp/aws\"]",
      "instances": [
        {
          "schema_version": 0,
          "attributes": {
            "allocation_id": "eipalloc-0ebc7a2a66fc9e7c1",
            "association_id": "eipassoc-078a1b8289e088e81",
            "auto_provision_zones": null,
            "auto_scaling_ips": null,
            "availability_mode": "zonal",
            "availability_zone_address": [],
            "connectivity_type": "public",
            "id": "nat-0fa4c35314669591c",
            "network_interface_id": "eni-09492e1065840880b",
            "private_ip": "10.108.1.11",
            "public_ip": "3.209.225.214",
            "region": "us-east-1",
            "regional_nat_gateway_address": [],
            "regional_nat_gateway_auto_mode": null,
            "route_table_id": null,
            "secondary_allocation_ids": [],
            "secondary_private_ip_address_count": 0,
            "secondary_private_ip_addresses": [],
            "subnet_id": "subnet-0d84698c40b3b457a",
            "tags": {
              "Name": "armageddon-final-nat01"
            },
            "tags_all": {
              "Name": "armageddon-final-nat01"
            },
            "timeouts": null,
            "vpc_id": "vpc-07ff25f8d3dc734e7"
          },
          "sensitive_attributes": [],
          "identity_schema_version": 0,
          "private": "eyJlMmJmYjczMC1lY2FhLTExZTYtOGY4OC0zNDM2M2JjN2M0YzAiOnsiY3JlYXRlIjo2MDAwMDAwMDAwMDAsImRlbGV0ZSI6MTgwMDAwMDAwMDAwMCwidXBkYXRlIjo2MDAwMDAwMDAwMDB9fQ==",
          "dependencies": [
            "aws_eip.armageddon_nat_eip01",
            "aws_internet_gateway.armageddon_igw01",
            "aws_subnet.armageddon_public_subnets",
            "aws_vpc.armageddon_vpc01"
          ]
        }
      ]
    },
    {
      "mode": "managed",
      "type": "aws_route",
      "name": "armageddon_private_default_route",
      "provider": "provider[\"registry.terraform.io/hashicorp/aws\"]",
      "instances": [
        {
          "schema_version": 0,
          "attributes": {
            "carrier_gateway_id": "",
            "core_network_arn": "",
            "destination_cidr_block": "0.0.0.0/0",
            "destination_ipv6_cidr_block": "",
            "destination_prefix_list_id": "",
            "egress_only_gateway_id": "",
            "gateway_id": "",
            "id": "r-rtb-081e78a1d8089021b1080289494",
            "instance_id": "",
            "instance_owner_id": "",
            "local_gateway_id": "",
            "nat_gateway_id": "nat-0fa4c35314669591c",
            "network_interface_id": "",
            "origin": "CreateRoute",
            "region": "us-east-1",
            "route_table_id": "rtb-081e78a1d8089021b",
            "state": "active",
            "timeouts": null,
            "transit_gateway_id": "",
            "vpc_endpoint_id": "",
            "vpc_peering_connection_id": ""
          },
          "sensitive_attributes": [],
          "identity_schema_version": 0,
          "identity": {
            "account_id": "975598471165",
            "destination_cidr_block": "0.0.0.0/0",
            "destination_ipv6_cidr_block": null,
            "destination_prefix_list_id": null,
            "region": "us-east-1",
            "route_table_id": "rtb-081e78a1d8089021b"
          },
          "private": "eyJlMmJmYjczMC1lY2FhLTExZTYtOGY4OC0zNDM2M2JjN2M0YzAiOnsiY3JlYXRlIjozMDAwMDAwMDAwMDAsImRlbGV0ZSI6MzAwMDAwMDAwMDAwLCJ1cGRhdGUiOjEyMDAwMDAwMDAwMH19",
          "dependencies": [
            "aws_eip.armageddon_nat_eip01",
            "aws_internet_gateway.armageddon_igw01",
            "aws_nat_gateway.armageddon_nat01",
            "aws_route_table.armageddon_private_rt01",
            "aws_subnet.armageddon_public_subnets",
            "aws_vpc.armageddon_vpc01"
          ]
        }
      ]
    },
    {
      "mode": "managed",
      "type": "aws_route",
      "name": "armageddon_public_default_route",
      "provider": "provider[\"registry.terraform.io/hashicorp/aws\"]",
      "instances": [
        {
          "schema_version": 0,
          "attributes": {
            "carrier_gateway_id": "",
            "core_network_arn": "",
            "destination_cidr_block": "0.0.0.0/0",
            "destination_ipv6_cidr_block": "",
            "destination_prefix_list_id": "",
            "egress_only_gateway_id": "",
            "gateway_id": "igw-0e6508a5899ddc98b",
            "id": "r-rtb-07bc689c587d8ae8e1080289494",
            "instance_id": "",
            "instance_owner_id": "",
            "local_gateway_id": "",
            "nat_gateway_id": "",
            "network_interface_id": "",
            "origin": "CreateRoute",
            "region": "us-east-1",
            "route_table_id": "rtb-07bc689c587d8ae8e",
            "state": "active",
            "timeouts": null,
            "transit_gateway_id": "",
            "vpc_endpoint_id": "",
            "vpc_peering_connection_id": ""
          },
          "sensitive_attributes": [],
          "identity_schema_version": 0,
          "identity": {
            "account_id": "975598471165",
            "destination_cidr_block": "0.0.0.0/0",
            "destination_ipv6_cidr_block": null,
            "destination_prefix_list_id": null,
            "region": "us-east-1",
            "route_table_id": "rtb-07bc689c587d8ae8e"
          },
          "private": "eyJlMmJmYjczMC1lY2FhLTExZTYtOGY4OC0zNDM2M2JjN2M0YzAiOnsiY3JlYXRlIjozMDAwMDAwMDAwMDAsImRlbGV0ZSI6MzAwMDAwMDAwMDAwLCJ1cGRhdGUiOjEyMDAwMDAwMDAwMH19",
          "dependencies": [
            "aws_internet_gateway.armageddon_igw01",
            "aws_route_table.armageddon_public_rt01",
            "aws_vpc.armageddon_vpc01"
          ]
        }
      ]
    },
    {
      "mode": "managed",
      "type": "aws_route53_record",
      "name": "armageddon_acm_validation",
      "provider": "provider[\"registry.terraform.io/hashicorp/aws\"]",
      "instances": [
        {
          "index_key": "app.firstpointand.click",
          "schema_version": 2,
          "attributes": {
            "alias": [],
            "allow_overwrite": true,
            "cidr_routing_policy": [],
            "failover_routing_policy": [],
            "fqdn": "_2887c024ef221b96b378e669c909a316.app.firstpointand.click",
            "geolocation_routing_policy": [],
            "geoproximity_routing_policy": [],
            "health_check_id": "",
            "id": "Z0577510JJCMGIYZ7086__2887c024ef221b96b378e669c909a316.app.firstpointand.click_CNAME",
            "latency_routing_policy": [],
            "multivalue_answer_routing_policy": false,
            "name": "_2887c024ef221b96b378e669c909a316.app.firstpointand.click",
            "records": [
              "_23ca46f13d74766d91eaccf83d750666.jkddzztszm.acm-validations.aws."
            ],
            "set_identifier": "",
            "timeouts": null,
            "ttl": 60,
            "type": "CNAME",
            "weighted_routing_policy": [],
            "zone_id": "Z0577510JJCMGIYZ7086"
          },
          "sensitive_attributes": [],
          "identity_schema_version": 0,
          "identity": {
            "account_id": "975598471165",
            "name": "_2887c024ef221b96b378e669c909a316.app.firstpointand.click",
            "set_identifier": null,
            "type": "CNAME",
            "zone_id": "Z0577510JJCMGIYZ7086"
          },
          "private": "eyJlMmJmYjczMC1lY2FhLTExZTYtOGY4OC0zNDM2M2JjN2M0YzAiOnsiY3JlYXRlIjoxODAwMDAwMDAwMDAwLCJkZWxldGUiOjE4MDAwMDAwMDAwMDAsInVwZGF0ZSI6MTgwMDAwMDAwMDAwMH0sInNjaGVtYV92ZXJzaW9uIjoiMiJ9",
          "dependencies": [
            "aws_acm_certificate.armageddon_acm_cert01"
          ]
        }
      ]
    },
    {
      "mode": "managed",
      "type": "aws_route53_record",
      "name": "armageddon_acm_validation_records01",
      "provider": "provider[\"registry.terraform.io/hashicorp/aws\"]",
      "instances": [
        {
          "index_key": "app.firstpointand.click",
          "schema_version": 2,
          "attributes": {
            "alias": [],
            "allow_overwrite": true,
            "cidr_routing_policy": [],
            "failover_routing_policy": [],
            "fqdn": "_2887c024ef221b96b378e669c909a316.app.firstpointand.click",
            "geolocation_routing_policy": [],
            "geoproximity_routing_policy": [],
            "health_check_id": "",
            "id": "Z0577510JJCMGIYZ7086__2887c024ef221b96b378e669c909a316.app.firstpointand.click_CNAME",
            "latency_routing_policy": [],
            "multivalue_answer_routing_policy": false,
            "name": "_2887c024ef221b96b378e669c909a316.app.firstpointand.click",
            "records": [
              "_23ca46f13d74766d91eaccf83d750666.jkddzztszm.acm-validations.aws."
            ],
            "set_identifier": "",
            "timeouts": null,
            "ttl": 6,
            "type": "CNAME",
            "weighted_routing_policy": [],
            "zone_id": "Z0577510JJCMGIYZ7086"
          },
          "sensitive_attributes": [],
          "identity_schema_version": 0,
          "identity": {
            "account_id": "975598471165",
            "name": "_2887c024ef221b96b378e669c909a316.app.firstpointand.click",
            "set_identifier": null,
            "type": "CNAME",
            "zone_id": "Z0577510JJCMGIYZ7086"
          },
          "private": "eyJlMmJmYjczMC1lY2FhLTExZTYtOGY4OC0zNDM2M2JjN2M0YzAiOnsiY3JlYXRlIjoxODAwMDAwMDAwMDAwLCJkZWxldGUiOjE4MDAwMDAwMDAwMDAsInVwZGF0ZSI6MTgwMDAwMDAwMDAwMH0sInNjaGVtYV92ZXJzaW9uIjoiMiJ9",
          "dependencies": [
            "aws_acm_certificate.armageddon_acm_cert01"
          ]
        }
      ]
    },
    {
      "mode": "managed",
      "type": "aws_route53_record",
      "name": "armageddon_cf_validation",
      "provider": "provider[\"registry.terraform.io/hashicorp/aws\"]",
      "instances": [
        {
          "index_key": "app.firstpointand.click",
          "schema_version": 2,
          "attributes": {
            "alias": [],
            "allow_overwrite": true,
            "cidr_routing_policy": [],
            "failover_routing_policy": [],
            "fqdn": "_2887c024ef221b96b378e669c909a316.app.firstpointand.click",
            "geolocation_routing_policy": [],
            "geoproximity_routing_policy": [],
            "health_check_id": "",
            "id": "Z0577510JJCMGIYZ7086__2887c024ef221b96b378e669c909a316.app.firstpointand.click_CNAME",
            "latency_routing_policy": [],
            "multivalue_answer_routing_policy": false,
            "name": "_2887c024ef221b96b378e669c909a316.app.firstpointand.click",
            "records": [
              "_23ca46f13d74766d91eaccf83d750666.jkddzztszm.acm-validations.aws."
            ],
            "set_identifier": "",
            "timeouts": null,
            "ttl": 60,
            "type": "CNAME",
            "weighted_routing_policy": [],
            "zone_id": "Z0577510JJCMGIYZ7086"
          },
          "sensitive_attributes": [],
          "identity_schema_version": 0,
          "identity": {
            "account_id": "975598471165",
            "name": "_2887c024ef221b96b378e669c909a316.app.firstpointand.click",
            "set_identifier": null,
            "type": "CNAME",
            "zone_id": "Z0577510JJCMGIYZ7086"
          },
          "private": "eyJlMmJmYjczMC1lY2FhLTExZTYtOGY4OC0zNDM2M2JjN2M0YzAiOnsiY3JlYXRlIjoxODAwMDAwMDAwMDAwLCJkZWxldGUiOjE4MDAwMDAwMDAwMDAsInVwZGF0ZSI6MTgwMDAwMDAwMDAwMH0sInNjaGVtYV92ZXJzaW9uIjoiMiJ9",
          "dependencies": [
            "aws_acm_certificate.armageddon_cf_cert01",
            "data.aws_route53_zone.armageddon_existing_zone01"
          ]
        },
        {
          "index_key": "firstpointand.click",
          "schema_version": 2,
          "attributes": {
            "alias": [],
            "allow_overwrite": true,
            "cidr_routing_policy": [],
            "failover_routing_policy": [],
            "fqdn": "_7f4672efd368aa32db37ec2fc438f094.firstpointand.click",
            "geolocation_routing_policy": [],
            "geoproximity_routing_policy": [],
            "health_check_id": "",
            "id": "Z0577510JJCMGIYZ7086__7f4672efd368aa32db37ec2fc438f094.firstpointand.click._CNAME",
            "latency_routing_policy": [],
            "multivalue_answer_routing_policy": false,
            "name": "_7f4672efd368aa32db37ec2fc438f094.firstpointand.click",
            "records": [
              "_d0f4114bd1d320cf604de04bb81b8875.jkddzztszm.acm-validations.aws."
            ],
            "set_identifier": "",
            "timeouts": null,
            "ttl": 60,
            "type": "CNAME",
            "weighted_routing_policy": [],
            "zone_id": "Z0577510JJCMGIYZ7086"
          },
          "sensitive_attributes": [],
          "identity_schema_version": 0,
          "identity": {
            "account_id": "975598471165",
            "name": "_7f4672efd368aa32db37ec2fc438f094.firstpointand.click",
            "set_identifier": null,
            "type": "CNAME",
            "zone_id": "Z0577510JJCMGIYZ7086"
          },
          "private": "eyJlMmJmYjczMC1lY2FhLTExZTYtOGY4OC0zNDM2M2JjN2M0YzAiOnsiY3JlYXRlIjoxODAwMDAwMDAwMDAwLCJkZWxldGUiOjE4MDAwMDAwMDAwMDAsInVwZGF0ZSI6MTgwMDAwMDAwMDAwMH0sInNjaGVtYV92ZXJzaW9uIjoiMiJ9",
          "dependencies": [
            "aws_acm_certificate.armageddon_cf_cert01",
            "data.aws_route53_zone.armageddon_existing_zone01"
          ]
        }
      ]
    },
    {
      "mode": "managed",
      "type": "aws_route53_record",
      "name": "chewbacca_apex_to_cf02",
      "provider": "provider[\"registry.terraform.io/hashicorp/aws\"]",
      "instances": [
        {
          "schema_version": 2,
          "attributes": {
            "alias": [
              {
                "evaluate_target_health": false,
                "name": "d2esc02k53yl8r.cloudfront.net",
                "zone_id": "Z2FDTNDATAQYW2"
              }
            ],
            "allow_overwrite": null,
            "cidr_routing_policy": [],
            "failover_routing_policy": [],
            "fqdn": "firstpointand.click",
            "geolocation_routing_policy": [],
            "geoproximity_routing_policy": [],
            "health_check_id": "",
            "id": "Z0577510JJCMGIYZ7086_firstpointand.click_A",
            "latency_routing_policy": [],
            "multivalue_answer_routing_policy": false,
            "name": "firstpointand.click",
            "records": [],
            "set_identifier": "",
            "timeouts": null,
            "ttl": 0,
            "type": "A",
            "weighted_routing_policy": [],
            "zone_id": "Z0577510JJCMGIYZ7086"
          },
          "sensitive_attributes": [],
          "identity_schema_version": 0,
          "identity": {
            "account_id": "975598471165",
            "name": "firstpointand.click",
            "set_identifier": null,
            "type": "A",
            "zone_id": "Z0577510JJCMGIYZ7086"
          },
          "private": "eyJlMmJmYjczMC1lY2FhLTExZTYtOGY4OC0zNDM2M2JjN2M0YzAiOnsiY3JlYXRlIjoxODAwMDAwMDAwMDAwLCJkZWxldGUiOjE4MDAwMDAwMDAwMDAsInVwZGF0ZSI6MTgwMDAwMDAwMDAwMH0sInNjaGVtYV92ZXJzaW9uIjoiMiJ9",
          "dependencies": [
            "aws_acm_certificate.armageddon_cf_cert01",
            "aws_cloudfront_cache_policy.armageddon_cache_api_disabled01",
            "aws_cloudfront_cache_policy.armageddon_cache_static01",
            "aws_cloudfront_distribution.armageddon_cf01",
            "aws_cloudfront_origin_request_policy.armageddon_orp_api01",
            "aws_cloudfront_origin_request_policy.armageddon_orp_static01",
            "aws_cloudfront_response_headers_policy.armageddon_rsp_static01",
            "aws_lb.armageddon_alb01",
            "aws_s3_bucket.armageddon_alb_logs_bucket01",
            "aws_security_group.armageddon_alb_sg01",
            "aws_subnet.armageddon_public_subnets",
            "aws_vpc.armageddon_vpc01",
            "aws_wafv2_web_acl.armageddon_cf_waf01",
            "data.aws_caller_identity.armageddon_self01",
            "data.aws_route53_zone.armageddon_existing_zone01",
            "random_password.armageddon_origin_header_value01"
          ]
        }
      ]
    },
    {
      "mode": "managed",
      "type": "aws_route53_record",
      "name": "chewbacca_app_to_cf02",
      "provider": "provider[\"registry.terraform.io/hashicorp/aws\"]",
      "instances": [
        {
          "schema_version": 2,
          "attributes": {
            "alias": [
              {
                "evaluate_target_health": false,
                "name": "d2esc02k53yl8r.cloudfront.net",
                "zone_id": "Z2FDTNDATAQYW2"
              }
            ],
            "allow_overwrite": null,
            "cidr_routing_policy": [],
            "failover_routing_policy": [],
            "fqdn": "app.firstpointand.click",
            "geolocation_routing_policy": [],
            "geoproximity_routing_policy": [],
            "health_check_id": "",
            "id": "Z0577510JJCMGIYZ7086_app.firstpointand.click_A",
            "latency_routing_policy": [],
            "multivalue_answer_routing_policy": false,
            "name": "app.firstpointand.click",
            "records": [],
            "set_identifier": "",
            "timeouts": null,
            "ttl": 0,
            "type": "A",
            "weighted_routing_policy": [],
            "zone_id": "Z0577510JJCMGIYZ7086"
          },
          "sensitive_attributes": [],
          "identity_schema_version": 0,
          "identity": {
            "account_id": "975598471165",
            "name": "app.firstpointand.click",
            "set_identifier": null,
            "type": "A",
            "zone_id": "Z0577510JJCMGIYZ7086"
          },
          "private": "eyJlMmJmYjczMC1lY2FhLTExZTYtOGY4OC0zNDM2M2JjN2M0YzAiOnsiY3JlYXRlIjoxODAwMDAwMDAwMDAwLCJkZWxldGUiOjE4MDAwMDAwMDAwMDAsInVwZGF0ZSI6MTgwMDAwMDAwMDAwMH0sInNjaGVtYV92ZXJzaW9uIjoiMiJ9",
          "dependencies": [
            "aws_acm_certificate.armageddon_cf_cert01",
            "aws_cloudfront_cache_policy.armageddon_cache_api_disabled01",
            "aws_cloudfront_cache_policy.armageddon_cache_static01",
            "aws_cloudfront_distribution.armageddon_cf01",
            "aws_cloudfront_origin_request_policy.armageddon_orp_api01",
            "aws_cloudfront_origin_request_policy.armageddon_orp_static01",
            "aws_cloudfront_response_headers_policy.armageddon_rsp_static01",
            "aws_lb.armageddon_alb01",
            "aws_s3_bucket.armageddon_alb_logs_bucket01",
            "aws_security_group.armageddon_alb_sg01",
            "aws_subnet.armageddon_public_subnets",
            "aws_vpc.armageddon_vpc01",
            "aws_wafv2_web_acl.armageddon_cf_waf01",
            "data.aws_caller_identity.armageddon_self01",
            "data.aws_route53_zone.armageddon_existing_zone01",
            "random_password.armageddon_origin_header_value01"
          ]
        }
      ]
    },
    {
      "mode": "managed",
      "type": "aws_route_table",
      "name": "armageddon_private_rt01",
      "provider": "provider[\"registry.terraform.io/hashicorp/aws\"]",
      "instances": [
        {
          "schema_version": 0,
          "attributes": {
            "arn": "arn:aws:ec2:us-east-1:975598471165:route-table/rtb-081e78a1d8089021b",
            "id": "rtb-081e78a1d8089021b",
            "owner_id": "975598471165",
            "propagating_vgws": [],
            "region": "us-east-1",
            "route": [
              {
                "carrier_gateway_id": "",
                "cidr_block": "0.0.0.0/0",
                "core_network_arn": "",
                "destination_prefix_list_id": "",
                "egress_only_gateway_id": "",
                "gateway_id": "",
                "ipv6_cidr_block": "",
                "local_gateway_id": "",
                "nat_gateway_id": "nat-0fa4c35314669591c",
                "network_interface_id": "",
                "transit_gateway_id": "",
                "vpc_endpoint_id": "",
                "vpc_peering_connection_id": ""
              }
            ],
            "tags": {
              "Name": "armageddon-final-private-rt01"
            },
            "tags_all": {
              "Name": "armageddon-final-private-rt01"
            },
            "timeouts": null,
            "vpc_id": "vpc-07ff25f8d3dc734e7"
          },
          "sensitive_attributes": [],
          "identity_schema_version": 0,
          "identity": {
            "account_id": "975598471165",
            "id": "rtb-081e78a1d8089021b",
            "region": "us-east-1"
          },
          "private": "eyJlMmJmYjczMC1lY2FhLTExZTYtOGY4OC0zNDM2M2JjN2M0YzAiOnsiY3JlYXRlIjozMDAwMDAwMDAwMDAsImRlbGV0ZSI6MzAwMDAwMDAwMDAwLCJ1cGRhdGUiOjEyMDAwMDAwMDAwMH19",
          "dependencies": [
            "aws_vpc.armageddon_vpc01"
          ]
        }
      ]
    },
    {
      "mode": "managed",
      "type": "aws_route_table",
      "name": "armageddon_public_rt01",
      "provider": "provider[\"registry.terraform.io/hashicorp/aws\"]",
      "instances": [
        {
          "schema_version": 0,
          "attributes": {
            "arn": "arn:aws:ec2:us-east-1:975598471165:route-table/rtb-07bc689c587d8ae8e",
            "id": "rtb-07bc689c587d8ae8e",
            "owner_id": "975598471165",
            "propagating_vgws": [],
            "region": "us-east-1",
            "route": [
              {
                "carrier_gateway_id": "",
                "cidr_block": "0.0.0.0/0",
                "core_network_arn": "",
                "destination_prefix_list_id": "",
                "egress_only_gateway_id": "",
                "gateway_id": "igw-0e6508a5899ddc98b",
                "ipv6_cidr_block": "",
                "local_gateway_id": "",
                "nat_gateway_id": "",
                "network_interface_id": "",
                "transit_gateway_id": "",
                "vpc_endpoint_id": "",
                "vpc_peering_connection_id": ""
              }
            ],
            "tags": {
              "Name": "armageddon-final-public-rt01"
            },
            "tags_all": {
              "Name": "armageddon-final-public-rt01"
            },
            "timeouts": null,
            "vpc_id": "vpc-07ff25f8d3dc734e7"
          },
          "sensitive_attributes": [],
          "identity_schema_version": 0,
          "identity": {
            "account_id": "975598471165",
            "id": "rtb-07bc689c587d8ae8e",
            "region": "us-east-1"
          },
          "private": "eyJlMmJmYjczMC1lY2FhLTExZTYtOGY4OC0zNDM2M2JjN2M0YzAiOnsiY3JlYXRlIjozMDAwMDAwMDAwMDAsImRlbGV0ZSI6MzAwMDAwMDAwMDAwLCJ1cGRhdGUiOjEyMDAwMDAwMDAwMH19",
          "dependencies": [
            "aws_vpc.armageddon_vpc01"
          ]
        }
      ]
    },
    {
      "mode": "managed",
      "type": "aws_route_table_association",
      "name": "armageddon_private_rta",
      "provider": "provider[\"registry.terraform.io/hashicorp/aws\"]",
      "instances": [
        {
          "index_key": 0,
          "schema_version": 0,
          "attributes": {
            "gateway_id": "",
            "id": "rtbassoc-040b114b51cb751af",
            "region": "us-east-1",
            "route_table_id": "rtb-081e78a1d8089021b",
            "subnet_id": "subnet-0c29066d0459eb902",
            "timeouts": null
          },
          "sensitive_attributes": [],
          "identity_schema_version": 0,
          "private": "eyJlMmJmYjczMC1lY2FhLTExZTYtOGY4OC0zNDM2M2JjN2M0YzAiOnsiY3JlYXRlIjozMDAwMDAwMDAwMDAsImRlbGV0ZSI6MzAwMDAwMDAwMDAwLCJ1cGRhdGUiOjEyMDAwMDAwMDAwMH19",
          "dependencies": [
            "aws_route_table.armageddon_private_rt01",
            "aws_subnet.armageddon_private_subnets",
            "aws_vpc.armageddon_vpc01"
          ]
        },
        {
          "index_key": 1,
          "schema_version": 0,
          "attributes": {
            "gateway_id": "",
            "id": "rtbassoc-0ae50549709287712",
            "region": "us-east-1",
            "route_table_id": "rtb-081e78a1d8089021b",
            "subnet_id": "subnet-0ba406a5a94419fc4",
            "timeouts": null
          },
          "sensitive_attributes": [],
          "identity_schema_version": 0,
          "private": "eyJlMmJmYjczMC1lY2FhLTExZTYtOGY4OC0zNDM2M2JjN2M0YzAiOnsiY3JlYXRlIjozMDAwMDAwMDAwMDAsImRlbGV0ZSI6MzAwMDAwMDAwMDAwLCJ1cGRhdGUiOjEyMDAwMDAwMDAwMH19",
          "dependencies": [
            "aws_route_table.armageddon_private_rt01",
            "aws_subnet.armageddon_private_subnets",
            "aws_vpc.armageddon_vpc01"
          ]
        }
      ]
    },
    {
      "mode": "managed",
      "type": "aws_route_table_association",
      "name": "armageddon_public_rta",
      "provider": "provider[\"registry.terraform.io/hashicorp/aws\"]",
      "instances": [
        {
          "index_key": 0,
          "schema_version": 0,
          "attributes": {
            "gateway_id": "",
            "id": "rtbassoc-0f3774587fee570cf",
            "region": "us-east-1",
            "route_table_id": "rtb-07bc689c587d8ae8e",
            "subnet_id": "subnet-0d84698c40b3b457a",
            "timeouts": null
          },
          "sensitive_attributes": [],
          "identity_schema_version": 0,
          "private": "eyJlMmJmYjczMC1lY2FhLTExZTYtOGY4OC0zNDM2M2JjN2M0YzAiOnsiY3JlYXRlIjozMDAwMDAwMDAwMDAsImRlbGV0ZSI6MzAwMDAwMDAwMDAwLCJ1cGRhdGUiOjEyMDAwMDAwMDAwMH19",
          "dependencies": [
            "aws_route_table.armageddon_public_rt01",
            "aws_subnet.armageddon_public_subnets",
            "aws_vpc.armageddon_vpc01"
          ]
        },
        {
          "index_key": 1,
          "schema_version": 0,
          "attributes": {
            "gateway_id": "",
            "id": "rtbassoc-0b16a07054ec7187c",
            "region": "us-east-1",
            "route_table_id": "rtb-07bc689c587d8ae8e",
            "subnet_id": "subnet-09944daeeae542918",
            "timeouts": null
          },
          "sensitive_attributes": [],
          "identity_schema_version": 0,
          "private": "eyJlMmJmYjczMC1lY2FhLTExZTYtOGY4OC0zNDM2M2JjN2M0YzAiOnsiY3JlYXRlIjozMDAwMDAwMDAwMDAsImRlbGV0ZSI6MzAwMDAwMDAwMDAwLCJ1cGRhdGUiOjEyMDAwMDAwMDAwMH19",
          "dependencies": [
            "aws_route_table.armageddon_public_rt01",
            "aws_subnet.armageddon_public_subnets",
            "aws_vpc.armageddon_vpc01"
          ]
        }
      ]
    },
    {
      "mode": "managed",
      "type": "aws_s3_bucket",
      "name": "armageddon_alb_logs_bucket01",
      "provider": "provider[\"registry.terraform.io/hashicorp/aws\"]",
      "instances": [
        {
          "index_key": 0,
          "schema_version": 0,
          "attributes": {
            "acceleration_status": "",
            "acl": null,
            "arn": "arn:aws:s3:::armageddon-final-alb-logs-975598471165",
            "bucket": "armageddon-final-alb-logs-975598471165",
            "bucket_domain_name": "armageddon-final-alb-logs-975598471165.s3.amazonaws.com",
            "bucket_prefix": "",
            "bucket_region": "us-east-1",
            "bucket_regional_domain_name": "armageddon-final-alb-logs-975598471165.s3.us-east-1.amazonaws.com",
            "cors_rule": [],
            "force_destroy": true,
            "grant": [
              {
                "id": "10ffb56bd53e89d5dd774e7e20af73e728079cb134c80ebeb23ebcf928c9b643",
                "permissions": [
                  "FULL_CONTROL"
                ],
                "type": "CanonicalUser",
                "uri": ""
              }
            ],
            "hosted_zone_id": "Z3AQBSTGFYJSTF",
            "id": "armageddon-final-alb-logs-975598471165",
            "lifecycle_rule": [],
            "logging": [],
            "object_lock_configuration": [],
            "object_lock_enabled": false,
            "policy": "{\"Statement\":[{\"Action\":\"s3:*\",\"Condition\":{\"Bool\":{\"aws:SecureTransport\":\"false\"}},\"Effect\":\"Deny\",\"Principal\":\"*\",\"Resource\":[\"arn:aws:s3:::armageddon-final-alb-logs-975598471165\",\"arn:aws:s3:::armageddon-final-alb-logs-975598471165/*\"],\"Sid\":\"DenyInsecureTransport\"},{\"Action\":\"s3:PutObject\",\"Effect\":\"Allow\",\"Principal\":{\"AWS\":\"arn:aws:iam::127311923021:root\"},\"Resource\":\"arn:aws:s3:::armageddon-final-alb-logs-975598471165/alb-access-logs/AWSLogs/975598471165/*\",\"Sid\":\"AllowELBWriteLogs\"}],\"Version\":\"2012-10-17\"}",
            "region": "us-east-1",
            "replication_configuration": [],
            "request_payer": "BucketOwner",
            "server_side_encryption_configuration": [
              {
                "rule": [
                  {
                    "apply_server_side_encryption_by_default": [
                      {
                        "kms_master_key_id": "",
                        "sse_algorithm": "AES256"
                      }
                    ],
                    "bucket_key_enabled": false
                  }
                ]
              }
            ],
            "tags": {
              "Name": "armageddon-final-alb-logs-bucket01"
            },
            "tags_all": {
              "Name": "armageddon-final-alb-logs-bucket01"
            },
            "timeouts": null,
            "versioning": [
              {
                "enabled": false,
                "mfa_delete": false
              }
            ],
            "website": [],
            "website_domain": null,
            "website_endpoint": null
          },
          "sensitive_attributes": [],
          "identity_schema_version": 0,
          "identity": {
            "account_id": "975598471165",
            "bucket": "armageddon-final-alb-logs-975598471165",
            "region": "us-east-1"
          },
          "private": "eyJlMmJmYjczMC1lY2FhLTExZTYtOGY4OC0zNDM2M2JjN2M0YzAiOnsiY3JlYXRlIjoxMjAwMDAwMDAwMDAwLCJkZWxldGUiOjM2MDAwMDAwMDAwMDAsInJlYWQiOjEyMDAwMDAwMDAwMDAsInVwZGF0ZSI6MTIwMDAwMDAwMDAwMH19",
          "dependencies": [
            "data.aws_caller_identity.armageddon_self01"
          ]
        }
      ]
    },
    {
      "mode": "managed",
      "type": "aws_s3_bucket_ownership_controls",
      "name": "armageddon_alb_logs_owner01",
      "provider": "provider[\"registry.terraform.io/hashicorp/aws\"]",
      "instances": [
        {
          "index_key": 0,
          "schema_version": 0,
          "attributes": {
            "bucket": "armageddon-final-alb-logs-975598471165",
            "id": "armageddon-final-alb-logs-975598471165",
            "region": "us-east-1",
            "rule": [
              {
                "object_ownership": "BucketOwnerPreferred"
              }
            ]
          },
          "sensitive_attributes": [],
          "identity_schema_version": 0,
          "identity": {
            "account_id": "975598471165",
            "bucket": "armageddon-final-alb-logs-975598471165",
            "region": "us-east-1"
          },
          "private": "bnVsbA==",
          "dependencies": [
            "aws_s3_bucket.armageddon_alb_logs_bucket01",
            "data.aws_caller_identity.armageddon_self01"
          ]
        }
      ]
    },
    {
      "mode": "managed",
      "type": "aws_s3_bucket_policy",
      "name": "armageddon_alb_logs_policy01",
      "provider": "provider[\"registry.terraform.io/hashicorp/aws\"]",
      "instances": [
        {
          "index_key": 0,
          "schema_version": 0,
          "attributes": {
            "bucket": "armageddon-final-alb-logs-975598471165",
            "id": "armageddon-final-alb-logs-975598471165",
            "policy": "{\"Statement\":[{\"Action\":\"s3:*\",\"Condition\":{\"Bool\":{\"aws:SecureTransport\":\"false\"}},\"Effect\":\"Deny\",\"Principal\":\"*\",\"Resource\":[\"arn:aws:s3:::armageddon-final-alb-logs-975598471165\",\"arn:aws:s3:::armageddon-final-alb-logs-975598471165/*\"],\"Sid\":\"DenyInsecureTransport\"},{\"Action\":\"s3:PutObject\",\"Effect\":\"Allow\",\"Principal\":{\"AWS\":\"arn:aws:iam::127311923021:root\"},\"Resource\":\"arn:aws:s3:::armageddon-final-alb-logs-975598471165/alb-access-logs/AWSLogs/975598471165/*\",\"Sid\":\"AllowELBWriteLogs\"}],\"Version\":\"2012-10-17\"}",
            "region": "us-east-1"
          },
          "sensitive_attributes": [],
          "identity_schema_version": 0,
          "identity": {
            "account_id": "975598471165",
            "bucket": "armageddon-final-alb-logs-975598471165",
            "region": "us-east-1"
          },
          "private": "bnVsbA==",
          "dependencies": [
            "aws_s3_bucket.armageddon_alb_logs_bucket01",
            "data.aws_caller_identity.armageddon_self01",
            "data.aws_elb_service_account.main"
          ]
        }
      ]
    },
    {
      "mode": "managed",
      "type": "aws_s3_bucket_public_access_block",
      "name": "armageddon_alb_logs_pab01",
      "provider": "provider[\"registry.terraform.io/hashicorp/aws\"]",
      "instances": [
        {
          "index_key": 0,
          "schema_version": 0,
          "attributes": {
            "block_public_acls": true,
            "block_public_policy": true,
            "bucket": "armageddon-final-alb-logs-975598471165",
            "id": "armageddon-final-alb-logs-975598471165",
            "ignore_public_acls": true,
            "region": "us-east-1",
            "restrict_public_buckets": true,
            "skip_destroy": null
          },
          "sensitive_attributes": [],
          "identity_schema_version": 0,
          "identity": {
            "account_id": "975598471165",
            "bucket": "armageddon-final-alb-logs-975598471165",
            "region": "us-east-1"
          },
          "private": "bnVsbA==",
          "dependencies": [
            "aws_s3_bucket.armageddon_alb_logs_bucket01",
            "data.aws_caller_identity.armageddon_self01"
          ]
        }
      ]
    },
    {
      "mode": "managed",
      "type": "aws_secretsmanager_secret",
      "name": "armageddon_db_secret01",
      "provider": "provider[\"registry.terraform.io/hashicorp/aws\"]",
      "instances": [
        {
          "schema_version": 0,
          "attributes": {
            "arn": "arn:aws:secretsmanager:us-east-1:975598471165:secret:armageddon-final/rds/mysql1-CGYDGw",
            "description": "",
            "force_overwrite_replica_secret": false,
            "id": "arn:aws:secretsmanager:us-east-1:975598471165:secret:armageddon-final/rds/mysql1-CGYDGw",
            "kms_key_id": "",
            "name": "armageddon-final/rds/mysql1",
            "name_prefix": "",
            "policy": "",
            "recovery_window_in_days": 0,
            "region": "us-east-1",
            "replica": [],
            "tags": {},
            "tags_all": {}
          },
          "sensitive_attributes": [],
          "identity_schema_version": 0,
          "identity": {
            "arn": "arn:aws:secretsmanager:us-east-1:975598471165:secret:armageddon-final/rds/mysql1-CGYDGw"
          },
          "private": "bnVsbA=="
        }
      ]
    },
    {
      "mode": "managed",
      "type": "aws_secretsmanager_secret_version",
      "name": "armageddon_db_secret_version01",
      "provider": "provider[\"registry.terraform.io/hashicorp/aws\"]",
      "instances": [
        {
          "schema_version": 0,
          "attributes": {
            "arn": "arn:aws:secretsmanager:us-east-1:975598471165:secret:armageddon-final/rds/mysql1-CGYDGw",
            "has_secret_string_wo": null,
            "id": "arn:aws:secretsmanager:us-east-1:975598471165:secret:armageddon-final/rds/mysql1-CGYDGw|terraform-20260208194032223400000012",
            "region": "us-east-1",
            "secret_binary": "",
            "secret_id": "arn:aws:secretsmanager:us-east-1:975598471165:secret:armageddon-final/rds/mysql1-CGYDGw",
            "secret_string": "{\"dbname\":\"labdb\",\"host\":\"armageddon-final-rds01.con8om0ygium.us-east-1.rds.amazonaws.com\",\"password\":\"armageddon!\",\"port\":3306,\"username\":\"admin\"}",
            "secret_string_wo": null,
            "secret_string_wo_version": null,
            "version_id": "terraform-20260208194032223400000012",
            "version_stages": [
              "AWSCURRENT"
            ]
          },
          "sensitive_attributes": [
            [
              {
                "type": "get_attr",
                "value": "secret_binary"
              }
            ],
            [
              {
                "type": "get_attr",
                "value": "secret_string"
              }
            ],
            [
              {
                "type": "get_attr",
                "value": "secret_string_wo"
              }
            ]
          ],
          "identity_schema_version": 0,
          "identity": {
            "account_id": "975598471165",
            "region": "us-east-1",
            "secret_id": "arn:aws:secretsmanager:us-east-1:975598471165:secret:armageddon-final/rds/mysql1-CGYDGw",
            "version_id": "terraform-20260208194032223400000012"
          },
          "private": "bnVsbA==",
          "dependencies": [
            "aws_db_instance.armageddon_rds01",
            "aws_db_subnet_group.armageddon_rds_subnet_group01",
            "aws_secretsmanager_secret.armageddon_db_secret01",
            "aws_security_group.armageddon_ec2_sg01",
            "aws_security_group.armageddon_rds_sg01",
            "aws_subnet.armageddon_private_subnets",
            "aws_vpc.armageddon_vpc01"
          ]
        }
      ]
    },
    {
      "mode": "managed",
      "type": "aws_security_group",
      "name": "armageddon_alb_sg01",
      "provider": "provider[\"registry.terraform.io/hashicorp/aws\"]",
      "instances": [
        {
          "schema_version": 1,
          "attributes": {
            "arn": "arn:aws:ec2:us-east-1:975598471165:security-group/sg-094d4cdb55b5a4e53",
            "description": "ALB security group",
            "egress": [
              {
                "cidr_blocks": [
                  "0.0.0.0/0"
                ],
                "description": "Allow outbound to target group (usually 80) to private network",
                "from_port": 0,
                "ipv6_cidr_blocks": [],
                "prefix_list_ids": [],
                "protocol": "-1",
                "security_groups": [],
                "self": false,
                "to_port": 0
              }
            ],
            "id": "sg-094d4cdb55b5a4e53",
            "ingress": [
              {
                "cidr_blocks": [],
                "description": "",
                "from_port": 443,
                "ipv6_cidr_blocks": [],
                "prefix_list_ids": [
                  "pl-3b927c52"
                ],
                "protocol": "tcp",
                "security_groups": [],
                "self": false,
                "to_port": 443
              }
            ],
            "name": "armageddon-final-alb-sg01",
            "name_prefix": "",
            "owner_id": "975598471165",
            "region": "us-east-1",
            "revoke_rules_on_delete": false,
            "tags": {
              "Name": "armageddon-final-alb-sg01"
            },
            "tags_all": {
              "Name": "armageddon-final-alb-sg01"
            },
            "timeouts": null,
            "vpc_id": "vpc-07ff25f8d3dc734e7"
          },
          "sensitive_attributes": [],
          "identity_schema_version": 0,
          "identity": {
            "account_id": "975598471165",
            "id": "sg-094d4cdb55b5a4e53",
            "region": "us-east-1"
          },
          "private": "eyJlMmJmYjczMC1lY2FhLTExZTYtOGY4OC0zNDM2M2JjN2M0YzAiOnsiY3JlYXRlIjo2MDAwMDAwMDAwMDAsImRlbGV0ZSI6OTAwMDAwMDAwMDAwfSwic2NoZW1hX3ZlcnNpb24iOiIxIn0=",
          "dependencies": [
            "aws_vpc.armageddon_vpc01"
          ]
        }
      ]
    },
    {
      "mode": "managed",
      "type": "aws_security_group",
      "name": "armageddon_ec2_sg01",
      "provider": "provider[\"registry.terraform.io/hashicorp/aws\"]",
      "instances": [
        {
          "schema_version": 1,
          "attributes": {
            "arn": "arn:aws:ec2:us-east-1:975598471165:security-group/sg-031f0f736f7446c45",
            "description": "EC2 app security group",
            "egress": [
              {
                "cidr_blocks": [
                  "0.0.0.0/0"
                ],
                "description": "",
                "from_port": 0,
                "ipv6_cidr_blocks": [],
                "prefix_list_ids": [],
                "protocol": "-1",
                "security_groups": [],
                "self": false,
                "to_port": 0
              }
            ],
            "id": "sg-031f0f736f7446c45",
            "ingress": [
              {
                "cidr_blocks": [
                  "0.0.0.0/0"
                ],
                "description": null,
                "from_port": 0,
                "ipv6_cidr_blocks": [],
                "prefix_list_ids": [],
                "protocol": "-1",
                "security_groups": [],
                "self": false,
                "to_port": 0
              }
            ],
            "name": "armageddon-final-ec2-sg01",
            "name_prefix": "",
            "owner_id": "975598471165",
            "region": "us-east-1",
            "revoke_rules_on_delete": false,
            "tags": {
              "Name": "armageddon-final-ec2-sg01"
            },
            "tags_all": {
              "Name": "armageddon-final-ec2-sg01"
            },
            "timeouts": null,
            "vpc_id": "vpc-07ff25f8d3dc734e7"
          },
          "sensitive_attributes": [],
          "identity_schema_version": 0,
          "identity": {
            "account_id": "975598471165",
            "id": "sg-031f0f736f7446c45",
            "region": "us-east-1"
          },
          "private": "eyJlMmJmYjczMC1lY2FhLTExZTYtOGY4OC0zNDM2M2JjN2M0YzAiOnsiY3JlYXRlIjo2MDAwMDAwMDAwMDAsImRlbGV0ZSI6OTAwMDAwMDAwMDAwfSwic2NoZW1hX3ZlcnNpb24iOiIxIn0=",
          "dependencies": [
            "aws_vpc.armageddon_vpc01"
          ]
        }
      ]
    },
    {
      "mode": "managed",
      "type": "aws_security_group",
      "name": "armageddon_rds_sg01",
      "provider": "provider[\"registry.terraform.io/hashicorp/aws\"]",
      "instances": [
        {
          "schema_version": 1,
          "attributes": {
            "arn": "arn:aws:ec2:us-east-1:975598471165:security-group/sg-09abd6e6fab61c11b",
            "description": "RDS security group",
            "egress": [
              {
                "cidr_blocks": [
                  "0.0.0.0/0"
                ],
                "description": "",
                "from_port": 0,
                "ipv6_cidr_blocks": [],
                "prefix_list_ids": [],
                "protocol": "-1",
                "security_groups": [],
                "self": false,
                "to_port": 0
              }
            ],
            "id": "sg-09abd6e6fab61c11b",
            "ingress": [
              {
                "cidr_blocks": [],
                "description": "MYSQL",
                "from_port": 3306,
                "ipv6_cidr_blocks": [],
                "prefix_list_ids": [],
                "protocol": "tcp",
                "security_groups": [
                  "sg-031f0f736f7446c45"
                ],
                "self": false,
                "to_port": 3306
              }
            ],
            "name": "armageddon-final-rds-sg01",
            "name_prefix": "",
            "owner_id": "975598471165",
            "region": "us-east-1",
            "revoke_rules_on_delete": false,
            "tags": {
              "Name": "armageddon-final-rds-sg01"
            },
            "tags_all": {
              "Name": "armageddon-final-rds-sg01"
            },
            "timeouts": null,
            "vpc_id": "vpc-07ff25f8d3dc734e7"
          },
          "sensitive_attributes": [],
          "identity_schema_version": 0,
          "identity": {
            "account_id": "975598471165",
            "id": "sg-09abd6e6fab61c11b",
            "region": "us-east-1"
          },
          "private": "eyJlMmJmYjczMC1lY2FhLTExZTYtOGY4OC0zNDM2M2JjN2M0YzAiOnsiY3JlYXRlIjo2MDAwMDAwMDAwMDAsImRlbGV0ZSI6OTAwMDAwMDAwMDAwfSwic2NoZW1hX3ZlcnNpb24iOiIxIn0=",
          "dependencies": [
            "aws_security_group.armageddon_ec2_sg01",
            "aws_vpc.armageddon_vpc01"
          ]
        }
      ]
    },
    {
      "mode": "managed",
      "type": "aws_security_group",
      "name": "armageddon_vpce_sg01",
      "provider": "provider[\"registry.terraform.io/hashicorp/aws\"]",
      "instances": [
        {
          "schema_version": 1,
          "attributes": {
            "arn": "arn:aws:ec2:us-east-1:975598471165:security-group/sg-09d1bd37a76ab5484",
            "description": "SG for VPC Interface Endpoints",
            "egress": [],
            "id": "sg-09d1bd37a76ab5484",
            "ingress": [
              {
                "cidr_blocks": [],
                "description": "Allow HTTPS from EC2 SG",
                "from_port": 443,
                "ipv6_cidr_blocks": [],
                "prefix_list_ids": [],
                "protocol": "tcp",
                "security_groups": [
                  "sg-031f0f736f7446c45"
                ],
                "self": false,
                "to_port": 443
              }
            ],
            "name": "armageddon-final-vpce-sg01",
            "name_prefix": "",
            "owner_id": "975598471165",
            "region": "us-east-1",
            "revoke_rules_on_delete": false,
            "tags": {
              "Name": "armageddon-final-vpce-sg01"
            },
            "tags_all": {
              "Name": "armageddon-final-vpce-sg01"
            },
            "timeouts": null,
            "vpc_id": "vpc-07ff25f8d3dc734e7"
          },
          "sensitive_attributes": [],
          "identity_schema_version": 0,
          "identity": {
            "account_id": "975598471165",
            "id": "sg-09d1bd37a76ab5484",
            "region": "us-east-1"
          },
          "private": "eyJlMmJmYjczMC1lY2FhLTExZTYtOGY4OC0zNDM2M2JjN2M0YzAiOnsiY3JlYXRlIjo2MDAwMDAwMDAwMDAsImRlbGV0ZSI6OTAwMDAwMDAwMDAwfSwic2NoZW1hX3ZlcnNpb24iOiIxIn0=",
          "dependencies": [
            "aws_vpc.armageddon_vpc01"
          ]
        }
      ]
    },
    {
      "mode": "managed",
      "type": "aws_security_group_rule",
      "name": "armageddon_alb_ingress_cf44301",
      "provider": "provider[\"registry.terraform.io/hashicorp/aws\"]",
      "instances": [
        {
          "schema_version": 2,
          "attributes": {
            "cidr_blocks": null,
            "description": null,
            "from_port": 443,
            "id": "sgrule-2339571504",
            "ipv6_cidr_blocks": null,
            "prefix_list_ids": [
              "pl-3b927c52"
            ],
            "protocol": "tcp",
            "region": "us-east-1",
            "security_group_id": "sg-094d4cdb55b5a4e53",
            "security_group_rule_id": "sgr-06a80cbcd3ecab2cd",
            "self": false,
            "source_security_group_id": null,
            "timeouts": null,
            "to_port": 443,
            "type": "ingress"
          },
          "sensitive_attributes": [],
          "identity_schema_version": 0,
          "private": "eyJlMmJmYjczMC1lY2FhLTExZTYtOGY4OC0zNDM2M2JjN2M0YzAiOnsiY3JlYXRlIjozMDAwMDAwMDAwMDB9LCJzY2hlbWFfdmVyc2lvbiI6IjIifQ==",
          "dependencies": [
            "aws_security_group.armageddon_alb_sg01",
            "aws_vpc.armageddon_vpc01",
            "data.aws_ec2_managed_prefix_list.armageddon_cf_origin_facing01"
          ]
        }
      ]
    },
    {
      "mode": "managed",
      "type": "aws_security_group_rule",
      "name": "armageddon_ec2_ingress_from_alb01",
      "provider": "provider[\"registry.terraform.io/hashicorp/aws\"]",
      "instances": [
        {
          "schema_version": 2,
          "attributes": {
            "cidr_blocks": null,
            "description": null,
            "from_port": 80,
            "id": "sgrule-4227096911",
            "ipv6_cidr_blocks": null,
            "prefix_list_ids": null,
            "protocol": "tcp",
            "region": "us-east-1",
            "security_group_id": "sg-031f0f736f7446c45",
            "security_group_rule_id": "sgr-0384b6a51e144ab89",
            "self": false,
            "source_security_group_id": "sg-094d4cdb55b5a4e53",
            "timeouts": null,
            "to_port": 80,
            "type": "ingress"
          },
          "sensitive_attributes": [],
          "identity_schema_version": 0,
          "private": "eyJlMmJmYjczMC1lY2FhLTExZTYtOGY4OC0zNDM2M2JjN2M0YzAiOnsiY3JlYXRlIjozMDAwMDAwMDAwMDB9LCJzY2hlbWFfdmVyc2lvbiI6IjIifQ==",
          "dependencies": [
            "aws_security_group.armageddon_alb_sg01",
            "aws_security_group.armageddon_ec2_sg01",
            "aws_vpc.armageddon_vpc01"
          ]
        }
      ]
    },
    {
      "mode": "managed",
      "type": "aws_security_group_rule",
      "name": "armageddon_vpce_sg01_ingress_https_from_ec2",
      "provider": "provider[\"registry.terraform.io/hashicorp/aws\"]",
      "instances": [
        {
          "schema_version": 2,
          "attributes": {
            "cidr_blocks": null,
            "description": "Allow HTTPS from EC2 SG",
            "from_port": 443,
            "id": "sgrule-3249217370",
            "ipv6_cidr_blocks": null,
            "prefix_list_ids": null,
            "protocol": "tcp",
            "region": "us-east-1",
            "security_group_id": "sg-09d1bd37a76ab5484",
            "security_group_rule_id": "sgr-0ad6581049403e503",
            "self": false,
            "source_security_group_id": "sg-031f0f736f7446c45",
            "timeouts": null,
            "to_port": 443,
            "type": "ingress"
          },
          "sensitive_attributes": [],
          "identity_schema_version": 0,
          "private": "eyJlMmJmYjczMC1lY2FhLTExZTYtOGY4OC0zNDM2M2JjN2M0YzAiOnsiY3JlYXRlIjozMDAwMDAwMDAwMDB9LCJzY2hlbWFfdmVyc2lvbiI6IjIifQ==",
          "dependencies": [
            "aws_security_group.armageddon_ec2_sg01",
            "aws_security_group.armageddon_vpce_sg01",
            "aws_vpc.armageddon_vpc01"
          ]
        }
      ]
    },
    {
      "mode": "managed",
      "type": "aws_sns_topic",
      "name": "armageddon_sns_topic01",
      "provider": "provider[\"registry.terraform.io/hashicorp/aws\"]",
      "instances": [
        {
          "schema_version": 0,
          "attributes": {
            "application_failure_feedback_role_arn": "",
            "application_success_feedback_role_arn": "",
            "application_success_feedback_sample_rate": 0,
            "archive_policy": "",
            "arn": "arn:aws:sns:us-east-1:975598471165:armageddon-final-db-incidents",
            "beginning_archive_time": "",
            "content_based_deduplication": false,
            "delivery_policy": "",
            "display_name": "",
            "fifo_throughput_scope": "",
            "fifo_topic": false,
            "firehose_failure_feedback_role_arn": "",
            "firehose_success_feedback_role_arn": "",
            "firehose_success_feedback_sample_rate": 0,
            "http_failure_feedback_role_arn": "",
            "http_success_feedback_role_arn": "",
            "http_success_feedback_sample_rate": 0,
            "id": "arn:aws:sns:us-east-1:975598471165:armageddon-final-db-incidents",
            "kms_master_key_id": "",
            "lambda_failure_feedback_role_arn": "",
            "lambda_success_feedback_role_arn": "",
            "lambda_success_feedback_sample_rate": 0,
            "name": "armageddon-final-db-incidents",
            "name_prefix": "",
            "owner": "975598471165",
            "policy": "{\"Id\":\"__default_policy_ID\",\"Statement\":[{\"Action\":[\"SNS:GetTopicAttributes\",\"SNS:SetTopicAttributes\",\"SNS:AddPermission\",\"SNS:RemovePermission\",\"SNS:DeleteTopic\",\"SNS:Subscribe\",\"SNS:ListSubscriptionsByTopic\",\"SNS:Publish\"],\"Condition\":{\"StringEquals\":{\"AWS:SourceOwner\":\"975598471165\"}},\"Effect\":\"Allow\",\"Principal\":{\"AWS\":\"*\"},\"Resource\":\"arn:aws:sns:us-east-1:975598471165:armageddon-final-db-incidents\",\"Sid\":\"__default_statement_ID\"}],\"Version\":\"2008-10-17\"}",
            "region": "us-east-1",
            "signature_version": 0,
            "sqs_failure_feedback_role_arn": "",
            "sqs_success_feedback_role_arn": "",
            "sqs_success_feedback_sample_rate": 0,
            "tags": {},
            "tags_all": {},
            "tracing_config": ""
          },
          "sensitive_attributes": [],
          "identity_schema_version": 0,
          "identity": {
            "arn": "arn:aws:sns:us-east-1:975598471165:armageddon-final-db-incidents"
          },
          "private": "bnVsbA=="
        }
      ]
    },
    {
      "mode": "managed",
      "type": "aws_sns_topic_subscription",
      "name": "armageddon_sns_sub01",
      "provider": "provider[\"registry.terraform.io/hashicorp/aws\"]",
      "instances": [
        {
          "schema_version": 0,
          "attributes": {
            "arn": "arn:aws:sns:us-east-1:975598471165:armageddon-final-db-incidents:42988d9b-076c-4915-9e8f-10fb7680ea70",
            "confirmation_timeout_in_minutes": 1,
            "confirmation_was_authenticated": false,
            "delivery_policy": "",
            "endpoint": "jorune.simpkins@gmail.com",
            "endpoint_auto_confirms": false,
            "filter_policy": "",
            "filter_policy_scope": "",
            "id": "arn:aws:sns:us-east-1:975598471165:armageddon-final-db-incidents:42988d9b-076c-4915-9e8f-10fb7680ea70",
            "owner_id": "975598471165",
            "pending_confirmation": true,
            "protocol": "email",
            "raw_message_delivery": false,
            "redrive_policy": "",
            "region": "us-east-1",
            "replay_policy": "",
            "subscription_role_arn": "",
            "topic_arn": "arn:aws:sns:us-east-1:975598471165:armageddon-final-db-incidents"
          },
          "sensitive_attributes": [],
          "identity_schema_version": 0,
          "identity": {
            "arn": "arn:aws:sns:us-east-1:975598471165:armageddon-final-db-incidents:42988d9b-076c-4915-9e8f-10fb7680ea70"
          },
          "private": "bnVsbA==",
          "dependencies": [
            "aws_sns_topic.armageddon_sns_topic01"
          ]
        }
      ]
    },
    {
      "mode": "managed",
      "type": "aws_ssm_parameter",
      "name": "armageddon_db_endpoint_param",
      "provider": "provider[\"registry.terraform.io/hashicorp/aws\"]",
      "instances": [
        {
          "schema_version": 0,
          "attributes": {
            "allowed_pattern": "",
            "arn": "arn:aws:ssm:us-east-1:975598471165:parameter/lab/db/endpoint",
            "data_type": "text",
            "description": "",
            "has_value_wo": false,
            "id": "/lab/db/endpoint",
            "insecure_value": null,
            "key_id": "",
            "name": "/lab/db/endpoint",
            "overwrite": null,
            "region": "us-east-1",
            "tags": {
              "Name": "armageddon-final-param-db-endpoint"
            },
            "tags_all": {
              "Name": "armageddon-final-param-db-endpoint"
            },
            "tier": "Standard",
            "type": "String",
            "value": "armageddon-final-rds01.con8om0ygium.us-east-1.rds.amazonaws.com",
            "value_wo": null,
            "value_wo_version": null,
            "version": 1
          },
          "sensitive_attributes": [
            [
              {
                "type": "get_attr",
                "value": "value"
              }
            ],
            [
              {
                "type": "get_attr",
                "value": "value_wo"
              }
            ]
          ],
          "identity_schema_version": 0,
          "identity": {
            "account_id": "975598471165",
            "name": "/lab/db/endpoint",
            "region": "us-east-1"
          },
          "private": "bnVsbA==",
          "dependencies": [
            "aws_db_instance.armageddon_rds01",
            "aws_db_subnet_group.armageddon_rds_subnet_group01",
            "aws_security_group.armageddon_ec2_sg01",
            "aws_security_group.armageddon_rds_sg01",
            "aws_subnet.armageddon_private_subnets",
            "aws_vpc.armageddon_vpc01"
          ]
        }
      ]
    },
    {
      "mode": "managed",
      "type": "aws_ssm_parameter",
      "name": "armageddon_db_name_param",
      "provider": "provider[\"registry.terraform.io/hashicorp/aws\"]",
      "instances": [
        {
          "schema_version": 0,
          "attributes": {
            "allowed_pattern": "",
            "arn": "arn:aws:ssm:us-east-1:975598471165:parameter/lab/db/name",
            "data_type": "text",
            "description": "",
            "has_value_wo": false,
            "id": "/lab/db/name",
            "insecure_value": null,
            "key_id": "",
            "name": "/lab/db/name",
            "overwrite": null,
            "region": "us-east-1",
            "tags": {
              "Name": "armageddon-final-param-db-name"
            },
            "tags_all": {
              "Name": "armageddon-final-param-db-name"
            },
            "tier": "Standard",
            "type": "String",
            "value": "labdb",
            "value_wo": null,
            "value_wo_version": null,
            "version": 1
          },
          "sensitive_attributes": [
            [
              {
                "type": "get_attr",
                "value": "value"
              }
            ],
            [
              {
                "type": "get_attr",
                "value": "value_wo"
              }
            ]
          ],
          "identity_schema_version": 0,
          "identity": {
            "account_id": "975598471165",
            "name": "/lab/db/name",
            "region": "us-east-1"
          },
          "private": "bnVsbA=="
        }
      ]
    },
    {
      "mode": "managed",
      "type": "aws_ssm_parameter",
      "name": "armageddon_db_port_param",
      "provider": "provider[\"registry.terraform.io/hashicorp/aws\"]",
      "instances": [
        {
          "schema_version": 0,
          "attributes": {
            "allowed_pattern": "",
            "arn": "arn:aws:ssm:us-east-1:975598471165:parameter/lab/db/port",
            "data_type": "text",
            "description": "",
            "has_value_wo": false,
            "id": "/lab/db/port",
            "insecure_value": null,
            "key_id": "",
            "name": "/lab/db/port",
            "overwrite": null,
            "region": "us-east-1",
            "tags": {
              "Name": "armageddon-final-param-db-port"
            },
            "tags_all": {
              "Name": "armageddon-final-param-db-port"
            },
            "tier": "Standard",
            "type": "String",
            "value": "3306",
            "value_wo": null,
            "value_wo_version": null,
            "version": 1
          },
          "sensitive_attributes": [
            [
              {
                "type": "get_attr",
                "value": "value"
              }
            ],
            [
              {
                "type": "get_attr",
                "value": "value_wo"
              }
            ]
          ],
          "identity_schema_version": 0,
          "identity": {
            "account_id": "975598471165",
            "name": "/lab/db/port",
            "region": "us-east-1"
          },
          "private": "bnVsbA==",
          "dependencies": [
            "aws_db_instance.armageddon_rds01",
            "aws_db_subnet_group.armageddon_rds_subnet_group01",
            "aws_security_group.armageddon_ec2_sg01",
            "aws_security_group.armageddon_rds_sg01",
            "aws_subnet.armageddon_private_subnets",
            "aws_vpc.armageddon_vpc01"
          ]
        }
      ]
    },
    {
      "mode": "managed",
      "type": "aws_subnet",
      "name": "armageddon_private_subnets",
      "provider": "provider[\"registry.terraform.io/hashicorp/aws\"]",
      "instances": [
        {
          "index_key": 0,
          "schema_version": 1,
          "attributes": {
            "arn": "arn:aws:ec2:us-east-1:975598471165:subnet/subnet-0c29066d0459eb902",
            "assign_ipv6_address_on_creation": false,
            "availability_zone": "us-east-1a",
            "availability_zone_id": "use1-az1",
            "cidr_block": "10.108.101.0/24",
            "customer_owned_ipv4_pool": "",
            "enable_dns64": false,
            "enable_lni_at_device_index": 0,
            "enable_resource_name_dns_a_record_on_launch": false,
            "enable_resource_name_dns_aaaa_record_on_launch": false,
            "id": "subnet-0c29066d0459eb902",
            "ipv4_ipam_pool_id": null,
            "ipv4_netmask_length": null,
            "ipv6_cidr_block": "",
            "ipv6_cidr_block_association_id": "",
            "ipv6_ipam_pool_id": null,
            "ipv6_native": false,
            "ipv6_netmask_length": null,
            "map_customer_owned_ip_on_launch": false,
            "map_public_ip_on_launch": false,
            "outpost_arn": "",
            "owner_id": "975598471165",
            "private_dns_hostname_type_on_launch": "ip-name",
            "region": "us-east-1",
            "tags": {
              "Name": "armageddon-final-private-subnet01"
            },
            "tags_all": {
              "Name": "armageddon-final-private-subnet01"
            },
            "timeouts": null,
            "vpc_id": "vpc-07ff25f8d3dc734e7"
          },
          "sensitive_attributes": [],
          "identity_schema_version": 0,
          "identity": {
            "account_id": "975598471165",
            "id": "subnet-0c29066d0459eb902",
            "region": "us-east-1"
          },
          "private": "eyJlMmJmYjczMC1lY2FhLTExZTYtOGY4OC0zNDM2M2JjN2M0YzAiOnsiY3JlYXRlIjo2MDAwMDAwMDAwMDAsImRlbGV0ZSI6MTIwMDAwMDAwMDAwMH0sInNjaGVtYV92ZXJzaW9uIjoiMSJ9",
          "dependencies": [
            "aws_vpc.armageddon_vpc01"
          ]
        },
        {
          "index_key": 1,
          "schema_version": 1,
          "attributes": {
            "arn": "arn:aws:ec2:us-east-1:975598471165:subnet/subnet-0ba406a5a94419fc4",
            "assign_ipv6_address_on_creation": false,
            "availability_zone": "us-east-1b",
            "availability_zone_id": "use1-az2",
            "cidr_block": "10.108.102.0/24",
            "customer_owned_ipv4_pool": "",
            "enable_dns64": false,
            "enable_lni_at_device_index": 0,
            "enable_resource_name_dns_a_record_on_launch": false,
            "enable_resource_name_dns_aaaa_record_on_launch": false,
            "id": "subnet-0ba406a5a94419fc4",
            "ipv4_ipam_pool_id": null,
            "ipv4_netmask_length": null,
            "ipv6_cidr_block": "",
            "ipv6_cidr_block_association_id": "",
            "ipv6_ipam_pool_id": null,
            "ipv6_native": false,
            "ipv6_netmask_length": null,
            "map_customer_owned_ip_on_launch": false,
            "map_public_ip_on_launch": false,
            "outpost_arn": "",
            "owner_id": "975598471165",
            "private_dns_hostname_type_on_launch": "ip-name",
            "region": "us-east-1",
            "tags": {
              "Name": "armageddon-final-private-subnet02"
            },
            "tags_all": {
              "Name": "armageddon-final-private-subnet02"
            },
            "timeouts": null,
            "vpc_id": "vpc-07ff25f8d3dc734e7"
          },
          "sensitive_attributes": [],
          "identity_schema_version": 0,
          "identity": {
            "account_id": "975598471165",
            "id": "subnet-0ba406a5a94419fc4",
            "region": "us-east-1"
          },
          "private": "eyJlMmJmYjczMC1lY2FhLTExZTYtOGY4OC0zNDM2M2JjN2M0YzAiOnsiY3JlYXRlIjo2MDAwMDAwMDAwMDAsImRlbGV0ZSI6MTIwMDAwMDAwMDAwMH0sInNjaGVtYV92ZXJzaW9uIjoiMSJ9",
          "dependencies": [
            "aws_vpc.armageddon_vpc01"
          ]
        }
      ]
    },
    {
      "mode": "managed",
      "type": "aws_subnet",
      "name": "armageddon_public_subnets",
      "provider": "provider[\"registry.terraform.io/hashicorp/aws\"]",
      "instances": [
        {
          "index_key": 0,
          "schema_version": 1,
          "attributes": {
            "arn": "arn:aws:ec2:us-east-1:975598471165:subnet/subnet-0d84698c40b3b457a",
            "assign_ipv6_address_on_creation": false,
            "availability_zone": "us-east-1a",
            "availability_zone_id": "use1-az1",
            "cidr_block": "10.108.1.0/24",
            "customer_owned_ipv4_pool": "",
            "enable_dns64": false,
            "enable_lni_at_device_index": 0,
            "enable_resource_name_dns_a_record_on_launch": false,
            "enable_resource_name_dns_aaaa_record_on_launch": false,
            "id": "subnet-0d84698c40b3b457a",
            "ipv4_ipam_pool_id": null,
            "ipv4_netmask_length": null,
            "ipv6_cidr_block": "",
            "ipv6_cidr_block_association_id": "",
            "ipv6_ipam_pool_id": null,
            "ipv6_native": false,
            "ipv6_netmask_length": null,
            "map_customer_owned_ip_on_launch": false,
            "map_public_ip_on_launch": true,
            "outpost_arn": "",
            "owner_id": "975598471165",
            "private_dns_hostname_type_on_launch": "ip-name",
            "region": "us-east-1",
            "tags": {
              "Name": "armageddon-final-public-subnet01"
            },
            "tags_all": {
              "Name": "armageddon-final-public-subnet01"
            },
            "timeouts": null,
            "vpc_id": "vpc-07ff25f8d3dc734e7"
          },
          "sensitive_attributes": [],
          "identity_schema_version": 0,
          "identity": {
            "account_id": "975598471165",
            "id": "subnet-0d84698c40b3b457a",
            "region": "us-east-1"
          },
          "private": "eyJlMmJmYjczMC1lY2FhLTExZTYtOGY4OC0zNDM2M2JjN2M0YzAiOnsiY3JlYXRlIjo2MDAwMDAwMDAwMDAsImRlbGV0ZSI6MTIwMDAwMDAwMDAwMH0sInNjaGVtYV92ZXJzaW9uIjoiMSJ9",
          "dependencies": [
            "aws_vpc.armageddon_vpc01"
          ]
        },
        {
          "index_key": 1,
          "schema_version": 1,
          "attributes": {
            "arn": "arn:aws:ec2:us-east-1:975598471165:subnet/subnet-09944daeeae542918",
            "assign_ipv6_address_on_creation": false,
            "availability_zone": "us-east-1b",
            "availability_zone_id": "use1-az2",
            "cidr_block": "10.108.2.0/24",
            "customer_owned_ipv4_pool": "",
            "enable_dns64": false,
            "enable_lni_at_device_index": 0,
            "enable_resource_name_dns_a_record_on_launch": false,
            "enable_resource_name_dns_aaaa_record_on_launch": false,
            "id": "subnet-09944daeeae542918",
            "ipv4_ipam_pool_id": null,
            "ipv4_netmask_length": null,
            "ipv6_cidr_block": "",
            "ipv6_cidr_block_association_id": "",
            "ipv6_ipam_pool_id": null,
            "ipv6_native": false,
            "ipv6_netmask_length": null,
            "map_customer_owned_ip_on_launch": false,
            "map_public_ip_on_launch": true,
            "outpost_arn": "",
            "owner_id": "975598471165",
            "private_dns_hostname_type_on_launch": "ip-name",
            "region": "us-east-1",
            "tags": {
              "Name": "armageddon-final-public-subnet02"
            },
            "tags_all": {
              "Name": "armageddon-final-public-subnet02"
            },
            "timeouts": null,
            "vpc_id": "vpc-07ff25f8d3dc734e7"
          },
          "sensitive_attributes": [],
          "identity_schema_version": 0,
          "identity": {
            "account_id": "975598471165",
            "id": "subnet-09944daeeae542918",
            "region": "us-east-1"
          },
          "private": "eyJlMmJmYjczMC1lY2FhLTExZTYtOGY4OC0zNDM2M2JjN2M0YzAiOnsiY3JlYXRlIjo2MDAwMDAwMDAwMDAsImRlbGV0ZSI6MTIwMDAwMDAwMDAwMH0sInNjaGVtYV92ZXJzaW9uIjoiMSJ9",
          "dependencies": [
            "aws_vpc.armageddon_vpc01"
          ]
        }
      ]
    },
    {
      "mode": "managed",
      "type": "aws_vpc",
      "name": "armageddon_vpc01",
      "provider": "provider[\"registry.terraform.io/hashicorp/aws\"]",
      "instances": [
        {
          "schema_version": 1,
          "attributes": {
            "arn": "arn:aws:ec2:us-east-1:975598471165:vpc/vpc-07ff25f8d3dc734e7",
            "assign_generated_ipv6_cidr_block": false,
            "cidr_block": "10.108.0.0/16",
            "default_network_acl_id": "acl-04c2c58f20df6fe9b",
            "default_route_table_id": "rtb-0975a966fa820a4f4",
            "default_security_group_id": "sg-0d9173edefa9b4926",
            "dhcp_options_id": "dopt-03e61696f1f7e3e27",
            "enable_dns_hostnames": true,
            "enable_dns_support": true,
            "enable_network_address_usage_metrics": false,
            "id": "vpc-07ff25f8d3dc734e7",
            "instance_tenancy": "default",
            "ipv4_ipam_pool_id": null,
            "ipv4_netmask_length": null,
            "ipv6_association_id": "",
            "ipv6_cidr_block": "",
            "ipv6_cidr_block_network_border_group": "",
            "ipv6_ipam_pool_id": "",
            "ipv6_netmask_length": 0,
            "main_route_table_id": "rtb-0975a966fa820a4f4",
            "owner_id": "975598471165",
            "region": "us-east-1",
            "tags": {
              "Name": "armageddon-final-vpc01"
            },
            "tags_all": {
              "Name": "armageddon-final-vpc01"
            }
          },
          "sensitive_attributes": [],
          "identity_schema_version": 0,
          "identity": {
            "account_id": "975598471165",
            "id": "vpc-07ff25f8d3dc734e7",
            "region": "us-east-1"
          },
          "private": "eyJzY2hlbWFfdmVyc2lvbiI6IjEifQ=="
        }
      ]
    },
    {
      "mode": "managed",
      "type": "aws_vpc_endpoint",
      "name": "armageddon_vpce_ec2messages01",
      "provider": "provider[\"registry.terraform.io/hashicorp/aws\"]",
      "instances": [
        {
          "schema_version": 0,
          "attributes": {
            "arn": "arn:aws:ec2:us-east-1:975598471165:vpc-endpoint/vpce-0dc5e435f9820ba59",
            "auto_accept": null,
            "cidr_blocks": [],
            "dns_entry": [
              {
                "dns_name": "vpce-0dc5e435f9820ba59-jy8e92ok.ec2messages.us-east-1.vpce.amazonaws.com",
                "hosted_zone_id": "Z7HUB22UULQXV"
              },
              {
                "dns_name": "vpce-0dc5e435f9820ba59-jy8e92ok-us-east-1b.ec2messages.us-east-1.vpce.amazonaws.com",
                "hosted_zone_id": "Z7HUB22UULQXV"
              },
              {
                "dns_name": "vpce-0dc5e435f9820ba59-jy8e92ok-us-east-1a.ec2messages.us-east-1.vpce.amazonaws.com",
                "hosted_zone_id": "Z7HUB22UULQXV"
              },
              {
                "dns_name": "ec2messages.us-east-1.amazonaws.com",
                "hosted_zone_id": "Z0408919HP0H4APX7CW4"
              }
            ],
            "dns_options": [
              {
                "dns_record_ip_type": "ipv4",
                "private_dns_only_for_inbound_resolver_endpoint": false,
                "private_dns_preference": "",
                "private_dns_specified_domains": []
              }
            ],
            "id": "vpce-0dc5e435f9820ba59",
            "ip_address_type": "ipv4",
            "network_interface_ids": [
              "eni-01a2b825d3d48c2c1",
              "eni-0a51d6ff384b1016a"
            ],
            "owner_id": "975598471165",
            "policy": "{\"Statement\":[{\"Action\":\"*\",\"Effect\":\"Allow\",\"Principal\":\"*\",\"Resource\":\"*\"}]}",
            "prefix_list_id": null,
            "private_dns_enabled": true,
            "region": "us-east-1",
            "requester_managed": false,
            "resource_configuration_arn": "",
            "route_table_ids": [],
            "security_group_ids": [
              "sg-09d1bd37a76ab5484"
            ],
            "service_name": "com.amazonaws.us-east-1.ec2messages",
            "service_network_arn": "",
            "service_region": "us-east-1",
            "state": "available",
            "subnet_configuration": [
              {
                "ipv4": "10.108.101.240",
                "ipv6": "",
                "subnet_id": "subnet-0c29066d0459eb902"
              },
              {
                "ipv4": "10.108.102.130",
                "ipv6": "",
                "subnet_id": "subnet-0ba406a5a94419fc4"
              }
            ],
            "subnet_ids": [
              "subnet-0ba406a5a94419fc4",
              "subnet-0c29066d0459eb902"
            ],
            "tags": {
              "Name": "armageddon-final-vpce-ec2messages01"
            },
            "tags_all": {
              "Name": "armageddon-final-vpce-ec2messages01"
            },
            "timeouts": null,
            "vpc_endpoint_type": "Interface",
            "vpc_id": "vpc-07ff25f8d3dc734e7"
          },
          "sensitive_attributes": [],
          "identity_schema_version": 0,
          "identity": {
            "account_id": "975598471165",
            "id": "vpce-0dc5e435f9820ba59",
            "region": "us-east-1"
          },
          "private": "eyJlMmJmYjczMC1lY2FhLTExZTYtOGY4OC0zNDM2M2JjN2M0YzAiOnsiY3JlYXRlIjo2MDAwMDAwMDAwMDAsImRlbGV0ZSI6NjAwMDAwMDAwMDAwLCJ1cGRhdGUiOjYwMDAwMDAwMDAwMH19",
          "dependencies": [
            "aws_security_group.armageddon_vpce_sg01",
            "aws_subnet.armageddon_private_subnets",
            "aws_vpc.armageddon_vpc01",
            "data.aws_region.armageddon_region01"
          ]
        }
      ]
    },
    {
      "mode": "managed",
      "type": "aws_vpc_endpoint",
      "name": "armageddon_vpce_kms01",
      "provider": "provider[\"registry.terraform.io/hashicorp/aws\"]",
      "instances": [
        {
          "schema_version": 0,
          "attributes": {
            "arn": "arn:aws:ec2:us-east-1:975598471165:vpc-endpoint/vpce-0ac1c226527471c04",
            "auto_accept": null,
            "cidr_blocks": [],
            "dns_entry": [
              {
                "dns_name": "vpce-0ac1c226527471c04-fiz5503z.kms.us-east-1.vpce.amazonaws.com",
                "hosted_zone_id": "Z7HUB22UULQXV"
              },
              {
                "dns_name": "vpce-0ac1c226527471c04-fiz5503z-us-east-1b.kms.us-east-1.vpce.amazonaws.com",
                "hosted_zone_id": "Z7HUB22UULQXV"
              },
              {
                "dns_name": "vpce-0ac1c226527471c04-fiz5503z-us-east-1a.kms.us-east-1.vpce.amazonaws.com",
                "hosted_zone_id": "Z7HUB22UULQXV"
              },
              {
                "dns_name": "kms.us-east-1.amazonaws.com",
                "hosted_zone_id": "Z04019073SKR8547K2OS4"
              },
              {
                "dns_name": "kms.us-east-1.api.aws",
                "hosted_zone_id": "Z082038732ZQCX2YAXQC4"
              }
            ],
            "dns_options": [
              {
                "dns_record_ip_type": "ipv4",
                "private_dns_only_for_inbound_resolver_endpoint": false,
                "private_dns_preference": "",
                "private_dns_specified_domains": []
              }
            ],
            "id": "vpce-0ac1c226527471c04",
            "ip_address_type": "ipv4",
            "network_interface_ids": [
              "eni-0c80422fc8e511e48",
              "eni-0fe2181d38aa854c6"
            ],
            "owner_id": "975598471165",
            "policy": "{\"Statement\":[{\"Action\":\"*\",\"Effect\":\"Allow\",\"Principal\":\"*\",\"Resource\":\"*\"}]}",
            "prefix_list_id": null,
            "private_dns_enabled": true,
            "region": "us-east-1",
            "requester_managed": false,
            "resource_configuration_arn": "",
            "route_table_ids": [],
            "security_group_ids": [
              "sg-09d1bd37a76ab5484"
            ],
            "service_name": "com.amazonaws.us-east-1.kms",
            "service_network_arn": "",
            "service_region": "us-east-1",
            "state": "available",
            "subnet_configuration": [
              {
                "ipv4": "10.108.101.110",
                "ipv6": "",
                "subnet_id": "subnet-0c29066d0459eb902"
              },
              {
                "ipv4": "10.108.102.235",
                "ipv6": "",
                "subnet_id": "subnet-0ba406a5a94419fc4"
              }
            ],
            "subnet_ids": [
              "subnet-0ba406a5a94419fc4",
              "subnet-0c29066d0459eb902"
            ],
            "tags": {
              "Name": "armageddon-final-vpce-kms01"
            },
            "tags_all": {
              "Name": "armageddon-final-vpce-kms01"
            },
            "timeouts": null,
            "vpc_endpoint_type": "Interface",
            "vpc_id": "vpc-07ff25f8d3dc734e7"
          },
          "sensitive_attributes": [],
          "identity_schema_version": 0,
          "identity": {
            "account_id": "975598471165",
            "id": "vpce-0ac1c226527471c04",
            "region": "us-east-1"
          },
          "private": "eyJlMmJmYjczMC1lY2FhLTExZTYtOGY4OC0zNDM2M2JjN2M0YzAiOnsiY3JlYXRlIjo2MDAwMDAwMDAwMDAsImRlbGV0ZSI6NjAwMDAwMDAwMDAwLCJ1cGRhdGUiOjYwMDAwMDAwMDAwMH19",
          "dependencies": [
            "aws_security_group.armageddon_vpce_sg01",
            "aws_subnet.armageddon_private_subnets",
            "aws_vpc.armageddon_vpc01",
            "data.aws_region.armageddon_region01"
          ]
        }
      ]
    },
    {
      "mode": "managed",
      "type": "aws_vpc_endpoint",
      "name": "armageddon_vpce_logs01",
      "provider": "provider[\"registry.terraform.io/hashicorp/aws\"]",
      "instances": [
        {
          "schema_version": 0,
          "attributes": {
            "arn": "arn:aws:ec2:us-east-1:975598471165:vpc-endpoint/vpce-078a759d1fe42c0b7",
            "auto_accept": null,
            "cidr_blocks": [],
            "dns_entry": [
              {
                "dns_name": "vpce-078a759d1fe42c0b7-cqq6jcap.logs.us-east-1.vpce.amazonaws.com",
                "hosted_zone_id": "Z7HUB22UULQXV"
              },
              {
                "dns_name": "vpce-078a759d1fe42c0b7-cqq6jcap-us-east-1b.logs.us-east-1.vpce.amazonaws.com",
                "hosted_zone_id": "Z7HUB22UULQXV"
              },
              {
                "dns_name": "vpce-078a759d1fe42c0b7-cqq6jcap-us-east-1a.logs.us-east-1.vpce.amazonaws.com",
                "hosted_zone_id": "Z7HUB22UULQXV"
              },
              {
                "dns_name": "logs.us-east-1.amazonaws.com",
                "hosted_zone_id": "Z04014983KXKOTET5QALY"
              },
              {
                "dns_name": "streaming-logs.us-east-1.amazonaws.com",
                "hosted_zone_id": "Z04075173ASOYKDCOC2R9"
              },
              {
                "dns_name": "streaming-logs.us-east-1.api.aws",
                "hosted_zone_id": "Z04079023EC0B493Y9V64"
              },
              {
                "dns_name": "logs.us-east-1.api.aws",
                "hosted_zone_id": "Z04084226OEGIHWIVMBN"
              }
            ],
            "dns_options": [
              {
                "dns_record_ip_type": "ipv4",
                "private_dns_only_for_inbound_resolver_endpoint": false,
                "private_dns_preference": "",
                "private_dns_specified_domains": []
              }
            ],
            "id": "vpce-078a759d1fe42c0b7",
            "ip_address_type": "ipv4",
            "network_interface_ids": [
              "eni-0cd535b5a819473ec",
              "eni-0d31cd7f7553450da"
            ],
            "owner_id": "975598471165",
            "policy": "{\"Statement\":[{\"Action\":\"*\",\"Effect\":\"Allow\",\"Principal\":\"*\",\"Resource\":\"*\"}]}",
            "prefix_list_id": null,
            "private_dns_enabled": true,
            "region": "us-east-1",
            "requester_managed": false,
            "resource_configuration_arn": "",
            "route_table_ids": [],
            "security_group_ids": [
              "sg-09d1bd37a76ab5484"
            ],
            "service_name": "com.amazonaws.us-east-1.logs",
            "service_network_arn": "",
            "service_region": "us-east-1",
            "state": "available",
            "subnet_configuration": [
              {
                "ipv4": "10.108.101.77",
                "ipv6": "",
                "subnet_id": "subnet-0c29066d0459eb902"
              },
              {
                "ipv4": "10.108.102.228",
                "ipv6": "",
                "subnet_id": "subnet-0ba406a5a94419fc4"
              }
            ],
            "subnet_ids": [
              "subnet-0ba406a5a94419fc4",
              "subnet-0c29066d0459eb902"
            ],
            "tags": {
              "Name": "armageddon-final-vpce-logs01"
            },
            "tags_all": {
              "Name": "armageddon-final-vpce-logs01"
            },
            "timeouts": null,
            "vpc_endpoint_type": "Interface",
            "vpc_id": "vpc-07ff25f8d3dc734e7"
          },
          "sensitive_attributes": [],
          "identity_schema_version": 0,
          "identity": {
            "account_id": "975598471165",
            "id": "vpce-078a759d1fe42c0b7",
            "region": "us-east-1"
          },
          "private": "eyJlMmJmYjczMC1lY2FhLTExZTYtOGY4OC0zNDM2M2JjN2M0YzAiOnsiY3JlYXRlIjo2MDAwMDAwMDAwMDAsImRlbGV0ZSI6NjAwMDAwMDAwMDAwLCJ1cGRhdGUiOjYwMDAwMDAwMDAwMH19",
          "dependencies": [
            "aws_security_group.armageddon_vpce_sg01",
            "aws_subnet.armageddon_private_subnets",
            "aws_vpc.armageddon_vpc01",
            "data.aws_region.armageddon_region01"
          ]
        }
      ]
    },
    {
      "mode": "managed",
      "type": "aws_vpc_endpoint",
      "name": "armageddon_vpce_s3_gw01",
      "provider": "provider[\"registry.terraform.io/hashicorp/aws\"]",
      "instances": [
        {
          "schema_version": 0,
          "attributes": {
            "arn": "arn:aws:ec2:us-east-1:975598471165:vpc-endpoint/vpce-08966676a9df5d575",
            "auto_accept": null,
            "cidr_blocks": [
              "16.15.176.0/20",
              "16.182.0.0/16",
              "18.34.0.0/19",
              "52.216.0.0/15",
              "54.231.0.0/16",
              "3.5.0.0/19",
              "18.34.232.0/21",
              "16.15.192.0/18"
            ],
            "dns_entry": [],
            "dns_options": [
              {
                "dns_record_ip_type": "service-defined",
                "private_dns_only_for_inbound_resolver_endpoint": false,
                "private_dns_preference": "",
                "private_dns_specified_domains": []
              }
            ],
            "id": "vpce-08966676a9df5d575",
            "ip_address_type": "ipv4",
            "network_interface_ids": [],
            "owner_id": "975598471165",
            "policy": "{\"Statement\":[{\"Action\":\"*\",\"Effect\":\"Allow\",\"Principal\":\"*\",\"Resource\":\"*\"}],\"Version\":\"2008-10-17\"}",
            "prefix_list_id": "pl-63a5400a",
            "private_dns_enabled": false,
            "region": "us-east-1",
            "requester_managed": false,
            "resource_configuration_arn": "",
            "route_table_ids": [
              "rtb-081e78a1d8089021b"
            ],
            "security_group_ids": [],
            "service_name": "com.amazonaws.us-east-1.s3",
            "service_network_arn": "",
            "service_region": "us-east-1",
            "state": "available",
            "subnet_configuration": [],
            "subnet_ids": [],
            "tags": {
              "Name": "armageddon-final-vpce-s3-gw01"
            },
            "tags_all": {
              "Name": "armageddon-final-vpce-s3-gw01"
            },
            "timeouts": null,
            "vpc_endpoint_type": "Gateway",
            "vpc_id": "vpc-07ff25f8d3dc734e7"
          },
          "sensitive_attributes": [],
          "identity_schema_version": 0,
          "identity": {
            "account_id": "975598471165",
            "id": "vpce-08966676a9df5d575",
            "region": "us-east-1"
          },
          "private": "eyJlMmJmYjczMC1lY2FhLTExZTYtOGY4OC0zNDM2M2JjN2M0YzAiOnsiY3JlYXRlIjo2MDAwMDAwMDAwMDAsImRlbGV0ZSI6NjAwMDAwMDAwMDAwLCJ1cGRhdGUiOjYwMDAwMDAwMDAwMH19",
          "dependencies": [
            "aws_route_table.armageddon_private_rt01",
            "aws_vpc.armageddon_vpc01",
            "data.aws_region.armageddon_region01"
          ]
        }
      ]
    },
    {
      "mode": "managed",
      "type": "aws_vpc_endpoint",
      "name": "armageddon_vpce_secrets01",
      "provider": "provider[\"registry.terraform.io/hashicorp/aws\"]",
      "instances": [
        {
          "schema_version": 0,
          "attributes": {
            "arn": "arn:aws:ec2:us-east-1:975598471165:vpc-endpoint/vpce-0efc770fd1843c1d7",
            "auto_accept": null,
            "cidr_blocks": [],
            "dns_entry": [
              {
                "dns_name": "vpce-0efc770fd1843c1d7-2761d7mx.secretsmanager.us-east-1.vpce.amazonaws.com",
                "hosted_zone_id": "Z7HUB22UULQXV"
              },
              {
                "dns_name": "vpce-0efc770fd1843c1d7-2761d7mx-us-east-1b.secretsmanager.us-east-1.vpce.amazonaws.com",
                "hosted_zone_id": "Z7HUB22UULQXV"
              },
              {
                "dns_name": "vpce-0efc770fd1843c1d7-2761d7mx-us-east-1a.secretsmanager.us-east-1.vpce.amazonaws.com",
                "hosted_zone_id": "Z7HUB22UULQXV"
              },
              {
                "dns_name": "secretsmanager.us-east-1.amazonaws.com",
                "hosted_zone_id": "Z05681056ML01AB6NXAN"
              }
            ],
            "dns_options": [
              {
                "dns_record_ip_type": "ipv4",
                "private_dns_only_for_inbound_resolver_endpoint": false,
                "private_dns_preference": "",
                "private_dns_specified_domains": []
              }
            ],
            "id": "vpce-0efc770fd1843c1d7",
            "ip_address_type": "ipv4",
            "network_interface_ids": [
              "eni-03d480af2fd330e82",
              "eni-082a6e7adf4ae2191"
            ],
            "owner_id": "975598471165",
            "policy": "{\"Statement\":[{\"Action\":\"*\",\"Effect\":\"Allow\",\"Principal\":\"*\",\"Resource\":\"*\"}]}",
            "prefix_list_id": null,
            "private_dns_enabled": true,
            "region": "us-east-1",
            "requester_managed": false,
            "resource_configuration_arn": "",
            "route_table_ids": [],
            "security_group_ids": [
              "sg-09d1bd37a76ab5484"
            ],
            "service_name": "com.amazonaws.us-east-1.secretsmanager",
            "service_network_arn": "",
            "service_region": "us-east-1",
            "state": "available",
            "subnet_configuration": [
              {
                "ipv4": "10.108.101.66",
                "ipv6": "",
                "subnet_id": "subnet-0c29066d0459eb902"
              },
              {
                "ipv4": "10.108.102.22",
                "ipv6": "",
                "subnet_id": "subnet-0ba406a5a94419fc4"
              }
            ],
            "subnet_ids": [
              "subnet-0ba406a5a94419fc4",
              "subnet-0c29066d0459eb902"
            ],
            "tags": {
              "Name": "armageddon-final-vpce-secrets01"
            },
            "tags_all": {
              "Name": "armageddon-final-vpce-secrets01"
            },
            "timeouts": null,
            "vpc_endpoint_type": "Interface",
            "vpc_id": "vpc-07ff25f8d3dc734e7"
          },
          "sensitive_attributes": [],
          "identity_schema_version": 0,
          "identity": {
            "account_id": "975598471165",
            "id": "vpce-0efc770fd1843c1d7",
            "region": "us-east-1"
          },
          "private": "eyJlMmJmYjczMC1lY2FhLTExZTYtOGY4OC0zNDM2M2JjN2M0YzAiOnsiY3JlYXRlIjo2MDAwMDAwMDAwMDAsImRlbGV0ZSI6NjAwMDAwMDAwMDAwLCJ1cGRhdGUiOjYwMDAwMDAwMDAwMH19",
          "dependencies": [
            "aws_security_group.armageddon_vpce_sg01",
            "aws_subnet.armageddon_private_subnets",
            "aws_vpc.armageddon_vpc01",
            "data.aws_region.armageddon_region01"
          ]
        }
      ]
    },
    {
      "mode": "managed",
      "type": "aws_vpc_endpoint",
      "name": "armageddon_vpce_ssm01",
      "provider": "provider[\"registry.terraform.io/hashicorp/aws\"]",
      "instances": [
        {
          "schema_version": 0,
          "attributes": {
            "arn": "arn:aws:ec2:us-east-1:975598471165:vpc-endpoint/vpce-0570dbf530077c8e3",
            "auto_accept": null,
            "cidr_blocks": [],
            "dns_entry": [
              {
                "dns_name": "vpce-0570dbf530077c8e3-ozhnu1nf.ssm.us-east-1.vpce.amazonaws.com",
                "hosted_zone_id": "Z7HUB22UULQXV"
              },
              {
                "dns_name": "vpce-0570dbf530077c8e3-ozhnu1nf-us-east-1b.ssm.us-east-1.vpce.amazonaws.com",
                "hosted_zone_id": "Z7HUB22UULQXV"
              },
              {
                "dns_name": "vpce-0570dbf530077c8e3-ozhnu1nf-us-east-1a.ssm.us-east-1.vpce.amazonaws.com",
                "hosted_zone_id": "Z7HUB22UULQXV"
              },
              {
                "dns_name": "ssm.us-east-1.amazonaws.com",
                "hosted_zone_id": "Z04078981T6JBVIGP888C"
              },
              {
                "dns_name": "ssm.us-east-1.api.aws",
                "hosted_zone_id": "Z08209952MERFVYGEPH3Y"
              }
            ],
            "dns_options": [
              {
                "dns_record_ip_type": "ipv4",
                "private_dns_only_for_inbound_resolver_endpoint": false,
                "private_dns_preference": "",
                "private_dns_specified_domains": []
              }
            ],
            "id": "vpce-0570dbf530077c8e3",
            "ip_address_type": "ipv4",
            "network_interface_ids": [
              "eni-0cce1c511c92a625d",
              "eni-0fe54f45af27d8cb2"
            ],
            "owner_id": "975598471165",
            "policy": "{\"Statement\":[{\"Action\":\"*\",\"Effect\":\"Allow\",\"Principal\":\"*\",\"Resource\":\"*\"}]}",
            "prefix_list_id": null,
            "private_dns_enabled": true,
            "region": "us-east-1",
            "requester_managed": false,
            "resource_configuration_arn": "",
            "route_table_ids": [],
            "security_group_ids": [
              "sg-09d1bd37a76ab5484"
            ],
            "service_name": "com.amazonaws.us-east-1.ssm",
            "service_network_arn": "",
            "service_region": "us-east-1",
            "state": "available",
            "subnet_configuration": [
              {
                "ipv4": "10.108.101.185",
                "ipv6": "",
                "subnet_id": "subnet-0c29066d0459eb902"
              },
              {
                "ipv4": "10.108.102.20",
                "ipv6": "",
                "subnet_id": "subnet-0ba406a5a94419fc4"
              }
            ],
            "subnet_ids": [
              "subnet-0ba406a5a94419fc4",
              "subnet-0c29066d0459eb902"
            ],
            "tags": {
              "Name": "armageddon-final-vpce-ssm01"
            },
            "tags_all": {
              "Name": "armageddon-final-vpce-ssm01"
            },
            "timeouts": null,
            "vpc_endpoint_type": "Interface",
            "vpc_id": "vpc-07ff25f8d3dc734e7"
          },
          "sensitive_attributes": [],
          "identity_schema_version": 0,
          "identity": {
            "account_id": "975598471165",
            "id": "vpce-0570dbf530077c8e3",
            "region": "us-east-1"
          },
          "private": "eyJlMmJmYjczMC1lY2FhLTExZTYtOGY4OC0zNDM2M2JjN2M0YzAiOnsiY3JlYXRlIjo2MDAwMDAwMDAwMDAsImRlbGV0ZSI6NjAwMDAwMDAwMDAwLCJ1cGRhdGUiOjYwMDAwMDAwMDAwMH19",
          "dependencies": [
            "aws_security_group.armageddon_vpce_sg01",
            "aws_subnet.armageddon_private_subnets",
            "aws_vpc.armageddon_vpc01",
            "data.aws_region.armageddon_region01"
          ]
        }
      ]
    },
    {
      "mode": "managed",
      "type": "aws_vpc_endpoint",
      "name": "armageddon_vpce_ssmmessages01",
      "provider": "provider[\"registry.terraform.io/hashicorp/aws\"]",
      "instances": [
        {
          "schema_version": 0,
          "attributes": {
            "arn": "arn:aws:ec2:us-east-1:975598471165:vpc-endpoint/vpce-0b7cf441538ba42c9",
            "auto_accept": null,
            "cidr_blocks": [],
            "dns_entry": [
              {
                "dns_name": "vpce-0b7cf441538ba42c9-5uw9i7ai.ssmmessages.us-east-1.vpce.amazonaws.com",
                "hosted_zone_id": "Z7HUB22UULQXV"
              },
              {
                "dns_name": "vpce-0b7cf441538ba42c9-5uw9i7ai-us-east-1b.ssmmessages.us-east-1.vpce.amazonaws.com",
                "hosted_zone_id": "Z7HUB22UULQXV"
              },
              {
                "dns_name": "vpce-0b7cf441538ba42c9-5uw9i7ai-us-east-1a.ssmmessages.us-east-1.vpce.amazonaws.com",
                "hosted_zone_id": "Z7HUB22UULQXV"
              },
              {
                "dns_name": "ssmmessages.us-east-1.amazonaws.com",
                "hosted_zone_id": "Z04077002561P0LI8JF7E"
              },
              {
                "dns_name": "ssmmessages.us-east-1.api.aws",
                "hosted_zone_id": "Z06052402VGCPR7W6SAR0"
              }
            ],
            "dns_options": [
              {
                "dns_record_ip_type": "ipv4",
                "private_dns_only_for_inbound_resolver_endpoint": false,
                "private_dns_preference": "",
                "private_dns_specified_domains": []
              }
            ],
            "id": "vpce-0b7cf441538ba42c9",
            "ip_address_type": "ipv4",
            "network_interface_ids": [
              "eni-064016856e03b85bb",
              "eni-07a5561b5fbd0cda7"
            ],
            "owner_id": "975598471165",
            "policy": "{\"Statement\":[{\"Action\":\"*\",\"Effect\":\"Allow\",\"Principal\":\"*\",\"Resource\":\"*\"}]}",
            "prefix_list_id": null,
            "private_dns_enabled": true,
            "region": "us-east-1",
            "requester_managed": false,
            "resource_configuration_arn": "",
            "route_table_ids": [],
            "security_group_ids": [
              "sg-09d1bd37a76ab5484"
            ],
            "service_name": "com.amazonaws.us-east-1.ssmmessages",
            "service_network_arn": "",
            "service_region": "us-east-1",
            "state": "available",
            "subnet_configuration": [
              {
                "ipv4": "10.108.101.168",
                "ipv6": "",
                "subnet_id": "subnet-0c29066d0459eb902"
              },
              {
                "ipv4": "10.108.102.226",
                "ipv6": "",
                "subnet_id": "subnet-0ba406a5a94419fc4"
              }
            ],
            "subnet_ids": [
              "subnet-0ba406a5a94419fc4",
              "subnet-0c29066d0459eb902"
            ],
            "tags": {
              "Name": "armageddon-final-vpce-ssmmessages01"
            },
            "tags_all": {
              "Name": "armageddon-final-vpce-ssmmessages01"
            },
            "timeouts": null,
            "vpc_endpoint_type": "Interface",
            "vpc_id": "vpc-07ff25f8d3dc734e7"
          },
          "sensitive_attributes": [],
          "identity_schema_version": 0,
          "identity": {
            "account_id": "975598471165",
            "id": "vpce-0b7cf441538ba42c9",
            "region": "us-east-1"
          },
          "private": "eyJlMmJmYjczMC1lY2FhLTExZTYtOGY4OC0zNDM2M2JjN2M0YzAiOnsiY3JlYXRlIjo2MDAwMDAwMDAwMDAsImRlbGV0ZSI6NjAwMDAwMDAwMDAwLCJ1cGRhdGUiOjYwMDAwMDAwMDAwMH19",
          "dependencies": [
            "aws_security_group.armageddon_vpce_sg01",
            "aws_subnet.armageddon_private_subnets",
            "aws_vpc.armageddon_vpc01",
            "data.aws_region.armageddon_region01"
          ]
        }
      ]
    },
    {
      "mode": "managed",
      "type": "aws_wafv2_web_acl",
      "name": "armageddon_cf_waf01",
      "provider": "provider[\"registry.terraform.io/hashicorp/aws\"]",
      "instances": [
        {
          "schema_version": 0,
          "attributes": {
            "application_integration_url": "",
            "arn": "arn:aws:wafv2:us-east-1:975598471165:global/webacl/armageddon-final-cf-waf01/efc48775-86fc-4dae-9db0-dcc6b916b188",
            "association_config": [],
            "capacity": 700,
            "captcha_config": [],
            "challenge_config": [],
            "custom_response_body": [],
            "data_protection_config": [],
            "default_action": [
              {
                "allow": [
                  {
                    "custom_request_handling": []
                  }
                ],
                "block": []
              }
            ],
            "description": "",
            "id": "efc48775-86fc-4dae-9db0-dcc6b916b188",
            "lock_token": "faa78950-dcae-4408-bc65-1e455ca71c91",
            "name": "armageddon-final-cf-waf01",
            "name_prefix": "",
            "region": "us-east-1",
            "rule": [
              {
                "action": [],
                "captcha_config": [],
                "challenge_config": [],
                "name": "AWSManagedRulesCommonRuleSet",
                "override_action": [
                  {
                    "count": [],
                    "none": [
                      {}
                    ]
                  }
                ],
                "priority": 1,
                "rule_label": [],
                "statement": [
                  {
                    "and_statement": [],
                    "asn_match_statement": [],
                    "byte_match_statement": [],
                    "geo_match_statement": [],
                    "ip_set_reference_statement": [],
                    "label_match_statement": [],
                    "managed_rule_group_statement": [
                      {
                        "managed_rule_group_configs": [],
                        "name": "AWSManagedRulesCommonRuleSet",
                        "rule_action_override": [],
                        "scope_down_statement": [],
                        "vendor_name": "AWS",
                        "version": ""
                      }
                    ],
                    "not_statement": [],
                    "or_statement": [],
                    "rate_based_statement": [],
                    "regex_match_statement": [],
                    "regex_pattern_set_reference_statement": [],
                    "rule_group_reference_statement": [],
                    "size_constraint_statement": [],
                    "sqli_match_statement": [],
                    "xss_match_statement": []
                  }
                ],
                "visibility_config": [
                  {
                    "cloudwatch_metrics_enabled": true,
                    "metric_name": "armageddon-final-cf-waf-common",
                    "sampled_requests_enabled": true
                  }
                ]
              }
            ],
            "rule_json": null,
            "scope": "CLOUDFRONT",
            "tags": {},
            "tags_all": {},
            "token_domains": [],
            "visibility_config": [
              {
                "cloudwatch_metrics_enabled": true,
                "metric_name": "armageddon-final-cf-waf01",
                "sampled_requests_enabled": true
              }
            ]
          },
          "sensitive_attributes": [],
          "identity_schema_version": 0,
          "private": "bnVsbA=="
        }
      ]
    },
    {
      "mode": "managed",
      "type": "aws_wafv2_web_acl",
      "name": "armageddon_waf01",
      "provider": "provider[\"registry.terraform.io/hashicorp/aws\"].east",
      "instances": [
        {
          "index_key": 0,
          "schema_version": 0,
          "attributes": {
            "application_integration_url": "",
            "arn": "arn:aws:wafv2:us-east-1:975598471165:global/webacl/armageddon-final-waf01/68b01f97-1fe7-414d-a707-12ea7be2ea95",
            "association_config": [],
            "capacity": 700,
            "captcha_config": [],
            "challenge_config": [],
            "custom_response_body": [],
            "data_protection_config": [],
            "default_action": [
              {
                "allow": [
                  {
                    "custom_request_handling": []
                  }
                ],
                "block": []
              }
            ],
            "description": "",
            "id": "68b01f97-1fe7-414d-a707-12ea7be2ea95",
            "lock_token": "e2c01db8-a5d3-41ea-8294-3344673f6125",
            "name": "armageddon-final-waf01",
            "name_prefix": "",
            "region": "us-east-1",
            "rule": [
              {
                "action": [],
                "captcha_config": [],
                "challenge_config": [],
                "name": "AWSManagedRulesCommonRuleSet",
                "override_action": [
                  {
                    "count": [],
                    "none": [
                      {}
                    ]
                  }
                ],
                "priority": 1,
                "rule_label": [],
                "statement": [
                  {
                    "and_statement": [],
                    "asn_match_statement": [],
                    "byte_match_statement": [],
                    "geo_match_statement": [],
                    "ip_set_reference_statement": [],
                    "label_match_statement": [],
                    "managed_rule_group_statement": [
                      {
                        "managed_rule_group_configs": [],
                        "name": "AWSManagedRulesCommonRuleSet",
                        "rule_action_override": [],
                        "scope_down_statement": [],
                        "vendor_name": "AWS",
                        "version": ""
                      }
                    ],
                    "not_statement": [],
                    "or_statement": [],
                    "rate_based_statement": [],
                    "regex_match_statement": [],
                    "regex_pattern_set_reference_statement": [],
                    "rule_group_reference_statement": [],
                    "size_constraint_statement": [],
                    "sqli_match_statement": [],
                    "xss_match_statement": []
                  }
                ],
                "visibility_config": [
                  {
                    "cloudwatch_metrics_enabled": true,
                    "metric_name": "armageddon-final-waf-common",
                    "sampled_requests_enabled": true
                  }
                ]
              }
            ],
            "rule_json": null,
            "scope": "CLOUDFRONT",
            "tags": {
              "Name": "armageddon-final-waf01"
            },
            "tags_all": {
              "Name": "armageddon-final-waf01"
            },
            "token_domains": [],
            "visibility_config": [
              {
                "cloudwatch_metrics_enabled": true,
                "metric_name": "armageddon-final-waf01",
                "sampled_requests_enabled": true
              }
            ]
          },
          "sensitive_attributes": [],
          "identity_schema_version": 0,
          "private": "bnVsbA=="
        }
      ]
    },
    {
      "mode": "managed",
      "type": "aws_wafv2_web_acl_logging_configuration",
      "name": "armageddon_waf_logging01",
      "provider": "provider[\"registry.terraform.io/hashicorp/aws\"].east",
      "instances": [
        {
          "index_key": 0,
          "schema_version": 0,
          "attributes": {
            "id": "arn:aws:wafv2:us-east-1:975598471165:global/webacl/armageddon-final-waf01/68b01f97-1fe7-414d-a707-12ea7be2ea95",
            "log_destination_configs": [
              "arn:aws:logs:us-east-1:975598471165:log-group:aws-waf-logs-armageddon-final-webacl01"
            ],
            "logging_filter": [],
            "redacted_fields": [],
            "region": "us-east-1",
            "resource_arn": "arn:aws:wafv2:us-east-1:975598471165:global/webacl/armageddon-final-waf01/68b01f97-1fe7-414d-a707-12ea7be2ea95"
          },
          "sensitive_attributes": [],
          "identity_schema_version": 0,
          "private": "bnVsbA==",
          "dependencies": [
            "aws_cloudwatch_log_group.armageddon_waf_log_group01",
            "aws_wafv2_web_acl.armageddon_waf01"
          ]
        }
      ]
    },
    {
      "mode": "managed",
      "type": "random_password",
      "name": "armageddon_origin_header_value01",
      "provider": "provider[\"registry.terraform.io/hashicorp/random\"]",
      "instances": [
        {
          "schema_version": 3,
          "attributes": {
            "bcrypt_hash": "$2a$10$/j6QHPpxTRYrRJ3L9DvtsOrEFL/guKpzvJju7YLtadyvlLnMqzRsC",
            "id": "none",
            "keepers": null,
            "length": 32,
            "lower": true,
            "min_lower": 0,
            "min_numeric": 0,
            "min_special": 0,
            "min_upper": 0,
            "number": true,
            "numeric": true,
            "override_special": null,
            "result": "BIbuNrYnloqduhJINmZhhXhQQwqmCyjN",
            "special": false,
            "upper": true
          },
          "sensitive_attributes": [
            [
              {
                "type": "get_attr",
                "value": "bcrypt_hash"
              }
            ],
            [
              {
                "type": "get_attr",
                "value": "result"
              }
            ]
          ],
          "identity_schema_version": 0
        }
      ]
    }
  ],
  "check_results": null
}
