{
  "version": 4,
  "terraform_version": "1.14.3",
  "serial": 490,
  "lineage": "37b88988-2956-ecce-2fac-21c685637c84",
  "outputs": {
    "alb_dns_name": {
      "value": "liberdade-final-alb01-1823016414.sa-east-1.elb.amazonaws.com",
      "type": "string"
    },
    "alb_sg_id": {
      "value": "sg-06909998330abe20c",
      "type": "string"
    },
    "liberdale_alb_logs_bucket_name": {
      "value": "liberdade-final-alb-logs-975598471165",
      "type": "string"
    },
    "liberdale_apex_url_https": {
      "value": "https://firstpointand.click",
      "type": "string"
    },
    "liberdale_app_url_https": {
      "value": "https://app.firstpointand.click",
      "type": "string"
    },
    "liberdale_ec2_instance_id": {
      "value": "i-0901ec11844eb54cf",
      "type": "string"
    },
    "liberdale_log_group_name": {
      "value": "/aws/ec2/liberdade-final-rds-app",
      "type": "string"
    },
    "liberdale_origin_header_value": {
      "value": "NsKMkwxJFP1YTlDxW5kcNqxRtTgH5Eyr",
      "type": "string",
      "sensitive": true
    },
    "liberdale_private_subnet_ids": {
      "value": [
        "subnet-05e115d0ec65bff8c",
        "subnet-04f14d0096537e8bd"
      ],
      "type": [
        "tuple",
        [
          "string",
          "string"
        ]
      ]
    },
    "liberdale_public_subnet_ids": {
      "value": [
        "subnet-027b5cf4c8c72c9f1",
        "subnet-0268dbe9ad85b32b5"
      ],
      "type": [
        "tuple",
        [
          "string",
          "string"
        ]
      ]
    },
    "liberdale_sns_topic_arn": {
      "value": "arn:aws:sns:sa-east-1:975598471165:liberdade-final-db-incidents",
      "type": "string"
    },
    "liberdale_vpc_id": {
      "value": "vpc-0c90d6182b218c5ae",
      "type": "string"
    },
    "liberdale_waf_log_destination": {
      "value": "cloudwatch",
      "type": "string"
    },
    "saopaulo_tgw_id": {
      "value": "tgw-055c4115682138ae5",
      "type": "string"
    },
    "saopaulo_vpc_cidr": {
      "value": "10.200.0.0/16",
      "type": "string"
    },
    "target_group_arn": {
      "value": "arn:aws:elasticloadbalancing:sa-east-1:975598471165:targetgroup/liberdade-final-tg01/842ab70e2bdaf6be",
      "type": "string"
    },
    "tokyo_rds_endpoint_in_use": {
      "value": "shinjuku-final-rds01.cf2s8kkgau9w.ap-northeast-1.rds.amazonaws.com",
      "type": "string"
    }
  },
  "resources": [
    {
      "mode": "data",
      "type": "aws_caller_identity",
      "name": "liberdale_self01",
      "provider": "provider[\"registry.terraform.io/hashicorp/aws\"]",
      "instances": [
        {
          "schema_version": 0,
          "attributes": {
            "account_id": "975598471165",
            "arn": "arn:aws:iam::975598471165:user/AWSCLI4",
            "id": "975598471165",
            "user_id": "AIDA6GJRTI765UEFNJMUZ"
          },
          "sensitive_attributes": [],
          "identity_schema_version": 0
        }
      ]
    },
    {
      "mode": "data",
      "type": "aws_ec2_managed_prefix_list",
      "name": "liberdale_cf_origin_facing01",
      "provider": "provider[\"registry.terraform.io/hashicorp/aws\"]",
      "instances": [
        {
          "schema_version": 0,
          "attributes": {
            "address_family": "IPv4",
            "arn": "arn:aws:ec2:sa-east-1:aws:prefix-list/pl-5da64334",
            "entries": [
              {
                "cidr": "13.124.199.0/24",
                "description": ""
              },
              {
                "cidr": "130.176.0.0/18",
                "description": ""
              },
              {
                "cidr": "130.176.128.0/21",
                "description": ""
              },
              {
                "cidr": "130.176.136.0/23",
                "description": ""
              },
              {
                "cidr": "130.176.140.0/22",
                "description": ""
              },
              {
                "cidr": "130.176.144.0/20",
                "description": ""
              },
              {
                "cidr": "130.176.160.0/19",
                "description": ""
              },
              {
                "cidr": "130.176.192.0/19",
                "description": ""
              },
              {
                "cidr": "130.176.64.0/21",
                "description": ""
              },
              {
                "cidr": "130.176.72.0/22",
                "description": ""
              },
              {
                "cidr": "130.176.76.0/24",
                "description": ""
              },
              {
                "cidr": "130.176.78.0/23",
                "description": ""
              },
              {
                "cidr": "130.176.80.0/22",
                "description": ""
              },
              {
                "cidr": "130.176.86.0/23",
                "description": ""
              },
              {
                "cidr": "130.176.88.0/21",
                "description": ""
              },
              {
                "cidr": "130.176.96.0/19",
                "description": ""
              },
              {
                "cidr": "15.158.0.0/16",
                "description": ""
              },
              {
                "cidr": "18.68.0.0/16",
                "description": ""
              },
              {
                "cidr": "204.246.166.0/24",
                "description": ""
              },
              {
                "cidr": "205.251.218.0/24",
                "description": ""
              },
              {
                "cidr": "3.172.0.0/18",
                "description": ""
              },
              {
                "cidr": "3.172.64.0/18",
                "description": ""
              },
              {
                "cidr": "3.29.57.0/26",
                "description": ""
              },
              {
                "cidr": "52.46.0.0/18",
                "description": ""
              },
              {
                "cidr": "52.82.128.0/23",
                "description": ""
              },
              {
                "cidr": "52.82.134.0/23",
                "description": ""
              },
              {
                "cidr": "54.182.128.0/20",
                "description": ""
              },
              {
                "cidr": "54.182.144.0/21",
                "description": ""
              },
              {
                "cidr": "54.182.154.0/23",
                "description": ""
              },
              {
                "cidr": "54.182.156.0/22",
                "description": ""
              },
              {
                "cidr": "54.182.160.0/21",
                "description": ""
              },
              {
                "cidr": "54.182.172.0/22",
                "description": ""
              },
              {
                "cidr": "54.182.176.0/21",
                "description": ""
              },
              {
                "cidr": "54.182.184.0/22",
                "description": ""
              },
              {
                "cidr": "54.182.188.0/23",
                "description": ""
              },
              {
                "cidr": "54.182.224.0/21",
                "description": ""
              },
              {
                "cidr": "54.182.240.0/21",
                "description": ""
              },
              {
                "cidr": "54.182.248.0/22",
                "description": ""
              },
              {
                "cidr": "54.239.134.0/23",
                "description": ""
              },
              {
                "cidr": "54.239.170.0/23",
                "description": ""
              },
              {
                "cidr": "54.239.204.0/22",
                "description": ""
              },
              {
                "cidr": "54.239.208.0/21",
                "description": ""
              },
              {
                "cidr": "64.252.128.0/18",
                "description": ""
              },
              {
                "cidr": "64.252.64.0/18",
                "description": ""
              },
              {
                "cidr": "70.132.0.0/18",
                "description": ""
              }
            ],
            "filter": null,
            "id": "pl-5da64334",
            "max_entries": 0,
            "name": "com.amazonaws.global.cloudfront.origin-facing",
            "owner_id": "AWS",
            "region": "sa-east-1",
            "tags": {},
            "timeouts": null,
            "version": 0
          },
          "sensitive_attributes": [],
          "identity_schema_version": 0
        }
      ]
    },
    {
      "mode": "data",
      "type": "aws_elb_service_account",
      "name": "main",
      "provider": "provider[\"registry.terraform.io/hashicorp/aws\"]",
      "instances": [
        {
          "schema_version": 0,
          "attributes": {
            "arn": "arn:aws:iam::507241528517:root",
            "id": "507241528517",
            "region": "sa-east-1"
          },
          "sensitive_attributes": [],
          "identity_schema_version": 0
        }
      ]
    },
    {
      "mode": "data",
      "type": "aws_region",
      "name": "liberdale_region01",
      "provider": "provider[\"registry.terraform.io/hashicorp/aws\"]",
      "instances": [
        {
          "schema_version": 0,
          "attributes": {
            "description": "South America (Sao Paulo)",
            "endpoint": "ec2.sa-east-1.amazonaws.com",
            "id": "sa-east-1",
            "name": "sa-east-1",
            "region": "sa-east-1"
          },
          "sensitive_attributes": [],
          "identity_schema_version": 0
        }
      ]
    },
    {
      "mode": "data",
      "type": "aws_route53_zone",
      "name": "liberdale_existing_zone01",
      "provider": "provider[\"registry.terraform.io/hashicorp/aws\"]",
      "instances": [
        {
          "schema_version": 0,
          "attributes": {
            "arn": "arn:aws:route53:::hostedzone/Z0577510JJCMGIYZ7086",
            "caller_reference": "RISWorkflow-RD:1dab09cb-1032-4181-82e8-b14672092207",
            "comment": "HostedZone created by Route53 Registrar",
            "enable_accelerated_recovery": false,
            "id": "Z0577510JJCMGIYZ7086",
            "linked_service_description": null,
            "linked_service_principal": null,
            "name": "firstpointand.click",
            "name_servers": [
              "ns-521.awsdns-01.net",
              "ns-125.awsdns-15.com",
              "ns-1573.awsdns-04.co.uk",
              "ns-1482.awsdns-57.org"
            ],
            "primary_name_server": "ns-521.awsdns-01.net",
            "private_zone": false,
            "resource_record_set_count": 6,
            "tags": {},
            "vpc_id": null,
            "zone_id": "Z0577510JJCMGIYZ7086"
          },
          "sensitive_attributes": [],
          "identity_schema_version": 0
        }
      ]
    },
    {
      "mode": "managed",
      "type": "aws_acm_certificate",
      "name": "liberdale_acm_cert01",
      "provider": "provider[\"registry.terraform.io/hashicorp/aws\"]",
      "instances": [
        {
          "schema_version": 0,
          "attributes": {
            "arn": "arn:aws:acm:sa-east-1:975598471165:certificate/c77f1842-c9dd-4e3f-aae9-74db9e01ffda",
            "certificate_authority_arn": "",
            "certificate_body": null,
            "certificate_chain": null,
            "domain_name": "app.firstpointand.click",
            "domain_validation_options": [
              {
                "domain_name": "app.firstpointand.click",
                "resource_record_name": "_2887c024ef221b96b378e669c909a316.app.firstpointand.click.",
                "resource_record_type": "CNAME",
                "resource_record_value": "_23ca46f13d74766d91eaccf83d750666.jkddzztszm.acm-validations.aws."
              }
            ],
            "early_renewal_duration": "",
            "id": "arn:aws:acm:sa-east-1:975598471165:certificate/c77f1842-c9dd-4e3f-aae9-74db9e01ffda",
            "key_algorithm": "RSA_2048",
            "not_after": "2026-10-09T23:59:59Z",
            "not_before": "2026-03-26T00:00:00Z",
            "options": [
              {
                "certificate_transparency_logging_preference": "ENABLED",
                "export": "DISABLED"
              }
            ],
            "pending_renewal": false,
            "private_key": null,
            "region": "sa-east-1",
            "renewal_eligibility": "ELIGIBLE",
            "renewal_summary": [],
            "status": "ISSUED",
            "subject_alternative_names": [
              "app.firstpointand.click"
            ],
            "tags": {
              "Name": "liberdade-final-acm-cert01"
            },
            "tags_all": {
              "Name": "liberdade-final-acm-cert01"
            },
            "type": "AMAZON_ISSUED",
            "validation_emails": [],
            "validation_method": "DNS",
            "validation_option": []
          },
          "sensitive_attributes": [
            [
              {
                "type": "get_attr",
                "value": "private_key"
              }
            ]
          ],
          "identity_schema_version": 0,
          "identity": {
            "arn": "arn:aws:acm:sa-east-1:975598471165:certificate/c77f1842-c9dd-4e3f-aae9-74db9e01ffda"
          },
          "private": "bnVsbA=="
        }
      ]
    },
    {
      "mode": "managed",
      "type": "aws_acm_certificate",
      "name": "liberdale_cf_cert01",
      "provider": "provider[\"registry.terraform.io/hashicorp/aws\"].east",
      "instances": [
        {
          "schema_version": 0,
          "attributes": {
            "arn": "arn:aws:acm:us-east-1:975598471165:certificate/7a117c9f-954e-4bff-8f6e-61312d2bd669",
            "certificate_authority_arn": "",
            "certificate_body": null,
            "certificate_chain": null,
            "domain_name": "app.firstpointand.click",
            "domain_validation_options": [
              {
                "domain_name": "app.firstpointand.click",
                "resource_record_name": "_2887c024ef221b96b378e669c909a316.app.firstpointand.click.",
                "resource_record_type": "CNAME",
                "resource_record_value": "_23ca46f13d74766d91eaccf83d750666.jkddzztszm.acm-validations.aws."
              },
              {
                "domain_name": "firstpointand.click",
                "resource_record_name": "_7f4672efd368aa32db37ec2fc438f094.firstpointand.click.",
                "resource_record_type": "CNAME",
                "resource_record_value": "_d0f4114bd1d320cf604de04bb81b8875.jkddzztszm.acm-validations.aws."
              }
            ],
            "early_renewal_duration": "",
            "id": "arn:aws:acm:us-east-1:975598471165:certificate/7a117c9f-954e-4bff-8f6e-61312d2bd669",
            "key_algorithm": "RSA_2048",
            "not_after": "2026-10-09T23:59:59Z",
            "not_before": "2026-03-26T00:00:00Z",
            "options": [
              {
                "certificate_transparency_logging_preference": "ENABLED",
                "export": "DISABLED"
              }
            ],
            "pending_renewal": false,
            "private_key": null,
            "region": "us-east-1",
            "renewal_eligibility": "INELIGIBLE",
            "renewal_summary": [],
            "status": "ISSUED",
            "subject_alternative_names": [
              "app.firstpointand.click",
              "firstpointand.click"
            ],
            "tags": {},
            "tags_all": {},
            "type": "AMAZON_ISSUED",
            "validation_emails": [],
            "validation_method": "DNS",
            "validation_option": []
          },
          "sensitive_attributes": [
            [
              {
                "type": "get_attr",
                "value": "private_key"
              }
            ]
          ],
          "identity_schema_version": 0,
          "identity": {
            "arn": "arn:aws:acm:us-east-1:975598471165:certificate/7a117c9f-954e-4bff-8f6e-61312d2bd669"
          },
          "private": "bnVsbA==",
          "create_before_destroy": true
        }
      ]
    },
    {
      "mode": "managed",
      "type": "aws_acm_certificate_validation",
      "name": "liberdale_acm_validation01",
      "provider": "provider[\"registry.terraform.io/hashicorp/aws\"]",
      "instances": [
        {
          "schema_version": 0,
          "attributes": {
            "certificate_arn": "arn:aws:acm:sa-east-1:975598471165:certificate/c77f1842-c9dd-4e3f-aae9-74db9e01ffda",
            "id": "2026-03-26 01:22:15.86 +0000 UTC",
            "region": "sa-east-1",
            "timeouts": null,
            "validation_record_fqdns": [
              "_2887c024ef221b96b378e669c909a316.app.firstpointand.click"
            ]
          },
          "sensitive_attributes": [],
          "identity_schema_version": 0,
          "private": "eyJlMmJmYjczMC1lY2FhLTExZTYtOGY4OC0zNDM2M2JjN2M0YzAiOnsiY3JlYXRlIjo0NTAwMDAwMDAwMDAwfX0=",
          "dependencies": [
            "aws_acm_certificate.liberdale_acm_cert01",
            "aws_route53_record.liberdale_acm_validation"
          ]
        }
      ]
    },
    {
      "mode": "managed",
      "type": "aws_acm_certificate_validation",
      "name": "liberdale_acm_validation01_dns_bonus",
      "provider": "provider[\"registry.terraform.io/hashicorp/aws\"]",
      "instances": [
        {
          "index_key": 0,
          "schema_version": 0,
          "attributes": {
            "certificate_arn": "arn:aws:acm:sa-east-1:975598471165:certificate/c77f1842-c9dd-4e3f-aae9-74db9e01ffda",
            "id": "2026-03-26 01:22:15.86 +0000 UTC",
            "region": "sa-east-1",
            "timeouts": null,
            "validation_record_fqdns": [
              "_2887c024ef221b96b378e669c909a316.app.firstpointand.click"
            ]
          },
          "sensitive_attributes": [],
          "identity_schema_version": 0,
          "private": "eyJlMmJmYjczMC1lY2FhLTExZTYtOGY4OC0zNDM2M2JjN2M0YzAiOnsiY3JlYXRlIjo0NTAwMDAwMDAwMDAwfX0=",
          "dependencies": [
            "aws_acm_certificate.liberdale_acm_cert01",
            "aws_route53_record.liberdale_acm_validation_records01"
          ]
        }
      ]
    },
    {
      "mode": "managed",
      "type": "aws_acm_certificate_validation",
      "name": "liberdale_cf_validation01",
      "provider": "provider[\"registry.terraform.io/hashicorp/aws\"].east",
      "instances": [
        {
          "schema_version": 0,
          "attributes": {
            "certificate_arn": "arn:aws:acm:us-east-1:975598471165:certificate/7a117c9f-954e-4bff-8f6e-61312d2bd669",
            "id": "2026-03-26 01:22:12.735 +0000 UTC",
            "region": "us-east-1",
            "timeouts": null,
            "validation_record_fqdns": [
              "_2887c024ef221b96b378e669c909a316.app.firstpointand.click",
              "_7f4672efd368aa32db37ec2fc438f094.firstpointand.click"
            ]
          },
          "sensitive_attributes": [],
          "identity_schema_version": 0,
          "private": "eyJlMmJmYjczMC1lY2FhLTExZTYtOGY4OC0zNDM2M2JjN2M0YzAiOnsiY3JlYXRlIjo0NTAwMDAwMDAwMDAwfX0=",
          "dependencies": [
            "aws_acm_certificate.liberdale_cf_cert01",
            "aws_route53_record.liberdale_cf_validation",
            "data.aws_route53_zone.liberdale_existing_zone01"
          ]
        }
      ]
    },
    {
      "mode": "managed",
      "type": "aws_cloudfront_cache_policy",
      "name": "liberdale_cache_api_disabled01",
      "provider": "provider[\"registry.terraform.io/hashicorp/aws\"]",
      "instances": [
        {
          "schema_version": 0,
          "attributes": {
            "arn": "arn:aws:cloudfront::975598471165:cache-policy/99cadb18-ffc4-48f0-8297-0e1516f57d49",
            "comment": "Disable caching for /api/* by default",
            "default_ttl": 0,
            "etag": "E23ZP02F085DFQ",
            "id": "99cadb18-ffc4-48f0-8297-0e1516f57d49",
            "max_ttl": 0,
            "min_ttl": 0,
            "name": "liberdade-final-cache-api-disabled01",
            "parameters_in_cache_key_and_forwarded_to_origin": [
              {
                "cookies_config": [
                  {
                    "cookie_behavior": "none",
                    "cookies": []
                  }
                ],
                "enable_accept_encoding_brotli": false,
                "enable_accept_encoding_gzip": false,
                "headers_config": [
                  {
                    "header_behavior": "none",
                    "headers": []
                  }
                ],
                "query_strings_config": [
                  {
                    "query_string_behavior": "none",
                    "query_strings": []
                  }
                ]
              }
            ]
          },
          "sensitive_attributes": [],
          "identity_schema_version": 0,
          "private": "bnVsbA=="
        }
      ]
    },
    {
      "mode": "managed",
      "type": "aws_cloudfront_cache_policy",
      "name": "liberdale_cache_static01",
      "provider": "provider[\"registry.terraform.io/hashicorp/aws\"]",
      "instances": [
        {
          "schema_version": 0,
          "attributes": {
            "arn": "arn:aws:cloudfront::975598471165:cache-policy/4c80443b-1721-4275-ba43-d8c52b20319f",
            "comment": "Aggressive caching for /static/*",
            "default_ttl": 86400,
            "etag": "E23ZP02F085DFQ",
            "id": "4c80443b-1721-4275-ba43-d8c52b20319f",
            "max_ttl": 31536000,
            "min_ttl": 0,
            "name": "liberdade-final-cache-static01",
            "parameters_in_cache_key_and_forwarded_to_origin": [
              {
                "cookies_config": [
                  {
                    "cookie_behavior": "none",
                    "cookies": []
                  }
                ],
                "enable_accept_encoding_brotli": true,
                "enable_accept_encoding_gzip": true,
                "headers_config": [
                  {
                    "header_behavior": "none",
                    "headers": []
                  }
                ],
                "query_strings_config": [
                  {
                    "query_string_behavior": "none",
                    "query_strings": []
                  }
                ]
              }
            ]
          },
          "sensitive_attributes": [],
          "identity_schema_version": 0,
          "private": "bnVsbA=="
        }
      ]
    },
    {
      "mode": "managed",
      "type": "aws_cloudfront_origin_request_policy",
      "name": "liberdale_orp_api01",
      "provider": "provider[\"registry.terraform.io/hashicorp/aws\"]",
      "instances": [
        {
          "schema_version": 0,
          "attributes": {
            "arn": "arn:aws:cloudfront::975598471165:origin-request-policy/8a8a9d72-61a8-451b-a876-3c7d474abf4b",
            "comment": "Forward necessary values for API calls",
            "cookies_config": [
              {
                "cookie_behavior": "all",
                "cookies": []
              }
            ],
            "etag": "E23ZP02F085DFQ",
            "headers_config": [
              {
                "header_behavior": "whitelist",
                "headers": [
                  {
                    "items": [
                      "Content-Type",
                      "Host",
                      "Origin"
                    ]
                  }
                ]
              }
            ],
            "id": "8a8a9d72-61a8-451b-a876-3c7d474abf4b",
            "name": "liberdade-final-orp-api01",
            "query_strings_config": [
              {
                "query_string_behavior": "all",
                "query_strings": []
              }
            ]
          },
          "sensitive_attributes": [],
          "identity_schema_version": 0,
          "private": "bnVsbA=="
        }
      ]
    },
    {
      "mode": "managed",
      "type": "aws_cloudfront_origin_request_policy",
      "name": "liberdale_orp_static01",
      "provider": "provider[\"registry.terraform.io/hashicorp/aws\"]",
      "instances": [
        {
          "schema_version": 0,
          "attributes": {
            "arn": "arn:aws:cloudfront::975598471165:origin-request-policy/9009e52c-dcd9-4162-a11c-9d86a5dfb975",
            "comment": "Minimal forwarding for static assets",
            "cookies_config": [
              {
                "cookie_behavior": "none",
                "cookies": []
              }
            ],
            "etag": "E23ZP02F085DFQ",
            "headers_config": [
              {
                "header_behavior": "none",
                "headers": []
              }
            ],
            "id": "9009e52c-dcd9-4162-a11c-9d86a5dfb975",
            "name": "liberdade-final-orp-static01",
            "query_strings_config": [
              {
                "query_string_behavior": "none",
                "query_strings": []
              }
            ]
          },
          "sensitive_attributes": [],
          "identity_schema_version": 0,
          "private": "bnVsbA=="
        }
      ]
    },
    {
      "mode": "managed",
      "type": "aws_cloudfront_response_headers_policy",
      "name": "liberdale_rsp_static01",
      "provider": "provider[\"registry.terraform.io/hashicorp/aws\"]",
      "instances": [
        {
          "schema_version": 0,
          "attributes": {
            "arn": "arn:aws:cloudfront::975598471165:response-headers-policy/11a97e73-351a-4d4c-a050-ce3a44c4d6f4",
            "comment": "Add explicit Cache-Control for static content",
            "cors_config": [],
            "custom_headers_config": [
              {
                "items": [
                  {
                    "header": "Cache-Control",
                    "override": true,
                    "value": "public, max-age=86400, immutable"
                  }
                ]
              }
            ],
            "etag": "E23ZP02F085DFQ",
            "id": "11a97e73-351a-4d4c-a050-ce3a44c4d6f4",
            "name": "liberdade-final-rsp-static01",
            "remove_headers_config": [],
            "security_headers_config": [],
            "server_timing_headers_config": []
          },
          "sensitive_attributes": [],
          "identity_schema_version": 0,
          "private": "bnVsbA=="
        }
      ]
    },
    {
      "mode": "managed",
      "type": "aws_cloudwatch_dashboard",
      "name": "liberdale_dashboard01",
      "provider": "provider[\"registry.terraform.io/hashicorp/aws\"]",
      "instances": [
        {
          "schema_version": 0,
          "attributes": {
            "dashboard_arn": "arn:aws:cloudwatch::975598471165:dashboard/liberdade-final-dashboard01",
            "dashboard_body": "{\"widgets\":[{\"height\":6,\"properties\":{\"metrics\":[[\"AWS/ApplicationELB\",\"RequestCount\",\"LoadBalancer\",\"app/liberdade-final-alb01/bf89071c83f27106\"],[\".\",\"HTTPCode_ELB_5XX_Count\",\".\",\"app/liberdade-final-alb01/bf89071c83f27106\"]],\"period\":300,\"region\":\"sa-east-1\",\"stat\":\"Sum\",\"title\":\"liberdale ALB: Requests + 5XX\"},\"type\":\"metric\",\"width\":12,\"x\":0,\"y\":0},{\"height\":6,\"properties\":{\"metrics\":[[\"AWS/ApplicationELB\",\"TargetResponseTime\",\"LoadBalancer\",\"app/liberdade-final-alb01/bf89071c83f27106\"]],\"period\":300,\"region\":\"sa-east-1\",\"stat\":\"Average\",\"title\":\"liberdale ALB: Target Response Time\",\"view\":\"table\"},\"type\":\"metric\",\"width\":12,\"x\":12,\"y\":0}]}",
            "dashboard_name": "liberdade-final-dashboard01",
            "id": "liberdade-final-dashboard01",
            "region": "sa-east-1"
          },
          "sensitive_attributes": [],
          "identity_schema_version": 0,
          "private": "bnVsbA==",
          "dependencies": [
            "aws_lb.liberdale_alb01",
            "aws_s3_bucket.liberdale_alb_logs_bucket01",
            "aws_security_group.liberdale_alb_sg01",
            "aws_subnet.liberdale_public_subnets",
            "aws_vpc.liberdale_vpc01",
            "data.aws_caller_identity.liberdale_self01"
          ]
        }
      ]
    },
    {
      "mode": "managed",
      "type": "aws_cloudwatch_log_group",
      "name": "liberdale_log_group01",
      "provider": "provider[\"registry.terraform.io/hashicorp/aws\"]",
      "instances": [
        {
          "schema_version": 0,
          "attributes": {
            "arn": "arn:aws:logs:sa-east-1:975598471165:log-group:/aws/ec2/liberdade-final-rds-app",
            "deletion_protection_enabled": false,
            "id": "/aws/ec2/liberdade-final-rds-app",
            "kms_key_id": "",
            "log_group_class": "STANDARD",
            "name": "/aws/ec2/liberdade-final-rds-app",
            "name_prefix": "",
            "region": "sa-east-1",
            "retention_in_days": 7,
            "skip_destroy": false,
            "tags": {
              "Name": "liberdade-final-log-group01"
            },
            "tags_all": {
              "Name": "liberdade-final-log-group01"
            }
          },
          "sensitive_attributes": [],
          "identity_schema_version": 0,
          "identity": {
            "account_id": "975598471165",
            "name": "/aws/ec2/liberdade-final-rds-app",
            "region": "sa-east-1"
          },
          "private": "bnVsbA=="
        }
      ]
    },
    {
      "mode": "managed",
      "type": "aws_cloudwatch_log_group",
      "name": "liberdale_waf_log_group01",
      "provider": "provider[\"registry.terraform.io/hashicorp/aws\"].east",
      "instances": [
        {
          "index_key": 0,
          "schema_version": 0,
          "attributes": {
            "arn": "arn:aws:logs:us-east-1:975598471165:log-group:aws-waf-logs-liberdade-final-webacl01",
            "deletion_protection_enabled": false,
            "id": "aws-waf-logs-liberdade-final-webacl01",
            "kms_key_id": "",
            "log_group_class": "STANDARD",
            "name": "aws-waf-logs-liberdade-final-webacl01",
            "name_prefix": "",
            "region": "us-east-1",
            "retention_in_days": 14,
            "skip_destroy": false,
            "tags": {
              "Name": "liberdade-final-waf-log-group01"
            },
            "tags_all": {
              "Name": "liberdade-final-waf-log-group01"
            }
          },
          "sensitive_attributes": [],
          "identity_schema_version": 0,
          "identity": {
            "account_id": "975598471165",
            "name": "aws-waf-logs-liberdade-final-webacl01",
            "region": "us-east-1"
          },
          "private": "bnVsbA=="
        }
      ]
    },
    {
      "mode": "managed",
      "type": "aws_cloudwatch_metric_alarm",
      "name": "liberdale_alb_5xx_alarm01",
      "provider": "provider[\"registry.terraform.io/hashicorp/aws\"]",
      "instances": [
        {
          "schema_version": 1,
          "attributes": {
            "actions_enabled": true,
            "alarm_actions": [
              "arn:aws:sns:sa-east-1:975598471165:liberdade-final-db-incidents"
            ],
            "alarm_description": "",
            "alarm_name": "liberdade-final-alb-5xx-alarm01",
            "arn": "arn:aws:cloudwatch:sa-east-1:975598471165:alarm:liberdade-final-alb-5xx-alarm01",
            "comparison_operator": "GreaterThanOrEqualToThreshold",
            "datapoints_to_alarm": 0,
            "dimensions": {
              "LoadBalancer": "app/liberdade-final-alb01/bf89071c83f27106"
            },
            "evaluate_low_sample_count_percentiles": "",
            "evaluation_periods": 1,
            "extended_statistic": "",
            "id": "liberdade-final-alb-5xx-alarm01",
            "insufficient_data_actions": [],
            "metric_name": "HTTPCode_ELB_5XX_Count",
            "metric_query": [],
            "namespace": "AWS/ApplicationELB",
            "ok_actions": [],
            "period": 300,
            "region": "sa-east-1",
            "statistic": "Sum",
            "tags": {
              "Name": "liberdade-final-alb-5xx-alarm01"
            },
            "tags_all": {
              "Name": "liberdade-final-alb-5xx-alarm01"
            },
            "threshold": 10,
            "threshold_metric_id": "",
            "treat_missing_data": "missing",
            "unit": ""
          },
          "sensitive_attributes": [],
          "identity_schema_version": 0,
          "identity": {
            "account_id": "975598471165",
            "alarm_name": "liberdade-final-alb-5xx-alarm01",
            "region": "sa-east-1"
          },
          "private": "eyJzY2hlbWFfdmVyc2lvbiI6IjEifQ==",
          "dependencies": [
            "aws_lb.liberdale_alb01",
            "aws_s3_bucket.liberdale_alb_logs_bucket01",
            "aws_security_group.liberdale_alb_sg01",
            "aws_sns_topic.liberdale_sns_topic01",
            "aws_subnet.liberdale_public_subnets",
            "aws_vpc.liberdale_vpc01",
            "data.aws_caller_identity.liberdale_self01"
          ]
        }
      ]
    },
    {
      "mode": "managed",
      "type": "aws_cloudwatch_metric_alarm",
      "name": "liberdale_db_alarm01",
      "provider": "provider[\"registry.terraform.io/hashicorp/aws\"]",
      "instances": [
        {
          "schema_version": 1,
          "attributes": {
            "actions_enabled": true,
            "alarm_actions": [
              "arn:aws:sns:sa-east-1:975598471165:liberdade-final-db-incidents"
            ],
            "alarm_description": "",
            "alarm_name": "liberdade-final-db-connection-failure",
            "arn": "arn:aws:cloudwatch:sa-east-1:975598471165:alarm:liberdade-final-db-connection-failure",
            "comparison_operator": "GreaterThanOrEqualToThreshold",
            "datapoints_to_alarm": 0,
            "dimensions": {},
            "evaluate_low_sample_count_percentiles": "",
            "evaluation_periods": 1,
            "extended_statistic": "",
            "id": "liberdade-final-db-connection-failure",
            "insufficient_data_actions": [],
            "metric_name": "DBConnectionErrors",
            "metric_query": [],
            "namespace": "Lab/RDSApp",
            "ok_actions": [],
            "period": 300,
            "region": "sa-east-1",
            "statistic": "Sum",
            "tags": {
              "Name": "liberdade-final-alarm-db-fail"
            },
            "tags_all": {
              "Name": "liberdade-final-alarm-db-fail"
            },
            "threshold": 3,
            "threshold_metric_id": "",
            "treat_missing_data": "missing",
            "unit": ""
          },
          "sensitive_attributes": [],
          "identity_schema_version": 0,
          "identity": {
            "account_id": "975598471165",
            "alarm_name": "liberdade-final-db-connection-failure",
            "region": "sa-east-1"
          },
          "private": "eyJzY2hlbWFfdmVyc2lvbiI6IjEifQ==",
          "dependencies": [
            "aws_sns_topic.liberdale_sns_topic01"
          ]
        }
      ]
    },
    {
      "mode": "managed",
      "type": "aws_ec2_transit_gateway",
      "name": "liberdale_tgw01",
      "provider": "provider[\"registry.terraform.io/hashicorp/aws\"]",
      "instances": [
        {
          "schema_version": 0,
          "attributes": {
            "amazon_side_asn": 64513,
            "arn": "arn:aws:ec2:sa-east-1:975598471165:transit-gateway/tgw-055c4115682138ae5",
            "association_default_route_table_id": "tgw-rtb-0c30afb459120b643",
            "auto_accept_shared_attachments": "disable",
            "default_route_table_association": "enable",
            "default_route_table_propagation": "enable",
            "description": "liberdale-tgw01: Sao Paulo spoke - compute-only, no PHI",
            "dns_support": "enable",
            "encryption_support": "disable",
            "id": "tgw-055c4115682138ae5",
            "multicast_support": "disable",
            "owner_id": "975598471165",
            "propagation_default_route_table_id": "tgw-rtb-0c30afb459120b643",
            "region": "sa-east-1",
            "security_group_referencing_support": "disable",
            "tags": {
              "Name": "liberdale-tgw01",
              "Region": "sa-east-1",
              "Role": "spoke"
            },
            "tags_all": {
              "Name": "liberdale-tgw01",
              "Region": "sa-east-1",
              "Role": "spoke"
            },
            "timeouts": null,
            "transit_gateway_cidr_blocks": [],
            "vpn_ecmp_support": "enable"
          },
          "sensitive_attributes": [],
          "identity_schema_version": 0,
          "private": "eyJlMmJmYjczMC1lY2FhLTExZTYtOGY4OC0zNDM2M2JjN2M0YzAiOnsiY3JlYXRlIjo2MDAwMDAwMDAwMDAsImRlbGV0ZSI6NjAwMDAwMDAwMDAwLCJ1cGRhdGUiOjYwMDAwMDAwMDAwMH19"
        }
      ]
    },
    {
      "mode": "managed",
      "type": "aws_ec2_transit_gateway_peering_attachment_accepter",
      "name": "liberdale_tgw_peering_accept01",
      "provider": "provider[\"registry.terraform.io/hashicorp/aws\"]",
      "instances": [
        {
          "schema_version": 0,
          "attributes": {
            "id": "tgw-attach-001ca2046d97cf069",
            "peer_account_id": "975598471165",
            "peer_region": "ap-northeast-1",
            "peer_transit_gateway_id": "tgw-0372e6a6b4b4da24b",
            "region": "sa-east-1",
            "tags": {
              "Name": "liberdale-tgw-peering-from-tokyo01",
              "Side": "accepter"
            },
            "tags_all": {
              "Name": "liberdale-tgw-peering-from-tokyo01",
              "Side": "accepter"
            },
            "transit_gateway_attachment_id": "tgw-attach-001ca2046d97cf069",
            "transit_gateway_id": "tgw-055c4115682138ae5"
          },
          "sensitive_attributes": [],
          "identity_schema_version": 0,
          "private": "bnVsbA=="
        }
      ]
    },
    {
      "mode": "managed",
      "type": "aws_ec2_transit_gateway_route",
      "name": "liberdale_tgw_route_to_tokyo01",
      "provider": "provider[\"registry.terraform.io/hashicorp/aws\"]",
      "instances": [
        {
          "schema_version": 0,
          "attributes": {
            "blackhole": false,
            "destination_cidr_block": "10.100.0.0/16",
            "id": "tgw-rtb-0c30afb459120b643_10.100.0.0/16",
            "region": "sa-east-1",
            "transit_gateway_attachment_id": "tgw-attach-001ca2046d97cf069",
            "transit_gateway_route_table_id": "tgw-rtb-0c30afb459120b643"
          },
          "sensitive_attributes": [],
          "identity_schema_version": 0,
          "private": "bnVsbA==",
          "dependencies": [
            "aws_ec2_transit_gateway.liberdale_tgw01",
            "aws_ec2_transit_gateway_peering_attachment_accepter.liberdale_tgw_peering_accept01"
          ]
        }
      ]
    },
    {
      "mode": "managed",
      "type": "aws_ec2_transit_gateway_vpc_attachment",
      "name": "liberdale_tgw_vpc_attach01",
      "provider": "provider[\"registry.terraform.io/hashicorp/aws\"]",
      "instances": [
        {
          "schema_version": 0,
          "attributes": {
            "appliance_mode_support": "disable",
            "arn": "arn:aws:ec2:sa-east-1:975598471165:transit-gateway-attachment/tgw-attach-0af8e6f057d44f5d1",
            "dns_support": "enable",
            "id": "tgw-attach-0af8e6f057d44f5d1",
            "ipv6_support": "disable",
            "region": "sa-east-1",
            "security_group_referencing_support": "enable",
            "subnet_ids": [
              "subnet-04f14d0096537e8bd",
              "subnet-05e115d0ec65bff8c"
            ],
            "tags": {
              "Name": "liberdale-tgw-vpc-attach01"
            },
            "tags_all": {
              "Name": "liberdale-tgw-vpc-attach01"
            },
            "transit_gateway_default_route_table_association": true,
            "transit_gateway_default_route_table_propagation": true,
            "transit_gateway_id": "tgw-055c4115682138ae5",
            "vpc_id": "vpc-0c90d6182b218c5ae",
            "vpc_owner_id": "975598471165"
          },
          "sensitive_attributes": [],
          "identity_schema_version": 0,
          "private": "bnVsbA==",
          "dependencies": [
            "aws_ec2_transit_gateway.liberdale_tgw01",
            "aws_subnet.liberdale_private_subnets",
            "aws_vpc.liberdale_vpc01"
          ]
        }
      ]
    },
    {
      "mode": "managed",
      "type": "aws_eip",
      "name": "liberdale_nat_eip01",
      "provider": "provider[\"registry.terraform.io/hashicorp/aws\"]",
      "instances": [
        {
          "schema_version": 0,
          "attributes": {
            "address": null,
            "allocation_id": "eipalloc-0f2731ec8f9241cba",
            "arn": "arn:aws:ec2:sa-east-1:975598471165:elastic-ip/eipalloc-0f2731ec8f9241cba",
            "associate_with_private_ip": null,
            "association_id": "eipassoc-06ed1fe3a352d8d49",
            "carrier_ip": "",
            "customer_owned_ip": "",
            "customer_owned_ipv4_pool": "",
            "domain": "vpc",
            "id": "eipalloc-0f2731ec8f9241cba",
            "instance": "",
            "ipam_pool_id": null,
            "network_border_group": "sa-east-1",
            "network_interface": "eni-020b87176692372e2",
            "private_dns": "ip-10-200-1-96.sa-east-1.compute.internal",
            "private_ip": "10.200.1.96",
            "ptr_record": "",
            "public_dns": "ec2-56-126-178-149.sa-east-1.compute.amazonaws.com",
            "public_ip": "56.126.178.149",
            "public_ipv4_pool": "amazon",
            "region": "sa-east-1",
            "tags": {
              "Name": "liberdade-final-nat-eip01"
            },
            "tags_all": {
              "Name": "liberdade-final-nat-eip01"
            },
            "timeouts": null
          },
          "sensitive_attributes": [],
          "identity_schema_version": 0,
          "private": "eyJlMmJmYjczMC1lY2FhLTExZTYtOGY4OC0zNDM2M2JjN2M0YzAiOnsiZGVsZXRlIjoxODAwMDAwMDAwMDAsInJlYWQiOjkwMDAwMDAwMDAwMCwidXBkYXRlIjozMDAwMDAwMDAwMDB9fQ=="
        }
      ]
    },
    {
      "mode": "managed",
      "type": "aws_iam_instance_profile",
      "name": "liberdale_instance_profile01",
      "provider": "provider[\"registry.terraform.io/hashicorp/aws\"]",
      "instances": [
        {
          "schema_version": 0,
          "attributes": {
            "arn": "arn:aws:iam::975598471165:instance-profile/liberdade-final-instance-profile01",
            "create_date": "2026-03-26T01:21:57Z",
            "id": "liberdade-final-instance-profile01",
            "name": "liberdade-final-instance-profile01",
            "name_prefix": "",
            "path": "/",
            "role": "liberdade-final-ec2-role01",
            "tags": {},
            "tags_all": {},
            "unique_id": "AIPA6GJRTI766TRMSUNRF"
          },
          "sensitive_attributes": [],
          "identity_schema_version": 0,
          "private": "bnVsbA==",
          "dependencies": [
            "aws_iam_role.liberdale_ec2_role01"
          ]
        }
      ]
    },
    {
      "mode": "managed",
      "type": "aws_iam_policy",
      "name": "liberdale_leastpriv_cwlogs01",
      "provider": "provider[\"registry.terraform.io/hashicorp/aws\"]",
      "instances": [
        {
          "schema_version": 0,
          "attributes": {
            "arn": "arn:aws:iam::975598471165:policy/liberdade-final-lp-cwlogs01",
            "attachment_count": 1,
            "delay_after_policy_creation_in_ms": null,
            "description": "Least-privilege CloudWatch Logs write for the app log group",
            "id": "arn:aws:iam::975598471165:policy/liberdade-final-lp-cwlogs01",
            "name": "liberdade-final-lp-cwlogs01",
            "name_prefix": "",
            "path": "/",
            "policy": "{\"Statement\":[{\"Action\":[\"logs:CreateLogStream\",\"logs:PutLogEvents\",\"logs:DescribeLogStreams\"],\"Effect\":\"Allow\",\"Resource\":[\"arn:aws:logs:sa-east-1:975598471165:log-group:/aws/ec2/liberdade-final-rds-app:*\"],\"Sid\":\"WriteLogs\"}],\"Version\":\"2012-10-17\"}",
            "policy_id": "ANPA6GJRTI76YFXKCWVXJ",
            "tags": {},
            "tags_all": {}
          },
          "sensitive_attributes": [],
          "identity_schema_version": 0,
          "identity": {
            "arn": "arn:aws:iam::975598471165:policy/liberdade-final-lp-cwlogs01"
          },
          "private": "bnVsbA==",
          "dependencies": [
            "aws_cloudwatch_log_group.liberdale_log_group01"
          ]
        }
      ]
    },
    {
      "mode": "managed",
      "type": "aws_iam_policy",
      "name": "liberdale_leastpriv_read_params01",
      "provider": "provider[\"registry.terraform.io/hashicorp/aws\"]",
      "instances": [
        {
          "schema_version": 0,
          "attributes": {
            "arn": "arn:aws:iam::975598471165:policy/liberdade-final-lp-ssm-read01",
            "attachment_count": 1,
            "delay_after_policy_creation_in_ms": null,
            "description": "Least-privilege read for SSM Parameter Store under /lab/db/*",
            "id": "arn:aws:iam::975598471165:policy/liberdade-final-lp-ssm-read01",
            "name": "liberdade-final-lp-ssm-read01",
            "name_prefix": "",
            "path": "/",
            "policy": "{\"Statement\":[{\"Action\":[\"ssm:GetParameter\",\"ssm:GetParameters\",\"ssm:GetParametersByPath\"],\"Effect\":\"Allow\",\"Resource\":[\"arn:aws:ssm:sa-east-1:975598471165:parameter/lab/db/*\"],\"Sid\":\"ReadLabDbParams\"}],\"Version\":\"2012-10-17\"}",
            "policy_id": "ANPA6GJRTI762INNDKTII",
            "tags": {},
            "tags_all": {}
          },
          "sensitive_attributes": [],
          "identity_schema_version": 0,
          "identity": {
            "arn": "arn:aws:iam::975598471165:policy/liberdade-final-lp-ssm-read01"
          },
          "private": "bnVsbA==",
          "dependencies": [
            "data.aws_caller_identity.liberdale_self01",
            "data.aws_region.liberdale_region01"
          ]
        }
      ]
    },
    {
      "mode": "managed",
      "type": "aws_iam_policy",
      "name": "liberdale_leastpriv_read_secret01",
      "provider": "provider[\"registry.terraform.io/hashicorp/aws\"]",
      "instances": [
        {
          "schema_version": 0,
          "attributes": {
            "arn": "arn:aws:iam::975598471165:policy/liberdade-final-lp-secrets-read01",
            "attachment_count": 1,
            "delay_after_policy_creation_in_ms": null,
            "description": "Least-privilege read for the lab DB secret",
            "id": "arn:aws:iam::975598471165:policy/liberdade-final-lp-secrets-read01",
            "name": "liberdade-final-lp-secrets-read01",
            "name_prefix": "",
            "path": "/",
            "policy": "{\"Statement\":[{\"Action\":[\"secretsmanager:GetSecretValue\",\"secretsmanager:DescribeSecret\"],\"Effect\":\"Allow\",\"Resource\":\"arn:aws:secretsmanager:sa-east-1:975598471165:secret:liberdade-final/rds/mysql*\",\"Sid\":\"ReadOnlyLabSecret\"}],\"Version\":\"2012-10-17\"}",
            "policy_id": "ANPA6GJRTI76X7VMV2CYO",
            "tags": {},
            "tags_all": {}
          },
          "sensitive_attributes": [],
          "identity_schema_version": 0,
          "identity": {
            "arn": "arn:aws:iam::975598471165:policy/liberdade-final-lp-secrets-read01"
          },
          "private": "bnVsbA==",
          "dependencies": [
            "data.aws_caller_identity.liberdale_self01",
            "data.aws_region.liberdale_region01"
          ]
        }
      ]
    },
    {
      "mode": "managed",
      "type": "aws_iam_role",
      "name": "liberdale_ec2_role01",
      "provider": "provider[\"registry.terraform.io/hashicorp/aws\"]",
      "instances": [
        {
          "schema_version": 0,
          "attributes": {
            "arn": "arn:aws:iam::975598471165:role/liberdade-final-ec2-role01",
            "assume_role_policy": "{\"Statement\":[{\"Action\":\"sts:AssumeRole\",\"Effect\":\"Allow\",\"Principal\":{\"Service\":\"ec2.amazonaws.com\"}}],\"Version\":\"2012-10-17\"}",
            "create_date": "2026-03-26T01:21:55Z",
            "description": "",
            "force_detach_policies": false,
            "id": "liberdade-final-ec2-role01",
            "inline_policy": [],
            "managed_policy_arns": [
              "arn:aws:iam::975598471165:policy/liberdade-final-lp-cwlogs01",
              "arn:aws:iam::975598471165:policy/liberdade-final-lp-secrets-read01",
              "arn:aws:iam::975598471165:policy/liberdade-final-lp-ssm-read01",
              "arn:aws:iam::aws:policy/AmazonSSMManagedInstanceCore",
              "arn:aws:iam::aws:policy/CloudWatchAgentServerPolicy",
              "arn:aws:iam::aws:policy/SecretsManagerReadWrite"
            ],
            "max_session_duration": 3600,
            "name": "liberdade-final-ec2-role01",
            "name_prefix": "",
            "path": "/",
            "permissions_boundary": "",
            "tags": {},
            "tags_all": {},
            "unique_id": "AROA6GJRTI76SNRTP66MH"
          },
          "sensitive_attributes": [],
          "identity_schema_version": 0,
          "identity": {
            "account_id": "975598471165",
            "name": "liberdade-final-ec2-role01"
          },
          "private": "bnVsbA=="
        }
      ]
    },
    {
      "mode": "managed",
      "type": "aws_iam_role_policy_attachment",
      "name": "liberdale_attach_lp_cwlogs01",
      "provider": "provider[\"registry.terraform.io/hashicorp/aws\"]",
      "instances": [
        {
          "schema_version": 0,
          "attributes": {
            "id": "liberdade-final-ec2-role01/arn:aws:iam::975598471165:policy/liberdade-final-lp-cwlogs01",
            "policy_arn": "arn:aws:iam::975598471165:policy/liberdade-final-lp-cwlogs01",
            "role": "liberdade-final-ec2-role01"
          },
          "sensitive_attributes": [],
          "identity_schema_version": 0,
          "identity": {
            "account_id": "975598471165",
            "policy_arn": "arn:aws:iam::975598471165:policy/liberdade-final-lp-cwlogs01",
            "role": "liberdade-final-ec2-role01"
          },
          "private": "bnVsbA==",
          "dependencies": [
            "aws_cloudwatch_log_group.liberdale_log_group01",
            "aws_iam_policy.liberdale_leastpriv_cwlogs01",
            "aws_iam_role.liberdale_ec2_role01"
          ]
        }
      ]
    },
    {
      "mode": "managed",
      "type": "aws_iam_role_policy_attachment",
      "name": "liberdale_attach_lp_params01",
      "provider": "provider[\"registry.terraform.io/hashicorp/aws\"]",
      "instances": [
        {
          "schema_version": 0,
          "attributes": {
            "id": "liberdade-final-ec2-role01/arn:aws:iam::975598471165:policy/liberdade-final-lp-ssm-read01",
            "policy_arn": "arn:aws:iam::975598471165:policy/liberdade-final-lp-ssm-read01",
            "role": "liberdade-final-ec2-role01"
          },
          "sensitive_attributes": [],
          "identity_schema_version": 0,
          "identity": {
            "account_id": "975598471165",
            "policy_arn": "arn:aws:iam::975598471165:policy/liberdade-final-lp-ssm-read01",
            "role": "liberdade-final-ec2-role01"
          },
          "private": "bnVsbA==",
          "dependencies": [
            "aws_iam_policy.liberdale_leastpriv_read_params01",
            "aws_iam_role.liberdale_ec2_role01",
            "data.aws_caller_identity.liberdale_self01",
            "data.aws_region.liberdale_region01"
          ]
        }
      ]
    },
    {
      "mode": "managed",
      "type": "aws_iam_role_policy_attachment",
      "name": "liberdale_attach_lp_secret01",
      "provider": "provider[\"registry.terraform.io/hashicorp/aws\"]",
      "instances": [
        {
          "schema_version": 0,
          "attributes": {
            "id": "liberdade-final-ec2-role01/arn:aws:iam::975598471165:policy/liberdade-final-lp-secrets-read01",
            "policy_arn": "arn:aws:iam::975598471165:policy/liberdade-final-lp-secrets-read01",
            "role": "liberdade-final-ec2-role01"
          },
          "sensitive_attributes": [],
          "identity_schema_version": 0,
          "identity": {
            "account_id": "975598471165",
            "policy_arn": "arn:aws:iam::975598471165:policy/liberdade-final-lp-secrets-read01",
            "role": "liberdade-final-ec2-role01"
          },
          "private": "bnVsbA==",
          "dependencies": [
            "aws_iam_policy.liberdale_leastpriv_read_secret01",
            "aws_iam_role.liberdale_ec2_role01",
            "data.aws_caller_identity.liberdale_self01",
            "data.aws_region.liberdale_region01"
          ]
        }
      ]
    },
    {
      "mode": "managed",
      "type": "aws_iam_role_policy_attachment",
      "name": "liberdale_ec2_cw_attach",
      "provider": "provider[\"registry.terraform.io/hashicorp/aws\"]",
      "instances": [
        {
          "schema_version": 0,
          "attributes": {
            "id": "liberdade-final-ec2-role01/arn:aws:iam::aws:policy/CloudWatchAgentServerPolicy",
            "policy_arn": "arn:aws:iam::aws:policy/CloudWatchAgentServerPolicy",
            "role": "liberdade-final-ec2-role01"
          },
          "sensitive_attributes": [],
          "identity_schema_version": 0,
          "identity": {
            "account_id": "975598471165",
            "policy_arn": "arn:aws:iam::aws:policy/CloudWatchAgentServerPolicy",
            "role": "liberdade-final-ec2-role01"
          },
          "private": "bnVsbA==",
          "dependencies": [
            "aws_iam_role.liberdale_ec2_role01"
          ]
        }
      ]
    },
    {
      "mode": "managed",
      "type": "aws_iam_role_policy_attachment",
      "name": "liberdale_ec2_secrets_attach",
      "provider": "provider[\"registry.terraform.io/hashicorp/aws\"]",
      "instances": [
        {
          "schema_version": 0,
          "attributes": {
            "id": "liberdade-final-ec2-role01/arn:aws:iam::aws:policy/SecretsManagerReadWrite",
            "policy_arn": "arn:aws:iam::aws:policy/SecretsManagerReadWrite",
            "role": "liberdade-final-ec2-role01"
          },
          "sensitive_attributes": [],
          "identity_schema_version": 0,
          "identity": {
            "account_id": "975598471165",
            "policy_arn": "arn:aws:iam::aws:policy/SecretsManagerReadWrite",
            "role": "liberdade-final-ec2-role01"
          },
          "private": "bnVsbA==",
          "dependencies": [
            "aws_iam_role.liberdale_ec2_role01"
          ]
        }
      ]
    },
    {
      "mode": "managed",
      "type": "aws_iam_role_policy_attachment",
      "name": "liberdale_ec2_ssm_attach",
      "provider": "provider[\"registry.terraform.io/hashicorp/aws\"]",
      "instances": [
        {
          "schema_version": 0,
          "attributes": {
            "id": "liberdade-final-ec2-role01/arn:aws:iam::aws:policy/AmazonSSMManagedInstanceCore",
            "policy_arn": "arn:aws:iam::aws:policy/AmazonSSMManagedInstanceCore",
            "role": "liberdade-final-ec2-role01"
          },
          "sensitive_attributes": [],
          "identity_schema_version": 0,
          "identity": {
            "account_id": "975598471165",
            "policy_arn": "arn:aws:iam::aws:policy/AmazonSSMManagedInstanceCore",
            "role": "liberdade-final-ec2-role01"
          },
          "private": "bnVsbA==",
          "dependencies": [
            "aws_iam_role.liberdale_ec2_role01"
          ]
        }
      ]
    },
    {
      "mode": "managed",
      "type": "aws_instance",
      "name": "liberdale_ec201",
      "provider": "provider[\"registry.terraform.io/hashicorp/aws\"]",
      "instances": [
        {
          "schema_version": 2,
          "attributes": {
            "ami": "ami-0c820c196a818d66a",
            "arn": "arn:aws:ec2:sa-east-1:975598471165:instance/i-0901ec11844eb54cf",
            "associate_public_ip_address": false,
            "availability_zone": "sa-east-1a",
            "capacity_reservation_specification": [
              {
                "capacity_reservation_preference": "open",
                "capacity_reservation_target": []
              }
            ],
            "cpu_options": [
              {
                "amd_sev_snp": "",
                "core_count": 1,
                "nested_virtualization": "",
                "threads_per_core": 2
              }
            ],
            "credit_specification": [
              {
                "cpu_credits": "unlimited"
              }
            ],
            "disable_api_stop": false,
            "disable_api_termination": false,
            "ebs_block_device": [],
            "ebs_optimized": false,
            "enable_primary_ipv6": null,
            "enclave_options": [
              {
                "enabled": false
              }
            ],
            "ephemeral_block_device": [],
            "force_destroy": false,
            "get_password_data": false,
            "hibernation": false,
            "host_id": "",
            "host_resource_group_arn": null,
            "iam_instance_profile": "liberdade-final-instance-profile01",
            "id": "i-0901ec11844eb54cf",
            "instance_initiated_shutdown_behavior": "stop",
            "instance_lifecycle": "",
            "instance_market_options": [],
            "instance_state": "running",
            "instance_type": "t3.micro",
            "ipv6_address_count": 0,
            "ipv6_addresses": [],
            "key_name": "",
            "launch_template": [],
            "maintenance_options": [
              {
                "auto_recovery": "default"
              }
            ],
            "metadata_options": [
              {
                "http_endpoint": "enabled",
                "http_protocol_ipv6": "disabled",
                "http_put_response_hop_limit": 2,
                "http_tokens": "required",
                "instance_metadata_tags": "disabled"
              }
            ],
            "monitoring": false,
            "network_interface": [],
            "outpost_arn": "",
            "password_data": "",
            "placement_group": "",
            "placement_group_id": "",
            "placement_partition_number": 0,
            "primary_network_interface": [
              {
                "delete_on_termination": true,
                "network_interface_id": "eni-06a59d2bac5d5c34c"
              }
            ],
            "primary_network_interface_id": "eni-06a59d2bac5d5c34c",
            "private_dns": "ip-10-200-101-55.sa-east-1.compute.internal",
            "private_dns_name_options": [
              {
                "enable_resource_name_dns_a_record": false,
                "enable_resource_name_dns_aaaa_record": false,
                "hostname_type": "ip-name"
              }
            ],
            "private_ip": "10.200.101.55",
            "public_dns": "",
            "public_ip": "",
            "region": "sa-east-1",
            "root_block_device": [
              {
                "delete_on_termination": true,
                "device_name": "/dev/xvda",
                "encrypted": false,
                "iops": 3000,
                "kms_key_id": "",
                "tags": {},
                "tags_all": {},
                "throughput": 125,
                "volume_id": "vol-0880cb96fc5aa9f66",
                "volume_size": 8,
                "volume_type": "gp3"
              }
            ],
            "secondary_network_interface": [],
            "secondary_private_ips": [],
            "security_groups": [],
            "source_dest_check": true,
            "spot_instance_request_id": "",
            "subnet_id": "subnet-05e115d0ec65bff8c",
            "tags": {
              "Name": "liberdade-final-ec201"
            },
            "tags_all": {
              "Name": "liberdade-final-ec201"
            },
            "tenancy": "default",
            "timeouts": null,
            "user_data": "#!/bin/bash\n# ============================================================\n# São Paulo (liberdade) user_data.sh\n# Region: sa-east-1\n# Lab 3A: STATELESS COMPUTE — no local DB.\n#         App reads /lab/db/endpoint from SSM,\n#         which points to Tokyo RDS via TGW.\n# ============================================================\n\nset -euo pipefail\n\n# 1. System Dependencies\ndnf update -y\ndnf install -y python3-pip mariadb105 nc  # nc for TGW connectivity testing\npip3 install flask pymysql boto3 watchtower\n\n# 2. Directory Structure\nmkdir -p /opt/rdsapp/static\n\n# 2.1 Static Files\necho \"\u003ch1\u003eliberdade — São Paulo App v3.0\u003c/h1\u003e\" \u003e /opt/rdsapp/static/index.html\necho \"São Paulo is stateless. Data lives in Tokyo.\" \u003e /opt/rdsapp/static/example.txt\n\n# 3. Flask Application\n# IMPORTANT: This app.py is IDENTICAL to Tokyo's except for region and secret name.\n# It reads /lab/db/endpoint from SSM — in São Paulo, that parameter points to Tokyo.\n# The TGW handles the network path transparently. No app code changes needed.\ncat \u003e/opt/rdsapp/app.py \u003c\u003c'PY'\nimport json\nimport os\nimport boto3\nimport pymysql\nimport logging\nimport time\nfrom flask import Flask, request, jsonify, make_response, send_from_directory\nfrom watchtower import CloudWatchLogHandler\n\nREGION        = os.environ.get(\"AWS_REGION\", \"sa-east-1\")         # FIX: correct region\nLOG_GROUP     = os.environ.get(\"LOG_GROUP\",  \"/aws/ec2/lab-rds-app\")\nSTATIC_FOLDER = \"/opt/rdsapp/static\"                               # FIX: was undefined\nSECRET_ID     = os.environ.get(\"SECRET_ID\",  \"shinjuku-final/rds/mysql1\")  # FIX: Tokyo secret\n\n# NOTE: SSM and Secrets Manager clients use sa-east-1 (local region).\n# SSM /lab/db/endpoint was written by Terraform pointing to the Tokyo RDS hostname.\n# The pymysql connect() uses that hostname, which resolves to Tokyo private IP,\n# and traffic flows: São Paulo EC2 → TGW → Tokyo VPC → Tokyo RDS.\nssm = boto3.client(\"ssm\",            region_name=REGION)\nsm  = boto3.client(\"secretsmanager\", region_name=REGION)\ncw  = boto3.client(\"cloudwatch\",     region_name=REGION)\n\nlogger = logging.getLogger(__name__)\nlogger.setLevel(logging.INFO)\ntry:\n    cw_handler = CloudWatchLogHandler(\n        log_group=LOG_GROUP,\n        stream_name=\"app-stream\",\n        boto3_client=boto3.client(\"logs\", region_name=REGION)\n    )\n    logger.addHandler(cw_handler)\nexcept Exception as e:\n    print(f\"CloudWatch Logs setup pending: {e}\")\n\napp = Flask(__name__)\n\ndef record_failure(error_msg):\n    logger.error(f\"DB_CONNECTION_FAILURE: {error_msg}\")\n    try:\n        cw.put_metric_data(\n            Namespace=\"Lab/RDSApp\",\n            MetricData=[{\"MetricName\": \"DBConnectionErrors\", \"Value\": 1.0, \"Unit\": \"Count\"}]\n        )\n    except Exception as e:\n        logger.warning(f\"Failed to push metric: {e}\")\n\ndef get_config():\n    p_resp = ssm.get_parameters(\n        Names=[\"/lab/db/endpoint\", \"/lab/db/port\", \"/lab/db/name\"],\n        WithDecryption=False\n    )\n    p_map = {p[\"Name\"]: p[\"Value\"] for p in p_resp[\"Parameters\"]}\n    # Credentials live in Tokyo Secrets Manager — but São Paulo's IAM role has\n    # cross-region read via HTTPS (not TGW, Secrets Manager is a public endpoint).\n    # Alternatively, replicate the secret to sa-east-1 Secrets Manager.\n    s_resp = sm.get_secret_value(SecretId=SECRET_ID)\n    secret = json.loads(s_resp[\"SecretString\"])\n    return {\n        \"host\":     p_map.get(\"/lab/db/endpoint\"),   # Tokyo RDS hostname\n        \"port\":     int(p_map.get(\"/lab/db/port\", 3306)),\n        \"dbname\":   p_map.get(\"/lab/db/name\", \"labdb\"),\n        \"user\":     secret.get(\"username\"),\n        \"password\": secret.get(\"password\")\n    }\n\ndef get_conn():\n    c = get_config()\n    return pymysql.connect(\n        host=c[\"host\"], user=c[\"user\"], password=c[\"password\"],\n        port=c[\"port\"], database=c[\"dbname\"], autocommit=True,\n        connect_timeout=15  # Slightly higher timeout for cross-region TGW latency\n    )\n\n# FIX: /health route — ALB health check configured with path=/health\n@app.route(\"/health\")\ndef health():\n    return jsonify({\"status\": \"ok\", \"region\": REGION, \"db\": \"tokyo-via-tgw\"}), 200\n\n@app.route(\"/\")\ndef home():\n    return f\"\"\"\n    \u003ch1\u003eliberdade (São Paulo) — {REGION}\u003c/h1\u003e\n    \u003cp\u003eStateless compute. All data reads/writes go to Tokyo RDS via TGW.\u003c/p\u003e\n    \u003cul\u003e\n      \u003cli\u003e\u003ca href='/init'\u003e1. Init DB (Tokyo)\u003c/a\u003e\u003c/li\u003e\n      \u003cli\u003e\u003ca href='/add?text=SaoPauloEntry'\u003e2. Add Note\u003c/a\u003e\u003c/li\u003e\n      \u003cli\u003e\u003ca href='/list'\u003e3. List Notes (from Tokyo)\u003c/a\u003e\u003c/li\u003e\n    \u003c/ul\u003e\n    \"\"\"\n\n@app.route(\"/add\")\ndef add_note():\n    note_text = request.args.get(\"text\", \"SP Entry\")\n    try:\n        conn = get_conn()\n        cur  = conn.cursor()\n        cur.execute(\"INSERT INTO notes (note) VALUES (%s)\", (note_text,))\n        cur.close(); conn.close()\n        return f\"Added to Tokyo RDS: {note_text} | \u003ca href='/list'\u003eView\u003c/a\u003e\"\n    except Exception as e:\n        record_failure(str(e))\n        return f\"Add Failed (TGW or RDS unreachable?): {e}\", 500\n\n@app.route(\"/static/\u003cpath:filename\u003e\")\ndef serve_static(filename):\n    return send_from_directory(STATIC_FOLDER, filename)\n\n@app.route(\"/api/public-feed\")\ndef public_feed():\n    data = {\"message\": \"São Paulo feed — data from Tokyo\", \"server_time_utc\": time.time(), \"region\": REGION}\n    response = make_response(jsonify(data))\n    response.headers[\"Cache-Control\"] = \"public, s-maxage=30, max-age=0\"\n    return response\n\n@app.route(\"/api/list\")\ndef private_list():\n    try:\n        conn = get_conn()\n        cur  = conn.cursor()\n        cur.execute(\"SELECT note FROM notes ORDER BY id DESC LIMIT 5;\")\n        rows = cur.fetchall()\n        cur.close(); conn.close()\n        data = {\"notes\": [r[0] for r in rows], \"status\": \"private\", \"served_by\": REGION, \"db\": \"tokyo\"}\n    except Exception as e:\n        record_failure(str(e))\n        data = {\"error\": \"db_connection_failed\", \"detail\": str(e)}\n    response = make_response(jsonify(data))\n    response.headers[\"Cache-Control\"] = \"private, no-store\"\n    return response\n\n@app.route(\"/list\")\ndef list_notes():\n    try:\n        conn = get_conn()\n        cur  = conn.cursor()\n        cur.execute(\"SELECT id, note FROM notes ORDER BY id DESC;\")\n        rows = cur.fetchall()\n        cur.close(); conn.close()\n        return \"\u003ch3\u003eNotes (Tokyo RDS via TGW):\u003c/h3\u003e\" + \"\".join([f\"\u003cli\u003e{r[1]}\u003c/li\u003e\" for r in rows]) + \"\u003cbr\u003e\u003ca href='/'\u003eBack\u003c/a\u003e\"\n    except Exception as e:\n        record_failure(str(e))\n        return f\"List Failed: {e}\", 500\n\n@app.route(\"/api/records\", methods=[\"POST\"])\ndef add_record():\n    data       = request.get_json(silent=True) or {}\n    patient_id = data.get(\"patient_id\", \"UNKNOWN\")\n    note       = data.get(\"note\", \"\")\n    try:\n        conn = get_conn()\n        cur  = conn.cursor()\n        cur.execute(\"INSERT INTO notes (note) VALUES (%s)\", (f\"[{patient_id}] {note}\",))\n        cur.close(); conn.close()\n        return jsonify({\"status\": \"ok\", \"patient_id\": patient_id, \"written_by\": REGION, \"db\": \"tokyo-via-tgw\"}), 201\n    except Exception as e:\n        record_failure(str(e))\n        return jsonify({\"error\": \"db_write_failed\", \"detail\": str(e)}), 500\n\n@app.route(\"/api/records\", methods=[\"GET\"])\ndef get_records():\n    patient_id = request.args.get(\"patient_id\")\n    try:\n        conn = get_conn()\n        cur  = conn.cursor()\n        if patient_id:\n            cur.execute(\"SELECT note FROM notes WHERE note LIKE %s ORDER BY id DESC\", (f\"%{patient_id}%\",))\n        else:\n            cur.execute(\"SELECT note FROM notes ORDER BY id DESC LIMIT 10\")\n        rows = cur.fetchall()\n        cur.close(); conn.close()\n        return jsonify({\"records\": [r[0] for r in rows], \"served_by\": REGION, \"db\": \"tokyo\"}), 200\n    except Exception as e:\n        record_failure(str(e))\n        return jsonify({\"error\": \"db_read_failed\", \"detail\": str(e)}), 500\n\n@app.route(\"/init\")\ndef init_db():\n    try:\n        c = get_config()\n        conn = pymysql.connect(host=c[\"host\"], user=c[\"user\"], password=c[\"password\"], port=c[\"port\"])\n        cur  = conn.cursor()\n        cur.execute(f\"CREATE DATABASE IF NOT EXISTS {c['dbname']};\")\n        cur.execute(f\"USE {c['dbname']};\")\n        cur.execute(\"CREATE TABLE IF NOT EXISTS notes (id INT AUTO_INCREMENT PRIMARY KEY, note VARCHAR(255));\")\n        cur.close(); conn.close()\n        return \"Init OK on Tokyo RDS! \u003ca href='/'\u003eBack\u003c/a\u003e\"\n    except Exception as e:\n        record_failure(str(e))\n        return f\"Init Failed (check TGW route and RDS SG): {e}\", 500\n\nif __name__ == \"__main__\":\n    app.run(host=\"0.0.0.0\", port=80)\nPY\n\n# 4. Systemd Service\n# FIX: AWS_REGION is now sa-east-1 — was incorrectly us-east-1 in original code.\ncat \u003e/etc/systemd/system/rdsapp.service \u003c\u003c'SERVICE'\n[Unit]\nDescription=liberdade RDS App (São Paulo — stateless compute)\nAfter=network-online.target\nWants=network-online.target\n\n[Service]\nWorkingDirectory=/opt/rdsapp\nExecStartPre=/usr/bin/sleep 20\nExecStart=/usr/bin/python3 /opt/rdsapp/app.py\nRestart=always\nRestartSec=10s\nEnvironment=AWS_REGION=sa-east-1\nEnvironment=SECRET_ID=shinjuku-final/rds/mysql1\nEnvironment=LOG_GROUP=/aws/ec2/liberdade-final-rds-app\n\n[Install]\nWantedBy=multi-user.target\nSERVICE\n\nsystemctl daemon-reload\nsystemctl enable rdsapp\nsystemctl start rdsapp\n",
            "user_data_base64": null,
            "user_data_replace_on_change": false,
            "volume_tags": null,
            "vpc_security_group_ids": [
              "sg-02464bb4a709848e0"
            ]
          },
          "sensitive_attributes": [],
          "identity_schema_version": 0,
          "identity": {
            "account_id": "975598471165",
            "id": "i-0901ec11844eb54cf",
            "region": "sa-east-1"
          },
          "private": "eyJlMmJmYjczMC1lY2FhLTExZTYtOGY4OC0zNDM2M2JjN2M0YzAiOnsiY3JlYXRlIjo2MDAwMDAwMDAwMDAsImRlbGV0ZSI6MTIwMDAwMDAwMDAwMCwicmVhZCI6OTAwMDAwMDAwMDAwLCJ1cGRhdGUiOjYwMDAwMDAwMDAwMH0sInNjaGVtYV92ZXJzaW9uIjoiMiJ9",
          "dependencies": [
            "aws_iam_instance_profile.liberdale_instance_profile01",
            "aws_iam_role.liberdale_ec2_role01",
            "aws_security_group.liberdale_ec2_sg01",
            "aws_subnet.liberdale_private_subnets",
            "aws_vpc.liberdale_vpc01"
          ]
        }
      ]
    },
    {
      "mode": "managed",
      "type": "aws_instance",
      "name": "liberdale_ec201_private_bonus",
      "provider": "provider[\"registry.terraform.io/hashicorp/aws\"]",
      "instances": [
        {
          "schema_version": 2,
          "attributes": {
            "ami": "ami-0c820c196a818d66a",
            "arn": "arn:aws:ec2:sa-east-1:975598471165:instance/i-0ac315ff3c8329c61",
            "associate_public_ip_address": false,
            "availability_zone": "sa-east-1a",
            "capacity_reservation_specification": [
              {
                "capacity_reservation_preference": "open",
                "capacity_reservation_target": []
              }
            ],
            "cpu_options": [
              {
                "amd_sev_snp": "",
                "core_count": 1,
                "nested_virtualization": "",
                "threads_per_core": 2
              }
            ],
            "credit_specification": [
              {
                "cpu_credits": "unlimited"
              }
            ],
            "disable_api_stop": false,
            "disable_api_termination": false,
            "ebs_block_device": [],
            "ebs_optimized": false,
            "enable_primary_ipv6": null,
            "enclave_options": [
              {
                "enabled": false
              }
            ],
            "ephemeral_block_device": [],
            "force_destroy": false,
            "get_password_data": false,
            "hibernation": false,
            "host_id": "",
            "host_resource_group_arn": null,
            "iam_instance_profile": "liberdade-final-instance-profile01",
            "id": "i-0ac315ff3c8329c61",
            "instance_initiated_shutdown_behavior": "stop",
            "instance_lifecycle": "",
            "instance_market_options": [],
            "instance_state": "running",
            "instance_type": "t3.micro",
            "ipv6_address_count": 0,
            "ipv6_addresses": [],
            "key_name": "",
            "launch_template": [],
            "maintenance_options": [
              {
                "auto_recovery": "default"
              }
            ],
            "metadata_options": [
              {
                "http_endpoint": "enabled",
                "http_protocol_ipv6": "disabled",
                "http_put_response_hop_limit": 2,
                "http_tokens": "required",
                "instance_metadata_tags": "disabled"
              }
            ],
            "monitoring": false,
            "network_interface": [],
            "outpost_arn": "",
            "password_data": "",
            "placement_group": "",
            "placement_group_id": "",
            "placement_partition_number": 0,
            "primary_network_interface": [
              {
                "delete_on_termination": true,
                "network_interface_id": "eni-0f2ca5611ecbe60d5"
              }
            ],
            "primary_network_interface_id": "eni-0f2ca5611ecbe60d5",
            "private_dns": "ip-10-200-101-82.sa-east-1.compute.internal",
            "private_dns_name_options": [
              {
                "enable_resource_name_dns_a_record": false,
                "enable_resource_name_dns_aaaa_record": false,
                "hostname_type": "ip-name"
              }
            ],
            "private_ip": "10.200.101.82",
            "public_dns": "",
            "public_ip": "",
            "region": "sa-east-1",
            "root_block_device": [
              {
                "delete_on_termination": true,
                "device_name": "/dev/xvda",
                "encrypted": false,
                "iops": 3000,
                "kms_key_id": "",
                "tags": {},
                "tags_all": {},
                "throughput": 125,
                "volume_id": "vol-046681d2d6ffa4e1f",
                "volume_size": 8,
                "volume_type": "gp3"
              }
            ],
            "secondary_network_interface": [],
            "secondary_private_ips": [],
            "security_groups": [],
            "source_dest_check": true,
            "spot_instance_request_id": "",
            "subnet_id": "subnet-05e115d0ec65bff8c",
            "tags": {
              "Name": "liberdade-final-ec201-private"
            },
            "tags_all": {
              "Name": "liberdade-final-ec201-private"
            },
            "tenancy": "default",
            "timeouts": null,
            "user_data": "#!/bin/bash\n# ============================================================\n# São Paulo (liberdade) user_data.sh\n# Region: sa-east-1\n# Lab 3A: STATELESS COMPUTE — no local DB.\n#         App reads /lab/db/endpoint from SSM,\n#         which points to Tokyo RDS via TGW.\n# ============================================================\n\nset -euo pipefail\n\n# 1. System Dependencies\ndnf update -y\ndnf install -y python3-pip mariadb105 nc  # nc for TGW connectivity testing\npip3 install flask pymysql boto3 watchtower\n\n# 2. Directory Structure\nmkdir -p /opt/rdsapp/static\n\n# 2.1 Static Files\necho \"\u003ch1\u003eliberdade — São Paulo App v3.0\u003c/h1\u003e\" \u003e /opt/rdsapp/static/index.html\necho \"São Paulo is stateless. Data lives in Tokyo.\" \u003e /opt/rdsapp/static/example.txt\n\n# 3. Flask Application\n# IMPORTANT: This app.py is IDENTICAL to Tokyo's except for region and secret name.\n# It reads /lab/db/endpoint from SSM — in São Paulo, that parameter points to Tokyo.\n# The TGW handles the network path transparently. No app code changes needed.\ncat \u003e/opt/rdsapp/app.py \u003c\u003c'PY'\nimport json\nimport os\nimport boto3\nimport pymysql\nimport logging\nimport time\nfrom flask import Flask, request, jsonify, make_response, send_from_directory\nfrom watchtower import CloudWatchLogHandler\n\nREGION        = os.environ.get(\"AWS_REGION\", \"sa-east-1\")         # FIX: correct region\nLOG_GROUP     = os.environ.get(\"LOG_GROUP\",  \"/aws/ec2/lab-rds-app\")\nSTATIC_FOLDER = \"/opt/rdsapp/static\"                               # FIX: was undefined\nSECRET_ID     = os.environ.get(\"SECRET_ID\",  \"shinjuku-final/rds/mysql1\")  # FIX: Tokyo secret\n\n# NOTE: SSM and Secrets Manager clients use sa-east-1 (local region).\n# SSM /lab/db/endpoint was written by Terraform pointing to the Tokyo RDS hostname.\n# The pymysql connect() uses that hostname, which resolves to Tokyo private IP,\n# and traffic flows: São Paulo EC2 → TGW → Tokyo VPC → Tokyo RDS.\nssm = boto3.client(\"ssm\",            region_name=REGION)\nsm  = boto3.client(\"secretsmanager\", region_name=REGION)\ncw  = boto3.client(\"cloudwatch\",     region_name=REGION)\n\nlogger = logging.getLogger(__name__)\nlogger.setLevel(logging.INFO)\ntry:\n    cw_handler = CloudWatchLogHandler(\n        log_group=LOG_GROUP,\n        stream_name=\"app-stream\",\n        boto3_client=boto3.client(\"logs\", region_name=REGION)\n    )\n    logger.addHandler(cw_handler)\nexcept Exception as e:\n    print(f\"CloudWatch Logs setup pending: {e}\")\n\napp = Flask(__name__)\n\ndef record_failure(error_msg):\n    logger.error(f\"DB_CONNECTION_FAILURE: {error_msg}\")\n    try:\n        cw.put_metric_data(\n            Namespace=\"Lab/RDSApp\",\n            MetricData=[{\"MetricName\": \"DBConnectionErrors\", \"Value\": 1.0, \"Unit\": \"Count\"}]\n        )\n    except Exception as e:\n        logger.warning(f\"Failed to push metric: {e}\")\n\ndef get_config():\n    p_resp = ssm.get_parameters(\n        Names=[\"/lab/db/endpoint\", \"/lab/db/port\", \"/lab/db/name\"],\n        WithDecryption=False\n    )\n    p_map = {p[\"Name\"]: p[\"Value\"] for p in p_resp[\"Parameters\"]}\n    # Credentials live in Tokyo Secrets Manager — but São Paulo's IAM role has\n    # cross-region read via HTTPS (not TGW, Secrets Manager is a public endpoint).\n    # Alternatively, replicate the secret to sa-east-1 Secrets Manager.\n    s_resp = sm.get_secret_value(SecretId=SECRET_ID)\n    secret = json.loads(s_resp[\"SecretString\"])\n    return {\n        \"host\":     p_map.get(\"/lab/db/endpoint\"),   # Tokyo RDS hostname\n        \"port\":     int(p_map.get(\"/lab/db/port\", 3306)),\n        \"dbname\":   p_map.get(\"/lab/db/name\", \"labdb\"),\n        \"user\":     secret.get(\"username\"),\n        \"password\": secret.get(\"password\")\n    }\n\ndef get_conn():\n    c = get_config()\n    return pymysql.connect(\n        host=c[\"host\"], user=c[\"user\"], password=c[\"password\"],\n        port=c[\"port\"], database=c[\"dbname\"], autocommit=True,\n        connect_timeout=15  # Slightly higher timeout for cross-region TGW latency\n    )\n\n# FIX: /health route — ALB health check configured with path=/health\n@app.route(\"/health\")\ndef health():\n    return jsonify({\"status\": \"ok\", \"region\": REGION, \"db\": \"tokyo-via-tgw\"}), 200\n\n@app.route(\"/\")\ndef home():\n    return f\"\"\"\n    \u003ch1\u003eliberdade (São Paulo) — {REGION}\u003c/h1\u003e\n    \u003cp\u003eStateless compute. All data reads/writes go to Tokyo RDS via TGW.\u003c/p\u003e\n    \u003cul\u003e\n      \u003cli\u003e\u003ca href='/init'\u003e1. Init DB (Tokyo)\u003c/a\u003e\u003c/li\u003e\n      \u003cli\u003e\u003ca href='/add?text=SaoPauloEntry'\u003e2. Add Note\u003c/a\u003e\u003c/li\u003e\n      \u003cli\u003e\u003ca href='/list'\u003e3. List Notes (from Tokyo)\u003c/a\u003e\u003c/li\u003e\n    \u003c/ul\u003e\n    \"\"\"\n\n@app.route(\"/add\")\ndef add_note():\n    note_text = request.args.get(\"text\", \"SP Entry\")\n    try:\n        conn = get_conn()\n        cur  = conn.cursor()\n        cur.execute(\"INSERT INTO notes (note) VALUES (%s)\", (note_text,))\n        cur.close(); conn.close()\n        return f\"Added to Tokyo RDS: {note_text} | \u003ca href='/list'\u003eView\u003c/a\u003e\"\n    except Exception as e:\n        record_failure(str(e))\n        return f\"Add Failed (TGW or RDS unreachable?): {e}\", 500\n\n@app.route(\"/static/\u003cpath:filename\u003e\")\ndef serve_static(filename):\n    return send_from_directory(STATIC_FOLDER, filename)\n\n@app.route(\"/api/public-feed\")\ndef public_feed():\n    data = {\"message\": \"São Paulo feed — data from Tokyo\", \"server_time_utc\": time.time(), \"region\": REGION}\n    response = make_response(jsonify(data))\n    response.headers[\"Cache-Control\"] = \"public, s-maxage=30, max-age=0\"\n    return response\n\n@app.route(\"/api/list\")\ndef private_list():\n    try:\n        conn = get_conn()\n        cur  = conn.cursor()\n        cur.execute(\"SELECT note FROM notes ORDER BY id DESC LIMIT 5;\")\n        rows = cur.fetchall()\n        cur.close(); conn.close()\n        data = {\"notes\": [r[0] for r in rows], \"status\": \"private\", \"served_by\": REGION, \"db\": \"tokyo\"}\n    except Exception as e:\n        record_failure(str(e))\n        data = {\"error\": \"db_connection_failed\", \"detail\": str(e)}\n    response = make_response(jsonify(data))\n    response.headers[\"Cache-Control\"] = \"private, no-store\"\n    return response\n\n@app.route(\"/list\")\ndef list_notes():\n    try:\n        conn = get_conn()\n        cur  = conn.cursor()\n        cur.execute(\"SELECT id, note FROM notes ORDER BY id DESC;\")\n        rows = cur.fetchall()\n        cur.close(); conn.close()\n        return \"\u003ch3\u003eNotes (Tokyo RDS via TGW):\u003c/h3\u003e\" + \"\".join([f\"\u003cli\u003e{r[1]}\u003c/li\u003e\" for r in rows]) + \"\u003cbr\u003e\u003ca href='/'\u003eBack\u003c/a\u003e\"\n    except Exception as e:\n        record_failure(str(e))\n        return f\"List Failed: {e}\", 500\n\n@app.route(\"/api/records\", methods=[\"POST\"])\ndef add_record():\n    data       = request.get_json(silent=True) or {}\n    patient_id = data.get(\"patient_id\", \"UNKNOWN\")\n    note       = data.get(\"note\", \"\")\n    try:\n        conn = get_conn()\n        cur  = conn.cursor()\n        cur.execute(\"INSERT INTO notes (note) VALUES (%s)\", (f\"[{patient_id}] {note}\",))\n        cur.close(); conn.close()\n        return jsonify({\"status\": \"ok\", \"patient_id\": patient_id, \"written_by\": REGION, \"db\": \"tokyo-via-tgw\"}), 201\n    except Exception as e:\n        record_failure(str(e))\n        return jsonify({\"error\": \"db_write_failed\", \"detail\": str(e)}), 500\n\n@app.route(\"/api/records\", methods=[\"GET\"])\ndef get_records():\n    patient_id = request.args.get(\"patient_id\")\n    try:\n        conn = get_conn()\n        cur  = conn.cursor()\n        if patient_id:\n            cur.execute(\"SELECT note FROM notes WHERE note LIKE %s ORDER BY id DESC\", (f\"%{patient_id}%\",))\n        else:\n            cur.execute(\"SELECT note FROM notes ORDER BY id DESC LIMIT 10\")\n        rows = cur.fetchall()\n        cur.close(); conn.close()\n        return jsonify({\"records\": [r[0] for r in rows], \"served_by\": REGION, \"db\": \"tokyo\"}), 200\n    except Exception as e:\n        record_failure(str(e))\n        return jsonify({\"error\": \"db_read_failed\", \"detail\": str(e)}), 500\n\n@app.route(\"/init\")\ndef init_db():\n    try:\n        c = get_config()\n        conn = pymysql.connect(host=c[\"host\"], user=c[\"user\"], password=c[\"password\"], port=c[\"port\"])\n        cur  = conn.cursor()\n        cur.execute(f\"CREATE DATABASE IF NOT EXISTS {c['dbname']};\")\n        cur.execute(f\"USE {c['dbname']};\")\n        cur.execute(\"CREATE TABLE IF NOT EXISTS notes (id INT AUTO_INCREMENT PRIMARY KEY, note VARCHAR(255));\")\n        cur.close(); conn.close()\n        return \"Init OK on Tokyo RDS! \u003ca href='/'\u003eBack\u003c/a\u003e\"\n    except Exception as e:\n        record_failure(str(e))\n        return f\"Init Failed (check TGW route and RDS SG): {e}\", 500\n\nif __name__ == \"__main__\":\n    app.run(host=\"0.0.0.0\", port=80)\nPY\n\n# 4. Systemd Service\n# FIX: AWS_REGION is now sa-east-1 — was incorrectly us-east-1 in original code.\ncat \u003e/etc/systemd/system/rdsapp.service \u003c\u003c'SERVICE'\n[Unit]\nDescription=liberdade RDS App (São Paulo — stateless compute)\nAfter=network-online.target\nWants=network-online.target\n\n[Service]\nWorkingDirectory=/opt/rdsapp\nExecStartPre=/usr/bin/sleep 20\nExecStart=/usr/bin/python3 /opt/rdsapp/app.py\nRestart=always\nRestartSec=10s\nEnvironment=AWS_REGION=sa-east-1\nEnvironment=SECRET_ID=shinjuku-final/rds/mysql1\nEnvironment=LOG_GROUP=/aws/ec2/liberdade-final-rds-app\n\n[Install]\nWantedBy=multi-user.target\nSERVICE\n\nsystemctl daemon-reload\nsystemctl enable rdsapp\nsystemctl start rdsapp\n",
            "user_data_base64": null,
            "user_data_replace_on_change": false,
            "volume_tags": null,
            "vpc_security_group_ids": [
              "sg-02464bb4a709848e0"
            ]
          },
          "sensitive_attributes": [],
          "identity_schema_version": 0,
          "identity": {
            "account_id": "975598471165",
            "id": "i-0ac315ff3c8329c61",
            "region": "sa-east-1"
          },
          "private": "eyJlMmJmYjczMC1lY2FhLTExZTYtOGY4OC0zNDM2M2JjN2M0YzAiOnsiY3JlYXRlIjo2MDAwMDAwMDAwMDAsImRlbGV0ZSI6MTIwMDAwMDAwMDAwMCwicmVhZCI6OTAwMDAwMDAwMDAwLCJ1cGRhdGUiOjYwMDAwMDAwMDAwMH0sInNjaGVtYV92ZXJzaW9uIjoiMiJ9",
          "dependencies": [
            "aws_iam_instance_profile.liberdale_instance_profile01",
            "aws_iam_role.liberdale_ec2_role01",
            "aws_security_group.liberdale_ec2_sg01",
            "aws_subnet.liberdale_private_subnets",
            "aws_vpc.liberdale_vpc01"
          ]
        }
      ]
    },
    {
      "mode": "managed",
      "type": "aws_internet_gateway",
      "name": "liberdale_igw01",
      "provider": "provider[\"registry.terraform.io/hashicorp/aws\"]",
      "instances": [
        {
          "schema_version": 0,
          "attributes": {
            "arn": "arn:aws:ec2:sa-east-1:975598471165:internet-gateway/igw-0a657aaa51aef5555",
            "id": "igw-0a657aaa51aef5555",
            "owner_id": "975598471165",
            "region": "sa-east-1",
            "tags": {
              "Name": "liberdade-final-igw01"
            },
            "tags_all": {
              "Name": "liberdade-final-igw01"
            },
            "timeouts": null,
            "vpc_id": "vpc-0c90d6182b218c5ae"
          },
          "sensitive_attributes": [],
          "identity_schema_version": 0,
          "private": "eyJlMmJmYjczMC1lY2FhLTExZTYtOGY4OC0zNDM2M2JjN2M0YzAiOnsiY3JlYXRlIjoxMjAwMDAwMDAwMDAwLCJkZWxldGUiOjEyMDAwMDAwMDAwMDAsInVwZGF0ZSI6MTIwMDAwMDAwMDAwMH19",
          "dependencies": [
            "aws_vpc.liberdale_vpc01"
          ]
        }
      ]
    },
    {
      "mode": "managed",
      "type": "aws_lb",
      "name": "liberdale_alb01",
      "provider": "provider[\"registry.terraform.io/hashicorp/aws\"]",
      "instances": [
        {
          "schema_version": 0,
          "attributes": {
            "access_logs": [
              {
                "bucket": "liberdade-final-alb-logs-975598471165",
                "enabled": true,
                "prefix": "alb-access-logs"
              }
            ],
            "arn": "arn:aws:elasticloadbalancing:sa-east-1:975598471165:loadbalancer/app/liberdade-final-alb01/bf89071c83f27106",
            "arn_suffix": "app/liberdade-final-alb01/bf89071c83f27106",
            "client_keep_alive": 3600,
            "connection_logs": [
              {
                "bucket": "",
                "enabled": false,
                "prefix": ""
              }
            ],
            "customer_owned_ipv4_pool": "",
            "desync_mitigation_mode": "defensive",
            "dns_name": "liberdade-final-alb01-1823016414.sa-east-1.elb.amazonaws.com",
            "dns_record_client_routing_policy": null,
            "drop_invalid_header_fields": false,
            "enable_cross_zone_load_balancing": true,
            "enable_deletion_protection": false,
            "enable_http2": true,
            "enable_tls_version_and_cipher_suite_headers": false,
            "enable_waf_fail_open": false,
            "enable_xff_client_port": false,
            "enable_zonal_shift": false,
            "enforce_security_group_inbound_rules_on_private_link_traffic": "",
            "health_check_logs": [
              {
                "bucket": "",
                "enabled": false,
                "prefix": ""
              }
            ],
            "id": "arn:aws:elasticloadbalancing:sa-east-1:975598471165:loadbalancer/app/liberdade-final-alb01/bf89071c83f27106",
            "idle_timeout": 60,
            "internal": false,
            "ip_address_type": "ipv4",
            "ipam_pools": [],
            "load_balancer_type": "application",
            "minimum_load_balancer_capacity": [],
            "name": "liberdade-final-alb01",
            "name_prefix": "",
            "preserve_host_header": false,
            "region": "sa-east-1",
            "secondary_ips_auto_assigned_per_subnet": null,
            "security_groups": [
              "sg-06909998330abe20c"
            ],
            "subnet_mapping": [
              {
                "allocation_id": "",
                "ipv6_address": "",
                "outpost_id": "",
                "private_ipv4_address": "",
                "subnet_id": "subnet-0268dbe9ad85b32b5"
              },
              {
                "allocation_id": "",
                "ipv6_address": "",
                "outpost_id": "",
                "private_ipv4_address": "",
                "subnet_id": "subnet-027b5cf4c8c72c9f1"
              }
            ],
            "subnets": [
              "subnet-0268dbe9ad85b32b5",
              "subnet-027b5cf4c8c72c9f1"
            ],
            "tags": {
              "Name": "liberdade-final-alb01"
            },
            "tags_all": {
              "Name": "liberdade-final-alb01"
            },
            "timeouts": null,
            "vpc_id": "vpc-0c90d6182b218c5ae",
            "xff_header_processing_mode": "append",
            "zone_id": "Z2P70J7HTTTPLU"
          },
          "sensitive_attributes": [],
          "identity_schema_version": 0,
          "identity": {
            "arn": "arn:aws:elasticloadbalancing:sa-east-1:975598471165:loadbalancer/app/liberdade-final-alb01/bf89071c83f27106"
          },
          "private": "eyJlMmJmYjczMC1lY2FhLTExZTYtOGY4OC0zNDM2M2JjN2M0YzAiOnsiY3JlYXRlIjo2MDAwMDAwMDAwMDAsImRlbGV0ZSI6NjAwMDAwMDAwMDAwLCJ1cGRhdGUiOjYwMDAwMDAwMDAwMH19",
          "dependencies": [
            "aws_s3_bucket.liberdale_alb_logs_bucket01",
            "aws_security_group.liberdale_alb_sg01",
            "aws_subnet.liberdale_public_subnets",
            "aws_vpc.liberdale_vpc01",
            "data.aws_caller_identity.liberdale_self01"
          ]
        }
      ]
    },
    {
      "mode": "managed",
      "type": "aws_lb_listener",
      "name": "liberdale_http_listener01",
      "provider": "provider[\"registry.terraform.io/hashicorp/aws\"]",
      "instances": [
        {
          "schema_version": 0,
          "attributes": {
            "alpn_policy": null,
            "arn": "arn:aws:elasticloadbalancing:sa-east-1:975598471165:listener/app/liberdade-final-alb01/bf89071c83f27106/ce87c3e156930540",
            "certificate_arn": null,
            "default_action": [
              {
                "authenticate_cognito": [],
                "authenticate_oidc": [],
                "fixed_response": [],
                "forward": [],
                "jwt_validation": [],
                "order": 1,
                "redirect": [],
                "target_group_arn": "arn:aws:elasticloadbalancing:sa-east-1:975598471165:targetgroup/liberdade-final-tg01/842ab70e2bdaf6be",
                "type": "forward"
              }
            ],
            "id": "arn:aws:elasticloadbalancing:sa-east-1:975598471165:listener/app/liberdade-final-alb01/bf89071c83f27106/ce87c3e156930540",
            "load_balancer_arn": "arn:aws:elasticloadbalancing:sa-east-1:975598471165:loadbalancer/app/liberdade-final-alb01/bf89071c83f27106",
            "mutual_authentication": [],
            "port": 80,
            "protocol": "HTTP",
            "region": "sa-east-1",
            "routing_http_request_x_amzn_mtls_clientcert_header_name": null,
            "routing_http_request_x_amzn_mtls_clientcert_issuer_header_name": null,
            "routing_http_request_x_amzn_mtls_clientcert_leaf_header_name": null,
            "routing_http_request_x_amzn_mtls_clientcert_serial_number_header_name": null,
            "routing_http_request_x_amzn_mtls_clientcert_subject_header_name": null,
            "routing_http_request_x_amzn_mtls_clientcert_validity_header_name": null,
            "routing_http_request_x_amzn_tls_cipher_suite_header_name": null,
            "routing_http_request_x_amzn_tls_version_header_name": null,
            "routing_http_response_access_control_allow_credentials_header_value": "",
            "routing_http_response_access_control_allow_headers_header_value": "",
            "routing_http_response_access_control_allow_methods_header_value": "",
            "routing_http_response_access_control_allow_origin_header_value": "",
            "routing_http_response_access_control_expose_headers_header_value": "",
            "routing_http_response_access_control_max_age_header_value": "",
            "routing_http_response_content_security_policy_header_value": "",
            "routing_http_response_server_enabled": true,
            "routing_http_response_strict_transport_security_header_value": "",
            "routing_http_response_x_content_type_options_header_value": "",
            "routing_http_response_x_frame_options_header_value": "",
            "ssl_policy": "",
            "tags": {},
            "tags_all": {},
            "tcp_idle_timeout_seconds": null,
            "timeouts": null
          },
          "sensitive_attributes": [],
          "identity_schema_version": 0,
          "identity": {
            "arn": "arn:aws:elasticloadbalancing:sa-east-1:975598471165:listener/app/liberdade-final-alb01/bf89071c83f27106/ce87c3e156930540"
          },
          "private": "eyJlMmJmYjczMC1lY2FhLTExZTYtOGY4OC0zNDM2M2JjN2M0YzAiOnsiY3JlYXRlIjozMDAwMDAwMDAwMDAsInVwZGF0ZSI6MzAwMDAwMDAwMDAwfX0=",
          "dependencies": [
            "aws_lb.liberdale_alb01",
            "aws_lb_target_group.liberdale_tg01",
            "aws_s3_bucket.liberdale_alb_logs_bucket01",
            "aws_security_group.liberdale_alb_sg01",
            "aws_subnet.liberdale_public_subnets",
            "aws_vpc.liberdale_vpc01",
            "data.aws_caller_identity.liberdale_self01"
          ]
        }
      ]
    },
    {
      "mode": "managed",
      "type": "aws_lb_listener",
      "name": "liberdale_https_listener01",
      "provider": "provider[\"registry.terraform.io/hashicorp/aws\"]",
      "instances": [
        {
          "schema_version": 0,
          "attributes": {
            "alpn_policy": null,
            "arn": "arn:aws:elasticloadbalancing:sa-east-1:975598471165:listener/app/liberdade-final-alb01/bf89071c83f27106/389c95d2606df352",
            "certificate_arn": "arn:aws:acm:sa-east-1:975598471165:certificate/c77f1842-c9dd-4e3f-aae9-74db9e01ffda",
            "default_action": [
              {
                "authenticate_cognito": [],
                "authenticate_oidc": [],
                "fixed_response": [
                  {
                    "content_type": "text/plain",
                    "message_body": "Access Denied - Origin Header Required",
                    "status_code": "403"
                  }
                ],
                "forward": [],
                "jwt_validation": [],
                "order": 1,
                "redirect": [],
                "target_group_arn": "",
                "type": "fixed-response"
              }
            ],
            "id": "arn:aws:elasticloadbalancing:sa-east-1:975598471165:listener/app/liberdade-final-alb01/bf89071c83f27106/389c95d2606df352",
            "load_balancer_arn": "arn:aws:elasticloadbalancing:sa-east-1:975598471165:loadbalancer/app/liberdade-final-alb01/bf89071c83f27106",
            "mutual_authentication": [
              {
                "advertise_trust_store_ca_names": "",
                "ignore_client_certificate_expiry": false,
                "mode": "off",
                "trust_store_arn": ""
              }
            ],
            "port": 443,
            "protocol": "HTTPS",
            "region": "sa-east-1",
            "routing_http_request_x_amzn_mtls_clientcert_header_name": "",
            "routing_http_request_x_amzn_mtls_clientcert_issuer_header_name": "",
            "routing_http_request_x_amzn_mtls_clientcert_leaf_header_name": "",
            "routing_http_request_x_amzn_mtls_clientcert_serial_number_header_name": "",
            "routing_http_request_x_amzn_mtls_clientcert_subject_header_name": "",
            "routing_http_request_x_amzn_mtls_clientcert_validity_header_name": "",
            "routing_http_request_x_amzn_tls_cipher_suite_header_name": "",
            "routing_http_request_x_amzn_tls_version_header_name": "",
            "routing_http_response_access_control_allow_credentials_header_value": "",
            "routing_http_response_access_control_allow_headers_header_value": "",
            "routing_http_response_access_control_allow_methods_header_value": "",
            "routing_http_response_access_control_allow_origin_header_value": "",
            "routing_http_response_access_control_expose_headers_header_value": "",
            "routing_http_response_access_control_max_age_header_value": "",
            "routing_http_response_content_security_policy_header_value": "",
            "routing_http_response_server_enabled": true,
            "routing_http_response_strict_transport_security_header_value": "",
            "routing_http_response_x_content_type_options_header_value": "",
            "routing_http_response_x_frame_options_header_value": "",
            "ssl_policy": "ELBSecurityPolicy-TLS13-1-2-2021-06",
            "tags": {},
            "tags_all": {},
            "tcp_idle_timeout_seconds": null,
            "timeouts": null
          },
          "sensitive_attributes": [],
          "identity_schema_version": 0,
          "identity": {
            "arn": "arn:aws:elasticloadbalancing:sa-east-1:975598471165:listener/app/liberdade-final-alb01/bf89071c83f27106/389c95d2606df352"
          },
          "private": "eyJlMmJmYjczMC1lY2FhLTExZTYtOGY4OC0zNDM2M2JjN2M0YzAiOnsiY3JlYXRlIjozMDAwMDAwMDAwMDAsInVwZGF0ZSI6MzAwMDAwMDAwMDAwfX0=",
          "dependencies": [
            "aws_acm_certificate.liberdale_acm_cert01",
            "aws_acm_certificate_validation.liberdale_acm_validation01_dns_bonus",
            "aws_lb.liberdale_alb01",
            "aws_route53_record.liberdale_acm_validation_records01",
            "aws_s3_bucket.liberdale_alb_logs_bucket01",
            "aws_security_group.liberdale_alb_sg01",
            "aws_subnet.liberdale_public_subnets",
            "aws_vpc.liberdale_vpc01",
            "data.aws_caller_identity.liberdale_self01"
          ]
        }
      ]
    },
    {
      "mode": "managed",
      "type": "aws_lb_listener_rule",
      "name": "liberdale_default_block01",
      "provider": "provider[\"registry.terraform.io/hashicorp/aws\"]",
      "instances": [
        {
          "schema_version": 0,
          "attributes": {
            "action": [
              {
                "authenticate_cognito": [],
                "authenticate_oidc": [],
                "fixed_response": [
                  {
                    "content_type": "text/plain",
                    "message_body": "Forbidden",
                    "status_code": "403"
                  }
                ],
                "forward": [],
                "jwt_validation": [],
                "order": 1,
                "redirect": [],
                "target_group_arn": "",
                "type": "fixed-response"
              }
            ],
            "arn": "arn:aws:elasticloadbalancing:sa-east-1:975598471165:listener-rule/app/liberdade-final-alb01/bf89071c83f27106/389c95d2606df352/017c5a171fc0a93d",
            "condition": [
              {
                "host_header": [],
                "http_header": [],
                "http_request_method": [],
                "path_pattern": [
                  {
                    "regex_values": [],
                    "values": [
                      "*"
                    ]
                  }
                ],
                "query_string": [],
                "source_ip": []
              }
            ],
            "id": "arn:aws:elasticloadbalancing:sa-east-1:975598471165:listener-rule/app/liberdade-final-alb01/bf89071c83f27106/389c95d2606df352/017c5a171fc0a93d",
            "listener_arn": "arn:aws:elasticloadbalancing:sa-east-1:975598471165:listener/app/liberdade-final-alb01/bf89071c83f27106/389c95d2606df352",
            "priority": 99,
            "region": "sa-east-1",
            "tags": {},
            "tags_all": {},
            "transform": []
          },
          "sensitive_attributes": [],
          "identity_schema_version": 0,
          "identity": {
            "arn": "arn:aws:elasticloadbalancing:sa-east-1:975598471165:listener-rule/app/liberdade-final-alb01/bf89071c83f27106/389c95d2606df352/017c5a171fc0a93d"
          },
          "private": "bnVsbA==",
          "dependencies": [
            "aws_acm_certificate.liberdale_acm_cert01",
            "aws_acm_certificate_validation.liberdale_acm_validation01_dns_bonus",
            "aws_lb.liberdale_alb01",
            "aws_lb_listener.liberdale_https_listener01",
            "aws_route53_record.liberdale_acm_validation_records01",
            "aws_s3_bucket.liberdale_alb_logs_bucket01",
            "aws_security_group.liberdale_alb_sg01",
            "aws_subnet.liberdale_public_subnets",
            "aws_vpc.liberdale_vpc01",
            "data.aws_caller_identity.liberdale_self01"
          ]
        }
      ]
    },
    {
      "mode": "managed",
      "type": "aws_lb_listener_rule",
      "name": "liberdale_require_origin_header01",
      "provider": "provider[\"registry.terraform.io/hashicorp/aws\"]",
      "instances": [
        {
          "schema_version": 0,
          "attributes": {
            "action": [
              {
                "authenticate_cognito": [],
                "authenticate_oidc": [],
                "fixed_response": [],
                "forward": [],
                "jwt_validation": [],
                "order": 1,
                "redirect": [],
                "target_group_arn": "arn:aws:elasticloadbalancing:sa-east-1:975598471165:targetgroup/liberdade-final-tg01/842ab70e2bdaf6be",
                "type": "forward"
              }
            ],
            "arn": "arn:aws:elasticloadbalancing:sa-east-1:975598471165:listener-rule/app/liberdade-final-alb01/bf89071c83f27106/389c95d2606df352/4e741b65f6bb5089",
            "condition": [
              {
                "host_header": [],
                "http_header": [
                  {
                    "http_header_name": "X-liberdale-Growl",
                    "regex_values": [],
                    "values": [
                      "NsKMkwxJFP1YTlDxW5kcNqxRtTgH5Eyr"
                    ]
                  }
                ],
                "http_request_method": [],
                "path_pattern": [],
                "query_string": [],
                "source_ip": []
              }
            ],
            "id": "arn:aws:elasticloadbalancing:sa-east-1:975598471165:listener-rule/app/liberdade-final-alb01/bf89071c83f27106/389c95d2606df352/4e741b65f6bb5089",
            "listener_arn": "arn:aws:elasticloadbalancing:sa-east-1:975598471165:listener/app/liberdade-final-alb01/bf89071c83f27106/389c95d2606df352",
            "priority": 1,
            "region": "sa-east-1",
            "tags": {},
            "tags_all": {},
            "transform": []
          },
          "sensitive_attributes": [
            [
              {
                "type": "get_attr",
                "value": "condition"
              }
            ]
          ],
          "identity_schema_version": 0,
          "identity": {
            "arn": "arn:aws:elasticloadbalancing:sa-east-1:975598471165:listener-rule/app/liberdade-final-alb01/bf89071c83f27106/389c95d2606df352/4e741b65f6bb5089"
          },
          "private": "bnVsbA==",
          "dependencies": [
            "aws_acm_certificate.liberdale_acm_cert01",
            "aws_acm_certificate_validation.liberdale_acm_validation01_dns_bonus",
            "aws_lb.liberdale_alb01",
            "aws_lb_listener.liberdale_https_listener01",
            "aws_lb_target_group.liberdale_tg01",
            "aws_route53_record.liberdale_acm_validation_records01",
            "aws_s3_bucket.liberdale_alb_logs_bucket01",
            "aws_security_group.liberdale_alb_sg01",
            "aws_subnet.liberdale_public_subnets",
            "aws_vpc.liberdale_vpc01",
            "data.aws_caller_identity.liberdale_self01",
            "random_password.liberdale_origin_header_value01"
          ]
        }
      ]
    },
    {
      "mode": "managed",
      "type": "aws_lb_target_group",
      "name": "liberdale_tg01",
      "provider": "provider[\"registry.terraform.io/hashicorp/aws\"]",
      "instances": [
        {
          "schema_version": 0,
          "attributes": {
            "arn": "arn:aws:elasticloadbalancing:sa-east-1:975598471165:targetgroup/liberdade-final-tg01/842ab70e2bdaf6be",
            "arn_suffix": "targetgroup/liberdade-final-tg01/842ab70e2bdaf6be",
            "connection_termination": null,
            "deregistration_delay": "300",
            "health_check": [
              {
                "enabled": true,
                "healthy_threshold": 2,
                "interval": 30,
                "matcher": "200-399",
                "path": "/health",
                "port": "traffic-port",
                "protocol": "HTTP",
                "timeout": 5,
                "unhealthy_threshold": 2
              }
            ],
            "id": "arn:aws:elasticloadbalancing:sa-east-1:975598471165:targetgroup/liberdade-final-tg01/842ab70e2bdaf6be",
            "ip_address_type": "ipv4",
            "lambda_multi_value_headers_enabled": false,
            "load_balancer_arns": [
              "arn:aws:elasticloadbalancing:sa-east-1:975598471165:loadbalancer/app/liberdade-final-alb01/bf89071c83f27106"
            ],
            "load_balancing_algorithm_type": "round_robin",
            "load_balancing_anomaly_mitigation": "off",
            "load_balancing_cross_zone_enabled": "use_load_balancer_configuration",
            "name": "liberdade-final-tg01",
            "name_prefix": "",
            "port": 80,
            "preserve_client_ip": null,
            "protocol": "HTTP",
            "protocol_version": "HTTP1",
            "proxy_protocol_v2": false,
            "region": "sa-east-1",
            "slow_start": 0,
            "stickiness": [
              {
                "cookie_duration": 86400,
                "cookie_name": "",
                "enabled": false,
                "type": "lb_cookie"
              }
            ],
            "tags": {
              "Name": "liberdade-final-tg01"
            },
            "tags_all": {
              "Name": "liberdade-final-tg01"
            },
            "target_control_port": 0,
            "target_failover": [
              {
                "on_deregistration": null,
                "on_unhealthy": null
              }
            ],
            "target_group_health": [
              {
                "dns_failover": [
                  {
                    "minimum_healthy_targets_count": "1",
                    "minimum_healthy_targets_percentage": "off"
                  }
                ],
                "unhealthy_state_routing": [
                  {
                    "minimum_healthy_targets_count": 1,
                    "minimum_healthy_targets_percentage": "off"
                  }
                ]
              }
            ],
            "target_health_state": [
              {
                "enable_unhealthy_connection_termination": null,
                "unhealthy_draining_interval": null
              }
            ],
            "target_type": "instance",
            "vpc_id": "vpc-0c90d6182b218c5ae"
          },
          "sensitive_attributes": [],
          "identity_schema_version": 0,
          "identity": {
            "arn": "arn:aws:elasticloadbalancing:sa-east-1:975598471165:targetgroup/liberdade-final-tg01/842ab70e2bdaf6be"
          },
          "private": "bnVsbA==",
          "dependencies": [
            "aws_vpc.liberdale_vpc01"
          ]
        }
      ]
    },
    {
      "mode": "managed",
      "type": "aws_lb_target_group_attachment",
      "name": "liberdale_tg_attach01",
      "provider": "provider[\"registry.terraform.io/hashicorp/aws\"]",
      "instances": [
        {
          "schema_version": 0,
          "attributes": {
            "availability_zone": null,
            "id": "arn:aws:elasticloadbalancing:sa-east-1:975598471165:targetgroup/liberdade-final-tg01/842ab70e2bdaf6be,i-0ac315ff3c8329c61,80",
            "port": 80,
            "quic_server_id": null,
            "region": "sa-east-1",
            "target_group_arn": "arn:aws:elasticloadbalancing:sa-east-1:975598471165:targetgroup/liberdade-final-tg01/842ab70e2bdaf6be",
            "target_id": "i-0ac315ff3c8329c61"
          },
          "sensitive_attributes": [],
          "identity_schema_version": 0,
          "identity": {
            "account_id": "975598471165",
            "availability_zone": null,
            "port": 80,
            "quic_server_id": null,
            "region": "sa-east-1",
            "target_group_arn": "arn:aws:elasticloadbalancing:sa-east-1:975598471165:targetgroup/liberdade-final-tg01/842ab70e2bdaf6be",
            "target_id": "i-0ac315ff3c8329c61"
          },
          "private": "bnVsbA==",
          "dependencies": [
            "aws_iam_instance_profile.liberdale_instance_profile01",
            "aws_iam_role.liberdale_ec2_role01",
            "aws_instance.liberdale_ec201_private_bonus",
            "aws_lb_target_group.liberdale_tg01",
            "aws_security_group.liberdale_ec2_sg01",
            "aws_subnet.liberdale_private_subnets",
            "aws_vpc.liberdale_vpc01"
          ]
        }
      ]
    },
    {
      "mode": "managed",
      "type": "aws_nat_gateway",
      "name": "liberdale_nat01",
      "provider": "provider[\"registry.terraform.io/hashicorp/aws\"]",
      "instances": [
        {
          "schema_version": 0,
          "attributes": {
            "allocation_id": "eipalloc-0f2731ec8f9241cba",
            "association_id": "eipassoc-06ed1fe3a352d8d49",
            "auto_provision_zones": null,
            "auto_scaling_ips": null,
            "availability_mode": "zonal",
            "availability_zone_address": [],
            "connectivity_type": "public",
            "id": "nat-04c691db7002d42a8",
            "network_interface_id": "eni-020b87176692372e2",
            "private_ip": "10.200.1.96",
            "public_ip": "56.126.178.149",
            "region": "sa-east-1",
            "regional_nat_gateway_address": [],
            "regional_nat_gateway_auto_mode": null,
            "route_table_id": null,
            "secondary_allocation_ids": [],
            "secondary_private_ip_address_count": 0,
            "secondary_private_ip_addresses": [],
            "subnet_id": "subnet-027b5cf4c8c72c9f1",
            "tags": {
              "Name": "liberdade-final-nat01"
            },
            "tags_all": {
              "Name": "liberdade-final-nat01"
            },
            "timeouts": null,
            "vpc_id": "vpc-0c90d6182b218c5ae"
          },
          "sensitive_attributes": [],
          "identity_schema_version": 0,
          "private": "eyJlMmJmYjczMC1lY2FhLTExZTYtOGY4OC0zNDM2M2JjN2M0YzAiOnsiY3JlYXRlIjo2MDAwMDAwMDAwMDAsImRlbGV0ZSI6MTgwMDAwMDAwMDAwMCwidXBkYXRlIjo2MDAwMDAwMDAwMDB9fQ==",
          "dependencies": [
            "aws_eip.liberdale_nat_eip01",
            "aws_internet_gateway.liberdale_igw01",
            "aws_subnet.liberdale_public_subnets",
            "aws_vpc.liberdale_vpc01"
          ]
        }
      ]
    },
    {
      "mode": "managed",
      "type": "aws_route",
      "name": "liberdale_private_default_route",
      "provider": "provider[\"registry.terraform.io/hashicorp/aws\"]",
      "instances": [
        {
          "schema_version": 0,
          "attributes": {
            "carrier_gateway_id": "",
            "core_network_arn": "",
            "destination_cidr_block": "0.0.0.0/0",
            "destination_ipv6_cidr_block": "",
            "destination_prefix_list_id": "",
            "egress_only_gateway_id": "",
            "gateway_id": "",
            "id": "r-rtb-012d4a11c675bb7ec1080289494",
            "instance_id": "",
            "instance_owner_id": "",
            "local_gateway_id": "",
            "nat_gateway_id": "nat-04c691db7002d42a8",
            "network_interface_id": "",
            "origin": "CreateRoute",
            "region": "sa-east-1",
            "route_table_id": "rtb-012d4a11c675bb7ec",
            "state": "active",
            "timeouts": null,
            "transit_gateway_id": "",
            "vpc_endpoint_id": "",
            "vpc_peering_connection_id": ""
          },
          "sensitive_attributes": [],
          "identity_schema_version": 0,
          "identity": {
            "account_id": "975598471165",
            "destination_cidr_block": "0.0.0.0/0",
            "destination_ipv6_cidr_block": null,
            "destination_prefix_list_id": null,
            "region": "sa-east-1",
            "route_table_id": "rtb-012d4a11c675bb7ec"
          },
          "private": "eyJlMmJmYjczMC1lY2FhLTExZTYtOGY4OC0zNDM2M2JjN2M0YzAiOnsiY3JlYXRlIjozMDAwMDAwMDAwMDAsImRlbGV0ZSI6MzAwMDAwMDAwMDAwLCJ1cGRhdGUiOjEyMDAwMDAwMDAwMH19",
          "dependencies": [
            "aws_eip.liberdale_nat_eip01",
            "aws_internet_gateway.liberdale_igw01",
            "aws_nat_gateway.liberdale_nat01",
            "aws_route_table.liberdale_private_rt01",
            "aws_subnet.liberdale_public_subnets",
            "aws_vpc.liberdale_vpc01"
          ]
        }
      ]
    },
    {
      "mode": "managed",
      "type": "aws_route",
      "name": "liberdale_private_to_tokyo",
      "provider": "provider[\"registry.terraform.io/hashicorp/aws\"]",
      "instances": [
        {
          "schema_version": 0,
          "attributes": {
            "carrier_gateway_id": "",
            "core_network_arn": "",
            "destination_cidr_block": "10.100.0.0/16",
            "destination_ipv6_cidr_block": "",
            "destination_prefix_list_id": "",
            "egress_only_gateway_id": "",
            "gateway_id": "",
            "id": "r-rtb-012d4a11c675bb7ec373368074",
            "instance_id": "",
            "instance_owner_id": "",
            "local_gateway_id": "",
            "nat_gateway_id": "",
            "network_interface_id": "",
            "origin": "CreateRoute",
            "region": "sa-east-1",
            "route_table_id": "rtb-012d4a11c675bb7ec",
            "state": "active",
            "timeouts": null,
            "transit_gateway_id": "tgw-055c4115682138ae5",
            "vpc_endpoint_id": "",
            "vpc_peering_connection_id": ""
          },
          "sensitive_attributes": [],
          "identity_schema_version": 0,
          "identity": {
            "account_id": "975598471165",
            "destination_cidr_block": "10.100.0.0/16",
            "destination_ipv6_cidr_block": null,
            "destination_prefix_list_id": null,
            "region": "sa-east-1",
            "route_table_id": "rtb-012d4a11c675bb7ec"
          },
          "private": "eyJlMmJmYjczMC1lY2FhLTExZTYtOGY4OC0zNDM2M2JjN2M0YzAiOnsiY3JlYXRlIjozMDAwMDAwMDAwMDAsImRlbGV0ZSI6MzAwMDAwMDAwMDAwLCJ1cGRhdGUiOjEyMDAwMDAwMDAwMH19",
          "dependencies": [
            "aws_ec2_transit_gateway.liberdale_tgw01",
            "aws_ec2_transit_gateway_vpc_attachment.liberdale_tgw_vpc_attach01",
            "aws_route_table.liberdale_private_rt01",
            "aws_subnet.liberdale_private_subnets",
            "aws_vpc.liberdale_vpc01"
          ]
        }
      ]
    },
    {
      "mode": "managed",
      "type": "aws_route",
      "name": "liberdale_public_default_route",
      "provider": "provider[\"registry.terraform.io/hashicorp/aws\"]",
      "instances": [
        {
          "schema_version": 0,
          "attributes": {
            "carrier_gateway_id": "",
            "core_network_arn": "",
            "destination_cidr_block": "0.0.0.0/0",
            "destination_ipv6_cidr_block": "",
            "destination_prefix_list_id": "",
            "egress_only_gateway_id": "",
            "gateway_id": "igw-0a657aaa51aef5555",
            "id": "r-rtb-05044ceee55f367fe1080289494",
            "instance_id": "",
            "instance_owner_id": "",
            "local_gateway_id": "",
            "nat_gateway_id": "",
            "network_interface_id": "",
            "origin": "CreateRoute",
            "region": "sa-east-1",
            "route_table_id": "rtb-05044ceee55f367fe",
            "state": "active",
            "timeouts": null,
            "transit_gateway_id": "",
            "vpc_endpoint_id": "",
            "vpc_peering_connection_id": ""
          },
          "sensitive_attributes": [],
          "identity_schema_version": 0,
          "identity": {
            "account_id": "975598471165",
            "destination_cidr_block": "0.0.0.0/0",
            "destination_ipv6_cidr_block": null,
            "destination_prefix_list_id": null,
            "region": "sa-east-1",
            "route_table_id": "rtb-05044ceee55f367fe"
          },
          "private": "eyJlMmJmYjczMC1lY2FhLTExZTYtOGY4OC0zNDM2M2JjN2M0YzAiOnsiY3JlYXRlIjozMDAwMDAwMDAwMDAsImRlbGV0ZSI6MzAwMDAwMDAwMDAwLCJ1cGRhdGUiOjEyMDAwMDAwMDAwMH19",
          "dependencies": [
            "aws_internet_gateway.liberdale_igw01",
            "aws_route_table.liberdale_public_rt01",
            "aws_vpc.liberdale_vpc01"
          ]
        }
      ]
    },
    {
      "mode": "managed",
      "type": "aws_route53_record",
      "name": "liberdale_acm_validation",
      "provider": "provider[\"registry.terraform.io/hashicorp/aws\"]",
      "instances": [
        {
          "index_key": "app.firstpointand.click",
          "schema_version": 2,
          "attributes": {
            "alias": [],
            "allow_overwrite": true,
            "cidr_routing_policy": [],
            "failover_routing_policy": [],
            "fqdn": "_2887c024ef221b96b378e669c909a316.app.firstpointand.click",
            "geolocation_routing_policy": [],
            "geoproximity_routing_policy": [],
            "health_check_id": "",
            "id": "Z0577510JJCMGIYZ7086__2887c024ef221b96b378e669c909a316.app.firstpointand.click_CNAME",
            "latency_routing_policy": [],
            "multivalue_answer_routing_policy": false,
            "name": "_2887c024ef221b96b378e669c909a316.app.firstpointand.click",
            "records": [
              "_23ca46f13d74766d91eaccf83d750666.jkddzztszm.acm-validations.aws."
            ],
            "set_identifier": "",
            "timeouts": null,
            "ttl": 60,
            "type": "CNAME",
            "weighted_routing_policy": [],
            "zone_id": "Z0577510JJCMGIYZ7086"
          },
          "sensitive_attributes": [],
          "identity_schema_version": 0,
          "identity": {
            "account_id": "975598471165",
            "name": "_2887c024ef221b96b378e669c909a316.app.firstpointand.click",
            "set_identifier": null,
            "type": "CNAME",
            "zone_id": "Z0577510JJCMGIYZ7086"
          },
          "private": "eyJlMmJmYjczMC1lY2FhLTExZTYtOGY4OC0zNDM2M2JjN2M0YzAiOnsiY3JlYXRlIjoxODAwMDAwMDAwMDAwLCJkZWxldGUiOjE4MDAwMDAwMDAwMDAsInVwZGF0ZSI6MTgwMDAwMDAwMDAwMH0sInNjaGVtYV92ZXJzaW9uIjoiMiJ9",
          "dependencies": [
            "aws_acm_certificate.liberdale_acm_cert01"
          ]
        }
      ]
    },
    {
      "mode": "managed",
      "type": "aws_route53_record",
      "name": "liberdale_acm_validation_records01",
      "provider": "provider[\"registry.terraform.io/hashicorp/aws\"]",
      "instances": [
        {
          "index_key": "app.firstpointand.click",
          "schema_version": 2,
          "attributes": {
            "alias": [],
            "allow_overwrite": true,
            "cidr_routing_policy": [],
            "failover_routing_policy": [],
            "fqdn": "_2887c024ef221b96b378e669c909a316.app.firstpointand.click",
            "geolocation_routing_policy": [],
            "geoproximity_routing_policy": [],
            "health_check_id": "",
            "id": "Z0577510JJCMGIYZ7086__2887c024ef221b96b378e669c909a316.app.firstpointand.click._CNAME",
            "latency_routing_policy": [],
            "multivalue_answer_routing_policy": false,
            "name": "_2887c024ef221b96b378e669c909a316.app.firstpointand.click",
            "records": [
              "_23ca46f13d74766d91eaccf83d750666.jkddzztszm.acm-validations.aws."
            ],
            "set_identifier": "",
            "timeouts": null,
            "ttl": 6,
            "type": "CNAME",
            "weighted_routing_policy": [],
            "zone_id": "Z0577510JJCMGIYZ7086"
          },
          "sensitive_attributes": [],
          "identity_schema_version": 0,
          "identity": {
            "account_id": "975598471165",
            "name": "_2887c024ef221b96b378e669c909a316.app.firstpointand.click",
            "set_identifier": null,
            "type": "CNAME",
            "zone_id": "Z0577510JJCMGIYZ7086"
          },
          "private": "eyJlMmJmYjczMC1lY2FhLTExZTYtOGY4OC0zNDM2M2JjN2M0YzAiOnsiY3JlYXRlIjoxODAwMDAwMDAwMDAwLCJkZWxldGUiOjE4MDAwMDAwMDAwMDAsInVwZGF0ZSI6MTgwMDAwMDAwMDAwMH0sInNjaGVtYV92ZXJzaW9uIjoiMiJ9",
          "dependencies": [
            "aws_acm_certificate.liberdale_acm_cert01"
          ]
        }
      ]
    },
    {
      "mode": "managed",
      "type": "aws_route53_record",
      "name": "liberdale_apex_to_cf01",
      "provider": "provider[\"registry.terraform.io/hashicorp/aws\"]",
      "instances": [
        {
          "index_key": 0,
          "schema_version": 2,
          "attributes": {
            "alias": [
              {
                "evaluate_target_health": false,
                "name": "d3soab3h6migp9.cloudfront.net",
                "zone_id": "Z2FDTNDATAQYW2"
              }
            ],
            "allow_overwrite": true,
            "cidr_routing_policy": [],
            "failover_routing_policy": [],
            "fqdn": "firstpointand.click",
            "geolocation_routing_policy": [],
            "geoproximity_routing_policy": [],
            "health_check_id": "",
            "id": "Z0577510JJCMGIYZ7086_firstpointand.click_A",
            "latency_routing_policy": [],
            "multivalue_answer_routing_policy": false,
            "name": "firstpointand.click",
            "records": [],
            "set_identifier": "",
            "timeouts": null,
            "ttl": 0,
            "type": "A",
            "weighted_routing_policy": [],
            "zone_id": "Z0577510JJCMGIYZ7086"
          },
          "sensitive_attributes": [],
          "identity_schema_version": 0,
          "identity": {
            "account_id": "975598471165",
            "name": "firstpointand.click",
            "set_identifier": null,
            "type": "A",
            "zone_id": "Z0577510JJCMGIYZ7086"
          },
          "private": "eyJlMmJmYjczMC1lY2FhLTExZTYtOGY4OC0zNDM2M2JjN2M0YzAiOnsiY3JlYXRlIjoxODAwMDAwMDAwMDAwLCJkZWxldGUiOjE4MDAwMDAwMDAwMDAsInVwZGF0ZSI6MTgwMDAwMDAwMDAwMH0sInNjaGVtYV92ZXJzaW9uIjoiMiJ9",
          "dependencies": [
            "aws_route53_zone.liberdale_zone01"
          ]
        }
      ]
    },
    {
      "mode": "managed",
      "type": "aws_route53_record",
      "name": "liberdale_app_to_cf01",
      "provider": "provider[\"registry.terraform.io/hashicorp/aws\"]",
      "instances": [
        {
          "index_key": 0,
          "schema_version": 2,
          "attributes": {
            "alias": [
              {
                "evaluate_target_health": false,
                "name": "d3soab3h6migp9.cloudfront.net",
                "zone_id": "Z2FDTNDATAQYW2"
              }
            ],
            "allow_overwrite": true,
            "cidr_routing_policy": [],
            "failover_routing_policy": [],
            "fqdn": "app.firstpointand.click",
            "geolocation_routing_policy": [],
            "geoproximity_routing_policy": [],
            "health_check_id": "",
            "id": "Z0577510JJCMGIYZ7086_app.firstpointand.click_A",
            "latency_routing_policy": [],
            "multivalue_answer_routing_policy": false,
            "name": "app.firstpointand.click",
            "records": [],
            "set_identifier": "",
            "timeouts": null,
            "ttl": 0,
            "type": "A",
            "weighted_routing_policy": [],
            "zone_id": "Z0577510JJCMGIYZ7086"
          },
          "sensitive_attributes": [],
          "identity_schema_version": 0,
          "identity": {
            "account_id": "975598471165",
            "name": "app.firstpointand.click",
            "set_identifier": null,
            "type": "A",
            "zone_id": "Z0577510JJCMGIYZ7086"
          },
          "private": "eyJlMmJmYjczMC1lY2FhLTExZTYtOGY4OC0zNDM2M2JjN2M0YzAiOnsiY3JlYXRlIjoxODAwMDAwMDAwMDAwLCJkZWxldGUiOjE4MDAwMDAwMDAwMDAsInVwZGF0ZSI6MTgwMDAwMDAwMDAwMH0sInNjaGVtYV92ZXJzaW9uIjoiMiJ9",
          "dependencies": [
            "aws_route53_zone.liberdale_zone01"
          ]
        }
      ]
    },
    {
      "mode": "managed",
      "type": "aws_route53_record",
      "name": "liberdale_cf_validation",
      "provider": "provider[\"registry.terraform.io/hashicorp/aws\"]",
      "instances": [
        {
          "index_key": "app.firstpointand.click",
          "schema_version": 2,
          "attributes": {
            "alias": [],
            "allow_overwrite": true,
            "cidr_routing_policy": [],
            "failover_routing_policy": [],
            "fqdn": "_2887c024ef221b96b378e669c909a316.app.firstpointand.click",
            "geolocation_routing_policy": [],
            "geoproximity_routing_policy": [],
            "health_check_id": "",
            "id": "Z0577510JJCMGIYZ7086__2887c024ef221b96b378e669c909a316.app.firstpointand.click_CNAME",
            "latency_routing_policy": [],
            "multivalue_answer_routing_policy": false,
            "name": "_2887c024ef221b96b378e669c909a316.app.firstpointand.click",
            "records": [
              "_23ca46f13d74766d91eaccf83d750666.jkddzztszm.acm-validations.aws."
            ],
            "set_identifier": "",
            "timeouts": null,
            "ttl": 60,
            "type": "CNAME",
            "weighted_routing_policy": [],
            "zone_id": "Z0577510JJCMGIYZ7086"
          },
          "sensitive_attributes": [],
          "identity_schema_version": 0,
          "identity": {
            "account_id": "975598471165",
            "name": "_2887c024ef221b96b378e669c909a316.app.firstpointand.click",
            "set_identifier": null,
            "type": "CNAME",
            "zone_id": "Z0577510JJCMGIYZ7086"
          },
          "private": "eyJlMmJmYjczMC1lY2FhLTExZTYtOGY4OC0zNDM2M2JjN2M0YzAiOnsiY3JlYXRlIjoxODAwMDAwMDAwMDAwLCJkZWxldGUiOjE4MDAwMDAwMDAwMDAsInVwZGF0ZSI6MTgwMDAwMDAwMDAwMH0sInNjaGVtYV92ZXJzaW9uIjoiMiJ9",
          "dependencies": [
            "aws_acm_certificate.liberdale_cf_cert01",
            "data.aws_route53_zone.liberdale_existing_zone01"
          ]
        },
        {
          "index_key": "firstpointand.click",
          "schema_version": 2,
          "attributes": {
            "alias": [],
            "allow_overwrite": true,
            "cidr_routing_policy": [],
            "failover_routing_policy": [],
            "fqdn": "_7f4672efd368aa32db37ec2fc438f094.firstpointand.click",
            "geolocation_routing_policy": [],
            "geoproximity_routing_policy": [],
            "health_check_id": "",
            "id": "Z0577510JJCMGIYZ7086__7f4672efd368aa32db37ec2fc438f094.firstpointand.click._CNAME",
            "latency_routing_policy": [],
            "multivalue_answer_routing_policy": false,
            "name": "_7f4672efd368aa32db37ec2fc438f094.firstpointand.click",
            "records": [
              "_d0f4114bd1d320cf604de04bb81b8875.jkddzztszm.acm-validations.aws."
            ],
            "set_identifier": "",
            "timeouts": null,
            "ttl": 60,
            "type": "CNAME",
            "weighted_routing_policy": [],
            "zone_id": "Z0577510JJCMGIYZ7086"
          },
          "sensitive_attributes": [],
          "identity_schema_version": 0,
          "identity": {
            "account_id": "975598471165",
            "name": "_7f4672efd368aa32db37ec2fc438f094.firstpointand.click",
            "set_identifier": null,
            "type": "CNAME",
            "zone_id": "Z0577510JJCMGIYZ7086"
          },
          "private": "eyJlMmJmYjczMC1lY2FhLTExZTYtOGY4OC0zNDM2M2JjN2M0YzAiOnsiY3JlYXRlIjoxODAwMDAwMDAwMDAwLCJkZWxldGUiOjE4MDAwMDAwMDAwMDAsInVwZGF0ZSI6MTgwMDAwMDAwMDAwMH0sInNjaGVtYV92ZXJzaW9uIjoiMiJ9",
          "dependencies": [
            "aws_acm_certificate.liberdale_cf_cert01",
            "data.aws_route53_zone.liberdale_existing_zone01"
          ]
        }
      ]
    },
    {
      "mode": "managed",
      "type": "aws_route_table",
      "name": "liberdale_private_rt01",
      "provider": "provider[\"registry.terraform.io/hashicorp/aws\"]",
      "instances": [
        {
          "schema_version": 0,
          "attributes": {
            "arn": "arn:aws:ec2:sa-east-1:975598471165:route-table/rtb-012d4a11c675bb7ec",
            "id": "rtb-012d4a11c675bb7ec",
            "owner_id": "975598471165",
            "propagating_vgws": [],
            "region": "sa-east-1",
            "route": [
              {
                "carrier_gateway_id": "",
                "cidr_block": "0.0.0.0/0",
                "core_network_arn": "",
                "destination_prefix_list_id": "",
                "egress_only_gateway_id": "",
                "gateway_id": "",
                "ipv6_cidr_block": "",
                "local_gateway_id": "",
                "nat_gateway_id": "nat-04c691db7002d42a8",
                "network_interface_id": "",
                "transit_gateway_id": "",
                "vpc_endpoint_id": "",
                "vpc_peering_connection_id": ""
              },
              {
                "carrier_gateway_id": "",
                "cidr_block": "10.100.0.0/16",
                "core_network_arn": "",
                "destination_prefix_list_id": "",
                "egress_only_gateway_id": "",
                "gateway_id": "",
                "ipv6_cidr_block": "",
                "local_gateway_id": "",
                "nat_gateway_id": "",
                "network_interface_id": "",
                "transit_gateway_id": "tgw-055c4115682138ae5",
                "vpc_endpoint_id": "",
                "vpc_peering_connection_id": ""
              }
            ],
            "tags": {
              "Name": "liberdade-final-private-rt01"
            },
            "tags_all": {
              "Name": "liberdade-final-private-rt01"
            },
            "timeouts": null,
            "vpc_id": "vpc-0c90d6182b218c5ae"
          },
          "sensitive_attributes": [],
          "identity_schema_version": 0,
          "identity": {
            "account_id": "975598471165",
            "id": "rtb-012d4a11c675bb7ec",
            "region": "sa-east-1"
          },
          "private": "eyJlMmJmYjczMC1lY2FhLTExZTYtOGY4OC0zNDM2M2JjN2M0YzAiOnsiY3JlYXRlIjozMDAwMDAwMDAwMDAsImRlbGV0ZSI6MzAwMDAwMDAwMDAwLCJ1cGRhdGUiOjEyMDAwMDAwMDAwMH19",
          "dependencies": [
            "aws_vpc.liberdale_vpc01"
          ]
        }
      ]
    },
    {
      "mode": "managed",
      "type": "aws_route_table",
      "name": "liberdale_public_rt01",
      "provider": "provider[\"registry.terraform.io/hashicorp/aws\"]",
      "instances": [
        {
          "schema_version": 0,
          "attributes": {
            "arn": "arn:aws:ec2:sa-east-1:975598471165:route-table/rtb-05044ceee55f367fe",
            "id": "rtb-05044ceee55f367fe",
            "owner_id": "975598471165",
            "propagating_vgws": [],
            "region": "sa-east-1",
            "route": [
              {
                "carrier_gateway_id": "",
                "cidr_block": "0.0.0.0/0",
                "core_network_arn": "",
                "destination_prefix_list_id": "",
                "egress_only_gateway_id": "",
                "gateway_id": "igw-0a657aaa51aef5555",
                "ipv6_cidr_block": "",
                "local_gateway_id": "",
                "nat_gateway_id": "",
                "network_interface_id": "",
                "transit_gateway_id": "",
                "vpc_endpoint_id": "",
                "vpc_peering_connection_id": ""
              }
            ],
            "tags": {
              "Name": "liberdade-final-public-rt01"
            },
            "tags_all": {
              "Name": "liberdade-final-public-rt01"
            },
            "timeouts": null,
            "vpc_id": "vpc-0c90d6182b218c5ae"
          },
          "sensitive_attributes": [],
          "identity_schema_version": 0,
          "identity": {
            "account_id": "975598471165",
            "id": "rtb-05044ceee55f367fe",
            "region": "sa-east-1"
          },
          "private": "eyJlMmJmYjczMC1lY2FhLTExZTYtOGY4OC0zNDM2M2JjN2M0YzAiOnsiY3JlYXRlIjozMDAwMDAwMDAwMDAsImRlbGV0ZSI6MzAwMDAwMDAwMDAwLCJ1cGRhdGUiOjEyMDAwMDAwMDAwMH19",
          "dependencies": [
            "aws_vpc.liberdale_vpc01"
          ]
        }
      ]
    },
    {
      "mode": "managed",
      "type": "aws_route_table_association",
      "name": "liberdale_private_rta",
      "provider": "provider[\"registry.terraform.io/hashicorp/aws\"]",
      "instances": [
        {
          "index_key": 0,
          "schema_version": 0,
          "attributes": {
            "gateway_id": "",
            "id": "rtbassoc-04b8f3bc65f9aedcc",
            "region": "sa-east-1",
            "route_table_id": "rtb-012d4a11c675bb7ec",
            "subnet_id": "subnet-05e115d0ec65bff8c",
            "timeouts": null
          },
          "sensitive_attributes": [],
          "identity_schema_version": 0,
          "private": "eyJlMmJmYjczMC1lY2FhLTExZTYtOGY4OC0zNDM2M2JjN2M0YzAiOnsiY3JlYXRlIjozMDAwMDAwMDAwMDAsImRlbGV0ZSI6MzAwMDAwMDAwMDAwLCJ1cGRhdGUiOjEyMDAwMDAwMDAwMH19",
          "dependencies": [
            "aws_route_table.liberdale_private_rt01",
            "aws_subnet.liberdale_private_subnets",
            "aws_vpc.liberdale_vpc01"
          ]
        },
        {
          "index_key": 1,
          "schema_version": 0,
          "attributes": {
            "gateway_id": "",
            "id": "rtbassoc-0308b3c111dcaac7e",
            "region": "sa-east-1",
            "route_table_id": "rtb-012d4a11c675bb7ec",
            "subnet_id": "subnet-04f14d0096537e8bd",
            "timeouts": null
          },
          "sensitive_attributes": [],
          "identity_schema_version": 0,
          "private": "eyJlMmJmYjczMC1lY2FhLTExZTYtOGY4OC0zNDM2M2JjN2M0YzAiOnsiY3JlYXRlIjozMDAwMDAwMDAwMDAsImRlbGV0ZSI6MzAwMDAwMDAwMDAwLCJ1cGRhdGUiOjEyMDAwMDAwMDAwMH19",
          "dependencies": [
            "aws_route_table.liberdale_private_rt01",
            "aws_subnet.liberdale_private_subnets",
            "aws_vpc.liberdale_vpc01"
          ]
        }
      ]
    },
    {
      "mode": "managed",
      "type": "aws_route_table_association",
      "name": "liberdale_public_rta",
      "provider": "provider[\"registry.terraform.io/hashicorp/aws\"]",
      "instances": [
        {
          "index_key": 0,
          "schema_version": 0,
          "attributes": {
            "gateway_id": "",
            "id": "rtbassoc-0523f663e3f54d165",
            "region": "sa-east-1",
            "route_table_id": "rtb-05044ceee55f367fe",
            "subnet_id": "subnet-027b5cf4c8c72c9f1",
            "timeouts": null
          },
          "sensitive_attributes": [],
          "identity_schema_version": 0,
          "private": "eyJlMmJmYjczMC1lY2FhLTExZTYtOGY4OC0zNDM2M2JjN2M0YzAiOnsiY3JlYXRlIjozMDAwMDAwMDAwMDAsImRlbGV0ZSI6MzAwMDAwMDAwMDAwLCJ1cGRhdGUiOjEyMDAwMDAwMDAwMH19",
          "dependencies": [
            "aws_route_table.liberdale_public_rt01",
            "aws_subnet.liberdale_public_subnets",
            "aws_vpc.liberdale_vpc01"
          ]
        },
        {
          "index_key": 1,
          "schema_version": 0,
          "attributes": {
            "gateway_id": "",
            "id": "rtbassoc-012bc5b75e3f81ecd",
            "region": "sa-east-1",
            "route_table_id": "rtb-05044ceee55f367fe",
            "subnet_id": "subnet-0268dbe9ad85b32b5",
            "timeouts": null
          },
          "sensitive_attributes": [],
          "identity_schema_version": 0,
          "private": "eyJlMmJmYjczMC1lY2FhLTExZTYtOGY4OC0zNDM2M2JjN2M0YzAiOnsiY3JlYXRlIjozMDAwMDAwMDAwMDAsImRlbGV0ZSI6MzAwMDAwMDAwMDAwLCJ1cGRhdGUiOjEyMDAwMDAwMDAwMH19",
          "dependencies": [
            "aws_route_table.liberdale_public_rt01",
            "aws_subnet.liberdale_public_subnets",
            "aws_vpc.liberdale_vpc01"
          ]
        }
      ]
    },
    {
      "mode": "managed",
      "type": "aws_s3_bucket",
      "name": "liberdale_alb_logs_bucket01",
      "provider": "provider[\"registry.terraform.io/hashicorp/aws\"]",
      "instances": [
        {
          "index_key": 0,
          "schema_version": 0,
          "attributes": {
            "acceleration_status": "",
            "acl": null,
            "arn": "arn:aws:s3:::liberdade-final-alb-logs-975598471165",
            "bucket": "liberdade-final-alb-logs-975598471165",
            "bucket_domain_name": "liberdade-final-alb-logs-975598471165.s3.amazonaws.com",
            "bucket_prefix": "",
            "bucket_region": "sa-east-1",
            "bucket_regional_domain_name": "liberdade-final-alb-logs-975598471165.s3.sa-east-1.amazonaws.com",
            "cors_rule": [],
            "force_destroy": true,
            "grant": [
              {
                "id": "10ffb56bd53e89d5dd774e7e20af73e728079cb134c80ebeb23ebcf928c9b643",
                "permissions": [
                  "FULL_CONTROL"
                ],
                "type": "CanonicalUser",
                "uri": ""
              }
            ],
            "hosted_zone_id": "Z7KQH4QJS55SO",
            "id": "liberdade-final-alb-logs-975598471165",
            "lifecycle_rule": [],
            "logging": [],
            "object_lock_configuration": [],
            "object_lock_enabled": false,
            "policy": "{\"Statement\":[{\"Action\":\"s3:*\",\"Condition\":{\"Bool\":{\"aws:SecureTransport\":\"false\"}},\"Effect\":\"Deny\",\"Principal\":\"*\",\"Resource\":[\"arn:aws:s3:::liberdade-final-alb-logs-975598471165\",\"arn:aws:s3:::liberdade-final-alb-logs-975598471165/*\"],\"Sid\":\"DenyInsecureTransport\"},{\"Action\":\"s3:PutObject\",\"Effect\":\"Allow\",\"Principal\":{\"AWS\":\"arn:aws:iam::507241528517:root\"},\"Resource\":\"arn:aws:s3:::liberdade-final-alb-logs-975598471165/alb-access-logs/AWSLogs/975598471165/*\",\"Sid\":\"AllowELBWriteLogs\"}],\"Version\":\"2012-10-17\"}",
            "region": "sa-east-1",
            "replication_configuration": [],
            "request_payer": "BucketOwner",
            "server_side_encryption_configuration": [
              {
                "rule": [
                  {
                    "apply_server_side_encryption_by_default": [
                      {
                        "kms_master_key_id": "",
                        "sse_algorithm": "AES256"
                      }
                    ],
                    "bucket_key_enabled": false
                  }
                ]
              }
            ],
            "tags": {
              "Name": "liberdade-final-alb-logs-bucket01"
            },
            "tags_all": {
              "Name": "liberdade-final-alb-logs-bucket01"
            },
            "timeouts": null,
            "versioning": [
              {
                "enabled": false,
                "mfa_delete": false
              }
            ],
            "website": [],
            "website_domain": null,
            "website_endpoint": null
          },
          "sensitive_attributes": [],
          "identity_schema_version": 0,
          "identity": {
            "account_id": "975598471165",
            "bucket": "liberdade-final-alb-logs-975598471165",
            "region": "sa-east-1"
          },
          "private": "eyJlMmJmYjczMC1lY2FhLTExZTYtOGY4OC0zNDM2M2JjN2M0YzAiOnsiY3JlYXRlIjoxMjAwMDAwMDAwMDAwLCJkZWxldGUiOjM2MDAwMDAwMDAwMDAsInJlYWQiOjEyMDAwMDAwMDAwMDAsInVwZGF0ZSI6MTIwMDAwMDAwMDAwMH19",
          "dependencies": [
            "data.aws_caller_identity.liberdale_self01"
          ]
        }
      ]
    },
    {
      "mode": "managed",
      "type": "aws_s3_bucket_ownership_controls",
      "name": "liberdale_alb_logs_owner01",
      "provider": "provider[\"registry.terraform.io/hashicorp/aws\"]",
      "instances": [
        {
          "index_key": 0,
          "schema_version": 0,
          "attributes": {
            "bucket": "liberdade-final-alb-logs-975598471165",
            "id": "liberdade-final-alb-logs-975598471165",
            "region": "sa-east-1",
            "rule": [
              {
                "object_ownership": "BucketOwnerPreferred"
              }
            ]
          },
          "sensitive_attributes": [],
          "identity_schema_version": 0,
          "identity": {
            "account_id": "975598471165",
            "bucket": "liberdade-final-alb-logs-975598471165",
            "region": "sa-east-1"
          },
          "private": "bnVsbA==",
          "dependencies": [
            "aws_s3_bucket.liberdale_alb_logs_bucket01",
            "data.aws_caller_identity.liberdale_self01"
          ]
        }
      ]
    },
    {
      "mode": "managed",
      "type": "aws_s3_bucket_policy",
      "name": "liberdale_alb_logs_policy01",
      "provider": "provider[\"registry.terraform.io/hashicorp/aws\"]",
      "instances": [
        {
          "index_key": 0,
          "schema_version": 0,
          "attributes": {
            "bucket": "liberdade-final-alb-logs-975598471165",
            "id": "liberdade-final-alb-logs-975598471165",
            "policy": "{\"Statement\":[{\"Action\":\"s3:*\",\"Condition\":{\"Bool\":{\"aws:SecureTransport\":\"false\"}},\"Effect\":\"Deny\",\"Principal\":\"*\",\"Resource\":[\"arn:aws:s3:::liberdade-final-alb-logs-975598471165\",\"arn:aws:s3:::liberdade-final-alb-logs-975598471165/*\"],\"Sid\":\"DenyInsecureTransport\"},{\"Action\":\"s3:PutObject\",\"Effect\":\"Allow\",\"Principal\":{\"AWS\":\"arn:aws:iam::507241528517:root\"},\"Resource\":\"arn:aws:s3:::liberdade-final-alb-logs-975598471165/alb-access-logs/AWSLogs/975598471165/*\",\"Sid\":\"AllowELBWriteLogs\"}],\"Version\":\"2012-10-17\"}",
            "region": "sa-east-1"
          },
          "sensitive_attributes": [],
          "identity_schema_version": 0,
          "identity": {
            "account_id": "975598471165",
            "bucket": "liberdade-final-alb-logs-975598471165",
            "region": "sa-east-1"
          },
          "private": "bnVsbA==",
          "dependencies": [
            "aws_s3_bucket.liberdale_alb_logs_bucket01",
            "data.aws_caller_identity.liberdale_self01",
            "data.aws_elb_service_account.main"
          ]
        }
      ]
    },
    {
      "mode": "managed",
      "type": "aws_s3_bucket_public_access_block",
      "name": "liberdale_alb_logs_pab01",
      "provider": "provider[\"registry.terraform.io/hashicorp/aws\"]",
      "instances": [
        {
          "index_key": 0,
          "schema_version": 0,
          "attributes": {
            "block_public_acls": true,
            "block_public_policy": true,
            "bucket": "liberdade-final-alb-logs-975598471165",
            "id": "liberdade-final-alb-logs-975598471165",
            "ignore_public_acls": true,
            "region": "sa-east-1",
            "restrict_public_buckets": true,
            "skip_destroy": null
          },
          "sensitive_attributes": [],
          "identity_schema_version": 0,
          "identity": {
            "account_id": "975598471165",
            "bucket": "liberdade-final-alb-logs-975598471165",
            "region": "sa-east-1"
          },
          "private": "bnVsbA==",
          "dependencies": [
            "aws_s3_bucket.liberdale_alb_logs_bucket01",
            "data.aws_caller_identity.liberdale_self01"
          ]
        }
      ]
    },
    {
      "mode": "managed",
      "type": "aws_security_group",
      "name": "liberdale_alb_sg01",
      "provider": "provider[\"registry.terraform.io/hashicorp/aws\"]",
      "instances": [
        {
          "schema_version": 1,
          "attributes": {
            "arn": "arn:aws:ec2:sa-east-1:975598471165:security-group/sg-06909998330abe20c",
            "description": "ALB security group",
            "egress": [
              {
                "cidr_blocks": [
                  "0.0.0.0/0"
                ],
                "description": "Allow outbound to target group (usually 80) to private network",
                "from_port": 0,
                "ipv6_cidr_blocks": [],
                "prefix_list_ids": [],
                "protocol": "-1",
                "security_groups": [],
                "self": false,
                "to_port": 0
              }
            ],
            "id": "sg-06909998330abe20c",
            "ingress": [
              {
                "cidr_blocks": [],
                "description": "",
                "from_port": 80,
                "ipv6_cidr_blocks": [],
                "prefix_list_ids": [
                  "pl-5da64334"
                ],
                "protocol": "tcp",
                "security_groups": [],
                "self": false,
                "to_port": 80
              }
            ],
            "name": "liberdade-final-alb-sg01",
            "name_prefix": "",
            "owner_id": "975598471165",
            "region": "sa-east-1",
            "revoke_rules_on_delete": false,
            "tags": {
              "Name": "liberdade-final-alb-sg01"
            },
            "tags_all": {
              "Name": "liberdade-final-alb-sg01"
            },
            "timeouts": null,
            "vpc_id": "vpc-0c90d6182b218c5ae"
          },
          "sensitive_attributes": [],
          "identity_schema_version": 0,
          "identity": {
            "account_id": "975598471165",
            "id": "sg-06909998330abe20c",
            "region": "sa-east-1"
          },
          "private": "eyJlMmJmYjczMC1lY2FhLTExZTYtOGY4OC0zNDM2M2JjN2M0YzAiOnsiY3JlYXRlIjo2MDAwMDAwMDAwMDAsImRlbGV0ZSI6OTAwMDAwMDAwMDAwfSwic2NoZW1hX3ZlcnNpb24iOiIxIn0=",
          "dependencies": [
            "aws_vpc.liberdale_vpc01"
          ]
        }
      ]
    },
    {
      "mode": "managed",
      "type": "aws_security_group",
      "name": "liberdale_ec2_sg01",
      "provider": "provider[\"registry.terraform.io/hashicorp/aws\"]",
      "instances": [
        {
          "schema_version": 1,
          "attributes": {
            "arn": "arn:aws:ec2:sa-east-1:975598471165:security-group/sg-02464bb4a709848e0",
            "description": "EC2 app security group - inbound from ALB only",
            "egress": [
              {
                "cidr_blocks": [
                  "0.0.0.0/0"
                ],
                "description": "Allow all outbound (includes TGW path to Tokyo RDS on 3306)",
                "from_port": 0,
                "ipv6_cidr_blocks": [],
                "prefix_list_ids": [],
                "protocol": "-1",
                "security_groups": [],
                "self": false,
                "to_port": 0
              }
            ],
            "id": "sg-02464bb4a709848e0",
            "ingress": [
              {
                "cidr_blocks": [
                  "99.184.18.128/32"
                ],
                "description": "SSH from admin IP",
                "from_port": 22,
                "ipv6_cidr_blocks": [],
                "prefix_list_ids": [],
                "protocol": "tcp",
                "security_groups": [],
                "self": false,
                "to_port": 22
              },
              {
                "cidr_blocks": [],
                "description": "",
                "from_port": 80,
                "ipv6_cidr_blocks": [],
                "prefix_list_ids": [],
                "protocol": "tcp",
                "security_groups": [
                  "sg-06909998330abe20c"
                ],
                "self": false,
                "to_port": 80
              }
            ],
            "name": "liberdade-final-ec2-sg01",
            "name_prefix": "",
            "owner_id": "975598471165",
            "region": "sa-east-1",
            "revoke_rules_on_delete": false,
            "tags": {
              "Name": "liberdade-final-ec2-sg01"
            },
            "tags_all": {
              "Name": "liberdade-final-ec2-sg01"
            },
            "timeouts": null,
            "vpc_id": "vpc-0c90d6182b218c5ae"
          },
          "sensitive_attributes": [],
          "identity_schema_version": 0,
          "identity": {
            "account_id": "975598471165",
            "id": "sg-02464bb4a709848e0",
            "region": "sa-east-1"
          },
          "private": "eyJlMmJmYjczMC1lY2FhLTExZTYtOGY4OC0zNDM2M2JjN2M0YzAiOnsiY3JlYXRlIjo2MDAwMDAwMDAwMDAsImRlbGV0ZSI6OTAwMDAwMDAwMDAwfSwic2NoZW1hX3ZlcnNpb24iOiIxIn0=",
          "dependencies": [
            "aws_vpc.liberdale_vpc01"
          ]
        }
      ]
    },
    {
      "mode": "managed",
      "type": "aws_security_group",
      "name": "liberdale_vpce_sg01",
      "provider": "provider[\"registry.terraform.io/hashicorp/aws\"]",
      "instances": [
        {
          "schema_version": 1,
          "attributes": {
            "arn": "arn:aws:ec2:sa-east-1:975598471165:security-group/sg-004b7baa9dc592ac2",
            "description": "SG for VPC Interface Endpoints",
            "egress": [],
            "id": "sg-004b7baa9dc592ac2",
            "ingress": [
              {
                "cidr_blocks": [],
                "description": "Allow HTTPS from EC2 SG",
                "from_port": 443,
                "ipv6_cidr_blocks": [],
                "prefix_list_ids": [],
                "protocol": "tcp",
                "security_groups": [
                  "sg-02464bb4a709848e0"
                ],
                "self": false,
                "to_port": 443
              }
            ],
            "name": "liberdade-final-vpce-sg01",
            "name_prefix": "",
            "owner_id": "975598471165",
            "region": "sa-east-1",
            "revoke_rules_on_delete": false,
            "tags": {
              "Name": "liberdade-final-vpce-sg01"
            },
            "tags_all": {
              "Name": "liberdade-final-vpce-sg01"
            },
            "timeouts": null,
            "vpc_id": "vpc-0c90d6182b218c5ae"
          },
          "sensitive_attributes": [],
          "identity_schema_version": 0,
          "identity": {
            "account_id": "975598471165",
            "id": "sg-004b7baa9dc592ac2",
            "region": "sa-east-1"
          },
          "private": "eyJlMmJmYjczMC1lY2FhLTExZTYtOGY4OC0zNDM2M2JjN2M0YzAiOnsiY3JlYXRlIjo2MDAwMDAwMDAwMDAsImRlbGV0ZSI6OTAwMDAwMDAwMDAwfSwic2NoZW1hX3ZlcnNpb24iOiIxIn0=",
          "dependencies": [
            "aws_vpc.liberdale_vpc01"
          ]
        }
      ]
    },
    {
      "mode": "managed",
      "type": "aws_security_group_rule",
      "name": "liberdale_alb_ingress_cf44301",
      "provider": "provider[\"registry.terraform.io/hashicorp/aws\"]",
      "instances": [
        {
          "schema_version": 2,
          "attributes": {
            "cidr_blocks": null,
            "description": null,
            "from_port": 80,
            "id": "sgrule-3747984554",
            "ipv6_cidr_blocks": null,
            "prefix_list_ids": [
              "pl-5da64334"
            ],
            "protocol": "tcp",
            "region": "sa-east-1",
            "security_group_id": "sg-06909998330abe20c",
            "security_group_rule_id": "sgr-062d85245e8c04b03",
            "self": false,
            "source_security_group_id": null,
            "timeouts": null,
            "to_port": 80,
            "type": "ingress"
          },
          "sensitive_attributes": [],
          "identity_schema_version": 0,
          "private": "eyJlMmJmYjczMC1lY2FhLTExZTYtOGY4OC0zNDM2M2JjN2M0YzAiOnsiY3JlYXRlIjozMDAwMDAwMDAwMDB9LCJzY2hlbWFfdmVyc2lvbiI6IjIifQ==",
          "dependencies": [
            "aws_security_group.liberdale_alb_sg01",
            "aws_vpc.liberdale_vpc01",
            "data.aws_ec2_managed_prefix_list.liberdale_cf_origin_facing01"
          ]
        }
      ]
    },
    {
      "mode": "managed",
      "type": "aws_security_group_rule",
      "name": "liberdale_ec2_ingress_from_alb01",
      "provider": "provider[\"registry.terraform.io/hashicorp/aws\"]",
      "instances": [
        {
          "schema_version": 2,
          "attributes": {
            "cidr_blocks": null,
            "description": null,
            "from_port": 80,
            "id": "sgrule-2054250531",
            "ipv6_cidr_blocks": null,
            "prefix_list_ids": null,
            "protocol": "tcp",
            "region": "sa-east-1",
            "security_group_id": "sg-02464bb4a709848e0",
            "security_group_rule_id": "sgr-038a924b34ae143b1",
            "self": false,
            "source_security_group_id": "sg-06909998330abe20c",
            "timeouts": null,
            "to_port": 80,
            "type": "ingress"
          },
          "sensitive_attributes": [],
          "identity_schema_version": 0,
          "private": "eyJlMmJmYjczMC1lY2FhLTExZTYtOGY4OC0zNDM2M2JjN2M0YzAiOnsiY3JlYXRlIjozMDAwMDAwMDAwMDB9LCJzY2hlbWFfdmVyc2lvbiI6IjIifQ==",
          "dependencies": [
            "aws_security_group.liberdale_alb_sg01",
            "aws_security_group.liberdale_ec2_sg01",
            "aws_vpc.liberdale_vpc01"
          ]
        }
      ]
    },
    {
      "mode": "managed",
      "type": "aws_security_group_rule",
      "name": "liberdale_vpce_sg01_ingress_https_from_ec2",
      "provider": "provider[\"registry.terraform.io/hashicorp/aws\"]",
      "instances": [
        {
          "schema_version": 2,
          "attributes": {
            "cidr_blocks": null,
            "description": "Allow HTTPS from EC2 SG",
            "from_port": 443,
            "id": "sgrule-106400191",
            "ipv6_cidr_blocks": null,
            "prefix_list_ids": null,
            "protocol": "tcp",
            "region": "sa-east-1",
            "security_group_id": "sg-004b7baa9dc592ac2",
            "security_group_rule_id": "sgr-0eace61836e07bd96",
            "self": false,
            "source_security_group_id": "sg-02464bb4a709848e0",
            "timeouts": null,
            "to_port": 443,
            "type": "ingress"
          },
          "sensitive_attributes": [],
          "identity_schema_version": 0,
          "private": "eyJlMmJmYjczMC1lY2FhLTExZTYtOGY4OC0zNDM2M2JjN2M0YzAiOnsiY3JlYXRlIjozMDAwMDAwMDAwMDB9LCJzY2hlbWFfdmVyc2lvbiI6IjIifQ==",
          "dependencies": [
            "aws_security_group.liberdale_ec2_sg01",
            "aws_security_group.liberdale_vpce_sg01",
            "aws_vpc.liberdale_vpc01"
          ]
        }
      ]
    },
    {
      "mode": "managed",
      "type": "aws_sns_topic",
      "name": "liberdale_sns_topic01",
      "provider": "provider[\"registry.terraform.io/hashicorp/aws\"]",
      "instances": [
        {
          "schema_version": 0,
          "attributes": {
            "application_failure_feedback_role_arn": "",
            "application_success_feedback_role_arn": "",
            "application_success_feedback_sample_rate": 0,
            "archive_policy": "",
            "arn": "arn:aws:sns:sa-east-1:975598471165:liberdade-final-db-incidents",
            "beginning_archive_time": "",
            "content_based_deduplication": false,
            "delivery_policy": "",
            "display_name": "",
            "fifo_throughput_scope": "",
            "fifo_topic": false,
            "firehose_failure_feedback_role_arn": "",
            "firehose_success_feedback_role_arn": "",
            "firehose_success_feedback_sample_rate": 0,
            "http_failure_feedback_role_arn": "",
            "http_success_feedback_role_arn": "",
            "http_success_feedback_sample_rate": 0,
            "id": "arn:aws:sns:sa-east-1:975598471165:liberdade-final-db-incidents",
            "kms_master_key_id": "",
            "lambda_failure_feedback_role_arn": "",
            "lambda_success_feedback_role_arn": "",
            "lambda_success_feedback_sample_rate": 0,
            "name": "liberdade-final-db-incidents",
            "name_prefix": "",
            "owner": "975598471165",
            "policy": "{\"Id\":\"__default_policy_ID\",\"Statement\":[{\"Action\":[\"SNS:GetTopicAttributes\",\"SNS:SetTopicAttributes\",\"SNS:AddPermission\",\"SNS:RemovePermission\",\"SNS:DeleteTopic\",\"SNS:Subscribe\",\"SNS:ListSubscriptionsByTopic\",\"SNS:Publish\"],\"Condition\":{\"StringEquals\":{\"AWS:SourceOwner\":\"975598471165\"}},\"Effect\":\"Allow\",\"Principal\":{\"AWS\":\"*\"},\"Resource\":\"arn:aws:sns:sa-east-1:975598471165:liberdade-final-db-incidents\",\"Sid\":\"__default_statement_ID\"}],\"Version\":\"2008-10-17\"}",
            "region": "sa-east-1",
            "signature_version": 0,
            "sqs_failure_feedback_role_arn": "",
            "sqs_success_feedback_role_arn": "",
            "sqs_success_feedback_sample_rate": 0,
            "tags": {},
            "tags_all": {},
            "tracing_config": ""
          },
          "sensitive_attributes": [],
          "identity_schema_version": 0,
          "identity": {
            "arn": "arn:aws:sns:sa-east-1:975598471165:liberdade-final-db-incidents"
          },
          "private": "bnVsbA=="
        }
      ]
    },
    {
      "mode": "managed",
      "type": "aws_sns_topic_subscription",
      "name": "liberdale_sns_sub01",
      "provider": "provider[\"registry.terraform.io/hashicorp/aws\"]",
      "instances": [
        {
          "schema_version": 0,
          "attributes": {
            "arn": "arn:aws:sns:sa-east-1:975598471165:liberdade-final-db-incidents:a03796d1-98ad-4420-a3c9-34b52afee344",
            "confirmation_timeout_in_minutes": 1,
            "confirmation_was_authenticated": false,
            "delivery_policy": "",
            "endpoint": "jorune.simpkins@gmail.com",
            "endpoint_auto_confirms": false,
            "filter_policy": "",
            "filter_policy_scope": "",
            "id": "arn:aws:sns:sa-east-1:975598471165:liberdade-final-db-incidents:a03796d1-98ad-4420-a3c9-34b52afee344",
            "owner_id": "975598471165",
            "pending_confirmation": true,
            "protocol": "email",
            "raw_message_delivery": false,
            "redrive_policy": "",
            "region": "sa-east-1",
            "replay_policy": "",
            "subscription_role_arn": "",
            "topic_arn": "arn:aws:sns:sa-east-1:975598471165:liberdade-final-db-incidents"
          },
          "sensitive_attributes": [],
          "identity_schema_version": 0,
          "identity": {
            "arn": "arn:aws:sns:sa-east-1:975598471165:liberdade-final-db-incidents:a03796d1-98ad-4420-a3c9-34b52afee344"
          },
          "private": "bnVsbA==",
          "dependencies": [
            "aws_sns_topic.liberdale_sns_topic01"
          ]
        }
      ]
    },
    {
      "mode": "managed",
      "type": "aws_ssm_parameter",
      "name": "liberdale_db_endpoint_param",
      "provider": "provider[\"registry.terraform.io/hashicorp/aws\"]",
      "instances": [
        {
          "schema_version": 0,
          "attributes": {
            "allowed_pattern": "",
            "arn": "arn:aws:ssm:sa-east-1:975598471165:parameter/lab/db/endpoint",
            "data_type": "text",
            "description": "Tokyo RDS endpoint (cross-region via TGW)",
            "has_value_wo": false,
            "id": "/lab/db/endpoint",
            "insecure_value": null,
            "key_id": "",
            "name": "/lab/db/endpoint",
            "overwrite": null,
            "region": "sa-east-1",
            "tags": {
              "Name": "liberdade-final-param-db-endpoint"
            },
            "tags_all": {
              "Name": "liberdade-final-param-db-endpoint"
            },
            "tier": "Standard",
            "type": "String",
            "value": "shinjuku-final-rds01.cf2s8kkgau9w.ap-northeast-1.rds.amazonaws.com",
            "value_wo": null,
            "value_wo_version": null,
            "version": 1
          },
          "sensitive_attributes": [
            [
              {
                "type": "get_attr",
                "value": "value"
              }
            ],
            [
              {
                "type": "get_attr",
                "value": "value_wo"
              }
            ]
          ],
          "identity_schema_version": 0,
          "identity": {
            "account_id": "975598471165",
            "name": "/lab/db/endpoint",
            "region": "sa-east-1"
          },
          "private": "bnVsbA=="
        }
      ]
    },
    {
      "mode": "managed",
      "type": "aws_ssm_parameter",
      "name": "liberdale_db_name_param",
      "provider": "provider[\"registry.terraform.io/hashicorp/aws\"]",
      "instances": [
        {
          "schema_version": 0,
          "attributes": {
            "allowed_pattern": "",
            "arn": "arn:aws:ssm:sa-east-1:975598471165:parameter/lab/db/name",
            "data_type": "text",
            "description": "",
            "has_value_wo": false,
            "id": "/lab/db/name",
            "insecure_value": null,
            "key_id": "",
            "name": "/lab/db/name",
            "overwrite": null,
            "region": "sa-east-1",
            "tags": {
              "Name": "liberdade-final-param-db-name"
            },
            "tags_all": {
              "Name": "liberdade-final-param-db-name"
            },
            "tier": "Standard",
            "type": "String",
            "value": "labdb",
            "value_wo": null,
            "value_wo_version": null,
            "version": 1
          },
          "sensitive_attributes": [
            [
              {
                "type": "get_attr",
                "value": "value"
              }
            ],
            [
              {
                "type": "get_attr",
                "value": "value_wo"
              }
            ]
          ],
          "identity_schema_version": 0,
          "identity": {
            "account_id": "975598471165",
            "name": "/lab/db/name",
            "region": "sa-east-1"
          },
          "private": "bnVsbA=="
        }
      ]
    },
    {
      "mode": "managed",
      "type": "aws_ssm_parameter",
      "name": "liberdale_db_port_param",
      "provider": "provider[\"registry.terraform.io/hashicorp/aws\"]",
      "instances": [
        {
          "schema_version": 0,
          "attributes": {
            "allowed_pattern": "",
            "arn": "arn:aws:ssm:sa-east-1:975598471165:parameter/lab/db/port",
            "data_type": "text",
            "description": "",
            "has_value_wo": false,
            "id": "/lab/db/port",
            "insecure_value": null,
            "key_id": "",
            "name": "/lab/db/port",
            "overwrite": null,
            "region": "sa-east-1",
            "tags": {
              "Name": "liberdade-final-param-db-port"
            },
            "tags_all": {
              "Name": "liberdade-final-param-db-port"
            },
            "tier": "Standard",
            "type": "String",
            "value": "3306",
            "value_wo": null,
            "value_wo_version": null,
            "version": 1
          },
          "sensitive_attributes": [
            [
              {
                "type": "get_attr",
                "value": "value"
              }
            ],
            [
              {
                "type": "get_attr",
                "value": "value_wo"
              }
            ]
          ],
          "identity_schema_version": 0,
          "identity": {
            "account_id": "975598471165",
            "name": "/lab/db/port",
            "region": "sa-east-1"
          },
          "private": "bnVsbA=="
        }
      ]
    },
    {
      "mode": "managed",
      "type": "aws_subnet",
      "name": "liberdale_private_subnets",
      "provider": "provider[\"registry.terraform.io/hashicorp/aws\"]",
      "instances": [
        {
          "index_key": 0,
          "schema_version": 1,
          "attributes": {
            "arn": "arn:aws:ec2:sa-east-1:975598471165:subnet/subnet-05e115d0ec65bff8c",
            "assign_ipv6_address_on_creation": false,
            "availability_zone": "sa-east-1a",
            "availability_zone_id": "sae1-az1",
            "cidr_block": "10.200.101.0/24",
            "customer_owned_ipv4_pool": "",
            "enable_dns64": false,
            "enable_lni_at_device_index": 0,
            "enable_resource_name_dns_a_record_on_launch": false,
            "enable_resource_name_dns_aaaa_record_on_launch": false,
            "id": "subnet-05e115d0ec65bff8c",
            "ipv4_ipam_pool_id": null,
            "ipv4_netmask_length": null,
            "ipv6_cidr_block": "",
            "ipv6_cidr_block_association_id": "",
            "ipv6_ipam_pool_id": null,
            "ipv6_native": false,
            "ipv6_netmask_length": null,
            "map_customer_owned_ip_on_launch": false,
            "map_public_ip_on_launch": false,
            "outpost_arn": "",
            "owner_id": "975598471165",
            "private_dns_hostname_type_on_launch": "ip-name",
            "region": "sa-east-1",
            "tags": {
              "Name": "liberdade-final-private-subnet01"
            },
            "tags_all": {
              "Name": "liberdade-final-private-subnet01"
            },
            "timeouts": null,
            "vpc_id": "vpc-0c90d6182b218c5ae"
          },
          "sensitive_attributes": [],
          "identity_schema_version": 0,
          "identity": {
            "account_id": "975598471165",
            "id": "subnet-05e115d0ec65bff8c",
            "region": "sa-east-1"
          },
          "private": "eyJlMmJmYjczMC1lY2FhLTExZTYtOGY4OC0zNDM2M2JjN2M0YzAiOnsiY3JlYXRlIjo2MDAwMDAwMDAwMDAsImRlbGV0ZSI6MTIwMDAwMDAwMDAwMH0sInNjaGVtYV92ZXJzaW9uIjoiMSJ9",
          "dependencies": [
            "aws_vpc.liberdale_vpc01"
          ]
        },
        {
          "index_key": 1,
          "schema_version": 1,
          "attributes": {
            "arn": "arn:aws:ec2:sa-east-1:975598471165:subnet/subnet-04f14d0096537e8bd",
            "assign_ipv6_address_on_creation": false,
            "availability_zone": "sa-east-1c",
            "availability_zone_id": "sae1-az3",
            "cidr_block": "10.200.102.0/24",
            "customer_owned_ipv4_pool": "",
            "enable_dns64": false,
            "enable_lni_at_device_index": 0,
            "enable_resource_name_dns_a_record_on_launch": false,
            "enable_resource_name_dns_aaaa_record_on_launch": false,
            "id": "subnet-04f14d0096537e8bd",
            "ipv4_ipam_pool_id": null,
            "ipv4_netmask_length": null,
            "ipv6_cidr_block": "",
            "ipv6_cidr_block_association_id": "",
            "ipv6_ipam_pool_id": null,
            "ipv6_native": false,
            "ipv6_netmask_length": null,
            "map_customer_owned_ip_on_launch": false,
            "map_public_ip_on_launch": false,
            "outpost_arn": "",
            "owner_id": "975598471165",
            "private_dns_hostname_type_on_launch": "ip-name",
            "region": "sa-east-1",
            "tags": {
              "Name": "liberdade-final-private-subnet02"
            },
            "tags_all": {
              "Name": "liberdade-final-private-subnet02"
            },
            "timeouts": null,
            "vpc_id": "vpc-0c90d6182b218c5ae"
          },
          "sensitive_attributes": [],
          "identity_schema_version": 0,
          "identity": {
            "account_id": "975598471165",
            "id": "subnet-04f14d0096537e8bd",
            "region": "sa-east-1"
          },
          "private": "eyJlMmJmYjczMC1lY2FhLTExZTYtOGY4OC0zNDM2M2JjN2M0YzAiOnsiY3JlYXRlIjo2MDAwMDAwMDAwMDAsImRlbGV0ZSI6MTIwMDAwMDAwMDAwMH0sInNjaGVtYV92ZXJzaW9uIjoiMSJ9",
          "dependencies": [
            "aws_vpc.liberdale_vpc01"
          ]
        }
      ]
    },
    {
      "mode": "managed",
      "type": "aws_subnet",
      "name": "liberdale_public_subnets",
      "provider": "provider[\"registry.terraform.io/hashicorp/aws\"]",
      "instances": [
        {
          "index_key": 0,
          "schema_version": 1,
          "attributes": {
            "arn": "arn:aws:ec2:sa-east-1:975598471165:subnet/subnet-027b5cf4c8c72c9f1",
            "assign_ipv6_address_on_creation": false,
            "availability_zone": "sa-east-1a",
            "availability_zone_id": "sae1-az1",
            "cidr_block": "10.200.1.0/24",
            "customer_owned_ipv4_pool": "",
            "enable_dns64": false,
            "enable_lni_at_device_index": 0,
            "enable_resource_name_dns_a_record_on_launch": false,
            "enable_resource_name_dns_aaaa_record_on_launch": false,
            "id": "subnet-027b5cf4c8c72c9f1",
            "ipv4_ipam_pool_id": null,
            "ipv4_netmask_length": null,
            "ipv6_cidr_block": "",
            "ipv6_cidr_block_association_id": "",
            "ipv6_ipam_pool_id": null,
            "ipv6_native": false,
            "ipv6_netmask_length": null,
            "map_customer_owned_ip_on_launch": false,
            "map_public_ip_on_launch": true,
            "outpost_arn": "",
            "owner_id": "975598471165",
            "private_dns_hostname_type_on_launch": "ip-name",
            "region": "sa-east-1",
            "tags": {
              "Name": "liberdade-final-public-subnet01"
            },
            "tags_all": {
              "Name": "liberdade-final-public-subnet01"
            },
            "timeouts": null,
            "vpc_id": "vpc-0c90d6182b218c5ae"
          },
          "sensitive_attributes": [],
          "identity_schema_version": 0,
          "identity": {
            "account_id": "975598471165",
            "id": "subnet-027b5cf4c8c72c9f1",
            "region": "sa-east-1"
          },
          "private": "eyJlMmJmYjczMC1lY2FhLTExZTYtOGY4OC0zNDM2M2JjN2M0YzAiOnsiY3JlYXRlIjo2MDAwMDAwMDAwMDAsImRlbGV0ZSI6MTIwMDAwMDAwMDAwMH0sInNjaGVtYV92ZXJzaW9uIjoiMSJ9",
          "dependencies": [
            "aws_vpc.liberdale_vpc01"
          ]
        },
        {
          "index_key": 1,
          "schema_version": 1,
          "attributes": {
            "arn": "arn:aws:ec2:sa-east-1:975598471165:subnet/subnet-0268dbe9ad85b32b5",
            "assign_ipv6_address_on_creation": false,
            "availability_zone": "sa-east-1c",
            "availability_zone_id": "sae1-az3",
            "cidr_block": "10.200.2.0/24",
            "customer_owned_ipv4_pool": "",
            "enable_dns64": false,
            "enable_lni_at_device_index": 0,
            "enable_resource_name_dns_a_record_on_launch": false,
            "enable_resource_name_dns_aaaa_record_on_launch": false,
            "id": "subnet-0268dbe9ad85b32b5",
            "ipv4_ipam_pool_id": null,
            "ipv4_netmask_length": null,
            "ipv6_cidr_block": "",
            "ipv6_cidr_block_association_id": "",
            "ipv6_ipam_pool_id": null,
            "ipv6_native": false,
            "ipv6_netmask_length": null,
            "map_customer_owned_ip_on_launch": false,
            "map_public_ip_on_launch": true,
            "outpost_arn": "",
            "owner_id": "975598471165",
            "private_dns_hostname_type_on_launch": "ip-name",
            "region": "sa-east-1",
            "tags": {
              "Name": "liberdade-final-public-subnet02"
            },
            "tags_all": {
              "Name": "liberdade-final-public-subnet02"
            },
            "timeouts": null,
            "vpc_id": "vpc-0c90d6182b218c5ae"
          },
          "sensitive_attributes": [],
          "identity_schema_version": 0,
          "identity": {
            "account_id": "975598471165",
            "id": "subnet-0268dbe9ad85b32b5",
            "region": "sa-east-1"
          },
          "private": "eyJlMmJmYjczMC1lY2FhLTExZTYtOGY4OC0zNDM2M2JjN2M0YzAiOnsiY3JlYXRlIjo2MDAwMDAwMDAwMDAsImRlbGV0ZSI6MTIwMDAwMDAwMDAwMH0sInNjaGVtYV92ZXJzaW9uIjoiMSJ9",
          "dependencies": [
            "aws_vpc.liberdale_vpc01"
          ]
        }
      ]
    },
    {
      "mode": "managed",
      "type": "aws_vpc",
      "name": "liberdale_vpc01",
      "provider": "provider[\"registry.terraform.io/hashicorp/aws\"]",
      "instances": [
        {
          "schema_version": 1,
          "attributes": {
            "arn": "arn:aws:ec2:sa-east-1:975598471165:vpc/vpc-0c90d6182b218c5ae",
            "assign_generated_ipv6_cidr_block": false,
            "cidr_block": "10.200.0.0/16",
            "default_network_acl_id": "acl-03526113cd7621f35",
            "default_route_table_id": "rtb-060b7dde4bd2cd566",
            "default_security_group_id": "sg-0799d05679776d4f8",
            "dhcp_options_id": "dopt-01e9d85ff45b34980",
            "enable_dns_hostnames": true,
            "enable_dns_support": true,
            "enable_network_address_usage_metrics": false,
            "id": "vpc-0c90d6182b218c5ae",
            "instance_tenancy": "default",
            "ipv4_ipam_pool_id": null,
            "ipv4_netmask_length": null,
            "ipv6_association_id": "",
            "ipv6_cidr_block": "",
            "ipv6_cidr_block_network_border_group": "",
            "ipv6_ipam_pool_id": "",
            "ipv6_netmask_length": 0,
            "main_route_table_id": "rtb-060b7dde4bd2cd566",
            "owner_id": "975598471165",
            "region": "sa-east-1",
            "tags": {
              "Name": "liberdade-final-vpc01"
            },
            "tags_all": {
              "Name": "liberdade-final-vpc01"
            }
          },
          "sensitive_attributes": [],
          "identity_schema_version": 0,
          "identity": {
            "account_id": "975598471165",
            "id": "vpc-0c90d6182b218c5ae",
            "region": "sa-east-1"
          },
          "private": "eyJzY2hlbWFfdmVyc2lvbiI6IjEifQ=="
        }
      ]
    },
    {
      "mode": "managed",
      "type": "aws_vpc_endpoint",
      "name": "liberdale_vpce_ec2messages01",
      "provider": "provider[\"registry.terraform.io/hashicorp/aws\"]",
      "instances": [
        {
          "schema_version": 0,
          "attributes": {
            "arn": "arn:aws:ec2:sa-east-1:975598471165:vpc-endpoint/vpce-0d120c028cc0906a1",
            "auto_accept": null,
            "cidr_blocks": [],
            "dns_entry": [
              {
                "dns_name": "vpce-0d120c028cc0906a1-bbenatb0.ec2messages.sa-east-1.vpce.amazonaws.com",
                "hosted_zone_id": "Z2LXUWEVLCVZIB"
              },
              {
                "dns_name": "vpce-0d120c028cc0906a1-bbenatb0-sa-east-1c.ec2messages.sa-east-1.vpce.amazonaws.com",
                "hosted_zone_id": "Z2LXUWEVLCVZIB"
              },
              {
                "dns_name": "vpce-0d120c028cc0906a1-bbenatb0-sa-east-1a.ec2messages.sa-east-1.vpce.amazonaws.com",
                "hosted_zone_id": "Z2LXUWEVLCVZIB"
              },
              {
                "dns_name": "ec2messages.sa-east-1.amazonaws.com",
                "hosted_zone_id": "Z0103673UGOKGSP947S3"
              }
            ],
            "dns_options": [
              {
                "dns_record_ip_type": "ipv4",
                "private_dns_only_for_inbound_resolver_endpoint": false,
                "private_dns_preference": "",
                "private_dns_specified_domains": []
              }
            ],
            "id": "vpce-0d120c028cc0906a1",
            "ip_address_type": "ipv4",
            "network_interface_ids": [
              "eni-0473a5e1334bd060e",
              "eni-0a7579d8c9bbcbe82"
            ],
            "owner_id": "975598471165",
            "policy": "{\"Statement\":[{\"Action\":\"*\",\"Effect\":\"Allow\",\"Principal\":\"*\",\"Resource\":\"*\"}]}",
            "prefix_list_id": null,
            "private_dns_enabled": true,
            "region": "sa-east-1",
            "requester_managed": false,
            "resource_configuration_arn": "",
            "route_table_ids": [],
            "security_group_ids": [
              "sg-004b7baa9dc592ac2"
            ],
            "service_name": "com.amazonaws.sa-east-1.ec2messages",
            "service_network_arn": "",
            "service_region": "sa-east-1",
            "state": "available",
            "subnet_configuration": [
              {
                "ipv4": "10.200.101.184",
                "ipv6": "",
                "subnet_id": "subnet-05e115d0ec65bff8c"
              },
              {
                "ipv4": "10.200.102.202",
                "ipv6": "",
                "subnet_id": "subnet-04f14d0096537e8bd"
              }
            ],
            "subnet_ids": [
              "subnet-04f14d0096537e8bd",
              "subnet-05e115d0ec65bff8c"
            ],
            "tags": {
              "Name": "liberdade-final-vpce-ec2messages01"
            },
            "tags_all": {
              "Name": "liberdade-final-vpce-ec2messages01"
            },
            "timeouts": null,
            "vpc_endpoint_type": "Interface",
            "vpc_id": "vpc-0c90d6182b218c5ae"
          },
          "sensitive_attributes": [],
          "identity_schema_version": 0,
          "identity": {
            "account_id": "975598471165",
            "id": "vpce-0d120c028cc0906a1",
            "region": "sa-east-1"
          },
          "private": "eyJlMmJmYjczMC1lY2FhLTExZTYtOGY4OC0zNDM2M2JjN2M0YzAiOnsiY3JlYXRlIjo2MDAwMDAwMDAwMDAsImRlbGV0ZSI6NjAwMDAwMDAwMDAwLCJ1cGRhdGUiOjYwMDAwMDAwMDAwMH19",
          "dependencies": [
            "aws_security_group.liberdale_vpce_sg01",
            "aws_subnet.liberdale_private_subnets",
            "aws_vpc.liberdale_vpc01",
            "data.aws_region.liberdale_region01"
          ]
        }
      ]
    },
    {
      "mode": "managed",
      "type": "aws_vpc_endpoint",
      "name": "liberdale_vpce_kms01",
      "provider": "provider[\"registry.terraform.io/hashicorp/aws\"]",
      "instances": [
        {
          "schema_version": 0,
          "attributes": {
            "arn": "arn:aws:ec2:sa-east-1:975598471165:vpc-endpoint/vpce-072dd935a4748493f",
            "auto_accept": null,
            "cidr_blocks": [],
            "dns_entry": [
              {
                "dns_name": "vpce-072dd935a4748493f-apzldg7n.kms.sa-east-1.vpce.amazonaws.com",
                "hosted_zone_id": "Z2LXUWEVLCVZIB"
              },
              {
                "dns_name": "vpce-072dd935a4748493f-apzldg7n-sa-east-1c.kms.sa-east-1.vpce.amazonaws.com",
                "hosted_zone_id": "Z2LXUWEVLCVZIB"
              },
              {
                "dns_name": "vpce-072dd935a4748493f-apzldg7n-sa-east-1a.kms.sa-east-1.vpce.amazonaws.com",
                "hosted_zone_id": "Z2LXUWEVLCVZIB"
              },
              {
                "dns_name": "kms.sa-east-1.amazonaws.com",
                "hosted_zone_id": "Z0302509DIMQW32TF23Y"
              },
              {
                "dns_name": "kms.sa-east-1.api.aws",
                "hosted_zone_id": "Z01032122EI8ME315J3EG"
              }
            ],
            "dns_options": [
              {
                "dns_record_ip_type": "ipv4",
                "private_dns_only_for_inbound_resolver_endpoint": false,
                "private_dns_preference": "",
                "private_dns_specified_domains": []
              }
            ],
            "id": "vpce-072dd935a4748493f",
            "ip_address_type": "ipv4",
            "network_interface_ids": [
              "eni-0c6e4bad1ef8aa96f",
              "eni-0dedd6fa4c9493a88"
            ],
            "owner_id": "975598471165",
            "policy": "{\"Statement\":[{\"Action\":\"*\",\"Effect\":\"Allow\",\"Principal\":\"*\",\"Resource\":\"*\"}]}",
            "prefix_list_id": null,
            "private_dns_enabled": true,
            "region": "sa-east-1",
            "requester_managed": false,
            "resource_configuration_arn": "",
            "route_table_ids": [],
            "security_group_ids": [
              "sg-004b7baa9dc592ac2"
            ],
            "service_name": "com.amazonaws.sa-east-1.kms",
            "service_network_arn": "",
            "service_region": "sa-east-1",
            "state": "available",
            "subnet_configuration": [
              {
                "ipv4": "10.200.101.213",
                "ipv6": "",
                "subnet_id": "subnet-05e115d0ec65bff8c"
              },
              {
                "ipv4": "10.200.102.26",
                "ipv6": "",
                "subnet_id": "subnet-04f14d0096537e8bd"
              }
            ],
            "subnet_ids": [
              "subnet-04f14d0096537e8bd",
              "subnet-05e115d0ec65bff8c"
            ],
            "tags": {
              "Name": "liberdade-final-vpce-kms01"
            },
            "tags_all": {
              "Name": "liberdade-final-vpce-kms01"
            },
            "timeouts": null,
            "vpc_endpoint_type": "Interface",
            "vpc_id": "vpc-0c90d6182b218c5ae"
          },
          "sensitive_attributes": [],
          "identity_schema_version": 0,
          "identity": {
            "account_id": "975598471165",
            "id": "vpce-072dd935a4748493f",
            "region": "sa-east-1"
          },
          "private": "eyJlMmJmYjczMC1lY2FhLTExZTYtOGY4OC0zNDM2M2JjN2M0YzAiOnsiY3JlYXRlIjo2MDAwMDAwMDAwMDAsImRlbGV0ZSI6NjAwMDAwMDAwMDAwLCJ1cGRhdGUiOjYwMDAwMDAwMDAwMH19",
          "dependencies": [
            "aws_security_group.liberdale_vpce_sg01",
            "aws_subnet.liberdale_private_subnets",
            "aws_vpc.liberdale_vpc01",
            "data.aws_region.liberdale_region01"
          ]
        }
      ]
    },
    {
      "mode": "managed",
      "type": "aws_vpc_endpoint",
      "name": "liberdale_vpce_logs01",
      "provider": "provider[\"registry.terraform.io/hashicorp/aws\"]",
      "instances": [
        {
          "schema_version": 0,
          "attributes": {
            "arn": "arn:aws:ec2:sa-east-1:975598471165:vpc-endpoint/vpce-07e503c062bae572a",
            "auto_accept": null,
            "cidr_blocks": [],
            "dns_entry": [
              {
                "dns_name": "vpce-07e503c062bae572a-e3oxg9tp.logs.sa-east-1.vpce.amazonaws.com",
                "hosted_zone_id": "Z2LXUWEVLCVZIB"
              },
              {
                "dns_name": "vpce-07e503c062bae572a-e3oxg9tp-sa-east-1c.logs.sa-east-1.vpce.amazonaws.com",
                "hosted_zone_id": "Z2LXUWEVLCVZIB"
              },
              {
                "dns_name": "vpce-07e503c062bae572a-e3oxg9tp-sa-east-1a.logs.sa-east-1.vpce.amazonaws.com",
                "hosted_zone_id": "Z2LXUWEVLCVZIB"
              },
              {
                "dns_name": "logs.sa-east-1.amazonaws.com",
                "hosted_zone_id": "Z02963101N5QZVVLJ9P3S"
              },
              {
                "dns_name": "streaming-logs.sa-east-1.amazonaws.com",
                "hosted_zone_id": "Z01034593RT4IVQRPTZWL"
              },
              {
                "dns_name": "logs.sa-east-1.api.aws",
                "hosted_zone_id": "Z06173422P775KHE1CR7M"
              },
              {
                "dns_name": "streaming-logs.sa-east-1.api.aws",
                "hosted_zone_id": "Z03028922WOY35E2YXILI"
              }
            ],
            "dns_options": [
              {
                "dns_record_ip_type": "ipv4",
                "private_dns_only_for_inbound_resolver_endpoint": false,
                "private_dns_preference": "",
                "private_dns_specified_domains": []
              }
            ],
            "id": "vpce-07e503c062bae572a",
            "ip_address_type": "ipv4",
            "network_interface_ids": [
              "eni-07a2c12d20f4111bc",
              "eni-0f20d822a6ec8a52d"
            ],
            "owner_id": "975598471165",
            "policy": "{\"Statement\":[{\"Action\":\"*\",\"Effect\":\"Allow\",\"Principal\":\"*\",\"Resource\":\"*\"}]}",
            "prefix_list_id": null,
            "private_dns_enabled": true,
            "region": "sa-east-1",
            "requester_managed": false,
            "resource_configuration_arn": "",
            "route_table_ids": [],
            "security_group_ids": [
              "sg-004b7baa9dc592ac2"
            ],
            "service_name": "com.amazonaws.sa-east-1.logs",
            "service_network_arn": "",
            "service_region": "sa-east-1",
            "state": "available",
            "subnet_configuration": [
              {
                "ipv4": "10.200.101.243",
                "ipv6": "",
                "subnet_id": "subnet-05e115d0ec65bff8c"
              },
              {
                "ipv4": "10.200.102.126",
                "ipv6": "",
                "subnet_id": "subnet-04f14d0096537e8bd"
              }
            ],
            "subnet_ids": [
              "subnet-04f14d0096537e8bd",
              "subnet-05e115d0ec65bff8c"
            ],
            "tags": {
              "Name": "liberdade-final-vpce-logs01"
            },
            "tags_all": {
              "Name": "liberdade-final-vpce-logs01"
            },
            "timeouts": null,
            "vpc_endpoint_type": "Interface",
            "vpc_id": "vpc-0c90d6182b218c5ae"
          },
          "sensitive_attributes": [],
          "identity_schema_version": 0,
          "identity": {
            "account_id": "975598471165",
            "id": "vpce-07e503c062bae572a",
            "region": "sa-east-1"
          },
          "private": "eyJlMmJmYjczMC1lY2FhLTExZTYtOGY4OC0zNDM2M2JjN2M0YzAiOnsiY3JlYXRlIjo2MDAwMDAwMDAwMDAsImRlbGV0ZSI6NjAwMDAwMDAwMDAwLCJ1cGRhdGUiOjYwMDAwMDAwMDAwMH19",
          "dependencies": [
            "aws_security_group.liberdale_vpce_sg01",
            "aws_subnet.liberdale_private_subnets",
            "aws_vpc.liberdale_vpc01",
            "data.aws_region.liberdale_region01"
          ]
        }
      ]
    },
    {
      "mode": "managed",
      "type": "aws_vpc_endpoint",
      "name": "liberdale_vpce_s3_gw01",
      "provider": "provider[\"registry.terraform.io/hashicorp/aws\"]",
      "instances": [
        {
          "schema_version": 0,
          "attributes": {
            "arn": "arn:aws:ec2:sa-east-1:975598471165:vpc-endpoint/vpce-096d763acf4249e26",
            "auto_accept": null,
            "cidr_blocks": [
              "16.12.2.0/24",
              "3.5.232.0/22",
              "16.12.0.0/23",
              "52.95.163.0/24",
              "52.95.164.0/23"
            ],
            "dns_entry": [],
            "dns_options": [
              {
                "dns_record_ip_type": "service-defined",
                "private_dns_only_for_inbound_resolver_endpoint": false,
                "private_dns_preference": "",
                "private_dns_specified_domains": []
              }
            ],
            "id": "vpce-096d763acf4249e26",
            "ip_address_type": "ipv4",
            "network_interface_ids": [],
            "owner_id": "975598471165",
            "policy": "{\"Statement\":[{\"Action\":\"*\",\"Effect\":\"Allow\",\"Principal\":\"*\",\"Resource\":\"*\"}],\"Version\":\"2008-10-17\"}",
            "prefix_list_id": "pl-6aa54003",
            "private_dns_enabled": false,
            "region": "sa-east-1",
            "requester_managed": false,
            "resource_configuration_arn": "",
            "route_table_ids": [
              "rtb-012d4a11c675bb7ec"
            ],
            "security_group_ids": [],
            "service_name": "com.amazonaws.sa-east-1.s3",
            "service_network_arn": "",
            "service_region": "sa-east-1",
            "state": "available",
            "subnet_configuration": [],
            "subnet_ids": [],
            "tags": {
              "Name": "liberdade-final-vpce-s3-gw01"
            },
            "tags_all": {
              "Name": "liberdade-final-vpce-s3-gw01"
            },
            "timeouts": null,
            "vpc_endpoint_type": "Gateway",
            "vpc_id": "vpc-0c90d6182b218c5ae"
          },
          "sensitive_attributes": [],
          "identity_schema_version": 0,
          "identity": {
            "account_id": "975598471165",
            "id": "vpce-096d763acf4249e26",
            "region": "sa-east-1"
          },
          "private": "eyJlMmJmYjczMC1lY2FhLTExZTYtOGY4OC0zNDM2M2JjN2M0YzAiOnsiY3JlYXRlIjo2MDAwMDAwMDAwMDAsImRlbGV0ZSI6NjAwMDAwMDAwMDAwLCJ1cGRhdGUiOjYwMDAwMDAwMDAwMH19",
          "dependencies": [
            "aws_route_table.liberdale_private_rt01",
            "aws_vpc.liberdale_vpc01",
            "data.aws_region.liberdale_region01"
          ]
        }
      ]
    },
    {
      "mode": "managed",
      "type": "aws_vpc_endpoint",
      "name": "liberdale_vpce_secrets01",
      "provider": "provider[\"registry.terraform.io/hashicorp/aws\"]",
      "instances": [
        {
          "schema_version": 0,
          "attributes": {
            "arn": "arn:aws:ec2:sa-east-1:975598471165:vpc-endpoint/vpce-0d4fdf66ed3e3fa93",
            "auto_accept": null,
            "cidr_blocks": [],
            "dns_entry": [
              {
                "dns_name": "vpce-0d4fdf66ed3e3fa93-cxi7q0cl.secretsmanager.sa-east-1.vpce.amazonaws.com",
                "hosted_zone_id": "Z2LXUWEVLCVZIB"
              },
              {
                "dns_name": "vpce-0d4fdf66ed3e3fa93-cxi7q0cl-sa-east-1c.secretsmanager.sa-east-1.vpce.amazonaws.com",
                "hosted_zone_id": "Z2LXUWEVLCVZIB"
              },
              {
                "dns_name": "vpce-0d4fdf66ed3e3fa93-cxi7q0cl-sa-east-1a.secretsmanager.sa-east-1.vpce.amazonaws.com",
                "hosted_zone_id": "Z2LXUWEVLCVZIB"
              },
              {
                "dns_name": "secretsmanager.sa-east-1.amazonaws.com",
                "hosted_zone_id": "Z00761652HV2510D774BX"
              }
            ],
            "dns_options": [
              {
                "dns_record_ip_type": "ipv4",
                "private_dns_only_for_inbound_resolver_endpoint": false,
                "private_dns_preference": "",
                "private_dns_specified_domains": []
              }
            ],
            "id": "vpce-0d4fdf66ed3e3fa93",
            "ip_address_type": "ipv4",
            "network_interface_ids": [
              "eni-02b3d703358674919",
              "eni-0dfb303b23a3d385e"
            ],
            "owner_id": "975598471165",
            "policy": "{\"Statement\":[{\"Action\":\"*\",\"Effect\":\"Allow\",\"Principal\":\"*\",\"Resource\":\"*\"}]}",
            "prefix_list_id": null,
            "private_dns_enabled": true,
            "region": "sa-east-1",
            "requester_managed": false,
            "resource_configuration_arn": "",
            "route_table_ids": [],
            "security_group_ids": [
              "sg-004b7baa9dc592ac2"
            ],
            "service_name": "com.amazonaws.sa-east-1.secretsmanager",
            "service_network_arn": "",
            "service_region": "sa-east-1",
            "state": "available",
            "subnet_configuration": [
              {
                "ipv4": "10.200.101.150",
                "ipv6": "",
                "subnet_id": "subnet-05e115d0ec65bff8c"
              },
              {
                "ipv4": "10.200.102.223",
                "ipv6": "",
                "subnet_id": "subnet-04f14d0096537e8bd"
              }
            ],
            "subnet_ids": [
              "subnet-04f14d0096537e8bd",
              "subnet-05e115d0ec65bff8c"
            ],
            "tags": {
              "Name": "liberdade-final-vpce-secrets01"
            },
            "tags_all": {
              "Name": "liberdade-final-vpce-secrets01"
            },
            "timeouts": null,
            "vpc_endpoint_type": "Interface",
            "vpc_id": "vpc-0c90d6182b218c5ae"
          },
          "sensitive_attributes": [],
          "identity_schema_version": 0,
          "identity": {
            "account_id": "975598471165",
            "id": "vpce-0d4fdf66ed3e3fa93",
            "region": "sa-east-1"
          },
          "private": "eyJlMmJmYjczMC1lY2FhLTExZTYtOGY4OC0zNDM2M2JjN2M0YzAiOnsiY3JlYXRlIjo2MDAwMDAwMDAwMDAsImRlbGV0ZSI6NjAwMDAwMDAwMDAwLCJ1cGRhdGUiOjYwMDAwMDAwMDAwMH19",
          "dependencies": [
            "aws_security_group.liberdale_vpce_sg01",
            "aws_subnet.liberdale_private_subnets",
            "aws_vpc.liberdale_vpc01",
            "data.aws_region.liberdale_region01"
          ]
        }
      ]
    },
    {
      "mode": "managed",
      "type": "aws_vpc_endpoint",
      "name": "liberdale_vpce_ssm01",
      "provider": "provider[\"registry.terraform.io/hashicorp/aws\"]",
      "instances": [
        {
          "schema_version": 0,
          "attributes": {
            "arn": "arn:aws:ec2:sa-east-1:975598471165:vpc-endpoint/vpce-0c4b17929aa5d9f13",
            "auto_accept": null,
            "cidr_blocks": [],
            "dns_entry": [
              {
                "dns_name": "vpce-0c4b17929aa5d9f13-op8f55vl.ssm.sa-east-1.vpce.amazonaws.com",
                "hosted_zone_id": "Z2LXUWEVLCVZIB"
              },
              {
                "dns_name": "vpce-0c4b17929aa5d9f13-op8f55vl-sa-east-1c.ssm.sa-east-1.vpce.amazonaws.com",
                "hosted_zone_id": "Z2LXUWEVLCVZIB"
              },
              {
                "dns_name": "vpce-0c4b17929aa5d9f13-op8f55vl-sa-east-1a.ssm.sa-east-1.vpce.amazonaws.com",
                "hosted_zone_id": "Z2LXUWEVLCVZIB"
              },
              {
                "dns_name": "ssm.sa-east-1.amazonaws.com",
                "hosted_zone_id": "Z010437327QM4AVGEUMFM"
              },
              {
                "dns_name": "ssm-facade.sa-east-1.amazonaws.com",
                "hosted_zone_id": "Z0103254QIU5XB29UKJF"
              },
              {
                "dns_name": "ssm.sa-east-1.api.aws",
                "hosted_zone_id": "Z01043721FZM2XBTIO9CQ"
              }
            ],
            "dns_options": [
              {
                "dns_record_ip_type": "ipv4",
                "private_dns_only_for_inbound_resolver_endpoint": false,
                "private_dns_preference": "",
                "private_dns_specified_domains": []
              }
            ],
            "id": "vpce-0c4b17929aa5d9f13",
            "ip_address_type": "ipv4",
            "network_interface_ids": [
              "eni-0468303c49ed35001",
              "eni-049f566542b3ee727"
            ],
            "owner_id": "975598471165",
            "policy": "{\"Statement\":[{\"Action\":\"*\",\"Effect\":\"Allow\",\"Principal\":\"*\",\"Resource\":\"*\"}]}",
            "prefix_list_id": null,
            "private_dns_enabled": true,
            "region": "sa-east-1",
            "requester_managed": false,
            "resource_configuration_arn": "",
            "route_table_ids": [],
            "security_group_ids": [
              "sg-004b7baa9dc592ac2"
            ],
            "service_name": "com.amazonaws.sa-east-1.ssm",
            "service_network_arn": "",
            "service_region": "sa-east-1",
            "state": "available",
            "subnet_configuration": [
              {
                "ipv4": "10.200.101.98",
                "ipv6": "",
                "subnet_id": "subnet-05e115d0ec65bff8c"
              },
              {
                "ipv4": "10.200.102.144",
                "ipv6": "",
                "subnet_id": "subnet-04f14d0096537e8bd"
              }
            ],
            "subnet_ids": [
              "subnet-04f14d0096537e8bd",
              "subnet-05e115d0ec65bff8c"
            ],
            "tags": {
              "Name": "liberdade-final-vpce-ssm01"
            },
            "tags_all": {
              "Name": "liberdade-final-vpce-ssm01"
            },
            "timeouts": null,
            "vpc_endpoint_type": "Interface",
            "vpc_id": "vpc-0c90d6182b218c5ae"
          },
          "sensitive_attributes": [],
          "identity_schema_version": 0,
          "identity": {
            "account_id": "975598471165",
            "id": "vpce-0c4b17929aa5d9f13",
            "region": "sa-east-1"
          },
          "private": "eyJlMmJmYjczMC1lY2FhLTExZTYtOGY4OC0zNDM2M2JjN2M0YzAiOnsiY3JlYXRlIjo2MDAwMDAwMDAwMDAsImRlbGV0ZSI6NjAwMDAwMDAwMDAwLCJ1cGRhdGUiOjYwMDAwMDAwMDAwMH19",
          "dependencies": [
            "aws_security_group.liberdale_vpce_sg01",
            "aws_subnet.liberdale_private_subnets",
            "aws_vpc.liberdale_vpc01",
            "data.aws_region.liberdale_region01"
          ]
        }
      ]
    },
    {
      "mode": "managed",
      "type": "aws_vpc_endpoint",
      "name": "liberdale_vpce_ssmmessages01",
      "provider": "provider[\"registry.terraform.io/hashicorp/aws\"]",
      "instances": [
        {
          "schema_version": 0,
          "attributes": {
            "arn": "arn:aws:ec2:sa-east-1:975598471165:vpc-endpoint/vpce-04f6a5a219d66f735",
            "auto_accept": null,
            "cidr_blocks": [],
            "dns_entry": [
              {
                "dns_name": "vpce-04f6a5a219d66f735-2bl1e3mq.ssmmessages.sa-east-1.vpce.amazonaws.com",
                "hosted_zone_id": "Z2LXUWEVLCVZIB"
              },
              {
                "dns_name": "vpce-04f6a5a219d66f735-2bl1e3mq-sa-east-1a.ssmmessages.sa-east-1.vpce.amazonaws.com",
                "hosted_zone_id": "Z2LXUWEVLCVZIB"
              },
              {
                "dns_name": "vpce-04f6a5a219d66f735-2bl1e3mq-sa-east-1c.ssmmessages.sa-east-1.vpce.amazonaws.com",
                "hosted_zone_id": "Z2LXUWEVLCVZIB"
              },
              {
                "dns_name": "ssmmessages.sa-east-1.amazonaws.com",
                "hosted_zone_id": "Z02962657P6PC94H753X"
              },
              {
                "dns_name": "ssmmessages.sa-east-1.api.aws",
                "hosted_zone_id": "Z01043322NC24JJJWWDBB"
              }
            ],
            "dns_options": [
              {
                "dns_record_ip_type": "ipv4",
                "private_dns_only_for_inbound_resolver_endpoint": false,
                "private_dns_preference": "",
                "private_dns_specified_domains": []
              }
            ],
            "id": "vpce-04f6a5a219d66f735",
            "ip_address_type": "ipv4",
            "network_interface_ids": [
              "eni-027cc1f365856cce7",
              "eni-0ac90025a51248154"
            ],
            "owner_id": "975598471165",
            "policy": "{\"Statement\":[{\"Action\":\"*\",\"Effect\":\"Allow\",\"Principal\":\"*\",\"Resource\":\"*\"}]}",
            "prefix_list_id": null,
            "private_dns_enabled": true,
            "region": "sa-east-1",
            "requester_managed": false,
            "resource_configuration_arn": "",
            "route_table_ids": [],
            "security_group_ids": [
              "sg-004b7baa9dc592ac2"
            ],
            "service_name": "com.amazonaws.sa-east-1.ssmmessages",
            "service_network_arn": "",
            "service_region": "sa-east-1",
            "state": "available",
            "subnet_configuration": [
              {
                "ipv4": "10.200.101.50",
                "ipv6": "",
                "subnet_id": "subnet-05e115d0ec65bff8c"
              },
              {
                "ipv4": "10.200.102.36",
                "ipv6": "",
                "subnet_id": "subnet-04f14d0096537e8bd"
              }
            ],
            "subnet_ids": [
              "subnet-04f14d0096537e8bd",
              "subnet-05e115d0ec65bff8c"
            ],
            "tags": {
              "Name": "liberdade-final-vpce-ssmmessages01"
            },
            "tags_all": {
              "Name": "liberdade-final-vpce-ssmmessages01"
            },
            "timeouts": null,
            "vpc_endpoint_type": "Interface",
            "vpc_id": "vpc-0c90d6182b218c5ae"
          },
          "sensitive_attributes": [],
          "identity_schema_version": 0,
          "identity": {
            "account_id": "975598471165",
            "id": "vpce-04f6a5a219d66f735",
            "region": "sa-east-1"
          },
          "private": "eyJlMmJmYjczMC1lY2FhLTExZTYtOGY4OC0zNDM2M2JjN2M0YzAiOnsiY3JlYXRlIjo2MDAwMDAwMDAwMDAsImRlbGV0ZSI6NjAwMDAwMDAwMDAwLCJ1cGRhdGUiOjYwMDAwMDAwMDAwMH19",
          "dependencies": [
            "aws_security_group.liberdale_vpce_sg01",
            "aws_subnet.liberdale_private_subnets",
            "aws_vpc.liberdale_vpc01",
            "data.aws_region.liberdale_region01"
          ]
        }
      ]
    },
    {
      "mode": "managed",
      "type": "aws_vpc_security_group_ingress_rule",
      "name": "ingress_22",
      "provider": "provider[\"registry.terraform.io/hashicorp/aws\"]",
      "instances": [
        {
          "schema_version": 0,
          "attributes": {
            "arn": "arn:aws:ec2:sa-east-1:975598471165:security-group-rule/sgr-0a10a8cd6ca578de2",
            "cidr_ipv4": "99.184.18.128/32",
            "cidr_ipv6": null,
            "description": "SSH from admin IP",
            "from_port": 22,
            "id": "sgr-0a10a8cd6ca578de2",
            "ip_protocol": "tcp",
            "prefix_list_id": null,
            "referenced_security_group_id": null,
            "region": "sa-east-1",
            "security_group_id": "sg-02464bb4a709848e0",
            "security_group_rule_id": "sgr-0a10a8cd6ca578de2",
            "tags": null,
            "tags_all": {},
            "to_port": 22
          },
          "sensitive_attributes": [],
          "identity_schema_version": 0,
          "identity": {
            "account_id": "975598471165",
            "id": "sgr-0a10a8cd6ca578de2",
            "region": "sa-east-1"
          },
          "dependencies": [
            "aws_security_group.liberdale_ec2_sg01",
            "aws_vpc.liberdale_vpc01"
          ]
        }
      ]
    },
    {
      "mode": "managed",
      "type": "aws_wafv2_web_acl",
      "name": "liberdale_cf_waf01",
      "provider": "provider[\"registry.terraform.io/hashicorp/aws\"].east",
      "instances": [
        {
          "schema_version": 0,
          "attributes": {
            "application_integration_url": "",
            "arn": "arn:aws:wafv2:us-east-1:975598471165:global/webacl/liberdade-final-cf-waf01/df290998-4cd2-488d-93b9-cc6b07e3c9bd",
            "association_config": [],
            "capacity": 700,
            "captcha_config": [],
            "challenge_config": [],
            "custom_response_body": [],
            "data_protection_config": [],
            "default_action": [
              {
                "allow": [
                  {
                    "custom_request_handling": []
                  }
                ],
                "block": []
              }
            ],
            "description": "",
            "id": "df290998-4cd2-488d-93b9-cc6b07e3c9bd",
            "lock_token": "c1af0edf-b712-4b84-947f-7b6449f995f4",
            "name": "liberdade-final-cf-waf01",
            "name_prefix": "",
            "region": "us-east-1",
            "rule": [
              {
                "action": [],
                "captcha_config": [],
                "challenge_config": [],
                "name": "AWSManagedRulesCommonRuleSet",
                "override_action": [
                  {
                    "count": [],
                    "none": [
                      {}
                    ]
                  }
                ],
                "priority": 1,
                "rule_label": [],
                "statement": [
                  {
                    "and_statement": [],
                    "asn_match_statement": [],
                    "byte_match_statement": [],
                    "geo_match_statement": [],
                    "ip_set_reference_statement": [],
                    "label_match_statement": [],
                    "managed_rule_group_statement": [
                      {
                        "managed_rule_group_configs": [],
                        "name": "AWSManagedRulesCommonRuleSet",
                        "rule_action_override": [],
                        "scope_down_statement": [],
                        "vendor_name": "AWS",
                        "version": ""
                      }
                    ],
                    "not_statement": [],
                    "or_statement": [],
                    "rate_based_statement": [],
                    "regex_match_statement": [],
                    "regex_pattern_set_reference_statement": [],
                    "rule_group_reference_statement": [],
                    "size_constraint_statement": [],
                    "sqli_match_statement": [],
                    "xss_match_statement": []
                  }
                ],
                "visibility_config": [
                  {
                    "cloudwatch_metrics_enabled": true,
                    "metric_name": "liberdade-final-cf-waf-common",
                    "sampled_requests_enabled": true
                  }
                ]
              }
            ],
            "rule_json": null,
            "scope": "CLOUDFRONT",
            "tags": {
              "Name": "liberdade-final-cf-waf01"
            },
            "tags_all": {
              "Name": "liberdade-final-cf-waf01"
            },
            "token_domains": [],
            "visibility_config": [
              {
                "cloudwatch_metrics_enabled": true,
                "metric_name": "liberdade-final-cf-waf01",
                "sampled_requests_enabled": true
              }
            ]
          },
          "sensitive_attributes": [],
          "identity_schema_version": 0,
          "private": "bnVsbA=="
        }
      ]
    },
    {
      "mode": "managed",
      "type": "aws_wafv2_web_acl",
      "name": "liberdale_waf01",
      "provider": "provider[\"registry.terraform.io/hashicorp/aws\"].east",
      "instances": [
        {
          "index_key": 0,
          "schema_version": 0,
          "attributes": {
            "application_integration_url": "",
            "arn": "arn:aws:wafv2:us-east-1:975598471165:global/webacl/liberdade-final-waf01/088aaa53-8db0-47fd-b72f-44073f412b2a",
            "association_config": [],
            "capacity": 700,
            "captcha_config": [],
            "challenge_config": [],
            "custom_response_body": [],
            "data_protection_config": [],
            "default_action": [
              {
                "allow": [
                  {
                    "custom_request_handling": []
                  }
                ],
                "block": []
              }
            ],
            "description": "",
            "id": "088aaa53-8db0-47fd-b72f-44073f412b2a",
            "lock_token": "a5ad31d2-90df-49bd-9f7c-7b1d0bbfbeda",
            "name": "liberdade-final-waf01",
            "name_prefix": "",
            "region": "us-east-1",
            "rule": [
              {
                "action": [],
                "captcha_config": [],
                "challenge_config": [],
                "name": "AWSManagedRulesCommonRuleSet",
                "override_action": [
                  {
                    "count": [],
                    "none": [
                      {}
                    ]
                  }
                ],
                "priority": 1,
                "rule_label": [],
                "statement": [
                  {
                    "and_statement": [],
                    "asn_match_statement": [],
                    "byte_match_statement": [],
                    "geo_match_statement": [],
                    "ip_set_reference_statement": [],
                    "label_match_statement": [],
                    "managed_rule_group_statement": [
                      {
                        "managed_rule_group_configs": [],
                        "name": "AWSManagedRulesCommonRuleSet",
                        "rule_action_override": [],
                        "scope_down_statement": [],
                        "vendor_name": "AWS",
                        "version": ""
                      }
                    ],
                    "not_statement": [],
                    "or_statement": [],
                    "rate_based_statement": [],
                    "regex_match_statement": [],
                    "regex_pattern_set_reference_statement": [],
                    "rule_group_reference_statement": [],
                    "size_constraint_statement": [],
                    "sqli_match_statement": [],
                    "xss_match_statement": []
                  }
                ],
                "visibility_config": [
                  {
                    "cloudwatch_metrics_enabled": true,
                    "metric_name": "liberdade-final-waf-common",
                    "sampled_requests_enabled": true
                  }
                ]
              }
            ],
            "rule_json": null,
            "scope": "CLOUDFRONT",
            "tags": {
              "Name": "liberdade-final-waf01"
            },
            "tags_all": {
              "Name": "liberdade-final-waf01"
            },
            "token_domains": [],
            "visibility_config": [
              {
                "cloudwatch_metrics_enabled": true,
                "metric_name": "liberdade-final-waf01",
                "sampled_requests_enabled": true
              }
            ]
          },
          "sensitive_attributes": [],
          "identity_schema_version": 0,
          "private": "bnVsbA=="
        }
      ]
    },
    {
      "mode": "managed",
      "type": "aws_wafv2_web_acl_logging_configuration",
      "name": "liberdale_waf_logging01",
      "provider": "provider[\"registry.terraform.io/hashicorp/aws\"].east",
      "instances": [
        {
          "index_key": 0,
          "schema_version": 0,
          "attributes": {
            "id": "arn:aws:wafv2:us-east-1:975598471165:global/webacl/liberdade-final-waf01/088aaa53-8db0-47fd-b72f-44073f412b2a",
            "log_destination_configs": [
              "arn:aws:logs:us-east-1:975598471165:log-group:aws-waf-logs-liberdade-final-webacl01"
            ],
            "logging_filter": [],
            "redacted_fields": [],
            "region": "us-east-1",
            "resource_arn": "arn:aws:wafv2:us-east-1:975598471165:global/webacl/liberdade-final-waf01/088aaa53-8db0-47fd-b72f-44073f412b2a"
          },
          "sensitive_attributes": [],
          "identity_schema_version": 0,
          "private": "bnVsbA==",
          "dependencies": [
            "aws_cloudwatch_log_group.liberdale_waf_log_group01",
            "aws_wafv2_web_acl.liberdale_waf01"
          ]
        }
      ]
    },
    {
      "mode": "managed",
      "type": "random_password",
      "name": "liberdale_origin_header_value01",
      "provider": "provider[\"registry.terraform.io/hashicorp/random\"]",
      "instances": [
        {
          "schema_version": 3,
          "attributes": {
            "bcrypt_hash": "$2a$10$g0eGgB1seUzJnKTQe0ngqOrhJQZKiy9yHAVKb2ITzKk2pGYDCjAvO",
            "id": "none",
            "keepers": null,
            "length": 32,
            "lower": true,
            "min_lower": 0,
            "min_numeric": 0,
            "min_special": 0,
            "min_upper": 0,
            "number": true,
            "numeric": true,
            "override_special": null,
            "result": "NsKMkwxJFP1YTlDxW5kcNqxRtTgH5Eyr",
            "special": false,
            "upper": true
          },
          "sensitive_attributes": [
            [
              {
                "type": "get_attr",
                "value": "bcrypt_hash"
              }
            ],
            [
              {
                "type": "get_attr",
                "value": "result"
              }
            ]
          ],
          "identity_schema_version": 0
        }
      ]
    }
  ],
  "check_results": null
}
